{
    "version": 4,
    "terraform_version": "1.6.4",
    "serial": 213,
    "lineage": "d04db71f-87d3-6870-e925-b3ec26051f56",
    "outputs": {},
    "resources": [
      {
        "module": "module.platform_secret_prerequisites.module.apollo_server_api_key[0]",
        "mode": "managed",
        "type": "aws_secretsmanager_secret",
        "name": "this",
        "provider": "provider[\"registry.terraform.io/hashicorp/aws\"]",
        "instances": [
          {
            "index_key": "/sandbox/apps/digibank/apollo/api-key",
            "schema_version": 0,
            "attributes": {
              "arn": "arn:aws:secretsmanager:eu-west-2:051939627954:secret:/sandbox/apps/digibank/apollo/api-key-WINkcj",
              "description": "",
              "force_overwrite_replica_secret": false,
              "id": "arn:aws:secretsmanager:eu-west-2:051939627954:secret:/sandbox/apps/digibank/apollo/api-key-WINkcj",
              "kms_key_id": "arn:aws:kms:eu-west-2:051939627954:key/19bc5c6e-3aa4-43ca-8725-9aac48216843",
              "name": "/sandbox/apps/digibank/apollo/api-key",
              "name_prefix": "",
              "policy": "",
              "recovery_window_in_days": 0,
              "replica": [],
              "tags": null,
              "tags_all": {
                "blx:created-by": "terraform",
                "blx:owner": "all",
                "blx:repository-name": "tmuk-tf-spacelift-prerequisites",
                "blx:tag-version": "1"
              }
            },
            "sensitive_attributes": [],
            "private": "bnVsbA==",
            "dependencies": [
              "module.platform_secret_prerequisites.module.kms_platform_secrets.aws_kms_key.this",
              "module.platform_secret_prerequisites.module.kms_platform_secrets.data.aws_caller_identity.current",
              "module.platform_secret_prerequisites.module.kms_platform_secrets.data.aws_iam_policy_document.combined_with_serviceprincipals_and_conditions",
              "module.platform_secret_prerequisites.module.kms_platform_secrets.data.aws_iam_policy_document.combined_with_viaservice_condition",
              "module.platform_secret_prerequisites.module.kms_platform_secrets.data.aws_iam_policy_document.general_policy"
            ]
          }
        ]
      },
      {
        "module": "module.platform_secret_prerequisites.module.appmesh_certificate_secrets[0]",
        "mode": "managed",
        "type": "aws_secretsmanager_secret",
        "name": "this",
        "provider": "provider[\"registry.terraform.io/hashicorp/aws\"]",
        "instances": [
          {
            "index_key": "/sandbox/apps/platform/appmesh/ca",
            "schema_version": 0,
            "attributes": {
              "arn": "arn:aws:secretsmanager:eu-west-2:051939627954:secret:/sandbox/apps/platform/appmesh/ca-IQwABn",
              "description": "",
              "force_overwrite_replica_secret": false,
              "id": "arn:aws:secretsmanager:eu-west-2:051939627954:secret:/sandbox/apps/platform/appmesh/ca-IQwABn",
              "kms_key_id": "arn:aws:kms:eu-west-2:051939627954:key/19bc5c6e-3aa4-43ca-8725-9aac48216843",
              "name": "/sandbox/apps/platform/appmesh/ca",
              "name_prefix": "",
              "policy": "",
              "recovery_window_in_days": 0,
              "replica": [],
              "tags": null,
              "tags_all": {
                "blx:created-by": "terraform",
                "blx:owner": "all",
                "blx:repository-name": "tmuk-tf-spacelift-prerequisites",
                "blx:tag-version": "1"
              }
            },
            "sensitive_attributes": [],
            "private": "bnVsbA==",
            "dependencies": [
              "module.platform_secret_prerequisites.module.kms_platform_secrets.aws_kms_key.this",
              "module.platform_secret_prerequisites.module.kms_platform_secrets.data.aws_caller_identity.current",
              "module.platform_secret_prerequisites.module.kms_platform_secrets.data.aws_iam_policy_document.combined_with_serviceprincipals_and_conditions",
              "module.platform_secret_prerequisites.module.kms_platform_secrets.data.aws_iam_policy_document.combined_with_viaservice_condition",
              "module.platform_secret_prerequisites.module.kms_platform_secrets.data.aws_iam_policy_document.general_policy"
            ]
          },
          {
            "index_key": "/sandbox/apps/platform/appmesh/root-ca-bundle",
            "schema_version": 0,
            "attributes": {
              "arn": "arn:aws:secretsmanager:eu-west-2:051939627954:secret:/sandbox/apps/platform/appmesh/root-ca-bundle-jIGOgk",
              "description": "",
              "force_overwrite_replica_secret": false,
              "id": "arn:aws:secretsmanager:eu-west-2:051939627954:secret:/sandbox/apps/platform/appmesh/root-ca-bundle-jIGOgk",
              "kms_key_id": "arn:aws:kms:eu-west-2:051939627954:key/19bc5c6e-3aa4-43ca-8725-9aac48216843",
              "name": "/sandbox/apps/platform/appmesh/root-ca-bundle",
              "name_prefix": "",
              "policy": "",
              "recovery_window_in_days": 0,
              "replica": [],
              "tags": null,
              "tags_all": {
                "blx:created-by": "terraform",
                "blx:owner": "all",
                "blx:repository-name": "tmuk-tf-spacelift-prerequisites",
                "blx:tag-version": "1"
              }
            },
            "sensitive_attributes": [],
            "private": "bnVsbA==",
            "dependencies": [
              "module.platform_secret_prerequisites.module.kms_platform_secrets.aws_kms_key.this",
              "module.platform_secret_prerequisites.module.kms_platform_secrets.data.aws_caller_identity.current",
              "module.platform_secret_prerequisites.module.kms_platform_secrets.data.aws_iam_policy_document.combined_with_serviceprincipals_and_conditions",
              "module.platform_secret_prerequisites.module.kms_platform_secrets.data.aws_iam_policy_document.combined_with_viaservice_condition",
              "module.platform_secret_prerequisites.module.kms_platform_secrets.data.aws_iam_policy_document.general_policy"
            ]
          }
        ]
      },
      {
        "module": "module.platform_secret_prerequisites.module.argocd_github_app_secret[0]",
        "mode": "managed",
        "type": "aws_secretsmanager_secret",
        "name": "this",
        "provider": "provider[\"registry.terraform.io/hashicorp/aws\"]",
        "instances": [
          {
            "index_key": "/sandbox/apps/platform/argocd/github-app-secret",
            "schema_version": 0,
            "attributes": {
              "arn": "arn:aws:secretsmanager:eu-west-2:051939627954:secret:/sandbox/apps/platform/argocd/github-app-secret-0M6brm",
              "description": "",
              "force_overwrite_replica_secret": false,
              "id": "arn:aws:secretsmanager:eu-west-2:051939627954:secret:/sandbox/apps/platform/argocd/github-app-secret-0M6brm",
              "kms_key_id": "arn:aws:kms:eu-west-2:051939627954:key/19bc5c6e-3aa4-43ca-8725-9aac48216843",
              "name": "/sandbox/apps/platform/argocd/github-app-secret",
              "name_prefix": "",
              "policy": "",
              "recovery_window_in_days": 0,
              "replica": [],
              "tags": null,
              "tags_all": {
                "blx:created-by": "terraform",
                "blx:owner": "all",
                "blx:repository-name": "tmuk-tf-spacelift-prerequisites",
                "blx:tag-version": "1"
              }
            },
            "sensitive_attributes": [],
            "private": "bnVsbA==",
            "dependencies": [
              "module.platform_secret_prerequisites.module.kms_platform_secrets.aws_kms_key.this",
              "module.platform_secret_prerequisites.module.kms_platform_secrets.data.aws_caller_identity.current",
              "module.platform_secret_prerequisites.module.kms_platform_secrets.data.aws_iam_policy_document.combined_with_serviceprincipals_and_conditions",
              "module.platform_secret_prerequisites.module.kms_platform_secrets.data.aws_iam_policy_document.combined_with_viaservice_condition",
              "module.platform_secret_prerequisites.module.kms_platform_secrets.data.aws_iam_policy_document.general_policy"
            ]
          }
        ]
      },
      {
        "module": "module.platform_secret_prerequisites.module.argocd_github_token",
        "mode": "managed",
        "type": "aws_secretsmanager_secret",
        "name": "this",
        "provider": "provider[\"registry.terraform.io/hashicorp/aws\"]",
        "instances": [
          {
            "index_key": "/sandbox/apps/platform/argocd/github-token",
            "schema_version": 0,
            "attributes": {
              "arn": "arn:aws:secretsmanager:eu-west-2:051939627954:secret:/sandbox/apps/platform/argocd/github-token-5Op2Ho",
              "description": "",
              "force_overwrite_replica_secret": false,
              "id": "arn:aws:secretsmanager:eu-west-2:051939627954:secret:/sandbox/apps/platform/argocd/github-token-5Op2Ho",
              "kms_key_id": "arn:aws:kms:eu-west-2:051939627954:key/19bc5c6e-3aa4-43ca-8725-9aac48216843",
              "name": "/sandbox/apps/platform/argocd/github-token",
              "name_prefix": "",
              "policy": "",
              "recovery_window_in_days": 0,
              "replica": [],
              "tags": null,
              "tags_all": {
                "blx:created-by": "terraform",
                "blx:owner": "all",
                "blx:repository-name": "tmuk-tf-spacelift-prerequisites",
                "blx:tag-version": "1"
              }
            },
            "sensitive_attributes": [],
            "private": "bnVsbA==",
            "dependencies": [
              "module.platform_secret_prerequisites.module.kms_platform_secrets.aws_kms_key.this",
              "module.platform_secret_prerequisites.module.kms_platform_secrets.data.aws_caller_identity.current",
              "module.platform_secret_prerequisites.module.kms_platform_secrets.data.aws_iam_policy_document.combined_with_serviceprincipals_and_conditions",
              "module.platform_secret_prerequisites.module.kms_platform_secrets.data.aws_iam_policy_document.combined_with_viaservice_condition",
              "module.platform_secret_prerequisites.module.kms_platform_secrets.data.aws_iam_policy_document.general_policy"
            ]
          }
        ]
      },
      {
        "module": "module.platform_secret_prerequisites.module.kms_platform_secrets",
        "mode": "data",
        "type": "aws_caller_identity",
        "name": "current",
        "provider": "provider[\"registry.terraform.io/hashicorp/aws\"]",
        "instances": [
          {
            "schema_version": 0,
            "attributes": {
              "account_id": "051939627954",
              "arn": "arn:aws:sts::051939627954:assumed-role/AWSReservedSSO_AdministratorAccess_a6c05fba94b34a16/jennifer.nicholas@gft.com",
              "id": "051939627954",
              "user_id": "AROAQYF6X2OZCTIC6U4I5:jennifer.nicholas@gft.com"
            },
            "sensitive_attributes": []
          }
        ]
      },
      {
        "module": "module.platform_secret_prerequisites.module.kms_platform_secrets",
        "mode": "data",
        "type": "aws_iam_policy_document",
        "name": "combined_with_serviceprincipals_and_conditions",
        "provider": "provider[\"registry.terraform.io/hashicorp/aws\"]",
        "instances": [
          {
            "schema_version": 0,
            "attributes": {
              "id": "2371832661",
              "json": "{\n  \"Version\": \"2012-10-17\",\n  \"Statement\": [\n    {\n      \"Sid\": \"Enable IAM Root User Permissions\",\n      \"Effect\": \"Allow\",\n      \"Action\": \"kms:*\",\n      \"Resource\": \"*\",\n      \"Principal\": {\n        \"AWS\": \"arn:aws:iam::051939627954:root\"\n      }\n    },\n    {\n      \"Sid\": \"Allow access for Key Administrators\",\n      \"Effect\": \"Allow\",\n      \"Action\": [\n        \"kms:Update*\",\n        \"kms:UntagResource\",\n        \"kms:TagResource\",\n        \"kms:ScheduleKeyDeletion\",\n        \"kms:Revoke*\",\n        \"kms:Put*\",\n        \"kms:List*\",\n        \"kms:Get*\",\n        \"kms:Enable*\",\n        \"kms:Disable*\",\n        \"kms:Describe*\",\n        \"kms:Delete*\",\n        \"kms:Create*\",\n        \"kms:CancelKeyDeletion\"\n      ],\n      \"Resource\": \"*\",\n      \"Principal\": {\n        \"AWS\": \"arn:aws:iam::051939627954:root\"\n      }\n    },\n    {\n      \"Sid\": \"Allow use of the key for decryption only\",\n      \"Effect\": \"Allow\",\n      \"Action\": \"kms:Decrypt\",\n      \"Resource\": \"*\",\n      \"Principal\": {\n        \"AWS\": \"arn:aws:iam::051939627954:root\"\n      }\n    }\n  ]\n}",
              "override_policy_documents": null,
              "policy_id": null,
              "source_policy_documents": [
                "{\n  \"Version\": \"2012-10-17\",\n  \"Statement\": [\n    {\n      \"Sid\": \"Enable IAM Root User Permissions\",\n      \"Effect\": \"Allow\",\n      \"Action\": \"kms:*\",\n      \"Resource\": \"*\",\n      \"Principal\": {\n        \"AWS\": \"arn:aws:iam::051939627954:root\"\n      }\n    },\n    {\n      \"Sid\": \"Allow access for Key Administrators\",\n      \"Effect\": \"Allow\",\n      \"Action\": [\n        \"kms:Update*\",\n        \"kms:UntagResource\",\n        \"kms:TagResource\",\n        \"kms:ScheduleKeyDeletion\",\n        \"kms:Revoke*\",\n        \"kms:Put*\",\n        \"kms:List*\",\n        \"kms:Get*\",\n        \"kms:Enable*\",\n        \"kms:Disable*\",\n        \"kms:Describe*\",\n        \"kms:Delete*\",\n        \"kms:Create*\",\n        \"kms:CancelKeyDeletion\"\n      ],\n      \"Resource\": \"*\",\n      \"Principal\": {\n        \"AWS\": \"arn:aws:iam::051939627954:root\"\n      }\n    },\n    {\n      \"Sid\": \"Allow use of the key for decryption only\",\n      \"Effect\": \"Allow\",\n      \"Action\": \"kms:Decrypt\",\n      \"Resource\": \"*\",\n      \"Principal\": {\n        \"AWS\": \"arn:aws:iam::051939627954:root\"\n      }\n    }\n  ]\n}"
              ],
              "statement": null,
              "version": "2012-10-17"
            },
            "sensitive_attributes": []
          }
        ]
      },
      {
        "module": "module.platform_secret_prerequisites.module.kms_platform_secrets",
        "mode": "data",
        "type": "aws_iam_policy_document",
        "name": "combined_with_viaservice_condition",
        "provider": "provider[\"registry.terraform.io/hashicorp/aws\"]",
        "instances": [
          {
            "schema_version": 0,
            "attributes": {
              "id": "102344165",
              "json": "{\n  \"Version\": \"2012-10-17\",\n  \"Statement\": [\n    {\n      \"Sid\": \"Enable IAM Root User Permissions\",\n      \"Effect\": \"Allow\",\n      \"Action\": \"kms:*\",\n      \"Resource\": \"*\",\n      \"Principal\": {\n        \"AWS\": \"arn:aws:iam::051939627954:root\"\n      }\n    },\n    {\n      \"Sid\": \"Allow access for Key Administrators\",\n      \"Effect\": \"Allow\",\n      \"Action\": [\n        \"kms:Update*\",\n        \"kms:UntagResource\",\n        \"kms:TagResource\",\n        \"kms:ScheduleKeyDeletion\",\n        \"kms:Revoke*\",\n        \"kms:Put*\",\n        \"kms:List*\",\n        \"kms:Get*\",\n        \"kms:Enable*\",\n        \"kms:Disable*\",\n        \"kms:Describe*\",\n        \"kms:Delete*\",\n        \"kms:Create*\",\n        \"kms:CancelKeyDeletion\"\n      ],\n      \"Resource\": \"*\",\n      \"Principal\": {\n        \"AWS\": \"arn:aws:iam::051939627954:root\"\n      }\n    },\n    {\n      \"Sid\": \"Allow use of the key for decryption only\",\n      \"Effect\": \"Allow\",\n      \"Action\": \"kms:Decrypt\",\n      \"Resource\": \"*\",\n      \"Principal\": {\n        \"AWS\": \"arn:aws:iam::051939627954:root\"\n      }\n    },\n    {\n      \"Effect\": \"Allow\",\n      \"Action\": [\n        \"kms:ReEncrypt\",\n        \"kms:GenerateDataKey*\",\n        \"kms:Encrypt\",\n        \"kms:DescribeKey\",\n        \"kms:Decrypt\",\n        \"kms:CreateGrant\"\n      ],\n      \"Resource\": \"*\",\n      \"Principal\": {\n        \"AWS\": \"*\"\n      },\n      \"Condition\": {\n        \"StringEquals\": {\n          \"kms:CallerAccount\": \"051939627954\",\n          \"kms:ViaService\": \"secretsmanager.eu-west-2.amazonaws.com\"\n        }\n      }\n    }\n  ]\n}",
              "override_policy_documents": null,
              "policy_id": null,
              "source_policy_documents": [
                "{\n  \"Version\": \"2012-10-17\",\n  \"Statement\": [\n    {\n      \"Sid\": \"Enable IAM Root User Permissions\",\n      \"Effect\": \"Allow\",\n      \"Action\": \"kms:*\",\n      \"Resource\": \"*\",\n      \"Principal\": {\n        \"AWS\": \"arn:aws:iam::051939627954:root\"\n      }\n    },\n    {\n      \"Sid\": \"Allow access for Key Administrators\",\n      \"Effect\": \"Allow\",\n      \"Action\": [\n        \"kms:Update*\",\n        \"kms:UntagResource\",\n        \"kms:TagResource\",\n        \"kms:ScheduleKeyDeletion\",\n        \"kms:Revoke*\",\n        \"kms:Put*\",\n        \"kms:List*\",\n        \"kms:Get*\",\n        \"kms:Enable*\",\n        \"kms:Disable*\",\n        \"kms:Describe*\",\n        \"kms:Delete*\",\n        \"kms:Create*\",\n        \"kms:CancelKeyDeletion\"\n      ],\n      \"Resource\": \"*\",\n      \"Principal\": {\n        \"AWS\": \"arn:aws:iam::051939627954:root\"\n      }\n    },\n    {\n      \"Sid\": \"Allow use of the key for decryption only\",\n      \"Effect\": \"Allow\",\n      \"Action\": \"kms:Decrypt\",\n      \"Resource\": \"*\",\n      \"Principal\": {\n        \"AWS\": \"arn:aws:iam::051939627954:root\"\n      }\n    }\n  ]\n}"
              ],
              "statement": [
                {
                  "actions": [
                    "kms:CreateGrant",
                    "kms:Decrypt",
                    "kms:DescribeKey",
                    "kms:Encrypt",
                    "kms:GenerateDataKey*",
                    "kms:ReEncrypt"
                  ],
                  "condition": [
                    {
                      "test": "StringEquals",
                      "values": [
                        "051939627954"
                      ],
                      "variable": "kms:CallerAccount"
                    },
                    {
                      "test": "StringEquals",
                      "values": [
                        "secretsmanager.eu-west-2.amazonaws.com"
                      ],
                      "variable": "kms:ViaService"
                    }
                  ],
                  "effect": "Allow",
                  "not_actions": [],
                  "not_principals": [],
                  "not_resources": [],
                  "principals": [
                    {
                      "identifiers": [
                        "*"
                      ],
                      "type": "AWS"
                    }
                  ],
                  "resources": [
                    "*"
                  ],
                  "sid": ""
                }
              ],
              "version": "2012-10-17"
            },
            "sensitive_attributes": []
          }
        ]
      },
      {
        "module": "module.platform_secret_prerequisites.module.kms_platform_secrets",
        "mode": "data",
        "type": "aws_iam_policy_document",
        "name": "general_policy",
        "provider": "provider[\"registry.terraform.io/hashicorp/aws\"]",
        "instances": [
          {
            "schema_version": 0,
            "attributes": {
              "id": "2371832661",
              "json": "{\n  \"Version\": \"2012-10-17\",\n  \"Statement\": [\n    {\n      \"Sid\": \"Enable IAM Root User Permissions\",\n      \"Effect\": \"Allow\",\n      \"Action\": \"kms:*\",\n      \"Resource\": \"*\",\n      \"Principal\": {\n        \"AWS\": \"arn:aws:iam::051939627954:root\"\n      }\n    },\n    {\n      \"Sid\": \"Allow access for Key Administrators\",\n      \"Effect\": \"Allow\",\n      \"Action\": [\n        \"kms:Update*\",\n        \"kms:UntagResource\",\n        \"kms:TagResource\",\n        \"kms:ScheduleKeyDeletion\",\n        \"kms:Revoke*\",\n        \"kms:Put*\",\n        \"kms:List*\",\n        \"kms:Get*\",\n        \"kms:Enable*\",\n        \"kms:Disable*\",\n        \"kms:Describe*\",\n        \"kms:Delete*\",\n        \"kms:Create*\",\n        \"kms:CancelKeyDeletion\"\n      ],\n      \"Resource\": \"*\",\n      \"Principal\": {\n        \"AWS\": \"arn:aws:iam::051939627954:root\"\n      }\n    },\n    {\n      \"Sid\": \"Allow use of the key for decryption only\",\n      \"Effect\": \"Allow\",\n      \"Action\": \"kms:Decrypt\",\n      \"Resource\": \"*\",\n      \"Principal\": {\n        \"AWS\": \"arn:aws:iam::051939627954:root\"\n      }\n    }\n  ]\n}",
              "override_policy_documents": null,
              "policy_id": null,
              "source_policy_documents": null,
              "statement": [
                {
                  "actions": [
                    "kms:*"
                  ],
                  "condition": [],
                  "effect": "Allow",
                  "not_actions": [],
                  "not_principals": [],
                  "not_resources": [],
                  "principals": [
                    {
                      "identifiers": [
                        "arn:aws:iam::051939627954:root"
                      ],
                      "type": "AWS"
                    }
                  ],
                  "resources": [
                    "*"
                  ],
                  "sid": "Enable IAM Root User Permissions"
                },
                {
                  "actions": [
                    "kms:CancelKeyDeletion",
                    "kms:Create*",
                    "kms:Delete*",
                    "kms:Describe*",
                    "kms:Disable*",
                    "kms:Enable*",
                    "kms:Get*",
                    "kms:List*",
                    "kms:Put*",
                    "kms:Revoke*",
                    "kms:ScheduleKeyDeletion",
                    "kms:TagResource",
                    "kms:UntagResource",
                    "kms:Update*"
                  ],
                  "condition": [],
                  "effect": "Allow",
                  "not_actions": [],
                  "not_principals": [],
                  "not_resources": [],
                  "principals": [
                    {
                      "identifiers": [
                        "arn:aws:iam::051939627954:root"
                      ],
                      "type": "AWS"
                    }
                  ],
                  "resources": [
                    "*"
                  ],
                  "sid": "Allow access for Key Administrators"
                },
                {
                  "actions": [
                    "kms:Decrypt"
                  ],
                  "condition": [],
                  "effect": "Allow",
                  "not_actions": [],
                  "not_principals": [],
                  "not_resources": [],
                  "principals": [
                    {
                      "identifiers": [
                        "arn:aws:iam::051939627954:root"
                      ],
                      "type": "AWS"
                    }
                  ],
                  "resources": [
                    "*"
                  ],
                  "sid": "Allow use of the key for decryption only"
                }
              ],
              "version": "2012-10-17"
            },
            "sensitive_attributes": []
          }
        ]
      },
      {
        "module": "module.platform_secret_prerequisites.module.kms_platform_secrets",
        "mode": "managed",
        "type": "aws_kms_alias",
        "name": "this",
        "provider": "provider[\"registry.terraform.io/hashicorp/aws\"]",
        "instances": [
          {
            "schema_version": 0,
            "attributes": {
              "arn": "arn:aws:kms:eu-west-2:051939627954:alias/sandbox-apps-platform-secrets",
              "id": "alias/sandbox-apps-platform-secrets",
              "name": "alias/sandbox-apps-platform-secrets",
              "name_prefix": "",
              "target_key_arn": "arn:aws:kms:eu-west-2:051939627954:key/19bc5c6e-3aa4-43ca-8725-9aac48216843",
              "target_key_id": "19bc5c6e-3aa4-43ca-8725-9aac48216843"
            },
            "sensitive_attributes": [],
            "private": "bnVsbA==",
            "dependencies": [
              "module.platform_secret_prerequisites.module.kms_platform_secrets.aws_kms_key.this",
              "module.platform_secret_prerequisites.module.kms_platform_secrets.data.aws_caller_identity.current",
              "module.platform_secret_prerequisites.module.kms_platform_secrets.data.aws_iam_policy_document.combined_with_serviceprincipals_and_conditions",
              "module.platform_secret_prerequisites.module.kms_platform_secrets.data.aws_iam_policy_document.combined_with_viaservice_condition",
              "module.platform_secret_prerequisites.module.kms_platform_secrets.data.aws_iam_policy_document.general_policy"
            ]
          }
        ]
      },
      {
        "module": "module.platform_secret_prerequisites.module.kms_platform_secrets",
        "mode": "managed",
        "type": "aws_kms_key",
        "name": "this",
        "provider": "provider[\"registry.terraform.io/hashicorp/aws\"]",
        "instances": [
          {
            "schema_version": 0,
            "attributes": {
              "arn": "arn:aws:kms:eu-west-2:051939627954:key/19bc5c6e-3aa4-43ca-8725-9aac48216843",
              "bypass_policy_lockout_safety_check": false,
              "custom_key_store_id": "",
              "customer_master_key_spec": "SYMMETRIC_DEFAULT",
              "deletion_window_in_days": null,
              "description": "KMS key to encrypt sandbox-apps platform-secrets",
              "enable_key_rotation": true,
              "id": "19bc5c6e-3aa4-43ca-8725-9aac48216843",
              "is_enabled": true,
              "key_id": "19bc5c6e-3aa4-43ca-8725-9aac48216843",
              "key_usage": "ENCRYPT_DECRYPT",
              "multi_region": false,
              "policy": "{\"Statement\":[{\"Action\":\"kms:*\",\"Effect\":\"Allow\",\"Principal\":{\"AWS\":\"arn:aws:iam::051939627954:root\"},\"Resource\":\"*\",\"Sid\":\"Enable IAM Root User Permissions\"},{\"Action\":[\"kms:Update*\",\"kms:UntagResource\",\"kms:TagResource\",\"kms:ScheduleKeyDeletion\",\"kms:Revoke*\",\"kms:Put*\",\"kms:List*\",\"kms:Get*\",\"kms:Enable*\",\"kms:Disable*\",\"kms:Describe*\",\"kms:Delete*\",\"kms:Create*\",\"kms:CancelKeyDeletion\"],\"Effect\":\"Allow\",\"Principal\":{\"AWS\":\"arn:aws:iam::051939627954:root\"},\"Resource\":\"*\",\"Sid\":\"Allow access for Key Administrators\"},{\"Action\":\"kms:Decrypt\",\"Effect\":\"Allow\",\"Principal\":{\"AWS\":\"arn:aws:iam::051939627954:root\"},\"Resource\":\"*\",\"Sid\":\"Allow use of the key for decryption only\"},{\"Action\":[\"kms:ReEncrypt\",\"kms:GenerateDataKey*\",\"kms:Encrypt\",\"kms:DescribeKey\",\"kms:Decrypt\",\"kms:CreateGrant\"],\"Condition\":{\"StringEquals\":{\"kms:CallerAccount\":\"051939627954\",\"kms:ViaService\":\"secretsmanager.eu-west-2.amazonaws.com\"}},\"Effect\":\"Allow\",\"Principal\":{\"AWS\":\"*\"},\"Resource\":\"*\"}],\"Version\":\"2012-10-17\"}",
              "tags": null,
              "tags_all": {
                "blx:created-by": "terraform",
                "blx:owner": "all",
                "blx:repository-name": "tmuk-tf-spacelift-prerequisites",
                "blx:tag-version": "1"
              }
            },
            "sensitive_attributes": [],
            "private": "bnVsbA==",
            "dependencies": [
              "module.platform_secret_prerequisites.module.kms_platform_secrets.data.aws_caller_identity.current",
              "module.platform_secret_prerequisites.module.kms_platform_secrets.data.aws_iam_policy_document.combined_with_serviceprincipals_and_conditions",
              "module.platform_secret_prerequisites.module.kms_platform_secrets.data.aws_iam_policy_document.combined_with_viaservice_condition",
              "module.platform_secret_prerequisites.module.kms_platform_secrets.data.aws_iam_policy_document.general_policy"
            ]
          }
        ]
      },
      {
        "module": "module.platform_secret_prerequisites.module.microservices_api_key_secrets[0]",
        "mode": "managed",
        "type": "aws_secretsmanager_secret",
        "name": "this",
        "provider": "provider[\"registry.terraform.io/hashicorp/aws\"]",
        "instances": [
          {
            "index_key": "/sandbox/apps/digibank/microservices/api-key",
            "schema_version": 0,
            "attributes": {
              "arn": "arn:aws:secretsmanager:eu-west-2:051939627954:secret:/sandbox/apps/digibank/microservices/api-key-sOgwNm",
              "description": "",
              "force_overwrite_replica_secret": false,
              "id": "arn:aws:secretsmanager:eu-west-2:051939627954:secret:/sandbox/apps/digibank/microservices/api-key-sOgwNm",
              "kms_key_id": "arn:aws:kms:eu-west-2:051939627954:key/19bc5c6e-3aa4-43ca-8725-9aac48216843",
              "name": "/sandbox/apps/digibank/microservices/api-key",
              "name_prefix": "",
              "policy": "",
              "recovery_window_in_days": 0,
              "replica": [],
              "tags": null,
              "tags_all": {
                "blx:created-by": "terraform",
                "blx:owner": "all",
                "blx:repository-name": "tmuk-tf-spacelift-prerequisites",
                "blx:tag-version": "1"
              }
            },
            "sensitive_attributes": [],
            "private": "bnVsbA==",
            "dependencies": [
              "module.platform_secret_prerequisites.module.kms_platform_secrets.aws_kms_key.this",
              "module.platform_secret_prerequisites.module.kms_platform_secrets.data.aws_caller_identity.current",
              "module.platform_secret_prerequisites.module.kms_platform_secrets.data.aws_iam_policy_document.combined_with_serviceprincipals_and_conditions",
              "module.platform_secret_prerequisites.module.kms_platform_secrets.data.aws_iam_policy_document.combined_with_viaservice_condition",
              "module.platform_secret_prerequisites.module.kms_platform_secrets.data.aws_iam_policy_document.general_policy"
            ]
          }
        ]
      },
      {
        "module": "module.sandbox_skeleton_state_buckets.module.dynamodb_state_file_data_infrastructure",
        "mode": "managed",
        "type": "aws_dynamodb_table",
        "name": "this",
        "provider": "module.sandbox_skeleton_state_buckets.provider[\"registry.terraform.io/hashicorp/aws\"]",
        "instances": [
          {
            "schema_version": 1,
            "attributes": {
              "arn": "arn:aws:dynamodb:eu-west-2:051939627954:table/sandbox-data-infrastructure-lock-table",
              "attribute": [
                {
                  "name": "LockID",
                  "type": "S"
                }
              ],
              "billing_mode": "PAY_PER_REQUEST",
              "deletion_protection_enabled": false,
              "global_secondary_index": [],
              "hash_key": "LockID",
              "id": "sandbox-data-infrastructure-lock-table",
              "local_secondary_index": [],
              "name": "sandbox-data-infrastructure-lock-table",
              "point_in_time_recovery": [
                {
                  "enabled": false
                }
              ],
              "range_key": null,
              "read_capacity": 0,
              "replica": [],
              "restore_date_time": null,
              "restore_source_name": null,
              "restore_to_latest_time": null,
              "server_side_encryption": [
                {
                  "enabled": true,
                  "kms_key_arn": "arn:aws:kms:eu-west-2:051939627954:key/6d43a709-3979-488f-9378-4c75645dafb0"
                }
              ],
              "stream_arn": "",
              "stream_enabled": false,
              "stream_label": "",
              "stream_view_type": "",
              "table_class": "STANDARD",
              "tags": null,
              "tags_all": {
                "blx:created-by": "terraform",
                "blx:environment": "sandbox",
                "blx:owner": "all",
                "blx:repository-name": "tmuk-tf-spacelift-prerequisites",
                "blx:skeleton-name": "skeleton-state-buckets",
                "blx:tag-version": "1"
              },
              "timeouts": null,
              "ttl": [
                {
                  "attribute_name": "",
                  "enabled": false
                }
              ],
              "write_capacity": 0
            },
            "sensitive_attributes": [],
            "private": "eyJlMmJmYjczMC1lY2FhLTExZTYtOGY4OC0zNDM2M2JjN2M0YzAiOnsiY3JlYXRlIjoxODAwMDAwMDAwMDAwLCJkZWxldGUiOjYwMDAwMDAwMDAwMCwidXBkYXRlIjozNjAwMDAwMDAwMDAwfSwic2NoZW1hX3ZlcnNpb24iOiIxIn0=",
            "dependencies": [
              "module.sandbox_skeleton_state_buckets.module.kms_db.aws_kms_key.this",
              "module.sandbox_skeleton_state_buckets.module.kms_db.data.aws_caller_identity.current",
              "module.sandbox_skeleton_state_buckets.module.kms_db.data.aws_iam_policy_document.combined_with_serviceprincipals_and_conditions",
              "module.sandbox_skeleton_state_buckets.module.kms_db.data.aws_iam_policy_document.combined_with_viaservice_condition",
              "module.sandbox_skeleton_state_buckets.module.kms_db.data.aws_iam_policy_document.general_policy"
            ]
          }
        ]
      },
      {
        "module": "module.sandbox_skeleton_state_buckets.module.dynamodb_state_file_infrastructure",
        "mode": "managed",
        "type": "aws_dynamodb_table",
        "name": "this",
        "provider": "module.sandbox_skeleton_state_buckets.provider[\"registry.terraform.io/hashicorp/aws\"]",
        "instances": [
          {
            "schema_version": 1,
            "attributes": {
              "arn": "arn:aws:dynamodb:eu-west-2:051939627954:table/sandbox-apps-infrastructure-lock-table",
              "attribute": [
                {
                  "name": "LockID",
                  "type": "S"
                }
              ],
              "billing_mode": "PAY_PER_REQUEST",
              "deletion_protection_enabled": false,
              "global_secondary_index": [],
              "hash_key": "LockID",
              "id": "sandbox-apps-infrastructure-lock-table",
              "local_secondary_index": [],
              "name": "sandbox-apps-infrastructure-lock-table",
              "point_in_time_recovery": [
                {
                  "enabled": false
                }
              ],
              "range_key": null,
              "read_capacity": 0,
              "replica": [],
              "restore_date_time": null,
              "restore_source_name": null,
              "restore_to_latest_time": null,
              "server_side_encryption": [
                {
                  "enabled": true,
                  "kms_key_arn": "arn:aws:kms:eu-west-2:051939627954:key/6d43a709-3979-488f-9378-4c75645dafb0"
                }
              ],
              "stream_arn": "",
              "stream_enabled": false,
              "stream_label": "",
              "stream_view_type": "",
              "table_class": "STANDARD",
              "tags": null,
              "tags_all": {
                "blx:created-by": "terraform",
                "blx:environment": "sandbox",
                "blx:owner": "all",
                "blx:repository-name": "tmuk-tf-spacelift-prerequisites",
                "blx:skeleton-name": "skeleton-state-buckets",
                "blx:tag-version": "1"
              },
              "timeouts": null,
              "ttl": [
                {
                  "attribute_name": "",
                  "enabled": false
                }
              ],
              "write_capacity": 0
            },
            "sensitive_attributes": [],
            "private": "eyJlMmJmYjczMC1lY2FhLTExZTYtOGY4OC0zNDM2M2JjN2M0YzAiOnsiY3JlYXRlIjoxODAwMDAwMDAwMDAwLCJkZWxldGUiOjYwMDAwMDAwMDAwMCwidXBkYXRlIjozNjAwMDAwMDAwMDAwfSwic2NoZW1hX3ZlcnNpb24iOiIxIn0=",
            "dependencies": [
              "module.sandbox_skeleton_state_buckets.module.kms_db.aws_kms_key.this",
              "module.sandbox_skeleton_state_buckets.module.kms_db.data.aws_caller_identity.current",
              "module.sandbox_skeleton_state_buckets.module.kms_db.data.aws_iam_policy_document.combined_with_serviceprincipals_and_conditions",
              "module.sandbox_skeleton_state_buckets.module.kms_db.data.aws_iam_policy_document.combined_with_viaservice_condition",
              "module.sandbox_skeleton_state_buckets.module.kms_db.data.aws_iam_policy_document.general_policy"
            ]
          }
        ]
      },
      {
        "module": "module.sandbox_skeleton_state_buckets.module.dynamodb_state_file_networking",
        "mode": "managed",
        "type": "aws_dynamodb_table",
        "name": "this",
        "provider": "module.sandbox_skeleton_state_buckets.provider[\"registry.terraform.io/hashicorp/aws\"]",
        "instances": [
          {
            "schema_version": 1,
            "attributes": {
              "arn": "arn:aws:dynamodb:eu-west-2:051939627954:table/sandbox-apps-networking-lock-table",
              "attribute": [
                {
                  "name": "LockID",
                  "type": "S"
                }
              ],
              "billing_mode": "PAY_PER_REQUEST",
              "deletion_protection_enabled": false,
              "global_secondary_index": [],
              "hash_key": "LockID",
              "id": "sandbox-apps-networking-lock-table",
              "local_secondary_index": [],
              "name": "sandbox-apps-networking-lock-table",
              "point_in_time_recovery": [
                {
                  "enabled": false
                }
              ],
              "range_key": null,
              "read_capacity": 0,
              "replica": [],
              "restore_date_time": null,
              "restore_source_name": null,
              "restore_to_latest_time": null,
              "server_side_encryption": [
                {
                  "enabled": true,
                  "kms_key_arn": "arn:aws:kms:eu-west-2:051939627954:key/6d43a709-3979-488f-9378-4c75645dafb0"
                }
              ],
              "stream_arn": "",
              "stream_enabled": false,
              "stream_label": "",
              "stream_view_type": "",
              "table_class": "STANDARD",
              "tags": null,
              "tags_all": {
                "blx:created-by": "terraform",
                "blx:environment": "sandbox",
                "blx:owner": "all",
                "blx:repository-name": "tmuk-tf-spacelift-prerequisites",
                "blx:skeleton-name": "skeleton-state-buckets",
                "blx:tag-version": "1"
              },
              "timeouts": null,
              "ttl": [
                {
                  "attribute_name": "",
                  "enabled": false
                }
              ],
              "write_capacity": 0
            },
            "sensitive_attributes": [],
            "private": "eyJlMmJmYjczMC1lY2FhLTExZTYtOGY4OC0zNDM2M2JjN2M0YzAiOnsiY3JlYXRlIjoxODAwMDAwMDAwMDAwLCJkZWxldGUiOjYwMDAwMDAwMDAwMCwidXBkYXRlIjozNjAwMDAwMDAwMDAwfSwic2NoZW1hX3ZlcnNpb24iOiIxIn0=",
            "dependencies": [
              "module.sandbox_skeleton_state_buckets.module.kms_db.aws_kms_key.this",
              "module.sandbox_skeleton_state_buckets.module.kms_db.data.aws_caller_identity.current",
              "module.sandbox_skeleton_state_buckets.module.kms_db.data.aws_iam_policy_document.combined_with_serviceprincipals_and_conditions",
              "module.sandbox_skeleton_state_buckets.module.kms_db.data.aws_iam_policy_document.combined_with_viaservice_condition",
              "module.sandbox_skeleton_state_buckets.module.kms_db.data.aws_iam_policy_document.general_policy"
            ]
          }
        ]
      },
      {
        "module": "module.sandbox_skeleton_state_buckets.module.dynamodb_state_file_observability",
        "mode": "managed",
        "type": "aws_dynamodb_table",
        "name": "this",
        "provider": "module.sandbox_skeleton_state_buckets.provider[\"registry.terraform.io/hashicorp/aws\"]",
        "instances": [
          {
            "schema_version": 1,
            "attributes": {
              "arn": "arn:aws:dynamodb:eu-west-2:051939627954:table/sandbox-apps-observability-lock-table",
              "attribute": [
                {
                  "name": "LockID",
                  "type": "S"
                }
              ],
              "billing_mode": "PAY_PER_REQUEST",
              "deletion_protection_enabled": false,
              "global_secondary_index": [],
              "hash_key": "LockID",
              "id": "sandbox-apps-observability-lock-table",
              "local_secondary_index": [],
              "name": "sandbox-apps-observability-lock-table",
              "point_in_time_recovery": [
                {
                  "enabled": false
                }
              ],
              "range_key": null,
              "read_capacity": 0,
              "replica": [],
              "restore_date_time": null,
              "restore_source_name": null,
              "restore_to_latest_time": null,
              "server_side_encryption": [
                {
                  "enabled": true,
                  "kms_key_arn": "arn:aws:kms:eu-west-2:051939627954:key/6d43a709-3979-488f-9378-4c75645dafb0"
                }
              ],
              "stream_arn": "",
              "stream_enabled": false,
              "stream_label": "",
              "stream_view_type": "",
              "table_class": "STANDARD",
              "tags": null,
              "tags_all": {
                "blx:created-by": "terraform",
                "blx:environment": "sandbox",
                "blx:owner": "all",
                "blx:repository-name": "tmuk-tf-spacelift-prerequisites",
                "blx:skeleton-name": "skeleton-state-buckets",
                "blx:tag-version": "1"
              },
              "timeouts": null,
              "ttl": [
                {
                  "attribute_name": "",
                  "enabled": false
                }
              ],
              "write_capacity": 0
            },
            "sensitive_attributes": [],
            "private": "eyJlMmJmYjczMC1lY2FhLTExZTYtOGY4OC0zNDM2M2JjN2M0YzAiOnsiY3JlYXRlIjoxODAwMDAwMDAwMDAwLCJkZWxldGUiOjYwMDAwMDAwMDAwMCwidXBkYXRlIjozNjAwMDAwMDAwMDAwfSwic2NoZW1hX3ZlcnNpb24iOiIxIn0=",
            "dependencies": [
              "module.sandbox_skeleton_state_buckets.module.kms_db.aws_kms_key.this",
              "module.sandbox_skeleton_state_buckets.module.kms_db.data.aws_caller_identity.current",
              "module.sandbox_skeleton_state_buckets.module.kms_db.data.aws_iam_policy_document.combined_with_serviceprincipals_and_conditions",
              "module.sandbox_skeleton_state_buckets.module.kms_db.data.aws_iam_policy_document.combined_with_viaservice_condition",
              "module.sandbox_skeleton_state_buckets.module.kms_db.data.aws_iam_policy_document.general_policy"
            ]
          }
        ]
      },
      {
        "module": "module.sandbox_skeleton_state_buckets.module.kms_db",
        "mode": "data",
        "type": "aws_caller_identity",
        "name": "current",
        "provider": "module.sandbox_skeleton_state_buckets.provider[\"registry.terraform.io/hashicorp/aws\"]",
        "instances": [
          {
            "schema_version": 0,
            "attributes": {
              "account_id": "051939627954",
              "arn": "arn:aws:sts::051939627954:assumed-role/AWSReservedSSO_AdministratorAccess_a6c05fba94b34a16/jennifer.nicholas@gft.com",
              "id": "051939627954",
              "user_id": "AROAQYF6X2OZCTIC6U4I5:jennifer.nicholas@gft.com"
            },
            "sensitive_attributes": []
          }
        ]
      },
      {
        "module": "module.sandbox_skeleton_state_buckets.module.kms_db",
        "mode": "data",
        "type": "aws_iam_policy_document",
        "name": "combined_with_serviceprincipals_and_conditions",
        "provider": "module.sandbox_skeleton_state_buckets.provider[\"registry.terraform.io/hashicorp/aws\"]",
        "instances": [
          {
            "schema_version": 0,
            "attributes": {
              "id": "2371832661",
              "json": "{\n  \"Version\": \"2012-10-17\",\n  \"Statement\": [\n    {\n      \"Sid\": \"Enable IAM Root User Permissions\",\n      \"Effect\": \"Allow\",\n      \"Action\": \"kms:*\",\n      \"Resource\": \"*\",\n      \"Principal\": {\n        \"AWS\": \"arn:aws:iam::051939627954:root\"\n      }\n    },\n    {\n      \"Sid\": \"Allow access for Key Administrators\",\n      \"Effect\": \"Allow\",\n      \"Action\": [\n        \"kms:Update*\",\n        \"kms:UntagResource\",\n        \"kms:TagResource\",\n        \"kms:ScheduleKeyDeletion\",\n        \"kms:Revoke*\",\n        \"kms:Put*\",\n        \"kms:List*\",\n        \"kms:Get*\",\n        \"kms:Enable*\",\n        \"kms:Disable*\",\n        \"kms:Describe*\",\n        \"kms:Delete*\",\n        \"kms:Create*\",\n        \"kms:CancelKeyDeletion\"\n      ],\n      \"Resource\": \"*\",\n      \"Principal\": {\n        \"AWS\": \"arn:aws:iam::051939627954:root\"\n      }\n    },\n    {\n      \"Sid\": \"Allow use of the key for decryption only\",\n      \"Effect\": \"Allow\",\n      \"Action\": \"kms:Decrypt\",\n      \"Resource\": \"*\",\n      \"Principal\": {\n        \"AWS\": \"arn:aws:iam::051939627954:root\"\n      }\n    }\n  ]\n}",
              "override_policy_documents": null,
              "policy_id": null,
              "source_policy_documents": [
                "{\n  \"Version\": \"2012-10-17\",\n  \"Statement\": [\n    {\n      \"Sid\": \"Enable IAM Root User Permissions\",\n      \"Effect\": \"Allow\",\n      \"Action\": \"kms:*\",\n      \"Resource\": \"*\",\n      \"Principal\": {\n        \"AWS\": \"arn:aws:iam::051939627954:root\"\n      }\n    },\n    {\n      \"Sid\": \"Allow access for Key Administrators\",\n      \"Effect\": \"Allow\",\n      \"Action\": [\n        \"kms:Update*\",\n        \"kms:UntagResource\",\n        \"kms:TagResource\",\n        \"kms:ScheduleKeyDeletion\",\n        \"kms:Revoke*\",\n        \"kms:Put*\",\n        \"kms:List*\",\n        \"kms:Get*\",\n        \"kms:Enable*\",\n        \"kms:Disable*\",\n        \"kms:Describe*\",\n        \"kms:Delete*\",\n        \"kms:Create*\",\n        \"kms:CancelKeyDeletion\"\n      ],\n      \"Resource\": \"*\",\n      \"Principal\": {\n        \"AWS\": \"arn:aws:iam::051939627954:root\"\n      }\n    },\n    {\n      \"Sid\": \"Allow use of the key for decryption only\",\n      \"Effect\": \"Allow\",\n      \"Action\": \"kms:Decrypt\",\n      \"Resource\": \"*\",\n      \"Principal\": {\n        \"AWS\": \"arn:aws:iam::051939627954:root\"\n      }\n    }\n  ]\n}"
              ],
              "statement": null,
              "version": "2012-10-17"
            },
            "sensitive_attributes": []
          }
        ]
      },
      {
        "module": "module.sandbox_skeleton_state_buckets.module.kms_db",
        "mode": "data",
        "type": "aws_iam_policy_document",
        "name": "combined_with_viaservice_condition",
        "provider": "module.sandbox_skeleton_state_buckets.provider[\"registry.terraform.io/hashicorp/aws\"]",
        "instances": [
          {
            "schema_version": 0,
            "attributes": {
              "id": "3943609323",
              "json": "{\n  \"Version\": \"2012-10-17\",\n  \"Statement\": [\n    {\n      \"Sid\": \"Enable IAM Root User Permissions\",\n      \"Effect\": \"Allow\",\n      \"Action\": \"kms:*\",\n      \"Resource\": \"*\",\n      \"Principal\": {\n        \"AWS\": \"arn:aws:iam::051939627954:root\"\n      }\n    },\n    {\n      \"Sid\": \"Allow access for Key Administrators\",\n      \"Effect\": \"Allow\",\n      \"Action\": [\n        \"kms:Update*\",\n        \"kms:UntagResource\",\n        \"kms:TagResource\",\n        \"kms:ScheduleKeyDeletion\",\n        \"kms:Revoke*\",\n        \"kms:Put*\",\n        \"kms:List*\",\n        \"kms:Get*\",\n        \"kms:Enable*\",\n        \"kms:Disable*\",\n        \"kms:Describe*\",\n        \"kms:Delete*\",\n        \"kms:Create*\",\n        \"kms:CancelKeyDeletion\"\n      ],\n      \"Resource\": \"*\",\n      \"Principal\": {\n        \"AWS\": \"arn:aws:iam::051939627954:root\"\n      }\n    },\n    {\n      \"Sid\": \"Allow use of the key for decryption only\",\n      \"Effect\": \"Allow\",\n      \"Action\": \"kms:Decrypt\",\n      \"Resource\": \"*\",\n      \"Principal\": {\n        \"AWS\": \"arn:aws:iam::051939627954:root\"\n      }\n    },\n    {\n      \"Effect\": \"Allow\",\n      \"Action\": [\n        \"kms:ReEncrypt\",\n        \"kms:GenerateDataKey*\",\n        \"kms:Encrypt\",\n        \"kms:DescribeKey\",\n        \"kms:Decrypt\",\n        \"kms:CreateGrant\"\n      ],\n      \"Resource\": \"*\",\n      \"Principal\": {\n        \"AWS\": \"*\"\n      },\n      \"Condition\": {\n        \"StringEquals\": {\n          \"kms:CallerAccount\": \"051939627954\",\n          \"kms:ViaService\": \"dynamodb.eu-west-2.amazonaws.com\"\n        }\n      }\n    }\n  ]\n}",
              "override_policy_documents": null,
              "policy_id": null,
              "source_policy_documents": [
                "{\n  \"Version\": \"2012-10-17\",\n  \"Statement\": [\n    {\n      \"Sid\": \"Enable IAM Root User Permissions\",\n      \"Effect\": \"Allow\",\n      \"Action\": \"kms:*\",\n      \"Resource\": \"*\",\n      \"Principal\": {\n        \"AWS\": \"arn:aws:iam::051939627954:root\"\n      }\n    },\n    {\n      \"Sid\": \"Allow access for Key Administrators\",\n      \"Effect\": \"Allow\",\n      \"Action\": [\n        \"kms:Update*\",\n        \"kms:UntagResource\",\n        \"kms:TagResource\",\n        \"kms:ScheduleKeyDeletion\",\n        \"kms:Revoke*\",\n        \"kms:Put*\",\n        \"kms:List*\",\n        \"kms:Get*\",\n        \"kms:Enable*\",\n        \"kms:Disable*\",\n        \"kms:Describe*\",\n        \"kms:Delete*\",\n        \"kms:Create*\",\n        \"kms:CancelKeyDeletion\"\n      ],\n      \"Resource\": \"*\",\n      \"Principal\": {\n        \"AWS\": \"arn:aws:iam::051939627954:root\"\n      }\n    },\n    {\n      \"Sid\": \"Allow use of the key for decryption only\",\n      \"Effect\": \"Allow\",\n      \"Action\": \"kms:Decrypt\",\n      \"Resource\": \"*\",\n      \"Principal\": {\n        \"AWS\": \"arn:aws:iam::051939627954:root\"\n      }\n    }\n  ]\n}"
              ],
              "statement": [
                {
                  "actions": [
                    "kms:CreateGrant",
                    "kms:Decrypt",
                    "kms:DescribeKey",
                    "kms:Encrypt",
                    "kms:GenerateDataKey*",
                    "kms:ReEncrypt"
                  ],
                  "condition": [
                    {
                      "test": "StringEquals",
                      "values": [
                        "051939627954"
                      ],
                      "variable": "kms:CallerAccount"
                    },
                    {
                      "test": "StringEquals",
                      "values": [
                        "dynamodb.eu-west-2.amazonaws.com"
                      ],
                      "variable": "kms:ViaService"
                    }
                  ],
                  "effect": "Allow",
                  "not_actions": [],
                  "not_principals": [],
                  "not_resources": [],
                  "principals": [
                    {
                      "identifiers": [
                        "*"
                      ],
                      "type": "AWS"
                    }
                  ],
                  "resources": [
                    "*"
                  ],
                  "sid": ""
                }
              ],
              "version": "2012-10-17"
            },
            "sensitive_attributes": []
          }
        ]
      },
      {
        "module": "module.sandbox_skeleton_state_buckets.module.kms_db",
        "mode": "data",
        "type": "aws_iam_policy_document",
        "name": "general_policy",
        "provider": "module.sandbox_skeleton_state_buckets.provider[\"registry.terraform.io/hashicorp/aws\"]",
        "instances": [
          {
            "schema_version": 0,
            "attributes": {
              "id": "2371832661",
              "json": "{\n  \"Version\": \"2012-10-17\",\n  \"Statement\": [\n    {\n      \"Sid\": \"Enable IAM Root User Permissions\",\n      \"Effect\": \"Allow\",\n      \"Action\": \"kms:*\",\n      \"Resource\": \"*\",\n      \"Principal\": {\n        \"AWS\": \"arn:aws:iam::051939627954:root\"\n      }\n    },\n    {\n      \"Sid\": \"Allow access for Key Administrators\",\n      \"Effect\": \"Allow\",\n      \"Action\": [\n        \"kms:Update*\",\n        \"kms:UntagResource\",\n        \"kms:TagResource\",\n        \"kms:ScheduleKeyDeletion\",\n        \"kms:Revoke*\",\n        \"kms:Put*\",\n        \"kms:List*\",\n        \"kms:Get*\",\n        \"kms:Enable*\",\n        \"kms:Disable*\",\n        \"kms:Describe*\",\n        \"kms:Delete*\",\n        \"kms:Create*\",\n        \"kms:CancelKeyDeletion\"\n      ],\n      \"Resource\": \"*\",\n      \"Principal\": {\n        \"AWS\": \"arn:aws:iam::051939627954:root\"\n      }\n    },\n    {\n      \"Sid\": \"Allow use of the key for decryption only\",\n      \"Effect\": \"Allow\",\n      \"Action\": \"kms:Decrypt\",\n      \"Resource\": \"*\",\n      \"Principal\": {\n        \"AWS\": \"arn:aws:iam::051939627954:root\"\n      }\n    }\n  ]\n}",
              "override_policy_documents": null,
              "policy_id": null,
              "source_policy_documents": null,
              "statement": [
                {
                  "actions": [
                    "kms:*"
                  ],
                  "condition": [],
                  "effect": "Allow",
                  "not_actions": [],
                  "not_principals": [],
                  "not_resources": [],
                  "principals": [
                    {
                      "identifiers": [
                        "arn:aws:iam::051939627954:root"
                      ],
                      "type": "AWS"
                    }
                  ],
                  "resources": [
                    "*"
                  ],
                  "sid": "Enable IAM Root User Permissions"
                },
                {
                  "actions": [
                    "kms:CancelKeyDeletion",
                    "kms:Create*",
                    "kms:Delete*",
                    "kms:Describe*",
                    "kms:Disable*",
                    "kms:Enable*",
                    "kms:Get*",
                    "kms:List*",
                    "kms:Put*",
                    "kms:Revoke*",
                    "kms:ScheduleKeyDeletion",
                    "kms:TagResource",
                    "kms:UntagResource",
                    "kms:Update*"
                  ],
                  "condition": [],
                  "effect": "Allow",
                  "not_actions": [],
                  "not_principals": [],
                  "not_resources": [],
                  "principals": [
                    {
                      "identifiers": [
                        "arn:aws:iam::051939627954:root"
                      ],
                      "type": "AWS"
                    }
                  ],
                  "resources": [
                    "*"
                  ],
                  "sid": "Allow access for Key Administrators"
                },
                {
                  "actions": [
                    "kms:Decrypt"
                  ],
                  "condition": [],
                  "effect": "Allow",
                  "not_actions": [],
                  "not_principals": [],
                  "not_resources": [],
                  "principals": [
                    {
                      "identifiers": [
                        "arn:aws:iam::051939627954:root"
                      ],
                      "type": "AWS"
                    }
                  ],
                  "resources": [
                    "*"
                  ],
                  "sid": "Allow use of the key for decryption only"
                }
              ],
              "version": "2012-10-17"
            },
            "sensitive_attributes": []
          }
        ]
      },
      {
        "module": "module.sandbox_skeleton_state_buckets.module.kms_db",
        "mode": "managed",
        "type": "aws_kms_alias",
        "name": "this",
        "provider": "module.sandbox_skeleton_state_buckets.provider[\"registry.terraform.io/hashicorp/aws\"]",
        "instances": [
          {
            "schema_version": 0,
            "attributes": {
              "arn": "arn:aws:kms:eu-west-2:051939627954:alias/sandbox-tf-state-dynamodb",
              "id": "alias/sandbox-tf-state-dynamodb",
              "name": "alias/sandbox-tf-state-dynamodb",
              "name_prefix": "",
              "target_key_arn": "arn:aws:kms:eu-west-2:051939627954:key/6d43a709-3979-488f-9378-4c75645dafb0",
              "target_key_id": "6d43a709-3979-488f-9378-4c75645dafb0"
            },
            "sensitive_attributes": [],
            "private": "bnVsbA==",
            "dependencies": [
              "module.sandbox_skeleton_state_buckets.module.kms_db.aws_kms_key.this",
              "module.sandbox_skeleton_state_buckets.module.kms_db.data.aws_caller_identity.current",
              "module.sandbox_skeleton_state_buckets.module.kms_db.data.aws_iam_policy_document.combined_with_serviceprincipals_and_conditions",
              "module.sandbox_skeleton_state_buckets.module.kms_db.data.aws_iam_policy_document.combined_with_viaservice_condition",
              "module.sandbox_skeleton_state_buckets.module.kms_db.data.aws_iam_policy_document.general_policy"
            ]
          }
        ]
      },
      {
        "module": "module.sandbox_skeleton_state_buckets.module.kms_db",
        "mode": "managed",
        "type": "aws_kms_key",
        "name": "this",
        "provider": "module.sandbox_skeleton_state_buckets.provider[\"registry.terraform.io/hashicorp/aws\"]",
        "instances": [
          {
            "schema_version": 0,
            "attributes": {
              "arn": "arn:aws:kms:eu-west-2:051939627954:key/6d43a709-3979-488f-9378-4c75645dafb0",
              "bypass_policy_lockout_safety_check": false,
              "custom_key_store_id": "",
              "customer_master_key_spec": "SYMMETRIC_DEFAULT",
              "deletion_window_in_days": null,
              "description": "KMS key to encrypt sandbox-tf-state dynamodb",
              "enable_key_rotation": true,
              "id": "6d43a709-3979-488f-9378-4c75645dafb0",
              "is_enabled": true,
              "key_id": "6d43a709-3979-488f-9378-4c75645dafb0",
              "key_usage": "ENCRYPT_DECRYPT",
              "multi_region": false,
              "policy": "{\"Statement\":[{\"Action\":\"kms:*\",\"Effect\":\"Allow\",\"Principal\":{\"AWS\":\"arn:aws:iam::051939627954:root\"},\"Resource\":\"*\",\"Sid\":\"Enable IAM Root User Permissions\"},{\"Action\":[\"kms:Update*\",\"kms:UntagResource\",\"kms:TagResource\",\"kms:ScheduleKeyDeletion\",\"kms:Revoke*\",\"kms:Put*\",\"kms:List*\",\"kms:Get*\",\"kms:Enable*\",\"kms:Disable*\",\"kms:Describe*\",\"kms:Delete*\",\"kms:Create*\",\"kms:CancelKeyDeletion\"],\"Effect\":\"Allow\",\"Principal\":{\"AWS\":\"arn:aws:iam::051939627954:root\"},\"Resource\":\"*\",\"Sid\":\"Allow access for Key Administrators\"},{\"Action\":\"kms:Decrypt\",\"Effect\":\"Allow\",\"Principal\":{\"AWS\":\"arn:aws:iam::051939627954:root\"},\"Resource\":\"*\",\"Sid\":\"Allow use of the key for decryption only\"},{\"Action\":[\"kms:ReEncrypt\",\"kms:GenerateDataKey*\",\"kms:Encrypt\",\"kms:DescribeKey\",\"kms:Decrypt\",\"kms:CreateGrant\"],\"Condition\":{\"StringEquals\":{\"kms:CallerAccount\":\"051939627954\",\"kms:ViaService\":\"dynamodb.eu-west-2.amazonaws.com\"}},\"Effect\":\"Allow\",\"Principal\":{\"AWS\":\"*\"},\"Resource\":\"*\"}],\"Version\":\"2012-10-17\"}",
              "tags": null,
              "tags_all": {
                "blx:created-by": "terraform",
                "blx:environment": "sandbox",
                "blx:owner": "all",
                "blx:repository-name": "tmuk-tf-spacelift-prerequisites",
                "blx:skeleton-name": "skeleton-state-buckets",
                "blx:tag-version": "1"
              }
            },
            "sensitive_attributes": [],
            "private": "bnVsbA==",
            "dependencies": [
              "module.sandbox_skeleton_state_buckets.module.kms_db.data.aws_caller_identity.current",
              "module.sandbox_skeleton_state_buckets.module.kms_db.data.aws_iam_policy_document.combined_with_serviceprincipals_and_conditions",
              "module.sandbox_skeleton_state_buckets.module.kms_db.data.aws_iam_policy_document.combined_with_viaservice_condition",
              "module.sandbox_skeleton_state_buckets.module.kms_db.data.aws_iam_policy_document.general_policy"
            ]
          }
        ]
      },
      {
        "module": "module.sandbox_skeleton_state_buckets.module.kms_s3",
        "mode": "data",
        "type": "aws_caller_identity",
        "name": "current",
        "provider": "module.sandbox_skeleton_state_buckets.provider[\"registry.terraform.io/hashicorp/aws\"]",
        "instances": [
          {
            "schema_version": 0,
            "attributes": {
              "account_id": "051939627954",
              "arn": "arn:aws:sts::051939627954:assumed-role/AWSReservedSSO_AdministratorAccess_a6c05fba94b34a16/jennifer.nicholas@gft.com",
              "id": "051939627954",
              "user_id": "AROAQYF6X2OZCTIC6U4I5:jennifer.nicholas@gft.com"
            },
            "sensitive_attributes": []
          }
        ]
      },
      {
        "module": "module.sandbox_skeleton_state_buckets.module.kms_s3",
        "mode": "data",
        "type": "aws_iam_policy_document",
        "name": "combined_with_serviceprincipals_and_conditions",
        "provider": "module.sandbox_skeleton_state_buckets.provider[\"registry.terraform.io/hashicorp/aws\"]",
        "instances": [
          {
            "schema_version": 0,
            "attributes": {
              "id": "2371832661",
              "json": "{\n  \"Version\": \"2012-10-17\",\n  \"Statement\": [\n    {\n      \"Sid\": \"Enable IAM Root User Permissions\",\n      \"Effect\": \"Allow\",\n      \"Action\": \"kms:*\",\n      \"Resource\": \"*\",\n      \"Principal\": {\n        \"AWS\": \"arn:aws:iam::051939627954:root\"\n      }\n    },\n    {\n      \"Sid\": \"Allow access for Key Administrators\",\n      \"Effect\": \"Allow\",\n      \"Action\": [\n        \"kms:Update*\",\n        \"kms:UntagResource\",\n        \"kms:TagResource\",\n        \"kms:ScheduleKeyDeletion\",\n        \"kms:Revoke*\",\n        \"kms:Put*\",\n        \"kms:List*\",\n        \"kms:Get*\",\n        \"kms:Enable*\",\n        \"kms:Disable*\",\n        \"kms:Describe*\",\n        \"kms:Delete*\",\n        \"kms:Create*\",\n        \"kms:CancelKeyDeletion\"\n      ],\n      \"Resource\": \"*\",\n      \"Principal\": {\n        \"AWS\": \"arn:aws:iam::051939627954:root\"\n      }\n    },\n    {\n      \"Sid\": \"Allow use of the key for decryption only\",\n      \"Effect\": \"Allow\",\n      \"Action\": \"kms:Decrypt\",\n      \"Resource\": \"*\",\n      \"Principal\": {\n        \"AWS\": \"arn:aws:iam::051939627954:root\"\n      }\n    }\n  ]\n}",
              "override_policy_documents": null,
              "policy_id": null,
              "source_policy_documents": [
                "{\n  \"Version\": \"2012-10-17\",\n  \"Statement\": [\n    {\n      \"Sid\": \"Enable IAM Root User Permissions\",\n      \"Effect\": \"Allow\",\n      \"Action\": \"kms:*\",\n      \"Resource\": \"*\",\n      \"Principal\": {\n        \"AWS\": \"arn:aws:iam::051939627954:root\"\n      }\n    },\n    {\n      \"Sid\": \"Allow access for Key Administrators\",\n      \"Effect\": \"Allow\",\n      \"Action\": [\n        \"kms:Update*\",\n        \"kms:UntagResource\",\n        \"kms:TagResource\",\n        \"kms:ScheduleKeyDeletion\",\n        \"kms:Revoke*\",\n        \"kms:Put*\",\n        \"kms:List*\",\n        \"kms:Get*\",\n        \"kms:Enable*\",\n        \"kms:Disable*\",\n        \"kms:Describe*\",\n        \"kms:Delete*\",\n        \"kms:Create*\",\n        \"kms:CancelKeyDeletion\"\n      ],\n      \"Resource\": \"*\",\n      \"Principal\": {\n        \"AWS\": \"arn:aws:iam::051939627954:root\"\n      }\n    },\n    {\n      \"Sid\": \"Allow use of the key for decryption only\",\n      \"Effect\": \"Allow\",\n      \"Action\": \"kms:Decrypt\",\n      \"Resource\": \"*\",\n      \"Principal\": {\n        \"AWS\": \"arn:aws:iam::051939627954:root\"\n      }\n    }\n  ]\n}"
              ],
              "statement": null,
              "version": "2012-10-17"
            },
            "sensitive_attributes": []
          }
        ]
      },
      {
        "module": "module.sandbox_skeleton_state_buckets.module.kms_s3",
        "mode": "data",
        "type": "aws_iam_policy_document",
        "name": "combined_with_viaservice_condition",
        "provider": "module.sandbox_skeleton_state_buckets.provider[\"registry.terraform.io/hashicorp/aws\"]",
        "instances": [
          {
            "schema_version": 0,
            "attributes": {
              "id": "832594133",
              "json": "{\n  \"Version\": \"2012-10-17\",\n  \"Statement\": [\n    {\n      \"Sid\": \"Enable IAM Root User Permissions\",\n      \"Effect\": \"Allow\",\n      \"Action\": \"kms:*\",\n      \"Resource\": \"*\",\n      \"Principal\": {\n        \"AWS\": \"arn:aws:iam::051939627954:root\"\n      }\n    },\n    {\n      \"Sid\": \"Allow access for Key Administrators\",\n      \"Effect\": \"Allow\",\n      \"Action\": [\n        \"kms:Update*\",\n        \"kms:UntagResource\",\n        \"kms:TagResource\",\n        \"kms:ScheduleKeyDeletion\",\n        \"kms:Revoke*\",\n        \"kms:Put*\",\n        \"kms:List*\",\n        \"kms:Get*\",\n        \"kms:Enable*\",\n        \"kms:Disable*\",\n        \"kms:Describe*\",\n        \"kms:Delete*\",\n        \"kms:Create*\",\n        \"kms:CancelKeyDeletion\"\n      ],\n      \"Resource\": \"*\",\n      \"Principal\": {\n        \"AWS\": \"arn:aws:iam::051939627954:root\"\n      }\n    },\n    {\n      \"Sid\": \"Allow use of the key for decryption only\",\n      \"Effect\": \"Allow\",\n      \"Action\": \"kms:Decrypt\",\n      \"Resource\": \"*\",\n      \"Principal\": {\n        \"AWS\": \"arn:aws:iam::051939627954:root\"\n      }\n    },\n    {\n      \"Effect\": \"Allow\",\n      \"Action\": [\n        \"kms:ReEncrypt\",\n        \"kms:GenerateDataKey*\",\n        \"kms:Encrypt\",\n        \"kms:DescribeKey\",\n        \"kms:Decrypt\",\n        \"kms:CreateGrant\"\n      ],\n      \"Resource\": \"*\",\n      \"Principal\": {\n        \"AWS\": \"*\"\n      },\n      \"Condition\": {\n        \"StringEquals\": {\n          \"kms:CallerAccount\": \"051939627954\",\n          \"kms:ViaService\": \"s3.eu-west-2.amazonaws.com\"\n        }\n      }\n    }\n  ]\n}",
              "override_policy_documents": null,
              "policy_id": null,
              "source_policy_documents": [
                "{\n  \"Version\": \"2012-10-17\",\n  \"Statement\": [\n    {\n      \"Sid\": \"Enable IAM Root User Permissions\",\n      \"Effect\": \"Allow\",\n      \"Action\": \"kms:*\",\n      \"Resource\": \"*\",\n      \"Principal\": {\n        \"AWS\": \"arn:aws:iam::051939627954:root\"\n      }\n    },\n    {\n      \"Sid\": \"Allow access for Key Administrators\",\n      \"Effect\": \"Allow\",\n      \"Action\": [\n        \"kms:Update*\",\n        \"kms:UntagResource\",\n        \"kms:TagResource\",\n        \"kms:ScheduleKeyDeletion\",\n        \"kms:Revoke*\",\n        \"kms:Put*\",\n        \"kms:List*\",\n        \"kms:Get*\",\n        \"kms:Enable*\",\n        \"kms:Disable*\",\n        \"kms:Describe*\",\n        \"kms:Delete*\",\n        \"kms:Create*\",\n        \"kms:CancelKeyDeletion\"\n      ],\n      \"Resource\": \"*\",\n      \"Principal\": {\n        \"AWS\": \"arn:aws:iam::051939627954:root\"\n      }\n    },\n    {\n      \"Sid\": \"Allow use of the key for decryption only\",\n      \"Effect\": \"Allow\",\n      \"Action\": \"kms:Decrypt\",\n      \"Resource\": \"*\",\n      \"Principal\": {\n        \"AWS\": \"arn:aws:iam::051939627954:root\"\n      }\n    }\n  ]\n}"
              ],
              "statement": [
                {
                  "actions": [
                    "kms:CreateGrant",
                    "kms:Decrypt",
                    "kms:DescribeKey",
                    "kms:Encrypt",
                    "kms:GenerateDataKey*",
                    "kms:ReEncrypt"
                  ],
                  "condition": [
                    {
                      "test": "StringEquals",
                      "values": [
                        "051939627954"
                      ],
                      "variable": "kms:CallerAccount"
                    },
                    {
                      "test": "StringEquals",
                      "values": [
                        "s3.eu-west-2.amazonaws.com"
                      ],
                      "variable": "kms:ViaService"
                    }
                  ],
                  "effect": "Allow",
                  "not_actions": [],
                  "not_principals": [],
                  "not_resources": [],
                  "principals": [
                    {
                      "identifiers": [
                        "*"
                      ],
                      "type": "AWS"
                    }
                  ],
                  "resources": [
                    "*"
                  ],
                  "sid": ""
                }
              ],
              "version": "2012-10-17"
            },
            "sensitive_attributes": []
          }
        ]
      },
      {
        "module": "module.sandbox_skeleton_state_buckets.module.kms_s3",
        "mode": "data",
        "type": "aws_iam_policy_document",
        "name": "general_policy",
        "provider": "module.sandbox_skeleton_state_buckets.provider[\"registry.terraform.io/hashicorp/aws\"]",
        "instances": [
          {
            "schema_version": 0,
            "attributes": {
              "id": "2371832661",
              "json": "{\n  \"Version\": \"2012-10-17\",\n  \"Statement\": [\n    {\n      \"Sid\": \"Enable IAM Root User Permissions\",\n      \"Effect\": \"Allow\",\n      \"Action\": \"kms:*\",\n      \"Resource\": \"*\",\n      \"Principal\": {\n        \"AWS\": \"arn:aws:iam::051939627954:root\"\n      }\n    },\n    {\n      \"Sid\": \"Allow access for Key Administrators\",\n      \"Effect\": \"Allow\",\n      \"Action\": [\n        \"kms:Update*\",\n        \"kms:UntagResource\",\n        \"kms:TagResource\",\n        \"kms:ScheduleKeyDeletion\",\n        \"kms:Revoke*\",\n        \"kms:Put*\",\n        \"kms:List*\",\n        \"kms:Get*\",\n        \"kms:Enable*\",\n        \"kms:Disable*\",\n        \"kms:Describe*\",\n        \"kms:Delete*\",\n        \"kms:Create*\",\n        \"kms:CancelKeyDeletion\"\n      ],\n      \"Resource\": \"*\",\n      \"Principal\": {\n        \"AWS\": \"arn:aws:iam::051939627954:root\"\n      }\n    },\n    {\n      \"Sid\": \"Allow use of the key for decryption only\",\n      \"Effect\": \"Allow\",\n      \"Action\": \"kms:Decrypt\",\n      \"Resource\": \"*\",\n      \"Principal\": {\n        \"AWS\": \"arn:aws:iam::051939627954:root\"\n      }\n    }\n  ]\n}",
              "override_policy_documents": null,
              "policy_id": null,
              "source_policy_documents": null,
              "statement": [
                {
                  "actions": [
                    "kms:*"
                  ],
                  "condition": [],
                  "effect": "Allow",
                  "not_actions": [],
                  "not_principals": [],
                  "not_resources": [],
                  "principals": [
                    {
                      "identifiers": [
                        "arn:aws:iam::051939627954:root"
                      ],
                      "type": "AWS"
                    }
                  ],
                  "resources": [
                    "*"
                  ],
                  "sid": "Enable IAM Root User Permissions"
                },
                {
                  "actions": [
                    "kms:CancelKeyDeletion",
                    "kms:Create*",
                    "kms:Delete*",
                    "kms:Describe*",
                    "kms:Disable*",
                    "kms:Enable*",
                    "kms:Get*",
                    "kms:List*",
                    "kms:Put*",
                    "kms:Revoke*",
                    "kms:ScheduleKeyDeletion",
                    "kms:TagResource",
                    "kms:UntagResource",
                    "kms:Update*"
                  ],
                  "condition": [],
                  "effect": "Allow",
                  "not_actions": [],
                  "not_principals": [],
                  "not_resources": [],
                  "principals": [
                    {
                      "identifiers": [
                        "arn:aws:iam::051939627954:root"
                      ],
                      "type": "AWS"
                    }
                  ],
                  "resources": [
                    "*"
                  ],
                  "sid": "Allow access for Key Administrators"
                },
                {
                  "actions": [
                    "kms:Decrypt"
                  ],
                  "condition": [],
                  "effect": "Allow",
                  "not_actions": [],
                  "not_principals": [],
                  "not_resources": [],
                  "principals": [
                    {
                      "identifiers": [
                        "arn:aws:iam::051939627954:root"
                      ],
                      "type": "AWS"
                    }
                  ],
                  "resources": [
                    "*"
                  ],
                  "sid": "Allow use of the key for decryption only"
                }
              ],
              "version": "2012-10-17"
            },
            "sensitive_attributes": []
          }
        ]
      },
      {
        "module": "module.sandbox_skeleton_state_buckets.module.kms_s3",
        "mode": "managed",
        "type": "aws_kms_alias",
        "name": "this",
        "provider": "module.sandbox_skeleton_state_buckets.provider[\"registry.terraform.io/hashicorp/aws\"]",
        "instances": [
          {
            "schema_version": 0,
            "attributes": {
              "arn": "arn:aws:kms:eu-west-2:051939627954:alias/sandbox-tf-state-s3",
              "id": "alias/sandbox-tf-state-s3",
              "name": "alias/sandbox-tf-state-s3",
              "name_prefix": "",
              "target_key_arn": "arn:aws:kms:eu-west-2:051939627954:key/42563460-c8ad-4299-9a1b-2d499da4306d",
              "target_key_id": "42563460-c8ad-4299-9a1b-2d499da4306d"
            },
            "sensitive_attributes": [],
            "private": "bnVsbA==",
            "dependencies": [
              "module.sandbox_skeleton_state_buckets.module.kms_s3.aws_kms_key.this",
              "module.sandbox_skeleton_state_buckets.module.kms_s3.data.aws_caller_identity.current",
              "module.sandbox_skeleton_state_buckets.module.kms_s3.data.aws_iam_policy_document.combined_with_serviceprincipals_and_conditions",
              "module.sandbox_skeleton_state_buckets.module.kms_s3.data.aws_iam_policy_document.combined_with_viaservice_condition",
              "module.sandbox_skeleton_state_buckets.module.kms_s3.data.aws_iam_policy_document.general_policy"
            ]
          }
        ]
      },
      {
        "module": "module.sandbox_skeleton_state_buckets.module.kms_s3",
        "mode": "managed",
        "type": "aws_kms_key",
        "name": "this",
        "provider": "module.sandbox_skeleton_state_buckets.provider[\"registry.terraform.io/hashicorp/aws\"]",
        "instances": [
          {
            "schema_version": 0,
            "attributes": {
              "arn": "arn:aws:kms:eu-west-2:051939627954:key/42563460-c8ad-4299-9a1b-2d499da4306d",
              "bypass_policy_lockout_safety_check": false,
              "custom_key_store_id": "",
              "customer_master_key_spec": "SYMMETRIC_DEFAULT",
              "deletion_window_in_days": null,
              "description": "KMS key to encrypt sandbox-tf-state s3",
              "enable_key_rotation": true,
              "id": "42563460-c8ad-4299-9a1b-2d499da4306d",
              "is_enabled": true,
              "key_id": "42563460-c8ad-4299-9a1b-2d499da4306d",
              "key_usage": "ENCRYPT_DECRYPT",
              "multi_region": false,
              "policy": "{\"Statement\":[{\"Action\":\"kms:*\",\"Effect\":\"Allow\",\"Principal\":{\"AWS\":\"arn:aws:iam::051939627954:root\"},\"Resource\":\"*\",\"Sid\":\"Enable IAM Root User Permissions\"},{\"Action\":[\"kms:Update*\",\"kms:UntagResource\",\"kms:TagResource\",\"kms:ScheduleKeyDeletion\",\"kms:Revoke*\",\"kms:Put*\",\"kms:List*\",\"kms:Get*\",\"kms:Enable*\",\"kms:Disable*\",\"kms:Describe*\",\"kms:Delete*\",\"kms:Create*\",\"kms:CancelKeyDeletion\"],\"Effect\":\"Allow\",\"Principal\":{\"AWS\":\"arn:aws:iam::051939627954:root\"},\"Resource\":\"*\",\"Sid\":\"Allow access for Key Administrators\"},{\"Action\":\"kms:Decrypt\",\"Effect\":\"Allow\",\"Principal\":{\"AWS\":\"arn:aws:iam::051939627954:root\"},\"Resource\":\"*\",\"Sid\":\"Allow use of the key for decryption only\"},{\"Action\":[\"kms:ReEncrypt\",\"kms:GenerateDataKey*\",\"kms:Encrypt\",\"kms:DescribeKey\",\"kms:Decrypt\",\"kms:CreateGrant\"],\"Condition\":{\"StringEquals\":{\"kms:CallerAccount\":\"051939627954\",\"kms:ViaService\":\"s3.eu-west-2.amazonaws.com\"}},\"Effect\":\"Allow\",\"Principal\":{\"AWS\":\"*\"},\"Resource\":\"*\"}],\"Version\":\"2012-10-17\"}",
              "tags": null,
              "tags_all": {
                "blx:created-by": "terraform",
                "blx:environment": "sandbox",
                "blx:owner": "all",
                "blx:repository-name": "tmuk-tf-spacelift-prerequisites",
                "blx:skeleton-name": "skeleton-state-buckets",
                "blx:tag-version": "1"
              }
            },
            "sensitive_attributes": [],
            "private": "bnVsbA==",
            "dependencies": [
              "module.sandbox_skeleton_state_buckets.module.kms_s3.data.aws_caller_identity.current",
              "module.sandbox_skeleton_state_buckets.module.kms_s3.data.aws_iam_policy_document.combined_with_serviceprincipals_and_conditions",
              "module.sandbox_skeleton_state_buckets.module.kms_s3.data.aws_iam_policy_document.combined_with_viaservice_condition",
              "module.sandbox_skeleton_state_buckets.module.kms_s3.data.aws_iam_policy_document.general_policy"
            ]
          }
        ]
      },
      {
        "module": "module.sandbox_skeleton_state_buckets.module.s3_state_file_data_infrastructure",
        "mode": "data",
        "type": "aws_caller_identity",
        "name": "current",
        "provider": "module.sandbox_skeleton_state_buckets.provider[\"registry.terraform.io/hashicorp/aws\"]",
        "instances": [
          {
            "schema_version": 0,
            "attributes": {
              "account_id": "051939627954",
              "arn": "arn:aws:sts::051939627954:assumed-role/AWSReservedSSO_AdministratorAccess_a6c05fba94b34a16/jennifer.nicholas@gft.com",
              "id": "051939627954",
              "user_id": "AROAQYF6X2OZCTIC6U4I5:jennifer.nicholas@gft.com"
            },
            "sensitive_attributes": []
          }
        ]
      },
      {
        "module": "module.sandbox_skeleton_state_buckets.module.s3_state_file_data_infrastructure",
        "mode": "data",
        "type": "aws_iam_policy_document",
        "name": "deny_unencrypted_state_operations",
        "provider": "module.sandbox_skeleton_state_buckets.provider[\"registry.terraform.io/hashicorp/aws\"]",
        "instances": [
          {
            "schema_version": 0,
            "attributes": {
              "id": "397146148",
              "json": "{\n  \"Version\": \"2012-10-17\",\n  \"Statement\": [\n    {\n      \"Effect\": \"Deny\",\n      \"Action\": [\n        \"s3:PutObject\",\n        \"s3:GetObject\"\n      ],\n      \"Resource\": \"arn:aws:s3:::sandbox-051939627954-data-infrastructure-state-s3/*\",\n      \"Principal\": \"*\",\n      \"Condition\": {\n        \"ForAnyValue:Bool\": {\n          \"aws:SecureTransport\": \"false\"\n        },\n        \"NumericLessThan\": {\n          \"s3:TlsVersion\": \"1.2\"\n        }\n      }\n    }\n  ]\n}",
              "override_policy_documents": null,
              "policy_id": null,
              "source_policy_documents": null,
              "statement": [
                {
                  "actions": [
                    "s3:GetObject",
                    "s3:PutObject"
                  ],
                  "condition": [
                    {
                      "test": "ForAnyValue:Bool",
                      "values": [
                        "false"
                      ],
                      "variable": "aws:SecureTransport"
                    },
                    {
                      "test": "NumericLessThan",
                      "values": [
                        "1.2"
                      ],
                      "variable": "s3:TlsVersion"
                    }
                  ],
                  "effect": "Deny",
                  "not_actions": [],
                  "not_principals": [],
                  "not_resources": [],
                  "principals": [
                    {
                      "identifiers": [
                        "*"
                      ],
                      "type": "*"
                    }
                  ],
                  "resources": [
                    "arn:aws:s3:::sandbox-051939627954-data-infrastructure-state-s3/*"
                  ],
                  "sid": ""
                }
              ],
              "version": "2012-10-17"
            },
            "sensitive_attributes": []
          }
        ]
      },
      {
        "module": "module.sandbox_skeleton_state_buckets.module.s3_state_file_data_infrastructure",
        "mode": "managed",
        "type": "aws_s3_bucket",
        "name": "this",
        "provider": "module.sandbox_skeleton_state_buckets.provider[\"registry.terraform.io/hashicorp/aws\"]",
        "instances": [
          {
            "schema_version": 0,
            "attributes": {
              "acceleration_status": "",
              "acl": "private",
              "arn": "arn:aws:s3:::sandbox-051939627954-data-infrastructure-state-s3",
              "bucket": "sandbox-051939627954-data-infrastructure-state-s3",
              "bucket_domain_name": "sandbox-051939627954-data-infrastructure-state-s3.s3.amazonaws.com",
              "bucket_prefix": "",
              "bucket_regional_domain_name": "sandbox-051939627954-data-infrastructure-state-s3.s3.eu-west-2.amazonaws.com",
              "cors_rule": [],
              "force_destroy": false,
              "grant": [
                {
                  "id": "13ae991dcfd68a12e4fa10fa7839bd8e2f6038253c22d9562b45da6bd8289f35",
                  "permissions": [
                    "FULL_CONTROL"
                  ],
                  "type": "CanonicalUser",
                  "uri": ""
                }
              ],
              "hosted_zone_id": "Z3GKZC51ZF0DB4",
              "id": "sandbox-051939627954-data-infrastructure-state-s3",
              "lifecycle_rule": [],
              "logging": [],
              "object_lock_configuration": [
                {
                  "object_lock_enabled": "Enabled",
                  "rule": []
                }
              ],
              "object_lock_enabled": true,
              "policy": "",
              "region": "eu-west-2",
              "replication_configuration": [],
              "request_payer": "BucketOwner",
              "server_side_encryption_configuration": [
                {
                  "rule": [
                    {
                      "apply_server_side_encryption_by_default": [
                        {
                          "kms_master_key_id": "arn:aws:kms:eu-west-2:051939627954:key/42563460-c8ad-4299-9a1b-2d499da4306d",
                          "sse_algorithm": "aws:kms"
                        }
                      ],
                      "bucket_key_enabled": false
                    }
                  ]
                }
              ],
              "tags": null,
              "tags_all": {
                "blx:created-by": "terraform",
                "blx:environment": "sandbox",
                "blx:owner": "all",
                "blx:repository-name": "tmuk-tf-spacelift-prerequisites",
                "blx:skeleton-name": "skeleton-state-buckets",
                "blx:tag-version": "1"
              },
              "timeouts": null,
              "versioning": [
                {
                  "enabled": true,
                  "mfa_delete": false
                }
              ],
              "website": [],
              "website_domain": null,
              "website_endpoint": null
            },
            "sensitive_attributes": [],
            "private": "eyJlMmJmYjczMC1lY2FhLTExZTYtOGY4OC0zNDM2M2JjN2M0YzAiOnsiY3JlYXRlIjoxMjAwMDAwMDAwMDAwLCJkZWxldGUiOjM2MDAwMDAwMDAwMDAsInJlYWQiOjEyMDAwMDAwMDAwMDAsInVwZGF0ZSI6MTIwMDAwMDAwMDAwMH19",
            "dependencies": [
              "module.sandbox_skeleton_state_buckets.module.kms_s3.aws_kms_key.this",
              "module.sandbox_skeleton_state_buckets.module.kms_s3.data.aws_caller_identity.current",
              "module.sandbox_skeleton_state_buckets.module.kms_s3.data.aws_iam_policy_document.combined_with_serviceprincipals_and_conditions",
              "module.sandbox_skeleton_state_buckets.module.kms_s3.data.aws_iam_policy_document.combined_with_viaservice_condition",
              "module.sandbox_skeleton_state_buckets.module.kms_s3.data.aws_iam_policy_document.general_policy",
              "module.sandbox_skeleton_state_buckets.module.s3_state_file_data_infrastructure.data.aws_caller_identity.current"
            ]
          }
        ]
      },
      {
        "module": "module.sandbox_skeleton_state_buckets.module.s3_state_file_data_infrastructure",
        "mode": "managed",
        "type": "aws_s3_bucket_policy",
        "name": "deny_unencrypted_state_operations_attachment",
        "provider": "module.sandbox_skeleton_state_buckets.provider[\"registry.terraform.io/hashicorp/aws\"]",
        "instances": [
          {
            "schema_version": 0,
            "attributes": {
              "bucket": "sandbox-051939627954-data-infrastructure-state-s3",
              "id": "sandbox-051939627954-data-infrastructure-state-s3",
              "policy": "{\"Statement\":[{\"Action\":[\"s3:PutObject\",\"s3:GetObject\"],\"Condition\":{\"ForAnyValue:Bool\":{\"aws:SecureTransport\":\"false\"},\"NumericLessThan\":{\"s3:TlsVersion\":\"1.2\"}},\"Effect\":\"Deny\",\"Principal\":\"*\",\"Resource\":\"arn:aws:s3:::sandbox-051939627954-data-infrastructure-state-s3/*\"}],\"Version\":\"2012-10-17\"}"
            },
            "sensitive_attributes": [],
            "private": "bnVsbA==",
            "dependencies": [
              "module.sandbox_skeleton_state_buckets.module.kms_s3.aws_kms_key.this",
              "module.sandbox_skeleton_state_buckets.module.kms_s3.data.aws_caller_identity.current",
              "module.sandbox_skeleton_state_buckets.module.kms_s3.data.aws_iam_policy_document.combined_with_serviceprincipals_and_conditions",
              "module.sandbox_skeleton_state_buckets.module.kms_s3.data.aws_iam_policy_document.combined_with_viaservice_condition",
              "module.sandbox_skeleton_state_buckets.module.kms_s3.data.aws_iam_policy_document.general_policy",
              "module.sandbox_skeleton_state_buckets.module.s3_state_file_data_infrastructure.aws_s3_bucket.this",
              "module.sandbox_skeleton_state_buckets.module.s3_state_file_data_infrastructure.data.aws_caller_identity.current",
              "module.sandbox_skeleton_state_buckets.module.s3_state_file_data_infrastructure.data.aws_iam_policy_document.deny_unencrypted_state_operations"
            ]
          }
        ]
      },
      {
        "module": "module.sandbox_skeleton_state_buckets.module.s3_state_file_data_infrastructure",
        "mode": "managed",
        "type": "aws_s3_bucket_public_access_block",
        "name": "deny_access_public",
        "provider": "module.sandbox_skeleton_state_buckets.provider[\"registry.terraform.io/hashicorp/aws\"]",
        "instances": [
          {
            "schema_version": 0,
            "attributes": {
              "block_public_acls": true,
              "block_public_policy": true,
              "bucket": "sandbox-051939627954-data-infrastructure-state-s3",
              "id": "sandbox-051939627954-data-infrastructure-state-s3",
              "ignore_public_acls": true,
              "restrict_public_buckets": true
            },
            "sensitive_attributes": [],
            "private": "bnVsbA==",
            "dependencies": [
              "module.sandbox_skeleton_state_buckets.module.kms_s3.aws_kms_key.this",
              "module.sandbox_skeleton_state_buckets.module.kms_s3.data.aws_caller_identity.current",
              "module.sandbox_skeleton_state_buckets.module.kms_s3.data.aws_iam_policy_document.combined_with_serviceprincipals_and_conditions",
              "module.sandbox_skeleton_state_buckets.module.kms_s3.data.aws_iam_policy_document.combined_with_viaservice_condition",
              "module.sandbox_skeleton_state_buckets.module.kms_s3.data.aws_iam_policy_document.general_policy",
              "module.sandbox_skeleton_state_buckets.module.s3_state_file_data_infrastructure.aws_s3_bucket.this",
              "module.sandbox_skeleton_state_buckets.module.s3_state_file_data_infrastructure.data.aws_caller_identity.current"
            ]
          }
        ]
      },
      {
        "module": "module.sandbox_skeleton_state_buckets.module.s3_state_file_infrastructure",
        "mode": "data",
        "type": "aws_caller_identity",
        "name": "current",
        "provider": "module.sandbox_skeleton_state_buckets.provider[\"registry.terraform.io/hashicorp/aws\"]",
        "instances": [
          {
            "schema_version": 0,
            "attributes": {
              "account_id": "051939627954",
              "arn": "arn:aws:sts::051939627954:assumed-role/AWSReservedSSO_AdministratorAccess_a6c05fba94b34a16/jennifer.nicholas@gft.com",
              "id": "051939627954",
              "user_id": "AROAQYF6X2OZCTIC6U4I5:jennifer.nicholas@gft.com"
            },
            "sensitive_attributes": []
          }
        ]
      },
      {
        "module": "module.sandbox_skeleton_state_buckets.module.s3_state_file_infrastructure",
        "mode": "data",
        "type": "aws_iam_policy_document",
        "name": "deny_unencrypted_state_operations",
        "provider": "module.sandbox_skeleton_state_buckets.provider[\"registry.terraform.io/hashicorp/aws\"]",
        "instances": [
          {
            "schema_version": 0,
            "attributes": {
              "id": "1306430700",
              "json": "{\n  \"Version\": \"2012-10-17\",\n  \"Statement\": [\n    {\n      \"Effect\": \"Deny\",\n      \"Action\": [\n        \"s3:PutObject\",\n        \"s3:GetObject\"\n      ],\n      \"Resource\": \"arn:aws:s3:::sandbox-051939627954-apps-infrastructure-state-s3/*\",\n      \"Principal\": \"*\",\n      \"Condition\": {\n        \"ForAnyValue:Bool\": {\n          \"aws:SecureTransport\": \"false\"\n        },\n        \"NumericLessThan\": {\n          \"s3:TlsVersion\": \"1.2\"\n        }\n      }\n    }\n  ]\n}",
              "override_policy_documents": null,
              "policy_id": null,
              "source_policy_documents": null,
              "statement": [
                {
                  "actions": [
                    "s3:GetObject",
                    "s3:PutObject"
                  ],
                  "condition": [
                    {
                      "test": "ForAnyValue:Bool",
                      "values": [
                        "false"
                      ],
                      "variable": "aws:SecureTransport"
                    },
                    {
                      "test": "NumericLessThan",
                      "values": [
                        "1.2"
                      ],
                      "variable": "s3:TlsVersion"
                    }
                  ],
                  "effect": "Deny",
                  "not_actions": [],
                  "not_principals": [],
                  "not_resources": [],
                  "principals": [
                    {
                      "identifiers": [
                        "*"
                      ],
                      "type": "*"
                    }
                  ],
                  "resources": [
                    "arn:aws:s3:::sandbox-051939627954-apps-infrastructure-state-s3/*"
                  ],
                  "sid": ""
                }
              ],
              "version": "2012-10-17"
            },
            "sensitive_attributes": []
          }
        ]
      },
      {
        "module": "module.sandbox_skeleton_state_buckets.module.s3_state_file_infrastructure",
        "mode": "managed",
        "type": "aws_s3_bucket",
        "name": "this",
        "provider": "module.sandbox_skeleton_state_buckets.provider[\"registry.terraform.io/hashicorp/aws\"]",
        "instances": [
          {
            "schema_version": 0,
            "attributes": {
              "acceleration_status": "",
              "acl": "private",
              "arn": "arn:aws:s3:::sandbox-051939627954-apps-infrastructure-state-s3",
              "bucket": "sandbox-051939627954-apps-infrastructure-state-s3",
              "bucket_domain_name": "sandbox-051939627954-apps-infrastructure-state-s3.s3.amazonaws.com",
              "bucket_prefix": "",
              "bucket_regional_domain_name": "sandbox-051939627954-apps-infrastructure-state-s3.s3.eu-west-2.amazonaws.com",
              "cors_rule": [],
              "force_destroy": false,
              "grant": [
                {
                  "id": "13ae991dcfd68a12e4fa10fa7839bd8e2f6038253c22d9562b45da6bd8289f35",
                  "permissions": [
                    "FULL_CONTROL"
                  ],
                  "type": "CanonicalUser",
                  "uri": ""
                }
              ],
              "hosted_zone_id": "Z3GKZC51ZF0DB4",
              "id": "sandbox-051939627954-apps-infrastructure-state-s3",
              "lifecycle_rule": [],
              "logging": [],
              "object_lock_configuration": [
                {
                  "object_lock_enabled": "Enabled",
                  "rule": []
                }
              ],
              "object_lock_enabled": true,
              "policy": "",
              "region": "eu-west-2",
              "replication_configuration": [],
              "request_payer": "BucketOwner",
              "server_side_encryption_configuration": [
                {
                  "rule": [
                    {
                      "apply_server_side_encryption_by_default": [
                        {
                          "kms_master_key_id": "arn:aws:kms:eu-west-2:051939627954:key/42563460-c8ad-4299-9a1b-2d499da4306d",
                          "sse_algorithm": "aws:kms"
                        }
                      ],
                      "bucket_key_enabled": false
                    }
                  ]
                }
              ],
              "tags": null,
              "tags_all": {
                "blx:created-by": "terraform",
                "blx:environment": "sandbox",
                "blx:owner": "all",
                "blx:repository-name": "tmuk-tf-spacelift-prerequisites",
                "blx:skeleton-name": "skeleton-state-buckets",
                "blx:tag-version": "1"
              },
              "timeouts": null,
              "versioning": [
                {
                  "enabled": true,
                  "mfa_delete": false
                }
              ],
              "website": [],
              "website_domain": null,
              "website_endpoint": null
            },
            "sensitive_attributes": [],
            "private": "eyJlMmJmYjczMC1lY2FhLTExZTYtOGY4OC0zNDM2M2JjN2M0YzAiOnsiY3JlYXRlIjoxMjAwMDAwMDAwMDAwLCJkZWxldGUiOjM2MDAwMDAwMDAwMDAsInJlYWQiOjEyMDAwMDAwMDAwMDAsInVwZGF0ZSI6MTIwMDAwMDAwMDAwMH19",
            "dependencies": [
              "module.sandbox_skeleton_state_buckets.module.kms_s3.aws_kms_key.this",
              "module.sandbox_skeleton_state_buckets.module.kms_s3.data.aws_caller_identity.current",
              "module.sandbox_skeleton_state_buckets.module.kms_s3.data.aws_iam_policy_document.combined_with_serviceprincipals_and_conditions",
              "module.sandbox_skeleton_state_buckets.module.kms_s3.data.aws_iam_policy_document.combined_with_viaservice_condition",
              "module.sandbox_skeleton_state_buckets.module.kms_s3.data.aws_iam_policy_document.general_policy",
              "module.sandbox_skeleton_state_buckets.module.s3_state_file_infrastructure.data.aws_caller_identity.current"
            ]
          }
        ]
      },
      {
        "module": "module.sandbox_skeleton_state_buckets.module.s3_state_file_infrastructure",
        "mode": "managed",
        "type": "aws_s3_bucket_policy",
        "name": "deny_unencrypted_state_operations_attachment",
        "provider": "module.sandbox_skeleton_state_buckets.provider[\"registry.terraform.io/hashicorp/aws\"]",
        "instances": [
          {
            "schema_version": 0,
            "attributes": {
              "bucket": "sandbox-051939627954-apps-infrastructure-state-s3",
              "id": "sandbox-051939627954-apps-infrastructure-state-s3",
              "policy": "{\"Statement\":[{\"Action\":[\"s3:PutObject\",\"s3:GetObject\"],\"Condition\":{\"ForAnyValue:Bool\":{\"aws:SecureTransport\":\"false\"},\"NumericLessThan\":{\"s3:TlsVersion\":\"1.2\"}},\"Effect\":\"Deny\",\"Principal\":\"*\",\"Resource\":\"arn:aws:s3:::sandbox-051939627954-apps-infrastructure-state-s3/*\"}],\"Version\":\"2012-10-17\"}"
            },
            "sensitive_attributes": [],
            "private": "bnVsbA==",
            "dependencies": [
              "module.sandbox_skeleton_state_buckets.module.kms_s3.aws_kms_key.this",
              "module.sandbox_skeleton_state_buckets.module.kms_s3.data.aws_caller_identity.current",
              "module.sandbox_skeleton_state_buckets.module.kms_s3.data.aws_iam_policy_document.combined_with_serviceprincipals_and_conditions",
              "module.sandbox_skeleton_state_buckets.module.kms_s3.data.aws_iam_policy_document.combined_with_viaservice_condition",
              "module.sandbox_skeleton_state_buckets.module.kms_s3.data.aws_iam_policy_document.general_policy",
              "module.sandbox_skeleton_state_buckets.module.s3_state_file_infrastructure.aws_s3_bucket.this",
              "module.sandbox_skeleton_state_buckets.module.s3_state_file_infrastructure.data.aws_caller_identity.current",
              "module.sandbox_skeleton_state_buckets.module.s3_state_file_infrastructure.data.aws_iam_policy_document.deny_unencrypted_state_operations"
            ]
          }
        ]
      },
      {
        "module": "module.sandbox_skeleton_state_buckets.module.s3_state_file_infrastructure",
        "mode": "managed",
        "type": "aws_s3_bucket_public_access_block",
        "name": "deny_access_public",
        "provider": "module.sandbox_skeleton_state_buckets.provider[\"registry.terraform.io/hashicorp/aws\"]",
        "instances": [
          {
            "schema_version": 0,
            "attributes": {
              "block_public_acls": true,
              "block_public_policy": true,
              "bucket": "sandbox-051939627954-apps-infrastructure-state-s3",
              "id": "sandbox-051939627954-apps-infrastructure-state-s3",
              "ignore_public_acls": true,
              "restrict_public_buckets": true
            },
            "sensitive_attributes": [],
            "private": "bnVsbA==",
            "dependencies": [
              "module.sandbox_skeleton_state_buckets.module.kms_s3.aws_kms_key.this",
              "module.sandbox_skeleton_state_buckets.module.kms_s3.data.aws_caller_identity.current",
              "module.sandbox_skeleton_state_buckets.module.kms_s3.data.aws_iam_policy_document.combined_with_serviceprincipals_and_conditions",
              "module.sandbox_skeleton_state_buckets.module.kms_s3.data.aws_iam_policy_document.combined_with_viaservice_condition",
              "module.sandbox_skeleton_state_buckets.module.kms_s3.data.aws_iam_policy_document.general_policy",
              "module.sandbox_skeleton_state_buckets.module.s3_state_file_infrastructure.aws_s3_bucket.this",
              "module.sandbox_skeleton_state_buckets.module.s3_state_file_infrastructure.data.aws_caller_identity.current"
            ]
          }
        ]
      },
      {
        "module": "module.sandbox_skeleton_state_buckets.module.s3_state_file_networking",
        "mode": "data",
        "type": "aws_caller_identity",
        "name": "current",
        "provider": "module.sandbox_skeleton_state_buckets.provider[\"registry.terraform.io/hashicorp/aws\"]",
        "instances": [
          {
            "schema_version": 0,
            "attributes": {
              "account_id": "051939627954",
              "arn": "arn:aws:sts::051939627954:assumed-role/AWSReservedSSO_AdministratorAccess_a6c05fba94b34a16/jennifer.nicholas@gft.com",
              "id": "051939627954",
              "user_id": "AROAQYF6X2OZCTIC6U4I5:jennifer.nicholas@gft.com"
            },
            "sensitive_attributes": []
          }
        ]
      },
      {
        "module": "module.sandbox_skeleton_state_buckets.module.s3_state_file_networking",
        "mode": "data",
        "type": "aws_iam_policy_document",
        "name": "deny_unencrypted_state_operations",
        "provider": "module.sandbox_skeleton_state_buckets.provider[\"registry.terraform.io/hashicorp/aws\"]",
        "instances": [
          {
            "schema_version": 0,
            "attributes": {
              "id": "382077099",
              "json": "{\n  \"Version\": \"2012-10-17\",\n  \"Statement\": [\n    {\n      \"Effect\": \"Deny\",\n      \"Action\": [\n        \"s3:PutObject\",\n        \"s3:GetObject\"\n      ],\n      \"Resource\": \"arn:aws:s3:::sandbox-051939627954-apps-networking-state-s3/*\",\n      \"Principal\": \"*\",\n      \"Condition\": {\n        \"ForAnyValue:Bool\": {\n          \"aws:SecureTransport\": \"false\"\n        },\n        \"NumericLessThan\": {\n          \"s3:TlsVersion\": \"1.2\"\n        }\n      }\n    }\n  ]\n}",
              "override_policy_documents": null,
              "policy_id": null,
              "source_policy_documents": null,
              "statement": [
                {
                  "actions": [
                    "s3:GetObject",
                    "s3:PutObject"
                  ],
                  "condition": [
                    {
                      "test": "ForAnyValue:Bool",
                      "values": [
                        "false"
                      ],
                      "variable": "aws:SecureTransport"
                    },
                    {
                      "test": "NumericLessThan",
                      "values": [
                        "1.2"
                      ],
                      "variable": "s3:TlsVersion"
                    }
                  ],
                  "effect": "Deny",
                  "not_actions": [],
                  "not_principals": [],
                  "not_resources": [],
                  "principals": [
                    {
                      "identifiers": [
                        "*"
                      ],
                      "type": "*"
                    }
                  ],
                  "resources": [
                    "arn:aws:s3:::sandbox-051939627954-apps-networking-state-s3/*"
                  ],
                  "sid": ""
                }
              ],
              "version": "2012-10-17"
            },
            "sensitive_attributes": []
          }
        ]
      },
      {
        "module": "module.sandbox_skeleton_state_buckets.module.s3_state_file_networking",
        "mode": "managed",
        "type": "aws_s3_bucket",
        "name": "this",
        "provider": "module.sandbox_skeleton_state_buckets.provider[\"registry.terraform.io/hashicorp/aws\"]",
        "instances": [
          {
            "schema_version": 0,
            "attributes": {
              "acceleration_status": "",
              "acl": "private",
              "arn": "arn:aws:s3:::sandbox-051939627954-apps-networking-state-s3",
              "bucket": "sandbox-051939627954-apps-networking-state-s3",
              "bucket_domain_name": "sandbox-051939627954-apps-networking-state-s3.s3.amazonaws.com",
              "bucket_prefix": "",
              "bucket_regional_domain_name": "sandbox-051939627954-apps-networking-state-s3.s3.eu-west-2.amazonaws.com",
              "cors_rule": [],
              "force_destroy": false,
              "grant": [
                {
                  "id": "13ae991dcfd68a12e4fa10fa7839bd8e2f6038253c22d9562b45da6bd8289f35",
                  "permissions": [
                    "FULL_CONTROL"
                  ],
                  "type": "CanonicalUser",
                  "uri": ""
                }
              ],
              "hosted_zone_id": "Z3GKZC51ZF0DB4",
              "id": "sandbox-051939627954-apps-networking-state-s3",
              "lifecycle_rule": [],
              "logging": [],
              "object_lock_configuration": [
                {
                  "object_lock_enabled": "Enabled",
                  "rule": []
                }
              ],
              "object_lock_enabled": true,
              "policy": "",
              "region": "eu-west-2",
              "replication_configuration": [],
              "request_payer": "BucketOwner",
              "server_side_encryption_configuration": [
                {
                  "rule": [
                    {
                      "apply_server_side_encryption_by_default": [
                        {
                          "kms_master_key_id": "arn:aws:kms:eu-west-2:051939627954:key/42563460-c8ad-4299-9a1b-2d499da4306d",
                          "sse_algorithm": "aws:kms"
                        }
                      ],
                      "bucket_key_enabled": false
                    }
                  ]
                }
              ],
              "tags": null,
              "tags_all": {
                "blx:created-by": "terraform",
                "blx:environment": "sandbox",
                "blx:owner": "all",
                "blx:repository-name": "tmuk-tf-spacelift-prerequisites",
                "blx:skeleton-name": "skeleton-state-buckets",
                "blx:tag-version": "1"
              },
              "timeouts": null,
              "versioning": [
                {
                  "enabled": true,
                  "mfa_delete": false
                }
              ],
              "website": [],
              "website_domain": null,
              "website_endpoint": null
            },
            "sensitive_attributes": [],
            "private": "eyJlMmJmYjczMC1lY2FhLTExZTYtOGY4OC0zNDM2M2JjN2M0YzAiOnsiY3JlYXRlIjoxMjAwMDAwMDAwMDAwLCJkZWxldGUiOjM2MDAwMDAwMDAwMDAsInJlYWQiOjEyMDAwMDAwMDAwMDAsInVwZGF0ZSI6MTIwMDAwMDAwMDAwMH19",
            "dependencies": [
              "module.sandbox_skeleton_state_buckets.module.kms_s3.aws_kms_key.this",
              "module.sandbox_skeleton_state_buckets.module.kms_s3.data.aws_caller_identity.current",
              "module.sandbox_skeleton_state_buckets.module.kms_s3.data.aws_iam_policy_document.combined_with_serviceprincipals_and_conditions",
              "module.sandbox_skeleton_state_buckets.module.kms_s3.data.aws_iam_policy_document.combined_with_viaservice_condition",
              "module.sandbox_skeleton_state_buckets.module.kms_s3.data.aws_iam_policy_document.general_policy",
              "module.sandbox_skeleton_state_buckets.module.s3_state_file_networking.data.aws_caller_identity.current"
            ]
          }
        ]
      },
      {
        "module": "module.sandbox_skeleton_state_buckets.module.s3_state_file_networking",
        "mode": "managed",
        "type": "aws_s3_bucket_policy",
        "name": "deny_unencrypted_state_operations_attachment",
        "provider": "module.sandbox_skeleton_state_buckets.provider[\"registry.terraform.io/hashicorp/aws\"]",
        "instances": [
          {
            "schema_version": 0,
            "attributes": {
              "bucket": "sandbox-051939627954-apps-networking-state-s3",
              "id": "sandbox-051939627954-apps-networking-state-s3",
              "policy": "{\"Statement\":[{\"Action\":[\"s3:PutObject\",\"s3:GetObject\"],\"Condition\":{\"ForAnyValue:Bool\":{\"aws:SecureTransport\":\"false\"},\"NumericLessThan\":{\"s3:TlsVersion\":\"1.2\"}},\"Effect\":\"Deny\",\"Principal\":\"*\",\"Resource\":\"arn:aws:s3:::sandbox-051939627954-apps-networking-state-s3/*\"}],\"Version\":\"2012-10-17\"}"
            },
            "sensitive_attributes": [],
            "private": "bnVsbA==",
            "dependencies": [
              "module.sandbox_skeleton_state_buckets.module.kms_s3.aws_kms_key.this",
              "module.sandbox_skeleton_state_buckets.module.kms_s3.data.aws_caller_identity.current",
              "module.sandbox_skeleton_state_buckets.module.kms_s3.data.aws_iam_policy_document.combined_with_serviceprincipals_and_conditions",
              "module.sandbox_skeleton_state_buckets.module.kms_s3.data.aws_iam_policy_document.combined_with_viaservice_condition",
              "module.sandbox_skeleton_state_buckets.module.kms_s3.data.aws_iam_policy_document.general_policy",
              "module.sandbox_skeleton_state_buckets.module.s3_state_file_networking.aws_s3_bucket.this",
              "module.sandbox_skeleton_state_buckets.module.s3_state_file_networking.data.aws_caller_identity.current",
              "module.sandbox_skeleton_state_buckets.module.s3_state_file_networking.data.aws_iam_policy_document.deny_unencrypted_state_operations"
            ]
          }
        ]
      },
      {
        "module": "module.sandbox_skeleton_state_buckets.module.s3_state_file_networking",
        "mode": "managed",
        "type": "aws_s3_bucket_public_access_block",
        "name": "deny_access_public",
        "provider": "module.sandbox_skeleton_state_buckets.provider[\"registry.terraform.io/hashicorp/aws\"]",
        "instances": [
          {
            "schema_version": 0,
            "attributes": {
              "block_public_acls": true,
              "block_public_policy": true,
              "bucket": "sandbox-051939627954-apps-networking-state-s3",
              "id": "sandbox-051939627954-apps-networking-state-s3",
              "ignore_public_acls": true,
              "restrict_public_buckets": true
            },
            "sensitive_attributes": [],
            "private": "bnVsbA==",
            "dependencies": [
              "module.sandbox_skeleton_state_buckets.module.kms_s3.aws_kms_key.this",
              "module.sandbox_skeleton_state_buckets.module.kms_s3.data.aws_caller_identity.current",
              "module.sandbox_skeleton_state_buckets.module.kms_s3.data.aws_iam_policy_document.combined_with_serviceprincipals_and_conditions",
              "module.sandbox_skeleton_state_buckets.module.kms_s3.data.aws_iam_policy_document.combined_with_viaservice_condition",
              "module.sandbox_skeleton_state_buckets.module.kms_s3.data.aws_iam_policy_document.general_policy",
              "module.sandbox_skeleton_state_buckets.module.s3_state_file_networking.aws_s3_bucket.this",
              "module.sandbox_skeleton_state_buckets.module.s3_state_file_networking.data.aws_caller_identity.current"
            ]
          }
        ]
      },
      {
        "module": "module.sandbox_skeleton_state_buckets.module.s3_state_file_observability",
        "mode": "data",
        "type": "aws_caller_identity",
        "name": "current",
        "provider": "module.sandbox_skeleton_state_buckets.provider[\"registry.terraform.io/hashicorp/aws\"]",
        "instances": [
          {
            "schema_version": 0,
            "attributes": {
              "account_id": "051939627954",
              "arn": "arn:aws:sts::051939627954:assumed-role/AWSReservedSSO_AdministratorAccess_a6c05fba94b34a16/jennifer.nicholas@gft.com",
              "id": "051939627954",
              "user_id": "AROAQYF6X2OZCTIC6U4I5:jennifer.nicholas@gft.com"
            },
            "sensitive_attributes": []
          }
        ]
      },
      {
        "module": "module.sandbox_skeleton_state_buckets.module.s3_state_file_observability",
        "mode": "data",
        "type": "aws_iam_policy_document",
        "name": "deny_unencrypted_state_operations",
        "provider": "module.sandbox_skeleton_state_buckets.provider[\"registry.terraform.io/hashicorp/aws\"]",
        "instances": [
          {
            "schema_version": 0,
            "attributes": {
              "id": "3638764709",
              "json": "{\n  \"Version\": \"2012-10-17\",\n  \"Statement\": [\n    {\n      \"Effect\": \"Deny\",\n      \"Action\": [\n        \"s3:PutObject\",\n        \"s3:GetObject\"\n      ],\n      \"Resource\": \"arn:aws:s3:::sandbox-051939627954-apps-observability-state-s3/*\",\n      \"Principal\": \"*\",\n      \"Condition\": {\n        \"ForAnyValue:Bool\": {\n          \"aws:SecureTransport\": \"false\"\n        },\n        \"NumericLessThan\": {\n          \"s3:TlsVersion\": \"1.2\"\n        }\n      }\n    }\n  ]\n}",
              "override_policy_documents": null,
              "policy_id": null,
              "source_policy_documents": null,
              "statement": [
                {
                  "actions": [
                    "s3:GetObject",
                    "s3:PutObject"
                  ],
                  "condition": [
                    {
                      "test": "ForAnyValue:Bool",
                      "values": [
                        "false"
                      ],
                      "variable": "aws:SecureTransport"
                    },
                    {
                      "test": "NumericLessThan",
                      "values": [
                        "1.2"
                      ],
                      "variable": "s3:TlsVersion"
                    }
                  ],
                  "effect": "Deny",
                  "not_actions": [],
                  "not_principals": [],
                  "not_resources": [],
                  "principals": [
                    {
                      "identifiers": [
                        "*"
                      ],
                      "type": "*"
                    }
                  ],
                  "resources": [
                    "arn:aws:s3:::sandbox-051939627954-apps-observability-state-s3/*"
                  ],
                  "sid": ""
                }
              ],
              "version": "2012-10-17"
            },
            "sensitive_attributes": []
          }
        ]
      },
      {
        "module": "module.sandbox_skeleton_state_buckets.module.s3_state_file_observability",
        "mode": "managed",
        "type": "aws_s3_bucket",
        "name": "this",
        "provider": "module.sandbox_skeleton_state_buckets.provider[\"registry.terraform.io/hashicorp/aws\"]",
        "instances": [
          {
            "schema_version": 0,
            "attributes": {
              "acceleration_status": "",
              "acl": "private",
              "arn": "arn:aws:s3:::sandbox-051939627954-apps-observability-state-s3",
              "bucket": "sandbox-051939627954-apps-observability-state-s3",
              "bucket_domain_name": "sandbox-051939627954-apps-observability-state-s3.s3.amazonaws.com",
              "bucket_prefix": "",
              "bucket_regional_domain_name": "sandbox-051939627954-apps-observability-state-s3.s3.eu-west-2.amazonaws.com",
              "cors_rule": [],
              "force_destroy": false,
              "grant": [
                {
                  "id": "13ae991dcfd68a12e4fa10fa7839bd8e2f6038253c22d9562b45da6bd8289f35",
                  "permissions": [
                    "FULL_CONTROL"
                  ],
                  "type": "CanonicalUser",
                  "uri": ""
                }
              ],
              "hosted_zone_id": "Z3GKZC51ZF0DB4",
              "id": "sandbox-051939627954-apps-observability-state-s3",
              "lifecycle_rule": [],
              "logging": [],
              "object_lock_configuration": [
                {
                  "object_lock_enabled": "Enabled",
                  "rule": []
                }
              ],
              "object_lock_enabled": true,
              "policy": "",
              "region": "eu-west-2",
              "replication_configuration": [],
              "request_payer": "BucketOwner",
              "server_side_encryption_configuration": [
                {
                  "rule": [
                    {
                      "apply_server_side_encryption_by_default": [
                        {
                          "kms_master_key_id": "arn:aws:kms:eu-west-2:051939627954:key/42563460-c8ad-4299-9a1b-2d499da4306d",
                          "sse_algorithm": "aws:kms"
                        }
                      ],
                      "bucket_key_enabled": false
                    }
                  ]
                }
              ],
              "tags": null,
              "tags_all": {
                "blx:created-by": "terraform",
                "blx:environment": "sandbox",
                "blx:owner": "all",
                "blx:repository-name": "tmuk-tf-spacelift-prerequisites",
                "blx:skeleton-name": "skeleton-state-buckets",
                "blx:tag-version": "1"
              },
              "timeouts": null,
              "versioning": [
                {
                  "enabled": true,
                  "mfa_delete": false
                }
              ],
              "website": [],
              "website_domain": null,
              "website_endpoint": null
            },
            "sensitive_attributes": [],
            "private": "eyJlMmJmYjczMC1lY2FhLTExZTYtOGY4OC0zNDM2M2JjN2M0YzAiOnsiY3JlYXRlIjoxMjAwMDAwMDAwMDAwLCJkZWxldGUiOjM2MDAwMDAwMDAwMDAsInJlYWQiOjEyMDAwMDAwMDAwMDAsInVwZGF0ZSI6MTIwMDAwMDAwMDAwMH19",
            "dependencies": [
              "module.sandbox_skeleton_state_buckets.module.kms_s3.aws_kms_key.this",
              "module.sandbox_skeleton_state_buckets.module.kms_s3.data.aws_caller_identity.current",
              "module.sandbox_skeleton_state_buckets.module.kms_s3.data.aws_iam_policy_document.combined_with_serviceprincipals_and_conditions",
              "module.sandbox_skeleton_state_buckets.module.kms_s3.data.aws_iam_policy_document.combined_with_viaservice_condition",
              "module.sandbox_skeleton_state_buckets.module.kms_s3.data.aws_iam_policy_document.general_policy",
              "module.sandbox_skeleton_state_buckets.module.s3_state_file_observability.data.aws_caller_identity.current"
            ]
          }
        ]
      },
      {
        "module": "module.sandbox_skeleton_state_buckets.module.s3_state_file_observability",
        "mode": "managed",
        "type": "aws_s3_bucket_policy",
        "name": "deny_unencrypted_state_operations_attachment",
        "provider": "module.sandbox_skeleton_state_buckets.provider[\"registry.terraform.io/hashicorp/aws\"]",
        "instances": [
          {
            "schema_version": 0,
            "attributes": {
              "bucket": "sandbox-051939627954-apps-observability-state-s3",
              "id": "sandbox-051939627954-apps-observability-state-s3",
              "policy": "{\"Statement\":[{\"Action\":[\"s3:PutObject\",\"s3:GetObject\"],\"Condition\":{\"ForAnyValue:Bool\":{\"aws:SecureTransport\":\"false\"},\"NumericLessThan\":{\"s3:TlsVersion\":\"1.2\"}},\"Effect\":\"Deny\",\"Principal\":\"*\",\"Resource\":\"arn:aws:s3:::sandbox-051939627954-apps-observability-state-s3/*\"}],\"Version\":\"2012-10-17\"}"
            },
            "sensitive_attributes": [],
            "private": "bnVsbA==",
            "dependencies": [
              "module.sandbox_skeleton_state_buckets.module.kms_s3.aws_kms_key.this",
              "module.sandbox_skeleton_state_buckets.module.kms_s3.data.aws_caller_identity.current",
              "module.sandbox_skeleton_state_buckets.module.kms_s3.data.aws_iam_policy_document.combined_with_serviceprincipals_and_conditions",
              "module.sandbox_skeleton_state_buckets.module.kms_s3.data.aws_iam_policy_document.combined_with_viaservice_condition",
              "module.sandbox_skeleton_state_buckets.module.kms_s3.data.aws_iam_policy_document.general_policy",
              "module.sandbox_skeleton_state_buckets.module.s3_state_file_observability.aws_s3_bucket.this",
              "module.sandbox_skeleton_state_buckets.module.s3_state_file_observability.data.aws_caller_identity.current",
              "module.sandbox_skeleton_state_buckets.module.s3_state_file_observability.data.aws_iam_policy_document.deny_unencrypted_state_operations"
            ]
          }
        ]
      },
      {
        "module": "module.sandbox_skeleton_state_buckets.module.s3_state_file_observability",
        "mode": "managed",
        "type": "aws_s3_bucket_public_access_block",
        "name": "deny_access_public",
        "provider": "module.sandbox_skeleton_state_buckets.provider[\"registry.terraform.io/hashicorp/aws\"]",
        "instances": [
          {
            "schema_version": 0,
            "attributes": {
              "block_public_acls": true,
              "block_public_policy": true,
              "bucket": "sandbox-051939627954-apps-observability-state-s3",
              "id": "sandbox-051939627954-apps-observability-state-s3",
              "ignore_public_acls": true,
              "restrict_public_buckets": true
            },
            "sensitive_attributes": [],
            "private": "bnVsbA==",
            "dependencies": [
              "module.sandbox_skeleton_state_buckets.module.kms_s3.aws_kms_key.this",
              "module.sandbox_skeleton_state_buckets.module.kms_s3.data.aws_caller_identity.current",
              "module.sandbox_skeleton_state_buckets.module.kms_s3.data.aws_iam_policy_document.combined_with_serviceprincipals_and_conditions",
              "module.sandbox_skeleton_state_buckets.module.kms_s3.data.aws_iam_policy_document.combined_with_viaservice_condition",
              "module.sandbox_skeleton_state_buckets.module.kms_s3.data.aws_iam_policy_document.general_policy",
              "module.sandbox_skeleton_state_buckets.module.s3_state_file_observability.aws_s3_bucket.this",
              "module.sandbox_skeleton_state_buckets.module.s3_state_file_observability.data.aws_caller_identity.current"
            ]
          }
        ]
      },
      {
        "module": "module.sandbox_tm_skeleton_state_buckets.module.dynamodb_state_file_infrastructure",
        "mode": "managed",
        "type": "aws_dynamodb_table",
        "name": "this",
        "provider": "module.sandbox_tm_skeleton_state_buckets.provider[\"registry.terraform.io/hashicorp/aws\"]",
        "instances": [
          {
            "schema_version": 1,
            "attributes": {
              "arn": "arn:aws:dynamodb:eu-west-2:051939627954:table/sandbox-tm-infrastructure-lock-table",
              "attribute": [
                {
                  "name": "LockID",
                  "type": "S"
                }
              ],
              "billing_mode": "PAY_PER_REQUEST",
              "deletion_protection_enabled": false,
              "global_secondary_index": [],
              "hash_key": "LockID",
              "id": "sandbox-tm-infrastructure-lock-table",
              "local_secondary_index": [],
              "name": "sandbox-tm-infrastructure-lock-table",
              "point_in_time_recovery": [
                {
                  "enabled": false
                }
              ],
              "range_key": null,
              "read_capacity": 0,
              "replica": [],
              "restore_date_time": null,
              "restore_source_name": null,
              "restore_to_latest_time": null,
              "server_side_encryption": [
                {
                  "enabled": true,
                  "kms_key_arn": "arn:aws:kms:eu-west-2:051939627954:key/639b1722-61af-42c3-88e1-cdbacfd62afc"
                }
              ],
              "stream_arn": "",
              "stream_enabled": false,
              "stream_label": "",
              "stream_view_type": "",
              "table_class": "STANDARD",
              "tags": {},
              "tags_all": {
                "blx:created-by": "terraform",
                "blx:environment": "sandbox",
                "blx:owner": "all",
                "blx:repository-name": "tmuk-tf-spacelift-prerequisites",
                "blx:skeleton-name": "tm-state-buckets",
                "blx:tag-version": "1"
              },
              "timeouts": null,
              "ttl": [
                {
                  "attribute_name": "",
                  "enabled": false
                }
              ],
              "write_capacity": 0
            },
            "sensitive_attributes": [],
            "private": "eyJlMmJmYjczMC1lY2FhLTExZTYtOGY4OC0zNDM2M2JjN2M0YzAiOnsiY3JlYXRlIjoxODAwMDAwMDAwMDAwLCJkZWxldGUiOjYwMDAwMDAwMDAwMCwidXBkYXRlIjozNjAwMDAwMDAwMDAwfSwic2NoZW1hX3ZlcnNpb24iOiIxIn0=",
            "dependencies": [
              "module.sandbox_tm_skeleton_state_buckets.module.kms_db.aws_kms_key.this",
              "module.sandbox_tm_skeleton_state_buckets.module.kms_db.data.aws_caller_identity.current",
              "module.sandbox_tm_skeleton_state_buckets.module.kms_db.data.aws_iam_policy_document.combined_with_serviceprincipals_and_conditions",
              "module.sandbox_tm_skeleton_state_buckets.module.kms_db.data.aws_iam_policy_document.combined_with_viaservice_condition",
              "module.sandbox_tm_skeleton_state_buckets.module.kms_db.data.aws_iam_policy_document.general_policy"
            ]
          }
        ]
      },
      {
        "module": "module.sandbox_tm_skeleton_state_buckets.module.dynamodb_state_file_networking",
        "mode": "managed",
        "type": "aws_dynamodb_table",
        "name": "this",
        "provider": "module.sandbox_tm_skeleton_state_buckets.provider[\"registry.terraform.io/hashicorp/aws\"]",
        "instances": [
          {
            "schema_version": 1,
            "attributes": {
              "arn": "arn:aws:dynamodb:eu-west-2:051939627954:table/sandbox-tm-networking-lock-table",
              "attribute": [
                {
                  "name": "LockID",
                  "type": "S"
                }
              ],
              "billing_mode": "PAY_PER_REQUEST",
              "deletion_protection_enabled": false,
              "global_secondary_index": [],
              "hash_key": "LockID",
              "id": "sandbox-tm-networking-lock-table",
              "local_secondary_index": [],
              "name": "sandbox-tm-networking-lock-table",
              "point_in_time_recovery": [
                {
                  "enabled": false
                }
              ],
              "range_key": null,
              "read_capacity": 0,
              "replica": [],
              "restore_date_time": null,
              "restore_source_name": null,
              "restore_to_latest_time": null,
              "server_side_encryption": [
                {
                  "enabled": true,
                  "kms_key_arn": "arn:aws:kms:eu-west-2:051939627954:key/639b1722-61af-42c3-88e1-cdbacfd62afc"
                }
              ],
              "stream_arn": "",
              "stream_enabled": false,
              "stream_label": "",
              "stream_view_type": "",
              "table_class": "STANDARD",
              "tags": {},
              "tags_all": {
                "blx:created-by": "terraform",
                "blx:environment": "sandbox",
                "blx:owner": "all",
                "blx:repository-name": "tmuk-tf-spacelift-prerequisites",
                "blx:skeleton-name": "tm-state-buckets",
                "blx:tag-version": "1"
              },
              "timeouts": null,
              "ttl": [
                {
                  "attribute_name": "",
                  "enabled": false
                }
              ],
              "write_capacity": 0
            },
            "sensitive_attributes": [],
            "private": "eyJlMmJmYjczMC1lY2FhLTExZTYtOGY4OC0zNDM2M2JjN2M0YzAiOnsiY3JlYXRlIjoxODAwMDAwMDAwMDAwLCJkZWxldGUiOjYwMDAwMDAwMDAwMCwidXBkYXRlIjozNjAwMDAwMDAwMDAwfSwic2NoZW1hX3ZlcnNpb24iOiIxIn0=",
            "dependencies": [
              "module.sandbox_tm_skeleton_state_buckets.module.kms_db.aws_kms_key.this",
              "module.sandbox_tm_skeleton_state_buckets.module.kms_db.data.aws_caller_identity.current",
              "module.sandbox_tm_skeleton_state_buckets.module.kms_db.data.aws_iam_policy_document.combined_with_serviceprincipals_and_conditions",
              "module.sandbox_tm_skeleton_state_buckets.module.kms_db.data.aws_iam_policy_document.combined_with_viaservice_condition",
              "module.sandbox_tm_skeleton_state_buckets.module.kms_db.data.aws_iam_policy_document.general_policy"
            ]
          }
        ]
      },
      {
        "module": "module.sandbox_tm_skeleton_state_buckets.module.kms_db",
        "mode": "data",
        "type": "aws_caller_identity",
        "name": "current",
        "provider": "module.sandbox_tm_skeleton_state_buckets.provider[\"registry.terraform.io/hashicorp/aws\"]",
        "instances": [
          {
            "schema_version": 0,
            "attributes": {
              "account_id": "051939627954",
              "arn": "arn:aws:sts::051939627954:assumed-role/AWSReservedSSO_AdministratorAccess_a6c05fba94b34a16/jennifer.nicholas@gft.com",
              "id": "051939627954",
              "user_id": "AROAQYF6X2OZCTIC6U4I5:jennifer.nicholas@gft.com"
            },
            "sensitive_attributes": []
          }
        ]
      },
      {
        "module": "module.sandbox_tm_skeleton_state_buckets.module.kms_db",
        "mode": "data",
        "type": "aws_iam_policy_document",
        "name": "combined_with_serviceprincipals_and_conditions",
        "provider": "module.sandbox_tm_skeleton_state_buckets.provider[\"registry.terraform.io/hashicorp/aws\"]",
        "instances": [
          {
            "schema_version": 0,
            "attributes": {
              "id": "2371832661",
              "json": "{\n  \"Version\": \"2012-10-17\",\n  \"Statement\": [\n    {\n      \"Sid\": \"Enable IAM Root User Permissions\",\n      \"Effect\": \"Allow\",\n      \"Action\": \"kms:*\",\n      \"Resource\": \"*\",\n      \"Principal\": {\n        \"AWS\": \"arn:aws:iam::051939627954:root\"\n      }\n    },\n    {\n      \"Sid\": \"Allow access for Key Administrators\",\n      \"Effect\": \"Allow\",\n      \"Action\": [\n        \"kms:Update*\",\n        \"kms:UntagResource\",\n        \"kms:TagResource\",\n        \"kms:ScheduleKeyDeletion\",\n        \"kms:Revoke*\",\n        \"kms:Put*\",\n        \"kms:List*\",\n        \"kms:Get*\",\n        \"kms:Enable*\",\n        \"kms:Disable*\",\n        \"kms:Describe*\",\n        \"kms:Delete*\",\n        \"kms:Create*\",\n        \"kms:CancelKeyDeletion\"\n      ],\n      \"Resource\": \"*\",\n      \"Principal\": {\n        \"AWS\": \"arn:aws:iam::051939627954:root\"\n      }\n    },\n    {\n      \"Sid\": \"Allow use of the key for decryption only\",\n      \"Effect\": \"Allow\",\n      \"Action\": \"kms:Decrypt\",\n      \"Resource\": \"*\",\n      \"Principal\": {\n        \"AWS\": \"arn:aws:iam::051939627954:root\"\n      }\n    }\n  ]\n}",
              "override_policy_documents": null,
              "policy_id": null,
              "source_policy_documents": [
                "{\n  \"Version\": \"2012-10-17\",\n  \"Statement\": [\n    {\n      \"Sid\": \"Enable IAM Root User Permissions\",\n      \"Effect\": \"Allow\",\n      \"Action\": \"kms:*\",\n      \"Resource\": \"*\",\n      \"Principal\": {\n        \"AWS\": \"arn:aws:iam::051939627954:root\"\n      }\n    },\n    {\n      \"Sid\": \"Allow access for Key Administrators\",\n      \"Effect\": \"Allow\",\n      \"Action\": [\n        \"kms:Update*\",\n        \"kms:UntagResource\",\n        \"kms:TagResource\",\n        \"kms:ScheduleKeyDeletion\",\n        \"kms:Revoke*\",\n        \"kms:Put*\",\n        \"kms:List*\",\n        \"kms:Get*\",\n        \"kms:Enable*\",\n        \"kms:Disable*\",\n        \"kms:Describe*\",\n        \"kms:Delete*\",\n        \"kms:Create*\",\n        \"kms:CancelKeyDeletion\"\n      ],\n      \"Resource\": \"*\",\n      \"Principal\": {\n        \"AWS\": \"arn:aws:iam::051939627954:root\"\n      }\n    },\n    {\n      \"Sid\": \"Allow use of the key for decryption only\",\n      \"Effect\": \"Allow\",\n      \"Action\": \"kms:Decrypt\",\n      \"Resource\": \"*\",\n      \"Principal\": {\n        \"AWS\": \"arn:aws:iam::051939627954:root\"\n      }\n    }\n  ]\n}"
              ],
              "statement": null,
              "version": "2012-10-17"
            },
            "sensitive_attributes": []
          }
        ]
      },
      {
        "module": "module.sandbox_tm_skeleton_state_buckets.module.kms_db",
        "mode": "data",
        "type": "aws_iam_policy_document",
        "name": "combined_with_viaservice_condition",
        "provider": "module.sandbox_tm_skeleton_state_buckets.provider[\"registry.terraform.io/hashicorp/aws\"]",
        "instances": [
          {
            "schema_version": 0,
            "attributes": {
              "id": "3943609323",
              "json": "{\n  \"Version\": \"2012-10-17\",\n  \"Statement\": [\n    {\n      \"Sid\": \"Enable IAM Root User Permissions\",\n      \"Effect\": \"Allow\",\n      \"Action\": \"kms:*\",\n      \"Resource\": \"*\",\n      \"Principal\": {\n        \"AWS\": \"arn:aws:iam::051939627954:root\"\n      }\n    },\n    {\n      \"Sid\": \"Allow access for Key Administrators\",\n      \"Effect\": \"Allow\",\n      \"Action\": [\n        \"kms:Update*\",\n        \"kms:UntagResource\",\n        \"kms:TagResource\",\n        \"kms:ScheduleKeyDeletion\",\n        \"kms:Revoke*\",\n        \"kms:Put*\",\n        \"kms:List*\",\n        \"kms:Get*\",\n        \"kms:Enable*\",\n        \"kms:Disable*\",\n        \"kms:Describe*\",\n        \"kms:Delete*\",\n        \"kms:Create*\",\n        \"kms:CancelKeyDeletion\"\n      ],\n      \"Resource\": \"*\",\n      \"Principal\": {\n        \"AWS\": \"arn:aws:iam::051939627954:root\"\n      }\n    },\n    {\n      \"Sid\": \"Allow use of the key for decryption only\",\n      \"Effect\": \"Allow\",\n      \"Action\": \"kms:Decrypt\",\n      \"Resource\": \"*\",\n      \"Principal\": {\n        \"AWS\": \"arn:aws:iam::051939627954:root\"\n      }\n    },\n    {\n      \"Effect\": \"Allow\",\n      \"Action\": [\n        \"kms:ReEncrypt\",\n        \"kms:GenerateDataKey*\",\n        \"kms:Encrypt\",\n        \"kms:DescribeKey\",\n        \"kms:Decrypt\",\n        \"kms:CreateGrant\"\n      ],\n      \"Resource\": \"*\",\n      \"Principal\": {\n        \"AWS\": \"*\"\n      },\n      \"Condition\": {\n        \"StringEquals\": {\n          \"kms:CallerAccount\": \"051939627954\",\n          \"kms:ViaService\": \"dynamodb.eu-west-2.amazonaws.com\"\n        }\n      }\n    }\n  ]\n}",
              "override_policy_documents": null,
              "policy_id": null,
              "source_policy_documents": [
                "{\n  \"Version\": \"2012-10-17\",\n  \"Statement\": [\n    {\n      \"Sid\": \"Enable IAM Root User Permissions\",\n      \"Effect\": \"Allow\",\n      \"Action\": \"kms:*\",\n      \"Resource\": \"*\",\n      \"Principal\": {\n        \"AWS\": \"arn:aws:iam::051939627954:root\"\n      }\n    },\n    {\n      \"Sid\": \"Allow access for Key Administrators\",\n      \"Effect\": \"Allow\",\n      \"Action\": [\n        \"kms:Update*\",\n        \"kms:UntagResource\",\n        \"kms:TagResource\",\n        \"kms:ScheduleKeyDeletion\",\n        \"kms:Revoke*\",\n        \"kms:Put*\",\n        \"kms:List*\",\n        \"kms:Get*\",\n        \"kms:Enable*\",\n        \"kms:Disable*\",\n        \"kms:Describe*\",\n        \"kms:Delete*\",\n        \"kms:Create*\",\n        \"kms:CancelKeyDeletion\"\n      ],\n      \"Resource\": \"*\",\n      \"Principal\": {\n        \"AWS\": \"arn:aws:iam::051939627954:root\"\n      }\n    },\n    {\n      \"Sid\": \"Allow use of the key for decryption only\",\n      \"Effect\": \"Allow\",\n      \"Action\": \"kms:Decrypt\",\n      \"Resource\": \"*\",\n      \"Principal\": {\n        \"AWS\": \"arn:aws:iam::051939627954:root\"\n      }\n    }\n  ]\n}"
              ],
              "statement": [
                {
                  "actions": [
                    "kms:CreateGrant",
                    "kms:Decrypt",
                    "kms:DescribeKey",
                    "kms:Encrypt",
                    "kms:GenerateDataKey*",
                    "kms:ReEncrypt"
                  ],
                  "condition": [
                    {
                      "test": "StringEquals",
                      "values": [
                        "051939627954"
                      ],
                      "variable": "kms:CallerAccount"
                    },
                    {
                      "test": "StringEquals",
                      "values": [
                        "dynamodb.eu-west-2.amazonaws.com"
                      ],
                      "variable": "kms:ViaService"
                    }
                  ],
                  "effect": "Allow",
                  "not_actions": [],
                  "not_principals": [],
                  "not_resources": [],
                  "principals": [
                    {
                      "identifiers": [
                        "*"
                      ],
                      "type": "AWS"
                    }
                  ],
                  "resources": [
                    "*"
                  ],
                  "sid": ""
                }
              ],
              "version": "2012-10-17"
            },
            "sensitive_attributes": []
          }
        ]
      },
      {
        "module": "module.sandbox_tm_skeleton_state_buckets.module.kms_db",
        "mode": "data",
        "type": "aws_iam_policy_document",
        "name": "general_policy",
        "provider": "module.sandbox_tm_skeleton_state_buckets.provider[\"registry.terraform.io/hashicorp/aws\"]",
        "instances": [
          {
            "schema_version": 0,
            "attributes": {
              "id": "2371832661",
              "json": "{\n  \"Version\": \"2012-10-17\",\n  \"Statement\": [\n    {\n      \"Sid\": \"Enable IAM Root User Permissions\",\n      \"Effect\": \"Allow\",\n      \"Action\": \"kms:*\",\n      \"Resource\": \"*\",\n      \"Principal\": {\n        \"AWS\": \"arn:aws:iam::051939627954:root\"\n      }\n    },\n    {\n      \"Sid\": \"Allow access for Key Administrators\",\n      \"Effect\": \"Allow\",\n      \"Action\": [\n        \"kms:Update*\",\n        \"kms:UntagResource\",\n        \"kms:TagResource\",\n        \"kms:ScheduleKeyDeletion\",\n        \"kms:Revoke*\",\n        \"kms:Put*\",\n        \"kms:List*\",\n        \"kms:Get*\",\n        \"kms:Enable*\",\n        \"kms:Disable*\",\n        \"kms:Describe*\",\n        \"kms:Delete*\",\n        \"kms:Create*\",\n        \"kms:CancelKeyDeletion\"\n      ],\n      \"Resource\": \"*\",\n      \"Principal\": {\n        \"AWS\": \"arn:aws:iam::051939627954:root\"\n      }\n    },\n    {\n      \"Sid\": \"Allow use of the key for decryption only\",\n      \"Effect\": \"Allow\",\n      \"Action\": \"kms:Decrypt\",\n      \"Resource\": \"*\",\n      \"Principal\": {\n        \"AWS\": \"arn:aws:iam::051939627954:root\"\n      }\n    }\n  ]\n}",
              "override_policy_documents": null,
              "policy_id": null,
              "source_policy_documents": null,
              "statement": [
                {
                  "actions": [
                    "kms:*"
                  ],
                  "condition": [],
                  "effect": "Allow",
                  "not_actions": [],
                  "not_principals": [],
                  "not_resources": [],
                  "principals": [
                    {
                      "identifiers": [
                        "arn:aws:iam::051939627954:root"
                      ],
                      "type": "AWS"
                    }
                  ],
                  "resources": [
                    "*"
                  ],
                  "sid": "Enable IAM Root User Permissions"
                },
                {
                  "actions": [
                    "kms:CancelKeyDeletion",
                    "kms:Create*",
                    "kms:Delete*",
                    "kms:Describe*",
                    "kms:Disable*",
                    "kms:Enable*",
                    "kms:Get*",
                    "kms:List*",
                    "kms:Put*",
                    "kms:Revoke*",
                    "kms:ScheduleKeyDeletion",
                    "kms:TagResource",
                    "kms:UntagResource",
                    "kms:Update*"
                  ],
                  "condition": [],
                  "effect": "Allow",
                  "not_actions": [],
                  "not_principals": [],
                  "not_resources": [],
                  "principals": [
                    {
                      "identifiers": [
                        "arn:aws:iam::051939627954:root"
                      ],
                      "type": "AWS"
                    }
                  ],
                  "resources": [
                    "*"
                  ],
                  "sid": "Allow access for Key Administrators"
                },
                {
                  "actions": [
                    "kms:Decrypt"
                  ],
                  "condition": [],
                  "effect": "Allow",
                  "not_actions": [],
                  "not_principals": [],
                  "not_resources": [],
                  "principals": [
                    {
                      "identifiers": [
                        "arn:aws:iam::051939627954:root"
                      ],
                      "type": "AWS"
                    }
                  ],
                  "resources": [
                    "*"
                  ],
                  "sid": "Allow use of the key for decryption only"
                }
              ],
              "version": "2012-10-17"
            },
            "sensitive_attributes": []
          }
        ]
      },
      {
        "module": "module.sandbox_tm_skeleton_state_buckets.module.kms_db",
        "mode": "managed",
        "type": "aws_kms_key",
        "name": "this",
        "provider": "module.sandbox_tm_skeleton_state_buckets.provider[\"registry.terraform.io/hashicorp/aws\"]",
        "instances": [
          {
            "schema_version": 0,
            "attributes": {
              "arn": "arn:aws:kms:eu-west-2:051939627954:key/639b1722-61af-42c3-88e1-cdbacfd62afc",
              "bypass_policy_lockout_safety_check": false,
              "custom_key_store_id": "",
              "customer_master_key_spec": "SYMMETRIC_DEFAULT",
              "deletion_window_in_days": null,
              "description": "KMS key to encrypt sandbox-tf-state dynamodb",
              "enable_key_rotation": true,
              "id": "639b1722-61af-42c3-88e1-cdbacfd62afc",
              "is_enabled": true,
              "key_id": "639b1722-61af-42c3-88e1-cdbacfd62afc",
              "key_usage": "ENCRYPT_DECRYPT",
              "multi_region": false,
              "policy": "{\"Statement\":[{\"Action\":\"kms:*\",\"Effect\":\"Allow\",\"Principal\":{\"AWS\":\"arn:aws:iam::051939627954:root\"},\"Resource\":\"*\",\"Sid\":\"Enable IAM Root User Permissions\"},{\"Action\":[\"kms:Update*\",\"kms:UntagResource\",\"kms:TagResource\",\"kms:ScheduleKeyDeletion\",\"kms:Revoke*\",\"kms:Put*\",\"kms:List*\",\"kms:Get*\",\"kms:Enable*\",\"kms:Disable*\",\"kms:Describe*\",\"kms:Delete*\",\"kms:Create*\",\"kms:CancelKeyDeletion\"],\"Effect\":\"Allow\",\"Principal\":{\"AWS\":\"arn:aws:iam::051939627954:root\"},\"Resource\":\"*\",\"Sid\":\"Allow access for Key Administrators\"},{\"Action\":\"kms:Decrypt\",\"Effect\":\"Allow\",\"Principal\":{\"AWS\":\"arn:aws:iam::051939627954:root\"},\"Resource\":\"*\",\"Sid\":\"Allow use of the key for decryption only\"},{\"Action\":[\"kms:ReEncrypt\",\"kms:GenerateDataKey*\",\"kms:Encrypt\",\"kms:DescribeKey\",\"kms:Decrypt\",\"kms:CreateGrant\"],\"Condition\":{\"StringEquals\":{\"kms:CallerAccount\":\"051939627954\",\"kms:ViaService\":\"dynamodb.eu-west-2.amazonaws.com\"}},\"Effect\":\"Allow\",\"Principal\":{\"AWS\":\"*\"},\"Resource\":\"*\"}],\"Version\":\"2012-10-17\"}",
              "tags": {},
              "tags_all": {
                "blx:created-by": "terraform",
                "blx:environment": "sandbox",
                "blx:owner": "all",
                "blx:repository-name": "tmuk-tf-spacelift-prerequisites",
                "blx:skeleton-name": "tm-state-buckets",
                "blx:tag-version": "1"
              }
            },
            "sensitive_attributes": [],
            "private": "bnVsbA==",
            "dependencies": [
              "module.sandbox_tm_skeleton_state_buckets.module.kms_db.data.aws_caller_identity.current",
              "module.sandbox_tm_skeleton_state_buckets.module.kms_db.data.aws_iam_policy_document.combined_with_serviceprincipals_and_conditions",
              "module.sandbox_tm_skeleton_state_buckets.module.kms_db.data.aws_iam_policy_document.combined_with_viaservice_condition",
              "module.sandbox_tm_skeleton_state_buckets.module.kms_db.data.aws_iam_policy_document.general_policy"
            ]
          }
        ]
      },
      {
        "module": "module.sandbox_tm_skeleton_state_buckets.module.kms_s3",
        "mode": "data",
        "type": "aws_caller_identity",
        "name": "current",
        "provider": "module.sandbox_tm_skeleton_state_buckets.provider[\"registry.terraform.io/hashicorp/aws\"]",
        "instances": [
          {
            "schema_version": 0,
            "attributes": {
              "account_id": "051939627954",
              "arn": "arn:aws:sts::051939627954:assumed-role/AWSReservedSSO_AdministratorAccess_a6c05fba94b34a16/jennifer.nicholas@gft.com",
              "id": "051939627954",
              "user_id": "AROAQYF6X2OZCTIC6U4I5:jennifer.nicholas@gft.com"
            },
            "sensitive_attributes": []
          }
        ]
      },
      {
        "module": "module.sandbox_tm_skeleton_state_buckets.module.kms_s3",
        "mode": "data",
        "type": "aws_iam_policy_document",
        "name": "combined_with_serviceprincipals_and_conditions",
        "provider": "module.sandbox_tm_skeleton_state_buckets.provider[\"registry.terraform.io/hashicorp/aws\"]",
        "instances": [
          {
            "schema_version": 0,
            "attributes": {
              "id": "2371832661",
              "json": "{\n  \"Version\": \"2012-10-17\",\n  \"Statement\": [\n    {\n      \"Sid\": \"Enable IAM Root User Permissions\",\n      \"Effect\": \"Allow\",\n      \"Action\": \"kms:*\",\n      \"Resource\": \"*\",\n      \"Principal\": {\n        \"AWS\": \"arn:aws:iam::051939627954:root\"\n      }\n    },\n    {\n      \"Sid\": \"Allow access for Key Administrators\",\n      \"Effect\": \"Allow\",\n      \"Action\": [\n        \"kms:Update*\",\n        \"kms:UntagResource\",\n        \"kms:TagResource\",\n        \"kms:ScheduleKeyDeletion\",\n        \"kms:Revoke*\",\n        \"kms:Put*\",\n        \"kms:List*\",\n        \"kms:Get*\",\n        \"kms:Enable*\",\n        \"kms:Disable*\",\n        \"kms:Describe*\",\n        \"kms:Delete*\",\n        \"kms:Create*\",\n        \"kms:CancelKeyDeletion\"\n      ],\n      \"Resource\": \"*\",\n      \"Principal\": {\n        \"AWS\": \"arn:aws:iam::051939627954:root\"\n      }\n    },\n    {\n      \"Sid\": \"Allow use of the key for decryption only\",\n      \"Effect\": \"Allow\",\n      \"Action\": \"kms:Decrypt\",\n      \"Resource\": \"*\",\n      \"Principal\": {\n        \"AWS\": \"arn:aws:iam::051939627954:root\"\n      }\n    }\n  ]\n}",
              "override_policy_documents": null,
              "policy_id": null,
              "source_policy_documents": [
                "{\n  \"Version\": \"2012-10-17\",\n  \"Statement\": [\n    {\n      \"Sid\": \"Enable IAM Root User Permissions\",\n      \"Effect\": \"Allow\",\n      \"Action\": \"kms:*\",\n      \"Resource\": \"*\",\n      \"Principal\": {\n        \"AWS\": \"arn:aws:iam::051939627954:root\"\n      }\n    },\n    {\n      \"Sid\": \"Allow access for Key Administrators\",\n      \"Effect\": \"Allow\",\n      \"Action\": [\n        \"kms:Update*\",\n        \"kms:UntagResource\",\n        \"kms:TagResource\",\n        \"kms:ScheduleKeyDeletion\",\n        \"kms:Revoke*\",\n        \"kms:Put*\",\n        \"kms:List*\",\n        \"kms:Get*\",\n        \"kms:Enable*\",\n        \"kms:Disable*\",\n        \"kms:Describe*\",\n        \"kms:Delete*\",\n        \"kms:Create*\",\n        \"kms:CancelKeyDeletion\"\n      ],\n      \"Resource\": \"*\",\n      \"Principal\": {\n        \"AWS\": \"arn:aws:iam::051939627954:root\"\n      }\n    },\n    {\n      \"Sid\": \"Allow use of the key for decryption only\",\n      \"Effect\": \"Allow\",\n      \"Action\": \"kms:Decrypt\",\n      \"Resource\": \"*\",\n      \"Principal\": {\n        \"AWS\": \"arn:aws:iam::051939627954:root\"\n      }\n    }\n  ]\n}"
              ],
              "statement": null,
              "version": "2012-10-17"
            },
            "sensitive_attributes": []
          }
        ]
      },
      {
        "module": "module.sandbox_tm_skeleton_state_buckets.module.kms_s3",
        "mode": "data",
        "type": "aws_iam_policy_document",
        "name": "combined_with_viaservice_condition",
        "provider": "module.sandbox_tm_skeleton_state_buckets.provider[\"registry.terraform.io/hashicorp/aws\"]",
        "instances": [
          {
            "schema_version": 0,
            "attributes": {
              "id": "832594133",
              "json": "{\n  \"Version\": \"2012-10-17\",\n  \"Statement\": [\n    {\n      \"Sid\": \"Enable IAM Root User Permissions\",\n      \"Effect\": \"Allow\",\n      \"Action\": \"kms:*\",\n      \"Resource\": \"*\",\n      \"Principal\": {\n        \"AWS\": \"arn:aws:iam::051939627954:root\"\n      }\n    },\n    {\n      \"Sid\": \"Allow access for Key Administrators\",\n      \"Effect\": \"Allow\",\n      \"Action\": [\n        \"kms:Update*\",\n        \"kms:UntagResource\",\n        \"kms:TagResource\",\n        \"kms:ScheduleKeyDeletion\",\n        \"kms:Revoke*\",\n        \"kms:Put*\",\n        \"kms:List*\",\n        \"kms:Get*\",\n        \"kms:Enable*\",\n        \"kms:Disable*\",\n        \"kms:Describe*\",\n        \"kms:Delete*\",\n        \"kms:Create*\",\n        \"kms:CancelKeyDeletion\"\n      ],\n      \"Resource\": \"*\",\n      \"Principal\": {\n        \"AWS\": \"arn:aws:iam::051939627954:root\"\n      }\n    },\n    {\n      \"Sid\": \"Allow use of the key for decryption only\",\n      \"Effect\": \"Allow\",\n      \"Action\": \"kms:Decrypt\",\n      \"Resource\": \"*\",\n      \"Principal\": {\n        \"AWS\": \"arn:aws:iam::051939627954:root\"\n      }\n    },\n    {\n      \"Effect\": \"Allow\",\n      \"Action\": [\n        \"kms:ReEncrypt\",\n        \"kms:GenerateDataKey*\",\n        \"kms:Encrypt\",\n        \"kms:DescribeKey\",\n        \"kms:Decrypt\",\n        \"kms:CreateGrant\"\n      ],\n      \"Resource\": \"*\",\n      \"Principal\": {\n        \"AWS\": \"*\"\n      },\n      \"Condition\": {\n        \"StringEquals\": {\n          \"kms:CallerAccount\": \"051939627954\",\n          \"kms:ViaService\": \"s3.eu-west-2.amazonaws.com\"\n        }\n      }\n    }\n  ]\n}",
              "override_policy_documents": null,
              "policy_id": null,
              "source_policy_documents": [
                "{\n  \"Version\": \"2012-10-17\",\n  \"Statement\": [\n    {\n      \"Sid\": \"Enable IAM Root User Permissions\",\n      \"Effect\": \"Allow\",\n      \"Action\": \"kms:*\",\n      \"Resource\": \"*\",\n      \"Principal\": {\n        \"AWS\": \"arn:aws:iam::051939627954:root\"\n      }\n    },\n    {\n      \"Sid\": \"Allow access for Key Administrators\",\n      \"Effect\": \"Allow\",\n      \"Action\": [\n        \"kms:Update*\",\n        \"kms:UntagResource\",\n        \"kms:TagResource\",\n        \"kms:ScheduleKeyDeletion\",\n        \"kms:Revoke*\",\n        \"kms:Put*\",\n        \"kms:List*\",\n        \"kms:Get*\",\n        \"kms:Enable*\",\n        \"kms:Disable*\",\n        \"kms:Describe*\",\n        \"kms:Delete*\",\n        \"kms:Create*\",\n        \"kms:CancelKeyDeletion\"\n      ],\n      \"Resource\": \"*\",\n      \"Principal\": {\n        \"AWS\": \"arn:aws:iam::051939627954:root\"\n      }\n    },\n    {\n      \"Sid\": \"Allow use of the key for decryption only\",\n      \"Effect\": \"Allow\",\n      \"Action\": \"kms:Decrypt\",\n      \"Resource\": \"*\",\n      \"Principal\": {\n        \"AWS\": \"arn:aws:iam::051939627954:root\"\n      }\n    }\n  ]\n}"
              ],
              "statement": [
                {
                  "actions": [
                    "kms:CreateGrant",
                    "kms:Decrypt",
                    "kms:DescribeKey",
                    "kms:Encrypt",
                    "kms:GenerateDataKey*",
                    "kms:ReEncrypt"
                  ],
                  "condition": [
                    {
                      "test": "StringEquals",
                      "values": [
                        "051939627954"
                      ],
                      "variable": "kms:CallerAccount"
                    },
                    {
                      "test": "StringEquals",
                      "values": [
                        "s3.eu-west-2.amazonaws.com"
                      ],
                      "variable": "kms:ViaService"
                    }
                  ],
                  "effect": "Allow",
                  "not_actions": [],
                  "not_principals": [],
                  "not_resources": [],
                  "principals": [
                    {
                      "identifiers": [
                        "*"
                      ],
                      "type": "AWS"
                    }
                  ],
                  "resources": [
                    "*"
                  ],
                  "sid": ""
                }
              ],
              "version": "2012-10-17"
            },
            "sensitive_attributes": []
          }
        ]
      },
      {
        "module": "module.sandbox_tm_skeleton_state_buckets.module.kms_s3",
        "mode": "data",
        "type": "aws_iam_policy_document",
        "name": "general_policy",
        "provider": "module.sandbox_tm_skeleton_state_buckets.provider[\"registry.terraform.io/hashicorp/aws\"]",
        "instances": [
          {
            "schema_version": 0,
            "attributes": {
              "id": "2371832661",
              "json": "{\n  \"Version\": \"2012-10-17\",\n  \"Statement\": [\n    {\n      \"Sid\": \"Enable IAM Root User Permissions\",\n      \"Effect\": \"Allow\",\n      \"Action\": \"kms:*\",\n      \"Resource\": \"*\",\n      \"Principal\": {\n        \"AWS\": \"arn:aws:iam::051939627954:root\"\n      }\n    },\n    {\n      \"Sid\": \"Allow access for Key Administrators\",\n      \"Effect\": \"Allow\",\n      \"Action\": [\n        \"kms:Update*\",\n        \"kms:UntagResource\",\n        \"kms:TagResource\",\n        \"kms:ScheduleKeyDeletion\",\n        \"kms:Revoke*\",\n        \"kms:Put*\",\n        \"kms:List*\",\n        \"kms:Get*\",\n        \"kms:Enable*\",\n        \"kms:Disable*\",\n        \"kms:Describe*\",\n        \"kms:Delete*\",\n        \"kms:Create*\",\n        \"kms:CancelKeyDeletion\"\n      ],\n      \"Resource\": \"*\",\n      \"Principal\": {\n        \"AWS\": \"arn:aws:iam::051939627954:root\"\n      }\n    },\n    {\n      \"Sid\": \"Allow use of the key for decryption only\",\n      \"Effect\": \"Allow\",\n      \"Action\": \"kms:Decrypt\",\n      \"Resource\": \"*\",\n      \"Principal\": {\n        \"AWS\": \"arn:aws:iam::051939627954:root\"\n      }\n    }\n  ]\n}",
              "override_policy_documents": null,
              "policy_id": null,
              "source_policy_documents": null,
              "statement": [
                {
                  "actions": [
                    "kms:*"
                  ],
                  "condition": [],
                  "effect": "Allow",
                  "not_actions": [],
                  "not_principals": [],
                  "not_resources": [],
                  "principals": [
                    {
                      "identifiers": [
                        "arn:aws:iam::051939627954:root"
                      ],
                      "type": "AWS"
                    }
                  ],
                  "resources": [
                    "*"
                  ],
                  "sid": "Enable IAM Root User Permissions"
                },
                {
                  "actions": [
                    "kms:CancelKeyDeletion",
                    "kms:Create*",
                    "kms:Delete*",
                    "kms:Describe*",
                    "kms:Disable*",
                    "kms:Enable*",
                    "kms:Get*",
                    "kms:List*",
                    "kms:Put*",
                    "kms:Revoke*",
                    "kms:ScheduleKeyDeletion",
                    "kms:TagResource",
                    "kms:UntagResource",
                    "kms:Update*"
                  ],
                  "condition": [],
                  "effect": "Allow",
                  "not_actions": [],
                  "not_principals": [],
                  "not_resources": [],
                  "principals": [
                    {
                      "identifiers": [
                        "arn:aws:iam::051939627954:root"
                      ],
                      "type": "AWS"
                    }
                  ],
                  "resources": [
                    "*"
                  ],
                  "sid": "Allow access for Key Administrators"
                },
                {
                  "actions": [
                    "kms:Decrypt"
                  ],
                  "condition": [],
                  "effect": "Allow",
                  "not_actions": [],
                  "not_principals": [],
                  "not_resources": [],
                  "principals": [
                    {
                      "identifiers": [
                        "arn:aws:iam::051939627954:root"
                      ],
                      "type": "AWS"
                    }
                  ],
                  "resources": [
                    "*"
                  ],
                  "sid": "Allow use of the key for decryption only"
                }
              ],
              "version": "2012-10-17"
            },
            "sensitive_attributes": []
          }
        ]
      },
      {
        "module": "module.sandbox_tm_skeleton_state_buckets.module.kms_s3",
        "mode": "managed",
        "type": "aws_kms_key",
        "name": "this",
        "provider": "module.sandbox_tm_skeleton_state_buckets.provider[\"registry.terraform.io/hashicorp/aws\"]",
        "instances": [
          {
            "schema_version": 0,
            "attributes": {
              "arn": "arn:aws:kms:eu-west-2:051939627954:key/62d3053b-b07b-4d85-a489-eafd0d261dbc",
              "bypass_policy_lockout_safety_check": false,
              "custom_key_store_id": "",
              "customer_master_key_spec": "SYMMETRIC_DEFAULT",
              "deletion_window_in_days": null,
              "description": "KMS key to encrypt sandbox-tf-state s3",
              "enable_key_rotation": true,
              "id": "62d3053b-b07b-4d85-a489-eafd0d261dbc",
              "is_enabled": true,
              "key_id": "62d3053b-b07b-4d85-a489-eafd0d261dbc",
              "key_usage": "ENCRYPT_DECRYPT",
              "multi_region": false,
              "policy": "{\"Statement\":[{\"Action\":\"kms:*\",\"Effect\":\"Allow\",\"Principal\":{\"AWS\":\"arn:aws:iam::051939627954:root\"},\"Resource\":\"*\",\"Sid\":\"Enable IAM Root User Permissions\"},{\"Action\":[\"kms:Update*\",\"kms:UntagResource\",\"kms:TagResource\",\"kms:ScheduleKeyDeletion\",\"kms:Revoke*\",\"kms:Put*\",\"kms:List*\",\"kms:Get*\",\"kms:Enable*\",\"kms:Disable*\",\"kms:Describe*\",\"kms:Delete*\",\"kms:Create*\",\"kms:CancelKeyDeletion\"],\"Effect\":\"Allow\",\"Principal\":{\"AWS\":\"arn:aws:iam::051939627954:root\"},\"Resource\":\"*\",\"Sid\":\"Allow access for Key Administrators\"},{\"Action\":\"kms:Decrypt\",\"Effect\":\"Allow\",\"Principal\":{\"AWS\":\"arn:aws:iam::051939627954:root\"},\"Resource\":\"*\",\"Sid\":\"Allow use of the key for decryption only\"},{\"Action\":[\"kms:ReEncrypt\",\"kms:GenerateDataKey*\",\"kms:Encrypt\",\"kms:DescribeKey\",\"kms:Decrypt\",\"kms:CreateGrant\"],\"Condition\":{\"StringEquals\":{\"kms:CallerAccount\":\"051939627954\",\"kms:ViaService\":\"s3.eu-west-2.amazonaws.com\"}},\"Effect\":\"Allow\",\"Principal\":{\"AWS\":\"*\"},\"Resource\":\"*\"}],\"Version\":\"2012-10-17\"}",
              "tags": {},
              "tags_all": {
                "blx:created-by": "terraform",
                "blx:environment": "sandbox",
                "blx:owner": "all",
                "blx:repository-name": "tmuk-tf-spacelift-prerequisites",
                "blx:skeleton-name": "tm-state-buckets",
                "blx:tag-version": "1"
              }
            },
            "sensitive_attributes": [],
            "private": "bnVsbA==",
            "dependencies": [
              "module.sandbox_tm_skeleton_state_buckets.module.kms_s3.data.aws_caller_identity.current",
              "module.sandbox_tm_skeleton_state_buckets.module.kms_s3.data.aws_iam_policy_document.combined_with_serviceprincipals_and_conditions",
              "module.sandbox_tm_skeleton_state_buckets.module.kms_s3.data.aws_iam_policy_document.combined_with_viaservice_condition",
              "module.sandbox_tm_skeleton_state_buckets.module.kms_s3.data.aws_iam_policy_document.general_policy"
            ]
          }
        ]
      },
      {
        "module": "module.sandbox_tm_skeleton_state_buckets.module.s3_state_file_infrastructure",
        "mode": "data",
        "type": "aws_caller_identity",
        "name": "current",
        "provider": "module.sandbox_tm_skeleton_state_buckets.provider[\"registry.terraform.io/hashicorp/aws\"]",
        "instances": [
          {
            "schema_version": 0,
            "attributes": {
              "account_id": "051939627954",
              "arn": "arn:aws:sts::051939627954:assumed-role/AWSReservedSSO_AdministratorAccess_a6c05fba94b34a16/jennifer.nicholas@gft.com",
              "id": "051939627954",
              "user_id": "AROAQYF6X2OZCTIC6U4I5:jennifer.nicholas@gft.com"
            },
            "sensitive_attributes": []
          }
        ]
      },
      {
        "module": "module.sandbox_tm_skeleton_state_buckets.module.s3_state_file_infrastructure",
        "mode": "data",
        "type": "aws_iam_policy_document",
        "name": "combined",
        "provider": "module.sandbox_tm_skeleton_state_buckets.provider[\"registry.terraform.io/hashicorp/aws\"]",
        "instances": [
          {
            "schema_version": 0,
            "attributes": {
              "id": "271650618",
              "json": "{\n  \"Version\": \"2012-10-17\",\n  \"Statement\": [\n    {\n      \"Effect\": \"Deny\",\n      \"Action\": [\n        \"s3:PutObject\",\n        \"s3:GetObject\"\n      ],\n      \"Resource\": \"arn:aws:s3:::sandbox-051939627954-tm-infrastructure-state-s3/*\",\n      \"Principal\": \"*\",\n      \"Condition\": {\n        \"ForAnyValue:Bool\": {\n          \"aws:SecureTransport\": \"false\"\n        },\n        \"NumericLessThan\": {\n          \"s3:TlsVersion\": \"1.2\"\n        }\n      }\n    }\n  ]\n}",
              "override_policy_documents": null,
              "policy_id": null,
              "source_policy_documents": [
                "{\n  \"Version\": \"2012-10-17\",\n  \"Statement\": [\n    {\n      \"Effect\": \"Deny\",\n      \"Action\": [\n        \"s3:PutObject\",\n        \"s3:GetObject\"\n      ],\n      \"Resource\": \"arn:aws:s3:::sandbox-051939627954-tm-infrastructure-state-s3/*\",\n      \"Principal\": \"*\",\n      \"Condition\": {\n        \"ForAnyValue:Bool\": {\n          \"aws:SecureTransport\": \"false\"\n        },\n        \"NumericLessThan\": {\n          \"s3:TlsVersion\": \"1.2\"\n        }\n      }\n    }\n  ]\n}",
                ""
              ],
              "statement": null,
              "version": "2012-10-17"
            },
            "sensitive_attributes": []
          }
        ]
      },
      {
        "module": "module.sandbox_tm_skeleton_state_buckets.module.s3_state_file_infrastructure",
        "mode": "data",
        "type": "aws_iam_policy_document",
        "name": "deny_unencrypted_operations",
        "provider": "module.sandbox_tm_skeleton_state_buckets.provider[\"registry.terraform.io/hashicorp/aws\"]",
        "instances": [
          {
            "schema_version": 0,
            "attributes": {
              "id": "271650618",
              "json": "{\n  \"Version\": \"2012-10-17\",\n  \"Statement\": [\n    {\n      \"Effect\": \"Deny\",\n      \"Action\": [\n        \"s3:PutObject\",\n        \"s3:GetObject\"\n      ],\n      \"Resource\": \"arn:aws:s3:::sandbox-051939627954-tm-infrastructure-state-s3/*\",\n      \"Principal\": \"*\",\n      \"Condition\": {\n        \"ForAnyValue:Bool\": {\n          \"aws:SecureTransport\": \"false\"\n        },\n        \"NumericLessThan\": {\n          \"s3:TlsVersion\": \"1.2\"\n        }\n      }\n    }\n  ]\n}",
              "override_policy_documents": null,
              "policy_id": null,
              "source_policy_documents": null,
              "statement": [
                {
                  "actions": [
                    "s3:GetObject",
                    "s3:PutObject"
                  ],
                  "condition": [
                    {
                      "test": "ForAnyValue:Bool",
                      "values": [
                        "false"
                      ],
                      "variable": "aws:SecureTransport"
                    },
                    {
                      "test": "NumericLessThan",
                      "values": [
                        "1.2"
                      ],
                      "variable": "s3:TlsVersion"
                    }
                  ],
                  "effect": "Deny",
                  "not_actions": [],
                  "not_principals": [],
                  "not_resources": [],
                  "principals": [
                    {
                      "identifiers": [
                        "*"
                      ],
                      "type": "*"
                    }
                  ],
                  "resources": [
                    "arn:aws:s3:::sandbox-051939627954-tm-infrastructure-state-s3/*"
                  ],
                  "sid": ""
                }
              ],
              "version": "2012-10-17"
            },
            "sensitive_attributes": []
          }
        ]
      },
      {
        "module": "module.sandbox_tm_skeleton_state_buckets.module.s3_state_file_infrastructure",
        "mode": "managed",
        "type": "aws_s3_bucket",
        "name": "this",
        "provider": "module.sandbox_tm_skeleton_state_buckets.provider[\"registry.terraform.io/hashicorp/aws\"]",
        "instances": [
          {
            "schema_version": 0,
            "attributes": {
              "acceleration_status": "",
              "acl": null,
              "arn": "arn:aws:s3:::sandbox-051939627954-tm-infrastructure-state-s3",
              "bucket": "sandbox-051939627954-tm-infrastructure-state-s3",
              "bucket_domain_name": "sandbox-051939627954-tm-infrastructure-state-s3.s3.amazonaws.com",
              "bucket_prefix": "",
              "bucket_regional_domain_name": "sandbox-051939627954-tm-infrastructure-state-s3.s3.eu-west-2.amazonaws.com",
              "cors_rule": [],
              "force_destroy": false,
              "grant": [
                {
                  "id": "13ae991dcfd68a12e4fa10fa7839bd8e2f6038253c22d9562b45da6bd8289f35",
                  "permissions": [
                    "FULL_CONTROL"
                  ],
                  "type": "CanonicalUser",
                  "uri": ""
                }
              ],
              "hosted_zone_id": "Z3GKZC51ZF0DB4",
              "id": "sandbox-051939627954-tm-infrastructure-state-s3",
              "lifecycle_rule": [],
              "logging": [],
              "object_lock_configuration": [
                {
                  "object_lock_enabled": "Enabled",
                  "rule": []
                }
              ],
              "object_lock_enabled": true,
              "policy": "",
              "region": "eu-west-2",
              "replication_configuration": [],
              "request_payer": "BucketOwner",
              "server_side_encryption_configuration": [
                {
                  "rule": [
                    {
                      "apply_server_side_encryption_by_default": [
                        {
                          "kms_master_key_id": "arn:aws:kms:eu-west-2:051939627954:key/62d3053b-b07b-4d85-a489-eafd0d261dbc",
                          "sse_algorithm": "aws:kms"
                        }
                      ],
                      "bucket_key_enabled": false
                    }
                  ]
                }
              ],
              "tags": {},
              "tags_all": {
                "blx:created-by": "terraform",
                "blx:environment": "sandbox",
                "blx:owner": "all",
                "blx:repository-name": "tmuk-tf-spacelift-prerequisites",
                "blx:skeleton-name": "tm-state-buckets",
                "blx:tag-version": "1"
              },
              "timeouts": null,
              "versioning": [
                {
                  "enabled": true,
                  "mfa_delete": false
                }
              ],
              "website": [],
              "website_domain": null,
              "website_endpoint": null
            },
            "sensitive_attributes": [],
            "private": "eyJlMmJmYjczMC1lY2FhLTExZTYtOGY4OC0zNDM2M2JjN2M0YzAiOnsiY3JlYXRlIjoxMjAwMDAwMDAwMDAwLCJkZWxldGUiOjM2MDAwMDAwMDAwMDAsInJlYWQiOjEyMDAwMDAwMDAwMDAsInVwZGF0ZSI6MTIwMDAwMDAwMDAwMH19",
            "dependencies": [
              "module.sandbox_tm_skeleton_state_buckets.module.s3_state_file_infrastructure.data.aws_caller_identity.current"
            ]
          }
        ]
      },
      {
        "module": "module.sandbox_tm_skeleton_state_buckets.module.s3_state_file_infrastructure",
        "mode": "managed",
        "type": "aws_s3_bucket_acl",
        "name": "this",
        "provider": "module.sandbox_tm_skeleton_state_buckets.provider[\"registry.terraform.io/hashicorp/aws\"]",
        "instances": [
          {
            "schema_version": 0,
            "attributes": {
              "access_control_policy": [
                {
                  "grant": [
                    {
                      "grantee": [
                        {
                          "display_name": "",
                          "email_address": "",
                          "id": "13ae991dcfd68a12e4fa10fa7839bd8e2f6038253c22d9562b45da6bd8289f35",
                          "type": "CanonicalUser",
                          "uri": ""
                        }
                      ],
                      "permission": "FULL_CONTROL"
                    }
                  ],
                  "owner": [
                    {
                      "display_name": "",
                      "id": "13ae991dcfd68a12e4fa10fa7839bd8e2f6038253c22d9562b45da6bd8289f35"
                    }
                  ]
                }
              ],
              "acl": "private",
              "bucket": "sandbox-051939627954-tm-infrastructure-state-s3",
              "expected_bucket_owner": "",
              "id": "sandbox-051939627954-tm-infrastructure-state-s3,private"
            },
            "sensitive_attributes": [],
            "private": "bnVsbA==",
            "dependencies": [
              "module.sandbox_tm_skeleton_state_buckets.module.s3_state_file_infrastructure.aws_s3_bucket.this",
              "module.sandbox_tm_skeleton_state_buckets.module.s3_state_file_infrastructure.aws_s3_bucket_ownership_controls.this",
              "module.sandbox_tm_skeleton_state_buckets.module.s3_state_file_infrastructure.data.aws_caller_identity.current"
            ]
          }
        ]
      },
      {
        "module": "module.sandbox_tm_skeleton_state_buckets.module.s3_state_file_infrastructure",
        "mode": "managed",
        "type": "aws_s3_bucket_object_lock_configuration",
        "name": "this",
        "provider": "module.sandbox_tm_skeleton_state_buckets.provider[\"registry.terraform.io/hashicorp/aws\"]",
        "instances": [
          {
            "index_key": 0,
            "schema_version": 0,
            "attributes": {
              "bucket": "sandbox-051939627954-tm-infrastructure-state-s3",
              "expected_bucket_owner": "",
              "id": "sandbox-051939627954-tm-infrastructure-state-s3",
              "object_lock_enabled": "Enabled",
              "rule": [],
              "token": null
            },
            "sensitive_attributes": [],
            "private": "bnVsbA==",
            "dependencies": [
              "module.sandbox_tm_skeleton_state_buckets.module.s3_state_file_infrastructure.aws_s3_bucket.this",
              "module.sandbox_tm_skeleton_state_buckets.module.s3_state_file_infrastructure.data.aws_caller_identity.current"
            ]
          }
        ]
      },
      {
        "module": "module.sandbox_tm_skeleton_state_buckets.module.s3_state_file_infrastructure",
        "mode": "managed",
        "type": "aws_s3_bucket_ownership_controls",
        "name": "this",
        "provider": "module.sandbox_tm_skeleton_state_buckets.provider[\"registry.terraform.io/hashicorp/aws\"]",
        "instances": [
          {
            "schema_version": 0,
            "attributes": {
              "bucket": "sandbox-051939627954-tm-infrastructure-state-s3",
              "id": "sandbox-051939627954-tm-infrastructure-state-s3",
              "rule": [
                {
                  "object_ownership": "BucketOwnerPreferred"
                }
              ]
            },
            "sensitive_attributes": [],
            "private": "bnVsbA==",
            "dependencies": [
              "module.sandbox_tm_skeleton_state_buckets.module.s3_state_file_infrastructure.aws_s3_bucket.this",
              "module.sandbox_tm_skeleton_state_buckets.module.s3_state_file_infrastructure.data.aws_caller_identity.current"
            ]
          }
        ]
      },
      {
        "module": "module.sandbox_tm_skeleton_state_buckets.module.s3_state_file_infrastructure",
        "mode": "managed",
        "type": "aws_s3_bucket_policy",
        "name": "combined",
        "provider": "module.sandbox_tm_skeleton_state_buckets.provider[\"registry.terraform.io/hashicorp/aws\"]",
        "instances": [
          {
            "schema_version": 0,
            "attributes": {
              "bucket": "sandbox-051939627954-tm-infrastructure-state-s3",
              "id": "sandbox-051939627954-tm-infrastructure-state-s3",
              "policy": "{\"Statement\":[{\"Action\":[\"s3:PutObject\",\"s3:GetObject\"],\"Condition\":{\"ForAnyValue:Bool\":{\"aws:SecureTransport\":\"false\"},\"NumericLessThan\":{\"s3:TlsVersion\":\"1.2\"}},\"Effect\":\"Deny\",\"Principal\":\"*\",\"Resource\":\"arn:aws:s3:::sandbox-051939627954-tm-infrastructure-state-s3/*\"}],\"Version\":\"2012-10-17\"}"
            },
            "sensitive_attributes": [],
            "private": "bnVsbA==",
            "dependencies": [
              "module.sandbox_tm_skeleton_state_buckets.module.s3_state_file_infrastructure.aws_s3_bucket.this",
              "module.sandbox_tm_skeleton_state_buckets.module.s3_state_file_infrastructure.data.aws_caller_identity.current",
              "module.sandbox_tm_skeleton_state_buckets.module.s3_state_file_infrastructure.data.aws_iam_policy_document.combined",
              "module.sandbox_tm_skeleton_state_buckets.module.s3_state_file_infrastructure.data.aws_iam_policy_document.deny_unencrypted_operations"
            ]
          }
        ]
      },
      {
        "module": "module.sandbox_tm_skeleton_state_buckets.module.s3_state_file_infrastructure",
        "mode": "managed",
        "type": "aws_s3_bucket_public_access_block",
        "name": "deny_access_public",
        "provider": "module.sandbox_tm_skeleton_state_buckets.provider[\"registry.terraform.io/hashicorp/aws\"]",
        "instances": [
          {
            "schema_version": 0,
            "attributes": {
              "block_public_acls": true,
              "block_public_policy": true,
              "bucket": "sandbox-051939627954-tm-infrastructure-state-s3",
              "id": "sandbox-051939627954-tm-infrastructure-state-s3",
              "ignore_public_acls": true,
              "restrict_public_buckets": true
            },
            "sensitive_attributes": [],
            "private": "bnVsbA==",
            "dependencies": [
              "module.sandbox_tm_skeleton_state_buckets.module.s3_state_file_infrastructure.aws_s3_bucket.this",
              "module.sandbox_tm_skeleton_state_buckets.module.s3_state_file_infrastructure.data.aws_caller_identity.current"
            ]
          }
        ]
      },
      {
        "module": "module.sandbox_tm_skeleton_state_buckets.module.s3_state_file_infrastructure",
        "mode": "managed",
        "type": "aws_s3_bucket_server_side_encryption_configuration",
        "name": "this",
        "provider": "module.sandbox_tm_skeleton_state_buckets.provider[\"registry.terraform.io/hashicorp/aws\"]",
        "instances": [
          {
            "schema_version": 0,
            "attributes": {
              "bucket": "sandbox-051939627954-tm-infrastructure-state-s3",
              "expected_bucket_owner": "",
              "id": "sandbox-051939627954-tm-infrastructure-state-s3",
              "rule": [
                {
                  "apply_server_side_encryption_by_default": [
                    {
                      "kms_master_key_id": "arn:aws:kms:eu-west-2:051939627954:key/62d3053b-b07b-4d85-a489-eafd0d261dbc",
                      "sse_algorithm": "aws:kms"
                    }
                  ],
                  "bucket_key_enabled": false
                }
              ]
            },
            "sensitive_attributes": [],
            "private": "bnVsbA==",
            "dependencies": [
              "module.sandbox_tm_skeleton_state_buckets.module.kms_s3.aws_kms_key.this",
              "module.sandbox_tm_skeleton_state_buckets.module.kms_s3.data.aws_caller_identity.current",
              "module.sandbox_tm_skeleton_state_buckets.module.kms_s3.data.aws_iam_policy_document.combined_with_serviceprincipals_and_conditions",
              "module.sandbox_tm_skeleton_state_buckets.module.kms_s3.data.aws_iam_policy_document.combined_with_viaservice_condition",
              "module.sandbox_tm_skeleton_state_buckets.module.kms_s3.data.aws_iam_policy_document.general_policy",
              "module.sandbox_tm_skeleton_state_buckets.module.s3_state_file_infrastructure.aws_s3_bucket.this",
              "module.sandbox_tm_skeleton_state_buckets.module.s3_state_file_infrastructure.data.aws_caller_identity.current"
            ]
          }
        ]
      },
      {
        "module": "module.sandbox_tm_skeleton_state_buckets.module.s3_state_file_infrastructure",
        "mode": "managed",
        "type": "aws_s3_bucket_versioning",
        "name": "this",
        "provider": "module.sandbox_tm_skeleton_state_buckets.provider[\"registry.terraform.io/hashicorp/aws\"]",
        "instances": [
          {
            "schema_version": 0,
            "attributes": {
              "bucket": "sandbox-051939627954-tm-infrastructure-state-s3",
              "expected_bucket_owner": "",
              "id": "sandbox-051939627954-tm-infrastructure-state-s3",
              "mfa": null,
              "versioning_configuration": [
                {
                  "mfa_delete": "Disabled",
                  "status": "Enabled"
                }
              ]
            },
            "sensitive_attributes": [],
            "private": "bnVsbA==",
            "dependencies": [
              "module.sandbox_tm_skeleton_state_buckets.module.s3_state_file_infrastructure.aws_s3_bucket.this",
              "module.sandbox_tm_skeleton_state_buckets.module.s3_state_file_infrastructure.data.aws_caller_identity.current"
            ]
          }
        ]
      },
      {
        "module": "module.sandbox_tm_skeleton_state_buckets.module.s3_state_file_networking",
        "mode": "data",
        "type": "aws_caller_identity",
        "name": "current",
        "provider": "module.sandbox_tm_skeleton_state_buckets.provider[\"registry.terraform.io/hashicorp/aws\"]",
        "instances": [
          {
            "schema_version": 0,
            "attributes": {
              "account_id": "051939627954",
              "arn": "arn:aws:sts::051939627954:assumed-role/AWSReservedSSO_AdministratorAccess_a6c05fba94b34a16/jennifer.nicholas@gft.com",
              "id": "051939627954",
              "user_id": "AROAQYF6X2OZCTIC6U4I5:jennifer.nicholas@gft.com"
            },
            "sensitive_attributes": []
          }
        ]
      },
      {
        "module": "module.sandbox_tm_skeleton_state_buckets.module.s3_state_file_networking",
        "mode": "data",
        "type": "aws_iam_policy_document",
        "name": "combined",
        "provider": "module.sandbox_tm_skeleton_state_buckets.provider[\"registry.terraform.io/hashicorp/aws\"]",
        "instances": [
          {
            "schema_version": 0,
            "attributes": {
              "id": "4103571353",
              "json": "{\n  \"Version\": \"2012-10-17\",\n  \"Statement\": [\n    {\n      \"Effect\": \"Deny\",\n      \"Action\": [\n        \"s3:PutObject\",\n        \"s3:GetObject\"\n      ],\n      \"Resource\": \"arn:aws:s3:::sandbox-051939627954-tm-networking-state-s3/*\",\n      \"Principal\": \"*\",\n      \"Condition\": {\n        \"ForAnyValue:Bool\": {\n          \"aws:SecureTransport\": \"false\"\n        },\n        \"NumericLessThan\": {\n          \"s3:TlsVersion\": \"1.2\"\n        }\n      }\n    }\n  ]\n}",
              "override_policy_documents": null,
              "policy_id": null,
              "source_policy_documents": [
                "{\n  \"Version\": \"2012-10-17\",\n  \"Statement\": [\n    {\n      \"Effect\": \"Deny\",\n      \"Action\": [\n        \"s3:PutObject\",\n        \"s3:GetObject\"\n      ],\n      \"Resource\": \"arn:aws:s3:::sandbox-051939627954-tm-networking-state-s3/*\",\n      \"Principal\": \"*\",\n      \"Condition\": {\n        \"ForAnyValue:Bool\": {\n          \"aws:SecureTransport\": \"false\"\n        },\n        \"NumericLessThan\": {\n          \"s3:TlsVersion\": \"1.2\"\n        }\n      }\n    }\n  ]\n}",
                ""
              ],
              "statement": null,
              "version": "2012-10-17"
            },
            "sensitive_attributes": []
          }
        ]
      },
      {
        "module": "module.sandbox_tm_skeleton_state_buckets.module.s3_state_file_networking",
        "mode": "data",
        "type": "aws_iam_policy_document",
        "name": "deny_unencrypted_operations",
        "provider": "module.sandbox_tm_skeleton_state_buckets.provider[\"registry.terraform.io/hashicorp/aws\"]",
        "instances": [
          {
            "schema_version": 0,
            "attributes": {
              "id": "4103571353",
              "json": "{\n  \"Version\": \"2012-10-17\",\n  \"Statement\": [\n    {\n      \"Effect\": \"Deny\",\n      \"Action\": [\n        \"s3:PutObject\",\n        \"s3:GetObject\"\n      ],\n      \"Resource\": \"arn:aws:s3:::sandbox-051939627954-tm-networking-state-s3/*\",\n      \"Principal\": \"*\",\n      \"Condition\": {\n        \"ForAnyValue:Bool\": {\n          \"aws:SecureTransport\": \"false\"\n        },\n        \"NumericLessThan\": {\n          \"s3:TlsVersion\": \"1.2\"\n        }\n      }\n    }\n  ]\n}",
              "override_policy_documents": null,
              "policy_id": null,
              "source_policy_documents": null,
              "statement": [
                {
                  "actions": [
                    "s3:GetObject",
                    "s3:PutObject"
                  ],
                  "condition": [
                    {
                      "test": "ForAnyValue:Bool",
                      "values": [
                        "false"
                      ],
                      "variable": "aws:SecureTransport"
                    },
                    {
                      "test": "NumericLessThan",
                      "values": [
                        "1.2"
                      ],
                      "variable": "s3:TlsVersion"
                    }
                  ],
                  "effect": "Deny",
                  "not_actions": [],
                  "not_principals": [],
                  "not_resources": [],
                  "principals": [
                    {
                      "identifiers": [
                        "*"
                      ],
                      "type": "*"
                    }
                  ],
                  "resources": [
                    "arn:aws:s3:::sandbox-051939627954-tm-networking-state-s3/*"
                  ],
                  "sid": ""
                }
              ],
              "version": "2012-10-17"
            },
            "sensitive_attributes": []
          }
        ]
      },
      {
        "module": "module.sandbox_tm_skeleton_state_buckets.module.s3_state_file_networking",
        "mode": "managed",
        "type": "aws_s3_bucket",
        "name": "this",
        "provider": "module.sandbox_tm_skeleton_state_buckets.provider[\"registry.terraform.io/hashicorp/aws\"]",
        "instances": [
          {
            "schema_version": 0,
            "attributes": {
              "acceleration_status": "",
              "acl": null,
              "arn": "arn:aws:s3:::sandbox-051939627954-tm-networking-state-s3",
              "bucket": "sandbox-051939627954-tm-networking-state-s3",
              "bucket_domain_name": "sandbox-051939627954-tm-networking-state-s3.s3.amazonaws.com",
              "bucket_prefix": "",
              "bucket_regional_domain_name": "sandbox-051939627954-tm-networking-state-s3.s3.eu-west-2.amazonaws.com",
              "cors_rule": [],
              "force_destroy": false,
              "grant": [
                {
                  "id": "13ae991dcfd68a12e4fa10fa7839bd8e2f6038253c22d9562b45da6bd8289f35",
                  "permissions": [
                    "FULL_CONTROL"
                  ],
                  "type": "CanonicalUser",
                  "uri": ""
                }
              ],
              "hosted_zone_id": "Z3GKZC51ZF0DB4",
              "id": "sandbox-051939627954-tm-networking-state-s3",
              "lifecycle_rule": [],
              "logging": [],
              "object_lock_configuration": [
                {
                  "object_lock_enabled": "Enabled",
                  "rule": []
                }
              ],
              "object_lock_enabled": true,
              "policy": "{\"Statement\":[{\"Action\":[\"s3:PutObject\",\"s3:GetObject\"],\"Condition\":{\"ForAnyValue:Bool\":{\"aws:SecureTransport\":\"false\"},\"NumericLessThan\":{\"s3:TlsVersion\":\"1.2\"}},\"Effect\":\"Deny\",\"Principal\":\"*\",\"Resource\":\"arn:aws:s3:::sandbox-051939627954-tm-networking-state-s3/*\"}],\"Version\":\"2012-10-17\"}",
              "region": "eu-west-2",
              "replication_configuration": [],
              "request_payer": "BucketOwner",
              "server_side_encryption_configuration": [
                {
                  "rule": [
                    {
                      "apply_server_side_encryption_by_default": [
                        {
                          "kms_master_key_id": "arn:aws:kms:eu-west-2:051939627954:key/62d3053b-b07b-4d85-a489-eafd0d261dbc",
                          "sse_algorithm": "aws:kms"
                        }
                      ],
                      "bucket_key_enabled": false
                    }
                  ]
                }
              ],
              "tags": {},
              "tags_all": {
                "blx:created-by": "terraform",
                "blx:environment": "sandbox",
                "blx:owner": "all",
                "blx:repository-name": "tmuk-tf-spacelift-prerequisites",
                "blx:skeleton-name": "tm-state-buckets",
                "blx:tag-version": "1"
              },
              "timeouts": null,
              "versioning": [
                {
                  "enabled": true,
                  "mfa_delete": false
                }
              ],
              "website": [],
              "website_domain": null,
              "website_endpoint": null
            },
            "sensitive_attributes": [],
            "private": "eyJlMmJmYjczMC1lY2FhLTExZTYtOGY4OC0zNDM2M2JjN2M0YzAiOnsiY3JlYXRlIjoxMjAwMDAwMDAwMDAwLCJkZWxldGUiOjM2MDAwMDAwMDAwMDAsInJlYWQiOjEyMDAwMDAwMDAwMDAsInVwZGF0ZSI6MTIwMDAwMDAwMDAwMH19",
            "dependencies": [
              "module.sandbox_tm_skeleton_state_buckets.module.s3_state_file_networking.data.aws_caller_identity.current"
            ]
          }
        ]
      },
      {
        "module": "module.sandbox_tm_skeleton_state_buckets.module.s3_state_file_networking",
        "mode": "managed",
        "type": "aws_s3_bucket_acl",
        "name": "this",
        "provider": "module.sandbox_tm_skeleton_state_buckets.provider[\"registry.terraform.io/hashicorp/aws\"]",
        "instances": [
          {
            "schema_version": 0,
            "attributes": {
              "access_control_policy": [
                {
                  "grant": [
                    {
                      "grantee": [
                        {
                          "display_name": "",
                          "email_address": "",
                          "id": "13ae991dcfd68a12e4fa10fa7839bd8e2f6038253c22d9562b45da6bd8289f35",
                          "type": "CanonicalUser",
                          "uri": ""
                        }
                      ],
                      "permission": "FULL_CONTROL"
                    }
                  ],
                  "owner": [
                    {
                      "display_name": "",
                      "id": "13ae991dcfd68a12e4fa10fa7839bd8e2f6038253c22d9562b45da6bd8289f35"
                    }
                  ]
                }
              ],
              "acl": "private",
              "bucket": "sandbox-051939627954-tm-networking-state-s3",
              "expected_bucket_owner": "",
              "id": "sandbox-051939627954-tm-networking-state-s3,private"
            },
            "sensitive_attributes": [],
            "private": "bnVsbA==",
            "dependencies": [
              "module.sandbox_tm_skeleton_state_buckets.module.s3_state_file_networking.aws_s3_bucket.this",
              "module.sandbox_tm_skeleton_state_buckets.module.s3_state_file_networking.aws_s3_bucket_ownership_controls.this",
              "module.sandbox_tm_skeleton_state_buckets.module.s3_state_file_networking.data.aws_caller_identity.current"
            ]
          }
        ]
      },
      {
        "module": "module.sandbox_tm_skeleton_state_buckets.module.s3_state_file_networking",
        "mode": "managed",
        "type": "aws_s3_bucket_object_lock_configuration",
        "name": "this",
        "provider": "module.sandbox_tm_skeleton_state_buckets.provider[\"registry.terraform.io/hashicorp/aws\"]",
        "instances": [
          {
            "index_key": 0,
            "schema_version": 0,
            "attributes": {
              "bucket": "sandbox-051939627954-tm-networking-state-s3",
              "expected_bucket_owner": "",
              "id": "sandbox-051939627954-tm-networking-state-s3",
              "object_lock_enabled": "Enabled",
              "rule": [],
              "token": null
            },
            "sensitive_attributes": [],
            "private": "bnVsbA==",
            "dependencies": [
              "module.sandbox_tm_skeleton_state_buckets.module.s3_state_file_networking.aws_s3_bucket.this",
              "module.sandbox_tm_skeleton_state_buckets.module.s3_state_file_networking.data.aws_caller_identity.current"
            ]
          }
        ]
      },
      {
        "module": "module.sandbox_tm_skeleton_state_buckets.module.s3_state_file_networking",
        "mode": "managed",
        "type": "aws_s3_bucket_ownership_controls",
        "name": "this",
        "provider": "module.sandbox_tm_skeleton_state_buckets.provider[\"registry.terraform.io/hashicorp/aws\"]",
        "instances": [
          {
            "schema_version": 0,
            "attributes": {
              "bucket": "sandbox-051939627954-tm-networking-state-s3",
              "id": "sandbox-051939627954-tm-networking-state-s3",
              "rule": [
                {
                  "object_ownership": "BucketOwnerPreferred"
                }
              ]
            },
            "sensitive_attributes": [],
            "private": "bnVsbA==",
            "dependencies": [
              "module.sandbox_tm_skeleton_state_buckets.module.s3_state_file_networking.aws_s3_bucket.this",
              "module.sandbox_tm_skeleton_state_buckets.module.s3_state_file_networking.data.aws_caller_identity.current"
            ]
          }
        ]
      },
      {
        "module": "module.sandbox_tm_skeleton_state_buckets.module.s3_state_file_networking",
        "mode": "managed",
        "type": "aws_s3_bucket_policy",
        "name": "combined",
        "provider": "module.sandbox_tm_skeleton_state_buckets.provider[\"registry.terraform.io/hashicorp/aws\"]",
        "instances": [
          {
            "schema_version": 0,
            "attributes": {
              "bucket": "sandbox-051939627954-tm-networking-state-s3",
              "id": "sandbox-051939627954-tm-networking-state-s3",
              "policy": "{\"Statement\":[{\"Action\":[\"s3:PutObject\",\"s3:GetObject\"],\"Condition\":{\"ForAnyValue:Bool\":{\"aws:SecureTransport\":\"false\"},\"NumericLessThan\":{\"s3:TlsVersion\":\"1.2\"}},\"Effect\":\"Deny\",\"Principal\":\"*\",\"Resource\":\"arn:aws:s3:::sandbox-051939627954-tm-networking-state-s3/*\"}],\"Version\":\"2012-10-17\"}"
            },
            "sensitive_attributes": [],
            "private": "bnVsbA==",
            "dependencies": [
              "module.sandbox_tm_skeleton_state_buckets.module.s3_state_file_networking.aws_s3_bucket.this",
              "module.sandbox_tm_skeleton_state_buckets.module.s3_state_file_networking.data.aws_caller_identity.current",
              "module.sandbox_tm_skeleton_state_buckets.module.s3_state_file_networking.data.aws_iam_policy_document.combined",
              "module.sandbox_tm_skeleton_state_buckets.module.s3_state_file_networking.data.aws_iam_policy_document.deny_unencrypted_operations"
            ]
          }
        ]
      },
      {
        "module": "module.sandbox_tm_skeleton_state_buckets.module.s3_state_file_networking",
        "mode": "managed",
        "type": "aws_s3_bucket_public_access_block",
        "name": "deny_access_public",
        "provider": "module.sandbox_tm_skeleton_state_buckets.provider[\"registry.terraform.io/hashicorp/aws\"]",
        "instances": [
          {
            "schema_version": 0,
            "attributes": {
              "block_public_acls": true,
              "block_public_policy": true,
              "bucket": "sandbox-051939627954-tm-networking-state-s3",
              "id": "sandbox-051939627954-tm-networking-state-s3",
              "ignore_public_acls": true,
              "restrict_public_buckets": true
            },
            "sensitive_attributes": [],
            "private": "bnVsbA==",
            "dependencies": [
              "module.sandbox_tm_skeleton_state_buckets.module.s3_state_file_networking.aws_s3_bucket.this",
              "module.sandbox_tm_skeleton_state_buckets.module.s3_state_file_networking.data.aws_caller_identity.current"
            ]
          }
        ]
      },
      {
        "module": "module.sandbox_tm_skeleton_state_buckets.module.s3_state_file_networking",
        "mode": "managed",
        "type": "aws_s3_bucket_server_side_encryption_configuration",
        "name": "this",
        "provider": "module.sandbox_tm_skeleton_state_buckets.provider[\"registry.terraform.io/hashicorp/aws\"]",
        "instances": [
          {
            "schema_version": 0,
            "attributes": {
              "bucket": "sandbox-051939627954-tm-networking-state-s3",
              "expected_bucket_owner": "",
              "id": "sandbox-051939627954-tm-networking-state-s3",
              "rule": [
                {
                  "apply_server_side_encryption_by_default": [
                    {
                      "kms_master_key_id": "arn:aws:kms:eu-west-2:051939627954:key/62d3053b-b07b-4d85-a489-eafd0d261dbc",
                      "sse_algorithm": "aws:kms"
                    }
                  ],
                  "bucket_key_enabled": false
                }
              ]
            },
            "sensitive_attributes": [],
            "private": "bnVsbA==",
            "dependencies": [
              "module.sandbox_tm_skeleton_state_buckets.module.kms_s3.aws_kms_key.this",
              "module.sandbox_tm_skeleton_state_buckets.module.kms_s3.data.aws_caller_identity.current",
              "module.sandbox_tm_skeleton_state_buckets.module.kms_s3.data.aws_iam_policy_document.combined_with_serviceprincipals_and_conditions",
              "module.sandbox_tm_skeleton_state_buckets.module.kms_s3.data.aws_iam_policy_document.combined_with_viaservice_condition",
              "module.sandbox_tm_skeleton_state_buckets.module.kms_s3.data.aws_iam_policy_document.general_policy",
              "module.sandbox_tm_skeleton_state_buckets.module.s3_state_file_networking.aws_s3_bucket.this",
              "module.sandbox_tm_skeleton_state_buckets.module.s3_state_file_networking.data.aws_caller_identity.current"
            ]
          }
        ]
      },
      {
        "module": "module.sandbox_tm_skeleton_state_buckets.module.s3_state_file_networking",
        "mode": "managed",
        "type": "aws_s3_bucket_versioning",
        "name": "this",
        "provider": "module.sandbox_tm_skeleton_state_buckets.provider[\"registry.terraform.io/hashicorp/aws\"]",
        "instances": [
          {
            "schema_version": 0,
            "attributes": {
              "bucket": "sandbox-051939627954-tm-networking-state-s3",
              "expected_bucket_owner": "",
              "id": "sandbox-051939627954-tm-networking-state-s3",
              "mfa": null,
              "versioning_configuration": [
                {
                  "mfa_delete": "Disabled",
                  "status": "Enabled"
                }
              ]
            },
            "sensitive_attributes": [],
            "private": "bnVsbA==",
            "dependencies": [
              "module.sandbox_tm_skeleton_state_buckets.module.s3_state_file_networking.aws_s3_bucket.this",
              "module.sandbox_tm_skeleton_state_buckets.module.s3_state_file_networking.data.aws_caller_identity.current"
            ]
          }
        ]
      },
      {
        "module": "module.shared-service-state-buckets.module.dynamodb_state_file_github_automations",
        "mode": "managed",
        "type": "aws_dynamodb_table",
        "name": "this",
        "provider": "module.shared-service-state-buckets.provider[\"registry.terraform.io/hashicorp/aws\"]",
        "instances": [
          {
            "schema_version": 1,
            "attributes": {
              "arn": "arn:aws:dynamodb:eu-west-2:051939627954:table/shared-service-github-automations-lock-table",
              "attribute": [
                {
                  "name": "LockID",
                  "type": "S"
                }
              ],
              "billing_mode": "PAY_PER_REQUEST",
              "deletion_protection_enabled": false,
              "global_secondary_index": [],
              "hash_key": "LockID",
              "id": "shared-service-github-automations-lock-table",
              "local_secondary_index": [],
              "name": "shared-service-github-automations-lock-table",
              "point_in_time_recovery": [
                {
                  "enabled": false
                }
              ],
              "range_key": null,
              "read_capacity": 0,
              "replica": [],
              "restore_date_time": null,
              "restore_source_name": null,
              "restore_to_latest_time": null,
              "server_side_encryption": [
                {
                  "enabled": true,
                  "kms_key_arn": "arn:aws:kms:eu-west-2:051939627954:key/92302e32-f781-4b69-b4e7-e96c3fc5eab2"
                }
              ],
              "stream_arn": "",
              "stream_enabled": false,
              "stream_label": "",
              "stream_view_type": "",
              "table_class": "STANDARD",
              "tags": null,
              "tags_all": {
                "blx:created-by": "terraform",
                "blx:environment": "shared-service",
                "blx:owner": "all",
                "blx:repository-name": "tmuk-tf-spacelift-prerequisites",
                "blx:skeleton-name": "shared-service-state-buckets",
                "blx:tag-version": "1"
              },
              "timeouts": null,
              "ttl": [
                {
                  "attribute_name": "",
                  "enabled": false
                }
              ],
              "write_capacity": 0
            },
            "sensitive_attributes": [],
            "private": "eyJlMmJmYjczMC1lY2FhLTExZTYtOGY4OC0zNDM2M2JjN2M0YzAiOnsiY3JlYXRlIjoxODAwMDAwMDAwMDAwLCJkZWxldGUiOjYwMDAwMDAwMDAwMCwidXBkYXRlIjozNjAwMDAwMDAwMDAwfSwic2NoZW1hX3ZlcnNpb24iOiIxIn0=",
            "dependencies": [
              "module.shared-service-state-buckets.module.kms_db.aws_kms_key.this",
              "module.shared-service-state-buckets.module.kms_db.data.aws_caller_identity.current",
              "module.shared-service-state-buckets.module.kms_db.data.aws_iam_policy_document.combined_with_serviceprincipals_and_conditions",
              "module.shared-service-state-buckets.module.kms_db.data.aws_iam_policy_document.combined_with_viaservice_condition",
              "module.shared-service-state-buckets.module.kms_db.data.aws_iam_policy_document.general_policy"
            ]
          }
        ]
      },
      {
        "module": "module.shared-service-state-buckets.module.dynamodb_state_file_infrastructure",
        "mode": "managed",
        "type": "aws_dynamodb_table",
        "name": "this",
        "provider": "module.shared-service-state-buckets.provider[\"registry.terraform.io/hashicorp/aws\"]",
        "instances": [
          {
            "schema_version": 1,
            "attributes": {
              "arn": "arn:aws:dynamodb:eu-west-2:051939627954:table/shared-service-infrastructure-lock-table",
              "attribute": [
                {
                  "name": "LockID",
                  "type": "S"
                }
              ],
              "billing_mode": "PAY_PER_REQUEST",
              "deletion_protection_enabled": false,
              "global_secondary_index": [],
              "hash_key": "LockID",
              "id": "shared-service-infrastructure-lock-table",
              "local_secondary_index": [],
              "name": "shared-service-infrastructure-lock-table",
              "point_in_time_recovery": [
                {
                  "enabled": false
                }
              ],
              "range_key": null,
              "read_capacity": 0,
              "replica": [],
              "restore_date_time": null,
              "restore_source_name": null,
              "restore_to_latest_time": null,
              "server_side_encryption": [
                {
                  "enabled": true,
                  "kms_key_arn": "arn:aws:kms:eu-west-2:051939627954:key/92302e32-f781-4b69-b4e7-e96c3fc5eab2"
                }
              ],
              "stream_arn": "",
              "stream_enabled": false,
              "stream_label": "",
              "stream_view_type": "",
              "table_class": "STANDARD",
              "tags": null,
              "tags_all": {
                "blx:created-by": "terraform",
                "blx:environment": "shared-service",
                "blx:owner": "all",
                "blx:repository-name": "tmuk-tf-spacelift-prerequisites",
                "blx:skeleton-name": "shared-service-state-buckets",
                "blx:tag-version": "1"
              },
              "timeouts": null,
              "ttl": [
                {
                  "attribute_name": "",
                  "enabled": false
                }
              ],
              "write_capacity": 0
            },
            "sensitive_attributes": [],
            "private": "eyJlMmJmYjczMC1lY2FhLTExZTYtOGY4OC0zNDM2M2JjN2M0YzAiOnsiY3JlYXRlIjoxODAwMDAwMDAwMDAwLCJkZWxldGUiOjYwMDAwMDAwMDAwMCwidXBkYXRlIjozNjAwMDAwMDAwMDAwfSwic2NoZW1hX3ZlcnNpb24iOiIxIn0=",
            "dependencies": [
              "module.shared-service-state-buckets.module.kms_db.aws_kms_key.this",
              "module.shared-service-state-buckets.module.kms_db.data.aws_caller_identity.current",
              "module.shared-service-state-buckets.module.kms_db.data.aws_iam_policy_document.combined_with_serviceprincipals_and_conditions",
              "module.shared-service-state-buckets.module.kms_db.data.aws_iam_policy_document.combined_with_viaservice_condition",
              "module.shared-service-state-buckets.module.kms_db.data.aws_iam_policy_document.general_policy"
            ]
          }
        ]
      },
      {
        "module": "module.shared-service-state-buckets.module.dynamodb_state_file_networking",
        "mode": "managed",
        "type": "aws_dynamodb_table",
        "name": "this",
        "provider": "module.shared-service-state-buckets.provider[\"registry.terraform.io/hashicorp/aws\"]",
        "instances": [
          {
            "schema_version": 1,
            "attributes": {
              "arn": "arn:aws:dynamodb:eu-west-2:051939627954:table/shared-service-networking-lock-table",
              "attribute": [
                {
                  "name": "LockID",
                  "type": "S"
                }
              ],
              "billing_mode": "PAY_PER_REQUEST",
              "deletion_protection_enabled": false,
              "global_secondary_index": [],
              "hash_key": "LockID",
              "id": "shared-service-networking-lock-table",
              "local_secondary_index": [],
              "name": "shared-service-networking-lock-table",
              "point_in_time_recovery": [
                {
                  "enabled": false
                }
              ],
              "range_key": null,
              "read_capacity": 0,
              "replica": [],
              "restore_date_time": null,
              "restore_source_name": null,
              "restore_to_latest_time": null,
              "server_side_encryption": [
                {
                  "enabled": true,
                  "kms_key_arn": "arn:aws:kms:eu-west-2:051939627954:key/92302e32-f781-4b69-b4e7-e96c3fc5eab2"
                }
              ],
              "stream_arn": "",
              "stream_enabled": false,
              "stream_label": "",
              "stream_view_type": "",
              "table_class": "STANDARD",
              "tags": null,
              "tags_all": {
                "blx:created-by": "terraform",
                "blx:environment": "shared-service",
                "blx:owner": "all",
                "blx:repository-name": "tmuk-tf-spacelift-prerequisites",
                "blx:skeleton-name": "shared-service-state-buckets",
                "blx:tag-version": "1"
              },
              "timeouts": null,
              "ttl": [
                {
                  "attribute_name": "",
                  "enabled": false
                }
              ],
              "write_capacity": 0
            },
            "sensitive_attributes": [],
            "private": "eyJlMmJmYjczMC1lY2FhLTExZTYtOGY4OC0zNDM2M2JjN2M0YzAiOnsiY3JlYXRlIjoxODAwMDAwMDAwMDAwLCJkZWxldGUiOjYwMDAwMDAwMDAwMCwidXBkYXRlIjozNjAwMDAwMDAwMDAwfSwic2NoZW1hX3ZlcnNpb24iOiIxIn0=",
            "dependencies": [
              "module.shared-service-state-buckets.module.kms_db.aws_kms_key.this",
              "module.shared-service-state-buckets.module.kms_db.data.aws_caller_identity.current",
              "module.shared-service-state-buckets.module.kms_db.data.aws_iam_policy_document.combined_with_serviceprincipals_and_conditions",
              "module.shared-service-state-buckets.module.kms_db.data.aws_iam_policy_document.combined_with_viaservice_condition",
              "module.shared-service-state-buckets.module.kms_db.data.aws_iam_policy_document.general_policy"
            ]
          }
        ]
      },
      {
        "module": "module.shared-service-state-buckets.module.dynamodb_state_file_observability",
        "mode": "managed",
        "type": "aws_dynamodb_table",
        "name": "this",
        "provider": "module.shared-service-state-buckets.provider[\"registry.terraform.io/hashicorp/aws\"]",
        "instances": [
          {
            "schema_version": 1,
            "attributes": {
              "arn": "arn:aws:dynamodb:eu-west-2:051939627954:table/shared-service-observability-lock-table",
              "attribute": [
                {
                  "name": "LockID",
                  "type": "S"
                }
              ],
              "billing_mode": "PAY_PER_REQUEST",
              "deletion_protection_enabled": false,
              "global_secondary_index": [],
              "hash_key": "LockID",
              "id": "shared-service-observability-lock-table",
              "local_secondary_index": [],
              "name": "shared-service-observability-lock-table",
              "point_in_time_recovery": [
                {
                  "enabled": false
                }
              ],
              "range_key": null,
              "read_capacity": 0,
              "replica": [],
              "restore_date_time": null,
              "restore_source_name": null,
              "restore_to_latest_time": null,
              "server_side_encryption": [
                {
                  "enabled": true,
                  "kms_key_arn": "arn:aws:kms:eu-west-2:051939627954:key/92302e32-f781-4b69-b4e7-e96c3fc5eab2"
                }
              ],
              "stream_arn": "",
              "stream_enabled": false,
              "stream_label": "",
              "stream_view_type": "",
              "table_class": "STANDARD",
              "tags": null,
              "tags_all": {
                "blx:created-by": "terraform",
                "blx:environment": "shared-service",
                "blx:owner": "all",
                "blx:repository-name": "tmuk-tf-spacelift-prerequisites",
                "blx:skeleton-name": "shared-service-state-buckets",
                "blx:tag-version": "1"
              },
              "timeouts": null,
              "ttl": [
                {
                  "attribute_name": "",
                  "enabled": false
                }
              ],
              "write_capacity": 0
            },
            "sensitive_attributes": [],
            "private": "eyJlMmJmYjczMC1lY2FhLTExZTYtOGY4OC0zNDM2M2JjN2M0YzAiOnsiY3JlYXRlIjoxODAwMDAwMDAwMDAwLCJkZWxldGUiOjYwMDAwMDAwMDAwMCwidXBkYXRlIjozNjAwMDAwMDAwMDAwfSwic2NoZW1hX3ZlcnNpb24iOiIxIn0=",
            "dependencies": [
              "module.shared-service-state-buckets.module.kms_db.aws_kms_key.this",
              "module.shared-service-state-buckets.module.kms_db.data.aws_caller_identity.current",
              "module.shared-service-state-buckets.module.kms_db.data.aws_iam_policy_document.combined_with_serviceprincipals_and_conditions",
              "module.shared-service-state-buckets.module.kms_db.data.aws_iam_policy_document.combined_with_viaservice_condition",
              "module.shared-service-state-buckets.module.kms_db.data.aws_iam_policy_document.general_policy"
            ]
          }
        ]
      },
      {
        "module": "module.shared-service-state-buckets.module.kms_db",
        "mode": "data",
        "type": "aws_caller_identity",
        "name": "current",
        "provider": "module.shared-service-state-buckets.provider[\"registry.terraform.io/hashicorp/aws\"]",
        "instances": [
          {
            "schema_version": 0,
            "attributes": {
              "account_id": "051939627954",
              "arn": "arn:aws:sts::051939627954:assumed-role/AWSReservedSSO_AdministratorAccess_a6c05fba94b34a16/jennifer.nicholas@gft.com",
              "id": "051939627954",
              "user_id": "AROAQYF6X2OZCTIC6U4I5:jennifer.nicholas@gft.com"
            },
            "sensitive_attributes": []
          }
        ]
      },
      {
        "module": "module.shared-service-state-buckets.module.kms_db",
        "mode": "data",
        "type": "aws_iam_policy_document",
        "name": "combined_with_serviceprincipals_and_conditions",
        "provider": "module.shared-service-state-buckets.provider[\"registry.terraform.io/hashicorp/aws\"]",
        "instances": [
          {
            "schema_version": 0,
            "attributes": {
              "id": "2371832661",
              "json": "{\n  \"Version\": \"2012-10-17\",\n  \"Statement\": [\n    {\n      \"Sid\": \"Enable IAM Root User Permissions\",\n      \"Effect\": \"Allow\",\n      \"Action\": \"kms:*\",\n      \"Resource\": \"*\",\n      \"Principal\": {\n        \"AWS\": \"arn:aws:iam::051939627954:root\"\n      }\n    },\n    {\n      \"Sid\": \"Allow access for Key Administrators\",\n      \"Effect\": \"Allow\",\n      \"Action\": [\n        \"kms:Update*\",\n        \"kms:UntagResource\",\n        \"kms:TagResource\",\n        \"kms:ScheduleKeyDeletion\",\n        \"kms:Revoke*\",\n        \"kms:Put*\",\n        \"kms:List*\",\n        \"kms:Get*\",\n        \"kms:Enable*\",\n        \"kms:Disable*\",\n        \"kms:Describe*\",\n        \"kms:Delete*\",\n        \"kms:Create*\",\n        \"kms:CancelKeyDeletion\"\n      ],\n      \"Resource\": \"*\",\n      \"Principal\": {\n        \"AWS\": \"arn:aws:iam::051939627954:root\"\n      }\n    },\n    {\n      \"Sid\": \"Allow use of the key for decryption only\",\n      \"Effect\": \"Allow\",\n      \"Action\": \"kms:Decrypt\",\n      \"Resource\": \"*\",\n      \"Principal\": {\n        \"AWS\": \"arn:aws:iam::051939627954:root\"\n      }\n    }\n  ]\n}",
              "override_policy_documents": null,
              "policy_id": null,
              "source_policy_documents": [
                "{\n  \"Version\": \"2012-10-17\",\n  \"Statement\": [\n    {\n      \"Sid\": \"Enable IAM Root User Permissions\",\n      \"Effect\": \"Allow\",\n      \"Action\": \"kms:*\",\n      \"Resource\": \"*\",\n      \"Principal\": {\n        \"AWS\": \"arn:aws:iam::051939627954:root\"\n      }\n    },\n    {\n      \"Sid\": \"Allow access for Key Administrators\",\n      \"Effect\": \"Allow\",\n      \"Action\": [\n        \"kms:Update*\",\n        \"kms:UntagResource\",\n        \"kms:TagResource\",\n        \"kms:ScheduleKeyDeletion\",\n        \"kms:Revoke*\",\n        \"kms:Put*\",\n        \"kms:List*\",\n        \"kms:Get*\",\n        \"kms:Enable*\",\n        \"kms:Disable*\",\n        \"kms:Describe*\",\n        \"kms:Delete*\",\n        \"kms:Create*\",\n        \"kms:CancelKeyDeletion\"\n      ],\n      \"Resource\": \"*\",\n      \"Principal\": {\n        \"AWS\": \"arn:aws:iam::051939627954:root\"\n      }\n    },\n    {\n      \"Sid\": \"Allow use of the key for decryption only\",\n      \"Effect\": \"Allow\",\n      \"Action\": \"kms:Decrypt\",\n      \"Resource\": \"*\",\n      \"Principal\": {\n        \"AWS\": \"arn:aws:iam::051939627954:root\"\n      }\n    }\n  ]\n}"
              ],
              "statement": null,
              "version": "2012-10-17"
            },
            "sensitive_attributes": []
          }
        ]
      },
      {
        "module": "module.shared-service-state-buckets.module.kms_db",
        "mode": "data",
        "type": "aws_iam_policy_document",
        "name": "combined_with_viaservice_condition",
        "provider": "module.shared-service-state-buckets.provider[\"registry.terraform.io/hashicorp/aws\"]",
        "instances": [
          {
            "schema_version": 0,
            "attributes": {
              "id": "3943609323",
              "json": "{\n  \"Version\": \"2012-10-17\",\n  \"Statement\": [\n    {\n      \"Sid\": \"Enable IAM Root User Permissions\",\n      \"Effect\": \"Allow\",\n      \"Action\": \"kms:*\",\n      \"Resource\": \"*\",\n      \"Principal\": {\n        \"AWS\": \"arn:aws:iam::051939627954:root\"\n      }\n    },\n    {\n      \"Sid\": \"Allow access for Key Administrators\",\n      \"Effect\": \"Allow\",\n      \"Action\": [\n        \"kms:Update*\",\n        \"kms:UntagResource\",\n        \"kms:TagResource\",\n        \"kms:ScheduleKeyDeletion\",\n        \"kms:Revoke*\",\n        \"kms:Put*\",\n        \"kms:List*\",\n        \"kms:Get*\",\n        \"kms:Enable*\",\n        \"kms:Disable*\",\n        \"kms:Describe*\",\n        \"kms:Delete*\",\n        \"kms:Create*\",\n        \"kms:CancelKeyDeletion\"\n      ],\n      \"Resource\": \"*\",\n      \"Principal\": {\n        \"AWS\": \"arn:aws:iam::051939627954:root\"\n      }\n    },\n    {\n      \"Sid\": \"Allow use of the key for decryption only\",\n      \"Effect\": \"Allow\",\n      \"Action\": \"kms:Decrypt\",\n      \"Resource\": \"*\",\n      \"Principal\": {\n        \"AWS\": \"arn:aws:iam::051939627954:root\"\n      }\n    },\n    {\n      \"Effect\": \"Allow\",\n      \"Action\": [\n        \"kms:ReEncrypt\",\n        \"kms:GenerateDataKey*\",\n        \"kms:Encrypt\",\n        \"kms:DescribeKey\",\n        \"kms:Decrypt\",\n        \"kms:CreateGrant\"\n      ],\n      \"Resource\": \"*\",\n      \"Principal\": {\n        \"AWS\": \"*\"\n      },\n      \"Condition\": {\n        \"StringEquals\": {\n          \"kms:CallerAccount\": \"051939627954\",\n          \"kms:ViaService\": \"dynamodb.eu-west-2.amazonaws.com\"\n        }\n      }\n    }\n  ]\n}",
              "override_policy_documents": null,
              "policy_id": null,
              "source_policy_documents": [
                "{\n  \"Version\": \"2012-10-17\",\n  \"Statement\": [\n    {\n      \"Sid\": \"Enable IAM Root User Permissions\",\n      \"Effect\": \"Allow\",\n      \"Action\": \"kms:*\",\n      \"Resource\": \"*\",\n      \"Principal\": {\n        \"AWS\": \"arn:aws:iam::051939627954:root\"\n      }\n    },\n    {\n      \"Sid\": \"Allow access for Key Administrators\",\n      \"Effect\": \"Allow\",\n      \"Action\": [\n        \"kms:Update*\",\n        \"kms:UntagResource\",\n        \"kms:TagResource\",\n        \"kms:ScheduleKeyDeletion\",\n        \"kms:Revoke*\",\n        \"kms:Put*\",\n        \"kms:List*\",\n        \"kms:Get*\",\n        \"kms:Enable*\",\n        \"kms:Disable*\",\n        \"kms:Describe*\",\n        \"kms:Delete*\",\n        \"kms:Create*\",\n        \"kms:CancelKeyDeletion\"\n      ],\n      \"Resource\": \"*\",\n      \"Principal\": {\n        \"AWS\": \"arn:aws:iam::051939627954:root\"\n      }\n    },\n    {\n      \"Sid\": \"Allow use of the key for decryption only\",\n      \"Effect\": \"Allow\",\n      \"Action\": \"kms:Decrypt\",\n      \"Resource\": \"*\",\n      \"Principal\": {\n        \"AWS\": \"arn:aws:iam::051939627954:root\"\n      }\n    }\n  ]\n}"
              ],
              "statement": [
                {
                  "actions": [
                    "kms:CreateGrant",
                    "kms:Decrypt",
                    "kms:DescribeKey",
                    "kms:Encrypt",
                    "kms:GenerateDataKey*",
                    "kms:ReEncrypt"
                  ],
                  "condition": [
                    {
                      "test": "StringEquals",
                      "values": [
                        "051939627954"
                      ],
                      "variable": "kms:CallerAccount"
                    },
                    {
                      "test": "StringEquals",
                      "values": [
                        "dynamodb.eu-west-2.amazonaws.com"
                      ],
                      "variable": "kms:ViaService"
                    }
                  ],
                  "effect": "Allow",
                  "not_actions": [],
                  "not_principals": [],
                  "not_resources": [],
                  "principals": [
                    {
                      "identifiers": [
                        "*"
                      ],
                      "type": "AWS"
                    }
                  ],
                  "resources": [
                    "*"
                  ],
                  "sid": ""
                }
              ],
              "version": "2012-10-17"
            },
            "sensitive_attributes": []
          }
        ]
      },
      {
        "module": "module.shared-service-state-buckets.module.kms_db",
        "mode": "data",
        "type": "aws_iam_policy_document",
        "name": "general_policy",
        "provider": "module.shared-service-state-buckets.provider[\"registry.terraform.io/hashicorp/aws\"]",
        "instances": [
          {
            "schema_version": 0,
            "attributes": {
              "id": "2371832661",
              "json": "{\n  \"Version\": \"2012-10-17\",\n  \"Statement\": [\n    {\n      \"Sid\": \"Enable IAM Root User Permissions\",\n      \"Effect\": \"Allow\",\n      \"Action\": \"kms:*\",\n      \"Resource\": \"*\",\n      \"Principal\": {\n        \"AWS\": \"arn:aws:iam::051939627954:root\"\n      }\n    },\n    {\n      \"Sid\": \"Allow access for Key Administrators\",\n      \"Effect\": \"Allow\",\n      \"Action\": [\n        \"kms:Update*\",\n        \"kms:UntagResource\",\n        \"kms:TagResource\",\n        \"kms:ScheduleKeyDeletion\",\n        \"kms:Revoke*\",\n        \"kms:Put*\",\n        \"kms:List*\",\n        \"kms:Get*\",\n        \"kms:Enable*\",\n        \"kms:Disable*\",\n        \"kms:Describe*\",\n        \"kms:Delete*\",\n        \"kms:Create*\",\n        \"kms:CancelKeyDeletion\"\n      ],\n      \"Resource\": \"*\",\n      \"Principal\": {\n        \"AWS\": \"arn:aws:iam::051939627954:root\"\n      }\n    },\n    {\n      \"Sid\": \"Allow use of the key for decryption only\",\n      \"Effect\": \"Allow\",\n      \"Action\": \"kms:Decrypt\",\n      \"Resource\": \"*\",\n      \"Principal\": {\n        \"AWS\": \"arn:aws:iam::051939627954:root\"\n      }\n    }\n  ]\n}",
              "override_policy_documents": null,
              "policy_id": null,
              "source_policy_documents": null,
              "statement": [
                {
                  "actions": [
                    "kms:*"
                  ],
                  "condition": [],
                  "effect": "Allow",
                  "not_actions": [],
                  "not_principals": [],
                  "not_resources": [],
                  "principals": [
                    {
                      "identifiers": [
                        "arn:aws:iam::051939627954:root"
                      ],
                      "type": "AWS"
                    }
                  ],
                  "resources": [
                    "*"
                  ],
                  "sid": "Enable IAM Root User Permissions"
                },
                {
                  "actions": [
                    "kms:CancelKeyDeletion",
                    "kms:Create*",
                    "kms:Delete*",
                    "kms:Describe*",
                    "kms:Disable*",
                    "kms:Enable*",
                    "kms:Get*",
                    "kms:List*",
                    "kms:Put*",
                    "kms:Revoke*",
                    "kms:ScheduleKeyDeletion",
                    "kms:TagResource",
                    "kms:UntagResource",
                    "kms:Update*"
                  ],
                  "condition": [],
                  "effect": "Allow",
                  "not_actions": [],
                  "not_principals": [],
                  "not_resources": [],
                  "principals": [
                    {
                      "identifiers": [
                        "arn:aws:iam::051939627954:root"
                      ],
                      "type": "AWS"
                    }
                  ],
                  "resources": [
                    "*"
                  ],
                  "sid": "Allow access for Key Administrators"
                },
                {
                  "actions": [
                    "kms:Decrypt"
                  ],
                  "condition": [],
                  "effect": "Allow",
                  "not_actions": [],
                  "not_principals": [],
                  "not_resources": [],
                  "principals": [
                    {
                      "identifiers": [
                        "arn:aws:iam::051939627954:root"
                      ],
                      "type": "AWS"
                    }
                  ],
                  "resources": [
                    "*"
                  ],
                  "sid": "Allow use of the key for decryption only"
                }
              ],
              "version": "2012-10-17"
            },
            "sensitive_attributes": []
          }
        ]
      },
      {
        "module": "module.shared-service-state-buckets.module.kms_db",
        "mode": "managed",
        "type": "aws_kms_alias",
        "name": "this",
        "provider": "module.shared-service-state-buckets.provider[\"registry.terraform.io/hashicorp/aws\"]",
        "instances": [
          {
            "schema_version": 0,
            "attributes": {
              "arn": "arn:aws:kms:eu-west-2:051939627954:alias/shared-service-tf-state-dynamodb",
              "id": "alias/shared-service-tf-state-dynamodb",
              "name": "alias/shared-service-tf-state-dynamodb",
              "name_prefix": "",
              "target_key_arn": "arn:aws:kms:eu-west-2:051939627954:key/92302e32-f781-4b69-b4e7-e96c3fc5eab2",
              "target_key_id": "92302e32-f781-4b69-b4e7-e96c3fc5eab2"
            },
            "sensitive_attributes": [],
            "private": "bnVsbA==",
            "dependencies": [
              "module.shared-service-state-buckets.module.kms_db.aws_kms_key.this",
              "module.shared-service-state-buckets.module.kms_db.data.aws_caller_identity.current",
              "module.shared-service-state-buckets.module.kms_db.data.aws_iam_policy_document.combined_with_serviceprincipals_and_conditions",
              "module.shared-service-state-buckets.module.kms_db.data.aws_iam_policy_document.combined_with_viaservice_condition",
              "module.shared-service-state-buckets.module.kms_db.data.aws_iam_policy_document.general_policy"
            ]
          }
        ]
      },
      {
        "module": "module.shared-service-state-buckets.module.kms_db",
        "mode": "managed",
        "type": "aws_kms_key",
        "name": "this",
        "provider": "module.shared-service-state-buckets.provider[\"registry.terraform.io/hashicorp/aws\"]",
        "instances": [
          {
            "schema_version": 0,
            "attributes": {
              "arn": "arn:aws:kms:eu-west-2:051939627954:key/92302e32-f781-4b69-b4e7-e96c3fc5eab2",
              "bypass_policy_lockout_safety_check": false,
              "custom_key_store_id": "",
              "customer_master_key_spec": "SYMMETRIC_DEFAULT",
              "deletion_window_in_days": null,
              "description": "KMS key to encrypt shared-service-tf-state dynamodb",
              "enable_key_rotation": true,
              "id": "92302e32-f781-4b69-b4e7-e96c3fc5eab2",
              "is_enabled": true,
              "key_id": "92302e32-f781-4b69-b4e7-e96c3fc5eab2",
              "key_usage": "ENCRYPT_DECRYPT",
              "multi_region": false,
              "policy": "{\"Statement\":[{\"Action\":\"kms:*\",\"Effect\":\"Allow\",\"Principal\":{\"AWS\":\"arn:aws:iam::051939627954:root\"},\"Resource\":\"*\",\"Sid\":\"Enable IAM Root User Permissions\"},{\"Action\":[\"kms:Update*\",\"kms:UntagResource\",\"kms:TagResource\",\"kms:ScheduleKeyDeletion\",\"kms:Revoke*\",\"kms:Put*\",\"kms:List*\",\"kms:Get*\",\"kms:Enable*\",\"kms:Disable*\",\"kms:Describe*\",\"kms:Delete*\",\"kms:Create*\",\"kms:CancelKeyDeletion\"],\"Effect\":\"Allow\",\"Principal\":{\"AWS\":\"arn:aws:iam::051939627954:root\"},\"Resource\":\"*\",\"Sid\":\"Allow access for Key Administrators\"},{\"Action\":\"kms:Decrypt\",\"Effect\":\"Allow\",\"Principal\":{\"AWS\":\"arn:aws:iam::051939627954:root\"},\"Resource\":\"*\",\"Sid\":\"Allow use of the key for decryption only\"},{\"Action\":[\"kms:ReEncrypt\",\"kms:GenerateDataKey*\",\"kms:Encrypt\",\"kms:DescribeKey\",\"kms:Decrypt\",\"kms:CreateGrant\"],\"Condition\":{\"StringEquals\":{\"kms:CallerAccount\":\"051939627954\",\"kms:ViaService\":\"dynamodb.eu-west-2.amazonaws.com\"}},\"Effect\":\"Allow\",\"Principal\":{\"AWS\":\"*\"},\"Resource\":\"*\"}],\"Version\":\"2012-10-17\"}",
              "tags": null,
              "tags_all": {
                "blx:created-by": "terraform",
                "blx:environment": "shared-service",
                "blx:owner": "all",
                "blx:repository-name": "tmuk-tf-spacelift-prerequisites",
                "blx:skeleton-name": "shared-service-state-buckets",
                "blx:tag-version": "1"
              }
            },
            "sensitive_attributes": [],
            "private": "bnVsbA==",
            "dependencies": [
              "module.shared-service-state-buckets.module.kms_db.data.aws_caller_identity.current",
              "module.shared-service-state-buckets.module.kms_db.data.aws_iam_policy_document.combined_with_serviceprincipals_and_conditions",
              "module.shared-service-state-buckets.module.kms_db.data.aws_iam_policy_document.combined_with_viaservice_condition",
              "module.shared-service-state-buckets.module.kms_db.data.aws_iam_policy_document.general_policy"
            ]
          }
        ]
      },
      {
        "module": "module.shared-service-state-buckets.module.kms_s3",
        "mode": "data",
        "type": "aws_caller_identity",
        "name": "current",
        "provider": "module.shared-service-state-buckets.provider[\"registry.terraform.io/hashicorp/aws\"]",
        "instances": [
          {
            "schema_version": 0,
            "attributes": {
              "account_id": "051939627954",
              "arn": "arn:aws:sts::051939627954:assumed-role/AWSReservedSSO_AdministratorAccess_a6c05fba94b34a16/jennifer.nicholas@gft.com",
              "id": "051939627954",
              "user_id": "AROAQYF6X2OZCTIC6U4I5:jennifer.nicholas@gft.com"
            },
            "sensitive_attributes": []
          }
        ]
      },
      {
        "module": "module.shared-service-state-buckets.module.kms_s3",
        "mode": "data",
        "type": "aws_iam_policy_document",
        "name": "combined_with_serviceprincipals_and_conditions",
        "provider": "module.shared-service-state-buckets.provider[\"registry.terraform.io/hashicorp/aws\"]",
        "instances": [
          {
            "schema_version": 0,
            "attributes": {
              "id": "2371832661",
              "json": "{\n  \"Version\": \"2012-10-17\",\n  \"Statement\": [\n    {\n      \"Sid\": \"Enable IAM Root User Permissions\",\n      \"Effect\": \"Allow\",\n      \"Action\": \"kms:*\",\n      \"Resource\": \"*\",\n      \"Principal\": {\n        \"AWS\": \"arn:aws:iam::051939627954:root\"\n      }\n    },\n    {\n      \"Sid\": \"Allow access for Key Administrators\",\n      \"Effect\": \"Allow\",\n      \"Action\": [\n        \"kms:Update*\",\n        \"kms:UntagResource\",\n        \"kms:TagResource\",\n        \"kms:ScheduleKeyDeletion\",\n        \"kms:Revoke*\",\n        \"kms:Put*\",\n        \"kms:List*\",\n        \"kms:Get*\",\n        \"kms:Enable*\",\n        \"kms:Disable*\",\n        \"kms:Describe*\",\n        \"kms:Delete*\",\n        \"kms:Create*\",\n        \"kms:CancelKeyDeletion\"\n      ],\n      \"Resource\": \"*\",\n      \"Principal\": {\n        \"AWS\": \"arn:aws:iam::051939627954:root\"\n      }\n    },\n    {\n      \"Sid\": \"Allow use of the key for decryption only\",\n      \"Effect\": \"Allow\",\n      \"Action\": \"kms:Decrypt\",\n      \"Resource\": \"*\",\n      \"Principal\": {\n        \"AWS\": \"arn:aws:iam::051939627954:root\"\n      }\n    }\n  ]\n}",
              "override_policy_documents": null,
              "policy_id": null,
              "source_policy_documents": [
                "{\n  \"Version\": \"2012-10-17\",\n  \"Statement\": [\n    {\n      \"Sid\": \"Enable IAM Root User Permissions\",\n      \"Effect\": \"Allow\",\n      \"Action\": \"kms:*\",\n      \"Resource\": \"*\",\n      \"Principal\": {\n        \"AWS\": \"arn:aws:iam::051939627954:root\"\n      }\n    },\n    {\n      \"Sid\": \"Allow access for Key Administrators\",\n      \"Effect\": \"Allow\",\n      \"Action\": [\n        \"kms:Update*\",\n        \"kms:UntagResource\",\n        \"kms:TagResource\",\n        \"kms:ScheduleKeyDeletion\",\n        \"kms:Revoke*\",\n        \"kms:Put*\",\n        \"kms:List*\",\n        \"kms:Get*\",\n        \"kms:Enable*\",\n        \"kms:Disable*\",\n        \"kms:Describe*\",\n        \"kms:Delete*\",\n        \"kms:Create*\",\n        \"kms:CancelKeyDeletion\"\n      ],\n      \"Resource\": \"*\",\n      \"Principal\": {\n        \"AWS\": \"arn:aws:iam::051939627954:root\"\n      }\n    },\n    {\n      \"Sid\": \"Allow use of the key for decryption only\",\n      \"Effect\": \"Allow\",\n      \"Action\": \"kms:Decrypt\",\n      \"Resource\": \"*\",\n      \"Principal\": {\n        \"AWS\": \"arn:aws:iam::051939627954:root\"\n      }\n    }\n  ]\n}"
              ],
              "statement": null,
              "version": "2012-10-17"
            },
            "sensitive_attributes": []
          }
        ]
      },
      {
        "module": "module.shared-service-state-buckets.module.kms_s3",
        "mode": "data",
        "type": "aws_iam_policy_document",
        "name": "combined_with_viaservice_condition",
        "provider": "module.shared-service-state-buckets.provider[\"registry.terraform.io/hashicorp/aws\"]",
        "instances": [
          {
            "schema_version": 0,
            "attributes": {
              "id": "832594133",
              "json": "{\n  \"Version\": \"2012-10-17\",\n  \"Statement\": [\n    {\n      \"Sid\": \"Enable IAM Root User Permissions\",\n      \"Effect\": \"Allow\",\n      \"Action\": \"kms:*\",\n      \"Resource\": \"*\",\n      \"Principal\": {\n        \"AWS\": \"arn:aws:iam::051939627954:root\"\n      }\n    },\n    {\n      \"Sid\": \"Allow access for Key Administrators\",\n      \"Effect\": \"Allow\",\n      \"Action\": [\n        \"kms:Update*\",\n        \"kms:UntagResource\",\n        \"kms:TagResource\",\n        \"kms:ScheduleKeyDeletion\",\n        \"kms:Revoke*\",\n        \"kms:Put*\",\n        \"kms:List*\",\n        \"kms:Get*\",\n        \"kms:Enable*\",\n        \"kms:Disable*\",\n        \"kms:Describe*\",\n        \"kms:Delete*\",\n        \"kms:Create*\",\n        \"kms:CancelKeyDeletion\"\n      ],\n      \"Resource\": \"*\",\n      \"Principal\": {\n        \"AWS\": \"arn:aws:iam::051939627954:root\"\n      }\n    },\n    {\n      \"Sid\": \"Allow use of the key for decryption only\",\n      \"Effect\": \"Allow\",\n      \"Action\": \"kms:Decrypt\",\n      \"Resource\": \"*\",\n      \"Principal\": {\n        \"AWS\": \"arn:aws:iam::051939627954:root\"\n      }\n    },\n    {\n      \"Effect\": \"Allow\",\n      \"Action\": [\n        \"kms:ReEncrypt\",\n        \"kms:GenerateDataKey*\",\n        \"kms:Encrypt\",\n        \"kms:DescribeKey\",\n        \"kms:Decrypt\",\n        \"kms:CreateGrant\"\n      ],\n      \"Resource\": \"*\",\n      \"Principal\": {\n        \"AWS\": \"*\"\n      },\n      \"Condition\": {\n        \"StringEquals\": {\n          \"kms:CallerAccount\": \"051939627954\",\n          \"kms:ViaService\": \"s3.eu-west-2.amazonaws.com\"\n        }\n      }\n    }\n  ]\n}",
              "override_policy_documents": null,
              "policy_id": null,
              "source_policy_documents": [
                "{\n  \"Version\": \"2012-10-17\",\n  \"Statement\": [\n    {\n      \"Sid\": \"Enable IAM Root User Permissions\",\n      \"Effect\": \"Allow\",\n      \"Action\": \"kms:*\",\n      \"Resource\": \"*\",\n      \"Principal\": {\n        \"AWS\": \"arn:aws:iam::051939627954:root\"\n      }\n    },\n    {\n      \"Sid\": \"Allow access for Key Administrators\",\n      \"Effect\": \"Allow\",\n      \"Action\": [\n        \"kms:Update*\",\n        \"kms:UntagResource\",\n        \"kms:TagResource\",\n        \"kms:ScheduleKeyDeletion\",\n        \"kms:Revoke*\",\n        \"kms:Put*\",\n        \"kms:List*\",\n        \"kms:Get*\",\n        \"kms:Enable*\",\n        \"kms:Disable*\",\n        \"kms:Describe*\",\n        \"kms:Delete*\",\n        \"kms:Create*\",\n        \"kms:CancelKeyDeletion\"\n      ],\n      \"Resource\": \"*\",\n      \"Principal\": {\n        \"AWS\": \"arn:aws:iam::051939627954:root\"\n      }\n    },\n    {\n      \"Sid\": \"Allow use of the key for decryption only\",\n      \"Effect\": \"Allow\",\n      \"Action\": \"kms:Decrypt\",\n      \"Resource\": \"*\",\n      \"Principal\": {\n        \"AWS\": \"arn:aws:iam::051939627954:root\"\n      }\n    }\n  ]\n}"
              ],
              "statement": [
                {
                  "actions": [
                    "kms:CreateGrant",
                    "kms:Decrypt",
                    "kms:DescribeKey",
                    "kms:Encrypt",
                    "kms:GenerateDataKey*",
                    "kms:ReEncrypt"
                  ],
                  "condition": [
                    {
                      "test": "StringEquals",
                      "values": [
                        "051939627954"
                      ],
                      "variable": "kms:CallerAccount"
                    },
                    {
                      "test": "StringEquals",
                      "values": [
                        "s3.eu-west-2.amazonaws.com"
                      ],
                      "variable": "kms:ViaService"
                    }
                  ],
                  "effect": "Allow",
                  "not_actions": [],
                  "not_principals": [],
                  "not_resources": [],
                  "principals": [
                    {
                      "identifiers": [
                        "*"
                      ],
                      "type": "AWS"
                    }
                  ],
                  "resources": [
                    "*"
                  ],
                  "sid": ""
                }
              ],
              "version": "2012-10-17"
            },
            "sensitive_attributes": []
          }
        ]
      },
      {
        "module": "module.shared-service-state-buckets.module.kms_s3",
        "mode": "data",
        "type": "aws_iam_policy_document",
        "name": "general_policy",
        "provider": "module.shared-service-state-buckets.provider[\"registry.terraform.io/hashicorp/aws\"]",
        "instances": [
          {
            "schema_version": 0,
            "attributes": {
              "id": "2371832661",
              "json": "{\n  \"Version\": \"2012-10-17\",\n  \"Statement\": [\n    {\n      \"Sid\": \"Enable IAM Root User Permissions\",\n      \"Effect\": \"Allow\",\n      \"Action\": \"kms:*\",\n      \"Resource\": \"*\",\n      \"Principal\": {\n        \"AWS\": \"arn:aws:iam::051939627954:root\"\n      }\n    },\n    {\n      \"Sid\": \"Allow access for Key Administrators\",\n      \"Effect\": \"Allow\",\n      \"Action\": [\n        \"kms:Update*\",\n        \"kms:UntagResource\",\n        \"kms:TagResource\",\n        \"kms:ScheduleKeyDeletion\",\n        \"kms:Revoke*\",\n        \"kms:Put*\",\n        \"kms:List*\",\n        \"kms:Get*\",\n        \"kms:Enable*\",\n        \"kms:Disable*\",\n        \"kms:Describe*\",\n        \"kms:Delete*\",\n        \"kms:Create*\",\n        \"kms:CancelKeyDeletion\"\n      ],\n      \"Resource\": \"*\",\n      \"Principal\": {\n        \"AWS\": \"arn:aws:iam::051939627954:root\"\n      }\n    },\n    {\n      \"Sid\": \"Allow use of the key for decryption only\",\n      \"Effect\": \"Allow\",\n      \"Action\": \"kms:Decrypt\",\n      \"Resource\": \"*\",\n      \"Principal\": {\n        \"AWS\": \"arn:aws:iam::051939627954:root\"\n      }\n    }\n  ]\n}",
              "override_policy_documents": null,
              "policy_id": null,
              "source_policy_documents": null,
              "statement": [
                {
                  "actions": [
                    "kms:*"
                  ],
                  "condition": [],
                  "effect": "Allow",
                  "not_actions": [],
                  "not_principals": [],
                  "not_resources": [],
                  "principals": [
                    {
                      "identifiers": [
                        "arn:aws:iam::051939627954:root"
                      ],
                      "type": "AWS"
                    }
                  ],
                  "resources": [
                    "*"
                  ],
                  "sid": "Enable IAM Root User Permissions"
                },
                {
                  "actions": [
                    "kms:CancelKeyDeletion",
                    "kms:Create*",
                    "kms:Delete*",
                    "kms:Describe*",
                    "kms:Disable*",
                    "kms:Enable*",
                    "kms:Get*",
                    "kms:List*",
                    "kms:Put*",
                    "kms:Revoke*",
                    "kms:ScheduleKeyDeletion",
                    "kms:TagResource",
                    "kms:UntagResource",
                    "kms:Update*"
                  ],
                  "condition": [],
                  "effect": "Allow",
                  "not_actions": [],
                  "not_principals": [],
                  "not_resources": [],
                  "principals": [
                    {
                      "identifiers": [
                        "arn:aws:iam::051939627954:root"
                      ],
                      "type": "AWS"
                    }
                  ],
                  "resources": [
                    "*"
                  ],
                  "sid": "Allow access for Key Administrators"
                },
                {
                  "actions": [
                    "kms:Decrypt"
                  ],
                  "condition": [],
                  "effect": "Allow",
                  "not_actions": [],
                  "not_principals": [],
                  "not_resources": [],
                  "principals": [
                    {
                      "identifiers": [
                        "arn:aws:iam::051939627954:root"
                      ],
                      "type": "AWS"
                    }
                  ],
                  "resources": [
                    "*"
                  ],
                  "sid": "Allow use of the key for decryption only"
                }
              ],
              "version": "2012-10-17"
            },
            "sensitive_attributes": []
          }
        ]
      },
      {
        "module": "module.shared-service-state-buckets.module.kms_s3",
        "mode": "managed",
        "type": "aws_kms_alias",
        "name": "this",
        "provider": "module.shared-service-state-buckets.provider[\"registry.terraform.io/hashicorp/aws\"]",
        "instances": [
          {
            "schema_version": 0,
            "attributes": {
              "arn": "arn:aws:kms:eu-west-2:051939627954:alias/shared-service-tf-state-s3",
              "id": "alias/shared-service-tf-state-s3",
              "name": "alias/shared-service-tf-state-s3",
              "name_prefix": "",
              "target_key_arn": "arn:aws:kms:eu-west-2:051939627954:key/a359d409-1326-482d-b26f-145012380d33",
              "target_key_id": "a359d409-1326-482d-b26f-145012380d33"
            },
            "sensitive_attributes": [],
            "private": "bnVsbA==",
            "dependencies": [
              "module.shared-service-state-buckets.module.kms_s3.aws_kms_key.this",
              "module.shared-service-state-buckets.module.kms_s3.data.aws_caller_identity.current",
              "module.shared-service-state-buckets.module.kms_s3.data.aws_iam_policy_document.combined_with_serviceprincipals_and_conditions",
              "module.shared-service-state-buckets.module.kms_s3.data.aws_iam_policy_document.combined_with_viaservice_condition",
              "module.shared-service-state-buckets.module.kms_s3.data.aws_iam_policy_document.general_policy"
            ]
          }
        ]
      },
      {
        "module": "module.shared-service-state-buckets.module.kms_s3",
        "mode": "managed",
        "type": "aws_kms_key",
        "name": "this",
        "provider": "module.shared-service-state-buckets.provider[\"registry.terraform.io/hashicorp/aws\"]",
        "instances": [
          {
            "schema_version": 0,
            "attributes": {
              "arn": "arn:aws:kms:eu-west-2:051939627954:key/a359d409-1326-482d-b26f-145012380d33",
              "bypass_policy_lockout_safety_check": false,
              "custom_key_store_id": "",
              "customer_master_key_spec": "SYMMETRIC_DEFAULT",
              "deletion_window_in_days": null,
              "description": "KMS key to encrypt shared-service-tf-state s3",
              "enable_key_rotation": true,
              "id": "a359d409-1326-482d-b26f-145012380d33",
              "is_enabled": true,
              "key_id": "a359d409-1326-482d-b26f-145012380d33",
              "key_usage": "ENCRYPT_DECRYPT",
              "multi_region": false,
              "policy": "{\"Statement\":[{\"Action\":\"kms:*\",\"Effect\":\"Allow\",\"Principal\":{\"AWS\":\"arn:aws:iam::051939627954:root\"},\"Resource\":\"*\",\"Sid\":\"Enable IAM Root User Permissions\"},{\"Action\":[\"kms:Update*\",\"kms:UntagResource\",\"kms:TagResource\",\"kms:ScheduleKeyDeletion\",\"kms:Revoke*\",\"kms:Put*\",\"kms:List*\",\"kms:Get*\",\"kms:Enable*\",\"kms:Disable*\",\"kms:Describe*\",\"kms:Delete*\",\"kms:Create*\",\"kms:CancelKeyDeletion\"],\"Effect\":\"Allow\",\"Principal\":{\"AWS\":\"arn:aws:iam::051939627954:root\"},\"Resource\":\"*\",\"Sid\":\"Allow access for Key Administrators\"},{\"Action\":\"kms:Decrypt\",\"Effect\":\"Allow\",\"Principal\":{\"AWS\":\"arn:aws:iam::051939627954:root\"},\"Resource\":\"*\",\"Sid\":\"Allow use of the key for decryption only\"},{\"Action\":[\"kms:ReEncrypt\",\"kms:GenerateDataKey*\",\"kms:Encrypt\",\"kms:DescribeKey\",\"kms:Decrypt\",\"kms:CreateGrant\"],\"Condition\":{\"StringEquals\":{\"kms:CallerAccount\":\"051939627954\",\"kms:ViaService\":\"s3.eu-west-2.amazonaws.com\"}},\"Effect\":\"Allow\",\"Principal\":{\"AWS\":\"*\"},\"Resource\":\"*\"}],\"Version\":\"2012-10-17\"}",
              "tags": null,
              "tags_all": {
                "blx:created-by": "terraform",
                "blx:environment": "shared-service",
                "blx:owner": "all",
                "blx:repository-name": "tmuk-tf-spacelift-prerequisites",
                "blx:skeleton-name": "shared-service-state-buckets",
                "blx:tag-version": "1"
              }
            },
            "sensitive_attributes": [],
            "private": "bnVsbA==",
            "dependencies": [
              "module.shared-service-state-buckets.module.kms_s3.data.aws_caller_identity.current",
              "module.shared-service-state-buckets.module.kms_s3.data.aws_iam_policy_document.combined_with_serviceprincipals_and_conditions",
              "module.shared-service-state-buckets.module.kms_s3.data.aws_iam_policy_document.combined_with_viaservice_condition",
              "module.shared-service-state-buckets.module.kms_s3.data.aws_iam_policy_document.general_policy"
            ]
          }
        ]
      },
      {
        "module": "module.shared-service-state-buckets.module.s3_state_file_github_automations",
        "mode": "data",
        "type": "aws_caller_identity",
        "name": "current",
        "provider": "module.shared-service-state-buckets.provider[\"registry.terraform.io/hashicorp/aws\"]",
        "instances": [
          {
            "schema_version": 0,
            "attributes": {
              "account_id": "051939627954",
              "arn": "arn:aws:sts::051939627954:assumed-role/AWSReservedSSO_AdministratorAccess_a6c05fba94b34a16/jennifer.nicholas@gft.com",
              "id": "051939627954",
              "user_id": "AROAQYF6X2OZCTIC6U4I5:jennifer.nicholas@gft.com"
            },
            "sensitive_attributes": []
          }
        ]
      },
      {
        "module": "module.shared-service-state-buckets.module.s3_state_file_github_automations",
        "mode": "data",
        "type": "aws_iam_policy_document",
        "name": "deny_unencrypted_state_operations",
        "provider": "module.shared-service-state-buckets.provider[\"registry.terraform.io/hashicorp/aws\"]",
        "instances": [
          {
            "schema_version": 0,
            "attributes": {
              "id": "734823469",
              "json": "{\n  \"Version\": \"2012-10-17\",\n  \"Statement\": [\n    {\n      \"Effect\": \"Deny\",\n      \"Action\": [\n        \"s3:PutObject\",\n        \"s3:GetObject\"\n      ],\n      \"Resource\": \"arn:aws:s3:::shared-service-051939627954-github-automations-state-s3/*\",\n      \"Principal\": \"*\",\n      \"Condition\": {\n        \"ForAnyValue:Bool\": {\n          \"aws:SecureTransport\": \"false\"\n        },\n        \"NumericLessThan\": {\n          \"s3:TlsVersion\": \"1.2\"\n        }\n      }\n    }\n  ]\n}",
              "override_policy_documents": null,
              "policy_id": null,
              "source_policy_documents": null,
              "statement": [
                {
                  "actions": [
                    "s3:GetObject",
                    "s3:PutObject"
                  ],
                  "condition": [
                    {
                      "test": "ForAnyValue:Bool",
                      "values": [
                        "false"
                      ],
                      "variable": "aws:SecureTransport"
                    },
                    {
                      "test": "NumericLessThan",
                      "values": [
                        "1.2"
                      ],
                      "variable": "s3:TlsVersion"
                    }
                  ],
                  "effect": "Deny",
                  "not_actions": [],
                  "not_principals": [],
                  "not_resources": [],
                  "principals": [
                    {
                      "identifiers": [
                        "*"
                      ],
                      "type": "*"
                    }
                  ],
                  "resources": [
                    "arn:aws:s3:::shared-service-051939627954-github-automations-state-s3/*"
                  ],
                  "sid": ""
                }
              ],
              "version": "2012-10-17"
            },
            "sensitive_attributes": []
          }
        ]
      },
      {
        "module": "module.shared-service-state-buckets.module.s3_state_file_github_automations",
        "mode": "managed",
        "type": "aws_s3_bucket",
        "name": "this",
        "provider": "module.shared-service-state-buckets.provider[\"registry.terraform.io/hashicorp/aws\"]",
        "instances": [
          {
            "schema_version": 0,
            "attributes": {
              "acceleration_status": "",
              "acl": "private",
              "arn": "arn:aws:s3:::shared-service-051939627954-github-automations-state-s3",
              "bucket": "shared-service-051939627954-github-automations-state-s3",
              "bucket_domain_name": "shared-service-051939627954-github-automations-state-s3.s3.amazonaws.com",
              "bucket_prefix": "",
              "bucket_regional_domain_name": "shared-service-051939627954-github-automations-state-s3.s3.eu-west-2.amazonaws.com",
              "cors_rule": [],
              "force_destroy": false,
              "grant": [
                {
                  "id": "13ae991dcfd68a12e4fa10fa7839bd8e2f6038253c22d9562b45da6bd8289f35",
                  "permissions": [
                    "FULL_CONTROL"
                  ],
                  "type": "CanonicalUser",
                  "uri": ""
                }
              ],
              "hosted_zone_id": "Z3GKZC51ZF0DB4",
              "id": "shared-service-051939627954-github-automations-state-s3",
              "lifecycle_rule": [],
              "logging": [],
              "object_lock_configuration": [
                {
                  "object_lock_enabled": "Enabled",
                  "rule": []
                }
              ],
              "object_lock_enabled": true,
              "policy": "",
              "region": "eu-west-2",
              "replication_configuration": [],
              "request_payer": "BucketOwner",
              "server_side_encryption_configuration": [
                {
                  "rule": [
                    {
                      "apply_server_side_encryption_by_default": [
                        {
                          "kms_master_key_id": "arn:aws:kms:eu-west-2:051939627954:key/a359d409-1326-482d-b26f-145012380d33",
                          "sse_algorithm": "aws:kms"
                        }
                      ],
                      "bucket_key_enabled": false
                    }
                  ]
                }
              ],
              "tags": null,
              "tags_all": {
                "blx:created-by": "terraform",
                "blx:environment": "shared-service",
                "blx:owner": "all",
                "blx:repository-name": "tmuk-tf-spacelift-prerequisites",
                "blx:skeleton-name": "shared-service-state-buckets",
                "blx:tag-version": "1"
              },
              "timeouts": null,
              "versioning": [
                {
                  "enabled": true,
                  "mfa_delete": false
                }
              ],
              "website": [],
              "website_domain": null,
              "website_endpoint": null
            },
            "sensitive_attributes": [],
            "private": "eyJlMmJmYjczMC1lY2FhLTExZTYtOGY4OC0zNDM2M2JjN2M0YzAiOnsiY3JlYXRlIjoxMjAwMDAwMDAwMDAwLCJkZWxldGUiOjM2MDAwMDAwMDAwMDAsInJlYWQiOjEyMDAwMDAwMDAwMDAsInVwZGF0ZSI6MTIwMDAwMDAwMDAwMH19",
            "dependencies": [
              "module.shared-service-state-buckets.module.kms_s3.aws_kms_key.this",
              "module.shared-service-state-buckets.module.kms_s3.data.aws_caller_identity.current",
              "module.shared-service-state-buckets.module.kms_s3.data.aws_iam_policy_document.combined_with_serviceprincipals_and_conditions",
              "module.shared-service-state-buckets.module.kms_s3.data.aws_iam_policy_document.combined_with_viaservice_condition",
              "module.shared-service-state-buckets.module.kms_s3.data.aws_iam_policy_document.general_policy",
              "module.shared-service-state-buckets.module.s3_state_file_github_automations.data.aws_caller_identity.current"
            ]
          }
        ]
      },
      {
        "module": "module.shared-service-state-buckets.module.s3_state_file_github_automations",
        "mode": "managed",
        "type": "aws_s3_bucket_policy",
        "name": "deny_unencrypted_state_operations_attachment",
        "provider": "module.shared-service-state-buckets.provider[\"registry.terraform.io/hashicorp/aws\"]",
        "instances": [
          {
            "schema_version": 0,
            "attributes": {
              "bucket": "shared-service-051939627954-github-automations-state-s3",
              "id": "shared-service-051939627954-github-automations-state-s3",
              "policy": "{\"Statement\":[{\"Action\":[\"s3:PutObject\",\"s3:GetObject\"],\"Condition\":{\"ForAnyValue:Bool\":{\"aws:SecureTransport\":\"false\"},\"NumericLessThan\":{\"s3:TlsVersion\":\"1.2\"}},\"Effect\":\"Deny\",\"Principal\":\"*\",\"Resource\":\"arn:aws:s3:::shared-service-051939627954-github-automations-state-s3/*\"}],\"Version\":\"2012-10-17\"}"
            },
            "sensitive_attributes": [],
            "private": "bnVsbA==",
            "dependencies": [
              "module.shared-service-state-buckets.module.kms_s3.aws_kms_key.this",
              "module.shared-service-state-buckets.module.kms_s3.data.aws_caller_identity.current",
              "module.shared-service-state-buckets.module.kms_s3.data.aws_iam_policy_document.combined_with_serviceprincipals_and_conditions",
              "module.shared-service-state-buckets.module.kms_s3.data.aws_iam_policy_document.combined_with_viaservice_condition",
              "module.shared-service-state-buckets.module.kms_s3.data.aws_iam_policy_document.general_policy",
              "module.shared-service-state-buckets.module.s3_state_file_github_automations.aws_s3_bucket.this",
              "module.shared-service-state-buckets.module.s3_state_file_github_automations.data.aws_caller_identity.current",
              "module.shared-service-state-buckets.module.s3_state_file_github_automations.data.aws_iam_policy_document.deny_unencrypted_state_operations"
            ]
          }
        ]
      },
      {
        "module": "module.shared-service-state-buckets.module.s3_state_file_github_automations",
        "mode": "managed",
        "type": "aws_s3_bucket_public_access_block",
        "name": "deny_access_public",
        "provider": "module.shared-service-state-buckets.provider[\"registry.terraform.io/hashicorp/aws\"]",
        "instances": [
          {
            "schema_version": 0,
            "attributes": {
              "block_public_acls": true,
              "block_public_policy": true,
              "bucket": "shared-service-051939627954-github-automations-state-s3",
              "id": "shared-service-051939627954-github-automations-state-s3",
              "ignore_public_acls": true,
              "restrict_public_buckets": true
            },
            "sensitive_attributes": [],
            "private": "bnVsbA==",
            "dependencies": [
              "module.shared-service-state-buckets.module.kms_s3.aws_kms_key.this",
              "module.shared-service-state-buckets.module.kms_s3.data.aws_caller_identity.current",
              "module.shared-service-state-buckets.module.kms_s3.data.aws_iam_policy_document.combined_with_serviceprincipals_and_conditions",
              "module.shared-service-state-buckets.module.kms_s3.data.aws_iam_policy_document.combined_with_viaservice_condition",
              "module.shared-service-state-buckets.module.kms_s3.data.aws_iam_policy_document.general_policy",
              "module.shared-service-state-buckets.module.s3_state_file_github_automations.aws_s3_bucket.this",
              "module.shared-service-state-buckets.module.s3_state_file_github_automations.data.aws_caller_identity.current"
            ]
          }
        ]
      },
      {
        "module": "module.shared-service-state-buckets.module.s3_state_file_infrastructure",
        "mode": "data",
        "type": "aws_caller_identity",
        "name": "current",
        "provider": "module.shared-service-state-buckets.provider[\"registry.terraform.io/hashicorp/aws\"]",
        "instances": [
          {
            "schema_version": 0,
            "attributes": {
              "account_id": "051939627954",
              "arn": "arn:aws:sts::051939627954:assumed-role/AWSReservedSSO_AdministratorAccess_a6c05fba94b34a16/jennifer.nicholas@gft.com",
              "id": "051939627954",
              "user_id": "AROAQYF6X2OZCTIC6U4I5:jennifer.nicholas@gft.com"
            },
            "sensitive_attributes": []
          }
        ]
      },
      {
        "module": "module.shared-service-state-buckets.module.s3_state_file_infrastructure",
        "mode": "data",
        "type": "aws_iam_policy_document",
        "name": "deny_unencrypted_state_operations",
        "provider": "module.shared-service-state-buckets.provider[\"registry.terraform.io/hashicorp/aws\"]",
        "instances": [
          {
            "schema_version": 0,
            "attributes": {
              "id": "1158096193",
              "json": "{\n  \"Version\": \"2012-10-17\",\n  \"Statement\": [\n    {\n      \"Effect\": \"Deny\",\n      \"Action\": [\n        \"s3:PutObject\",\n        \"s3:GetObject\"\n      ],\n      \"Resource\": \"arn:aws:s3:::shared-service-051939627954-infrastructure-state-s3/*\",\n      \"Principal\": \"*\",\n      \"Condition\": {\n        \"ForAnyValue:Bool\": {\n          \"aws:SecureTransport\": \"false\"\n        },\n        \"NumericLessThan\": {\n          \"s3:TlsVersion\": \"1.2\"\n        }\n      }\n    }\n  ]\n}",
              "override_policy_documents": null,
              "policy_id": null,
              "source_policy_documents": null,
              "statement": [
                {
                  "actions": [
                    "s3:GetObject",
                    "s3:PutObject"
                  ],
                  "condition": [
                    {
                      "test": "ForAnyValue:Bool",
                      "values": [
                        "false"
                      ],
                      "variable": "aws:SecureTransport"
                    },
                    {
                      "test": "NumericLessThan",
                      "values": [
                        "1.2"
                      ],
                      "variable": "s3:TlsVersion"
                    }
                  ],
                  "effect": "Deny",
                  "not_actions": [],
                  "not_principals": [],
                  "not_resources": [],
                  "principals": [
                    {
                      "identifiers": [
                        "*"
                      ],
                      "type": "*"
                    }
                  ],
                  "resources": [
                    "arn:aws:s3:::shared-service-051939627954-infrastructure-state-s3/*"
                  ],
                  "sid": ""
                }
              ],
              "version": "2012-10-17"
            },
            "sensitive_attributes": []
          }
        ]
      },
      {
        "module": "module.shared-service-state-buckets.module.s3_state_file_infrastructure",
        "mode": "managed",
        "type": "aws_s3_bucket",
        "name": "this",
        "provider": "module.shared-service-state-buckets.provider[\"registry.terraform.io/hashicorp/aws\"]",
        "instances": [
          {
            "schema_version": 0,
            "attributes": {
              "acceleration_status": "",
              "acl": "private",
              "arn": "arn:aws:s3:::shared-service-051939627954-infrastructure-state-s3",
              "bucket": "shared-service-051939627954-infrastructure-state-s3",
              "bucket_domain_name": "shared-service-051939627954-infrastructure-state-s3.s3.amazonaws.com",
              "bucket_prefix": "",
              "bucket_regional_domain_name": "shared-service-051939627954-infrastructure-state-s3.s3.eu-west-2.amazonaws.com",
              "cors_rule": [],
              "force_destroy": false,
              "grant": [
                {
                  "id": "13ae991dcfd68a12e4fa10fa7839bd8e2f6038253c22d9562b45da6bd8289f35",
                  "permissions": [
                    "FULL_CONTROL"
                  ],
                  "type": "CanonicalUser",
                  "uri": ""
                }
              ],
              "hosted_zone_id": "Z3GKZC51ZF0DB4",
              "id": "shared-service-051939627954-infrastructure-state-s3",
              "lifecycle_rule": [],
              "logging": [],
              "object_lock_configuration": [
                {
                  "object_lock_enabled": "Enabled",
                  "rule": []
                }
              ],
              "object_lock_enabled": true,
              "policy": "",
              "region": "eu-west-2",
              "replication_configuration": [],
              "request_payer": "BucketOwner",
              "server_side_encryption_configuration": [
                {
                  "rule": [
                    {
                      "apply_server_side_encryption_by_default": [
                        {
                          "kms_master_key_id": "arn:aws:kms:eu-west-2:051939627954:key/a359d409-1326-482d-b26f-145012380d33",
                          "sse_algorithm": "aws:kms"
                        }
                      ],
                      "bucket_key_enabled": false
                    }
                  ]
                }
              ],
              "tags": null,
              "tags_all": {
                "blx:created-by": "terraform",
                "blx:environment": "shared-service",
                "blx:owner": "all",
                "blx:repository-name": "tmuk-tf-spacelift-prerequisites",
                "blx:skeleton-name": "shared-service-state-buckets",
                "blx:tag-version": "1"
              },
              "timeouts": null,
              "versioning": [
                {
                  "enabled": true,
                  "mfa_delete": false
                }
              ],
              "website": [],
              "website_domain": null,
              "website_endpoint": null
            },
            "sensitive_attributes": [],
            "private": "eyJlMmJmYjczMC1lY2FhLTExZTYtOGY4OC0zNDM2M2JjN2M0YzAiOnsiY3JlYXRlIjoxMjAwMDAwMDAwMDAwLCJkZWxldGUiOjM2MDAwMDAwMDAwMDAsInJlYWQiOjEyMDAwMDAwMDAwMDAsInVwZGF0ZSI6MTIwMDAwMDAwMDAwMH19",
            "dependencies": [
              "module.shared-service-state-buckets.module.kms_s3.aws_kms_key.this",
              "module.shared-service-state-buckets.module.kms_s3.data.aws_caller_identity.current",
              "module.shared-service-state-buckets.module.kms_s3.data.aws_iam_policy_document.combined_with_serviceprincipals_and_conditions",
              "module.shared-service-state-buckets.module.kms_s3.data.aws_iam_policy_document.combined_with_viaservice_condition",
              "module.shared-service-state-buckets.module.kms_s3.data.aws_iam_policy_document.general_policy",
              "module.shared-service-state-buckets.module.s3_state_file_infrastructure.data.aws_caller_identity.current"
            ]
          }
        ]
      },
      {
        "module": "module.shared-service-state-buckets.module.s3_state_file_infrastructure",
        "mode": "managed",
        "type": "aws_s3_bucket_policy",
        "name": "deny_unencrypted_state_operations_attachment",
        "provider": "module.shared-service-state-buckets.provider[\"registry.terraform.io/hashicorp/aws\"]",
        "instances": [
          {
            "schema_version": 0,
            "attributes": {
              "bucket": "shared-service-051939627954-infrastructure-state-s3",
              "id": "shared-service-051939627954-infrastructure-state-s3",
              "policy": "{\"Statement\":[{\"Action\":[\"s3:PutObject\",\"s3:GetObject\"],\"Condition\":{\"ForAnyValue:Bool\":{\"aws:SecureTransport\":\"false\"},\"NumericLessThan\":{\"s3:TlsVersion\":\"1.2\"}},\"Effect\":\"Deny\",\"Principal\":\"*\",\"Resource\":\"arn:aws:s3:::shared-service-051939627954-infrastructure-state-s3/*\"}],\"Version\":\"2012-10-17\"}"
            },
            "sensitive_attributes": [],
            "private": "bnVsbA==",
            "dependencies": [
              "module.shared-service-state-buckets.module.kms_s3.aws_kms_key.this",
              "module.shared-service-state-buckets.module.kms_s3.data.aws_caller_identity.current",
              "module.shared-service-state-buckets.module.kms_s3.data.aws_iam_policy_document.combined_with_serviceprincipals_and_conditions",
              "module.shared-service-state-buckets.module.kms_s3.data.aws_iam_policy_document.combined_with_viaservice_condition",
              "module.shared-service-state-buckets.module.kms_s3.data.aws_iam_policy_document.general_policy",
              "module.shared-service-state-buckets.module.s3_state_file_infrastructure.aws_s3_bucket.this",
              "module.shared-service-state-buckets.module.s3_state_file_infrastructure.data.aws_caller_identity.current",
              "module.shared-service-state-buckets.module.s3_state_file_infrastructure.data.aws_iam_policy_document.deny_unencrypted_state_operations"
            ]
          }
        ]
      },
      {
        "module": "module.shared-service-state-buckets.module.s3_state_file_infrastructure",
        "mode": "managed",
        "type": "aws_s3_bucket_public_access_block",
        "name": "deny_access_public",
        "provider": "module.shared-service-state-buckets.provider[\"registry.terraform.io/hashicorp/aws\"]",
        "instances": [
          {
            "schema_version": 0,
            "attributes": {
              "block_public_acls": true,
              "block_public_policy": true,
              "bucket": "shared-service-051939627954-infrastructure-state-s3",
              "id": "shared-service-051939627954-infrastructure-state-s3",
              "ignore_public_acls": true,
              "restrict_public_buckets": true
            },
            "sensitive_attributes": [],
            "private": "bnVsbA==",
            "dependencies": [
              "module.shared-service-state-buckets.module.kms_s3.aws_kms_key.this",
              "module.shared-service-state-buckets.module.kms_s3.data.aws_caller_identity.current",
              "module.shared-service-state-buckets.module.kms_s3.data.aws_iam_policy_document.combined_with_serviceprincipals_and_conditions",
              "module.shared-service-state-buckets.module.kms_s3.data.aws_iam_policy_document.combined_with_viaservice_condition",
              "module.shared-service-state-buckets.module.kms_s3.data.aws_iam_policy_document.general_policy",
              "module.shared-service-state-buckets.module.s3_state_file_infrastructure.aws_s3_bucket.this",
              "module.shared-service-state-buckets.module.s3_state_file_infrastructure.data.aws_caller_identity.current"
            ]
          }
        ]
      },
      {
        "module": "module.shared-service-state-buckets.module.s3_state_file_networking",
        "mode": "data",
        "type": "aws_caller_identity",
        "name": "current",
        "provider": "module.shared-service-state-buckets.provider[\"registry.terraform.io/hashicorp/aws\"]",
        "instances": [
          {
            "schema_version": 0,
            "attributes": {
              "account_id": "051939627954",
              "arn": "arn:aws:sts::051939627954:assumed-role/AWSReservedSSO_AdministratorAccess_a6c05fba94b34a16/jennifer.nicholas@gft.com",
              "id": "051939627954",
              "user_id": "AROAQYF6X2OZCTIC6U4I5:jennifer.nicholas@gft.com"
            },
            "sensitive_attributes": []
          }
        ]
      },
      {
        "module": "module.shared-service-state-buckets.module.s3_state_file_networking",
        "mode": "data",
        "type": "aws_iam_policy_document",
        "name": "deny_unencrypted_state_operations",
        "provider": "module.shared-service-state-buckets.provider[\"registry.terraform.io/hashicorp/aws\"]",
        "instances": [
          {
            "schema_version": 0,
            "attributes": {
              "id": "914981759",
              "json": "{\n  \"Version\": \"2012-10-17\",\n  \"Statement\": [\n    {\n      \"Effect\": \"Deny\",\n      \"Action\": [\n        \"s3:PutObject\",\n        \"s3:GetObject\"\n      ],\n      \"Resource\": \"arn:aws:s3:::shared-service-051939627954-networking-state-s3/*\",\n      \"Principal\": \"*\",\n      \"Condition\": {\n        \"ForAnyValue:Bool\": {\n          \"aws:SecureTransport\": \"false\"\n        },\n        \"NumericLessThan\": {\n          \"s3:TlsVersion\": \"1.2\"\n        }\n      }\n    }\n  ]\n}",
              "override_policy_documents": null,
              "policy_id": null,
              "source_policy_documents": null,
              "statement": [
                {
                  "actions": [
                    "s3:GetObject",
                    "s3:PutObject"
                  ],
                  "condition": [
                    {
                      "test": "ForAnyValue:Bool",
                      "values": [
                        "false"
                      ],
                      "variable": "aws:SecureTransport"
                    },
                    {
                      "test": "NumericLessThan",
                      "values": [
                        "1.2"
                      ],
                      "variable": "s3:TlsVersion"
                    }
                  ],
                  "effect": "Deny",
                  "not_actions": [],
                  "not_principals": [],
                  "not_resources": [],
                  "principals": [
                    {
                      "identifiers": [
                        "*"
                      ],
                      "type": "*"
                    }
                  ],
                  "resources": [
                    "arn:aws:s3:::shared-service-051939627954-networking-state-s3/*"
                  ],
                  "sid": ""
                }
              ],
              "version": "2012-10-17"
            },
            "sensitive_attributes": []
          }
        ]
      },
      {
        "module": "module.shared-service-state-buckets.module.s3_state_file_networking",
        "mode": "managed",
        "type": "aws_s3_bucket",
        "name": "this",
        "provider": "module.shared-service-state-buckets.provider[\"registry.terraform.io/hashicorp/aws\"]",
        "instances": [
          {
            "schema_version": 0,
            "attributes": {
              "acceleration_status": "",
              "acl": "private",
              "arn": "arn:aws:s3:::shared-service-051939627954-networking-state-s3",
              "bucket": "shared-service-051939627954-networking-state-s3",
              "bucket_domain_name": "shared-service-051939627954-networking-state-s3.s3.amazonaws.com",
              "bucket_prefix": "",
              "bucket_regional_domain_name": "shared-service-051939627954-networking-state-s3.s3.eu-west-2.amazonaws.com",
              "cors_rule": [],
              "force_destroy": false,
              "grant": [
                {
                  "id": "13ae991dcfd68a12e4fa10fa7839bd8e2f6038253c22d9562b45da6bd8289f35",
                  "permissions": [
                    "FULL_CONTROL"
                  ],
                  "type": "CanonicalUser",
                  "uri": ""
                }
              ],
              "hosted_zone_id": "Z3GKZC51ZF0DB4",
              "id": "shared-service-051939627954-networking-state-s3",
              "lifecycle_rule": [],
              "logging": [],
              "object_lock_configuration": [
                {
                  "object_lock_enabled": "Enabled",
                  "rule": []
                }
              ],
              "object_lock_enabled": true,
              "policy": "",
              "region": "eu-west-2",
              "replication_configuration": [],
              "request_payer": "BucketOwner",
              "server_side_encryption_configuration": [
                {
                  "rule": [
                    {
                      "apply_server_side_encryption_by_default": [
                        {
                          "kms_master_key_id": "arn:aws:kms:eu-west-2:051939627954:key/a359d409-1326-482d-b26f-145012380d33",
                          "sse_algorithm": "aws:kms"
                        }
                      ],
                      "bucket_key_enabled": false
                    }
                  ]
                }
              ],
              "tags": null,
              "tags_all": {
                "blx:created-by": "terraform",
                "blx:environment": "shared-service",
                "blx:owner": "all",
                "blx:repository-name": "tmuk-tf-spacelift-prerequisites",
                "blx:skeleton-name": "shared-service-state-buckets",
                "blx:tag-version": "1"
              },
              "timeouts": null,
              "versioning": [
                {
                  "enabled": true,
                  "mfa_delete": false
                }
              ],
              "website": [],
              "website_domain": null,
              "website_endpoint": null
            },
            "sensitive_attributes": [],
            "private": "eyJlMmJmYjczMC1lY2FhLTExZTYtOGY4OC0zNDM2M2JjN2M0YzAiOnsiY3JlYXRlIjoxMjAwMDAwMDAwMDAwLCJkZWxldGUiOjM2MDAwMDAwMDAwMDAsInJlYWQiOjEyMDAwMDAwMDAwMDAsInVwZGF0ZSI6MTIwMDAwMDAwMDAwMH19",
            "dependencies": [
              "module.shared-service-state-buckets.module.kms_s3.aws_kms_key.this",
              "module.shared-service-state-buckets.module.kms_s3.data.aws_caller_identity.current",
              "module.shared-service-state-buckets.module.kms_s3.data.aws_iam_policy_document.combined_with_serviceprincipals_and_conditions",
              "module.shared-service-state-buckets.module.kms_s3.data.aws_iam_policy_document.combined_with_viaservice_condition",
              "module.shared-service-state-buckets.module.kms_s3.data.aws_iam_policy_document.general_policy",
              "module.shared-service-state-buckets.module.s3_state_file_networking.data.aws_caller_identity.current"
            ]
          }
        ]
      },
      {
        "module": "module.shared-service-state-buckets.module.s3_state_file_networking",
        "mode": "managed",
        "type": "aws_s3_bucket_policy",
        "name": "deny_unencrypted_state_operations_attachment",
        "provider": "module.shared-service-state-buckets.provider[\"registry.terraform.io/hashicorp/aws\"]",
        "instances": [
          {
            "schema_version": 0,
            "attributes": {
              "bucket": "shared-service-051939627954-networking-state-s3",
              "id": "shared-service-051939627954-networking-state-s3",
              "policy": "{\"Statement\":[{\"Action\":[\"s3:PutObject\",\"s3:GetObject\"],\"Condition\":{\"ForAnyValue:Bool\":{\"aws:SecureTransport\":\"false\"},\"NumericLessThan\":{\"s3:TlsVersion\":\"1.2\"}},\"Effect\":\"Deny\",\"Principal\":\"*\",\"Resource\":\"arn:aws:s3:::shared-service-051939627954-networking-state-s3/*\"}],\"Version\":\"2012-10-17\"}"
            },
            "sensitive_attributes": [],
            "private": "bnVsbA==",
            "dependencies": [
              "module.shared-service-state-buckets.module.kms_s3.aws_kms_key.this",
              "module.shared-service-state-buckets.module.kms_s3.data.aws_caller_identity.current",
              "module.shared-service-state-buckets.module.kms_s3.data.aws_iam_policy_document.combined_with_serviceprincipals_and_conditions",
              "module.shared-service-state-buckets.module.kms_s3.data.aws_iam_policy_document.combined_with_viaservice_condition",
              "module.shared-service-state-buckets.module.kms_s3.data.aws_iam_policy_document.general_policy",
              "module.shared-service-state-buckets.module.s3_state_file_networking.aws_s3_bucket.this",
              "module.shared-service-state-buckets.module.s3_state_file_networking.data.aws_caller_identity.current",
              "module.shared-service-state-buckets.module.s3_state_file_networking.data.aws_iam_policy_document.deny_unencrypted_state_operations"
            ]
          }
        ]
      },
      {
        "module": "module.shared-service-state-buckets.module.s3_state_file_networking",
        "mode": "managed",
        "type": "aws_s3_bucket_public_access_block",
        "name": "deny_access_public",
        "provider": "module.shared-service-state-buckets.provider[\"registry.terraform.io/hashicorp/aws\"]",
        "instances": [
          {
            "schema_version": 0,
            "attributes": {
              "block_public_acls": true,
              "block_public_policy": true,
              "bucket": "shared-service-051939627954-networking-state-s3",
              "id": "shared-service-051939627954-networking-state-s3",
              "ignore_public_acls": true,
              "restrict_public_buckets": true
            },
            "sensitive_attributes": [],
            "private": "bnVsbA==",
            "dependencies": [
              "module.shared-service-state-buckets.module.kms_s3.aws_kms_key.this",
              "module.shared-service-state-buckets.module.kms_s3.data.aws_caller_identity.current",
              "module.shared-service-state-buckets.module.kms_s3.data.aws_iam_policy_document.combined_with_serviceprincipals_and_conditions",
              "module.shared-service-state-buckets.module.kms_s3.data.aws_iam_policy_document.combined_with_viaservice_condition",
              "module.shared-service-state-buckets.module.kms_s3.data.aws_iam_policy_document.general_policy",
              "module.shared-service-state-buckets.module.s3_state_file_networking.aws_s3_bucket.this",
              "module.shared-service-state-buckets.module.s3_state_file_networking.data.aws_caller_identity.current"
            ]
          }
        ]
      },
      {
        "module": "module.shared-service-state-buckets.module.s3_state_file_observability",
        "mode": "data",
        "type": "aws_caller_identity",
        "name": "current",
        "provider": "module.shared-service-state-buckets.provider[\"registry.terraform.io/hashicorp/aws\"]",
        "instances": [
          {
            "schema_version": 0,
            "attributes": {
              "account_id": "051939627954",
              "arn": "arn:aws:sts::051939627954:assumed-role/AWSReservedSSO_AdministratorAccess_a6c05fba94b34a16/jennifer.nicholas@gft.com",
              "id": "051939627954",
              "user_id": "AROAQYF6X2OZCTIC6U4I5:jennifer.nicholas@gft.com"
            },
            "sensitive_attributes": []
          }
        ]
      },
      {
        "module": "module.shared-service-state-buckets.module.s3_state_file_observability",
        "mode": "data",
        "type": "aws_iam_policy_document",
        "name": "deny_unencrypted_state_operations",
        "provider": "module.shared-service-state-buckets.provider[\"registry.terraform.io/hashicorp/aws\"]",
        "instances": [
          {
            "schema_version": 0,
            "attributes": {
              "id": "1819780328",
              "json": "{\n  \"Version\": \"2012-10-17\",\n  \"Statement\": [\n    {\n      \"Effect\": \"Deny\",\n      \"Action\": [\n        \"s3:PutObject\",\n        \"s3:GetObject\"\n      ],\n      \"Resource\": \"arn:aws:s3:::shared-service-051939627954-observability-state-s3/*\",\n      \"Principal\": \"*\",\n      \"Condition\": {\n        \"ForAnyValue:Bool\": {\n          \"aws:SecureTransport\": \"false\"\n        },\n        \"NumericLessThan\": {\n          \"s3:TlsVersion\": \"1.2\"\n        }\n      }\n    }\n  ]\n}",
              "override_policy_documents": null,
              "policy_id": null,
              "source_policy_documents": null,
              "statement": [
                {
                  "actions": [
                    "s3:GetObject",
                    "s3:PutObject"
                  ],
                  "condition": [
                    {
                      "test": "ForAnyValue:Bool",
                      "values": [
                        "false"
                      ],
                      "variable": "aws:SecureTransport"
                    },
                    {
                      "test": "NumericLessThan",
                      "values": [
                        "1.2"
                      ],
                      "variable": "s3:TlsVersion"
                    }
                  ],
                  "effect": "Deny",
                  "not_actions": [],
                  "not_principals": [],
                  "not_resources": [],
                  "principals": [
                    {
                      "identifiers": [
                        "*"
                      ],
                      "type": "*"
                    }
                  ],
                  "resources": [
                    "arn:aws:s3:::shared-service-051939627954-observability-state-s3/*"
                  ],
                  "sid": ""
                }
              ],
              "version": "2012-10-17"
            },
            "sensitive_attributes": []
          }
        ]
      },
      {
        "module": "module.shared-service-state-buckets.module.s3_state_file_observability",
        "mode": "managed",
        "type": "aws_s3_bucket",
        "name": "this",
        "provider": "module.shared-service-state-buckets.provider[\"registry.terraform.io/hashicorp/aws\"]",
        "instances": [
          {
            "schema_version": 0,
            "attributes": {
              "acceleration_status": "",
              "acl": "private",
              "arn": "arn:aws:s3:::shared-service-051939627954-observability-state-s3",
              "bucket": "shared-service-051939627954-observability-state-s3",
              "bucket_domain_name": "shared-service-051939627954-observability-state-s3.s3.amazonaws.com",
              "bucket_prefix": "",
              "bucket_regional_domain_name": "shared-service-051939627954-observability-state-s3.s3.eu-west-2.amazonaws.com",
              "cors_rule": [],
              "force_destroy": false,
              "grant": [
                {
                  "id": "13ae991dcfd68a12e4fa10fa7839bd8e2f6038253c22d9562b45da6bd8289f35",
                  "permissions": [
                    "FULL_CONTROL"
                  ],
                  "type": "CanonicalUser",
                  "uri": ""
                }
              ],
              "hosted_zone_id": "Z3GKZC51ZF0DB4",
              "id": "shared-service-051939627954-observability-state-s3",
              "lifecycle_rule": [],
              "logging": [],
              "object_lock_configuration": [
                {
                  "object_lock_enabled": "Enabled",
                  "rule": []
                }
              ],
              "object_lock_enabled": true,
              "policy": "",
              "region": "eu-west-2",
              "replication_configuration": [],
              "request_payer": "BucketOwner",
              "server_side_encryption_configuration": [
                {
                  "rule": [
                    {
                      "apply_server_side_encryption_by_default": [
                        {
                          "kms_master_key_id": "arn:aws:kms:eu-west-2:051939627954:key/a359d409-1326-482d-b26f-145012380d33",
                          "sse_algorithm": "aws:kms"
                        }
                      ],
                      "bucket_key_enabled": false
                    }
                  ]
                }
              ],
              "tags": null,
              "tags_all": {
                "blx:created-by": "terraform",
                "blx:environment": "shared-service",
                "blx:owner": "all",
                "blx:repository-name": "tmuk-tf-spacelift-prerequisites",
                "blx:skeleton-name": "shared-service-state-buckets",
                "blx:tag-version": "1"
              },
              "timeouts": null,
              "versioning": [
                {
                  "enabled": true,
                  "mfa_delete": false
                }
              ],
              "website": [],
              "website_domain": null,
              "website_endpoint": null
            },
            "sensitive_attributes": [],
            "private": "eyJlMmJmYjczMC1lY2FhLTExZTYtOGY4OC0zNDM2M2JjN2M0YzAiOnsiY3JlYXRlIjoxMjAwMDAwMDAwMDAwLCJkZWxldGUiOjM2MDAwMDAwMDAwMDAsInJlYWQiOjEyMDAwMDAwMDAwMDAsInVwZGF0ZSI6MTIwMDAwMDAwMDAwMH19",
            "dependencies": [
              "module.shared-service-state-buckets.module.kms_s3.aws_kms_key.this",
              "module.shared-service-state-buckets.module.kms_s3.data.aws_caller_identity.current",
              "module.shared-service-state-buckets.module.kms_s3.data.aws_iam_policy_document.combined_with_serviceprincipals_and_conditions",
              "module.shared-service-state-buckets.module.kms_s3.data.aws_iam_policy_document.combined_with_viaservice_condition",
              "module.shared-service-state-buckets.module.kms_s3.data.aws_iam_policy_document.general_policy",
              "module.shared-service-state-buckets.module.s3_state_file_observability.data.aws_caller_identity.current"
            ]
          }
        ]
      },
      {
        "module": "module.shared-service-state-buckets.module.s3_state_file_observability",
        "mode": "managed",
        "type": "aws_s3_bucket_policy",
        "name": "deny_unencrypted_state_operations_attachment",
        "provider": "module.shared-service-state-buckets.provider[\"registry.terraform.io/hashicorp/aws\"]",
        "instances": [
          {
            "schema_version": 0,
            "attributes": {
              "bucket": "shared-service-051939627954-observability-state-s3",
              "id": "shared-service-051939627954-observability-state-s3",
              "policy": "{\"Statement\":[{\"Action\":[\"s3:PutObject\",\"s3:GetObject\"],\"Condition\":{\"ForAnyValue:Bool\":{\"aws:SecureTransport\":\"false\"},\"NumericLessThan\":{\"s3:TlsVersion\":\"1.2\"}},\"Effect\":\"Deny\",\"Principal\":\"*\",\"Resource\":\"arn:aws:s3:::shared-service-051939627954-observability-state-s3/*\"}],\"Version\":\"2012-10-17\"}"
            },
            "sensitive_attributes": [],
            "private": "bnVsbA==",
            "dependencies": [
              "module.shared-service-state-buckets.module.kms_s3.aws_kms_key.this",
              "module.shared-service-state-buckets.module.kms_s3.data.aws_caller_identity.current",
              "module.shared-service-state-buckets.module.kms_s3.data.aws_iam_policy_document.combined_with_serviceprincipals_and_conditions",
              "module.shared-service-state-buckets.module.kms_s3.data.aws_iam_policy_document.combined_with_viaservice_condition",
              "module.shared-service-state-buckets.module.kms_s3.data.aws_iam_policy_document.general_policy",
              "module.shared-service-state-buckets.module.s3_state_file_observability.aws_s3_bucket.this",
              "module.shared-service-state-buckets.module.s3_state_file_observability.data.aws_caller_identity.current",
              "module.shared-service-state-buckets.module.s3_state_file_observability.data.aws_iam_policy_document.deny_unencrypted_state_operations"
            ]
          }
        ]
      },
      {
        "module": "module.shared-service-state-buckets.module.s3_state_file_observability",
        "mode": "managed",
        "type": "aws_s3_bucket_public_access_block",
        "name": "deny_access_public",
        "provider": "module.shared-service-state-buckets.provider[\"registry.terraform.io/hashicorp/aws\"]",
        "instances": [
          {
            "schema_version": 0,
            "attributes": {
              "block_public_acls": true,
              "block_public_policy": true,
              "bucket": "shared-service-051939627954-observability-state-s3",
              "id": "shared-service-051939627954-observability-state-s3",
              "ignore_public_acls": true,
              "restrict_public_buckets": true
            },
            "sensitive_attributes": [],
            "private": "bnVsbA==",
            "dependencies": [
              "module.shared-service-state-buckets.module.kms_s3.aws_kms_key.this",
              "module.shared-service-state-buckets.module.kms_s3.data.aws_caller_identity.current",
              "module.shared-service-state-buckets.module.kms_s3.data.aws_iam_policy_document.combined_with_serviceprincipals_and_conditions",
              "module.shared-service-state-buckets.module.kms_s3.data.aws_iam_policy_document.combined_with_viaservice_condition",
              "module.shared-service-state-buckets.module.kms_s3.data.aws_iam_policy_document.general_policy",
              "module.shared-service-state-buckets.module.s3_state_file_observability.aws_s3_bucket.this",
              "module.shared-service-state-buckets.module.s3_state_file_observability.data.aws_caller_identity.current"
            ]
          }
        ]
      },
      {
        "module": "module.shared_service_spacelift_prequisites.module.kms_ecr",
        "mode": "data",
        "type": "aws_caller_identity",
        "name": "current",
        "provider": "provider[\"registry.terraform.io/hashicorp/aws\"]",
        "instances": [
          {
            "schema_version": 0,
            "attributes": {
              "account_id": "051939627954",
              "arn": "arn:aws:sts::051939627954:assumed-role/AWSReservedSSO_AdministratorAccess_a6c05fba94b34a16/jennifer.nicholas@gft.com",
              "id": "051939627954",
              "user_id": "AROAQYF6X2OZCTIC6U4I5:jennifer.nicholas@gft.com"
            },
            "sensitive_attributes": []
          }
        ]
      },
      {
        "module": "module.shared_service_spacelift_prequisites.module.kms_ecr",
        "mode": "data",
        "type": "aws_iam_policy_document",
        "name": "combined_with_serviceprincipals_and_conditions",
        "provider": "provider[\"registry.terraform.io/hashicorp/aws\"]",
        "instances": [
          {
            "schema_version": 0,
            "attributes": {
              "id": "2371832661",
              "json": "{\n  \"Version\": \"2012-10-17\",\n  \"Statement\": [\n    {\n      \"Sid\": \"Enable IAM Root User Permissions\",\n      \"Effect\": \"Allow\",\n      \"Action\": \"kms:*\",\n      \"Resource\": \"*\",\n      \"Principal\": {\n        \"AWS\": \"arn:aws:iam::051939627954:root\"\n      }\n    },\n    {\n      \"Sid\": \"Allow access for Key Administrators\",\n      \"Effect\": \"Allow\",\n      \"Action\": [\n        \"kms:Update*\",\n        \"kms:UntagResource\",\n        \"kms:TagResource\",\n        \"kms:ScheduleKeyDeletion\",\n        \"kms:Revoke*\",\n        \"kms:Put*\",\n        \"kms:List*\",\n        \"kms:Get*\",\n        \"kms:Enable*\",\n        \"kms:Disable*\",\n        \"kms:Describe*\",\n        \"kms:Delete*\",\n        \"kms:Create*\",\n        \"kms:CancelKeyDeletion\"\n      ],\n      \"Resource\": \"*\",\n      \"Principal\": {\n        \"AWS\": \"arn:aws:iam::051939627954:root\"\n      }\n    },\n    {\n      \"Sid\": \"Allow use of the key for decryption only\",\n      \"Effect\": \"Allow\",\n      \"Action\": \"kms:Decrypt\",\n      \"Resource\": \"*\",\n      \"Principal\": {\n        \"AWS\": \"arn:aws:iam::051939627954:root\"\n      }\n    }\n  ]\n}",
              "override_policy_documents": null,
              "policy_id": null,
              "source_policy_documents": [
                "{\n  \"Version\": \"2012-10-17\",\n  \"Statement\": [\n    {\n      \"Sid\": \"Enable IAM Root User Permissions\",\n      \"Effect\": \"Allow\",\n      \"Action\": \"kms:*\",\n      \"Resource\": \"*\",\n      \"Principal\": {\n        \"AWS\": \"arn:aws:iam::051939627954:root\"\n      }\n    },\n    {\n      \"Sid\": \"Allow access for Key Administrators\",\n      \"Effect\": \"Allow\",\n      \"Action\": [\n        \"kms:Update*\",\n        \"kms:UntagResource\",\n        \"kms:TagResource\",\n        \"kms:ScheduleKeyDeletion\",\n        \"kms:Revoke*\",\n        \"kms:Put*\",\n        \"kms:List*\",\n        \"kms:Get*\",\n        \"kms:Enable*\",\n        \"kms:Disable*\",\n        \"kms:Describe*\",\n        \"kms:Delete*\",\n        \"kms:Create*\",\n        \"kms:CancelKeyDeletion\"\n      ],\n      \"Resource\": \"*\",\n      \"Principal\": {\n        \"AWS\": \"arn:aws:iam::051939627954:root\"\n      }\n    },\n    {\n      \"Sid\": \"Allow use of the key for decryption only\",\n      \"Effect\": \"Allow\",\n      \"Action\": \"kms:Decrypt\",\n      \"Resource\": \"*\",\n      \"Principal\": {\n        \"AWS\": \"arn:aws:iam::051939627954:root\"\n      }\n    }\n  ]\n}"
              ],
              "statement": null,
              "version": "2012-10-17"
            },
            "sensitive_attributes": []
          }
        ]
      },
      {
        "module": "module.shared_service_spacelift_prequisites.module.kms_ecr",
        "mode": "data",
        "type": "aws_iam_policy_document",
        "name": "combined_with_viaservice_condition",
        "provider": "provider[\"registry.terraform.io/hashicorp/aws\"]",
        "instances": [
          {
            "schema_version": 0,
            "attributes": {
              "id": "2425122880",
              "json": "{\n  \"Version\": \"2012-10-17\",\n  \"Statement\": [\n    {\n      \"Sid\": \"Enable IAM Root User Permissions\",\n      \"Effect\": \"Allow\",\n      \"Action\": \"kms:*\",\n      \"Resource\": \"*\",\n      \"Principal\": {\n        \"AWS\": \"arn:aws:iam::051939627954:root\"\n      }\n    },\n    {\n      \"Sid\": \"Allow access for Key Administrators\",\n      \"Effect\": \"Allow\",\n      \"Action\": [\n        \"kms:Update*\",\n        \"kms:UntagResource\",\n        \"kms:TagResource\",\n        \"kms:ScheduleKeyDeletion\",\n        \"kms:Revoke*\",\n        \"kms:Put*\",\n        \"kms:List*\",\n        \"kms:Get*\",\n        \"kms:Enable*\",\n        \"kms:Disable*\",\n        \"kms:Describe*\",\n        \"kms:Delete*\",\n        \"kms:Create*\",\n        \"kms:CancelKeyDeletion\"\n      ],\n      \"Resource\": \"*\",\n      \"Principal\": {\n        \"AWS\": \"arn:aws:iam::051939627954:root\"\n      }\n    },\n    {\n      \"Sid\": \"Allow use of the key for decryption only\",\n      \"Effect\": \"Allow\",\n      \"Action\": \"kms:Decrypt\",\n      \"Resource\": \"*\",\n      \"Principal\": {\n        \"AWS\": \"arn:aws:iam::051939627954:root\"\n      }\n    },\n    {\n      \"Effect\": \"Allow\",\n      \"Action\": [\n        \"kms:ReEncrypt\",\n        \"kms:GenerateDataKey*\",\n        \"kms:Encrypt\",\n        \"kms:DescribeKey\",\n        \"kms:Decrypt\",\n        \"kms:CreateGrant\"\n      ],\n      \"Resource\": \"*\",\n      \"Principal\": {\n        \"AWS\": \"*\"\n      },\n      \"Condition\": {\n        \"StringEquals\": {\n          \"kms:CallerAccount\": \"051939627954\",\n          \"kms:ViaService\": \"ecr.eu-west-2.amazonaws.com\"\n        }\n      }\n    }\n  ]\n}",
              "override_policy_documents": null,
              "policy_id": null,
              "source_policy_documents": [
                "{\n  \"Version\": \"2012-10-17\",\n  \"Statement\": [\n    {\n      \"Sid\": \"Enable IAM Root User Permissions\",\n      \"Effect\": \"Allow\",\n      \"Action\": \"kms:*\",\n      \"Resource\": \"*\",\n      \"Principal\": {\n        \"AWS\": \"arn:aws:iam::051939627954:root\"\n      }\n    },\n    {\n      \"Sid\": \"Allow access for Key Administrators\",\n      \"Effect\": \"Allow\",\n      \"Action\": [\n        \"kms:Update*\",\n        \"kms:UntagResource\",\n        \"kms:TagResource\",\n        \"kms:ScheduleKeyDeletion\",\n        \"kms:Revoke*\",\n        \"kms:Put*\",\n        \"kms:List*\",\n        \"kms:Get*\",\n        \"kms:Enable*\",\n        \"kms:Disable*\",\n        \"kms:Describe*\",\n        \"kms:Delete*\",\n        \"kms:Create*\",\n        \"kms:CancelKeyDeletion\"\n      ],\n      \"Resource\": \"*\",\n      \"Principal\": {\n        \"AWS\": \"arn:aws:iam::051939627954:root\"\n      }\n    },\n    {\n      \"Sid\": \"Allow use of the key for decryption only\",\n      \"Effect\": \"Allow\",\n      \"Action\": \"kms:Decrypt\",\n      \"Resource\": \"*\",\n      \"Principal\": {\n        \"AWS\": \"arn:aws:iam::051939627954:root\"\n      }\n    }\n  ]\n}"
              ],
              "statement": [
                {
                  "actions": [
                    "kms:CreateGrant",
                    "kms:Decrypt",
                    "kms:DescribeKey",
                    "kms:Encrypt",
                    "kms:GenerateDataKey*",
                    "kms:ReEncrypt"
                  ],
                  "condition": [
                    {
                      "test": "StringEquals",
                      "values": [
                        "051939627954"
                      ],
                      "variable": "kms:CallerAccount"
                    },
                    {
                      "test": "StringEquals",
                      "values": [
                        "ecr.eu-west-2.amazonaws.com"
                      ],
                      "variable": "kms:ViaService"
                    }
                  ],
                  "effect": "Allow",
                  "not_actions": [],
                  "not_principals": [],
                  "not_resources": [],
                  "principals": [
                    {
                      "identifiers": [
                        "*"
                      ],
                      "type": "AWS"
                    }
                  ],
                  "resources": [
                    "*"
                  ],
                  "sid": ""
                }
              ],
              "version": "2012-10-17"
            },
            "sensitive_attributes": []
          }
        ]
      },
      {
        "module": "module.shared_service_spacelift_prequisites.module.kms_ecr",
        "mode": "data",
        "type": "aws_iam_policy_document",
        "name": "general_policy",
        "provider": "provider[\"registry.terraform.io/hashicorp/aws\"]",
        "instances": [
          {
            "schema_version": 0,
            "attributes": {
              "id": "2371832661",
              "json": "{\n  \"Version\": \"2012-10-17\",\n  \"Statement\": [\n    {\n      \"Sid\": \"Enable IAM Root User Permissions\",\n      \"Effect\": \"Allow\",\n      \"Action\": \"kms:*\",\n      \"Resource\": \"*\",\n      \"Principal\": {\n        \"AWS\": \"arn:aws:iam::051939627954:root\"\n      }\n    },\n    {\n      \"Sid\": \"Allow access for Key Administrators\",\n      \"Effect\": \"Allow\",\n      \"Action\": [\n        \"kms:Update*\",\n        \"kms:UntagResource\",\n        \"kms:TagResource\",\n        \"kms:ScheduleKeyDeletion\",\n        \"kms:Revoke*\",\n        \"kms:Put*\",\n        \"kms:List*\",\n        \"kms:Get*\",\n        \"kms:Enable*\",\n        \"kms:Disable*\",\n        \"kms:Describe*\",\n        \"kms:Delete*\",\n        \"kms:Create*\",\n        \"kms:CancelKeyDeletion\"\n      ],\n      \"Resource\": \"*\",\n      \"Principal\": {\n        \"AWS\": \"arn:aws:iam::051939627954:root\"\n      }\n    },\n    {\n      \"Sid\": \"Allow use of the key for decryption only\",\n      \"Effect\": \"Allow\",\n      \"Action\": \"kms:Decrypt\",\n      \"Resource\": \"*\",\n      \"Principal\": {\n        \"AWS\": \"arn:aws:iam::051939627954:root\"\n      }\n    }\n  ]\n}",
              "override_policy_documents": null,
              "policy_id": null,
              "source_policy_documents": null,
              "statement": [
                {
                  "actions": [
                    "kms:*"
                  ],
                  "condition": [],
                  "effect": "Allow",
                  "not_actions": [],
                  "not_principals": [],
                  "not_resources": [],
                  "principals": [
                    {
                      "identifiers": [
                        "arn:aws:iam::051939627954:root"
                      ],
                      "type": "AWS"
                    }
                  ],
                  "resources": [
                    "*"
                  ],
                  "sid": "Enable IAM Root User Permissions"
                },
                {
                  "actions": [
                    "kms:CancelKeyDeletion",
                    "kms:Create*",
                    "kms:Delete*",
                    "kms:Describe*",
                    "kms:Disable*",
                    "kms:Enable*",
                    "kms:Get*",
                    "kms:List*",
                    "kms:Put*",
                    "kms:Revoke*",
                    "kms:ScheduleKeyDeletion",
                    "kms:TagResource",
                    "kms:UntagResource",
                    "kms:Update*"
                  ],
                  "condition": [],
                  "effect": "Allow",
                  "not_actions": [],
                  "not_principals": [],
                  "not_resources": [],
                  "principals": [
                    {
                      "identifiers": [
                        "arn:aws:iam::051939627954:root"
                      ],
                      "type": "AWS"
                    }
                  ],
                  "resources": [
                    "*"
                  ],
                  "sid": "Allow access for Key Administrators"
                },
                {
                  "actions": [
                    "kms:Decrypt"
                  ],
                  "condition": [],
                  "effect": "Allow",
                  "not_actions": [],
                  "not_principals": [],
                  "not_resources": [],
                  "principals": [
                    {
                      "identifiers": [
                        "arn:aws:iam::051939627954:root"
                      ],
                      "type": "AWS"
                    }
                  ],
                  "resources": [
                    "*"
                  ],
                  "sid": "Allow use of the key for decryption only"
                }
              ],
              "version": "2012-10-17"
            },
            "sensitive_attributes": []
          }
        ]
      },
      {
        "module": "module.shared_service_spacelift_prequisites.module.kms_ecr",
        "mode": "managed",
        "type": "aws_kms_alias",
        "name": "this",
        "provider": "provider[\"registry.terraform.io/hashicorp/aws\"]",
        "instances": [
          {
            "schema_version": 0,
            "attributes": {
              "arn": "arn:aws:kms:eu-west-2:051939627954:alias/shared-service-spacelift-ecr",
              "id": "alias/shared-service-spacelift-ecr",
              "name": "alias/shared-service-spacelift-ecr",
              "name_prefix": "",
              "target_key_arn": "arn:aws:kms:eu-west-2:051939627954:key/cf1efc8d-ca82-4513-9db5-7e02ffde1097",
              "target_key_id": "cf1efc8d-ca82-4513-9db5-7e02ffde1097"
            },
            "sensitive_attributes": [],
            "private": "bnVsbA==",
            "dependencies": [
              "module.shared_service_spacelift_prequisites.module.kms_ecr.aws_kms_key.this",
              "module.shared_service_spacelift_prequisites.module.kms_ecr.data.aws_caller_identity.current",
              "module.shared_service_spacelift_prequisites.module.kms_ecr.data.aws_iam_policy_document.combined_with_serviceprincipals_and_conditions",
              "module.shared_service_spacelift_prequisites.module.kms_ecr.data.aws_iam_policy_document.combined_with_viaservice_condition",
              "module.shared_service_spacelift_prequisites.module.kms_ecr.data.aws_iam_policy_document.general_policy"
            ]
          }
        ]
      },
      {
        "module": "module.shared_service_spacelift_prequisites.module.kms_ecr",
        "mode": "managed",
        "type": "aws_kms_key",
        "name": "this",
        "provider": "provider[\"registry.terraform.io/hashicorp/aws\"]",
        "instances": [
          {
            "schema_version": 0,
            "attributes": {
              "arn": "arn:aws:kms:eu-west-2:051939627954:key/cf1efc8d-ca82-4513-9db5-7e02ffde1097",
              "bypass_policy_lockout_safety_check": false,
              "custom_key_store_id": "",
              "customer_master_key_spec": "SYMMETRIC_DEFAULT",
              "deletion_window_in_days": null,
              "description": "KMS key to encrypt shared-service-spacelift ecr",
              "enable_key_rotation": true,
              "id": "cf1efc8d-ca82-4513-9db5-7e02ffde1097",
              "is_enabled": true,
              "key_id": "cf1efc8d-ca82-4513-9db5-7e02ffde1097",
              "key_usage": "ENCRYPT_DECRYPT",
              "multi_region": false,
              "policy": "{\"Statement\":[{\"Action\":\"kms:*\",\"Effect\":\"Allow\",\"Principal\":{\"AWS\":\"arn:aws:iam::051939627954:root\"},\"Resource\":\"*\",\"Sid\":\"Enable IAM Root User Permissions\"},{\"Action\":[\"kms:Update*\",\"kms:UntagResource\",\"kms:TagResource\",\"kms:ScheduleKeyDeletion\",\"kms:Revoke*\",\"kms:Put*\",\"kms:List*\",\"kms:Get*\",\"kms:Enable*\",\"kms:Disable*\",\"kms:Describe*\",\"kms:Delete*\",\"kms:Create*\",\"kms:CancelKeyDeletion\"],\"Effect\":\"Allow\",\"Principal\":{\"AWS\":\"arn:aws:iam::051939627954:root\"},\"Resource\":\"*\",\"Sid\":\"Allow access for Key Administrators\"},{\"Action\":\"kms:Decrypt\",\"Effect\":\"Allow\",\"Principal\":{\"AWS\":\"arn:aws:iam::051939627954:root\"},\"Resource\":\"*\",\"Sid\":\"Allow use of the key for decryption only\"},{\"Action\":[\"kms:ReEncrypt\",\"kms:GenerateDataKey*\",\"kms:Encrypt\",\"kms:DescribeKey\",\"kms:Decrypt\",\"kms:CreateGrant\"],\"Condition\":{\"StringEquals\":{\"kms:CallerAccount\":\"051939627954\",\"kms:ViaService\":\"ecr.eu-west-2.amazonaws.com\"}},\"Effect\":\"Allow\",\"Principal\":{\"AWS\":\"*\"},\"Resource\":\"*\"}],\"Version\":\"2012-10-17\"}",
              "tags": null,
              "tags_all": {
                "blx:created-by": "terraform",
                "blx:owner": "all",
                "blx:repository-name": "tmuk-tf-spacelift-prerequisites",
                "blx:tag-version": "1"
              }
            },
            "sensitive_attributes": [],
            "private": "bnVsbA==",
            "dependencies": [
              "module.shared_service_spacelift_prequisites.module.kms_ecr.data.aws_caller_identity.current",
              "module.shared_service_spacelift_prequisites.module.kms_ecr.data.aws_iam_policy_document.combined_with_serviceprincipals_and_conditions",
              "module.shared_service_spacelift_prequisites.module.kms_ecr.data.aws_iam_policy_document.combined_with_viaservice_condition",
              "module.shared_service_spacelift_prequisites.module.kms_ecr.data.aws_iam_policy_document.general_policy"
            ]
          }
        ]
      },
      {
        "module": "module.shared_service_spacelift_prequisites.module.platform_ecr",
        "mode": "data",
        "type": "aws_caller_identity",
        "name": "current",
        "provider": "provider[\"registry.terraform.io/hashicorp/aws\"]",
        "instances": [
          {
            "schema_version": 0,
            "attributes": {
              "account_id": "051939627954",
              "arn": "arn:aws:sts::051939627954:assumed-role/AWSReservedSSO_AdministratorAccess_a6c05fba94b34a16/jennifer.nicholas@gft.com",
              "id": "051939627954",
              "user_id": "AROAQYF6X2OZCTIC6U4I5:jennifer.nicholas@gft.com"
            },
            "sensitive_attributes": []
          }
        ]
      },
      {
        "module": "module.shared_service_spacelift_prequisites.module.platform_ecr",
        "mode": "data",
        "type": "aws_iam_policy_document",
        "name": "pullpush_policy",
        "provider": "provider[\"registry.terraform.io/hashicorp/aws\"]",
        "instances": [
          {
            "schema_version": 0,
            "attributes": {
              "id": "906467426",
              "json": "{\n  \"Version\": \"2012-10-17\",\n  \"Statement\": [\n    {\n      \"Sid\": \"AllowPullPush\",\n      \"Effect\": \"Allow\",\n      \"Action\": [\n        \"ecr:UploadLayerPart\",\n        \"ecr:PutImage\",\n        \"ecr:InitiateLayerUpload\",\n        \"ecr:GetDownloadUrlForLayer\",\n        \"ecr:CompleteLayerUpload\",\n        \"ecr:BatchGetImage\",\n        \"ecr:BatchCheckLayerAvailability\"\n      ],\n      \"Principal\": {\n        \"AWS\": \"arn:aws:iam::051939627954:role/aws-reserved/sso.amazonaws.com/AWSReservedSSO_AdministratorAccess_a6c05fba94b34a16\"\n      }\n    },\n    {\n      \"Sid\": \"EcrReadOnlyDevAccess\",\n      \"Effect\": \"Allow\",\n      \"Action\": [\n        \"ecr:ListTagsForResource\",\n        \"ecr:ListImages\",\n        \"ecr:GetRepositoryPolicy\",\n        \"ecr:GetLifecyclePolicyPreview\",\n        \"ecr:GetLifecyclePolicy\",\n        \"ecr:GetDownloadUrlForLayer\",\n        \"ecr:GetAuthorizationToken\",\n        \"ecr:DescribeRepositories\",\n        \"ecr:DescribeImages\",\n        \"ecr:DescribeImageScanFindings\",\n        \"ecr:BatchGetImage\",\n        \"ecr:BatchCheckLayerAvailability\"\n      ],\n      \"Principal\": {\n        \"AWS\": \"arn:aws:iam::051939627954:root\"\n      }\n    }\n  ]\n}",
              "override_policy_documents": null,
              "policy_id": null,
              "source_policy_documents": null,
              "statement": [
                {
                  "actions": [
                    "ecr:BatchCheckLayerAvailability",
                    "ecr:BatchGetImage",
                    "ecr:CompleteLayerUpload",
                    "ecr:GetDownloadUrlForLayer",
                    "ecr:InitiateLayerUpload",
                    "ecr:PutImage",
                    "ecr:UploadLayerPart"
                  ],
                  "condition": [],
                  "effect": "Allow",
                  "not_actions": [],
                  "not_principals": [],
                  "not_resources": [],
                  "principals": [
                    {
                      "identifiers": [
                        "arn:aws:iam::051939627954:role/aws-reserved/sso.amazonaws.com/AWSReservedSSO_AdministratorAccess_a6c05fba94b34a16"
                      ],
                      "type": "AWS"
                    }
                  ],
                  "resources": [],
                  "sid": "AllowPullPush"
                },
                {
                  "actions": [
                    "ecr:BatchCheckLayerAvailability",
                    "ecr:BatchGetImage",
                    "ecr:DescribeImageScanFindings",
                    "ecr:DescribeImages",
                    "ecr:DescribeRepositories",
                    "ecr:GetAuthorizationToken",
                    "ecr:GetDownloadUrlForLayer",
                    "ecr:GetLifecyclePolicy",
                    "ecr:GetLifecyclePolicyPreview",
                    "ecr:GetRepositoryPolicy",
                    "ecr:ListImages",
                    "ecr:ListTagsForResource"
                  ],
                  "condition": [],
                  "effect": "Allow",
                  "not_actions": [],
                  "not_principals": [],
                  "not_resources": [],
                  "principals": [
                    {
                      "identifiers": [
                        "arn:aws:iam::051939627954:root"
                      ],
                      "type": "AWS"
                    }
                  ],
                  "resources": [],
                  "sid": "EcrReadOnlyDevAccess"
                }
              ],
              "version": "2012-10-17"
            },
            "sensitive_attributes": []
          }
        ]
      },
      {
        "module": "module.shared_service_spacelift_prequisites.module.platform_ecr",
        "mode": "data",
        "type": "aws_iam_policy_document",
        "name": "pullthroughcache_ecr_sharing",
        "provider": "provider[\"registry.terraform.io/hashicorp/aws\"]",
        "instances": [
          {
            "schema_version": 0,
            "attributes": {
              "id": "411933794",
              "json": "{\n  \"Version\": \"2012-10-17\",\n  \"Statement\": [\n    {\n      \"Sid\": \"AllowPullThroughCacheCrossAccount\",\n      \"Effect\": \"Allow\",\n      \"Action\": [\n        \"ecr:UploadLayerPart\",\n        \"ecr:PutImage\",\n        \"ecr:InitiateLayerUpload\",\n        \"ecr:GetDownloadUrlForLayer\",\n        \"ecr:GetAuthorizationToken\",\n        \"ecr:CompleteLayerUpload\",\n        \"ecr:BatchGetImage\",\n        \"ecr:BatchCheckLayerAvailability\"\n      ],\n      \"Principal\": {\n        \"AWS\": \"arn:aws:iam::051939627954:root\"\n      }\n    }\n  ]\n}",
              "override_policy_documents": null,
              "policy_id": null,
              "source_policy_documents": null,
              "statement": [
                {
                  "actions": [
                    "ecr:BatchCheckLayerAvailability",
                    "ecr:BatchGetImage",
                    "ecr:CompleteLayerUpload",
                    "ecr:GetAuthorizationToken",
                    "ecr:GetDownloadUrlForLayer",
                    "ecr:InitiateLayerUpload",
                    "ecr:PutImage",
                    "ecr:UploadLayerPart"
                  ],
                  "condition": [],
                  "effect": "Allow",
                  "not_actions": [],
                  "not_principals": [],
                  "not_resources": [],
                  "principals": [
                    {
                      "identifiers": [
                        "arn:aws:iam::051939627954:root"
                      ],
                      "type": "AWS"
                    }
                  ],
                  "resources": [],
                  "sid": "AllowPullThroughCacheCrossAccount"
                }
              ],
              "version": "2012-10-17"
            },
            "sensitive_attributes": []
          }
        ]
      },
      {
        "module": "module.shared_service_spacelift_prequisites.module.platform_ecr",
        "mode": "data",
        "type": "aws_iam_policy_document",
        "name": "pullthroughcache_policy",
        "provider": "provider[\"registry.terraform.io/hashicorp/aws\"]",
        "instances": [
          {
            "schema_version": 0,
            "attributes": {
              "id": "1332224620",
              "json": "{\n  \"Version\": \"2012-10-17\",\n  \"Statement\": [\n    {\n      \"Sid\": \"AllowPullThroughCache\",\n      \"Effect\": \"Allow\",\n      \"Action\": [\n        \"ecr:CreateRepository\",\n        \"ecr:BatchImportUpstreamImage\"\n      ],\n      \"Principal\": {\n        \"AWS\": \"arn:aws:iam::051939627954:root\"\n      }\n    }\n  ]\n}",
              "override_policy_documents": null,
              "policy_id": null,
              "source_policy_documents": null,
              "statement": [
                {
                  "actions": [
                    "ecr:BatchImportUpstreamImage",
                    "ecr:CreateRepository"
                  ],
                  "condition": [],
                  "effect": "Allow",
                  "not_actions": [],
                  "not_principals": [],
                  "not_resources": [],
                  "principals": [
                    {
                      "identifiers": [
                        "arn:aws:iam::051939627954:root"
                      ],
                      "type": "AWS"
                    }
                  ],
                  "resources": [],
                  "sid": "AllowPullThroughCache"
                }
              ],
              "version": "2012-10-17"
            },
            "sensitive_attributes": []
          }
        ]
      },
      {
        "module": "module.shared_service_spacelift_prequisites.module.platform_ecr",
        "mode": "data",
        "type": "aws_partition",
        "name": "this",
        "provider": "provider[\"registry.terraform.io/hashicorp/aws\"]",
        "instances": [
          {
            "schema_version": 0,
            "attributes": {
              "dns_suffix": "amazonaws.com",
              "id": "aws",
              "partition": "aws",
              "reverse_dns_prefix": "com.amazonaws"
            },
            "sensitive_attributes": []
          }
        ]
      },
      {
        "module": "module.shared_service_spacelift_prequisites.module.platform_ecr",
        "mode": "managed",
        "type": "aws_ecr_lifecycle_policy",
        "name": "this",
        "provider": "provider[\"registry.terraform.io/hashicorp/aws\"]",
        "instances": [
          {
            "index_key": "aws-ebs-csi-driver",
            "schema_version": 0,
            "attributes": {
              "id": "aws-ebs-csi-driver",
              "policy": "{\"rules\":[{\"action\":{\"type\":\"expire\"},\"description\":\"Expire untagged images older than 2 days\",\"rulePriority\":1,\"selection\":{\"countNumber\":2,\"countType\":\"sinceImagePushed\",\"countUnit\":\"days\",\"tagStatus\":\"untagged\"}}]}",
              "registry_id": "051939627954",
              "repository": "aws-ebs-csi-driver"
            },
            "sensitive_attributes": [],
            "private": "bnVsbA==",
            "dependencies": [
              "module.shared_service_spacelift_prequisites.module.kms_ecr.aws_kms_key.this",
              "module.shared_service_spacelift_prequisites.module.kms_ecr.data.aws_caller_identity.current",
              "module.shared_service_spacelift_prequisites.module.kms_ecr.data.aws_iam_policy_document.combined_with_serviceprincipals_and_conditions",
              "module.shared_service_spacelift_prequisites.module.kms_ecr.data.aws_iam_policy_document.combined_with_viaservice_condition",
              "module.shared_service_spacelift_prequisites.module.kms_ecr.data.aws_iam_policy_document.general_policy",
              "module.shared_service_spacelift_prequisites.module.platform_ecr.aws_ecr_repository.this"
            ]
          },
          {
            "index_key": "aws-load-balancer-controller",
            "schema_version": 0,
            "attributes": {
              "id": "aws-load-balancer-controller",
              "policy": "{\"rules\":[{\"action\":{\"type\":\"expire\"},\"description\":\"Expire untagged images older than 2 days\",\"rulePriority\":1,\"selection\":{\"countNumber\":2,\"countType\":\"sinceImagePushed\",\"countUnit\":\"days\",\"tagStatus\":\"untagged\"}}]}",
              "registry_id": "051939627954",
              "repository": "aws-load-balancer-controller"
            },
            "sensitive_attributes": [],
            "private": "bnVsbA==",
            "dependencies": [
              "module.shared_service_spacelift_prequisites.module.kms_ecr.aws_kms_key.this",
              "module.shared_service_spacelift_prequisites.module.kms_ecr.data.aws_caller_identity.current",
              "module.shared_service_spacelift_prequisites.module.kms_ecr.data.aws_iam_policy_document.combined_with_serviceprincipals_and_conditions",
              "module.shared_service_spacelift_prequisites.module.kms_ecr.data.aws_iam_policy_document.combined_with_viaservice_condition",
              "module.shared_service_spacelift_prequisites.module.kms_ecr.data.aws_iam_policy_document.general_policy",
              "module.shared_service_spacelift_prequisites.module.platform_ecr.aws_ecr_repository.this"
            ]
          },
          {
            "index_key": "cert-manager",
            "schema_version": 0,
            "attributes": {
              "id": "cert-manager",
              "policy": "{\"rules\":[{\"action\":{\"type\":\"expire\"},\"description\":\"Expire untagged images older than 2 days\",\"rulePriority\":1,\"selection\":{\"countNumber\":2,\"countType\":\"sinceImagePushed\",\"countUnit\":\"days\",\"tagStatus\":\"untagged\"}}]}",
              "registry_id": "051939627954",
              "repository": "cert-manager"
            },
            "sensitive_attributes": [],
            "private": "bnVsbA==",
            "dependencies": [
              "module.shared_service_spacelift_prequisites.module.kms_ecr.aws_kms_key.this",
              "module.shared_service_spacelift_prequisites.module.kms_ecr.data.aws_caller_identity.current",
              "module.shared_service_spacelift_prequisites.module.kms_ecr.data.aws_iam_policy_document.combined_with_serviceprincipals_and_conditions",
              "module.shared_service_spacelift_prequisites.module.kms_ecr.data.aws_iam_policy_document.combined_with_viaservice_condition",
              "module.shared_service_spacelift_prequisites.module.kms_ecr.data.aws_iam_policy_document.general_policy",
              "module.shared_service_spacelift_prequisites.module.platform_ecr.aws_ecr_repository.this"
            ]
          },
          {
            "index_key": "cloudwatch-container-insights",
            "schema_version": 0,
            "attributes": {
              "id": "cloudwatch-container-insights",
              "policy": "{\"rules\":[{\"action\":{\"type\":\"expire\"},\"description\":\"Expire untagged images older than 2 days\",\"rulePriority\":1,\"selection\":{\"countNumber\":2,\"countType\":\"sinceImagePushed\",\"countUnit\":\"days\",\"tagStatus\":\"untagged\"}}]}",
              "registry_id": "051939627954",
              "repository": "cloudwatch-container-insights"
            },
            "sensitive_attributes": [],
            "private": "bnVsbA==",
            "dependencies": [
              "module.shared_service_spacelift_prequisites.module.kms_ecr.aws_kms_key.this",
              "module.shared_service_spacelift_prequisites.module.kms_ecr.data.aws_caller_identity.current",
              "module.shared_service_spacelift_prequisites.module.kms_ecr.data.aws_iam_policy_document.combined_with_serviceprincipals_and_conditions",
              "module.shared_service_spacelift_prequisites.module.kms_ecr.data.aws_iam_policy_document.combined_with_viaservice_condition",
              "module.shared_service_spacelift_prequisites.module.kms_ecr.data.aws_iam_policy_document.general_policy",
              "module.shared_service_spacelift_prequisites.module.platform_ecr.aws_ecr_repository.this"
            ]
          },
          {
            "index_key": "cluster-autoscaler",
            "schema_version": 0,
            "attributes": {
              "id": "cluster-autoscaler",
              "policy": "{\"rules\":[{\"action\":{\"type\":\"expire\"},\"description\":\"Expire untagged images older than 2 days\",\"rulePriority\":1,\"selection\":{\"countNumber\":2,\"countType\":\"sinceImagePushed\",\"countUnit\":\"days\",\"tagStatus\":\"untagged\"}}]}",
              "registry_id": "051939627954",
              "repository": "cluster-autoscaler"
            },
            "sensitive_attributes": [],
            "private": "bnVsbA==",
            "dependencies": [
              "module.shared_service_spacelift_prequisites.module.kms_ecr.aws_kms_key.this",
              "module.shared_service_spacelift_prequisites.module.kms_ecr.data.aws_caller_identity.current",
              "module.shared_service_spacelift_prequisites.module.kms_ecr.data.aws_iam_policy_document.combined_with_serviceprincipals_and_conditions",
              "module.shared_service_spacelift_prequisites.module.kms_ecr.data.aws_iam_policy_document.combined_with_viaservice_condition",
              "module.shared_service_spacelift_prequisites.module.kms_ecr.data.aws_iam_policy_document.general_policy",
              "module.shared_service_spacelift_prequisites.module.platform_ecr.aws_ecr_repository.this"
            ]
          },
          {
            "index_key": "external-dns",
            "schema_version": 0,
            "attributes": {
              "id": "external-dns",
              "policy": "{\"rules\":[{\"action\":{\"type\":\"expire\"},\"description\":\"Expire untagged images older than 2 days\",\"rulePriority\":1,\"selection\":{\"countNumber\":2,\"countType\":\"sinceImagePushed\",\"countUnit\":\"days\",\"tagStatus\":\"untagged\"}}]}",
              "registry_id": "051939627954",
              "repository": "external-dns"
            },
            "sensitive_attributes": [],
            "private": "bnVsbA==",
            "dependencies": [
              "module.shared_service_spacelift_prequisites.module.kms_ecr.aws_kms_key.this",
              "module.shared_service_spacelift_prequisites.module.kms_ecr.data.aws_caller_identity.current",
              "module.shared_service_spacelift_prequisites.module.kms_ecr.data.aws_iam_policy_document.combined_with_serviceprincipals_and_conditions",
              "module.shared_service_spacelift_prequisites.module.kms_ecr.data.aws_iam_policy_document.combined_with_viaservice_condition",
              "module.shared_service_spacelift_prequisites.module.kms_ecr.data.aws_iam_policy_document.general_policy",
              "module.shared_service_spacelift_prequisites.module.platform_ecr.aws_ecr_repository.this"
            ]
          },
          {
            "index_key": "metrics-server",
            "schema_version": 0,
            "attributes": {
              "id": "metrics-server",
              "policy": "{\"rules\":[{\"action\":{\"type\":\"expire\"},\"description\":\"Expire untagged images older than 2 days\",\"rulePriority\":1,\"selection\":{\"countNumber\":2,\"countType\":\"sinceImagePushed\",\"countUnit\":\"days\",\"tagStatus\":\"untagged\"}}]}",
              "registry_id": "051939627954",
              "repository": "metrics-server"
            },
            "sensitive_attributes": [],
            "private": "bnVsbA==",
            "dependencies": [
              "module.shared_service_spacelift_prequisites.module.kms_ecr.aws_kms_key.this",
              "module.shared_service_spacelift_prequisites.module.kms_ecr.data.aws_caller_identity.current",
              "module.shared_service_spacelift_prequisites.module.kms_ecr.data.aws_iam_policy_document.combined_with_serviceprincipals_and_conditions",
              "module.shared_service_spacelift_prequisites.module.kms_ecr.data.aws_iam_policy_document.combined_with_viaservice_condition",
              "module.shared_service_spacelift_prequisites.module.kms_ecr.data.aws_iam_policy_document.general_policy",
              "module.shared_service_spacelift_prequisites.module.platform_ecr.aws_ecr_repository.this"
            ]
          },
          {
            "index_key": "platform/helm-charts/argo-cd",
            "schema_version": 0,
            "attributes": {
              "id": "platform/helm-charts/argo-cd",
              "policy": "{\"rules\":[{\"action\":{\"type\":\"expire\"},\"description\":\"Expire untagged images older than 2 days\",\"rulePriority\":1,\"selection\":{\"countNumber\":2,\"countType\":\"sinceImagePushed\",\"countUnit\":\"days\",\"tagStatus\":\"untagged\"}}]}",
              "registry_id": "051939627954",
              "repository": "platform/helm-charts/argo-cd"
            },
            "sensitive_attributes": [],
            "private": "bnVsbA==",
            "dependencies": [
              "module.shared_service_spacelift_prequisites.module.kms_ecr.aws_kms_key.this",
              "module.shared_service_spacelift_prequisites.module.kms_ecr.data.aws_caller_identity.current",
              "module.shared_service_spacelift_prequisites.module.kms_ecr.data.aws_iam_policy_document.combined_with_serviceprincipals_and_conditions",
              "module.shared_service_spacelift_prequisites.module.kms_ecr.data.aws_iam_policy_document.combined_with_viaservice_condition",
              "module.shared_service_spacelift_prequisites.module.kms_ecr.data.aws_iam_policy_document.general_policy",
              "module.shared_service_spacelift_prequisites.module.platform_ecr.aws_ecr_repository.this"
            ]
          },
          {
            "index_key": "platform/helm-charts/external-secrets",
            "schema_version": 0,
            "attributes": {
              "id": "platform/helm-charts/external-secrets",
              "policy": "{\"rules\":[{\"action\":{\"type\":\"expire\"},\"description\":\"Expire untagged images older than 2 days\",\"rulePriority\":1,\"selection\":{\"countNumber\":2,\"countType\":\"sinceImagePushed\",\"countUnit\":\"days\",\"tagStatus\":\"untagged\"}}]}",
              "registry_id": "051939627954",
              "repository": "platform/helm-charts/external-secrets"
            },
            "sensitive_attributes": [],
            "private": "bnVsbA==",
            "dependencies": [
              "module.shared_service_spacelift_prequisites.module.kms_ecr.aws_kms_key.this",
              "module.shared_service_spacelift_prequisites.module.kms_ecr.data.aws_caller_identity.current",
              "module.shared_service_spacelift_prequisites.module.kms_ecr.data.aws_iam_policy_document.combined_with_serviceprincipals_and_conditions",
              "module.shared_service_spacelift_prequisites.module.kms_ecr.data.aws_iam_policy_document.combined_with_viaservice_condition",
              "module.shared_service_spacelift_prequisites.module.kms_ecr.data.aws_iam_policy_document.general_policy",
              "module.shared_service_spacelift_prequisites.module.platform_ecr.aws_ecr_repository.this"
            ]
          },
          {
            "index_key": "platform/images/actions-runner-controller",
            "schema_version": 0,
            "attributes": {
              "id": "platform/images/actions-runner-controller",
              "policy": "{\"rules\":[{\"action\":{\"type\":\"expire\"},\"description\":\"Expire untagged images older than 2 days\",\"rulePriority\":1,\"selection\":{\"countNumber\":2,\"countType\":\"sinceImagePushed\",\"countUnit\":\"days\",\"tagStatus\":\"untagged\"}}]}",
              "registry_id": "051939627954",
              "repository": "platform/images/actions-runner-controller"
            },
            "sensitive_attributes": [],
            "private": "bnVsbA==",
            "dependencies": [
              "module.shared_service_spacelift_prequisites.module.kms_ecr.aws_kms_key.this",
              "module.shared_service_spacelift_prequisites.module.kms_ecr.data.aws_caller_identity.current",
              "module.shared_service_spacelift_prequisites.module.kms_ecr.data.aws_iam_policy_document.combined_with_serviceprincipals_and_conditions",
              "module.shared_service_spacelift_prequisites.module.kms_ecr.data.aws_iam_policy_document.combined_with_viaservice_condition",
              "module.shared_service_spacelift_prequisites.module.kms_ecr.data.aws_iam_policy_document.general_policy",
              "module.shared_service_spacelift_prequisites.module.platform_ecr.aws_ecr_repository.this"
            ]
          },
          {
            "index_key": "platform/images/argocd",
            "schema_version": 0,
            "attributes": {
              "id": "platform/images/argocd",
              "policy": "{\"rules\":[{\"action\":{\"type\":\"expire\"},\"description\":\"Expire untagged images older than 2 days\",\"rulePriority\":1,\"selection\":{\"countNumber\":2,\"countType\":\"sinceImagePushed\",\"countUnit\":\"days\",\"tagStatus\":\"untagged\"}}]}",
              "registry_id": "051939627954",
              "repository": "platform/images/argocd"
            },
            "sensitive_attributes": [],
            "private": "bnVsbA==",
            "dependencies": [
              "module.shared_service_spacelift_prequisites.module.kms_ecr.aws_kms_key.this",
              "module.shared_service_spacelift_prequisites.module.kms_ecr.data.aws_caller_identity.current",
              "module.shared_service_spacelift_prequisites.module.kms_ecr.data.aws_iam_policy_document.combined_with_serviceprincipals_and_conditions",
              "module.shared_service_spacelift_prequisites.module.kms_ecr.data.aws_iam_policy_document.combined_with_viaservice_condition",
              "module.shared_service_spacelift_prequisites.module.kms_ecr.data.aws_iam_policy_document.general_policy",
              "module.shared_service_spacelift_prequisites.module.platform_ecr.aws_ecr_repository.this"
            ]
          },
          {
            "index_key": "platform/images/aws-ebs-csi-driver",
            "schema_version": 0,
            "attributes": {
              "id": "platform/images/aws-ebs-csi-driver",
              "policy": "{\"rules\":[{\"action\":{\"type\":\"expire\"},\"description\":\"Expire untagged images older than 2 days\",\"rulePriority\":1,\"selection\":{\"countNumber\":2,\"countType\":\"sinceImagePushed\",\"countUnit\":\"days\",\"tagStatus\":\"untagged\"}}]}",
              "registry_id": "051939627954",
              "repository": "platform/images/aws-ebs-csi-driver"
            },
            "sensitive_attributes": [],
            "private": "bnVsbA==",
            "dependencies": [
              "module.shared_service_spacelift_prequisites.module.kms_ecr.aws_kms_key.this",
              "module.shared_service_spacelift_prequisites.module.kms_ecr.data.aws_caller_identity.current",
              "module.shared_service_spacelift_prequisites.module.kms_ecr.data.aws_iam_policy_document.combined_with_serviceprincipals_and_conditions",
              "module.shared_service_spacelift_prequisites.module.kms_ecr.data.aws_iam_policy_document.combined_with_viaservice_condition",
              "module.shared_service_spacelift_prequisites.module.kms_ecr.data.aws_iam_policy_document.general_policy",
              "module.shared_service_spacelift_prequisites.module.platform_ecr.aws_ecr_repository.this"
            ]
          },
          {
            "index_key": "platform/images/aws-load-balancer-controller",
            "schema_version": 0,
            "attributes": {
              "id": "platform/images/aws-load-balancer-controller",
              "policy": "{\"rules\":[{\"action\":{\"type\":\"expire\"},\"description\":\"Expire untagged images older than 2 days\",\"rulePriority\":1,\"selection\":{\"countNumber\":2,\"countType\":\"sinceImagePushed\",\"countUnit\":\"days\",\"tagStatus\":\"untagged\"}}]}",
              "registry_id": "051939627954",
              "repository": "platform/images/aws-load-balancer-controller"
            },
            "sensitive_attributes": [],
            "private": "bnVsbA==",
            "dependencies": [
              "module.shared_service_spacelift_prequisites.module.kms_ecr.aws_kms_key.this",
              "module.shared_service_spacelift_prequisites.module.kms_ecr.data.aws_caller_identity.current",
              "module.shared_service_spacelift_prequisites.module.kms_ecr.data.aws_iam_policy_document.combined_with_serviceprincipals_and_conditions",
              "module.shared_service_spacelift_prequisites.module.kms_ecr.data.aws_iam_policy_document.combined_with_viaservice_condition",
              "module.shared_service_spacelift_prequisites.module.kms_ecr.data.aws_iam_policy_document.general_policy",
              "module.shared_service_spacelift_prequisites.module.platform_ecr.aws_ecr_repository.this"
            ]
          },
          {
            "index_key": "platform/images/aws-xray-daemon",
            "schema_version": 0,
            "attributes": {
              "id": "platform/images/aws-xray-daemon",
              "policy": "{\"rules\":[{\"action\":{\"type\":\"expire\"},\"description\":\"Expire untagged images older than 2 days\",\"rulePriority\":1,\"selection\":{\"countNumber\":2,\"countType\":\"sinceImagePushed\",\"countUnit\":\"days\",\"tagStatus\":\"untagged\"}}]}",
              "registry_id": "051939627954",
              "repository": "platform/images/aws-xray-daemon"
            },
            "sensitive_attributes": [],
            "private": "bnVsbA==",
            "dependencies": [
              "module.shared_service_spacelift_prequisites.module.kms_ecr.aws_kms_key.this",
              "module.shared_service_spacelift_prequisites.module.kms_ecr.data.aws_caller_identity.current",
              "module.shared_service_spacelift_prequisites.module.kms_ecr.data.aws_iam_policy_document.combined_with_serviceprincipals_and_conditions",
              "module.shared_service_spacelift_prequisites.module.kms_ecr.data.aws_iam_policy_document.combined_with_viaservice_condition",
              "module.shared_service_spacelift_prequisites.module.kms_ecr.data.aws_iam_policy_document.general_policy",
              "module.shared_service_spacelift_prequisites.module.platform_ecr.aws_ecr_repository.this"
            ]
          },
          {
            "index_key": "platform/images/blackbox-exporter",
            "schema_version": 0,
            "attributes": {
              "id": "platform/images/blackbox-exporter",
              "policy": "{\"rules\":[{\"action\":{\"type\":\"expire\"},\"description\":\"Expire untagged images older than 2 days\",\"rulePriority\":1,\"selection\":{\"countNumber\":2,\"countType\":\"sinceImagePushed\",\"countUnit\":\"days\",\"tagStatus\":\"untagged\"}}]}",
              "registry_id": "051939627954",
              "repository": "platform/images/blackbox-exporter"
            },
            "sensitive_attributes": [],
            "private": "bnVsbA==",
            "dependencies": [
              "module.shared_service_spacelift_prequisites.module.kms_ecr.aws_kms_key.this",
              "module.shared_service_spacelift_prequisites.module.kms_ecr.data.aws_caller_identity.current",
              "module.shared_service_spacelift_prequisites.module.kms_ecr.data.aws_iam_policy_document.combined_with_serviceprincipals_and_conditions",
              "module.shared_service_spacelift_prequisites.module.kms_ecr.data.aws_iam_policy_document.combined_with_viaservice_condition",
              "module.shared_service_spacelift_prequisites.module.kms_ecr.data.aws_iam_policy_document.general_policy",
              "module.shared_service_spacelift_prequisites.module.platform_ecr.aws_ecr_repository.this"
            ]
          },
          {
            "index_key": "platform/images/cert-manager-acmesolver",
            "schema_version": 0,
            "attributes": {
              "id": "platform/images/cert-manager-acmesolver",
              "policy": "{\"rules\":[{\"action\":{\"type\":\"expire\"},\"description\":\"Expire untagged images older than 2 days\",\"rulePriority\":1,\"selection\":{\"countNumber\":2,\"countType\":\"sinceImagePushed\",\"countUnit\":\"days\",\"tagStatus\":\"untagged\"}}]}",
              "registry_id": "051939627954",
              "repository": "platform/images/cert-manager-acmesolver"
            },
            "sensitive_attributes": [],
            "private": "bnVsbA==",
            "dependencies": [
              "module.shared_service_spacelift_prequisites.module.kms_ecr.aws_kms_key.this",
              "module.shared_service_spacelift_prequisites.module.kms_ecr.data.aws_caller_identity.current",
              "module.shared_service_spacelift_prequisites.module.kms_ecr.data.aws_iam_policy_document.combined_with_serviceprincipals_and_conditions",
              "module.shared_service_spacelift_prequisites.module.kms_ecr.data.aws_iam_policy_document.combined_with_viaservice_condition",
              "module.shared_service_spacelift_prequisites.module.kms_ecr.data.aws_iam_policy_document.general_policy",
              "module.shared_service_spacelift_prequisites.module.platform_ecr.aws_ecr_repository.this"
            ]
          },
          {
            "index_key": "platform/images/cert-manager-cainjector",
            "schema_version": 0,
            "attributes": {
              "id": "platform/images/cert-manager-cainjector",
              "policy": "{\"rules\":[{\"action\":{\"type\":\"expire\"},\"description\":\"Expire untagged images older than 2 days\",\"rulePriority\":1,\"selection\":{\"countNumber\":2,\"countType\":\"sinceImagePushed\",\"countUnit\":\"days\",\"tagStatus\":\"untagged\"}}]}",
              "registry_id": "051939627954",
              "repository": "platform/images/cert-manager-cainjector"
            },
            "sensitive_attributes": [],
            "private": "bnVsbA==",
            "dependencies": [
              "module.shared_service_spacelift_prequisites.module.kms_ecr.aws_kms_key.this",
              "module.shared_service_spacelift_prequisites.module.kms_ecr.data.aws_caller_identity.current",
              "module.shared_service_spacelift_prequisites.module.kms_ecr.data.aws_iam_policy_document.combined_with_serviceprincipals_and_conditions",
              "module.shared_service_spacelift_prequisites.module.kms_ecr.data.aws_iam_policy_document.combined_with_viaservice_condition",
              "module.shared_service_spacelift_prequisites.module.kms_ecr.data.aws_iam_policy_document.general_policy",
              "module.shared_service_spacelift_prequisites.module.platform_ecr.aws_ecr_repository.this"
            ]
          },
          {
            "index_key": "platform/images/cert-manager-controller",
            "schema_version": 0,
            "attributes": {
              "id": "platform/images/cert-manager-controller",
              "policy": "{\"rules\":[{\"action\":{\"type\":\"expire\"},\"description\":\"Expire untagged images older than 2 days\",\"rulePriority\":1,\"selection\":{\"countNumber\":2,\"countType\":\"sinceImagePushed\",\"countUnit\":\"days\",\"tagStatus\":\"untagged\"}}]}",
              "registry_id": "051939627954",
              "repository": "platform/images/cert-manager-controller"
            },
            "sensitive_attributes": [],
            "private": "bnVsbA==",
            "dependencies": [
              "module.shared_service_spacelift_prequisites.module.kms_ecr.aws_kms_key.this",
              "module.shared_service_spacelift_prequisites.module.kms_ecr.data.aws_caller_identity.current",
              "module.shared_service_spacelift_prequisites.module.kms_ecr.data.aws_iam_policy_document.combined_with_serviceprincipals_and_conditions",
              "module.shared_service_spacelift_prequisites.module.kms_ecr.data.aws_iam_policy_document.combined_with_viaservice_condition",
              "module.shared_service_spacelift_prequisites.module.kms_ecr.data.aws_iam_policy_document.general_policy",
              "module.shared_service_spacelift_prequisites.module.platform_ecr.aws_ecr_repository.this"
            ]
          },
          {
            "index_key": "platform/images/cert-manager-ctl",
            "schema_version": 0,
            "attributes": {
              "id": "platform/images/cert-manager-ctl",
              "policy": "{\"rules\":[{\"action\":{\"type\":\"expire\"},\"description\":\"Expire untagged images older than 2 days\",\"rulePriority\":1,\"selection\":{\"countNumber\":2,\"countType\":\"sinceImagePushed\",\"countUnit\":\"days\",\"tagStatus\":\"untagged\"}}]}",
              "registry_id": "051939627954",
              "repository": "platform/images/cert-manager-ctl"
            },
            "sensitive_attributes": [],
            "private": "bnVsbA==",
            "dependencies": [
              "module.shared_service_spacelift_prequisites.module.kms_ecr.aws_kms_key.this",
              "module.shared_service_spacelift_prequisites.module.kms_ecr.data.aws_caller_identity.current",
              "module.shared_service_spacelift_prequisites.module.kms_ecr.data.aws_iam_policy_document.combined_with_serviceprincipals_and_conditions",
              "module.shared_service_spacelift_prequisites.module.kms_ecr.data.aws_iam_policy_document.combined_with_viaservice_condition",
              "module.shared_service_spacelift_prequisites.module.kms_ecr.data.aws_iam_policy_document.general_policy",
              "module.shared_service_spacelift_prequisites.module.platform_ecr.aws_ecr_repository.this"
            ]
          },
          {
            "index_key": "platform/images/cert-manager-webhook",
            "schema_version": 0,
            "attributes": {
              "id": "platform/images/cert-manager-webhook",
              "policy": "{\"rules\":[{\"action\":{\"type\":\"expire\"},\"description\":\"Expire untagged images older than 2 days\",\"rulePriority\":1,\"selection\":{\"countNumber\":2,\"countType\":\"sinceImagePushed\",\"countUnit\":\"days\",\"tagStatus\":\"untagged\"}}]}",
              "registry_id": "051939627954",
              "repository": "platform/images/cert-manager-webhook"
            },
            "sensitive_attributes": [],
            "private": "bnVsbA==",
            "dependencies": [
              "module.shared_service_spacelift_prequisites.module.kms_ecr.aws_kms_key.this",
              "module.shared_service_spacelift_prequisites.module.kms_ecr.data.aws_caller_identity.current",
              "module.shared_service_spacelift_prequisites.module.kms_ecr.data.aws_iam_policy_document.combined_with_serviceprincipals_and_conditions",
              "module.shared_service_spacelift_prequisites.module.kms_ecr.data.aws_iam_policy_document.combined_with_viaservice_condition",
              "module.shared_service_spacelift_prequisites.module.kms_ecr.data.aws_iam_policy_document.general_policy",
              "module.shared_service_spacelift_prequisites.module.platform_ecr.aws_ecr_repository.this"
            ]
          },
          {
            "index_key": "platform/images/cloudwatch-agent",
            "schema_version": 0,
            "attributes": {
              "id": "platform/images/cloudwatch-agent",
              "policy": "{\"rules\":[{\"action\":{\"type\":\"expire\"},\"description\":\"Expire untagged images older than 2 days\",\"rulePriority\":1,\"selection\":{\"countNumber\":2,\"countType\":\"sinceImagePushed\",\"countUnit\":\"days\",\"tagStatus\":\"untagged\"}}]}",
              "registry_id": "051939627954",
              "repository": "platform/images/cloudwatch-agent"
            },
            "sensitive_attributes": [],
            "private": "bnVsbA==",
            "dependencies": [
              "module.shared_service_spacelift_prequisites.module.kms_ecr.aws_kms_key.this",
              "module.shared_service_spacelift_prequisites.module.kms_ecr.data.aws_caller_identity.current",
              "module.shared_service_spacelift_prequisites.module.kms_ecr.data.aws_iam_policy_document.combined_with_serviceprincipals_and_conditions",
              "module.shared_service_spacelift_prequisites.module.kms_ecr.data.aws_iam_policy_document.combined_with_viaservice_condition",
              "module.shared_service_spacelift_prequisites.module.kms_ecr.data.aws_iam_policy_document.general_policy",
              "module.shared_service_spacelift_prequisites.module.platform_ecr.aws_ecr_repository.this"
            ]
          },
          {
            "index_key": "platform/images/cluster-autoscaler",
            "schema_version": 0,
            "attributes": {
              "id": "platform/images/cluster-autoscaler",
              "policy": "{\"rules\":[{\"action\":{\"type\":\"expire\"},\"description\":\"Expire untagged images older than 2 days\",\"rulePriority\":1,\"selection\":{\"countNumber\":2,\"countType\":\"sinceImagePushed\",\"countUnit\":\"days\",\"tagStatus\":\"untagged\"}}]}",
              "registry_id": "051939627954",
              "repository": "platform/images/cluster-autoscaler"
            },
            "sensitive_attributes": [],
            "private": "bnVsbA==",
            "dependencies": [
              "module.shared_service_spacelift_prequisites.module.kms_ecr.aws_kms_key.this",
              "module.shared_service_spacelift_prequisites.module.kms_ecr.data.aws_caller_identity.current",
              "module.shared_service_spacelift_prequisites.module.kms_ecr.data.aws_iam_policy_document.combined_with_serviceprincipals_and_conditions",
              "module.shared_service_spacelift_prequisites.module.kms_ecr.data.aws_iam_policy_document.combined_with_viaservice_condition",
              "module.shared_service_spacelift_prequisites.module.kms_ecr.data.aws_iam_policy_document.general_policy",
              "module.shared_service_spacelift_prequisites.module.platform_ecr.aws_ecr_repository.this"
            ]
          },
          {
            "index_key": "platform/images/docker-in-docker",
            "schema_version": 0,
            "attributes": {
              "id": "platform/images/docker-in-docker",
              "policy": "{\"rules\":[{\"action\":{\"type\":\"expire\"},\"description\":\"Expire untagged images older than 2 days\",\"rulePriority\":1,\"selection\":{\"countNumber\":2,\"countType\":\"sinceImagePushed\",\"countUnit\":\"days\",\"tagStatus\":\"untagged\"}}]}",
              "registry_id": "051939627954",
              "repository": "platform/images/docker-in-docker"
            },
            "sensitive_attributes": [],
            "private": "bnVsbA==",
            "dependencies": [
              "module.shared_service_spacelift_prequisites.module.kms_ecr.aws_kms_key.this",
              "module.shared_service_spacelift_prequisites.module.kms_ecr.data.aws_caller_identity.current",
              "module.shared_service_spacelift_prequisites.module.kms_ecr.data.aws_iam_policy_document.combined_with_serviceprincipals_and_conditions",
              "module.shared_service_spacelift_prequisites.module.kms_ecr.data.aws_iam_policy_document.combined_with_viaservice_condition",
              "module.shared_service_spacelift_prequisites.module.kms_ecr.data.aws_iam_policy_document.general_policy",
              "module.shared_service_spacelift_prequisites.module.platform_ecr.aws_ecr_repository.this"
            ]
          },
          {
            "index_key": "platform/images/external-dns",
            "schema_version": 0,
            "attributes": {
              "id": "platform/images/external-dns",
              "policy": "{\"rules\":[{\"action\":{\"type\":\"expire\"},\"description\":\"Expire untagged images older than 2 days\",\"rulePriority\":1,\"selection\":{\"countNumber\":2,\"countType\":\"sinceImagePushed\",\"countUnit\":\"days\",\"tagStatus\":\"untagged\"}}]}",
              "registry_id": "051939627954",
              "repository": "platform/images/external-dns"
            },
            "sensitive_attributes": [],
            "private": "bnVsbA==",
            "dependencies": [
              "module.shared_service_spacelift_prequisites.module.kms_ecr.aws_kms_key.this",
              "module.shared_service_spacelift_prequisites.module.kms_ecr.data.aws_caller_identity.current",
              "module.shared_service_spacelift_prequisites.module.kms_ecr.data.aws_iam_policy_document.combined_with_serviceprincipals_and_conditions",
              "module.shared_service_spacelift_prequisites.module.kms_ecr.data.aws_iam_policy_document.combined_with_viaservice_condition",
              "module.shared_service_spacelift_prequisites.module.kms_ecr.data.aws_iam_policy_document.general_policy",
              "module.shared_service_spacelift_prequisites.module.platform_ecr.aws_ecr_repository.this"
            ]
          },
          {
            "index_key": "platform/images/external-secrets",
            "schema_version": 0,
            "attributes": {
              "id": "platform/images/external-secrets",
              "policy": "{\"rules\":[{\"action\":{\"type\":\"expire\"},\"description\":\"Expire untagged images older than 2 days\",\"rulePriority\":1,\"selection\":{\"countNumber\":2,\"countType\":\"sinceImagePushed\",\"countUnit\":\"days\",\"tagStatus\":\"untagged\"}}]}",
              "registry_id": "051939627954",
              "repository": "platform/images/external-secrets"
            },
            "sensitive_attributes": [],
            "private": "bnVsbA==",
            "dependencies": [
              "module.shared_service_spacelift_prequisites.module.kms_ecr.aws_kms_key.this",
              "module.shared_service_spacelift_prequisites.module.kms_ecr.data.aws_caller_identity.current",
              "module.shared_service_spacelift_prequisites.module.kms_ecr.data.aws_iam_policy_document.combined_with_serviceprincipals_and_conditions",
              "module.shared_service_spacelift_prequisites.module.kms_ecr.data.aws_iam_policy_document.combined_with_viaservice_condition",
              "module.shared_service_spacelift_prequisites.module.kms_ecr.data.aws_iam_policy_document.general_policy",
              "module.shared_service_spacelift_prequisites.module.platform_ecr.aws_ecr_repository.this"
            ]
          },
          {
            "index_key": "platform/images/fluent-bit",
            "schema_version": 0,
            "attributes": {
              "id": "platform/images/fluent-bit",
              "policy": "{\"rules\":[{\"action\":{\"type\":\"expire\"},\"description\":\"Expire untagged images older than 2 days\",\"rulePriority\":1,\"selection\":{\"countNumber\":2,\"countType\":\"sinceImagePushed\",\"countUnit\":\"days\",\"tagStatus\":\"untagged\"}}]}",
              "registry_id": "051939627954",
              "repository": "platform/images/fluent-bit"
            },
            "sensitive_attributes": [],
            "private": "bnVsbA==",
            "dependencies": [
              "module.shared_service_spacelift_prequisites.module.kms_ecr.aws_kms_key.this",
              "module.shared_service_spacelift_prequisites.module.kms_ecr.data.aws_caller_identity.current",
              "module.shared_service_spacelift_prequisites.module.kms_ecr.data.aws_iam_policy_document.combined_with_serviceprincipals_and_conditions",
              "module.shared_service_spacelift_prequisites.module.kms_ecr.data.aws_iam_policy_document.combined_with_viaservice_condition",
              "module.shared_service_spacelift_prequisites.module.kms_ecr.data.aws_iam_policy_document.general_policy",
              "module.shared_service_spacelift_prequisites.module.platform_ecr.aws_ecr_repository.this"
            ]
          },
          {
            "index_key": "platform/images/github-actions-runner",
            "schema_version": 0,
            "attributes": {
              "id": "platform/images/github-actions-runner",
              "policy": "{\"rules\":[{\"action\":{\"type\":\"expire\"},\"description\":\"Expire untagged images older than 2 days\",\"rulePriority\":1,\"selection\":{\"countNumber\":2,\"countType\":\"sinceImagePushed\",\"countUnit\":\"days\",\"tagStatus\":\"untagged\"}}]}",
              "registry_id": "051939627954",
              "repository": "platform/images/github-actions-runner"
            },
            "sensitive_attributes": [],
            "private": "bnVsbA==",
            "dependencies": [
              "module.shared_service_spacelift_prequisites.module.kms_ecr.aws_kms_key.this",
              "module.shared_service_spacelift_prequisites.module.kms_ecr.data.aws_caller_identity.current",
              "module.shared_service_spacelift_prequisites.module.kms_ecr.data.aws_iam_policy_document.combined_with_serviceprincipals_and_conditions",
              "module.shared_service_spacelift_prequisites.module.kms_ecr.data.aws_iam_policy_document.combined_with_viaservice_condition",
              "module.shared_service_spacelift_prequisites.module.kms_ecr.data.aws_iam_policy_document.general_policy",
              "module.shared_service_spacelift_prequisites.module.platform_ecr.aws_ecr_repository.this"
            ]
          },
          {
            "index_key": "platform/images/kube-rbac-proxy",
            "schema_version": 0,
            "attributes": {
              "id": "platform/images/kube-rbac-proxy",
              "policy": "{\"rules\":[{\"action\":{\"type\":\"expire\"},\"description\":\"Expire untagged images older than 2 days\",\"rulePriority\":1,\"selection\":{\"countNumber\":2,\"countType\":\"sinceImagePushed\",\"countUnit\":\"days\",\"tagStatus\":\"untagged\"}}]}",
              "registry_id": "051939627954",
              "repository": "platform/images/kube-rbac-proxy"
            },
            "sensitive_attributes": [],
            "private": "bnVsbA==",
            "dependencies": [
              "module.shared_service_spacelift_prequisites.module.kms_ecr.aws_kms_key.this",
              "module.shared_service_spacelift_prequisites.module.kms_ecr.data.aws_caller_identity.current",
              "module.shared_service_spacelift_prequisites.module.kms_ecr.data.aws_iam_policy_document.combined_with_serviceprincipals_and_conditions",
              "module.shared_service_spacelift_prequisites.module.kms_ecr.data.aws_iam_policy_document.combined_with_viaservice_condition",
              "module.shared_service_spacelift_prequisites.module.kms_ecr.data.aws_iam_policy_document.general_policy",
              "module.shared_service_spacelift_prequisites.module.platform_ecr.aws_ecr_repository.this"
            ]
          },
          {
            "index_key": "platform/images/kubectl",
            "schema_version": 0,
            "attributes": {
              "id": "platform/images/kubectl",
              "policy": "{\"rules\":[{\"action\":{\"type\":\"expire\"},\"description\":\"Expire untagged images older than 2 days\",\"rulePriority\":1,\"selection\":{\"countNumber\":2,\"countType\":\"sinceImagePushed\",\"countUnit\":\"days\",\"tagStatus\":\"untagged\"}}]}",
              "registry_id": "051939627954",
              "repository": "platform/images/kubectl"
            },
            "sensitive_attributes": [],
            "private": "bnVsbA==",
            "dependencies": [
              "module.shared_service_spacelift_prequisites.module.kms_ecr.aws_kms_key.this",
              "module.shared_service_spacelift_prequisites.module.kms_ecr.data.aws_caller_identity.current",
              "module.shared_service_spacelift_prequisites.module.kms_ecr.data.aws_iam_policy_document.combined_with_serviceprincipals_and_conditions",
              "module.shared_service_spacelift_prequisites.module.kms_ecr.data.aws_iam_policy_document.combined_with_viaservice_condition",
              "module.shared_service_spacelift_prequisites.module.kms_ecr.data.aws_iam_policy_document.general_policy",
              "module.shared_service_spacelift_prequisites.module.platform_ecr.aws_ecr_repository.this"
            ]
          },
          {
            "index_key": "platform/images/metrics-server",
            "schema_version": 0,
            "attributes": {
              "id": "platform/images/metrics-server",
              "policy": "{\"rules\":[{\"action\":{\"type\":\"expire\"},\"description\":\"Expire untagged images older than 2 days\",\"rulePriority\":1,\"selection\":{\"countNumber\":2,\"countType\":\"sinceImagePushed\",\"countUnit\":\"days\",\"tagStatus\":\"untagged\"}}]}",
              "registry_id": "051939627954",
              "repository": "platform/images/metrics-server"
            },
            "sensitive_attributes": [],
            "private": "bnVsbA==",
            "dependencies": [
              "module.shared_service_spacelift_prequisites.module.kms_ecr.aws_kms_key.this",
              "module.shared_service_spacelift_prequisites.module.kms_ecr.data.aws_caller_identity.current",
              "module.shared_service_spacelift_prequisites.module.kms_ecr.data.aws_iam_policy_document.combined_with_serviceprincipals_and_conditions",
              "module.shared_service_spacelift_prequisites.module.kms_ecr.data.aws_iam_policy_document.combined_with_viaservice_condition",
              "module.shared_service_spacelift_prequisites.module.kms_ecr.data.aws_iam_policy_document.general_policy",
              "module.shared_service_spacelift_prequisites.module.platform_ecr.aws_ecr_repository.this"
            ]
          },
          {
            "index_key": "platform/images/postgresql",
            "schema_version": 0,
            "attributes": {
              "id": "platform/images/postgresql",
              "policy": "{\"rules\":[{\"action\":{\"type\":\"expire\"},\"description\":\"Expire untagged images older than 2 days\",\"rulePriority\":1,\"selection\":{\"countNumber\":2,\"countType\":\"sinceImagePushed\",\"countUnit\":\"days\",\"tagStatus\":\"untagged\"}}]}",
              "registry_id": "051939627954",
              "repository": "platform/images/postgresql"
            },
            "sensitive_attributes": [],
            "private": "bnVsbA==",
            "dependencies": [
              "module.shared_service_spacelift_prequisites.module.kms_ecr.aws_kms_key.this",
              "module.shared_service_spacelift_prequisites.module.kms_ecr.data.aws_caller_identity.current",
              "module.shared_service_spacelift_prequisites.module.kms_ecr.data.aws_iam_policy_document.combined_with_serviceprincipals_and_conditions",
              "module.shared_service_spacelift_prequisites.module.kms_ecr.data.aws_iam_policy_document.combined_with_viaservice_condition",
              "module.shared_service_spacelift_prequisites.module.kms_ecr.data.aws_iam_policy_document.general_policy",
              "module.shared_service_spacelift_prequisites.module.platform_ecr.aws_ecr_repository.this"
            ]
          },
          {
            "index_key": "platform/images/redis",
            "schema_version": 0,
            "attributes": {
              "id": "platform/images/redis",
              "policy": "{\"rules\":[{\"action\":{\"type\":\"expire\"},\"description\":\"Expire untagged images older than 2 days\",\"rulePriority\":1,\"selection\":{\"countNumber\":2,\"countType\":\"sinceImagePushed\",\"countUnit\":\"days\",\"tagStatus\":\"untagged\"}}]}",
              "registry_id": "051939627954",
              "repository": "platform/images/redis"
            },
            "sensitive_attributes": [],
            "private": "bnVsbA==",
            "dependencies": [
              "module.shared_service_spacelift_prequisites.module.kms_ecr.aws_kms_key.this",
              "module.shared_service_spacelift_prequisites.module.kms_ecr.data.aws_caller_identity.current",
              "module.shared_service_spacelift_prequisites.module.kms_ecr.data.aws_iam_policy_document.combined_with_serviceprincipals_and_conditions",
              "module.shared_service_spacelift_prequisites.module.kms_ecr.data.aws_iam_policy_document.combined_with_viaservice_condition",
              "module.shared_service_spacelift_prequisites.module.kms_ecr.data.aws_iam_policy_document.general_policy",
              "module.shared_service_spacelift_prequisites.module.platform_ecr.aws_ecr_repository.this"
            ]
          },
          {
            "index_key": "platform/images/reloader",
            "schema_version": 0,
            "attributes": {
              "id": "platform/images/reloader",
              "policy": "{\"rules\":[{\"action\":{\"type\":\"expire\"},\"description\":\"Expire untagged images older than 2 days\",\"rulePriority\":1,\"selection\":{\"countNumber\":2,\"countType\":\"sinceImagePushed\",\"countUnit\":\"days\",\"tagStatus\":\"untagged\"}}]}",
              "registry_id": "051939627954",
              "repository": "platform/images/reloader"
            },
            "sensitive_attributes": [],
            "private": "bnVsbA==",
            "dependencies": [
              "module.shared_service_spacelift_prequisites.module.kms_ecr.aws_kms_key.this",
              "module.shared_service_spacelift_prequisites.module.kms_ecr.data.aws_caller_identity.current",
              "module.shared_service_spacelift_prequisites.module.kms_ecr.data.aws_iam_policy_document.combined_with_serviceprincipals_and_conditions",
              "module.shared_service_spacelift_prequisites.module.kms_ecr.data.aws_iam_policy_document.combined_with_viaservice_condition",
              "module.shared_service_spacelift_prequisites.module.kms_ecr.data.aws_iam_policy_document.general_policy",
              "module.shared_service_spacelift_prequisites.module.platform_ecr.aws_ecr_repository.this"
            ]
          },
          {
            "index_key": "prometheus-blackbox-exporter",
            "schema_version": 0,
            "attributes": {
              "id": "prometheus-blackbox-exporter",
              "policy": "{\"rules\":[{\"action\":{\"type\":\"expire\"},\"description\":\"Expire untagged images older than 2 days\",\"rulePriority\":1,\"selection\":{\"countNumber\":2,\"countType\":\"sinceImagePushed\",\"countUnit\":\"days\",\"tagStatus\":\"untagged\"}}]}",
              "registry_id": "051939627954",
              "repository": "prometheus-blackbox-exporter"
            },
            "sensitive_attributes": [],
            "private": "bnVsbA==",
            "dependencies": [
              "module.shared_service_spacelift_prequisites.module.kms_ecr.aws_kms_key.this",
              "module.shared_service_spacelift_prequisites.module.kms_ecr.data.aws_caller_identity.current",
              "module.shared_service_spacelift_prequisites.module.kms_ecr.data.aws_iam_policy_document.combined_with_serviceprincipals_and_conditions",
              "module.shared_service_spacelift_prequisites.module.kms_ecr.data.aws_iam_policy_document.combined_with_viaservice_condition",
              "module.shared_service_spacelift_prequisites.module.kms_ecr.data.aws_iam_policy_document.general_policy",
              "module.shared_service_spacelift_prequisites.module.platform_ecr.aws_ecr_repository.this"
            ]
          },
          {
            "index_key": "reloader",
            "schema_version": 0,
            "attributes": {
              "id": "reloader",
              "policy": "{\"rules\":[{\"action\":{\"type\":\"expire\"},\"description\":\"Expire untagged images older than 2 days\",\"rulePriority\":1,\"selection\":{\"countNumber\":2,\"countType\":\"sinceImagePushed\",\"countUnit\":\"days\",\"tagStatus\":\"untagged\"}}]}",
              "registry_id": "051939627954",
              "repository": "reloader"
            },
            "sensitive_attributes": [],
            "private": "bnVsbA==",
            "dependencies": [
              "module.shared_service_spacelift_prequisites.module.kms_ecr.aws_kms_key.this",
              "module.shared_service_spacelift_prequisites.module.kms_ecr.data.aws_caller_identity.current",
              "module.shared_service_spacelift_prequisites.module.kms_ecr.data.aws_iam_policy_document.combined_with_serviceprincipals_and_conditions",
              "module.shared_service_spacelift_prequisites.module.kms_ecr.data.aws_iam_policy_document.combined_with_viaservice_condition",
              "module.shared_service_spacelift_prequisites.module.kms_ecr.data.aws_iam_policy_document.general_policy",
              "module.shared_service_spacelift_prequisites.module.platform_ecr.aws_ecr_repository.this"
            ]
          },
          {
            "index_key": "system-customizations",
            "schema_version": 0,
            "attributes": {
              "id": "system-customizations",
              "policy": "{\"rules\":[{\"action\":{\"type\":\"expire\"},\"description\":\"Expire untagged images older than 2 days\",\"rulePriority\":1,\"selection\":{\"countNumber\":2,\"countType\":\"sinceImagePushed\",\"countUnit\":\"days\",\"tagStatus\":\"untagged\"}}]}",
              "registry_id": "051939627954",
              "repository": "system-customizations"
            },
            "sensitive_attributes": [],
            "private": "bnVsbA==",
            "dependencies": [
              "module.shared_service_spacelift_prequisites.module.kms_ecr.aws_kms_key.this",
              "module.shared_service_spacelift_prequisites.module.kms_ecr.data.aws_caller_identity.current",
              "module.shared_service_spacelift_prequisites.module.kms_ecr.data.aws_iam_policy_document.combined_with_serviceprincipals_and_conditions",
              "module.shared_service_spacelift_prequisites.module.kms_ecr.data.aws_iam_policy_document.combined_with_viaservice_condition",
              "module.shared_service_spacelift_prequisites.module.kms_ecr.data.aws_iam_policy_document.general_policy",
              "module.shared_service_spacelift_prequisites.module.platform_ecr.aws_ecr_repository.this"
            ]
          }
        ]
      },
      {
        "module": "module.shared_service_spacelift_prequisites.module.platform_ecr",
        "mode": "managed",
        "type": "aws_ecr_repository",
        "name": "this",
        "provider": "provider[\"registry.terraform.io/hashicorp/aws\"]",
        "instances": [
          {
            "index_key": "aws-ebs-csi-driver",
            "schema_version": 0,
            "attributes": {
              "arn": "arn:aws:ecr:eu-west-2:051939627954:repository/aws-ebs-csi-driver",
              "encryption_configuration": [
                {
                  "encryption_type": "KMS",
                  "kms_key": "arn:aws:kms:eu-west-2:051939627954:key/cf1efc8d-ca82-4513-9db5-7e02ffde1097"
                }
              ],
              "force_delete": null,
              "id": "aws-ebs-csi-driver",
              "image_scanning_configuration": [
                {
                  "scan_on_push": true
                }
              ],
              "image_tag_mutability": "IMMUTABLE",
              "name": "aws-ebs-csi-driver",
              "registry_id": "051939627954",
              "repository_url": "051939627954.dkr.ecr.eu-west-2.amazonaws.com/aws-ebs-csi-driver",
              "tags": null,
              "tags_all": {
                "blx:created-by": "terraform",
                "blx:owner": "all",
                "blx:repository-name": "tmuk-tf-spacelift-prerequisites",
                "blx:tag-version": "1"
              },
              "timeouts": null
            },
            "sensitive_attributes": [],
            "private": "eyJlMmJmYjczMC1lY2FhLTExZTYtOGY4OC0zNDM2M2JjN2M0YzAiOnsiZGVsZXRlIjoxMjAwMDAwMDAwMDAwfX0=",
            "dependencies": [
              "module.shared_service_spacelift_prequisites.module.kms_ecr.aws_kms_key.this",
              "module.shared_service_spacelift_prequisites.module.kms_ecr.data.aws_caller_identity.current",
              "module.shared_service_spacelift_prequisites.module.kms_ecr.data.aws_iam_policy_document.combined_with_serviceprincipals_and_conditions",
              "module.shared_service_spacelift_prequisites.module.kms_ecr.data.aws_iam_policy_document.combined_with_viaservice_condition",
              "module.shared_service_spacelift_prequisites.module.kms_ecr.data.aws_iam_policy_document.general_policy"
            ]
          },
          {
            "index_key": "aws-load-balancer-controller",
            "schema_version": 0,
            "attributes": {
              "arn": "arn:aws:ecr:eu-west-2:051939627954:repository/aws-load-balancer-controller",
              "encryption_configuration": [
                {
                  "encryption_type": "KMS",
                  "kms_key": "arn:aws:kms:eu-west-2:051939627954:key/cf1efc8d-ca82-4513-9db5-7e02ffde1097"
                }
              ],
              "force_delete": null,
              "id": "aws-load-balancer-controller",
              "image_scanning_configuration": [
                {
                  "scan_on_push": true
                }
              ],
              "image_tag_mutability": "IMMUTABLE",
              "name": "aws-load-balancer-controller",
              "registry_id": "051939627954",
              "repository_url": "051939627954.dkr.ecr.eu-west-2.amazonaws.com/aws-load-balancer-controller",
              "tags": null,
              "tags_all": {
                "blx:created-by": "terraform",
                "blx:owner": "all",
                "blx:repository-name": "tmuk-tf-spacelift-prerequisites",
                "blx:tag-version": "1"
              },
              "timeouts": null
            },
            "sensitive_attributes": [],
            "private": "eyJlMmJmYjczMC1lY2FhLTExZTYtOGY4OC0zNDM2M2JjN2M0YzAiOnsiZGVsZXRlIjoxMjAwMDAwMDAwMDAwfX0=",
            "dependencies": [
              "module.shared_service_spacelift_prequisites.module.kms_ecr.aws_kms_key.this",
              "module.shared_service_spacelift_prequisites.module.kms_ecr.data.aws_caller_identity.current",
              "module.shared_service_spacelift_prequisites.module.kms_ecr.data.aws_iam_policy_document.combined_with_serviceprincipals_and_conditions",
              "module.shared_service_spacelift_prequisites.module.kms_ecr.data.aws_iam_policy_document.combined_with_viaservice_condition",
              "module.shared_service_spacelift_prequisites.module.kms_ecr.data.aws_iam_policy_document.general_policy"
            ]
          },
          {
            "index_key": "cert-manager",
            "schema_version": 0,
            "attributes": {
              "arn": "arn:aws:ecr:eu-west-2:051939627954:repository/cert-manager",
              "encryption_configuration": [
                {
                  "encryption_type": "KMS",
                  "kms_key": "arn:aws:kms:eu-west-2:051939627954:key/cf1efc8d-ca82-4513-9db5-7e02ffde1097"
                }
              ],
              "force_delete": null,
              "id": "cert-manager",
              "image_scanning_configuration": [
                {
                  "scan_on_push": true
                }
              ],
              "image_tag_mutability": "IMMUTABLE",
              "name": "cert-manager",
              "registry_id": "051939627954",
              "repository_url": "051939627954.dkr.ecr.eu-west-2.amazonaws.com/cert-manager",
              "tags": null,
              "tags_all": {
                "blx:created-by": "terraform",
                "blx:owner": "all",
                "blx:repository-name": "tmuk-tf-spacelift-prerequisites",
                "blx:tag-version": "1"
              },
              "timeouts": null
            },
            "sensitive_attributes": [],
            "private": "eyJlMmJmYjczMC1lY2FhLTExZTYtOGY4OC0zNDM2M2JjN2M0YzAiOnsiZGVsZXRlIjoxMjAwMDAwMDAwMDAwfX0=",
            "dependencies": [
              "module.shared_service_spacelift_prequisites.module.kms_ecr.aws_kms_key.this",
              "module.shared_service_spacelift_prequisites.module.kms_ecr.data.aws_caller_identity.current",
              "module.shared_service_spacelift_prequisites.module.kms_ecr.data.aws_iam_policy_document.combined_with_serviceprincipals_and_conditions",
              "module.shared_service_spacelift_prequisites.module.kms_ecr.data.aws_iam_policy_document.combined_with_viaservice_condition",
              "module.shared_service_spacelift_prequisites.module.kms_ecr.data.aws_iam_policy_document.general_policy"
            ]
          },
          {
            "index_key": "cloudwatch-container-insights",
            "schema_version": 0,
            "attributes": {
              "arn": "arn:aws:ecr:eu-west-2:051939627954:repository/cloudwatch-container-insights",
              "encryption_configuration": [
                {
                  "encryption_type": "KMS",
                  "kms_key": "arn:aws:kms:eu-west-2:051939627954:key/cf1efc8d-ca82-4513-9db5-7e02ffde1097"
                }
              ],
              "force_delete": null,
              "id": "cloudwatch-container-insights",
              "image_scanning_configuration": [
                {
                  "scan_on_push": true
                }
              ],
              "image_tag_mutability": "IMMUTABLE",
              "name": "cloudwatch-container-insights",
              "registry_id": "051939627954",
              "repository_url": "051939627954.dkr.ecr.eu-west-2.amazonaws.com/cloudwatch-container-insights",
              "tags": null,
              "tags_all": {
                "blx:created-by": "terraform",
                "blx:owner": "all",
                "blx:repository-name": "tmuk-tf-spacelift-prerequisites",
                "blx:tag-version": "1"
              },
              "timeouts": null
            },
            "sensitive_attributes": [],
            "private": "eyJlMmJmYjczMC1lY2FhLTExZTYtOGY4OC0zNDM2M2JjN2M0YzAiOnsiZGVsZXRlIjoxMjAwMDAwMDAwMDAwfX0=",
            "dependencies": [
              "module.shared_service_spacelift_prequisites.module.kms_ecr.aws_kms_key.this",
              "module.shared_service_spacelift_prequisites.module.kms_ecr.data.aws_caller_identity.current",
              "module.shared_service_spacelift_prequisites.module.kms_ecr.data.aws_iam_policy_document.combined_with_serviceprincipals_and_conditions",
              "module.shared_service_spacelift_prequisites.module.kms_ecr.data.aws_iam_policy_document.combined_with_viaservice_condition",
              "module.shared_service_spacelift_prequisites.module.kms_ecr.data.aws_iam_policy_document.general_policy"
            ]
          },
          {
            "index_key": "cluster-autoscaler",
            "schema_version": 0,
            "attributes": {
              "arn": "arn:aws:ecr:eu-west-2:051939627954:repository/cluster-autoscaler",
              "encryption_configuration": [
                {
                  "encryption_type": "KMS",
                  "kms_key": "arn:aws:kms:eu-west-2:051939627954:key/cf1efc8d-ca82-4513-9db5-7e02ffde1097"
                }
              ],
              "force_delete": null,
              "id": "cluster-autoscaler",
              "image_scanning_configuration": [
                {
                  "scan_on_push": true
                }
              ],
              "image_tag_mutability": "IMMUTABLE",
              "name": "cluster-autoscaler",
              "registry_id": "051939627954",
              "repository_url": "051939627954.dkr.ecr.eu-west-2.amazonaws.com/cluster-autoscaler",
              "tags": null,
              "tags_all": {
                "blx:created-by": "terraform",
                "blx:owner": "all",
                "blx:repository-name": "tmuk-tf-spacelift-prerequisites",
                "blx:tag-version": "1"
              },
              "timeouts": null
            },
            "sensitive_attributes": [],
            "private": "eyJlMmJmYjczMC1lY2FhLTExZTYtOGY4OC0zNDM2M2JjN2M0YzAiOnsiZGVsZXRlIjoxMjAwMDAwMDAwMDAwfX0=",
            "dependencies": [
              "module.shared_service_spacelift_prequisites.module.kms_ecr.aws_kms_key.this",
              "module.shared_service_spacelift_prequisites.module.kms_ecr.data.aws_caller_identity.current",
              "module.shared_service_spacelift_prequisites.module.kms_ecr.data.aws_iam_policy_document.combined_with_serviceprincipals_and_conditions",
              "module.shared_service_spacelift_prequisites.module.kms_ecr.data.aws_iam_policy_document.combined_with_viaservice_condition",
              "module.shared_service_spacelift_prequisites.module.kms_ecr.data.aws_iam_policy_document.general_policy"
            ]
          },
          {
            "index_key": "external-dns",
            "schema_version": 0,
            "attributes": {
              "arn": "arn:aws:ecr:eu-west-2:051939627954:repository/external-dns",
              "encryption_configuration": [
                {
                  "encryption_type": "KMS",
                  "kms_key": "arn:aws:kms:eu-west-2:051939627954:key/cf1efc8d-ca82-4513-9db5-7e02ffde1097"
                }
              ],
              "force_delete": null,
              "id": "external-dns",
              "image_scanning_configuration": [
                {
                  "scan_on_push": true
                }
              ],
              "image_tag_mutability": "IMMUTABLE",
              "name": "external-dns",
              "registry_id": "051939627954",
              "repository_url": "051939627954.dkr.ecr.eu-west-2.amazonaws.com/external-dns",
              "tags": null,
              "tags_all": {
                "blx:created-by": "terraform",
                "blx:owner": "all",
                "blx:repository-name": "tmuk-tf-spacelift-prerequisites",
                "blx:tag-version": "1"
              },
              "timeouts": null
            },
            "sensitive_attributes": [],
            "private": "eyJlMmJmYjczMC1lY2FhLTExZTYtOGY4OC0zNDM2M2JjN2M0YzAiOnsiZGVsZXRlIjoxMjAwMDAwMDAwMDAwfX0=",
            "dependencies": [
              "module.shared_service_spacelift_prequisites.module.kms_ecr.aws_kms_key.this",
              "module.shared_service_spacelift_prequisites.module.kms_ecr.data.aws_caller_identity.current",
              "module.shared_service_spacelift_prequisites.module.kms_ecr.data.aws_iam_policy_document.combined_with_serviceprincipals_and_conditions",
              "module.shared_service_spacelift_prequisites.module.kms_ecr.data.aws_iam_policy_document.combined_with_viaservice_condition",
              "module.shared_service_spacelift_prequisites.module.kms_ecr.data.aws_iam_policy_document.general_policy"
            ]
          },
          {
            "index_key": "metrics-server",
            "schema_version": 0,
            "attributes": {
              "arn": "arn:aws:ecr:eu-west-2:051939627954:repository/metrics-server",
              "encryption_configuration": [
                {
                  "encryption_type": "KMS",
                  "kms_key": "arn:aws:kms:eu-west-2:051939627954:key/cf1efc8d-ca82-4513-9db5-7e02ffde1097"
                }
              ],
              "force_delete": null,
              "id": "metrics-server",
              "image_scanning_configuration": [
                {
                  "scan_on_push": true
                }
              ],
              "image_tag_mutability": "IMMUTABLE",
              "name": "metrics-server",
              "registry_id": "051939627954",
              "repository_url": "051939627954.dkr.ecr.eu-west-2.amazonaws.com/metrics-server",
              "tags": null,
              "tags_all": {
                "blx:created-by": "terraform",
                "blx:owner": "all",
                "blx:repository-name": "tmuk-tf-spacelift-prerequisites",
                "blx:tag-version": "1"
              },
              "timeouts": null
            },
            "sensitive_attributes": [],
            "private": "eyJlMmJmYjczMC1lY2FhLTExZTYtOGY4OC0zNDM2M2JjN2M0YzAiOnsiZGVsZXRlIjoxMjAwMDAwMDAwMDAwfX0=",
            "dependencies": [
              "module.shared_service_spacelift_prequisites.module.kms_ecr.aws_kms_key.this",
              "module.shared_service_spacelift_prequisites.module.kms_ecr.data.aws_caller_identity.current",
              "module.shared_service_spacelift_prequisites.module.kms_ecr.data.aws_iam_policy_document.combined_with_serviceprincipals_and_conditions",
              "module.shared_service_spacelift_prequisites.module.kms_ecr.data.aws_iam_policy_document.combined_with_viaservice_condition",
              "module.shared_service_spacelift_prequisites.module.kms_ecr.data.aws_iam_policy_document.general_policy"
            ]
          },
          {
            "index_key": "platform/helm-charts/argo-cd",
            "schema_version": 0,
            "attributes": {
              "arn": "arn:aws:ecr:eu-west-2:051939627954:repository/platform/helm-charts/argo-cd",
              "encryption_configuration": [
                {
                  "encryption_type": "KMS",
                  "kms_key": "arn:aws:kms:eu-west-2:051939627954:key/cf1efc8d-ca82-4513-9db5-7e02ffde1097"
                }
              ],
              "force_delete": null,
              "id": "platform/helm-charts/argo-cd",
              "image_scanning_configuration": [
                {
                  "scan_on_push": true
                }
              ],
              "image_tag_mutability": "IMMUTABLE",
              "name": "platform/helm-charts/argo-cd",
              "registry_id": "051939627954",
              "repository_url": "051939627954.dkr.ecr.eu-west-2.amazonaws.com/platform/helm-charts/argo-cd",
              "tags": null,
              "tags_all": {
                "blx:created-by": "terraform",
                "blx:owner": "all",
                "blx:repository-name": "tmuk-tf-spacelift-prerequisites",
                "blx:tag-version": "1"
              },
              "timeouts": null
            },
            "sensitive_attributes": [],
            "private": "eyJlMmJmYjczMC1lY2FhLTExZTYtOGY4OC0zNDM2M2JjN2M0YzAiOnsiZGVsZXRlIjoxMjAwMDAwMDAwMDAwfX0=",
            "dependencies": [
              "module.shared_service_spacelift_prequisites.module.kms_ecr.aws_kms_key.this",
              "module.shared_service_spacelift_prequisites.module.kms_ecr.data.aws_caller_identity.current",
              "module.shared_service_spacelift_prequisites.module.kms_ecr.data.aws_iam_policy_document.combined_with_serviceprincipals_and_conditions",
              "module.shared_service_spacelift_prequisites.module.kms_ecr.data.aws_iam_policy_document.combined_with_viaservice_condition",
              "module.shared_service_spacelift_prequisites.module.kms_ecr.data.aws_iam_policy_document.general_policy"
            ]
          },
          {
            "index_key": "platform/helm-charts/external-secrets",
            "schema_version": 0,
            "attributes": {
              "arn": "arn:aws:ecr:eu-west-2:051939627954:repository/platform/helm-charts/external-secrets",
              "encryption_configuration": [
                {
                  "encryption_type": "KMS",
                  "kms_key": "arn:aws:kms:eu-west-2:051939627954:key/cf1efc8d-ca82-4513-9db5-7e02ffde1097"
                }
              ],
              "force_delete": null,
              "id": "platform/helm-charts/external-secrets",
              "image_scanning_configuration": [
                {
                  "scan_on_push": true
                }
              ],
              "image_tag_mutability": "IMMUTABLE",
              "name": "platform/helm-charts/external-secrets",
              "registry_id": "051939627954",
              "repository_url": "051939627954.dkr.ecr.eu-west-2.amazonaws.com/platform/helm-charts/external-secrets",
              "tags": null,
              "tags_all": {
                "blx:created-by": "terraform",
                "blx:owner": "all",
                "blx:repository-name": "tmuk-tf-spacelift-prerequisites",
                "blx:tag-version": "1"
              },
              "timeouts": null
            },
            "sensitive_attributes": [],
            "private": "eyJlMmJmYjczMC1lY2FhLTExZTYtOGY4OC0zNDM2M2JjN2M0YzAiOnsiZGVsZXRlIjoxMjAwMDAwMDAwMDAwfX0=",
            "dependencies": [
              "module.shared_service_spacelift_prequisites.module.kms_ecr.aws_kms_key.this",
              "module.shared_service_spacelift_prequisites.module.kms_ecr.data.aws_caller_identity.current",
              "module.shared_service_spacelift_prequisites.module.kms_ecr.data.aws_iam_policy_document.combined_with_serviceprincipals_and_conditions",
              "module.shared_service_spacelift_prequisites.module.kms_ecr.data.aws_iam_policy_document.combined_with_viaservice_condition",
              "module.shared_service_spacelift_prequisites.module.kms_ecr.data.aws_iam_policy_document.general_policy"
            ]
          },
          {
            "index_key": "platform/images/actions-runner-controller",
            "schema_version": 0,
            "attributes": {
              "arn": "arn:aws:ecr:eu-west-2:051939627954:repository/platform/images/actions-runner-controller",
              "encryption_configuration": [
                {
                  "encryption_type": "KMS",
                  "kms_key": "arn:aws:kms:eu-west-2:051939627954:key/cf1efc8d-ca82-4513-9db5-7e02ffde1097"
                }
              ],
              "force_delete": null,
              "id": "platform/images/actions-runner-controller",
              "image_scanning_configuration": [
                {
                  "scan_on_push": true
                }
              ],
              "image_tag_mutability": "IMMUTABLE",
              "name": "platform/images/actions-runner-controller",
              "registry_id": "051939627954",
              "repository_url": "051939627954.dkr.ecr.eu-west-2.amazonaws.com/platform/images/actions-runner-controller",
              "tags": null,
              "tags_all": {
                "blx:created-by": "terraform",
                "blx:owner": "all",
                "blx:repository-name": "tmuk-tf-spacelift-prerequisites",
                "blx:tag-version": "1"
              },
              "timeouts": null
            },
            "sensitive_attributes": [],
            "private": "eyJlMmJmYjczMC1lY2FhLTExZTYtOGY4OC0zNDM2M2JjN2M0YzAiOnsiZGVsZXRlIjoxMjAwMDAwMDAwMDAwfX0=",
            "dependencies": [
              "module.shared_service_spacelift_prequisites.module.kms_ecr.aws_kms_key.this",
              "module.shared_service_spacelift_prequisites.module.kms_ecr.data.aws_caller_identity.current",
              "module.shared_service_spacelift_prequisites.module.kms_ecr.data.aws_iam_policy_document.combined_with_serviceprincipals_and_conditions",
              "module.shared_service_spacelift_prequisites.module.kms_ecr.data.aws_iam_policy_document.combined_with_viaservice_condition",
              "module.shared_service_spacelift_prequisites.module.kms_ecr.data.aws_iam_policy_document.general_policy"
            ]
          },
          {
            "index_key": "platform/images/argocd",
            "schema_version": 0,
            "attributes": {
              "arn": "arn:aws:ecr:eu-west-2:051939627954:repository/platform/images/argocd",
              "encryption_configuration": [
                {
                  "encryption_type": "KMS",
                  "kms_key": "arn:aws:kms:eu-west-2:051939627954:key/cf1efc8d-ca82-4513-9db5-7e02ffde1097"
                }
              ],
              "force_delete": null,
              "id": "platform/images/argocd",
              "image_scanning_configuration": [
                {
                  "scan_on_push": true
                }
              ],
              "image_tag_mutability": "IMMUTABLE",
              "name": "platform/images/argocd",
              "registry_id": "051939627954",
              "repository_url": "051939627954.dkr.ecr.eu-west-2.amazonaws.com/platform/images/argocd",
              "tags": null,
              "tags_all": {
                "blx:created-by": "terraform",
                "blx:owner": "all",
                "blx:repository-name": "tmuk-tf-spacelift-prerequisites",
                "blx:tag-version": "1"
              },
              "timeouts": null
            },
            "sensitive_attributes": [],
            "private": "eyJlMmJmYjczMC1lY2FhLTExZTYtOGY4OC0zNDM2M2JjN2M0YzAiOnsiZGVsZXRlIjoxMjAwMDAwMDAwMDAwfX0=",
            "dependencies": [
              "module.shared_service_spacelift_prequisites.module.kms_ecr.aws_kms_key.this",
              "module.shared_service_spacelift_prequisites.module.kms_ecr.data.aws_caller_identity.current",
              "module.shared_service_spacelift_prequisites.module.kms_ecr.data.aws_iam_policy_document.combined_with_serviceprincipals_and_conditions",
              "module.shared_service_spacelift_prequisites.module.kms_ecr.data.aws_iam_policy_document.combined_with_viaservice_condition",
              "module.shared_service_spacelift_prequisites.module.kms_ecr.data.aws_iam_policy_document.general_policy"
            ]
          },
          {
            "index_key": "platform/images/aws-ebs-csi-driver",
            "schema_version": 0,
            "attributes": {
              "arn": "arn:aws:ecr:eu-west-2:051939627954:repository/platform/images/aws-ebs-csi-driver",
              "encryption_configuration": [
                {
                  "encryption_type": "KMS",
                  "kms_key": "arn:aws:kms:eu-west-2:051939627954:key/cf1efc8d-ca82-4513-9db5-7e02ffde1097"
                }
              ],
              "force_delete": null,
              "id": "platform/images/aws-ebs-csi-driver",
              "image_scanning_configuration": [
                {
                  "scan_on_push": true
                }
              ],
              "image_tag_mutability": "IMMUTABLE",
              "name": "platform/images/aws-ebs-csi-driver",
              "registry_id": "051939627954",
              "repository_url": "051939627954.dkr.ecr.eu-west-2.amazonaws.com/platform/images/aws-ebs-csi-driver",
              "tags": null,
              "tags_all": {
                "blx:created-by": "terraform",
                "blx:owner": "all",
                "blx:repository-name": "tmuk-tf-spacelift-prerequisites",
                "blx:tag-version": "1"
              },
              "timeouts": null
            },
            "sensitive_attributes": [],
            "private": "eyJlMmJmYjczMC1lY2FhLTExZTYtOGY4OC0zNDM2M2JjN2M0YzAiOnsiZGVsZXRlIjoxMjAwMDAwMDAwMDAwfX0=",
            "dependencies": [
              "module.shared_service_spacelift_prequisites.module.kms_ecr.aws_kms_key.this",
              "module.shared_service_spacelift_prequisites.module.kms_ecr.data.aws_caller_identity.current",
              "module.shared_service_spacelift_prequisites.module.kms_ecr.data.aws_iam_policy_document.combined_with_serviceprincipals_and_conditions",
              "module.shared_service_spacelift_prequisites.module.kms_ecr.data.aws_iam_policy_document.combined_with_viaservice_condition",
              "module.shared_service_spacelift_prequisites.module.kms_ecr.data.aws_iam_policy_document.general_policy"
            ]
          },
          {
            "index_key": "platform/images/aws-load-balancer-controller",
            "schema_version": 0,
            "attributes": {
              "arn": "arn:aws:ecr:eu-west-2:051939627954:repository/platform/images/aws-load-balancer-controller",
              "encryption_configuration": [
                {
                  "encryption_type": "KMS",
                  "kms_key": "arn:aws:kms:eu-west-2:051939627954:key/cf1efc8d-ca82-4513-9db5-7e02ffde1097"
                }
              ],
              "force_delete": null,
              "id": "platform/images/aws-load-balancer-controller",
              "image_scanning_configuration": [
                {
                  "scan_on_push": true
                }
              ],
              "image_tag_mutability": "IMMUTABLE",
              "name": "platform/images/aws-load-balancer-controller",
              "registry_id": "051939627954",
              "repository_url": "051939627954.dkr.ecr.eu-west-2.amazonaws.com/platform/images/aws-load-balancer-controller",
              "tags": null,
              "tags_all": {
                "blx:created-by": "terraform",
                "blx:owner": "all",
                "blx:repository-name": "tmuk-tf-spacelift-prerequisites",
                "blx:tag-version": "1"
              },
              "timeouts": null
            },
            "sensitive_attributes": [],
            "private": "eyJlMmJmYjczMC1lY2FhLTExZTYtOGY4OC0zNDM2M2JjN2M0YzAiOnsiZGVsZXRlIjoxMjAwMDAwMDAwMDAwfX0=",
            "dependencies": [
              "module.shared_service_spacelift_prequisites.module.kms_ecr.aws_kms_key.this",
              "module.shared_service_spacelift_prequisites.module.kms_ecr.data.aws_caller_identity.current",
              "module.shared_service_spacelift_prequisites.module.kms_ecr.data.aws_iam_policy_document.combined_with_serviceprincipals_and_conditions",
              "module.shared_service_spacelift_prequisites.module.kms_ecr.data.aws_iam_policy_document.combined_with_viaservice_condition",
              "module.shared_service_spacelift_prequisites.module.kms_ecr.data.aws_iam_policy_document.general_policy"
            ]
          },
          {
            "index_key": "platform/images/aws-xray-daemon",
            "schema_version": 0,
            "attributes": {
              "arn": "arn:aws:ecr:eu-west-2:051939627954:repository/platform/images/aws-xray-daemon",
              "encryption_configuration": [
                {
                  "encryption_type": "KMS",
                  "kms_key": "arn:aws:kms:eu-west-2:051939627954:key/cf1efc8d-ca82-4513-9db5-7e02ffde1097"
                }
              ],
              "force_delete": null,
              "id": "platform/images/aws-xray-daemon",
              "image_scanning_configuration": [
                {
                  "scan_on_push": true
                }
              ],
              "image_tag_mutability": "IMMUTABLE",
              "name": "platform/images/aws-xray-daemon",
              "registry_id": "051939627954",
              "repository_url": "051939627954.dkr.ecr.eu-west-2.amazonaws.com/platform/images/aws-xray-daemon",
              "tags": null,
              "tags_all": {
                "blx:created-by": "terraform",
                "blx:owner": "all",
                "blx:repository-name": "tmuk-tf-spacelift-prerequisites",
                "blx:tag-version": "1"
              },
              "timeouts": null
            },
            "sensitive_attributes": [],
            "private": "eyJlMmJmYjczMC1lY2FhLTExZTYtOGY4OC0zNDM2M2JjN2M0YzAiOnsiZGVsZXRlIjoxMjAwMDAwMDAwMDAwfX0=",
            "dependencies": [
              "module.shared_service_spacelift_prequisites.module.kms_ecr.aws_kms_key.this",
              "module.shared_service_spacelift_prequisites.module.kms_ecr.data.aws_caller_identity.current",
              "module.shared_service_spacelift_prequisites.module.kms_ecr.data.aws_iam_policy_document.combined_with_serviceprincipals_and_conditions",
              "module.shared_service_spacelift_prequisites.module.kms_ecr.data.aws_iam_policy_document.combined_with_viaservice_condition",
              "module.shared_service_spacelift_prequisites.module.kms_ecr.data.aws_iam_policy_document.general_policy"
            ]
          },
          {
            "index_key": "platform/images/blackbox-exporter",
            "schema_version": 0,
            "attributes": {
              "arn": "arn:aws:ecr:eu-west-2:051939627954:repository/platform/images/blackbox-exporter",
              "encryption_configuration": [
                {
                  "encryption_type": "KMS",
                  "kms_key": "arn:aws:kms:eu-west-2:051939627954:key/cf1efc8d-ca82-4513-9db5-7e02ffde1097"
                }
              ],
              "force_delete": null,
              "id": "platform/images/blackbox-exporter",
              "image_scanning_configuration": [
                {
                  "scan_on_push": true
                }
              ],
              "image_tag_mutability": "IMMUTABLE",
              "name": "platform/images/blackbox-exporter",
              "registry_id": "051939627954",
              "repository_url": "051939627954.dkr.ecr.eu-west-2.amazonaws.com/platform/images/blackbox-exporter",
              "tags": null,
              "tags_all": {
                "blx:created-by": "terraform",
                "blx:owner": "all",
                "blx:repository-name": "tmuk-tf-spacelift-prerequisites",
                "blx:tag-version": "1"
              },
              "timeouts": null
            },
            "sensitive_attributes": [],
            "private": "eyJlMmJmYjczMC1lY2FhLTExZTYtOGY4OC0zNDM2M2JjN2M0YzAiOnsiZGVsZXRlIjoxMjAwMDAwMDAwMDAwfX0=",
            "dependencies": [
              "module.shared_service_spacelift_prequisites.module.kms_ecr.aws_kms_key.this",
              "module.shared_service_spacelift_prequisites.module.kms_ecr.data.aws_caller_identity.current",
              "module.shared_service_spacelift_prequisites.module.kms_ecr.data.aws_iam_policy_document.combined_with_serviceprincipals_and_conditions",
              "module.shared_service_spacelift_prequisites.module.kms_ecr.data.aws_iam_policy_document.combined_with_viaservice_condition",
              "module.shared_service_spacelift_prequisites.module.kms_ecr.data.aws_iam_policy_document.general_policy"
            ]
          },
          {
            "index_key": "platform/images/cert-manager-acmesolver",
            "schema_version": 0,
            "attributes": {
              "arn": "arn:aws:ecr:eu-west-2:051939627954:repository/platform/images/cert-manager-acmesolver",
              "encryption_configuration": [
                {
                  "encryption_type": "KMS",
                  "kms_key": "arn:aws:kms:eu-west-2:051939627954:key/cf1efc8d-ca82-4513-9db5-7e02ffde1097"
                }
              ],
              "force_delete": null,
              "id": "platform/images/cert-manager-acmesolver",
              "image_scanning_configuration": [
                {
                  "scan_on_push": true
                }
              ],
              "image_tag_mutability": "IMMUTABLE",
              "name": "platform/images/cert-manager-acmesolver",
              "registry_id": "051939627954",
              "repository_url": "051939627954.dkr.ecr.eu-west-2.amazonaws.com/platform/images/cert-manager-acmesolver",
              "tags": null,
              "tags_all": {
                "blx:created-by": "terraform",
                "blx:owner": "all",
                "blx:repository-name": "tmuk-tf-spacelift-prerequisites",
                "blx:tag-version": "1"
              },
              "timeouts": null
            },
            "sensitive_attributes": [],
            "private": "eyJlMmJmYjczMC1lY2FhLTExZTYtOGY4OC0zNDM2M2JjN2M0YzAiOnsiZGVsZXRlIjoxMjAwMDAwMDAwMDAwfX0=",
            "dependencies": [
              "module.shared_service_spacelift_prequisites.module.kms_ecr.aws_kms_key.this",
              "module.shared_service_spacelift_prequisites.module.kms_ecr.data.aws_caller_identity.current",
              "module.shared_service_spacelift_prequisites.module.kms_ecr.data.aws_iam_policy_document.combined_with_serviceprincipals_and_conditions",
              "module.shared_service_spacelift_prequisites.module.kms_ecr.data.aws_iam_policy_document.combined_with_viaservice_condition",
              "module.shared_service_spacelift_prequisites.module.kms_ecr.data.aws_iam_policy_document.general_policy"
            ]
          },
          {
            "index_key": "platform/images/cert-manager-cainjector",
            "schema_version": 0,
            "attributes": {
              "arn": "arn:aws:ecr:eu-west-2:051939627954:repository/platform/images/cert-manager-cainjector",
              "encryption_configuration": [
                {
                  "encryption_type": "KMS",
                  "kms_key": "arn:aws:kms:eu-west-2:051939627954:key/cf1efc8d-ca82-4513-9db5-7e02ffde1097"
                }
              ],
              "force_delete": null,
              "id": "platform/images/cert-manager-cainjector",
              "image_scanning_configuration": [
                {
                  "scan_on_push": true
                }
              ],
              "image_tag_mutability": "IMMUTABLE",
              "name": "platform/images/cert-manager-cainjector",
              "registry_id": "051939627954",
              "repository_url": "051939627954.dkr.ecr.eu-west-2.amazonaws.com/platform/images/cert-manager-cainjector",
              "tags": null,
              "tags_all": {
                "blx:created-by": "terraform",
                "blx:owner": "all",
                "blx:repository-name": "tmuk-tf-spacelift-prerequisites",
                "blx:tag-version": "1"
              },
              "timeouts": null
            },
            "sensitive_attributes": [],
            "private": "eyJlMmJmYjczMC1lY2FhLTExZTYtOGY4OC0zNDM2M2JjN2M0YzAiOnsiZGVsZXRlIjoxMjAwMDAwMDAwMDAwfX0=",
            "dependencies": [
              "module.shared_service_spacelift_prequisites.module.kms_ecr.aws_kms_key.this",
              "module.shared_service_spacelift_prequisites.module.kms_ecr.data.aws_caller_identity.current",
              "module.shared_service_spacelift_prequisites.module.kms_ecr.data.aws_iam_policy_document.combined_with_serviceprincipals_and_conditions",
              "module.shared_service_spacelift_prequisites.module.kms_ecr.data.aws_iam_policy_document.combined_with_viaservice_condition",
              "module.shared_service_spacelift_prequisites.module.kms_ecr.data.aws_iam_policy_document.general_policy"
            ]
          },
          {
            "index_key": "platform/images/cert-manager-controller",
            "schema_version": 0,
            "attributes": {
              "arn": "arn:aws:ecr:eu-west-2:051939627954:repository/platform/images/cert-manager-controller",
              "encryption_configuration": [
                {
                  "encryption_type": "KMS",
                  "kms_key": "arn:aws:kms:eu-west-2:051939627954:key/cf1efc8d-ca82-4513-9db5-7e02ffde1097"
                }
              ],
              "force_delete": null,
              "id": "platform/images/cert-manager-controller",
              "image_scanning_configuration": [
                {
                  "scan_on_push": true
                }
              ],
              "image_tag_mutability": "IMMUTABLE",
              "name": "platform/images/cert-manager-controller",
              "registry_id": "051939627954",
              "repository_url": "051939627954.dkr.ecr.eu-west-2.amazonaws.com/platform/images/cert-manager-controller",
              "tags": null,
              "tags_all": {
                "blx:created-by": "terraform",
                "blx:owner": "all",
                "blx:repository-name": "tmuk-tf-spacelift-prerequisites",
                "blx:tag-version": "1"
              },
              "timeouts": null
            },
            "sensitive_attributes": [],
            "private": "eyJlMmJmYjczMC1lY2FhLTExZTYtOGY4OC0zNDM2M2JjN2M0YzAiOnsiZGVsZXRlIjoxMjAwMDAwMDAwMDAwfX0=",
            "dependencies": [
              "module.shared_service_spacelift_prequisites.module.kms_ecr.aws_kms_key.this",
              "module.shared_service_spacelift_prequisites.module.kms_ecr.data.aws_caller_identity.current",
              "module.shared_service_spacelift_prequisites.module.kms_ecr.data.aws_iam_policy_document.combined_with_serviceprincipals_and_conditions",
              "module.shared_service_spacelift_prequisites.module.kms_ecr.data.aws_iam_policy_document.combined_with_viaservice_condition",
              "module.shared_service_spacelift_prequisites.module.kms_ecr.data.aws_iam_policy_document.general_policy"
            ]
          },
          {
            "index_key": "platform/images/cert-manager-ctl",
            "schema_version": 0,
            "attributes": {
              "arn": "arn:aws:ecr:eu-west-2:051939627954:repository/platform/images/cert-manager-ctl",
              "encryption_configuration": [
                {
                  "encryption_type": "KMS",
                  "kms_key": "arn:aws:kms:eu-west-2:051939627954:key/cf1efc8d-ca82-4513-9db5-7e02ffde1097"
                }
              ],
              "force_delete": null,
              "id": "platform/images/cert-manager-ctl",
              "image_scanning_configuration": [
                {
                  "scan_on_push": true
                }
              ],
              "image_tag_mutability": "IMMUTABLE",
              "name": "platform/images/cert-manager-ctl",
              "registry_id": "051939627954",
              "repository_url": "051939627954.dkr.ecr.eu-west-2.amazonaws.com/platform/images/cert-manager-ctl",
              "tags": null,
              "tags_all": {
                "blx:created-by": "terraform",
                "blx:owner": "all",
                "blx:repository-name": "tmuk-tf-spacelift-prerequisites",
                "blx:tag-version": "1"
              },
              "timeouts": null
            },
            "sensitive_attributes": [],
            "private": "eyJlMmJmYjczMC1lY2FhLTExZTYtOGY4OC0zNDM2M2JjN2M0YzAiOnsiZGVsZXRlIjoxMjAwMDAwMDAwMDAwfX0=",
            "dependencies": [
              "module.shared_service_spacelift_prequisites.module.kms_ecr.aws_kms_key.this",
              "module.shared_service_spacelift_prequisites.module.kms_ecr.data.aws_caller_identity.current",
              "module.shared_service_spacelift_prequisites.module.kms_ecr.data.aws_iam_policy_document.combined_with_serviceprincipals_and_conditions",
              "module.shared_service_spacelift_prequisites.module.kms_ecr.data.aws_iam_policy_document.combined_with_viaservice_condition",
              "module.shared_service_spacelift_prequisites.module.kms_ecr.data.aws_iam_policy_document.general_policy"
            ]
          },
          {
            "index_key": "platform/images/cert-manager-webhook",
            "schema_version": 0,
            "attributes": {
              "arn": "arn:aws:ecr:eu-west-2:051939627954:repository/platform/images/cert-manager-webhook",
              "encryption_configuration": [
                {
                  "encryption_type": "KMS",
                  "kms_key": "arn:aws:kms:eu-west-2:051939627954:key/cf1efc8d-ca82-4513-9db5-7e02ffde1097"
                }
              ],
              "force_delete": null,
              "id": "platform/images/cert-manager-webhook",
              "image_scanning_configuration": [
                {
                  "scan_on_push": true
                }
              ],
              "image_tag_mutability": "IMMUTABLE",
              "name": "platform/images/cert-manager-webhook",
              "registry_id": "051939627954",
              "repository_url": "051939627954.dkr.ecr.eu-west-2.amazonaws.com/platform/images/cert-manager-webhook",
              "tags": null,
              "tags_all": {
                "blx:created-by": "terraform",
                "blx:owner": "all",
                "blx:repository-name": "tmuk-tf-spacelift-prerequisites",
                "blx:tag-version": "1"
              },
              "timeouts": null
            },
            "sensitive_attributes": [],
            "private": "eyJlMmJmYjczMC1lY2FhLTExZTYtOGY4OC0zNDM2M2JjN2M0YzAiOnsiZGVsZXRlIjoxMjAwMDAwMDAwMDAwfX0=",
            "dependencies": [
              "module.shared_service_spacelift_prequisites.module.kms_ecr.aws_kms_key.this",
              "module.shared_service_spacelift_prequisites.module.kms_ecr.data.aws_caller_identity.current",
              "module.shared_service_spacelift_prequisites.module.kms_ecr.data.aws_iam_policy_document.combined_with_serviceprincipals_and_conditions",
              "module.shared_service_spacelift_prequisites.module.kms_ecr.data.aws_iam_policy_document.combined_with_viaservice_condition",
              "module.shared_service_spacelift_prequisites.module.kms_ecr.data.aws_iam_policy_document.general_policy"
            ]
          },
          {
            "index_key": "platform/images/cloudwatch-agent",
            "schema_version": 0,
            "attributes": {
              "arn": "arn:aws:ecr:eu-west-2:051939627954:repository/platform/images/cloudwatch-agent",
              "encryption_configuration": [
                {
                  "encryption_type": "KMS",
                  "kms_key": "arn:aws:kms:eu-west-2:051939627954:key/cf1efc8d-ca82-4513-9db5-7e02ffde1097"
                }
              ],
              "force_delete": null,
              "id": "platform/images/cloudwatch-agent",
              "image_scanning_configuration": [
                {
                  "scan_on_push": true
                }
              ],
              "image_tag_mutability": "IMMUTABLE",
              "name": "platform/images/cloudwatch-agent",
              "registry_id": "051939627954",
              "repository_url": "051939627954.dkr.ecr.eu-west-2.amazonaws.com/platform/images/cloudwatch-agent",
              "tags": null,
              "tags_all": {
                "blx:created-by": "terraform",
                "blx:owner": "all",
                "blx:repository-name": "tmuk-tf-spacelift-prerequisites",
                "blx:tag-version": "1"
              },
              "timeouts": null
            },
            "sensitive_attributes": [],
            "private": "eyJlMmJmYjczMC1lY2FhLTExZTYtOGY4OC0zNDM2M2JjN2M0YzAiOnsiZGVsZXRlIjoxMjAwMDAwMDAwMDAwfX0=",
            "dependencies": [
              "module.shared_service_spacelift_prequisites.module.kms_ecr.aws_kms_key.this",
              "module.shared_service_spacelift_prequisites.module.kms_ecr.data.aws_caller_identity.current",
              "module.shared_service_spacelift_prequisites.module.kms_ecr.data.aws_iam_policy_document.combined_with_serviceprincipals_and_conditions",
              "module.shared_service_spacelift_prequisites.module.kms_ecr.data.aws_iam_policy_document.combined_with_viaservice_condition",
              "module.shared_service_spacelift_prequisites.module.kms_ecr.data.aws_iam_policy_document.general_policy"
            ]
          },
          {
            "index_key": "platform/images/cluster-autoscaler",
            "schema_version": 0,
            "attributes": {
              "arn": "arn:aws:ecr:eu-west-2:051939627954:repository/platform/images/cluster-autoscaler",
              "encryption_configuration": [
                {
                  "encryption_type": "KMS",
                  "kms_key": "arn:aws:kms:eu-west-2:051939627954:key/cf1efc8d-ca82-4513-9db5-7e02ffde1097"
                }
              ],
              "force_delete": null,
              "id": "platform/images/cluster-autoscaler",
              "image_scanning_configuration": [
                {
                  "scan_on_push": true
                }
              ],
              "image_tag_mutability": "IMMUTABLE",
              "name": "platform/images/cluster-autoscaler",
              "registry_id": "051939627954",
              "repository_url": "051939627954.dkr.ecr.eu-west-2.amazonaws.com/platform/images/cluster-autoscaler",
              "tags": null,
              "tags_all": {
                "blx:created-by": "terraform",
                "blx:owner": "all",
                "blx:repository-name": "tmuk-tf-spacelift-prerequisites",
                "blx:tag-version": "1"
              },
              "timeouts": null
            },
            "sensitive_attributes": [],
            "private": "eyJlMmJmYjczMC1lY2FhLTExZTYtOGY4OC0zNDM2M2JjN2M0YzAiOnsiZGVsZXRlIjoxMjAwMDAwMDAwMDAwfX0=",
            "dependencies": [
              "module.shared_service_spacelift_prequisites.module.kms_ecr.aws_kms_key.this",
              "module.shared_service_spacelift_prequisites.module.kms_ecr.data.aws_caller_identity.current",
              "module.shared_service_spacelift_prequisites.module.kms_ecr.data.aws_iam_policy_document.combined_with_serviceprincipals_and_conditions",
              "module.shared_service_spacelift_prequisites.module.kms_ecr.data.aws_iam_policy_document.combined_with_viaservice_condition",
              "module.shared_service_spacelift_prequisites.module.kms_ecr.data.aws_iam_policy_document.general_policy"
            ]
          },
          {
            "index_key": "platform/images/docker-in-docker",
            "schema_version": 0,
            "attributes": {
              "arn": "arn:aws:ecr:eu-west-2:051939627954:repository/platform/images/docker-in-docker",
              "encryption_configuration": [
                {
                  "encryption_type": "KMS",
                  "kms_key": "arn:aws:kms:eu-west-2:051939627954:key/cf1efc8d-ca82-4513-9db5-7e02ffde1097"
                }
              ],
              "force_delete": null,
              "id": "platform/images/docker-in-docker",
              "image_scanning_configuration": [
                {
                  "scan_on_push": true
                }
              ],
              "image_tag_mutability": "IMMUTABLE",
              "name": "platform/images/docker-in-docker",
              "registry_id": "051939627954",
              "repository_url": "051939627954.dkr.ecr.eu-west-2.amazonaws.com/platform/images/docker-in-docker",
              "tags": null,
              "tags_all": {
                "blx:created-by": "terraform",
                "blx:owner": "all",
                "blx:repository-name": "tmuk-tf-spacelift-prerequisites",
                "blx:tag-version": "1"
              },
              "timeouts": null
            },
            "sensitive_attributes": [],
            "private": "eyJlMmJmYjczMC1lY2FhLTExZTYtOGY4OC0zNDM2M2JjN2M0YzAiOnsiZGVsZXRlIjoxMjAwMDAwMDAwMDAwfX0=",
            "dependencies": [
              "module.shared_service_spacelift_prequisites.module.kms_ecr.aws_kms_key.this",
              "module.shared_service_spacelift_prequisites.module.kms_ecr.data.aws_caller_identity.current",
              "module.shared_service_spacelift_prequisites.module.kms_ecr.data.aws_iam_policy_document.combined_with_serviceprincipals_and_conditions",
              "module.shared_service_spacelift_prequisites.module.kms_ecr.data.aws_iam_policy_document.combined_with_viaservice_condition",
              "module.shared_service_spacelift_prequisites.module.kms_ecr.data.aws_iam_policy_document.general_policy"
            ]
          },
          {
            "index_key": "platform/images/external-dns",
            "schema_version": 0,
            "attributes": {
              "arn": "arn:aws:ecr:eu-west-2:051939627954:repository/platform/images/external-dns",
              "encryption_configuration": [
                {
                  "encryption_type": "KMS",
                  "kms_key": "arn:aws:kms:eu-west-2:051939627954:key/cf1efc8d-ca82-4513-9db5-7e02ffde1097"
                }
              ],
              "force_delete": null,
              "id": "platform/images/external-dns",
              "image_scanning_configuration": [
                {
                  "scan_on_push": true
                }
              ],
              "image_tag_mutability": "IMMUTABLE",
              "name": "platform/images/external-dns",
              "registry_id": "051939627954",
              "repository_url": "051939627954.dkr.ecr.eu-west-2.amazonaws.com/platform/images/external-dns",
              "tags": null,
              "tags_all": {
                "blx:created-by": "terraform",
                "blx:owner": "all",
                "blx:repository-name": "tmuk-tf-spacelift-prerequisites",
                "blx:tag-version": "1"
              },
              "timeouts": null
            },
            "sensitive_attributes": [],
            "private": "eyJlMmJmYjczMC1lY2FhLTExZTYtOGY4OC0zNDM2M2JjN2M0YzAiOnsiZGVsZXRlIjoxMjAwMDAwMDAwMDAwfX0=",
            "dependencies": [
              "module.shared_service_spacelift_prequisites.module.kms_ecr.aws_kms_key.this",
              "module.shared_service_spacelift_prequisites.module.kms_ecr.data.aws_caller_identity.current",
              "module.shared_service_spacelift_prequisites.module.kms_ecr.data.aws_iam_policy_document.combined_with_serviceprincipals_and_conditions",
              "module.shared_service_spacelift_prequisites.module.kms_ecr.data.aws_iam_policy_document.combined_with_viaservice_condition",
              "module.shared_service_spacelift_prequisites.module.kms_ecr.data.aws_iam_policy_document.general_policy"
            ]
          },
          {
            "index_key": "platform/images/external-secrets",
            "schema_version": 0,
            "attributes": {
              "arn": "arn:aws:ecr:eu-west-2:051939627954:repository/platform/images/external-secrets",
              "encryption_configuration": [
                {
                  "encryption_type": "KMS",
                  "kms_key": "arn:aws:kms:eu-west-2:051939627954:key/cf1efc8d-ca82-4513-9db5-7e02ffde1097"
                }
              ],
              "force_delete": null,
              "id": "platform/images/external-secrets",
              "image_scanning_configuration": [
                {
                  "scan_on_push": true
                }
              ],
              "image_tag_mutability": "IMMUTABLE",
              "name": "platform/images/external-secrets",
              "registry_id": "051939627954",
              "repository_url": "051939627954.dkr.ecr.eu-west-2.amazonaws.com/platform/images/external-secrets",
              "tags": null,
              "tags_all": {
                "blx:created-by": "terraform",
                "blx:owner": "all",
                "blx:repository-name": "tmuk-tf-spacelift-prerequisites",
                "blx:tag-version": "1"
              },
              "timeouts": null
            },
            "sensitive_attributes": [],
            "private": "eyJlMmJmYjczMC1lY2FhLTExZTYtOGY4OC0zNDM2M2JjN2M0YzAiOnsiZGVsZXRlIjoxMjAwMDAwMDAwMDAwfX0=",
            "dependencies": [
              "module.shared_service_spacelift_prequisites.module.kms_ecr.aws_kms_key.this",
              "module.shared_service_spacelift_prequisites.module.kms_ecr.data.aws_caller_identity.current",
              "module.shared_service_spacelift_prequisites.module.kms_ecr.data.aws_iam_policy_document.combined_with_serviceprincipals_and_conditions",
              "module.shared_service_spacelift_prequisites.module.kms_ecr.data.aws_iam_policy_document.combined_with_viaservice_condition",
              "module.shared_service_spacelift_prequisites.module.kms_ecr.data.aws_iam_policy_document.general_policy"
            ]
          },
          {
            "index_key": "platform/images/fluent-bit",
            "schema_version": 0,
            "attributes": {
              "arn": "arn:aws:ecr:eu-west-2:051939627954:repository/platform/images/fluent-bit",
              "encryption_configuration": [
                {
                  "encryption_type": "KMS",
                  "kms_key": "arn:aws:kms:eu-west-2:051939627954:key/cf1efc8d-ca82-4513-9db5-7e02ffde1097"
                }
              ],
              "force_delete": null,
              "id": "platform/images/fluent-bit",
              "image_scanning_configuration": [
                {
                  "scan_on_push": true
                }
              ],
              "image_tag_mutability": "IMMUTABLE",
              "name": "platform/images/fluent-bit",
              "registry_id": "051939627954",
              "repository_url": "051939627954.dkr.ecr.eu-west-2.amazonaws.com/platform/images/fluent-bit",
              "tags": null,
              "tags_all": {
                "blx:created-by": "terraform",
                "blx:owner": "all",
                "blx:repository-name": "tmuk-tf-spacelift-prerequisites",
                "blx:tag-version": "1"
              },
              "timeouts": null
            },
            "sensitive_attributes": [],
            "private": "eyJlMmJmYjczMC1lY2FhLTExZTYtOGY4OC0zNDM2M2JjN2M0YzAiOnsiZGVsZXRlIjoxMjAwMDAwMDAwMDAwfX0=",
            "dependencies": [
              "module.shared_service_spacelift_prequisites.module.kms_ecr.aws_kms_key.this",
              "module.shared_service_spacelift_prequisites.module.kms_ecr.data.aws_caller_identity.current",
              "module.shared_service_spacelift_prequisites.module.kms_ecr.data.aws_iam_policy_document.combined_with_serviceprincipals_and_conditions",
              "module.shared_service_spacelift_prequisites.module.kms_ecr.data.aws_iam_policy_document.combined_with_viaservice_condition",
              "module.shared_service_spacelift_prequisites.module.kms_ecr.data.aws_iam_policy_document.general_policy"
            ]
          },
          {
            "index_key": "platform/images/github-actions-runner",
            "schema_version": 0,
            "attributes": {
              "arn": "arn:aws:ecr:eu-west-2:051939627954:repository/platform/images/github-actions-runner",
              "encryption_configuration": [
                {
                  "encryption_type": "KMS",
                  "kms_key": "arn:aws:kms:eu-west-2:051939627954:key/cf1efc8d-ca82-4513-9db5-7e02ffde1097"
                }
              ],
              "force_delete": null,
              "id": "platform/images/github-actions-runner",
              "image_scanning_configuration": [
                {
                  "scan_on_push": true
                }
              ],
              "image_tag_mutability": "IMMUTABLE",
              "name": "platform/images/github-actions-runner",
              "registry_id": "051939627954",
              "repository_url": "051939627954.dkr.ecr.eu-west-2.amazonaws.com/platform/images/github-actions-runner",
              "tags": null,
              "tags_all": {
                "blx:created-by": "terraform",
                "blx:owner": "all",
                "blx:repository-name": "tmuk-tf-spacelift-prerequisites",
                "blx:tag-version": "1"
              },
              "timeouts": null
            },
            "sensitive_attributes": [],
            "private": "eyJlMmJmYjczMC1lY2FhLTExZTYtOGY4OC0zNDM2M2JjN2M0YzAiOnsiZGVsZXRlIjoxMjAwMDAwMDAwMDAwfX0=",
            "dependencies": [
              "module.shared_service_spacelift_prequisites.module.kms_ecr.aws_kms_key.this",
              "module.shared_service_spacelift_prequisites.module.kms_ecr.data.aws_caller_identity.current",
              "module.shared_service_spacelift_prequisites.module.kms_ecr.data.aws_iam_policy_document.combined_with_serviceprincipals_and_conditions",
              "module.shared_service_spacelift_prequisites.module.kms_ecr.data.aws_iam_policy_document.combined_with_viaservice_condition",
              "module.shared_service_spacelift_prequisites.module.kms_ecr.data.aws_iam_policy_document.general_policy"
            ]
          },
          {
            "index_key": "platform/images/kube-rbac-proxy",
            "schema_version": 0,
            "attributes": {
              "arn": "arn:aws:ecr:eu-west-2:051939627954:repository/platform/images/kube-rbac-proxy",
              "encryption_configuration": [
                {
                  "encryption_type": "KMS",
                  "kms_key": "arn:aws:kms:eu-west-2:051939627954:key/cf1efc8d-ca82-4513-9db5-7e02ffde1097"
                }
              ],
              "force_delete": null,
              "id": "platform/images/kube-rbac-proxy",
              "image_scanning_configuration": [
                {
                  "scan_on_push": true
                }
              ],
              "image_tag_mutability": "IMMUTABLE",
              "name": "platform/images/kube-rbac-proxy",
              "registry_id": "051939627954",
              "repository_url": "051939627954.dkr.ecr.eu-west-2.amazonaws.com/platform/images/kube-rbac-proxy",
              "tags": null,
              "tags_all": {
                "blx:created-by": "terraform",
                "blx:owner": "all",
                "blx:repository-name": "tmuk-tf-spacelift-prerequisites",
                "blx:tag-version": "1"
              },
              "timeouts": null
            },
            "sensitive_attributes": [],
            "private": "eyJlMmJmYjczMC1lY2FhLTExZTYtOGY4OC0zNDM2M2JjN2M0YzAiOnsiZGVsZXRlIjoxMjAwMDAwMDAwMDAwfX0=",
            "dependencies": [
              "module.shared_service_spacelift_prequisites.module.kms_ecr.aws_kms_key.this",
              "module.shared_service_spacelift_prequisites.module.kms_ecr.data.aws_caller_identity.current",
              "module.shared_service_spacelift_prequisites.module.kms_ecr.data.aws_iam_policy_document.combined_with_serviceprincipals_and_conditions",
              "module.shared_service_spacelift_prequisites.module.kms_ecr.data.aws_iam_policy_document.combined_with_viaservice_condition",
              "module.shared_service_spacelift_prequisites.module.kms_ecr.data.aws_iam_policy_document.general_policy"
            ]
          },
          {
            "index_key": "platform/images/kubectl",
            "schema_version": 0,
            "attributes": {
              "arn": "arn:aws:ecr:eu-west-2:051939627954:repository/platform/images/kubectl",
              "encryption_configuration": [
                {
                  "encryption_type": "KMS",
                  "kms_key": "arn:aws:kms:eu-west-2:051939627954:key/cf1efc8d-ca82-4513-9db5-7e02ffde1097"
                }
              ],
              "force_delete": null,
              "id": "platform/images/kubectl",
              "image_scanning_configuration": [
                {
                  "scan_on_push": true
                }
              ],
              "image_tag_mutability": "IMMUTABLE",
              "name": "platform/images/kubectl",
              "registry_id": "051939627954",
              "repository_url": "051939627954.dkr.ecr.eu-west-2.amazonaws.com/platform/images/kubectl",
              "tags": null,
              "tags_all": {
                "blx:created-by": "terraform",
                "blx:owner": "all",
                "blx:repository-name": "tmuk-tf-spacelift-prerequisites",
                "blx:tag-version": "1"
              },
              "timeouts": null
            },
            "sensitive_attributes": [],
            "private": "eyJlMmJmYjczMC1lY2FhLTExZTYtOGY4OC0zNDM2M2JjN2M0YzAiOnsiZGVsZXRlIjoxMjAwMDAwMDAwMDAwfX0=",
            "dependencies": [
              "module.shared_service_spacelift_prequisites.module.kms_ecr.aws_kms_key.this",
              "module.shared_service_spacelift_prequisites.module.kms_ecr.data.aws_caller_identity.current",
              "module.shared_service_spacelift_prequisites.module.kms_ecr.data.aws_iam_policy_document.combined_with_serviceprincipals_and_conditions",
              "module.shared_service_spacelift_prequisites.module.kms_ecr.data.aws_iam_policy_document.combined_with_viaservice_condition",
              "module.shared_service_spacelift_prequisites.module.kms_ecr.data.aws_iam_policy_document.general_policy"
            ]
          },
          {
            "index_key": "platform/images/metrics-server",
            "schema_version": 0,
            "attributes": {
              "arn": "arn:aws:ecr:eu-west-2:051939627954:repository/platform/images/metrics-server",
              "encryption_configuration": [
                {
                  "encryption_type": "KMS",
                  "kms_key": "arn:aws:kms:eu-west-2:051939627954:key/cf1efc8d-ca82-4513-9db5-7e02ffde1097"
                }
              ],
              "force_delete": null,
              "id": "platform/images/metrics-server",
              "image_scanning_configuration": [
                {
                  "scan_on_push": true
                }
              ],
              "image_tag_mutability": "IMMUTABLE",
              "name": "platform/images/metrics-server",
              "registry_id": "051939627954",
              "repository_url": "051939627954.dkr.ecr.eu-west-2.amazonaws.com/platform/images/metrics-server",
              "tags": null,
              "tags_all": {
                "blx:created-by": "terraform",
                "blx:owner": "all",
                "blx:repository-name": "tmuk-tf-spacelift-prerequisites",
                "blx:tag-version": "1"
              },
              "timeouts": null
            },
            "sensitive_attributes": [],
            "private": "eyJlMmJmYjczMC1lY2FhLTExZTYtOGY4OC0zNDM2M2JjN2M0YzAiOnsiZGVsZXRlIjoxMjAwMDAwMDAwMDAwfX0=",
            "dependencies": [
              "module.shared_service_spacelift_prequisites.module.kms_ecr.aws_kms_key.this",
              "module.shared_service_spacelift_prequisites.module.kms_ecr.data.aws_caller_identity.current",
              "module.shared_service_spacelift_prequisites.module.kms_ecr.data.aws_iam_policy_document.combined_with_serviceprincipals_and_conditions",
              "module.shared_service_spacelift_prequisites.module.kms_ecr.data.aws_iam_policy_document.combined_with_viaservice_condition",
              "module.shared_service_spacelift_prequisites.module.kms_ecr.data.aws_iam_policy_document.general_policy"
            ]
          },
          {
            "index_key": "platform/images/postgresql",
            "schema_version": 0,
            "attributes": {
              "arn": "arn:aws:ecr:eu-west-2:051939627954:repository/platform/images/postgresql",
              "encryption_configuration": [
                {
                  "encryption_type": "KMS",
                  "kms_key": "arn:aws:kms:eu-west-2:051939627954:key/cf1efc8d-ca82-4513-9db5-7e02ffde1097"
                }
              ],
              "force_delete": null,
              "id": "platform/images/postgresql",
              "image_scanning_configuration": [
                {
                  "scan_on_push": true
                }
              ],
              "image_tag_mutability": "IMMUTABLE",
              "name": "platform/images/postgresql",
              "registry_id": "051939627954",
              "repository_url": "051939627954.dkr.ecr.eu-west-2.amazonaws.com/platform/images/postgresql",
              "tags": null,
              "tags_all": {
                "blx:created-by": "terraform",
                "blx:owner": "all",
                "blx:repository-name": "tmuk-tf-spacelift-prerequisites",
                "blx:tag-version": "1"
              },
              "timeouts": null
            },
            "sensitive_attributes": [],
            "private": "eyJlMmJmYjczMC1lY2FhLTExZTYtOGY4OC0zNDM2M2JjN2M0YzAiOnsiZGVsZXRlIjoxMjAwMDAwMDAwMDAwfX0=",
            "dependencies": [
              "module.shared_service_spacelift_prequisites.module.kms_ecr.aws_kms_key.this",
              "module.shared_service_spacelift_prequisites.module.kms_ecr.data.aws_caller_identity.current",
              "module.shared_service_spacelift_prequisites.module.kms_ecr.data.aws_iam_policy_document.combined_with_serviceprincipals_and_conditions",
              "module.shared_service_spacelift_prequisites.module.kms_ecr.data.aws_iam_policy_document.combined_with_viaservice_condition",
              "module.shared_service_spacelift_prequisites.module.kms_ecr.data.aws_iam_policy_document.general_policy"
            ]
          },
          {
            "index_key": "platform/images/redis",
            "schema_version": 0,
            "attributes": {
              "arn": "arn:aws:ecr:eu-west-2:051939627954:repository/platform/images/redis",
              "encryption_configuration": [
                {
                  "encryption_type": "KMS",
                  "kms_key": "arn:aws:kms:eu-west-2:051939627954:key/cf1efc8d-ca82-4513-9db5-7e02ffde1097"
                }
              ],
              "force_delete": null,
              "id": "platform/images/redis",
              "image_scanning_configuration": [
                {
                  "scan_on_push": true
                }
              ],
              "image_tag_mutability": "IMMUTABLE",
              "name": "platform/images/redis",
              "registry_id": "051939627954",
              "repository_url": "051939627954.dkr.ecr.eu-west-2.amazonaws.com/platform/images/redis",
              "tags": null,
              "tags_all": {
                "blx:created-by": "terraform",
                "blx:owner": "all",
                "blx:repository-name": "tmuk-tf-spacelift-prerequisites",
                "blx:tag-version": "1"
              },
              "timeouts": null
            },
            "sensitive_attributes": [],
            "private": "eyJlMmJmYjczMC1lY2FhLTExZTYtOGY4OC0zNDM2M2JjN2M0YzAiOnsiZGVsZXRlIjoxMjAwMDAwMDAwMDAwfX0=",
            "dependencies": [
              "module.shared_service_spacelift_prequisites.module.kms_ecr.aws_kms_key.this",
              "module.shared_service_spacelift_prequisites.module.kms_ecr.data.aws_caller_identity.current",
              "module.shared_service_spacelift_prequisites.module.kms_ecr.data.aws_iam_policy_document.combined_with_serviceprincipals_and_conditions",
              "module.shared_service_spacelift_prequisites.module.kms_ecr.data.aws_iam_policy_document.combined_with_viaservice_condition",
              "module.shared_service_spacelift_prequisites.module.kms_ecr.data.aws_iam_policy_document.general_policy"
            ]
          },
          {
            "index_key": "platform/images/reloader",
            "schema_version": 0,
            "attributes": {
              "arn": "arn:aws:ecr:eu-west-2:051939627954:repository/platform/images/reloader",
              "encryption_configuration": [
                {
                  "encryption_type": "KMS",
                  "kms_key": "arn:aws:kms:eu-west-2:051939627954:key/cf1efc8d-ca82-4513-9db5-7e02ffde1097"
                }
              ],
              "force_delete": null,
              "id": "platform/images/reloader",
              "image_scanning_configuration": [
                {
                  "scan_on_push": true
                }
              ],
              "image_tag_mutability": "IMMUTABLE",
              "name": "platform/images/reloader",
              "registry_id": "051939627954",
              "repository_url": "051939627954.dkr.ecr.eu-west-2.amazonaws.com/platform/images/reloader",
              "tags": null,
              "tags_all": {
                "blx:created-by": "terraform",
                "blx:owner": "all",
                "blx:repository-name": "tmuk-tf-spacelift-prerequisites",
                "blx:tag-version": "1"
              },
              "timeouts": null
            },
            "sensitive_attributes": [],
            "private": "eyJlMmJmYjczMC1lY2FhLTExZTYtOGY4OC0zNDM2M2JjN2M0YzAiOnsiZGVsZXRlIjoxMjAwMDAwMDAwMDAwfX0=",
            "dependencies": [
              "module.shared_service_spacelift_prequisites.module.kms_ecr.aws_kms_key.this",
              "module.shared_service_spacelift_prequisites.module.kms_ecr.data.aws_caller_identity.current",
              "module.shared_service_spacelift_prequisites.module.kms_ecr.data.aws_iam_policy_document.combined_with_serviceprincipals_and_conditions",
              "module.shared_service_spacelift_prequisites.module.kms_ecr.data.aws_iam_policy_document.combined_with_viaservice_condition",
              "module.shared_service_spacelift_prequisites.module.kms_ecr.data.aws_iam_policy_document.general_policy"
            ]
          },
          {
            "index_key": "prometheus-blackbox-exporter",
            "schema_version": 0,
            "attributes": {
              "arn": "arn:aws:ecr:eu-west-2:051939627954:repository/prometheus-blackbox-exporter",
              "encryption_configuration": [
                {
                  "encryption_type": "KMS",
                  "kms_key": "arn:aws:kms:eu-west-2:051939627954:key/cf1efc8d-ca82-4513-9db5-7e02ffde1097"
                }
              ],
              "force_delete": null,
              "id": "prometheus-blackbox-exporter",
              "image_scanning_configuration": [
                {
                  "scan_on_push": true
                }
              ],
              "image_tag_mutability": "IMMUTABLE",
              "name": "prometheus-blackbox-exporter",
              "registry_id": "051939627954",
              "repository_url": "051939627954.dkr.ecr.eu-west-2.amazonaws.com/prometheus-blackbox-exporter",
              "tags": null,
              "tags_all": {
                "blx:created-by": "terraform",
                "blx:owner": "all",
                "blx:repository-name": "tmuk-tf-spacelift-prerequisites",
                "blx:tag-version": "1"
              },
              "timeouts": null
            },
            "sensitive_attributes": [],
            "private": "eyJlMmJmYjczMC1lY2FhLTExZTYtOGY4OC0zNDM2M2JjN2M0YzAiOnsiZGVsZXRlIjoxMjAwMDAwMDAwMDAwfX0=",
            "dependencies": [
              "module.shared_service_spacelift_prequisites.module.kms_ecr.aws_kms_key.this",
              "module.shared_service_spacelift_prequisites.module.kms_ecr.data.aws_caller_identity.current",
              "module.shared_service_spacelift_prequisites.module.kms_ecr.data.aws_iam_policy_document.combined_with_serviceprincipals_and_conditions",
              "module.shared_service_spacelift_prequisites.module.kms_ecr.data.aws_iam_policy_document.combined_with_viaservice_condition",
              "module.shared_service_spacelift_prequisites.module.kms_ecr.data.aws_iam_policy_document.general_policy"
            ]
          },
          {
            "index_key": "reloader",
            "schema_version": 0,
            "attributes": {
              "arn": "arn:aws:ecr:eu-west-2:051939627954:repository/reloader",
              "encryption_configuration": [
                {
                  "encryption_type": "KMS",
                  "kms_key": "arn:aws:kms:eu-west-2:051939627954:key/cf1efc8d-ca82-4513-9db5-7e02ffde1097"
                }
              ],
              "force_delete": null,
              "id": "reloader",
              "image_scanning_configuration": [
                {
                  "scan_on_push": true
                }
              ],
              "image_tag_mutability": "IMMUTABLE",
              "name": "reloader",
              "registry_id": "051939627954",
              "repository_url": "051939627954.dkr.ecr.eu-west-2.amazonaws.com/reloader",
              "tags": null,
              "tags_all": {
                "blx:created-by": "terraform",
                "blx:owner": "all",
                "blx:repository-name": "tmuk-tf-spacelift-prerequisites",
                "blx:tag-version": "1"
              },
              "timeouts": null
            },
            "sensitive_attributes": [],
            "private": "eyJlMmJmYjczMC1lY2FhLTExZTYtOGY4OC0zNDM2M2JjN2M0YzAiOnsiZGVsZXRlIjoxMjAwMDAwMDAwMDAwfX0=",
            "dependencies": [
              "module.shared_service_spacelift_prequisites.module.kms_ecr.aws_kms_key.this",
              "module.shared_service_spacelift_prequisites.module.kms_ecr.data.aws_caller_identity.current",
              "module.shared_service_spacelift_prequisites.module.kms_ecr.data.aws_iam_policy_document.combined_with_serviceprincipals_and_conditions",
              "module.shared_service_spacelift_prequisites.module.kms_ecr.data.aws_iam_policy_document.combined_with_viaservice_condition",
              "module.shared_service_spacelift_prequisites.module.kms_ecr.data.aws_iam_policy_document.general_policy"
            ]
          },
          {
            "index_key": "system-customizations",
            "schema_version": 0,
            "attributes": {
              "arn": "arn:aws:ecr:eu-west-2:051939627954:repository/system-customizations",
              "encryption_configuration": [
                {
                  "encryption_type": "KMS",
                  "kms_key": "arn:aws:kms:eu-west-2:051939627954:key/cf1efc8d-ca82-4513-9db5-7e02ffde1097"
                }
              ],
              "force_delete": null,
              "id": "system-customizations",
              "image_scanning_configuration": [
                {
                  "scan_on_push": true
                }
              ],
              "image_tag_mutability": "IMMUTABLE",
              "name": "system-customizations",
              "registry_id": "051939627954",
              "repository_url": "051939627954.dkr.ecr.eu-west-2.amazonaws.com/system-customizations",
              "tags": null,
              "tags_all": {
                "blx:created-by": "terraform",
                "blx:owner": "all",
                "blx:repository-name": "tmuk-tf-spacelift-prerequisites",
                "blx:tag-version": "1"
              },
              "timeouts": null
            },
            "sensitive_attributes": [],
            "private": "eyJlMmJmYjczMC1lY2FhLTExZTYtOGY4OC0zNDM2M2JjN2M0YzAiOnsiZGVsZXRlIjoxMjAwMDAwMDAwMDAwfX0=",
            "dependencies": [
              "module.shared_service_spacelift_prequisites.module.kms_ecr.aws_kms_key.this",
              "module.shared_service_spacelift_prequisites.module.kms_ecr.data.aws_caller_identity.current",
              "module.shared_service_spacelift_prequisites.module.kms_ecr.data.aws_iam_policy_document.combined_with_serviceprincipals_and_conditions",
              "module.shared_service_spacelift_prequisites.module.kms_ecr.data.aws_iam_policy_document.combined_with_viaservice_condition",
              "module.shared_service_spacelift_prequisites.module.kms_ecr.data.aws_iam_policy_document.general_policy"
            ]
          }
        ]
      },
      {
        "module": "module.shared_service_spacelift_prequisites.module.platform_ecr",
        "mode": "managed",
        "type": "aws_ecr_repository_policy",
        "name": "pullpush",
        "provider": "provider[\"registry.terraform.io/hashicorp/aws\"]",
        "instances": [
          {
            "index_key": "aws-ebs-csi-driver",
            "schema_version": 0,
            "attributes": {
              "id": "aws-ebs-csi-driver",
              "policy": "{\"Statement\":[{\"Action\":[\"ecr:UploadLayerPart\",\"ecr:PutImage\",\"ecr:InitiateLayerUpload\",\"ecr:GetDownloadUrlForLayer\",\"ecr:CompleteLayerUpload\",\"ecr:BatchGetImage\",\"ecr:BatchCheckLayerAvailability\"],\"Effect\":\"Allow\",\"Principal\":{\"AWS\":\"arn:aws:iam::051939627954:role/aws-reserved/sso.amazonaws.com/AWSReservedSSO_AdministratorAccess_a6c05fba94b34a16\"},\"Sid\":\"AllowPullPush\"},{\"Action\":[\"ecr:ListTagsForResource\",\"ecr:ListImages\",\"ecr:GetRepositoryPolicy\",\"ecr:GetLifecyclePolicyPreview\",\"ecr:GetLifecyclePolicy\",\"ecr:GetDownloadUrlForLayer\",\"ecr:GetAuthorizationToken\",\"ecr:DescribeRepositories\",\"ecr:DescribeImages\",\"ecr:DescribeImageScanFindings\",\"ecr:BatchGetImage\",\"ecr:BatchCheckLayerAvailability\"],\"Effect\":\"Allow\",\"Principal\":{\"AWS\":\"arn:aws:iam::051939627954:root\"},\"Sid\":\"EcrReadOnlyDevAccess\"}],\"Version\":\"2012-10-17\"}",
              "registry_id": "051939627954",
              "repository": "aws-ebs-csi-driver"
            },
            "sensitive_attributes": [],
            "private": "bnVsbA==",
            "dependencies": [
              "module.shared_service_spacelift_prequisites.module.kms_ecr.aws_kms_key.this",
              "module.shared_service_spacelift_prequisites.module.kms_ecr.data.aws_caller_identity.current",
              "module.shared_service_spacelift_prequisites.module.kms_ecr.data.aws_iam_policy_document.combined_with_serviceprincipals_and_conditions",
              "module.shared_service_spacelift_prequisites.module.kms_ecr.data.aws_iam_policy_document.combined_with_viaservice_condition",
              "module.shared_service_spacelift_prequisites.module.kms_ecr.data.aws_iam_policy_document.general_policy",
              "module.shared_service_spacelift_prequisites.module.platform_ecr.aws_ecr_repository.this",
              "module.shared_service_spacelift_prequisites.module.platform_ecr.data.aws_iam_policy_document.pullpush_policy"
            ]
          },
          {
            "index_key": "aws-load-balancer-controller",
            "schema_version": 0,
            "attributes": {
              "id": "aws-load-balancer-controller",
              "policy": "{\"Statement\":[{\"Action\":[\"ecr:UploadLayerPart\",\"ecr:PutImage\",\"ecr:InitiateLayerUpload\",\"ecr:GetDownloadUrlForLayer\",\"ecr:CompleteLayerUpload\",\"ecr:BatchGetImage\",\"ecr:BatchCheckLayerAvailability\"],\"Effect\":\"Allow\",\"Principal\":{\"AWS\":\"arn:aws:iam::051939627954:role/aws-reserved/sso.amazonaws.com/AWSReservedSSO_AdministratorAccess_a6c05fba94b34a16\"},\"Sid\":\"AllowPullPush\"},{\"Action\":[\"ecr:ListTagsForResource\",\"ecr:ListImages\",\"ecr:GetRepositoryPolicy\",\"ecr:GetLifecyclePolicyPreview\",\"ecr:GetLifecyclePolicy\",\"ecr:GetDownloadUrlForLayer\",\"ecr:GetAuthorizationToken\",\"ecr:DescribeRepositories\",\"ecr:DescribeImages\",\"ecr:DescribeImageScanFindings\",\"ecr:BatchGetImage\",\"ecr:BatchCheckLayerAvailability\"],\"Effect\":\"Allow\",\"Principal\":{\"AWS\":\"arn:aws:iam::051939627954:root\"},\"Sid\":\"EcrReadOnlyDevAccess\"}],\"Version\":\"2012-10-17\"}",
              "registry_id": "051939627954",
              "repository": "aws-load-balancer-controller"
            },
            "sensitive_attributes": [],
            "private": "bnVsbA==",
            "dependencies": [
              "module.shared_service_spacelift_prequisites.module.kms_ecr.aws_kms_key.this",
              "module.shared_service_spacelift_prequisites.module.kms_ecr.data.aws_caller_identity.current",
              "module.shared_service_spacelift_prequisites.module.kms_ecr.data.aws_iam_policy_document.combined_with_serviceprincipals_and_conditions",
              "module.shared_service_spacelift_prequisites.module.kms_ecr.data.aws_iam_policy_document.combined_with_viaservice_condition",
              "module.shared_service_spacelift_prequisites.module.kms_ecr.data.aws_iam_policy_document.general_policy",
              "module.shared_service_spacelift_prequisites.module.platform_ecr.aws_ecr_repository.this",
              "module.shared_service_spacelift_prequisites.module.platform_ecr.data.aws_iam_policy_document.pullpush_policy"
            ]
          },
          {
            "index_key": "cert-manager",
            "schema_version": 0,
            "attributes": {
              "id": "cert-manager",
              "policy": "{\"Statement\":[{\"Action\":[\"ecr:UploadLayerPart\",\"ecr:PutImage\",\"ecr:InitiateLayerUpload\",\"ecr:GetDownloadUrlForLayer\",\"ecr:CompleteLayerUpload\",\"ecr:BatchGetImage\",\"ecr:BatchCheckLayerAvailability\"],\"Effect\":\"Allow\",\"Principal\":{\"AWS\":\"arn:aws:iam::051939627954:role/aws-reserved/sso.amazonaws.com/AWSReservedSSO_AdministratorAccess_a6c05fba94b34a16\"},\"Sid\":\"AllowPullPush\"},{\"Action\":[\"ecr:ListTagsForResource\",\"ecr:ListImages\",\"ecr:GetRepositoryPolicy\",\"ecr:GetLifecyclePolicyPreview\",\"ecr:GetLifecyclePolicy\",\"ecr:GetDownloadUrlForLayer\",\"ecr:GetAuthorizationToken\",\"ecr:DescribeRepositories\",\"ecr:DescribeImages\",\"ecr:DescribeImageScanFindings\",\"ecr:BatchGetImage\",\"ecr:BatchCheckLayerAvailability\"],\"Effect\":\"Allow\",\"Principal\":{\"AWS\":\"arn:aws:iam::051939627954:root\"},\"Sid\":\"EcrReadOnlyDevAccess\"}],\"Version\":\"2012-10-17\"}",
              "registry_id": "051939627954",
              "repository": "cert-manager"
            },
            "sensitive_attributes": [],
            "private": "bnVsbA==",
            "dependencies": [
              "module.shared_service_spacelift_prequisites.module.kms_ecr.aws_kms_key.this",
              "module.shared_service_spacelift_prequisites.module.kms_ecr.data.aws_caller_identity.current",
              "module.shared_service_spacelift_prequisites.module.kms_ecr.data.aws_iam_policy_document.combined_with_serviceprincipals_and_conditions",
              "module.shared_service_spacelift_prequisites.module.kms_ecr.data.aws_iam_policy_document.combined_with_viaservice_condition",
              "module.shared_service_spacelift_prequisites.module.kms_ecr.data.aws_iam_policy_document.general_policy",
              "module.shared_service_spacelift_prequisites.module.platform_ecr.aws_ecr_repository.this",
              "module.shared_service_spacelift_prequisites.module.platform_ecr.data.aws_iam_policy_document.pullpush_policy"
            ]
          },
          {
            "index_key": "cloudwatch-container-insights",
            "schema_version": 0,
            "attributes": {
              "id": "cloudwatch-container-insights",
              "policy": "{\"Statement\":[{\"Action\":[\"ecr:UploadLayerPart\",\"ecr:PutImage\",\"ecr:InitiateLayerUpload\",\"ecr:GetDownloadUrlForLayer\",\"ecr:CompleteLayerUpload\",\"ecr:BatchGetImage\",\"ecr:BatchCheckLayerAvailability\"],\"Effect\":\"Allow\",\"Principal\":{\"AWS\":\"arn:aws:iam::051939627954:role/aws-reserved/sso.amazonaws.com/AWSReservedSSO_AdministratorAccess_a6c05fba94b34a16\"},\"Sid\":\"AllowPullPush\"},{\"Action\":[\"ecr:ListTagsForResource\",\"ecr:ListImages\",\"ecr:GetRepositoryPolicy\",\"ecr:GetLifecyclePolicyPreview\",\"ecr:GetLifecyclePolicy\",\"ecr:GetDownloadUrlForLayer\",\"ecr:GetAuthorizationToken\",\"ecr:DescribeRepositories\",\"ecr:DescribeImages\",\"ecr:DescribeImageScanFindings\",\"ecr:BatchGetImage\",\"ecr:BatchCheckLayerAvailability\"],\"Effect\":\"Allow\",\"Principal\":{\"AWS\":\"arn:aws:iam::051939627954:root\"},\"Sid\":\"EcrReadOnlyDevAccess\"}],\"Version\":\"2012-10-17\"}",
              "registry_id": "051939627954",
              "repository": "cloudwatch-container-insights"
            },
            "sensitive_attributes": [],
            "private": "bnVsbA==",
            "dependencies": [
              "module.shared_service_spacelift_prequisites.module.kms_ecr.aws_kms_key.this",
              "module.shared_service_spacelift_prequisites.module.kms_ecr.data.aws_caller_identity.current",
              "module.shared_service_spacelift_prequisites.module.kms_ecr.data.aws_iam_policy_document.combined_with_serviceprincipals_and_conditions",
              "module.shared_service_spacelift_prequisites.module.kms_ecr.data.aws_iam_policy_document.combined_with_viaservice_condition",
              "module.shared_service_spacelift_prequisites.module.kms_ecr.data.aws_iam_policy_document.general_policy",
              "module.shared_service_spacelift_prequisites.module.platform_ecr.aws_ecr_repository.this",
              "module.shared_service_spacelift_prequisites.module.platform_ecr.data.aws_iam_policy_document.pullpush_policy"
            ]
          },
          {
            "index_key": "cluster-autoscaler",
            "schema_version": 0,
            "attributes": {
              "id": "cluster-autoscaler",
              "policy": "{\"Statement\":[{\"Action\":[\"ecr:UploadLayerPart\",\"ecr:PutImage\",\"ecr:InitiateLayerUpload\",\"ecr:GetDownloadUrlForLayer\",\"ecr:CompleteLayerUpload\",\"ecr:BatchGetImage\",\"ecr:BatchCheckLayerAvailability\"],\"Effect\":\"Allow\",\"Principal\":{\"AWS\":\"arn:aws:iam::051939627954:role/aws-reserved/sso.amazonaws.com/AWSReservedSSO_AdministratorAccess_a6c05fba94b34a16\"},\"Sid\":\"AllowPullPush\"},{\"Action\":[\"ecr:ListTagsForResource\",\"ecr:ListImages\",\"ecr:GetRepositoryPolicy\",\"ecr:GetLifecyclePolicyPreview\",\"ecr:GetLifecyclePolicy\",\"ecr:GetDownloadUrlForLayer\",\"ecr:GetAuthorizationToken\",\"ecr:DescribeRepositories\",\"ecr:DescribeImages\",\"ecr:DescribeImageScanFindings\",\"ecr:BatchGetImage\",\"ecr:BatchCheckLayerAvailability\"],\"Effect\":\"Allow\",\"Principal\":{\"AWS\":\"arn:aws:iam::051939627954:root\"},\"Sid\":\"EcrReadOnlyDevAccess\"}],\"Version\":\"2012-10-17\"}",
              "registry_id": "051939627954",
              "repository": "cluster-autoscaler"
            },
            "sensitive_attributes": [],
            "private": "bnVsbA==",
            "dependencies": [
              "module.shared_service_spacelift_prequisites.module.kms_ecr.aws_kms_key.this",
              "module.shared_service_spacelift_prequisites.module.kms_ecr.data.aws_caller_identity.current",
              "module.shared_service_spacelift_prequisites.module.kms_ecr.data.aws_iam_policy_document.combined_with_serviceprincipals_and_conditions",
              "module.shared_service_spacelift_prequisites.module.kms_ecr.data.aws_iam_policy_document.combined_with_viaservice_condition",
              "module.shared_service_spacelift_prequisites.module.kms_ecr.data.aws_iam_policy_document.general_policy",
              "module.shared_service_spacelift_prequisites.module.platform_ecr.aws_ecr_repository.this",
              "module.shared_service_spacelift_prequisites.module.platform_ecr.data.aws_iam_policy_document.pullpush_policy"
            ]
          },
          {
            "index_key": "external-dns",
            "schema_version": 0,
            "attributes": {
              "id": "external-dns",
              "policy": "{\"Statement\":[{\"Action\":[\"ecr:UploadLayerPart\",\"ecr:PutImage\",\"ecr:InitiateLayerUpload\",\"ecr:GetDownloadUrlForLayer\",\"ecr:CompleteLayerUpload\",\"ecr:BatchGetImage\",\"ecr:BatchCheckLayerAvailability\"],\"Effect\":\"Allow\",\"Principal\":{\"AWS\":\"arn:aws:iam::051939627954:role/aws-reserved/sso.amazonaws.com/AWSReservedSSO_AdministratorAccess_a6c05fba94b34a16\"},\"Sid\":\"AllowPullPush\"},{\"Action\":[\"ecr:ListTagsForResource\",\"ecr:ListImages\",\"ecr:GetRepositoryPolicy\",\"ecr:GetLifecyclePolicyPreview\",\"ecr:GetLifecyclePolicy\",\"ecr:GetDownloadUrlForLayer\",\"ecr:GetAuthorizationToken\",\"ecr:DescribeRepositories\",\"ecr:DescribeImages\",\"ecr:DescribeImageScanFindings\",\"ecr:BatchGetImage\",\"ecr:BatchCheckLayerAvailability\"],\"Effect\":\"Allow\",\"Principal\":{\"AWS\":\"arn:aws:iam::051939627954:root\"},\"Sid\":\"EcrReadOnlyDevAccess\"}],\"Version\":\"2012-10-17\"}",
              "registry_id": "051939627954",
              "repository": "external-dns"
            },
            "sensitive_attributes": [],
            "private": "bnVsbA==",
            "dependencies": [
              "module.shared_service_spacelift_prequisites.module.kms_ecr.aws_kms_key.this",
              "module.shared_service_spacelift_prequisites.module.kms_ecr.data.aws_caller_identity.current",
              "module.shared_service_spacelift_prequisites.module.kms_ecr.data.aws_iam_policy_document.combined_with_serviceprincipals_and_conditions",
              "module.shared_service_spacelift_prequisites.module.kms_ecr.data.aws_iam_policy_document.combined_with_viaservice_condition",
              "module.shared_service_spacelift_prequisites.module.kms_ecr.data.aws_iam_policy_document.general_policy",
              "module.shared_service_spacelift_prequisites.module.platform_ecr.aws_ecr_repository.this",
              "module.shared_service_spacelift_prequisites.module.platform_ecr.data.aws_iam_policy_document.pullpush_policy"
            ]
          },
          {
            "index_key": "metrics-server",
            "schema_version": 0,
            "attributes": {
              "id": "metrics-server",
              "policy": "{\"Statement\":[{\"Action\":[\"ecr:UploadLayerPart\",\"ecr:PutImage\",\"ecr:InitiateLayerUpload\",\"ecr:GetDownloadUrlForLayer\",\"ecr:CompleteLayerUpload\",\"ecr:BatchGetImage\",\"ecr:BatchCheckLayerAvailability\"],\"Effect\":\"Allow\",\"Principal\":{\"AWS\":\"arn:aws:iam::051939627954:role/aws-reserved/sso.amazonaws.com/AWSReservedSSO_AdministratorAccess_a6c05fba94b34a16\"},\"Sid\":\"AllowPullPush\"},{\"Action\":[\"ecr:ListTagsForResource\",\"ecr:ListImages\",\"ecr:GetRepositoryPolicy\",\"ecr:GetLifecyclePolicyPreview\",\"ecr:GetLifecyclePolicy\",\"ecr:GetDownloadUrlForLayer\",\"ecr:GetAuthorizationToken\",\"ecr:DescribeRepositories\",\"ecr:DescribeImages\",\"ecr:DescribeImageScanFindings\",\"ecr:BatchGetImage\",\"ecr:BatchCheckLayerAvailability\"],\"Effect\":\"Allow\",\"Principal\":{\"AWS\":\"arn:aws:iam::051939627954:root\"},\"Sid\":\"EcrReadOnlyDevAccess\"}],\"Version\":\"2012-10-17\"}",
              "registry_id": "051939627954",
              "repository": "metrics-server"
            },
            "sensitive_attributes": [],
            "private": "bnVsbA==",
            "dependencies": [
              "module.shared_service_spacelift_prequisites.module.kms_ecr.aws_kms_key.this",
              "module.shared_service_spacelift_prequisites.module.kms_ecr.data.aws_caller_identity.current",
              "module.shared_service_spacelift_prequisites.module.kms_ecr.data.aws_iam_policy_document.combined_with_serviceprincipals_and_conditions",
              "module.shared_service_spacelift_prequisites.module.kms_ecr.data.aws_iam_policy_document.combined_with_viaservice_condition",
              "module.shared_service_spacelift_prequisites.module.kms_ecr.data.aws_iam_policy_document.general_policy",
              "module.shared_service_spacelift_prequisites.module.platform_ecr.aws_ecr_repository.this",
              "module.shared_service_spacelift_prequisites.module.platform_ecr.data.aws_iam_policy_document.pullpush_policy"
            ]
          },
          {
            "index_key": "platform/helm-charts/argo-cd",
            "schema_version": 0,
            "attributes": {
              "id": "platform/helm-charts/argo-cd",
              "policy": "{\"Statement\":[{\"Action\":[\"ecr:UploadLayerPart\",\"ecr:PutImage\",\"ecr:InitiateLayerUpload\",\"ecr:GetDownloadUrlForLayer\",\"ecr:CompleteLayerUpload\",\"ecr:BatchGetImage\",\"ecr:BatchCheckLayerAvailability\"],\"Effect\":\"Allow\",\"Principal\":{\"AWS\":\"arn:aws:iam::051939627954:role/aws-reserved/sso.amazonaws.com/AWSReservedSSO_AdministratorAccess_a6c05fba94b34a16\"},\"Sid\":\"AllowPullPush\"},{\"Action\":[\"ecr:ListTagsForResource\",\"ecr:ListImages\",\"ecr:GetRepositoryPolicy\",\"ecr:GetLifecyclePolicyPreview\",\"ecr:GetLifecyclePolicy\",\"ecr:GetDownloadUrlForLayer\",\"ecr:GetAuthorizationToken\",\"ecr:DescribeRepositories\",\"ecr:DescribeImages\",\"ecr:DescribeImageScanFindings\",\"ecr:BatchGetImage\",\"ecr:BatchCheckLayerAvailability\"],\"Effect\":\"Allow\",\"Principal\":{\"AWS\":\"arn:aws:iam::051939627954:root\"},\"Sid\":\"EcrReadOnlyDevAccess\"}],\"Version\":\"2012-10-17\"}",
              "registry_id": "051939627954",
              "repository": "platform/helm-charts/argo-cd"
            },
            "sensitive_attributes": [],
            "private": "bnVsbA==",
            "dependencies": [
              "module.shared_service_spacelift_prequisites.module.kms_ecr.aws_kms_key.this",
              "module.shared_service_spacelift_prequisites.module.kms_ecr.data.aws_caller_identity.current",
              "module.shared_service_spacelift_prequisites.module.kms_ecr.data.aws_iam_policy_document.combined_with_serviceprincipals_and_conditions",
              "module.shared_service_spacelift_prequisites.module.kms_ecr.data.aws_iam_policy_document.combined_with_viaservice_condition",
              "module.shared_service_spacelift_prequisites.module.kms_ecr.data.aws_iam_policy_document.general_policy",
              "module.shared_service_spacelift_prequisites.module.platform_ecr.aws_ecr_repository.this",
              "module.shared_service_spacelift_prequisites.module.platform_ecr.data.aws_iam_policy_document.pullpush_policy"
            ]
          },
          {
            "index_key": "platform/helm-charts/external-secrets",
            "schema_version": 0,
            "attributes": {
              "id": "platform/helm-charts/external-secrets",
              "policy": "{\"Statement\":[{\"Action\":[\"ecr:UploadLayerPart\",\"ecr:PutImage\",\"ecr:InitiateLayerUpload\",\"ecr:GetDownloadUrlForLayer\",\"ecr:CompleteLayerUpload\",\"ecr:BatchGetImage\",\"ecr:BatchCheckLayerAvailability\"],\"Effect\":\"Allow\",\"Principal\":{\"AWS\":\"arn:aws:iam::051939627954:role/aws-reserved/sso.amazonaws.com/AWSReservedSSO_AdministratorAccess_a6c05fba94b34a16\"},\"Sid\":\"AllowPullPush\"},{\"Action\":[\"ecr:ListTagsForResource\",\"ecr:ListImages\",\"ecr:GetRepositoryPolicy\",\"ecr:GetLifecyclePolicyPreview\",\"ecr:GetLifecyclePolicy\",\"ecr:GetDownloadUrlForLayer\",\"ecr:GetAuthorizationToken\",\"ecr:DescribeRepositories\",\"ecr:DescribeImages\",\"ecr:DescribeImageScanFindings\",\"ecr:BatchGetImage\",\"ecr:BatchCheckLayerAvailability\"],\"Effect\":\"Allow\",\"Principal\":{\"AWS\":\"arn:aws:iam::051939627954:root\"},\"Sid\":\"EcrReadOnlyDevAccess\"}],\"Version\":\"2012-10-17\"}",
              "registry_id": "051939627954",
              "repository": "platform/helm-charts/external-secrets"
            },
            "sensitive_attributes": [],
            "private": "bnVsbA==",
            "dependencies": [
              "module.shared_service_spacelift_prequisites.module.kms_ecr.aws_kms_key.this",
              "module.shared_service_spacelift_prequisites.module.kms_ecr.data.aws_caller_identity.current",
              "module.shared_service_spacelift_prequisites.module.kms_ecr.data.aws_iam_policy_document.combined_with_serviceprincipals_and_conditions",
              "module.shared_service_spacelift_prequisites.module.kms_ecr.data.aws_iam_policy_document.combined_with_viaservice_condition",
              "module.shared_service_spacelift_prequisites.module.kms_ecr.data.aws_iam_policy_document.general_policy",
              "module.shared_service_spacelift_prequisites.module.platform_ecr.aws_ecr_repository.this",
              "module.shared_service_spacelift_prequisites.module.platform_ecr.data.aws_iam_policy_document.pullpush_policy"
            ]
          },
          {
            "index_key": "platform/images/actions-runner-controller",
            "schema_version": 0,
            "attributes": {
              "id": "platform/images/actions-runner-controller",
              "policy": "{\"Statement\":[{\"Action\":[\"ecr:UploadLayerPart\",\"ecr:PutImage\",\"ecr:InitiateLayerUpload\",\"ecr:GetDownloadUrlForLayer\",\"ecr:CompleteLayerUpload\",\"ecr:BatchGetImage\",\"ecr:BatchCheckLayerAvailability\"],\"Effect\":\"Allow\",\"Principal\":{\"AWS\":\"arn:aws:iam::051939627954:role/aws-reserved/sso.amazonaws.com/AWSReservedSSO_AdministratorAccess_a6c05fba94b34a16\"},\"Sid\":\"AllowPullPush\"},{\"Action\":[\"ecr:ListTagsForResource\",\"ecr:ListImages\",\"ecr:GetRepositoryPolicy\",\"ecr:GetLifecyclePolicyPreview\",\"ecr:GetLifecyclePolicy\",\"ecr:GetDownloadUrlForLayer\",\"ecr:GetAuthorizationToken\",\"ecr:DescribeRepositories\",\"ecr:DescribeImages\",\"ecr:DescribeImageScanFindings\",\"ecr:BatchGetImage\",\"ecr:BatchCheckLayerAvailability\"],\"Effect\":\"Allow\",\"Principal\":{\"AWS\":\"arn:aws:iam::051939627954:root\"},\"Sid\":\"EcrReadOnlyDevAccess\"}],\"Version\":\"2012-10-17\"}",
              "registry_id": "051939627954",
              "repository": "platform/images/actions-runner-controller"
            },
            "sensitive_attributes": [],
            "private": "bnVsbA==",
            "dependencies": [
              "module.shared_service_spacelift_prequisites.module.kms_ecr.aws_kms_key.this",
              "module.shared_service_spacelift_prequisites.module.kms_ecr.data.aws_caller_identity.current",
              "module.shared_service_spacelift_prequisites.module.kms_ecr.data.aws_iam_policy_document.combined_with_serviceprincipals_and_conditions",
              "module.shared_service_spacelift_prequisites.module.kms_ecr.data.aws_iam_policy_document.combined_with_viaservice_condition",
              "module.shared_service_spacelift_prequisites.module.kms_ecr.data.aws_iam_policy_document.general_policy",
              "module.shared_service_spacelift_prequisites.module.platform_ecr.aws_ecr_repository.this",
              "module.shared_service_spacelift_prequisites.module.platform_ecr.data.aws_iam_policy_document.pullpush_policy"
            ]
          },
          {
            "index_key": "platform/images/argocd",
            "schema_version": 0,
            "attributes": {
              "id": "platform/images/argocd",
              "policy": "{\"Statement\":[{\"Action\":[\"ecr:UploadLayerPart\",\"ecr:PutImage\",\"ecr:InitiateLayerUpload\",\"ecr:GetDownloadUrlForLayer\",\"ecr:CompleteLayerUpload\",\"ecr:BatchGetImage\",\"ecr:BatchCheckLayerAvailability\"],\"Effect\":\"Allow\",\"Principal\":{\"AWS\":\"arn:aws:iam::051939627954:role/aws-reserved/sso.amazonaws.com/AWSReservedSSO_AdministratorAccess_a6c05fba94b34a16\"},\"Sid\":\"AllowPullPush\"},{\"Action\":[\"ecr:ListTagsForResource\",\"ecr:ListImages\",\"ecr:GetRepositoryPolicy\",\"ecr:GetLifecyclePolicyPreview\",\"ecr:GetLifecyclePolicy\",\"ecr:GetDownloadUrlForLayer\",\"ecr:GetAuthorizationToken\",\"ecr:DescribeRepositories\",\"ecr:DescribeImages\",\"ecr:DescribeImageScanFindings\",\"ecr:BatchGetImage\",\"ecr:BatchCheckLayerAvailability\"],\"Effect\":\"Allow\",\"Principal\":{\"AWS\":\"arn:aws:iam::051939627954:root\"},\"Sid\":\"EcrReadOnlyDevAccess\"}],\"Version\":\"2012-10-17\"}",
              "registry_id": "051939627954",
              "repository": "platform/images/argocd"
            },
            "sensitive_attributes": [],
            "private": "bnVsbA==",
            "dependencies": [
              "module.shared_service_spacelift_prequisites.module.kms_ecr.aws_kms_key.this",
              "module.shared_service_spacelift_prequisites.module.kms_ecr.data.aws_caller_identity.current",
              "module.shared_service_spacelift_prequisites.module.kms_ecr.data.aws_iam_policy_document.combined_with_serviceprincipals_and_conditions",
              "module.shared_service_spacelift_prequisites.module.kms_ecr.data.aws_iam_policy_document.combined_with_viaservice_condition",
              "module.shared_service_spacelift_prequisites.module.kms_ecr.data.aws_iam_policy_document.general_policy",
              "module.shared_service_spacelift_prequisites.module.platform_ecr.aws_ecr_repository.this",
              "module.shared_service_spacelift_prequisites.module.platform_ecr.data.aws_iam_policy_document.pullpush_policy"
            ]
          },
          {
            "index_key": "platform/images/aws-ebs-csi-driver",
            "schema_version": 0,
            "attributes": {
              "id": "platform/images/aws-ebs-csi-driver",
              "policy": "{\"Statement\":[{\"Action\":[\"ecr:UploadLayerPart\",\"ecr:PutImage\",\"ecr:InitiateLayerUpload\",\"ecr:GetDownloadUrlForLayer\",\"ecr:CompleteLayerUpload\",\"ecr:BatchGetImage\",\"ecr:BatchCheckLayerAvailability\"],\"Effect\":\"Allow\",\"Principal\":{\"AWS\":\"arn:aws:iam::051939627954:role/aws-reserved/sso.amazonaws.com/AWSReservedSSO_AdministratorAccess_a6c05fba94b34a16\"},\"Sid\":\"AllowPullPush\"},{\"Action\":[\"ecr:ListTagsForResource\",\"ecr:ListImages\",\"ecr:GetRepositoryPolicy\",\"ecr:GetLifecyclePolicyPreview\",\"ecr:GetLifecyclePolicy\",\"ecr:GetDownloadUrlForLayer\",\"ecr:GetAuthorizationToken\",\"ecr:DescribeRepositories\",\"ecr:DescribeImages\",\"ecr:DescribeImageScanFindings\",\"ecr:BatchGetImage\",\"ecr:BatchCheckLayerAvailability\"],\"Effect\":\"Allow\",\"Principal\":{\"AWS\":\"arn:aws:iam::051939627954:root\"},\"Sid\":\"EcrReadOnlyDevAccess\"}],\"Version\":\"2012-10-17\"}",
              "registry_id": "051939627954",
              "repository": "platform/images/aws-ebs-csi-driver"
            },
            "sensitive_attributes": [],
            "private": "bnVsbA==",
            "dependencies": [
              "module.shared_service_spacelift_prequisites.module.kms_ecr.aws_kms_key.this",
              "module.shared_service_spacelift_prequisites.module.kms_ecr.data.aws_caller_identity.current",
              "module.shared_service_spacelift_prequisites.module.kms_ecr.data.aws_iam_policy_document.combined_with_serviceprincipals_and_conditions",
              "module.shared_service_spacelift_prequisites.module.kms_ecr.data.aws_iam_policy_document.combined_with_viaservice_condition",
              "module.shared_service_spacelift_prequisites.module.kms_ecr.data.aws_iam_policy_document.general_policy",
              "module.shared_service_spacelift_prequisites.module.platform_ecr.aws_ecr_repository.this",
              "module.shared_service_spacelift_prequisites.module.platform_ecr.data.aws_iam_policy_document.pullpush_policy"
            ]
          },
          {
            "index_key": "platform/images/aws-load-balancer-controller",
            "schema_version": 0,
            "attributes": {
              "id": "platform/images/aws-load-balancer-controller",
              "policy": "{\"Statement\":[{\"Action\":[\"ecr:UploadLayerPart\",\"ecr:PutImage\",\"ecr:InitiateLayerUpload\",\"ecr:GetDownloadUrlForLayer\",\"ecr:CompleteLayerUpload\",\"ecr:BatchGetImage\",\"ecr:BatchCheckLayerAvailability\"],\"Effect\":\"Allow\",\"Principal\":{\"AWS\":\"arn:aws:iam::051939627954:role/aws-reserved/sso.amazonaws.com/AWSReservedSSO_AdministratorAccess_a6c05fba94b34a16\"},\"Sid\":\"AllowPullPush\"},{\"Action\":[\"ecr:ListTagsForResource\",\"ecr:ListImages\",\"ecr:GetRepositoryPolicy\",\"ecr:GetLifecyclePolicyPreview\",\"ecr:GetLifecyclePolicy\",\"ecr:GetDownloadUrlForLayer\",\"ecr:GetAuthorizationToken\",\"ecr:DescribeRepositories\",\"ecr:DescribeImages\",\"ecr:DescribeImageScanFindings\",\"ecr:BatchGetImage\",\"ecr:BatchCheckLayerAvailability\"],\"Effect\":\"Allow\",\"Principal\":{\"AWS\":\"arn:aws:iam::051939627954:root\"},\"Sid\":\"EcrReadOnlyDevAccess\"}],\"Version\":\"2012-10-17\"}",
              "registry_id": "051939627954",
              "repository": "platform/images/aws-load-balancer-controller"
            },
            "sensitive_attributes": [],
            "private": "bnVsbA==",
            "dependencies": [
              "module.shared_service_spacelift_prequisites.module.kms_ecr.aws_kms_key.this",
              "module.shared_service_spacelift_prequisites.module.kms_ecr.data.aws_caller_identity.current",
              "module.shared_service_spacelift_prequisites.module.kms_ecr.data.aws_iam_policy_document.combined_with_serviceprincipals_and_conditions",
              "module.shared_service_spacelift_prequisites.module.kms_ecr.data.aws_iam_policy_document.combined_with_viaservice_condition",
              "module.shared_service_spacelift_prequisites.module.kms_ecr.data.aws_iam_policy_document.general_policy",
              "module.shared_service_spacelift_prequisites.module.platform_ecr.aws_ecr_repository.this",
              "module.shared_service_spacelift_prequisites.module.platform_ecr.data.aws_iam_policy_document.pullpush_policy"
            ]
          },
          {
            "index_key": "platform/images/aws-xray-daemon",
            "schema_version": 0,
            "attributes": {
              "id": "platform/images/aws-xray-daemon",
              "policy": "{\"Statement\":[{\"Action\":[\"ecr:UploadLayerPart\",\"ecr:PutImage\",\"ecr:InitiateLayerUpload\",\"ecr:GetDownloadUrlForLayer\",\"ecr:CompleteLayerUpload\",\"ecr:BatchGetImage\",\"ecr:BatchCheckLayerAvailability\"],\"Effect\":\"Allow\",\"Principal\":{\"AWS\":\"arn:aws:iam::051939627954:role/aws-reserved/sso.amazonaws.com/AWSReservedSSO_AdministratorAccess_a6c05fba94b34a16\"},\"Sid\":\"AllowPullPush\"},{\"Action\":[\"ecr:ListTagsForResource\",\"ecr:ListImages\",\"ecr:GetRepositoryPolicy\",\"ecr:GetLifecyclePolicyPreview\",\"ecr:GetLifecyclePolicy\",\"ecr:GetDownloadUrlForLayer\",\"ecr:GetAuthorizationToken\",\"ecr:DescribeRepositories\",\"ecr:DescribeImages\",\"ecr:DescribeImageScanFindings\",\"ecr:BatchGetImage\",\"ecr:BatchCheckLayerAvailability\"],\"Effect\":\"Allow\",\"Principal\":{\"AWS\":\"arn:aws:iam::051939627954:root\"},\"Sid\":\"EcrReadOnlyDevAccess\"}],\"Version\":\"2012-10-17\"}",
              "registry_id": "051939627954",
              "repository": "platform/images/aws-xray-daemon"
            },
            "sensitive_attributes": [],
            "private": "bnVsbA==",
            "dependencies": [
              "module.shared_service_spacelift_prequisites.module.kms_ecr.aws_kms_key.this",
              "module.shared_service_spacelift_prequisites.module.kms_ecr.data.aws_caller_identity.current",
              "module.shared_service_spacelift_prequisites.module.kms_ecr.data.aws_iam_policy_document.combined_with_serviceprincipals_and_conditions",
              "module.shared_service_spacelift_prequisites.module.kms_ecr.data.aws_iam_policy_document.combined_with_viaservice_condition",
              "module.shared_service_spacelift_prequisites.module.kms_ecr.data.aws_iam_policy_document.general_policy",
              "module.shared_service_spacelift_prequisites.module.platform_ecr.aws_ecr_repository.this",
              "module.shared_service_spacelift_prequisites.module.platform_ecr.data.aws_iam_policy_document.pullpush_policy"
            ]
          },
          {
            "index_key": "platform/images/blackbox-exporter",
            "schema_version": 0,
            "attributes": {
              "id": "platform/images/blackbox-exporter",
              "policy": "{\"Statement\":[{\"Action\":[\"ecr:UploadLayerPart\",\"ecr:PutImage\",\"ecr:InitiateLayerUpload\",\"ecr:GetDownloadUrlForLayer\",\"ecr:CompleteLayerUpload\",\"ecr:BatchGetImage\",\"ecr:BatchCheckLayerAvailability\"],\"Effect\":\"Allow\",\"Principal\":{\"AWS\":\"arn:aws:iam::051939627954:role/aws-reserved/sso.amazonaws.com/AWSReservedSSO_AdministratorAccess_a6c05fba94b34a16\"},\"Sid\":\"AllowPullPush\"},{\"Action\":[\"ecr:ListTagsForResource\",\"ecr:ListImages\",\"ecr:GetRepositoryPolicy\",\"ecr:GetLifecyclePolicyPreview\",\"ecr:GetLifecyclePolicy\",\"ecr:GetDownloadUrlForLayer\",\"ecr:GetAuthorizationToken\",\"ecr:DescribeRepositories\",\"ecr:DescribeImages\",\"ecr:DescribeImageScanFindings\",\"ecr:BatchGetImage\",\"ecr:BatchCheckLayerAvailability\"],\"Effect\":\"Allow\",\"Principal\":{\"AWS\":\"arn:aws:iam::051939627954:root\"},\"Sid\":\"EcrReadOnlyDevAccess\"}],\"Version\":\"2012-10-17\"}",
              "registry_id": "051939627954",
              "repository": "platform/images/blackbox-exporter"
            },
            "sensitive_attributes": [],
            "private": "bnVsbA==",
            "dependencies": [
              "module.shared_service_spacelift_prequisites.module.kms_ecr.aws_kms_key.this",
              "module.shared_service_spacelift_prequisites.module.kms_ecr.data.aws_caller_identity.current",
              "module.shared_service_spacelift_prequisites.module.kms_ecr.data.aws_iam_policy_document.combined_with_serviceprincipals_and_conditions",
              "module.shared_service_spacelift_prequisites.module.kms_ecr.data.aws_iam_policy_document.combined_with_viaservice_condition",
              "module.shared_service_spacelift_prequisites.module.kms_ecr.data.aws_iam_policy_document.general_policy",
              "module.shared_service_spacelift_prequisites.module.platform_ecr.aws_ecr_repository.this",
              "module.shared_service_spacelift_prequisites.module.platform_ecr.data.aws_iam_policy_document.pullpush_policy"
            ]
          },
          {
            "index_key": "platform/images/cert-manager-acmesolver",
            "schema_version": 0,
            "attributes": {
              "id": "platform/images/cert-manager-acmesolver",
              "policy": "{\"Statement\":[{\"Action\":[\"ecr:UploadLayerPart\",\"ecr:PutImage\",\"ecr:InitiateLayerUpload\",\"ecr:GetDownloadUrlForLayer\",\"ecr:CompleteLayerUpload\",\"ecr:BatchGetImage\",\"ecr:BatchCheckLayerAvailability\"],\"Effect\":\"Allow\",\"Principal\":{\"AWS\":\"arn:aws:iam::051939627954:role/aws-reserved/sso.amazonaws.com/AWSReservedSSO_AdministratorAccess_a6c05fba94b34a16\"},\"Sid\":\"AllowPullPush\"},{\"Action\":[\"ecr:ListTagsForResource\",\"ecr:ListImages\",\"ecr:GetRepositoryPolicy\",\"ecr:GetLifecyclePolicyPreview\",\"ecr:GetLifecyclePolicy\",\"ecr:GetDownloadUrlForLayer\",\"ecr:GetAuthorizationToken\",\"ecr:DescribeRepositories\",\"ecr:DescribeImages\",\"ecr:DescribeImageScanFindings\",\"ecr:BatchGetImage\",\"ecr:BatchCheckLayerAvailability\"],\"Effect\":\"Allow\",\"Principal\":{\"AWS\":\"arn:aws:iam::051939627954:root\"},\"Sid\":\"EcrReadOnlyDevAccess\"}],\"Version\":\"2012-10-17\"}",
              "registry_id": "051939627954",
              "repository": "platform/images/cert-manager-acmesolver"
            },
            "sensitive_attributes": [],
            "private": "bnVsbA==",
            "dependencies": [
              "module.shared_service_spacelift_prequisites.module.kms_ecr.aws_kms_key.this",
              "module.shared_service_spacelift_prequisites.module.kms_ecr.data.aws_caller_identity.current",
              "module.shared_service_spacelift_prequisites.module.kms_ecr.data.aws_iam_policy_document.combined_with_serviceprincipals_and_conditions",
              "module.shared_service_spacelift_prequisites.module.kms_ecr.data.aws_iam_policy_document.combined_with_viaservice_condition",
              "module.shared_service_spacelift_prequisites.module.kms_ecr.data.aws_iam_policy_document.general_policy",
              "module.shared_service_spacelift_prequisites.module.platform_ecr.aws_ecr_repository.this",
              "module.shared_service_spacelift_prequisites.module.platform_ecr.data.aws_iam_policy_document.pullpush_policy"
            ]
          },
          {
            "index_key": "platform/images/cert-manager-cainjector",
            "schema_version": 0,
            "attributes": {
              "id": "platform/images/cert-manager-cainjector",
              "policy": "{\"Statement\":[{\"Action\":[\"ecr:UploadLayerPart\",\"ecr:PutImage\",\"ecr:InitiateLayerUpload\",\"ecr:GetDownloadUrlForLayer\",\"ecr:CompleteLayerUpload\",\"ecr:BatchGetImage\",\"ecr:BatchCheckLayerAvailability\"],\"Effect\":\"Allow\",\"Principal\":{\"AWS\":\"arn:aws:iam::051939627954:role/aws-reserved/sso.amazonaws.com/AWSReservedSSO_AdministratorAccess_a6c05fba94b34a16\"},\"Sid\":\"AllowPullPush\"},{\"Action\":[\"ecr:ListTagsForResource\",\"ecr:ListImages\",\"ecr:GetRepositoryPolicy\",\"ecr:GetLifecyclePolicyPreview\",\"ecr:GetLifecyclePolicy\",\"ecr:GetDownloadUrlForLayer\",\"ecr:GetAuthorizationToken\",\"ecr:DescribeRepositories\",\"ecr:DescribeImages\",\"ecr:DescribeImageScanFindings\",\"ecr:BatchGetImage\",\"ecr:BatchCheckLayerAvailability\"],\"Effect\":\"Allow\",\"Principal\":{\"AWS\":\"arn:aws:iam::051939627954:root\"},\"Sid\":\"EcrReadOnlyDevAccess\"}],\"Version\":\"2012-10-17\"}",
              "registry_id": "051939627954",
              "repository": "platform/images/cert-manager-cainjector"
            },
            "sensitive_attributes": [],
            "private": "bnVsbA==",
            "dependencies": [
              "module.shared_service_spacelift_prequisites.module.kms_ecr.aws_kms_key.this",
              "module.shared_service_spacelift_prequisites.module.kms_ecr.data.aws_caller_identity.current",
              "module.shared_service_spacelift_prequisites.module.kms_ecr.data.aws_iam_policy_document.combined_with_serviceprincipals_and_conditions",
              "module.shared_service_spacelift_prequisites.module.kms_ecr.data.aws_iam_policy_document.combined_with_viaservice_condition",
              "module.shared_service_spacelift_prequisites.module.kms_ecr.data.aws_iam_policy_document.general_policy",
              "module.shared_service_spacelift_prequisites.module.platform_ecr.aws_ecr_repository.this",
              "module.shared_service_spacelift_prequisites.module.platform_ecr.data.aws_iam_policy_document.pullpush_policy"
            ]
          },
          {
            "index_key": "platform/images/cert-manager-controller",
            "schema_version": 0,
            "attributes": {
              "id": "platform/images/cert-manager-controller",
              "policy": "{\"Statement\":[{\"Action\":[\"ecr:UploadLayerPart\",\"ecr:PutImage\",\"ecr:InitiateLayerUpload\",\"ecr:GetDownloadUrlForLayer\",\"ecr:CompleteLayerUpload\",\"ecr:BatchGetImage\",\"ecr:BatchCheckLayerAvailability\"],\"Effect\":\"Allow\",\"Principal\":{\"AWS\":\"arn:aws:iam::051939627954:role/aws-reserved/sso.amazonaws.com/AWSReservedSSO_AdministratorAccess_a6c05fba94b34a16\"},\"Sid\":\"AllowPullPush\"},{\"Action\":[\"ecr:ListTagsForResource\",\"ecr:ListImages\",\"ecr:GetRepositoryPolicy\",\"ecr:GetLifecyclePolicyPreview\",\"ecr:GetLifecyclePolicy\",\"ecr:GetDownloadUrlForLayer\",\"ecr:GetAuthorizationToken\",\"ecr:DescribeRepositories\",\"ecr:DescribeImages\",\"ecr:DescribeImageScanFindings\",\"ecr:BatchGetImage\",\"ecr:BatchCheckLayerAvailability\"],\"Effect\":\"Allow\",\"Principal\":{\"AWS\":\"arn:aws:iam::051939627954:root\"},\"Sid\":\"EcrReadOnlyDevAccess\"}],\"Version\":\"2012-10-17\"}",
              "registry_id": "051939627954",
              "repository": "platform/images/cert-manager-controller"
            },
            "sensitive_attributes": [],
            "private": "bnVsbA==",
            "dependencies": [
              "module.shared_service_spacelift_prequisites.module.kms_ecr.aws_kms_key.this",
              "module.shared_service_spacelift_prequisites.module.kms_ecr.data.aws_caller_identity.current",
              "module.shared_service_spacelift_prequisites.module.kms_ecr.data.aws_iam_policy_document.combined_with_serviceprincipals_and_conditions",
              "module.shared_service_spacelift_prequisites.module.kms_ecr.data.aws_iam_policy_document.combined_with_viaservice_condition",
              "module.shared_service_spacelift_prequisites.module.kms_ecr.data.aws_iam_policy_document.general_policy",
              "module.shared_service_spacelift_prequisites.module.platform_ecr.aws_ecr_repository.this",
              "module.shared_service_spacelift_prequisites.module.platform_ecr.data.aws_iam_policy_document.pullpush_policy"
            ]
          },
          {
            "index_key": "platform/images/cert-manager-ctl",
            "schema_version": 0,
            "attributes": {
              "id": "platform/images/cert-manager-ctl",
              "policy": "{\"Statement\":[{\"Action\":[\"ecr:UploadLayerPart\",\"ecr:PutImage\",\"ecr:InitiateLayerUpload\",\"ecr:GetDownloadUrlForLayer\",\"ecr:CompleteLayerUpload\",\"ecr:BatchGetImage\",\"ecr:BatchCheckLayerAvailability\"],\"Effect\":\"Allow\",\"Principal\":{\"AWS\":\"arn:aws:iam::051939627954:role/aws-reserved/sso.amazonaws.com/AWSReservedSSO_AdministratorAccess_a6c05fba94b34a16\"},\"Sid\":\"AllowPullPush\"},{\"Action\":[\"ecr:ListTagsForResource\",\"ecr:ListImages\",\"ecr:GetRepositoryPolicy\",\"ecr:GetLifecyclePolicyPreview\",\"ecr:GetLifecyclePolicy\",\"ecr:GetDownloadUrlForLayer\",\"ecr:GetAuthorizationToken\",\"ecr:DescribeRepositories\",\"ecr:DescribeImages\",\"ecr:DescribeImageScanFindings\",\"ecr:BatchGetImage\",\"ecr:BatchCheckLayerAvailability\"],\"Effect\":\"Allow\",\"Principal\":{\"AWS\":\"arn:aws:iam::051939627954:root\"},\"Sid\":\"EcrReadOnlyDevAccess\"}],\"Version\":\"2012-10-17\"}",
              "registry_id": "051939627954",
              "repository": "platform/images/cert-manager-ctl"
            },
            "sensitive_attributes": [],
            "private": "bnVsbA==",
            "dependencies": [
              "module.shared_service_spacelift_prequisites.module.kms_ecr.aws_kms_key.this",
              "module.shared_service_spacelift_prequisites.module.kms_ecr.data.aws_caller_identity.current",
              "module.shared_service_spacelift_prequisites.module.kms_ecr.data.aws_iam_policy_document.combined_with_serviceprincipals_and_conditions",
              "module.shared_service_spacelift_prequisites.module.kms_ecr.data.aws_iam_policy_document.combined_with_viaservice_condition",
              "module.shared_service_spacelift_prequisites.module.kms_ecr.data.aws_iam_policy_document.general_policy",
              "module.shared_service_spacelift_prequisites.module.platform_ecr.aws_ecr_repository.this",
              "module.shared_service_spacelift_prequisites.module.platform_ecr.data.aws_iam_policy_document.pullpush_policy"
            ]
          },
          {
            "index_key": "platform/images/cert-manager-webhook",
            "schema_version": 0,
            "attributes": {
              "id": "platform/images/cert-manager-webhook",
              "policy": "{\"Statement\":[{\"Action\":[\"ecr:UploadLayerPart\",\"ecr:PutImage\",\"ecr:InitiateLayerUpload\",\"ecr:GetDownloadUrlForLayer\",\"ecr:CompleteLayerUpload\",\"ecr:BatchGetImage\",\"ecr:BatchCheckLayerAvailability\"],\"Effect\":\"Allow\",\"Principal\":{\"AWS\":\"arn:aws:iam::051939627954:role/aws-reserved/sso.amazonaws.com/AWSReservedSSO_AdministratorAccess_a6c05fba94b34a16\"},\"Sid\":\"AllowPullPush\"},{\"Action\":[\"ecr:ListTagsForResource\",\"ecr:ListImages\",\"ecr:GetRepositoryPolicy\",\"ecr:GetLifecyclePolicyPreview\",\"ecr:GetLifecyclePolicy\",\"ecr:GetDownloadUrlForLayer\",\"ecr:GetAuthorizationToken\",\"ecr:DescribeRepositories\",\"ecr:DescribeImages\",\"ecr:DescribeImageScanFindings\",\"ecr:BatchGetImage\",\"ecr:BatchCheckLayerAvailability\"],\"Effect\":\"Allow\",\"Principal\":{\"AWS\":\"arn:aws:iam::051939627954:root\"},\"Sid\":\"EcrReadOnlyDevAccess\"}],\"Version\":\"2012-10-17\"}",
              "registry_id": "051939627954",
              "repository": "platform/images/cert-manager-webhook"
            },
            "sensitive_attributes": [],
            "private": "bnVsbA==",
            "dependencies": [
              "module.shared_service_spacelift_prequisites.module.kms_ecr.aws_kms_key.this",
              "module.shared_service_spacelift_prequisites.module.kms_ecr.data.aws_caller_identity.current",
              "module.shared_service_spacelift_prequisites.module.kms_ecr.data.aws_iam_policy_document.combined_with_serviceprincipals_and_conditions",
              "module.shared_service_spacelift_prequisites.module.kms_ecr.data.aws_iam_policy_document.combined_with_viaservice_condition",
              "module.shared_service_spacelift_prequisites.module.kms_ecr.data.aws_iam_policy_document.general_policy",
              "module.shared_service_spacelift_prequisites.module.platform_ecr.aws_ecr_repository.this",
              "module.shared_service_spacelift_prequisites.module.platform_ecr.data.aws_iam_policy_document.pullpush_policy"
            ]
          },
          {
            "index_key": "platform/images/cloudwatch-agent",
            "schema_version": 0,
            "attributes": {
              "id": "platform/images/cloudwatch-agent",
              "policy": "{\"Statement\":[{\"Action\":[\"ecr:UploadLayerPart\",\"ecr:PutImage\",\"ecr:InitiateLayerUpload\",\"ecr:GetDownloadUrlForLayer\",\"ecr:CompleteLayerUpload\",\"ecr:BatchGetImage\",\"ecr:BatchCheckLayerAvailability\"],\"Effect\":\"Allow\",\"Principal\":{\"AWS\":\"arn:aws:iam::051939627954:role/aws-reserved/sso.amazonaws.com/AWSReservedSSO_AdministratorAccess_a6c05fba94b34a16\"},\"Sid\":\"AllowPullPush\"},{\"Action\":[\"ecr:ListTagsForResource\",\"ecr:ListImages\",\"ecr:GetRepositoryPolicy\",\"ecr:GetLifecyclePolicyPreview\",\"ecr:GetLifecyclePolicy\",\"ecr:GetDownloadUrlForLayer\",\"ecr:GetAuthorizationToken\",\"ecr:DescribeRepositories\",\"ecr:DescribeImages\",\"ecr:DescribeImageScanFindings\",\"ecr:BatchGetImage\",\"ecr:BatchCheckLayerAvailability\"],\"Effect\":\"Allow\",\"Principal\":{\"AWS\":\"arn:aws:iam::051939627954:root\"},\"Sid\":\"EcrReadOnlyDevAccess\"}],\"Version\":\"2012-10-17\"}",
              "registry_id": "051939627954",
              "repository": "platform/images/cloudwatch-agent"
            },
            "sensitive_attributes": [],
            "private": "bnVsbA==",
            "dependencies": [
              "module.shared_service_spacelift_prequisites.module.kms_ecr.aws_kms_key.this",
              "module.shared_service_spacelift_prequisites.module.kms_ecr.data.aws_caller_identity.current",
              "module.shared_service_spacelift_prequisites.module.kms_ecr.data.aws_iam_policy_document.combined_with_serviceprincipals_and_conditions",
              "module.shared_service_spacelift_prequisites.module.kms_ecr.data.aws_iam_policy_document.combined_with_viaservice_condition",
              "module.shared_service_spacelift_prequisites.module.kms_ecr.data.aws_iam_policy_document.general_policy",
              "module.shared_service_spacelift_prequisites.module.platform_ecr.aws_ecr_repository.this",
              "module.shared_service_spacelift_prequisites.module.platform_ecr.data.aws_iam_policy_document.pullpush_policy"
            ]
          },
          {
            "index_key": "platform/images/cluster-autoscaler",
            "schema_version": 0,
            "attributes": {
              "id": "platform/images/cluster-autoscaler",
              "policy": "{\"Statement\":[{\"Action\":[\"ecr:UploadLayerPart\",\"ecr:PutImage\",\"ecr:InitiateLayerUpload\",\"ecr:GetDownloadUrlForLayer\",\"ecr:CompleteLayerUpload\",\"ecr:BatchGetImage\",\"ecr:BatchCheckLayerAvailability\"],\"Effect\":\"Allow\",\"Principal\":{\"AWS\":\"arn:aws:iam::051939627954:role/aws-reserved/sso.amazonaws.com/AWSReservedSSO_AdministratorAccess_a6c05fba94b34a16\"},\"Sid\":\"AllowPullPush\"},{\"Action\":[\"ecr:ListTagsForResource\",\"ecr:ListImages\",\"ecr:GetRepositoryPolicy\",\"ecr:GetLifecyclePolicyPreview\",\"ecr:GetLifecyclePolicy\",\"ecr:GetDownloadUrlForLayer\",\"ecr:GetAuthorizationToken\",\"ecr:DescribeRepositories\",\"ecr:DescribeImages\",\"ecr:DescribeImageScanFindings\",\"ecr:BatchGetImage\",\"ecr:BatchCheckLayerAvailability\"],\"Effect\":\"Allow\",\"Principal\":{\"AWS\":\"arn:aws:iam::051939627954:root\"},\"Sid\":\"EcrReadOnlyDevAccess\"}],\"Version\":\"2012-10-17\"}",
              "registry_id": "051939627954",
              "repository": "platform/images/cluster-autoscaler"
            },
            "sensitive_attributes": [],
            "private": "bnVsbA==",
            "dependencies": [
              "module.shared_service_spacelift_prequisites.module.kms_ecr.aws_kms_key.this",
              "module.shared_service_spacelift_prequisites.module.kms_ecr.data.aws_caller_identity.current",
              "module.shared_service_spacelift_prequisites.module.kms_ecr.data.aws_iam_policy_document.combined_with_serviceprincipals_and_conditions",
              "module.shared_service_spacelift_prequisites.module.kms_ecr.data.aws_iam_policy_document.combined_with_viaservice_condition",
              "module.shared_service_spacelift_prequisites.module.kms_ecr.data.aws_iam_policy_document.general_policy",
              "module.shared_service_spacelift_prequisites.module.platform_ecr.aws_ecr_repository.this",
              "module.shared_service_spacelift_prequisites.module.platform_ecr.data.aws_iam_policy_document.pullpush_policy"
            ]
          },
          {
            "index_key": "platform/images/docker-in-docker",
            "schema_version": 0,
            "attributes": {
              "id": "platform/images/docker-in-docker",
              "policy": "{\"Statement\":[{\"Action\":[\"ecr:UploadLayerPart\",\"ecr:PutImage\",\"ecr:InitiateLayerUpload\",\"ecr:GetDownloadUrlForLayer\",\"ecr:CompleteLayerUpload\",\"ecr:BatchGetImage\",\"ecr:BatchCheckLayerAvailability\"],\"Effect\":\"Allow\",\"Principal\":{\"AWS\":\"arn:aws:iam::051939627954:role/aws-reserved/sso.amazonaws.com/AWSReservedSSO_AdministratorAccess_a6c05fba94b34a16\"},\"Sid\":\"AllowPullPush\"},{\"Action\":[\"ecr:ListTagsForResource\",\"ecr:ListImages\",\"ecr:GetRepositoryPolicy\",\"ecr:GetLifecyclePolicyPreview\",\"ecr:GetLifecyclePolicy\",\"ecr:GetDownloadUrlForLayer\",\"ecr:GetAuthorizationToken\",\"ecr:DescribeRepositories\",\"ecr:DescribeImages\",\"ecr:DescribeImageScanFindings\",\"ecr:BatchGetImage\",\"ecr:BatchCheckLayerAvailability\"],\"Effect\":\"Allow\",\"Principal\":{\"AWS\":\"arn:aws:iam::051939627954:root\"},\"Sid\":\"EcrReadOnlyDevAccess\"}],\"Version\":\"2012-10-17\"}",
              "registry_id": "051939627954",
              "repository": "platform/images/docker-in-docker"
            },
            "sensitive_attributes": [],
            "private": "bnVsbA==",
            "dependencies": [
              "module.shared_service_spacelift_prequisites.module.kms_ecr.aws_kms_key.this",
              "module.shared_service_spacelift_prequisites.module.kms_ecr.data.aws_caller_identity.current",
              "module.shared_service_spacelift_prequisites.module.kms_ecr.data.aws_iam_policy_document.combined_with_serviceprincipals_and_conditions",
              "module.shared_service_spacelift_prequisites.module.kms_ecr.data.aws_iam_policy_document.combined_with_viaservice_condition",
              "module.shared_service_spacelift_prequisites.module.kms_ecr.data.aws_iam_policy_document.general_policy",
              "module.shared_service_spacelift_prequisites.module.platform_ecr.aws_ecr_repository.this",
              "module.shared_service_spacelift_prequisites.module.platform_ecr.data.aws_iam_policy_document.pullpush_policy"
            ]
          },
          {
            "index_key": "platform/images/external-dns",
            "schema_version": 0,
            "attributes": {
              "id": "platform/images/external-dns",
              "policy": "{\"Statement\":[{\"Action\":[\"ecr:UploadLayerPart\",\"ecr:PutImage\",\"ecr:InitiateLayerUpload\",\"ecr:GetDownloadUrlForLayer\",\"ecr:CompleteLayerUpload\",\"ecr:BatchGetImage\",\"ecr:BatchCheckLayerAvailability\"],\"Effect\":\"Allow\",\"Principal\":{\"AWS\":\"arn:aws:iam::051939627954:role/aws-reserved/sso.amazonaws.com/AWSReservedSSO_AdministratorAccess_a6c05fba94b34a16\"},\"Sid\":\"AllowPullPush\"},{\"Action\":[\"ecr:ListTagsForResource\",\"ecr:ListImages\",\"ecr:GetRepositoryPolicy\",\"ecr:GetLifecyclePolicyPreview\",\"ecr:GetLifecyclePolicy\",\"ecr:GetDownloadUrlForLayer\",\"ecr:GetAuthorizationToken\",\"ecr:DescribeRepositories\",\"ecr:DescribeImages\",\"ecr:DescribeImageScanFindings\",\"ecr:BatchGetImage\",\"ecr:BatchCheckLayerAvailability\"],\"Effect\":\"Allow\",\"Principal\":{\"AWS\":\"arn:aws:iam::051939627954:root\"},\"Sid\":\"EcrReadOnlyDevAccess\"}],\"Version\":\"2012-10-17\"}",
              "registry_id": "051939627954",
              "repository": "platform/images/external-dns"
            },
            "sensitive_attributes": [],
            "private": "bnVsbA==",
            "dependencies": [
              "module.shared_service_spacelift_prequisites.module.kms_ecr.aws_kms_key.this",
              "module.shared_service_spacelift_prequisites.module.kms_ecr.data.aws_caller_identity.current",
              "module.shared_service_spacelift_prequisites.module.kms_ecr.data.aws_iam_policy_document.combined_with_serviceprincipals_and_conditions",
              "module.shared_service_spacelift_prequisites.module.kms_ecr.data.aws_iam_policy_document.combined_with_viaservice_condition",
              "module.shared_service_spacelift_prequisites.module.kms_ecr.data.aws_iam_policy_document.general_policy",
              "module.shared_service_spacelift_prequisites.module.platform_ecr.aws_ecr_repository.this",
              "module.shared_service_spacelift_prequisites.module.platform_ecr.data.aws_iam_policy_document.pullpush_policy"
            ]
          },
          {
            "index_key": "platform/images/external-secrets",
            "schema_version": 0,
            "attributes": {
              "id": "platform/images/external-secrets",
              "policy": "{\"Statement\":[{\"Action\":[\"ecr:UploadLayerPart\",\"ecr:PutImage\",\"ecr:InitiateLayerUpload\",\"ecr:GetDownloadUrlForLayer\",\"ecr:CompleteLayerUpload\",\"ecr:BatchGetImage\",\"ecr:BatchCheckLayerAvailability\"],\"Effect\":\"Allow\",\"Principal\":{\"AWS\":\"arn:aws:iam::051939627954:role/aws-reserved/sso.amazonaws.com/AWSReservedSSO_AdministratorAccess_a6c05fba94b34a16\"},\"Sid\":\"AllowPullPush\"},{\"Action\":[\"ecr:ListTagsForResource\",\"ecr:ListImages\",\"ecr:GetRepositoryPolicy\",\"ecr:GetLifecyclePolicyPreview\",\"ecr:GetLifecyclePolicy\",\"ecr:GetDownloadUrlForLayer\",\"ecr:GetAuthorizationToken\",\"ecr:DescribeRepositories\",\"ecr:DescribeImages\",\"ecr:DescribeImageScanFindings\",\"ecr:BatchGetImage\",\"ecr:BatchCheckLayerAvailability\"],\"Effect\":\"Allow\",\"Principal\":{\"AWS\":\"arn:aws:iam::051939627954:root\"},\"Sid\":\"EcrReadOnlyDevAccess\"}],\"Version\":\"2012-10-17\"}",
              "registry_id": "051939627954",
              "repository": "platform/images/external-secrets"
            },
            "sensitive_attributes": [],
            "private": "bnVsbA==",
            "dependencies": [
              "module.shared_service_spacelift_prequisites.module.kms_ecr.aws_kms_key.this",
              "module.shared_service_spacelift_prequisites.module.kms_ecr.data.aws_caller_identity.current",
              "module.shared_service_spacelift_prequisites.module.kms_ecr.data.aws_iam_policy_document.combined_with_serviceprincipals_and_conditions",
              "module.shared_service_spacelift_prequisites.module.kms_ecr.data.aws_iam_policy_document.combined_with_viaservice_condition",
              "module.shared_service_spacelift_prequisites.module.kms_ecr.data.aws_iam_policy_document.general_policy",
              "module.shared_service_spacelift_prequisites.module.platform_ecr.aws_ecr_repository.this",
              "module.shared_service_spacelift_prequisites.module.platform_ecr.data.aws_iam_policy_document.pullpush_policy"
            ]
          },
          {
            "index_key": "platform/images/fluent-bit",
            "schema_version": 0,
            "attributes": {
              "id": "platform/images/fluent-bit",
              "policy": "{\"Statement\":[{\"Action\":[\"ecr:UploadLayerPart\",\"ecr:PutImage\",\"ecr:InitiateLayerUpload\",\"ecr:GetDownloadUrlForLayer\",\"ecr:CompleteLayerUpload\",\"ecr:BatchGetImage\",\"ecr:BatchCheckLayerAvailability\"],\"Effect\":\"Allow\",\"Principal\":{\"AWS\":\"arn:aws:iam::051939627954:role/aws-reserved/sso.amazonaws.com/AWSReservedSSO_AdministratorAccess_a6c05fba94b34a16\"},\"Sid\":\"AllowPullPush\"},{\"Action\":[\"ecr:ListTagsForResource\",\"ecr:ListImages\",\"ecr:GetRepositoryPolicy\",\"ecr:GetLifecyclePolicyPreview\",\"ecr:GetLifecyclePolicy\",\"ecr:GetDownloadUrlForLayer\",\"ecr:GetAuthorizationToken\",\"ecr:DescribeRepositories\",\"ecr:DescribeImages\",\"ecr:DescribeImageScanFindings\",\"ecr:BatchGetImage\",\"ecr:BatchCheckLayerAvailability\"],\"Effect\":\"Allow\",\"Principal\":{\"AWS\":\"arn:aws:iam::051939627954:root\"},\"Sid\":\"EcrReadOnlyDevAccess\"}],\"Version\":\"2012-10-17\"}",
              "registry_id": "051939627954",
              "repository": "platform/images/fluent-bit"
            },
            "sensitive_attributes": [],
            "private": "bnVsbA==",
            "dependencies": [
              "module.shared_service_spacelift_prequisites.module.kms_ecr.aws_kms_key.this",
              "module.shared_service_spacelift_prequisites.module.kms_ecr.data.aws_caller_identity.current",
              "module.shared_service_spacelift_prequisites.module.kms_ecr.data.aws_iam_policy_document.combined_with_serviceprincipals_and_conditions",
              "module.shared_service_spacelift_prequisites.module.kms_ecr.data.aws_iam_policy_document.combined_with_viaservice_condition",
              "module.shared_service_spacelift_prequisites.module.kms_ecr.data.aws_iam_policy_document.general_policy",
              "module.shared_service_spacelift_prequisites.module.platform_ecr.aws_ecr_repository.this",
              "module.shared_service_spacelift_prequisites.module.platform_ecr.data.aws_iam_policy_document.pullpush_policy"
            ]
          },
          {
            "index_key": "platform/images/github-actions-runner",
            "schema_version": 0,
            "attributes": {
              "id": "platform/images/github-actions-runner",
              "policy": "{\"Statement\":[{\"Action\":[\"ecr:UploadLayerPart\",\"ecr:PutImage\",\"ecr:InitiateLayerUpload\",\"ecr:GetDownloadUrlForLayer\",\"ecr:CompleteLayerUpload\",\"ecr:BatchGetImage\",\"ecr:BatchCheckLayerAvailability\"],\"Effect\":\"Allow\",\"Principal\":{\"AWS\":\"arn:aws:iam::051939627954:role/aws-reserved/sso.amazonaws.com/AWSReservedSSO_AdministratorAccess_a6c05fba94b34a16\"},\"Sid\":\"AllowPullPush\"},{\"Action\":[\"ecr:ListTagsForResource\",\"ecr:ListImages\",\"ecr:GetRepositoryPolicy\",\"ecr:GetLifecyclePolicyPreview\",\"ecr:GetLifecyclePolicy\",\"ecr:GetDownloadUrlForLayer\",\"ecr:GetAuthorizationToken\",\"ecr:DescribeRepositories\",\"ecr:DescribeImages\",\"ecr:DescribeImageScanFindings\",\"ecr:BatchGetImage\",\"ecr:BatchCheckLayerAvailability\"],\"Effect\":\"Allow\",\"Principal\":{\"AWS\":\"arn:aws:iam::051939627954:root\"},\"Sid\":\"EcrReadOnlyDevAccess\"}],\"Version\":\"2012-10-17\"}",
              "registry_id": "051939627954",
              "repository": "platform/images/github-actions-runner"
            },
            "sensitive_attributes": [],
            "private": "bnVsbA==",
            "dependencies": [
              "module.shared_service_spacelift_prequisites.module.kms_ecr.aws_kms_key.this",
              "module.shared_service_spacelift_prequisites.module.kms_ecr.data.aws_caller_identity.current",
              "module.shared_service_spacelift_prequisites.module.kms_ecr.data.aws_iam_policy_document.combined_with_serviceprincipals_and_conditions",
              "module.shared_service_spacelift_prequisites.module.kms_ecr.data.aws_iam_policy_document.combined_with_viaservice_condition",
              "module.shared_service_spacelift_prequisites.module.kms_ecr.data.aws_iam_policy_document.general_policy",
              "module.shared_service_spacelift_prequisites.module.platform_ecr.aws_ecr_repository.this",
              "module.shared_service_spacelift_prequisites.module.platform_ecr.data.aws_iam_policy_document.pullpush_policy"
            ]
          },
          {
            "index_key": "platform/images/kube-rbac-proxy",
            "schema_version": 0,
            "attributes": {
              "id": "platform/images/kube-rbac-proxy",
              "policy": "{\"Statement\":[{\"Action\":[\"ecr:UploadLayerPart\",\"ecr:PutImage\",\"ecr:InitiateLayerUpload\",\"ecr:GetDownloadUrlForLayer\",\"ecr:CompleteLayerUpload\",\"ecr:BatchGetImage\",\"ecr:BatchCheckLayerAvailability\"],\"Effect\":\"Allow\",\"Principal\":{\"AWS\":\"arn:aws:iam::051939627954:role/aws-reserved/sso.amazonaws.com/AWSReservedSSO_AdministratorAccess_a6c05fba94b34a16\"},\"Sid\":\"AllowPullPush\"},{\"Action\":[\"ecr:ListTagsForResource\",\"ecr:ListImages\",\"ecr:GetRepositoryPolicy\",\"ecr:GetLifecyclePolicyPreview\",\"ecr:GetLifecyclePolicy\",\"ecr:GetDownloadUrlForLayer\",\"ecr:GetAuthorizationToken\",\"ecr:DescribeRepositories\",\"ecr:DescribeImages\",\"ecr:DescribeImageScanFindings\",\"ecr:BatchGetImage\",\"ecr:BatchCheckLayerAvailability\"],\"Effect\":\"Allow\",\"Principal\":{\"AWS\":\"arn:aws:iam::051939627954:root\"},\"Sid\":\"EcrReadOnlyDevAccess\"}],\"Version\":\"2012-10-17\"}",
              "registry_id": "051939627954",
              "repository": "platform/images/kube-rbac-proxy"
            },
            "sensitive_attributes": [],
            "private": "bnVsbA==",
            "dependencies": [
              "module.shared_service_spacelift_prequisites.module.kms_ecr.aws_kms_key.this",
              "module.shared_service_spacelift_prequisites.module.kms_ecr.data.aws_caller_identity.current",
              "module.shared_service_spacelift_prequisites.module.kms_ecr.data.aws_iam_policy_document.combined_with_serviceprincipals_and_conditions",
              "module.shared_service_spacelift_prequisites.module.kms_ecr.data.aws_iam_policy_document.combined_with_viaservice_condition",
              "module.shared_service_spacelift_prequisites.module.kms_ecr.data.aws_iam_policy_document.general_policy",
              "module.shared_service_spacelift_prequisites.module.platform_ecr.aws_ecr_repository.this",
              "module.shared_service_spacelift_prequisites.module.platform_ecr.data.aws_iam_policy_document.pullpush_policy"
            ]
          },
          {
            "index_key": "platform/images/kubectl",
            "schema_version": 0,
            "attributes": {
              "id": "platform/images/kubectl",
              "policy": "{\"Statement\":[{\"Action\":[\"ecr:UploadLayerPart\",\"ecr:PutImage\",\"ecr:InitiateLayerUpload\",\"ecr:GetDownloadUrlForLayer\",\"ecr:CompleteLayerUpload\",\"ecr:BatchGetImage\",\"ecr:BatchCheckLayerAvailability\"],\"Effect\":\"Allow\",\"Principal\":{\"AWS\":\"arn:aws:iam::051939627954:role/aws-reserved/sso.amazonaws.com/AWSReservedSSO_AdministratorAccess_a6c05fba94b34a16\"},\"Sid\":\"AllowPullPush\"},{\"Action\":[\"ecr:ListTagsForResource\",\"ecr:ListImages\",\"ecr:GetRepositoryPolicy\",\"ecr:GetLifecyclePolicyPreview\",\"ecr:GetLifecyclePolicy\",\"ecr:GetDownloadUrlForLayer\",\"ecr:GetAuthorizationToken\",\"ecr:DescribeRepositories\",\"ecr:DescribeImages\",\"ecr:DescribeImageScanFindings\",\"ecr:BatchGetImage\",\"ecr:BatchCheckLayerAvailability\"],\"Effect\":\"Allow\",\"Principal\":{\"AWS\":\"arn:aws:iam::051939627954:root\"},\"Sid\":\"EcrReadOnlyDevAccess\"}],\"Version\":\"2012-10-17\"}",
              "registry_id": "051939627954",
              "repository": "platform/images/kubectl"
            },
            "sensitive_attributes": [],
            "private": "bnVsbA==",
            "dependencies": [
              "module.shared_service_spacelift_prequisites.module.kms_ecr.aws_kms_key.this",
              "module.shared_service_spacelift_prequisites.module.kms_ecr.data.aws_caller_identity.current",
              "module.shared_service_spacelift_prequisites.module.kms_ecr.data.aws_iam_policy_document.combined_with_serviceprincipals_and_conditions",
              "module.shared_service_spacelift_prequisites.module.kms_ecr.data.aws_iam_policy_document.combined_with_viaservice_condition",
              "module.shared_service_spacelift_prequisites.module.kms_ecr.data.aws_iam_policy_document.general_policy",
              "module.shared_service_spacelift_prequisites.module.platform_ecr.aws_ecr_repository.this",
              "module.shared_service_spacelift_prequisites.module.platform_ecr.data.aws_iam_policy_document.pullpush_policy"
            ]
          },
          {
            "index_key": "platform/images/metrics-server",
            "schema_version": 0,
            "attributes": {
              "id": "platform/images/metrics-server",
              "policy": "{\"Statement\":[{\"Action\":[\"ecr:UploadLayerPart\",\"ecr:PutImage\",\"ecr:InitiateLayerUpload\",\"ecr:GetDownloadUrlForLayer\",\"ecr:CompleteLayerUpload\",\"ecr:BatchGetImage\",\"ecr:BatchCheckLayerAvailability\"],\"Effect\":\"Allow\",\"Principal\":{\"AWS\":\"arn:aws:iam::051939627954:role/aws-reserved/sso.amazonaws.com/AWSReservedSSO_AdministratorAccess_a6c05fba94b34a16\"},\"Sid\":\"AllowPullPush\"},{\"Action\":[\"ecr:ListTagsForResource\",\"ecr:ListImages\",\"ecr:GetRepositoryPolicy\",\"ecr:GetLifecyclePolicyPreview\",\"ecr:GetLifecyclePolicy\",\"ecr:GetDownloadUrlForLayer\",\"ecr:GetAuthorizationToken\",\"ecr:DescribeRepositories\",\"ecr:DescribeImages\",\"ecr:DescribeImageScanFindings\",\"ecr:BatchGetImage\",\"ecr:BatchCheckLayerAvailability\"],\"Effect\":\"Allow\",\"Principal\":{\"AWS\":\"arn:aws:iam::051939627954:root\"},\"Sid\":\"EcrReadOnlyDevAccess\"}],\"Version\":\"2012-10-17\"}",
              "registry_id": "051939627954",
              "repository": "platform/images/metrics-server"
            },
            "sensitive_attributes": [],
            "private": "bnVsbA==",
            "dependencies": [
              "module.shared_service_spacelift_prequisites.module.kms_ecr.aws_kms_key.this",
              "module.shared_service_spacelift_prequisites.module.kms_ecr.data.aws_caller_identity.current",
              "module.shared_service_spacelift_prequisites.module.kms_ecr.data.aws_iam_policy_document.combined_with_serviceprincipals_and_conditions",
              "module.shared_service_spacelift_prequisites.module.kms_ecr.data.aws_iam_policy_document.combined_with_viaservice_condition",
              "module.shared_service_spacelift_prequisites.module.kms_ecr.data.aws_iam_policy_document.general_policy",
              "module.shared_service_spacelift_prequisites.module.platform_ecr.aws_ecr_repository.this",
              "module.shared_service_spacelift_prequisites.module.platform_ecr.data.aws_iam_policy_document.pullpush_policy"
            ]
          },
          {
            "index_key": "platform/images/postgresql",
            "schema_version": 0,
            "attributes": {
              "id": "platform/images/postgresql",
              "policy": "{\"Statement\":[{\"Action\":[\"ecr:UploadLayerPart\",\"ecr:PutImage\",\"ecr:InitiateLayerUpload\",\"ecr:GetDownloadUrlForLayer\",\"ecr:CompleteLayerUpload\",\"ecr:BatchGetImage\",\"ecr:BatchCheckLayerAvailability\"],\"Effect\":\"Allow\",\"Principal\":{\"AWS\":\"arn:aws:iam::051939627954:role/aws-reserved/sso.amazonaws.com/AWSReservedSSO_AdministratorAccess_a6c05fba94b34a16\"},\"Sid\":\"AllowPullPush\"},{\"Action\":[\"ecr:ListTagsForResource\",\"ecr:ListImages\",\"ecr:GetRepositoryPolicy\",\"ecr:GetLifecyclePolicyPreview\",\"ecr:GetLifecyclePolicy\",\"ecr:GetDownloadUrlForLayer\",\"ecr:GetAuthorizationToken\",\"ecr:DescribeRepositories\",\"ecr:DescribeImages\",\"ecr:DescribeImageScanFindings\",\"ecr:BatchGetImage\",\"ecr:BatchCheckLayerAvailability\"],\"Effect\":\"Allow\",\"Principal\":{\"AWS\":\"arn:aws:iam::051939627954:root\"},\"Sid\":\"EcrReadOnlyDevAccess\"}],\"Version\":\"2012-10-17\"}",
              "registry_id": "051939627954",
              "repository": "platform/images/postgresql"
            },
            "sensitive_attributes": [],
            "private": "bnVsbA==",
            "dependencies": [
              "module.shared_service_spacelift_prequisites.module.kms_ecr.aws_kms_key.this",
              "module.shared_service_spacelift_prequisites.module.kms_ecr.data.aws_caller_identity.current",
              "module.shared_service_spacelift_prequisites.module.kms_ecr.data.aws_iam_policy_document.combined_with_serviceprincipals_and_conditions",
              "module.shared_service_spacelift_prequisites.module.kms_ecr.data.aws_iam_policy_document.combined_with_viaservice_condition",
              "module.shared_service_spacelift_prequisites.module.kms_ecr.data.aws_iam_policy_document.general_policy",
              "module.shared_service_spacelift_prequisites.module.platform_ecr.aws_ecr_repository.this",
              "module.shared_service_spacelift_prequisites.module.platform_ecr.data.aws_iam_policy_document.pullpush_policy"
            ]
          },
          {
            "index_key": "platform/images/redis",
            "schema_version": 0,
            "attributes": {
              "id": "platform/images/redis",
              "policy": "{\"Statement\":[{\"Action\":[\"ecr:UploadLayerPart\",\"ecr:PutImage\",\"ecr:InitiateLayerUpload\",\"ecr:GetDownloadUrlForLayer\",\"ecr:CompleteLayerUpload\",\"ecr:BatchGetImage\",\"ecr:BatchCheckLayerAvailability\"],\"Effect\":\"Allow\",\"Principal\":{\"AWS\":\"arn:aws:iam::051939627954:role/aws-reserved/sso.amazonaws.com/AWSReservedSSO_AdministratorAccess_a6c05fba94b34a16\"},\"Sid\":\"AllowPullPush\"},{\"Action\":[\"ecr:ListTagsForResource\",\"ecr:ListImages\",\"ecr:GetRepositoryPolicy\",\"ecr:GetLifecyclePolicyPreview\",\"ecr:GetLifecyclePolicy\",\"ecr:GetDownloadUrlForLayer\",\"ecr:GetAuthorizationToken\",\"ecr:DescribeRepositories\",\"ecr:DescribeImages\",\"ecr:DescribeImageScanFindings\",\"ecr:BatchGetImage\",\"ecr:BatchCheckLayerAvailability\"],\"Effect\":\"Allow\",\"Principal\":{\"AWS\":\"arn:aws:iam::051939627954:root\"},\"Sid\":\"EcrReadOnlyDevAccess\"}],\"Version\":\"2012-10-17\"}",
              "registry_id": "051939627954",
              "repository": "platform/images/redis"
            },
            "sensitive_attributes": [],
            "private": "bnVsbA==",
            "dependencies": [
              "module.shared_service_spacelift_prequisites.module.kms_ecr.aws_kms_key.this",
              "module.shared_service_spacelift_prequisites.module.kms_ecr.data.aws_caller_identity.current",
              "module.shared_service_spacelift_prequisites.module.kms_ecr.data.aws_iam_policy_document.combined_with_serviceprincipals_and_conditions",
              "module.shared_service_spacelift_prequisites.module.kms_ecr.data.aws_iam_policy_document.combined_with_viaservice_condition",
              "module.shared_service_spacelift_prequisites.module.kms_ecr.data.aws_iam_policy_document.general_policy",
              "module.shared_service_spacelift_prequisites.module.platform_ecr.aws_ecr_repository.this",
              "module.shared_service_spacelift_prequisites.module.platform_ecr.data.aws_iam_policy_document.pullpush_policy"
            ]
          },
          {
            "index_key": "platform/images/reloader",
            "schema_version": 0,
            "attributes": {
              "id": "platform/images/reloader",
              "policy": "{\"Statement\":[{\"Action\":[\"ecr:UploadLayerPart\",\"ecr:PutImage\",\"ecr:InitiateLayerUpload\",\"ecr:GetDownloadUrlForLayer\",\"ecr:CompleteLayerUpload\",\"ecr:BatchGetImage\",\"ecr:BatchCheckLayerAvailability\"],\"Effect\":\"Allow\",\"Principal\":{\"AWS\":\"arn:aws:iam::051939627954:role/aws-reserved/sso.amazonaws.com/AWSReservedSSO_AdministratorAccess_a6c05fba94b34a16\"},\"Sid\":\"AllowPullPush\"},{\"Action\":[\"ecr:ListTagsForResource\",\"ecr:ListImages\",\"ecr:GetRepositoryPolicy\",\"ecr:GetLifecyclePolicyPreview\",\"ecr:GetLifecyclePolicy\",\"ecr:GetDownloadUrlForLayer\",\"ecr:GetAuthorizationToken\",\"ecr:DescribeRepositories\",\"ecr:DescribeImages\",\"ecr:DescribeImageScanFindings\",\"ecr:BatchGetImage\",\"ecr:BatchCheckLayerAvailability\"],\"Effect\":\"Allow\",\"Principal\":{\"AWS\":\"arn:aws:iam::051939627954:root\"},\"Sid\":\"EcrReadOnlyDevAccess\"}],\"Version\":\"2012-10-17\"}",
              "registry_id": "051939627954",
              "repository": "platform/images/reloader"
            },
            "sensitive_attributes": [],
            "private": "bnVsbA==",
            "dependencies": [
              "module.shared_service_spacelift_prequisites.module.kms_ecr.aws_kms_key.this",
              "module.shared_service_spacelift_prequisites.module.kms_ecr.data.aws_caller_identity.current",
              "module.shared_service_spacelift_prequisites.module.kms_ecr.data.aws_iam_policy_document.combined_with_serviceprincipals_and_conditions",
              "module.shared_service_spacelift_prequisites.module.kms_ecr.data.aws_iam_policy_document.combined_with_viaservice_condition",
              "module.shared_service_spacelift_prequisites.module.kms_ecr.data.aws_iam_policy_document.general_policy",
              "module.shared_service_spacelift_prequisites.module.platform_ecr.aws_ecr_repository.this",
              "module.shared_service_spacelift_prequisites.module.platform_ecr.data.aws_iam_policy_document.pullpush_policy"
            ]
          },
          {
            "index_key": "prometheus-blackbox-exporter",
            "schema_version": 0,
            "attributes": {
              "id": "prometheus-blackbox-exporter",
              "policy": "{\"Statement\":[{\"Action\":[\"ecr:UploadLayerPart\",\"ecr:PutImage\",\"ecr:InitiateLayerUpload\",\"ecr:GetDownloadUrlForLayer\",\"ecr:CompleteLayerUpload\",\"ecr:BatchGetImage\",\"ecr:BatchCheckLayerAvailability\"],\"Effect\":\"Allow\",\"Principal\":{\"AWS\":\"arn:aws:iam::051939627954:role/aws-reserved/sso.amazonaws.com/AWSReservedSSO_AdministratorAccess_a6c05fba94b34a16\"},\"Sid\":\"AllowPullPush\"},{\"Action\":[\"ecr:ListTagsForResource\",\"ecr:ListImages\",\"ecr:GetRepositoryPolicy\",\"ecr:GetLifecyclePolicyPreview\",\"ecr:GetLifecyclePolicy\",\"ecr:GetDownloadUrlForLayer\",\"ecr:GetAuthorizationToken\",\"ecr:DescribeRepositories\",\"ecr:DescribeImages\",\"ecr:DescribeImageScanFindings\",\"ecr:BatchGetImage\",\"ecr:BatchCheckLayerAvailability\"],\"Effect\":\"Allow\",\"Principal\":{\"AWS\":\"arn:aws:iam::051939627954:root\"},\"Sid\":\"EcrReadOnlyDevAccess\"}],\"Version\":\"2012-10-17\"}",
              "registry_id": "051939627954",
              "repository": "prometheus-blackbox-exporter"
            },
            "sensitive_attributes": [],
            "private": "bnVsbA==",
            "dependencies": [
              "module.shared_service_spacelift_prequisites.module.kms_ecr.aws_kms_key.this",
              "module.shared_service_spacelift_prequisites.module.kms_ecr.data.aws_caller_identity.current",
              "module.shared_service_spacelift_prequisites.module.kms_ecr.data.aws_iam_policy_document.combined_with_serviceprincipals_and_conditions",
              "module.shared_service_spacelift_prequisites.module.kms_ecr.data.aws_iam_policy_document.combined_with_viaservice_condition",
              "module.shared_service_spacelift_prequisites.module.kms_ecr.data.aws_iam_policy_document.general_policy",
              "module.shared_service_spacelift_prequisites.module.platform_ecr.aws_ecr_repository.this",
              "module.shared_service_spacelift_prequisites.module.platform_ecr.data.aws_iam_policy_document.pullpush_policy"
            ]
          },
          {
            "index_key": "reloader",
            "schema_version": 0,
            "attributes": {
              "id": "reloader",
              "policy": "{\"Statement\":[{\"Action\":[\"ecr:UploadLayerPart\",\"ecr:PutImage\",\"ecr:InitiateLayerUpload\",\"ecr:GetDownloadUrlForLayer\",\"ecr:CompleteLayerUpload\",\"ecr:BatchGetImage\",\"ecr:BatchCheckLayerAvailability\"],\"Effect\":\"Allow\",\"Principal\":{\"AWS\":\"arn:aws:iam::051939627954:role/aws-reserved/sso.amazonaws.com/AWSReservedSSO_AdministratorAccess_a6c05fba94b34a16\"},\"Sid\":\"AllowPullPush\"},{\"Action\":[\"ecr:ListTagsForResource\",\"ecr:ListImages\",\"ecr:GetRepositoryPolicy\",\"ecr:GetLifecyclePolicyPreview\",\"ecr:GetLifecyclePolicy\",\"ecr:GetDownloadUrlForLayer\",\"ecr:GetAuthorizationToken\",\"ecr:DescribeRepositories\",\"ecr:DescribeImages\",\"ecr:DescribeImageScanFindings\",\"ecr:BatchGetImage\",\"ecr:BatchCheckLayerAvailability\"],\"Effect\":\"Allow\",\"Principal\":{\"AWS\":\"arn:aws:iam::051939627954:root\"},\"Sid\":\"EcrReadOnlyDevAccess\"}],\"Version\":\"2012-10-17\"}",
              "registry_id": "051939627954",
              "repository": "reloader"
            },
            "sensitive_attributes": [],
            "private": "bnVsbA==",
            "dependencies": [
              "module.shared_service_spacelift_prequisites.module.kms_ecr.aws_kms_key.this",
              "module.shared_service_spacelift_prequisites.module.kms_ecr.data.aws_caller_identity.current",
              "module.shared_service_spacelift_prequisites.module.kms_ecr.data.aws_iam_policy_document.combined_with_serviceprincipals_and_conditions",
              "module.shared_service_spacelift_prequisites.module.kms_ecr.data.aws_iam_policy_document.combined_with_viaservice_condition",
              "module.shared_service_spacelift_prequisites.module.kms_ecr.data.aws_iam_policy_document.general_policy",
              "module.shared_service_spacelift_prequisites.module.platform_ecr.aws_ecr_repository.this",
              "module.shared_service_spacelift_prequisites.module.platform_ecr.data.aws_iam_policy_document.pullpush_policy"
            ]
          },
          {
            "index_key": "system-customizations",
            "schema_version": 0,
            "attributes": {
              "id": "system-customizations",
              "policy": "{\"Statement\":[{\"Action\":[\"ecr:UploadLayerPart\",\"ecr:PutImage\",\"ecr:InitiateLayerUpload\",\"ecr:GetDownloadUrlForLayer\",\"ecr:CompleteLayerUpload\",\"ecr:BatchGetImage\",\"ecr:BatchCheckLayerAvailability\"],\"Effect\":\"Allow\",\"Principal\":{\"AWS\":\"arn:aws:iam::051939627954:role/aws-reserved/sso.amazonaws.com/AWSReservedSSO_AdministratorAccess_a6c05fba94b34a16\"},\"Sid\":\"AllowPullPush\"},{\"Action\":[\"ecr:ListTagsForResource\",\"ecr:ListImages\",\"ecr:GetRepositoryPolicy\",\"ecr:GetLifecyclePolicyPreview\",\"ecr:GetLifecyclePolicy\",\"ecr:GetDownloadUrlForLayer\",\"ecr:GetAuthorizationToken\",\"ecr:DescribeRepositories\",\"ecr:DescribeImages\",\"ecr:DescribeImageScanFindings\",\"ecr:BatchGetImage\",\"ecr:BatchCheckLayerAvailability\"],\"Effect\":\"Allow\",\"Principal\":{\"AWS\":\"arn:aws:iam::051939627954:root\"},\"Sid\":\"EcrReadOnlyDevAccess\"}],\"Version\":\"2012-10-17\"}",
              "registry_id": "051939627954",
              "repository": "system-customizations"
            },
            "sensitive_attributes": [],
            "private": "bnVsbA==",
            "dependencies": [
              "module.shared_service_spacelift_prequisites.module.kms_ecr.aws_kms_key.this",
              "module.shared_service_spacelift_prequisites.module.kms_ecr.data.aws_caller_identity.current",
              "module.shared_service_spacelift_prequisites.module.kms_ecr.data.aws_iam_policy_document.combined_with_serviceprincipals_and_conditions",
              "module.shared_service_spacelift_prequisites.module.kms_ecr.data.aws_iam_policy_document.combined_with_viaservice_condition",
              "module.shared_service_spacelift_prequisites.module.kms_ecr.data.aws_iam_policy_document.general_policy",
              "module.shared_service_spacelift_prequisites.module.platform_ecr.aws_ecr_repository.this",
              "module.shared_service_spacelift_prequisites.module.platform_ecr.data.aws_iam_policy_document.pullpush_policy"
            ]
          }
        ]
      },
      {
        "module": "module.shared_service_spacelift_prequisites.module.spacelift_ecr",
        "mode": "data",
        "type": "aws_caller_identity",
        "name": "current",
        "provider": "provider[\"registry.terraform.io/hashicorp/aws\"]",
        "instances": [
          {
            "schema_version": 0,
            "attributes": {
              "account_id": "051939627954",
              "arn": "arn:aws:sts::051939627954:assumed-role/AWSReservedSSO_AdministratorAccess_a6c05fba94b34a16/jennifer.nicholas@gft.com",
              "id": "051939627954",
              "user_id": "AROAQYF6X2OZCTIC6U4I5:jennifer.nicholas@gft.com"
            },
            "sensitive_attributes": []
          }
        ]
      },
      {
        "module": "module.shared_service_spacelift_prequisites.module.spacelift_ecr",
        "mode": "data",
        "type": "aws_iam_policy_document",
        "name": "pullpush_policy",
        "provider": "provider[\"registry.terraform.io/hashicorp/aws\"]",
        "instances": [
          {
            "schema_version": 0,
            "attributes": {
              "id": "906467426",
              "json": "{\n  \"Version\": \"2012-10-17\",\n  \"Statement\": [\n    {\n      \"Sid\": \"AllowPullPush\",\n      \"Effect\": \"Allow\",\n      \"Action\": [\n        \"ecr:UploadLayerPart\",\n        \"ecr:PutImage\",\n        \"ecr:InitiateLayerUpload\",\n        \"ecr:GetDownloadUrlForLayer\",\n        \"ecr:CompleteLayerUpload\",\n        \"ecr:BatchGetImage\",\n        \"ecr:BatchCheckLayerAvailability\"\n      ],\n      \"Principal\": {\n        \"AWS\": \"arn:aws:iam::051939627954:role/aws-reserved/sso.amazonaws.com/AWSReservedSSO_AdministratorAccess_a6c05fba94b34a16\"\n      }\n    },\n    {\n      \"Sid\": \"EcrReadOnlyDevAccess\",\n      \"Effect\": \"Allow\",\n      \"Action\": [\n        \"ecr:ListTagsForResource\",\n        \"ecr:ListImages\",\n        \"ecr:GetRepositoryPolicy\",\n        \"ecr:GetLifecyclePolicyPreview\",\n        \"ecr:GetLifecyclePolicy\",\n        \"ecr:GetDownloadUrlForLayer\",\n        \"ecr:GetAuthorizationToken\",\n        \"ecr:DescribeRepositories\",\n        \"ecr:DescribeImages\",\n        \"ecr:DescribeImageScanFindings\",\n        \"ecr:BatchGetImage\",\n        \"ecr:BatchCheckLayerAvailability\"\n      ],\n      \"Principal\": {\n        \"AWS\": \"arn:aws:iam::051939627954:root\"\n      }\n    }\n  ]\n}",
              "override_policy_documents": null,
              "policy_id": null,
              "source_policy_documents": null,
              "statement": [
                {
                  "actions": [
                    "ecr:BatchCheckLayerAvailability",
                    "ecr:BatchGetImage",
                    "ecr:CompleteLayerUpload",
                    "ecr:GetDownloadUrlForLayer",
                    "ecr:InitiateLayerUpload",
                    "ecr:PutImage",
                    "ecr:UploadLayerPart"
                  ],
                  "condition": [],
                  "effect": "Allow",
                  "not_actions": [],
                  "not_principals": [],
                  "not_resources": [],
                  "principals": [
                    {
                      "identifiers": [
                        "arn:aws:iam::051939627954:role/aws-reserved/sso.amazonaws.com/AWSReservedSSO_AdministratorAccess_a6c05fba94b34a16"
                      ],
                      "type": "AWS"
                    }
                  ],
                  "resources": [],
                  "sid": "AllowPullPush"
                },
                {
                  "actions": [
                    "ecr:BatchCheckLayerAvailability",
                    "ecr:BatchGetImage",
                    "ecr:DescribeImageScanFindings",
                    "ecr:DescribeImages",
                    "ecr:DescribeRepositories",
                    "ecr:GetAuthorizationToken",
                    "ecr:GetDownloadUrlForLayer",
                    "ecr:GetLifecyclePolicy",
                    "ecr:GetLifecyclePolicyPreview",
                    "ecr:GetRepositoryPolicy",
                    "ecr:ListImages",
                    "ecr:ListTagsForResource"
                  ],
                  "condition": [],
                  "effect": "Allow",
                  "not_actions": [],
                  "not_principals": [],
                  "not_resources": [],
                  "principals": [
                    {
                      "identifiers": [
                        "arn:aws:iam::051939627954:root"
                      ],
                      "type": "AWS"
                    }
                  ],
                  "resources": [],
                  "sid": "EcrReadOnlyDevAccess"
                }
              ],
              "version": "2012-10-17"
            },
            "sensitive_attributes": []
          }
        ]
      },
      {
        "module": "module.shared_service_spacelift_prequisites.module.spacelift_ecr",
        "mode": "data",
        "type": "aws_iam_policy_document",
        "name": "pullthroughcache_ecr_sharing",
        "provider": "provider[\"registry.terraform.io/hashicorp/aws\"]",
        "instances": [
          {
            "schema_version": 0,
            "attributes": {
              "id": "411933794",
              "json": "{\n  \"Version\": \"2012-10-17\",\n  \"Statement\": [\n    {\n      \"Sid\": \"AllowPullThroughCacheCrossAccount\",\n      \"Effect\": \"Allow\",\n      \"Action\": [\n        \"ecr:UploadLayerPart\",\n        \"ecr:PutImage\",\n        \"ecr:InitiateLayerUpload\",\n        \"ecr:GetDownloadUrlForLayer\",\n        \"ecr:GetAuthorizationToken\",\n        \"ecr:CompleteLayerUpload\",\n        \"ecr:BatchGetImage\",\n        \"ecr:BatchCheckLayerAvailability\"\n      ],\n      \"Principal\": {\n        \"AWS\": \"arn:aws:iam::051939627954:root\"\n      }\n    }\n  ]\n}",
              "override_policy_documents": null,
              "policy_id": null,
              "source_policy_documents": null,
              "statement": [
                {
                  "actions": [
                    "ecr:BatchCheckLayerAvailability",
                    "ecr:BatchGetImage",
                    "ecr:CompleteLayerUpload",
                    "ecr:GetAuthorizationToken",
                    "ecr:GetDownloadUrlForLayer",
                    "ecr:InitiateLayerUpload",
                    "ecr:PutImage",
                    "ecr:UploadLayerPart"
                  ],
                  "condition": [],
                  "effect": "Allow",
                  "not_actions": [],
                  "not_principals": [],
                  "not_resources": [],
                  "principals": [
                    {
                      "identifiers": [
                        "arn:aws:iam::051939627954:root"
                      ],
                      "type": "AWS"
                    }
                  ],
                  "resources": [],
                  "sid": "AllowPullThroughCacheCrossAccount"
                }
              ],
              "version": "2012-10-17"
            },
            "sensitive_attributes": []
          }
        ]
      },
      {
        "module": "module.shared_service_spacelift_prequisites.module.spacelift_ecr",
        "mode": "data",
        "type": "aws_iam_policy_document",
        "name": "pullthroughcache_policy",
        "provider": "provider[\"registry.terraform.io/hashicorp/aws\"]",
        "instances": [
          {
            "schema_version": 0,
            "attributes": {
              "id": "1332224620",
              "json": "{\n  \"Version\": \"2012-10-17\",\n  \"Statement\": [\n    {\n      \"Sid\": \"AllowPullThroughCache\",\n      \"Effect\": \"Allow\",\n      \"Action\": [\n        \"ecr:CreateRepository\",\n        \"ecr:BatchImportUpstreamImage\"\n      ],\n      \"Principal\": {\n        \"AWS\": \"arn:aws:iam::051939627954:root\"\n      }\n    }\n  ]\n}",
              "override_policy_documents": null,
              "policy_id": null,
              "source_policy_documents": null,
              "statement": [
                {
                  "actions": [
                    "ecr:BatchImportUpstreamImage",
                    "ecr:CreateRepository"
                  ],
                  "condition": [],
                  "effect": "Allow",
                  "not_actions": [],
                  "not_principals": [],
                  "not_resources": [],
                  "principals": [
                    {
                      "identifiers": [
                        "arn:aws:iam::051939627954:root"
                      ],
                      "type": "AWS"
                    }
                  ],
                  "resources": [],
                  "sid": "AllowPullThroughCache"
                }
              ],
              "version": "2012-10-17"
            },
            "sensitive_attributes": []
          }
        ]
      },
      {
        "module": "module.shared_service_spacelift_prequisites.module.spacelift_ecr",
        "mode": "data",
        "type": "aws_partition",
        "name": "this",
        "provider": "provider[\"registry.terraform.io/hashicorp/aws\"]",
        "instances": [
          {
            "schema_version": 0,
            "attributes": {
              "dns_suffix": "amazonaws.com",
              "id": "aws",
              "partition": "aws",
              "reverse_dns_prefix": "com.amazonaws"
            },
            "sensitive_attributes": []
          }
        ]
      },
      {
        "module": "module.shared_service_spacelift_prequisites.module.spacelift_ecr",
        "mode": "managed",
        "type": "aws_ecr_lifecycle_policy",
        "name": "this",
        "provider": "provider[\"registry.terraform.io/hashicorp/aws\"]",
        "instances": [
          {
            "index_key": "spacelift/terraform-runner",
            "schema_version": 0,
            "attributes": {
              "id": "spacelift/terraform-runner",
              "policy": "{\"rules\":[{\"action\":{\"type\":\"expire\"},\"description\":\"Expire untagged images older than 2 days\",\"rulePriority\":1,\"selection\":{\"countNumber\":2,\"countType\":\"sinceImagePushed\",\"countUnit\":\"days\",\"tagStatus\":\"untagged\"}}]}",
              "registry_id": "051939627954",
              "repository": "spacelift/terraform-runner"
            },
            "sensitive_attributes": [],
            "private": "bnVsbA==",
            "dependencies": [
              "module.shared_service_spacelift_prequisites.module.kms_ecr.aws_kms_key.this",
              "module.shared_service_spacelift_prequisites.module.kms_ecr.data.aws_caller_identity.current",
              "module.shared_service_spacelift_prequisites.module.kms_ecr.data.aws_iam_policy_document.combined_with_serviceprincipals_and_conditions",
              "module.shared_service_spacelift_prequisites.module.kms_ecr.data.aws_iam_policy_document.combined_with_viaservice_condition",
              "module.shared_service_spacelift_prequisites.module.kms_ecr.data.aws_iam_policy_document.general_policy",
              "module.shared_service_spacelift_prequisites.module.spacelift_ecr.aws_ecr_repository.this"
            ]
          }
        ]
      },
      {
        "module": "module.shared_service_spacelift_prequisites.module.spacelift_ecr",
        "mode": "managed",
        "type": "aws_ecr_repository",
        "name": "this",
        "provider": "provider[\"registry.terraform.io/hashicorp/aws\"]",
        "instances": [
          {
            "index_key": "spacelift/terraform-runner",
            "schema_version": 0,
            "attributes": {
              "arn": "arn:aws:ecr:eu-west-2:051939627954:repository/spacelift/terraform-runner",
              "encryption_configuration": [
                {
                  "encryption_type": "KMS",
                  "kms_key": "arn:aws:kms:eu-west-2:051939627954:key/cf1efc8d-ca82-4513-9db5-7e02ffde1097"
                }
              ],
              "force_delete": null,
              "id": "spacelift/terraform-runner",
              "image_scanning_configuration": [
                {
                  "scan_on_push": true
                }
              ],
              "image_tag_mutability": "IMMUTABLE",
              "name": "spacelift/terraform-runner",
              "registry_id": "051939627954",
              "repository_url": "051939627954.dkr.ecr.eu-west-2.amazonaws.com/spacelift/terraform-runner",
              "tags": null,
              "tags_all": {
                "blx:created-by": "terraform",
                "blx:owner": "all",
                "blx:repository-name": "tmuk-tf-spacelift-prerequisites",
                "blx:tag-version": "1"
              },
              "timeouts": null
            },
            "sensitive_attributes": [],
            "private": "eyJlMmJmYjczMC1lY2FhLTExZTYtOGY4OC0zNDM2M2JjN2M0YzAiOnsiZGVsZXRlIjoxMjAwMDAwMDAwMDAwfX0=",
            "dependencies": [
              "module.shared_service_spacelift_prequisites.module.kms_ecr.aws_kms_key.this",
              "module.shared_service_spacelift_prequisites.module.kms_ecr.data.aws_caller_identity.current",
              "module.shared_service_spacelift_prequisites.module.kms_ecr.data.aws_iam_policy_document.combined_with_serviceprincipals_and_conditions",
              "module.shared_service_spacelift_prequisites.module.kms_ecr.data.aws_iam_policy_document.combined_with_viaservice_condition",
              "module.shared_service_spacelift_prequisites.module.kms_ecr.data.aws_iam_policy_document.general_policy"
            ]
          }
        ]
      },
      {
        "module": "module.shared_service_spacelift_prequisites.module.spacelift_ecr",
        "mode": "managed",
        "type": "aws_ecr_repository_policy",
        "name": "pullpush",
        "provider": "provider[\"registry.terraform.io/hashicorp/aws\"]",
        "instances": [
          {
            "index_key": "spacelift/terraform-runner",
            "schema_version": 0,
            "attributes": {
              "id": "spacelift/terraform-runner",
              "policy": "{\"Statement\":[{\"Action\":[\"ecr:UploadLayerPart\",\"ecr:PutImage\",\"ecr:InitiateLayerUpload\",\"ecr:GetDownloadUrlForLayer\",\"ecr:CompleteLayerUpload\",\"ecr:BatchGetImage\",\"ecr:BatchCheckLayerAvailability\"],\"Effect\":\"Allow\",\"Principal\":{\"AWS\":\"arn:aws:iam::051939627954:role/aws-reserved/sso.amazonaws.com/AWSReservedSSO_AdministratorAccess_a6c05fba94b34a16\"},\"Sid\":\"AllowPullPush\"},{\"Action\":[\"ecr:ListTagsForResource\",\"ecr:ListImages\",\"ecr:GetRepositoryPolicy\",\"ecr:GetLifecyclePolicyPreview\",\"ecr:GetLifecyclePolicy\",\"ecr:GetDownloadUrlForLayer\",\"ecr:GetAuthorizationToken\",\"ecr:DescribeRepositories\",\"ecr:DescribeImages\",\"ecr:DescribeImageScanFindings\",\"ecr:BatchGetImage\",\"ecr:BatchCheckLayerAvailability\"],\"Effect\":\"Allow\",\"Principal\":{\"AWS\":\"arn:aws:iam::051939627954:root\"},\"Sid\":\"EcrReadOnlyDevAccess\"}],\"Version\":\"2012-10-17\"}",
              "registry_id": "051939627954",
              "repository": "spacelift/terraform-runner"
            },
            "sensitive_attributes": [],
            "private": "bnVsbA==",
            "dependencies": [
              "module.shared_service_spacelift_prequisites.module.kms_ecr.aws_kms_key.this",
              "module.shared_service_spacelift_prequisites.module.kms_ecr.data.aws_caller_identity.current",
              "module.shared_service_spacelift_prequisites.module.kms_ecr.data.aws_iam_policy_document.combined_with_serviceprincipals_and_conditions",
              "module.shared_service_spacelift_prequisites.module.kms_ecr.data.aws_iam_policy_document.combined_with_viaservice_condition",
              "module.shared_service_spacelift_prequisites.module.kms_ecr.data.aws_iam_policy_document.general_policy",
              "module.shared_service_spacelift_prequisites.module.spacelift_ecr.aws_ecr_repository.this",
              "module.shared_service_spacelift_prequisites.module.spacelift_ecr.data.aws_iam_policy_document.pullpush_policy"
            ]
          }
        ]
      },
      {
        "module": "module.shared_services_secret_prerequisites.module.argocd_github_token",
        "mode": "managed",
        "type": "aws_secretsmanager_secret",
        "name": "this",
        "provider": "provider[\"registry.terraform.io/hashicorp/aws\"]",
        "instances": [
          {
            "index_key": "/shared-services/ci/platform/argocd/github-token",
            "schema_version": 0,
            "attributes": {
              "arn": "arn:aws:secretsmanager:eu-west-2:051939627954:secret:/shared-services/ci/platform/argocd/github-token-pZbKwb",
              "description": "",
              "force_overwrite_replica_secret": false,
              "id": "arn:aws:secretsmanager:eu-west-2:051939627954:secret:/shared-services/ci/platform/argocd/github-token-pZbKwb",
              "kms_key_id": "arn:aws:kms:eu-west-2:051939627954:key/ad58eebb-7141-4f0b-b871-59f3c33d2b10",
              "name": "/shared-services/ci/platform/argocd/github-token",
              "name_prefix": "",
              "policy": "",
              "recovery_window_in_days": 0,
              "replica": [],
              "tags": null,
              "tags_all": {
                "blx:created-by": "terraform",
                "blx:owner": "all",
                "blx:repository-name": "tmuk-tf-spacelift-prerequisites",
                "blx:tag-version": "1"
              }
            },
            "sensitive_attributes": [],
            "private": "bnVsbA==",
            "dependencies": [
              "module.shared_services_secret_prerequisites.module.kms_platform_secrets.aws_kms_key.this",
              "module.shared_services_secret_prerequisites.module.kms_platform_secrets.data.aws_caller_identity.current",
              "module.shared_services_secret_prerequisites.module.kms_platform_secrets.data.aws_iam_policy_document.combined_with_serviceprincipals_and_conditions",
              "module.shared_services_secret_prerequisites.module.kms_platform_secrets.data.aws_iam_policy_document.combined_with_viaservice_condition",
              "module.shared_services_secret_prerequisites.module.kms_platform_secrets.data.aws_iam_policy_document.general_policy"
            ]
          }
        ]
      },
      {
        "module": "module.shared_services_secret_prerequisites.module.kms_platform_secrets",
        "mode": "data",
        "type": "aws_caller_identity",
        "name": "current",
        "provider": "provider[\"registry.terraform.io/hashicorp/aws\"]",
        "instances": [
          {
            "schema_version": 0,
            "attributes": {
              "account_id": "051939627954",
              "arn": "arn:aws:sts::051939627954:assumed-role/AWSReservedSSO_AdministratorAccess_a6c05fba94b34a16/jennifer.nicholas@gft.com",
              "id": "051939627954",
              "user_id": "AROAQYF6X2OZCTIC6U4I5:jennifer.nicholas@gft.com"
            },
            "sensitive_attributes": []
          }
        ]
      },
      {
        "module": "module.shared_services_secret_prerequisites.module.kms_platform_secrets",
        "mode": "data",
        "type": "aws_iam_policy_document",
        "name": "combined_with_serviceprincipals_and_conditions",
        "provider": "provider[\"registry.terraform.io/hashicorp/aws\"]",
        "instances": [
          {
            "schema_version": 0,
            "attributes": {
              "id": "2371832661",
              "json": "{\n  \"Version\": \"2012-10-17\",\n  \"Statement\": [\n    {\n      \"Sid\": \"Enable IAM Root User Permissions\",\n      \"Effect\": \"Allow\",\n      \"Action\": \"kms:*\",\n      \"Resource\": \"*\",\n      \"Principal\": {\n        \"AWS\": \"arn:aws:iam::051939627954:root\"\n      }\n    },\n    {\n      \"Sid\": \"Allow access for Key Administrators\",\n      \"Effect\": \"Allow\",\n      \"Action\": [\n        \"kms:Update*\",\n        \"kms:UntagResource\",\n        \"kms:TagResource\",\n        \"kms:ScheduleKeyDeletion\",\n        \"kms:Revoke*\",\n        \"kms:Put*\",\n        \"kms:List*\",\n        \"kms:Get*\",\n        \"kms:Enable*\",\n        \"kms:Disable*\",\n        \"kms:Describe*\",\n        \"kms:Delete*\",\n        \"kms:Create*\",\n        \"kms:CancelKeyDeletion\"\n      ],\n      \"Resource\": \"*\",\n      \"Principal\": {\n        \"AWS\": \"arn:aws:iam::051939627954:root\"\n      }\n    },\n    {\n      \"Sid\": \"Allow use of the key for decryption only\",\n      \"Effect\": \"Allow\",\n      \"Action\": \"kms:Decrypt\",\n      \"Resource\": \"*\",\n      \"Principal\": {\n        \"AWS\": \"arn:aws:iam::051939627954:root\"\n      }\n    }\n  ]\n}",
              "override_policy_documents": null,
              "policy_id": null,
              "source_policy_documents": [
                "{\n  \"Version\": \"2012-10-17\",\n  \"Statement\": [\n    {\n      \"Sid\": \"Enable IAM Root User Permissions\",\n      \"Effect\": \"Allow\",\n      \"Action\": \"kms:*\",\n      \"Resource\": \"*\",\n      \"Principal\": {\n        \"AWS\": \"arn:aws:iam::051939627954:root\"\n      }\n    },\n    {\n      \"Sid\": \"Allow access for Key Administrators\",\n      \"Effect\": \"Allow\",\n      \"Action\": [\n        \"kms:Update*\",\n        \"kms:UntagResource\",\n        \"kms:TagResource\",\n        \"kms:ScheduleKeyDeletion\",\n        \"kms:Revoke*\",\n        \"kms:Put*\",\n        \"kms:List*\",\n        \"kms:Get*\",\n        \"kms:Enable*\",\n        \"kms:Disable*\",\n        \"kms:Describe*\",\n        \"kms:Delete*\",\n        \"kms:Create*\",\n        \"kms:CancelKeyDeletion\"\n      ],\n      \"Resource\": \"*\",\n      \"Principal\": {\n        \"AWS\": \"arn:aws:iam::051939627954:root\"\n      }\n    },\n    {\n      \"Sid\": \"Allow use of the key for decryption only\",\n      \"Effect\": \"Allow\",\n      \"Action\": \"kms:Decrypt\",\n      \"Resource\": \"*\",\n      \"Principal\": {\n        \"AWS\": \"arn:aws:iam::051939627954:root\"\n      }\n    }\n  ]\n}"
              ],
              "statement": null,
              "version": "2012-10-17"
            },
            "sensitive_attributes": []
          }
        ]
      },
      {
        "module": "module.shared_services_secret_prerequisites.module.kms_platform_secrets",
        "mode": "data",
        "type": "aws_iam_policy_document",
        "name": "combined_with_viaservice_condition",
        "provider": "provider[\"registry.terraform.io/hashicorp/aws\"]",
        "instances": [
          {
            "schema_version": 0,
            "attributes": {
              "id": "102344165",
              "json": "{\n  \"Version\": \"2012-10-17\",\n  \"Statement\": [\n    {\n      \"Sid\": \"Enable IAM Root User Permissions\",\n      \"Effect\": \"Allow\",\n      \"Action\": \"kms:*\",\n      \"Resource\": \"*\",\n      \"Principal\": {\n        \"AWS\": \"arn:aws:iam::051939627954:root\"\n      }\n    },\n    {\n      \"Sid\": \"Allow access for Key Administrators\",\n      \"Effect\": \"Allow\",\n      \"Action\": [\n        \"kms:Update*\",\n        \"kms:UntagResource\",\n        \"kms:TagResource\",\n        \"kms:ScheduleKeyDeletion\",\n        \"kms:Revoke*\",\n        \"kms:Put*\",\n        \"kms:List*\",\n        \"kms:Get*\",\n        \"kms:Enable*\",\n        \"kms:Disable*\",\n        \"kms:Describe*\",\n        \"kms:Delete*\",\n        \"kms:Create*\",\n        \"kms:CancelKeyDeletion\"\n      ],\n      \"Resource\": \"*\",\n      \"Principal\": {\n        \"AWS\": \"arn:aws:iam::051939627954:root\"\n      }\n    },\n    {\n      \"Sid\": \"Allow use of the key for decryption only\",\n      \"Effect\": \"Allow\",\n      \"Action\": \"kms:Decrypt\",\n      \"Resource\": \"*\",\n      \"Principal\": {\n        \"AWS\": \"arn:aws:iam::051939627954:root\"\n      }\n    },\n    {\n      \"Effect\": \"Allow\",\n      \"Action\": [\n        \"kms:ReEncrypt\",\n        \"kms:GenerateDataKey*\",\n        \"kms:Encrypt\",\n        \"kms:DescribeKey\",\n        \"kms:Decrypt\",\n        \"kms:CreateGrant\"\n      ],\n      \"Resource\": \"*\",\n      \"Principal\": {\n        \"AWS\": \"*\"\n      },\n      \"Condition\": {\n        \"StringEquals\": {\n          \"kms:CallerAccount\": \"051939627954\",\n          \"kms:ViaService\": \"secretsmanager.eu-west-2.amazonaws.com\"\n        }\n      }\n    }\n  ]\n}",
              "override_policy_documents": null,
              "policy_id": null,
              "source_policy_documents": [
                "{\n  \"Version\": \"2012-10-17\",\n  \"Statement\": [\n    {\n      \"Sid\": \"Enable IAM Root User Permissions\",\n      \"Effect\": \"Allow\",\n      \"Action\": \"kms:*\",\n      \"Resource\": \"*\",\n      \"Principal\": {\n        \"AWS\": \"arn:aws:iam::051939627954:root\"\n      }\n    },\n    {\n      \"Sid\": \"Allow access for Key Administrators\",\n      \"Effect\": \"Allow\",\n      \"Action\": [\n        \"kms:Update*\",\n        \"kms:UntagResource\",\n        \"kms:TagResource\",\n        \"kms:ScheduleKeyDeletion\",\n        \"kms:Revoke*\",\n        \"kms:Put*\",\n        \"kms:List*\",\n        \"kms:Get*\",\n        \"kms:Enable*\",\n        \"kms:Disable*\",\n        \"kms:Describe*\",\n        \"kms:Delete*\",\n        \"kms:Create*\",\n        \"kms:CancelKeyDeletion\"\n      ],\n      \"Resource\": \"*\",\n      \"Principal\": {\n        \"AWS\": \"arn:aws:iam::051939627954:root\"\n      }\n    },\n    {\n      \"Sid\": \"Allow use of the key for decryption only\",\n      \"Effect\": \"Allow\",\n      \"Action\": \"kms:Decrypt\",\n      \"Resource\": \"*\",\n      \"Principal\": {\n        \"AWS\": \"arn:aws:iam::051939627954:root\"\n      }\n    }\n  ]\n}"
              ],
              "statement": [
                {
                  "actions": [
                    "kms:CreateGrant",
                    "kms:Decrypt",
                    "kms:DescribeKey",
                    "kms:Encrypt",
                    "kms:GenerateDataKey*",
                    "kms:ReEncrypt"
                  ],
                  "condition": [
                    {
                      "test": "StringEquals",
                      "values": [
                        "051939627954"
                      ],
                      "variable": "kms:CallerAccount"
                    },
                    {
                      "test": "StringEquals",
                      "values": [
                        "secretsmanager.eu-west-2.amazonaws.com"
                      ],
                      "variable": "kms:ViaService"
                    }
                  ],
                  "effect": "Allow",
                  "not_actions": [],
                  "not_principals": [],
                  "not_resources": [],
                  "principals": [
                    {
                      "identifiers": [
                        "*"
                      ],
                      "type": "AWS"
                    }
                  ],
                  "resources": [
                    "*"
                  ],
                  "sid": ""
                }
              ],
              "version": "2012-10-17"
            },
            "sensitive_attributes": []
          }
        ]
      },
      {
        "module": "module.shared_services_secret_prerequisites.module.kms_platform_secrets",
        "mode": "data",
        "type": "aws_iam_policy_document",
        "name": "general_policy",
        "provider": "provider[\"registry.terraform.io/hashicorp/aws\"]",
        "instances": [
          {
            "schema_version": 0,
            "attributes": {
              "id": "2371832661",
              "json": "{\n  \"Version\": \"2012-10-17\",\n  \"Statement\": [\n    {\n      \"Sid\": \"Enable IAM Root User Permissions\",\n      \"Effect\": \"Allow\",\n      \"Action\": \"kms:*\",\n      \"Resource\": \"*\",\n      \"Principal\": {\n        \"AWS\": \"arn:aws:iam::051939627954:root\"\n      }\n    },\n    {\n      \"Sid\": \"Allow access for Key Administrators\",\n      \"Effect\": \"Allow\",\n      \"Action\": [\n        \"kms:Update*\",\n        \"kms:UntagResource\",\n        \"kms:TagResource\",\n        \"kms:ScheduleKeyDeletion\",\n        \"kms:Revoke*\",\n        \"kms:Put*\",\n        \"kms:List*\",\n        \"kms:Get*\",\n        \"kms:Enable*\",\n        \"kms:Disable*\",\n        \"kms:Describe*\",\n        \"kms:Delete*\",\n        \"kms:Create*\",\n        \"kms:CancelKeyDeletion\"\n      ],\n      \"Resource\": \"*\",\n      \"Principal\": {\n        \"AWS\": \"arn:aws:iam::051939627954:root\"\n      }\n    },\n    {\n      \"Sid\": \"Allow use of the key for decryption only\",\n      \"Effect\": \"Allow\",\n      \"Action\": \"kms:Decrypt\",\n      \"Resource\": \"*\",\n      \"Principal\": {\n        \"AWS\": \"arn:aws:iam::051939627954:root\"\n      }\n    }\n  ]\n}",
              "override_policy_documents": null,
              "policy_id": null,
              "source_policy_documents": null,
              "statement": [
                {
                  "actions": [
                    "kms:*"
                  ],
                  "condition": [],
                  "effect": "Allow",
                  "not_actions": [],
                  "not_principals": [],
                  "not_resources": [],
                  "principals": [
                    {
                      "identifiers": [
                        "arn:aws:iam::051939627954:root"
                      ],
                      "type": "AWS"
                    }
                  ],
                  "resources": [
                    "*"
                  ],
                  "sid": "Enable IAM Root User Permissions"
                },
                {
                  "actions": [
                    "kms:CancelKeyDeletion",
                    "kms:Create*",
                    "kms:Delete*",
                    "kms:Describe*",
                    "kms:Disable*",
                    "kms:Enable*",
                    "kms:Get*",
                    "kms:List*",
                    "kms:Put*",
                    "kms:Revoke*",
                    "kms:ScheduleKeyDeletion",
                    "kms:TagResource",
                    "kms:UntagResource",
                    "kms:Update*"
                  ],
                  "condition": [],
                  "effect": "Allow",
                  "not_actions": [],
                  "not_principals": [],
                  "not_resources": [],
                  "principals": [
                    {
                      "identifiers": [
                        "arn:aws:iam::051939627954:root"
                      ],
                      "type": "AWS"
                    }
                  ],
                  "resources": [
                    "*"
                  ],
                  "sid": "Allow access for Key Administrators"
                },
                {
                  "actions": [
                    "kms:Decrypt"
                  ],
                  "condition": [],
                  "effect": "Allow",
                  "not_actions": [],
                  "not_principals": [],
                  "not_resources": [],
                  "principals": [
                    {
                      "identifiers": [
                        "arn:aws:iam::051939627954:root"
                      ],
                      "type": "AWS"
                    }
                  ],
                  "resources": [
                    "*"
                  ],
                  "sid": "Allow use of the key for decryption only"
                }
              ],
              "version": "2012-10-17"
            },
            "sensitive_attributes": []
          }
        ]
      },
      {
        "module": "module.shared_services_secret_prerequisites.module.kms_platform_secrets",
        "mode": "managed",
        "type": "aws_kms_alias",
        "name": "this",
        "provider": "provider[\"registry.terraform.io/hashicorp/aws\"]",
        "instances": [
          {
            "schema_version": 0,
            "attributes": {
              "arn": "arn:aws:kms:eu-west-2:051939627954:alias/shared-services-ci-platform-secrets",
              "id": "alias/shared-services-ci-platform-secrets",
              "name": "alias/shared-services-ci-platform-secrets",
              "name_prefix": "",
              "target_key_arn": "arn:aws:kms:eu-west-2:051939627954:key/ad58eebb-7141-4f0b-b871-59f3c33d2b10",
              "target_key_id": "ad58eebb-7141-4f0b-b871-59f3c33d2b10"
            },
            "sensitive_attributes": [],
            "private": "bnVsbA==",
            "dependencies": [
              "module.shared_services_secret_prerequisites.module.kms_platform_secrets.aws_kms_key.this",
              "module.shared_services_secret_prerequisites.module.kms_platform_secrets.data.aws_caller_identity.current",
              "module.shared_services_secret_prerequisites.module.kms_platform_secrets.data.aws_iam_policy_document.combined_with_serviceprincipals_and_conditions",
              "module.shared_services_secret_prerequisites.module.kms_platform_secrets.data.aws_iam_policy_document.combined_with_viaservice_condition",
              "module.shared_services_secret_prerequisites.module.kms_platform_secrets.data.aws_iam_policy_document.general_policy"
            ]
          }
        ]
      },
      {
        "module": "module.shared_services_secret_prerequisites.module.kms_platform_secrets",
        "mode": "managed",
        "type": "aws_kms_key",
        "name": "this",
        "provider": "provider[\"registry.terraform.io/hashicorp/aws\"]",
        "instances": [
          {
            "schema_version": 0,
            "attributes": {
              "arn": "arn:aws:kms:eu-west-2:051939627954:key/ad58eebb-7141-4f0b-b871-59f3c33d2b10",
              "bypass_policy_lockout_safety_check": false,
              "custom_key_store_id": "",
              "customer_master_key_spec": "SYMMETRIC_DEFAULT",
              "deletion_window_in_days": null,
              "description": "KMS key to encrypt shared-services-ci platform-secrets",
              "enable_key_rotation": true,
              "id": "ad58eebb-7141-4f0b-b871-59f3c33d2b10",
              "is_enabled": true,
              "key_id": "ad58eebb-7141-4f0b-b871-59f3c33d2b10",
              "key_usage": "ENCRYPT_DECRYPT",
              "multi_region": false,
              "policy": "{\"Statement\":[{\"Action\":\"kms:*\",\"Effect\":\"Allow\",\"Principal\":{\"AWS\":\"arn:aws:iam::051939627954:root\"},\"Resource\":\"*\",\"Sid\":\"Enable IAM Root User Permissions\"},{\"Action\":[\"kms:Update*\",\"kms:UntagResource\",\"kms:TagResource\",\"kms:ScheduleKeyDeletion\",\"kms:Revoke*\",\"kms:Put*\",\"kms:List*\",\"kms:Get*\",\"kms:Enable*\",\"kms:Disable*\",\"kms:Describe*\",\"kms:Delete*\",\"kms:Create*\",\"kms:CancelKeyDeletion\"],\"Effect\":\"Allow\",\"Principal\":{\"AWS\":\"arn:aws:iam::051939627954:root\"},\"Resource\":\"*\",\"Sid\":\"Allow access for Key Administrators\"},{\"Action\":\"kms:Decrypt\",\"Effect\":\"Allow\",\"Principal\":{\"AWS\":\"arn:aws:iam::051939627954:root\"},\"Resource\":\"*\",\"Sid\":\"Allow use of the key for decryption only\"},{\"Action\":[\"kms:ReEncrypt\",\"kms:GenerateDataKey*\",\"kms:Encrypt\",\"kms:DescribeKey\",\"kms:Decrypt\",\"kms:CreateGrant\"],\"Condition\":{\"StringEquals\":{\"kms:CallerAccount\":\"051939627954\",\"kms:ViaService\":\"secretsmanager.eu-west-2.amazonaws.com\"}},\"Effect\":\"Allow\",\"Principal\":{\"AWS\":\"*\"},\"Resource\":\"*\"}],\"Version\":\"2012-10-17\"}",
              "tags": null,
              "tags_all": {
                "blx:created-by": "terraform",
                "blx:owner": "all",
                "blx:repository-name": "tmuk-tf-spacelift-prerequisites",
                "blx:tag-version": "1"
              }
            },
            "sensitive_attributes": [],
            "private": "bnVsbA==",
            "dependencies": [
              "module.shared_services_secret_prerequisites.module.kms_platform_secrets.data.aws_caller_identity.current",
              "module.shared_services_secret_prerequisites.module.kms_platform_secrets.data.aws_iam_policy_document.combined_with_serviceprincipals_and_conditions",
              "module.shared_services_secret_prerequisites.module.kms_platform_secrets.data.aws_iam_policy_document.combined_with_viaservice_condition",
              "module.shared_services_secret_prerequisites.module.kms_platform_secrets.data.aws_iam_policy_document.general_policy"
            ]
          }
        ]
      },
      {
        "module": "module.tm_platform_secret_prerequisites.module.argocd_github_app_secret[0]",
        "mode": "managed",
        "type": "aws_secretsmanager_secret",
        "name": "this",
        "provider": "provider[\"registry.terraform.io/hashicorp/aws\"]",
        "instances": [
          {
            "index_key": "/sandbox/tm/platform/argocd/github-app-secret",
            "schema_version": 0,
            "attributes": {
              "arn": "arn:aws:secretsmanager:eu-west-2:051939627954:secret:/sandbox/tm/platform/argocd/github-app-secret-VwgTl9",
              "description": "",
              "force_overwrite_replica_secret": false,
              "id": "arn:aws:secretsmanager:eu-west-2:051939627954:secret:/sandbox/tm/platform/argocd/github-app-secret-VwgTl9",
              "kms_key_id": "arn:aws:kms:eu-west-2:051939627954:key/6630b386-ad35-41c0-a003-93f3e863d1cf",
              "name": "/sandbox/tm/platform/argocd/github-app-secret",
              "name_prefix": "",
              "policy": "",
              "recovery_window_in_days": 0,
              "replica": [],
              "tags": null,
              "tags_all": {
                "blx:created-by": "terraform",
                "blx:owner": "all",
                "blx:repository-name": "tmuk-tf-spacelift-prerequisites",
                "blx:tag-version": "1"
              }
            },
            "sensitive_attributes": [],
            "private": "bnVsbA==",
            "dependencies": [
              "module.tm_platform_secret_prerequisites.module.kms_platform_secrets.aws_kms_key.this",
              "module.tm_platform_secret_prerequisites.module.kms_platform_secrets.data.aws_caller_identity.current",
              "module.tm_platform_secret_prerequisites.module.kms_platform_secrets.data.aws_iam_policy_document.combined_with_serviceprincipals_and_conditions",
              "module.tm_platform_secret_prerequisites.module.kms_platform_secrets.data.aws_iam_policy_document.combined_with_viaservice_condition",
              "module.tm_platform_secret_prerequisites.module.kms_platform_secrets.data.aws_iam_policy_document.general_policy"
            ]
          }
        ]
      },
      {
        "module": "module.tm_platform_secret_prerequisites.module.argocd_github_token",
        "mode": "managed",
        "type": "aws_secretsmanager_secret",
        "name": "this",
        "provider": "provider[\"registry.terraform.io/hashicorp/aws\"]",
        "instances": [
          {
            "index_key": "/sandbox/tm/platform/argocd/github-token",
            "schema_version": 0,
            "attributes": {
              "arn": "arn:aws:secretsmanager:eu-west-2:051939627954:secret:/sandbox/tm/platform/argocd/github-token-YqBpo6",
              "description": "",
              "force_overwrite_replica_secret": false,
              "id": "arn:aws:secretsmanager:eu-west-2:051939627954:secret:/sandbox/tm/platform/argocd/github-token-YqBpo6",
              "kms_key_id": "arn:aws:kms:eu-west-2:051939627954:key/6630b386-ad35-41c0-a003-93f3e863d1cf",
              "name": "/sandbox/tm/platform/argocd/github-token",
              "name_prefix": "",
              "policy": "",
              "recovery_window_in_days": 0,
              "replica": [],
              "tags": null,
              "tags_all": {
                "blx:created-by": "terraform",
                "blx:owner": "all",
                "blx:repository-name": "tmuk-tf-spacelift-prerequisites",
                "blx:tag-version": "1"
              }
            },
            "sensitive_attributes": [],
            "private": "bnVsbA==",
            "dependencies": [
              "module.tm_platform_secret_prerequisites.module.kms_platform_secrets.aws_kms_key.this",
              "module.tm_platform_secret_prerequisites.module.kms_platform_secrets.data.aws_caller_identity.current",
              "module.tm_platform_secret_prerequisites.module.kms_platform_secrets.data.aws_iam_policy_document.combined_with_serviceprincipals_and_conditions",
              "module.tm_platform_secret_prerequisites.module.kms_platform_secrets.data.aws_iam_policy_document.combined_with_viaservice_condition",
              "module.tm_platform_secret_prerequisites.module.kms_platform_secrets.data.aws_iam_policy_document.general_policy"
            ]
          }
        ]
      },
      {
        "module": "module.tm_platform_secret_prerequisites.module.kms_platform_secrets",
        "mode": "data",
        "type": "aws_caller_identity",
        "name": "current",
        "provider": "provider[\"registry.terraform.io/hashicorp/aws\"]",
        "instances": [
          {
            "schema_version": 0,
            "attributes": {
              "account_id": "051939627954",
              "arn": "arn:aws:sts::051939627954:assumed-role/AWSReservedSSO_AdministratorAccess_a6c05fba94b34a16/jennifer.nicholas@gft.com",
              "id": "051939627954",
              "user_id": "AROAQYF6X2OZCTIC6U4I5:jennifer.nicholas@gft.com"
            },
            "sensitive_attributes": []
          }
        ]
      },
      {
        "module": "module.tm_platform_secret_prerequisites.module.kms_platform_secrets",
        "mode": "data",
        "type": "aws_iam_policy_document",
        "name": "combined_with_serviceprincipals_and_conditions",
        "provider": "provider[\"registry.terraform.io/hashicorp/aws\"]",
        "instances": [
          {
            "schema_version": 0,
            "attributes": {
              "id": "2371832661",
              "json": "{\n  \"Version\": \"2012-10-17\",\n  \"Statement\": [\n    {\n      \"Sid\": \"Enable IAM Root User Permissions\",\n      \"Effect\": \"Allow\",\n      \"Action\": \"kms:*\",\n      \"Resource\": \"*\",\n      \"Principal\": {\n        \"AWS\": \"arn:aws:iam::051939627954:root\"\n      }\n    },\n    {\n      \"Sid\": \"Allow access for Key Administrators\",\n      \"Effect\": \"Allow\",\n      \"Action\": [\n        \"kms:Update*\",\n        \"kms:UntagResource\",\n        \"kms:TagResource\",\n        \"kms:ScheduleKeyDeletion\",\n        \"kms:Revoke*\",\n        \"kms:Put*\",\n        \"kms:List*\",\n        \"kms:Get*\",\n        \"kms:Enable*\",\n        \"kms:Disable*\",\n        \"kms:Describe*\",\n        \"kms:Delete*\",\n        \"kms:Create*\",\n        \"kms:CancelKeyDeletion\"\n      ],\n      \"Resource\": \"*\",\n      \"Principal\": {\n        \"AWS\": \"arn:aws:iam::051939627954:root\"\n      }\n    },\n    {\n      \"Sid\": \"Allow use of the key for decryption only\",\n      \"Effect\": \"Allow\",\n      \"Action\": \"kms:Decrypt\",\n      \"Resource\": \"*\",\n      \"Principal\": {\n        \"AWS\": \"arn:aws:iam::051939627954:root\"\n      }\n    }\n  ]\n}",
              "override_policy_documents": null,
              "policy_id": null,
              "source_policy_documents": [
                "{\n  \"Version\": \"2012-10-17\",\n  \"Statement\": [\n    {\n      \"Sid\": \"Enable IAM Root User Permissions\",\n      \"Effect\": \"Allow\",\n      \"Action\": \"kms:*\",\n      \"Resource\": \"*\",\n      \"Principal\": {\n        \"AWS\": \"arn:aws:iam::051939627954:root\"\n      }\n    },\n    {\n      \"Sid\": \"Allow access for Key Administrators\",\n      \"Effect\": \"Allow\",\n      \"Action\": [\n        \"kms:Update*\",\n        \"kms:UntagResource\",\n        \"kms:TagResource\",\n        \"kms:ScheduleKeyDeletion\",\n        \"kms:Revoke*\",\n        \"kms:Put*\",\n        \"kms:List*\",\n        \"kms:Get*\",\n        \"kms:Enable*\",\n        \"kms:Disable*\",\n        \"kms:Describe*\",\n        \"kms:Delete*\",\n        \"kms:Create*\",\n        \"kms:CancelKeyDeletion\"\n      ],\n      \"Resource\": \"*\",\n      \"Principal\": {\n        \"AWS\": \"arn:aws:iam::051939627954:root\"\n      }\n    },\n    {\n      \"Sid\": \"Allow use of the key for decryption only\",\n      \"Effect\": \"Allow\",\n      \"Action\": \"kms:Decrypt\",\n      \"Resource\": \"*\",\n      \"Principal\": {\n        \"AWS\": \"arn:aws:iam::051939627954:root\"\n      }\n    }\n  ]\n}"
              ],
              "statement": null,
              "version": "2012-10-17"
            },
            "sensitive_attributes": []
          }
        ]
      },
      {
        "module": "module.tm_platform_secret_prerequisites.module.kms_platform_secrets",
        "mode": "data",
        "type": "aws_iam_policy_document",
        "name": "combined_with_viaservice_condition",
        "provider": "provider[\"registry.terraform.io/hashicorp/aws\"]",
        "instances": [
          {
            "schema_version": 0,
            "attributes": {
              "id": "102344165",
              "json": "{\n  \"Version\": \"2012-10-17\",\n  \"Statement\": [\n    {\n      \"Sid\": \"Enable IAM Root User Permissions\",\n      \"Effect\": \"Allow\",\n      \"Action\": \"kms:*\",\n      \"Resource\": \"*\",\n      \"Principal\": {\n        \"AWS\": \"arn:aws:iam::051939627954:root\"\n      }\n    },\n    {\n      \"Sid\": \"Allow access for Key Administrators\",\n      \"Effect\": \"Allow\",\n      \"Action\": [\n        \"kms:Update*\",\n        \"kms:UntagResource\",\n        \"kms:TagResource\",\n        \"kms:ScheduleKeyDeletion\",\n        \"kms:Revoke*\",\n        \"kms:Put*\",\n        \"kms:List*\",\n        \"kms:Get*\",\n        \"kms:Enable*\",\n        \"kms:Disable*\",\n        \"kms:Describe*\",\n        \"kms:Delete*\",\n        \"kms:Create*\",\n        \"kms:CancelKeyDeletion\"\n      ],\n      \"Resource\": \"*\",\n      \"Principal\": {\n        \"AWS\": \"arn:aws:iam::051939627954:root\"\n      }\n    },\n    {\n      \"Sid\": \"Allow use of the key for decryption only\",\n      \"Effect\": \"Allow\",\n      \"Action\": \"kms:Decrypt\",\n      \"Resource\": \"*\",\n      \"Principal\": {\n        \"AWS\": \"arn:aws:iam::051939627954:root\"\n      }\n    },\n    {\n      \"Effect\": \"Allow\",\n      \"Action\": [\n        \"kms:ReEncrypt\",\n        \"kms:GenerateDataKey*\",\n        \"kms:Encrypt\",\n        \"kms:DescribeKey\",\n        \"kms:Decrypt\",\n        \"kms:CreateGrant\"\n      ],\n      \"Resource\": \"*\",\n      \"Principal\": {\n        \"AWS\": \"*\"\n      },\n      \"Condition\": {\n        \"StringEquals\": {\n          \"kms:CallerAccount\": \"051939627954\",\n          \"kms:ViaService\": \"secretsmanager.eu-west-2.amazonaws.com\"\n        }\n      }\n    }\n  ]\n}",
              "override_policy_documents": null,
              "policy_id": null,
              "source_policy_documents": [
                "{\n  \"Version\": \"2012-10-17\",\n  \"Statement\": [\n    {\n      \"Sid\": \"Enable IAM Root User Permissions\",\n      \"Effect\": \"Allow\",\n      \"Action\": \"kms:*\",\n      \"Resource\": \"*\",\n      \"Principal\": {\n        \"AWS\": \"arn:aws:iam::051939627954:root\"\n      }\n    },\n    {\n      \"Sid\": \"Allow access for Key Administrators\",\n      \"Effect\": \"Allow\",\n      \"Action\": [\n        \"kms:Update*\",\n        \"kms:UntagResource\",\n        \"kms:TagResource\",\n        \"kms:ScheduleKeyDeletion\",\n        \"kms:Revoke*\",\n        \"kms:Put*\",\n        \"kms:List*\",\n        \"kms:Get*\",\n        \"kms:Enable*\",\n        \"kms:Disable*\",\n        \"kms:Describe*\",\n        \"kms:Delete*\",\n        \"kms:Create*\",\n        \"kms:CancelKeyDeletion\"\n      ],\n      \"Resource\": \"*\",\n      \"Principal\": {\n        \"AWS\": \"arn:aws:iam::051939627954:root\"\n      }\n    },\n    {\n      \"Sid\": \"Allow use of the key for decryption only\",\n      \"Effect\": \"Allow\",\n      \"Action\": \"kms:Decrypt\",\n      \"Resource\": \"*\",\n      \"Principal\": {\n        \"AWS\": \"arn:aws:iam::051939627954:root\"\n      }\n    }\n  ]\n}"
              ],
              "statement": [
                {
                  "actions": [
                    "kms:CreateGrant",
                    "kms:Decrypt",
                    "kms:DescribeKey",
                    "kms:Encrypt",
                    "kms:GenerateDataKey*",
                    "kms:ReEncrypt"
                  ],
                  "condition": [
                    {
                      "test": "StringEquals",
                      "values": [
                        "051939627954"
                      ],
                      "variable": "kms:CallerAccount"
                    },
                    {
                      "test": "StringEquals",
                      "values": [
                        "secretsmanager.eu-west-2.amazonaws.com"
                      ],
                      "variable": "kms:ViaService"
                    }
                  ],
                  "effect": "Allow",
                  "not_actions": [],
                  "not_principals": [],
                  "not_resources": [],
                  "principals": [
                    {
                      "identifiers": [
                        "*"
                      ],
                      "type": "AWS"
                    }
                  ],
                  "resources": [
                    "*"
                  ],
                  "sid": ""
                }
              ],
              "version": "2012-10-17"
            },
            "sensitive_attributes": []
          }
        ]
      },
      {
        "module": "module.tm_platform_secret_prerequisites.module.kms_platform_secrets",
        "mode": "data",
        "type": "aws_iam_policy_document",
        "name": "general_policy",
        "provider": "provider[\"registry.terraform.io/hashicorp/aws\"]",
        "instances": [
          {
            "schema_version": 0,
            "attributes": {
              "id": "2371832661",
              "json": "{\n  \"Version\": \"2012-10-17\",\n  \"Statement\": [\n    {\n      \"Sid\": \"Enable IAM Root User Permissions\",\n      \"Effect\": \"Allow\",\n      \"Action\": \"kms:*\",\n      \"Resource\": \"*\",\n      \"Principal\": {\n        \"AWS\": \"arn:aws:iam::051939627954:root\"\n      }\n    },\n    {\n      \"Sid\": \"Allow access for Key Administrators\",\n      \"Effect\": \"Allow\",\n      \"Action\": [\n        \"kms:Update*\",\n        \"kms:UntagResource\",\n        \"kms:TagResource\",\n        \"kms:ScheduleKeyDeletion\",\n        \"kms:Revoke*\",\n        \"kms:Put*\",\n        \"kms:List*\",\n        \"kms:Get*\",\n        \"kms:Enable*\",\n        \"kms:Disable*\",\n        \"kms:Describe*\",\n        \"kms:Delete*\",\n        \"kms:Create*\",\n        \"kms:CancelKeyDeletion\"\n      ],\n      \"Resource\": \"*\",\n      \"Principal\": {\n        \"AWS\": \"arn:aws:iam::051939627954:root\"\n      }\n    },\n    {\n      \"Sid\": \"Allow use of the key for decryption only\",\n      \"Effect\": \"Allow\",\n      \"Action\": \"kms:Decrypt\",\n      \"Resource\": \"*\",\n      \"Principal\": {\n        \"AWS\": \"arn:aws:iam::051939627954:root\"\n      }\n    }\n  ]\n}",
              "override_policy_documents": null,
              "policy_id": null,
              "source_policy_documents": null,
              "statement": [
                {
                  "actions": [
                    "kms:*"
                  ],
                  "condition": [],
                  "effect": "Allow",
                  "not_actions": [],
                  "not_principals": [],
                  "not_resources": [],
                  "principals": [
                    {
                      "identifiers": [
                        "arn:aws:iam::051939627954:root"
                      ],
                      "type": "AWS"
                    }
                  ],
                  "resources": [
                    "*"
                  ],
                  "sid": "Enable IAM Root User Permissions"
                },
                {
                  "actions": [
                    "kms:CancelKeyDeletion",
                    "kms:Create*",
                    "kms:Delete*",
                    "kms:Describe*",
                    "kms:Disable*",
                    "kms:Enable*",
                    "kms:Get*",
                    "kms:List*",
                    "kms:Put*",
                    "kms:Revoke*",
                    "kms:ScheduleKeyDeletion",
                    "kms:TagResource",
                    "kms:UntagResource",
                    "kms:Update*"
                  ],
                  "condition": [],
                  "effect": "Allow",
                  "not_actions": [],
                  "not_principals": [],
                  "not_resources": [],
                  "principals": [
                    {
                      "identifiers": [
                        "arn:aws:iam::051939627954:root"
                      ],
                      "type": "AWS"
                    }
                  ],
                  "resources": [
                    "*"
                  ],
                  "sid": "Allow access for Key Administrators"
                },
                {
                  "actions": [
                    "kms:Decrypt"
                  ],
                  "condition": [],
                  "effect": "Allow",
                  "not_actions": [],
                  "not_principals": [],
                  "not_resources": [],
                  "principals": [
                    {
                      "identifiers": [
                        "arn:aws:iam::051939627954:root"
                      ],
                      "type": "AWS"
                    }
                  ],
                  "resources": [
                    "*"
                  ],
                  "sid": "Allow use of the key for decryption only"
                }
              ],
              "version": "2012-10-17"
            },
            "sensitive_attributes": []
          }
        ]
      },
      {
        "module": "module.tm_platform_secret_prerequisites.module.kms_platform_secrets",
        "mode": "managed",
        "type": "aws_kms_alias",
        "name": "this",
        "provider": "provider[\"registry.terraform.io/hashicorp/aws\"]",
        "instances": [
          {
            "schema_version": 0,
            "attributes": {
              "arn": "arn:aws:kms:eu-west-2:051939627954:alias/sandbox-tm-platform-secrets",
              "id": "alias/sandbox-tm-platform-secrets",
              "name": "alias/sandbox-tm-platform-secrets",
              "name_prefix": "",
              "target_key_arn": "arn:aws:kms:eu-west-2:051939627954:key/6630b386-ad35-41c0-a003-93f3e863d1cf",
              "target_key_id": "6630b386-ad35-41c0-a003-93f3e863d1cf"
            },
            "sensitive_attributes": [],
            "private": "bnVsbA==",
            "dependencies": [
              "module.tm_platform_secret_prerequisites.module.kms_platform_secrets.aws_kms_key.this",
              "module.tm_platform_secret_prerequisites.module.kms_platform_secrets.data.aws_caller_identity.current",
              "module.tm_platform_secret_prerequisites.module.kms_platform_secrets.data.aws_iam_policy_document.combined_with_serviceprincipals_and_conditions",
              "module.tm_platform_secret_prerequisites.module.kms_platform_secrets.data.aws_iam_policy_document.combined_with_viaservice_condition",
              "module.tm_platform_secret_prerequisites.module.kms_platform_secrets.data.aws_iam_policy_document.general_policy"
            ]
          }
        ]
      },
      {
        "module": "module.tm_platform_secret_prerequisites.module.kms_platform_secrets",
        "mode": "managed",
        "type": "aws_kms_key",
        "name": "this",
        "provider": "provider[\"registry.terraform.io/hashicorp/aws\"]",
        "instances": [
          {
            "schema_version": 0,
            "attributes": {
              "arn": "arn:aws:kms:eu-west-2:051939627954:key/6630b386-ad35-41c0-a003-93f3e863d1cf",
              "bypass_policy_lockout_safety_check": false,
              "custom_key_store_id": "",
              "customer_master_key_spec": "SYMMETRIC_DEFAULT",
              "deletion_window_in_days": null,
              "description": "KMS key to encrypt sandbox-tm platform-secrets",
              "enable_key_rotation": true,
              "id": "6630b386-ad35-41c0-a003-93f3e863d1cf",
              "is_enabled": true,
              "key_id": "6630b386-ad35-41c0-a003-93f3e863d1cf",
              "key_usage": "ENCRYPT_DECRYPT",
              "multi_region": false,
              "policy": "{\"Statement\":[{\"Action\":\"kms:*\",\"Effect\":\"Allow\",\"Principal\":{\"AWS\":\"arn:aws:iam::051939627954:root\"},\"Resource\":\"*\",\"Sid\":\"Enable IAM Root User Permissions\"},{\"Action\":[\"kms:Update*\",\"kms:UntagResource\",\"kms:TagResource\",\"kms:ScheduleKeyDeletion\",\"kms:Revoke*\",\"kms:Put*\",\"kms:List*\",\"kms:Get*\",\"kms:Enable*\",\"kms:Disable*\",\"kms:Describe*\",\"kms:Delete*\",\"kms:Create*\",\"kms:CancelKeyDeletion\"],\"Effect\":\"Allow\",\"Principal\":{\"AWS\":\"arn:aws:iam::051939627954:root\"},\"Resource\":\"*\",\"Sid\":\"Allow access for Key Administrators\"},{\"Action\":\"kms:Decrypt\",\"Effect\":\"Allow\",\"Principal\":{\"AWS\":\"arn:aws:iam::051939627954:root\"},\"Resource\":\"*\",\"Sid\":\"Allow use of the key for decryption only\"},{\"Action\":[\"kms:ReEncrypt\",\"kms:GenerateDataKey*\",\"kms:Encrypt\",\"kms:DescribeKey\",\"kms:Decrypt\",\"kms:CreateGrant\"],\"Condition\":{\"StringEquals\":{\"kms:CallerAccount\":\"051939627954\",\"kms:ViaService\":\"secretsmanager.eu-west-2.amazonaws.com\"}},\"Effect\":\"Allow\",\"Principal\":{\"AWS\":\"*\"},\"Resource\":\"*\"}],\"Version\":\"2012-10-17\"}",
              "tags": null,
              "tags_all": {
                "blx:created-by": "terraform",
                "blx:owner": "all",
                "blx:repository-name": "tmuk-tf-spacelift-prerequisites",
                "blx:tag-version": "1"
              }
            },
            "sensitive_attributes": [],
            "private": "bnVsbA==",
            "dependencies": [
              "module.tm_platform_secret_prerequisites.module.kms_platform_secrets.data.aws_caller_identity.current",
              "module.tm_platform_secret_prerequisites.module.kms_platform_secrets.data.aws_iam_policy_document.combined_with_serviceprincipals_and_conditions",
              "module.tm_platform_secret_prerequisites.module.kms_platform_secrets.data.aws_iam_policy_document.combined_with_viaservice_condition",
              "module.tm_platform_secret_prerequisites.module.kms_platform_secrets.data.aws_iam_policy_document.general_policy"
            ]
          }
        ]
      }
    ],
    "check_results": []
  }