{
  "version": 4,
  "terraform_version": "1.5.5",
  "serial": 919,
  "lineage": "9f93f760-bf3e-f7cf-32d7-21bb20297aae",
  "outputs": {},
  "resources": [
    {
      "module": "module.data_secret_prerequisites.module.argocd_github_app_secret",
      "mode": "managed",
      "type": "aws_secretsmanager_secret",
      "name": "this",
      "provider": "module.data_secret_prerequisites.provider[\"registry.terraform.io/hashicorp/aws\"]",
      "instances": [
        {
          "index_key": "/sandbox/data/platform/argocd/github-app-private-key",
          "schema_version": 0,
          "attributes": {
            "arn": "arn:aws:secretsmanager:eu-central-1:198698840116:secret:/sandbox/data/platform/argocd/github-app-private-key-yKVLf7",
            "description": "",
            "force_overwrite_replica_secret": false,
            "id": "arn:aws:secretsmanager:eu-central-1:198698840116:secret:/sandbox/data/platform/argocd/github-app-private-key-yKVLf7",
            "kms_key_id": "arn:aws:kms:eu-central-1:198698840116:key/b1b7875f-f053-408a-8404-49e26b52908b",
            "name": "/sandbox/data/platform/argocd/github-app-private-key",
            "name_prefix": "",
            "policy": "",
            "recovery_window_in_days": 0,
            "replica": [],
            "tags": null,
            "tags_all": {
              "blx:created-by": "terraform",
              "blx:environment": "sandbox",
              "blx:owner": "all",
              "blx:repository-name": "tf-spacelift-prerequisites",
              "blx:skeleton-name": "platform-secrets",
              "blx:tag-version": "1"
            }
          },
          "sensitive_attributes": [],
          "private": "bnVsbA==",
          "dependencies": [
            "module.data_secret_prerequisites.module.kms_platform_secrets.aws_kms_key.this",
            "module.data_secret_prerequisites.module.kms_platform_secrets.data.aws_iam_policy_document.combined_with_serviceprincipals_and_conditions",
            "module.data_secret_prerequisites.module.kms_platform_secrets.data.aws_iam_policy_document.combined_with_viaservice_condition",
            "module.data_secret_prerequisites.module.kms_platform_secrets.data.aws_iam_policy_document.general_policy"
          ]
        }
      ]
    },
    {
      "module": "module.data_secret_prerequisites.module.argocd_github_token",
      "mode": "managed",
      "type": "aws_secretsmanager_secret",
      "name": "this",
      "provider": "provider[\"registry.terraform.io/hashicorp/aws\"]",
      "instances": [
        {
          "index_key": "/sandbox/data/platform/argocd/github-token",
          "schema_version": 0,
          "attributes": {
            "arn": "arn:aws:secretsmanager:eu-central-1:198698840116:secret:/sandbox/data/platform/argocd/github-token-7LTPRY",
            "description": "",
            "force_overwrite_replica_secret": false,
            "id": "arn:aws:secretsmanager:eu-central-1:198698840116:secret:/sandbox/data/platform/argocd/github-token-7LTPRY",
            "kms_key_id": "arn:aws:kms:eu-central-1:198698840116:key/b1b7875f-f053-408a-8404-49e26b52908b",
            "name": "/sandbox/data/platform/argocd/github-token",
            "name_prefix": "",
            "policy": "",
            "recovery_window_in_days": 0,
            "replica": [],
            "tags": null,
            "tags_all": {
              "blx:created-by": "terraform",
              "blx:owner": "all",
              "blx:repository-name": "tf-spacelift-prerequisites",
              "blx:tag-version": "1"
            }
          },
          "sensitive_attributes": [],
          "private": "bnVsbA==",
          "dependencies": [
            "module.data_secret_prerequisites.module.kms_platform_secrets.aws_kms_key.this",
            "module.data_secret_prerequisites.module.kms_platform_secrets.data.aws_iam_policy_document.combined_with_serviceprincipals_and_conditions",
            "module.data_secret_prerequisites.module.kms_platform_secrets.data.aws_iam_policy_document.combined_with_viaservice_condition",
            "module.data_secret_prerequisites.module.kms_platform_secrets.data.aws_iam_policy_document.general_policy"
          ]
        }
      ]
    },
    {
      "module": "module.data_secret_prerequisites.module.github_action_github_app_secret",
      "mode": "managed",
      "type": "aws_secretsmanager_secret",
      "name": "this",
      "provider": "module.data_secret_prerequisites.provider[\"registry.terraform.io/hashicorp/aws\"]",
      "instances": [
        {
          "index_key": "/sandbox/data/platform/github-action/github-app-private-key",
          "schema_version": 0,
          "attributes": {
            "arn": "arn:aws:secretsmanager:eu-central-1:198698840116:secret:/sandbox/data/platform/github-action/github-app-private-key-rPhmY8",
            "description": "",
            "force_overwrite_replica_secret": false,
            "id": "arn:aws:secretsmanager:eu-central-1:198698840116:secret:/sandbox/data/platform/github-action/github-app-private-key-rPhmY8",
            "kms_key_id": "arn:aws:kms:eu-central-1:198698840116:key/b1b7875f-f053-408a-8404-49e26b52908b",
            "name": "/sandbox/data/platform/github-action/github-app-private-key",
            "name_prefix": "",
            "policy": "",
            "recovery_window_in_days": 0,
            "replica": [],
            "tags": null,
            "tags_all": {
              "blx:created-by": "terraform",
              "blx:environment": "sandbox",
              "blx:owner": "all",
              "blx:repository-name": "tf-spacelift-prerequisites",
              "blx:skeleton-name": "platform-secrets",
              "blx:tag-version": "1"
            }
          },
          "sensitive_attributes": [],
          "private": "bnVsbA==",
          "dependencies": [
            "module.data_secret_prerequisites.module.kms_platform_secrets.aws_kms_key.this",
            "module.data_secret_prerequisites.module.kms_platform_secrets.data.aws_iam_policy_document.combined_with_serviceprincipals_and_conditions",
            "module.data_secret_prerequisites.module.kms_platform_secrets.data.aws_iam_policy_document.combined_with_viaservice_condition",
            "module.data_secret_prerequisites.module.kms_platform_secrets.data.aws_iam_policy_document.general_policy"
          ]
        }
      ]
    },
    {
      "module": "module.data_secret_prerequisites.module.kms_platform_secrets",
      "mode": "data",
      "type": "aws_caller_identity",
      "name": "current",
      "provider": "module.data_secret_prerequisites.provider[\"registry.terraform.io/hashicorp/aws\"]",
      "instances": [
        {
          "schema_version": 0,
          "attributes": {
            "account_id": "198698840116",
            "arn": "arn:aws:sts::198698840116:assumed-role/AWSReservedSSO_AdministratorAccess_8fd15f4acf5d774e/maak@gft.com",
            "id": "198698840116",
            "user_id": "AROAS4Q27WA2HCRQERZVN:maak@gft.com"
          },
          "sensitive_attributes": []
        }
      ]
    },
    {
      "module": "module.data_secret_prerequisites.module.kms_platform_secrets",
      "mode": "data",
      "type": "aws_iam_policy_document",
      "name": "combined_with_serviceprincipals_and_conditions",
      "provider": "module.data_secret_prerequisites.provider[\"registry.terraform.io/hashicorp/aws\"]",
      "instances": [
        {
          "schema_version": 0,
          "attributes": {
            "id": "3169203134",
            "json": "{\n  \"Version\": \"2012-10-17\",\n  \"Statement\": [\n    {\n      \"Sid\": \"Enable IAM Root User Permissions\",\n      \"Effect\": \"Allow\",\n      \"Action\": \"kms:*\",\n      \"Resource\": \"*\",\n      \"Principal\": {\n        \"AWS\": \"arn:aws:iam::198698840116:root\"\n      }\n    },\n    {\n      \"Sid\": \"Allow access for Key Administrators\",\n      \"Effect\": \"Allow\",\n      \"Action\": [\n        \"kms:Update*\",\n        \"kms:UntagResource\",\n        \"kms:TagResource\",\n        \"kms:ScheduleKeyDeletion\",\n        \"kms:Revoke*\",\n        \"kms:Put*\",\n        \"kms:List*\",\n        \"kms:Get*\",\n        \"kms:Enable*\",\n        \"kms:Disable*\",\n        \"kms:Describe*\",\n        \"kms:Delete*\",\n        \"kms:Create*\",\n        \"kms:CancelKeyDeletion\"\n      ],\n      \"Resource\": \"*\",\n      \"Principal\": {\n        \"AWS\": \"arn:aws:iam::198698840116:root\"\n      }\n    },\n    {\n      \"Sid\": \"Allow use of the key for decryption only\",\n      \"Effect\": \"Allow\",\n      \"Action\": \"kms:Decrypt\",\n      \"Resource\": \"*\",\n      \"Principal\": {\n        \"AWS\": \"arn:aws:iam::198698840116:root\"\n      }\n    }\n  ]\n}",
            "override_policy_documents": null,
            "policy_id": null,
            "source_policy_documents": [
              "{\n  \"Version\": \"2012-10-17\",\n  \"Statement\": [\n    {\n      \"Sid\": \"Enable IAM Root User Permissions\",\n      \"Effect\": \"Allow\",\n      \"Action\": \"kms:*\",\n      \"Resource\": \"*\",\n      \"Principal\": {\n        \"AWS\": \"arn:aws:iam::198698840116:root\"\n      }\n    },\n    {\n      \"Sid\": \"Allow access for Key Administrators\",\n      \"Effect\": \"Allow\",\n      \"Action\": [\n        \"kms:Update*\",\n        \"kms:UntagResource\",\n        \"kms:TagResource\",\n        \"kms:ScheduleKeyDeletion\",\n        \"kms:Revoke*\",\n        \"kms:Put*\",\n        \"kms:List*\",\n        \"kms:Get*\",\n        \"kms:Enable*\",\n        \"kms:Disable*\",\n        \"kms:Describe*\",\n        \"kms:Delete*\",\n        \"kms:Create*\",\n        \"kms:CancelKeyDeletion\"\n      ],\n      \"Resource\": \"*\",\n      \"Principal\": {\n        \"AWS\": \"arn:aws:iam::198698840116:root\"\n      }\n    },\n    {\n      \"Sid\": \"Allow use of the key for decryption only\",\n      \"Effect\": \"Allow\",\n      \"Action\": \"kms:Decrypt\",\n      \"Resource\": \"*\",\n      \"Principal\": {\n        \"AWS\": \"arn:aws:iam::198698840116:root\"\n      }\n    }\n  ]\n}"
            ],
            "statement": null,
            "version": "2012-10-17"
          },
          "sensitive_attributes": []
        }
      ]
    },
    {
      "module": "module.data_secret_prerequisites.module.kms_platform_secrets",
      "mode": "data",
      "type": "aws_iam_policy_document",
      "name": "combined_with_viaservice_condition",
      "provider": "module.data_secret_prerequisites.provider[\"registry.terraform.io/hashicorp/aws\"]",
      "instances": [
        {
          "schema_version": 0,
          "attributes": {
            "id": "3048074785",
            "json": "{\n  \"Version\": \"2012-10-17\",\n  \"Statement\": [\n    {\n      \"Sid\": \"Enable IAM Root User Permissions\",\n      \"Effect\": \"Allow\",\n      \"Action\": \"kms:*\",\n      \"Resource\": \"*\",\n      \"Principal\": {\n        \"AWS\": \"arn:aws:iam::198698840116:root\"\n      }\n    },\n    {\n      \"Sid\": \"Allow access for Key Administrators\",\n      \"Effect\": \"Allow\",\n      \"Action\": [\n        \"kms:Update*\",\n        \"kms:UntagResource\",\n        \"kms:TagResource\",\n        \"kms:ScheduleKeyDeletion\",\n        \"kms:Revoke*\",\n        \"kms:Put*\",\n        \"kms:List*\",\n        \"kms:Get*\",\n        \"kms:Enable*\",\n        \"kms:Disable*\",\n        \"kms:Describe*\",\n        \"kms:Delete*\",\n        \"kms:Create*\",\n        \"kms:CancelKeyDeletion\"\n      ],\n      \"Resource\": \"*\",\n      \"Principal\": {\n        \"AWS\": \"arn:aws:iam::198698840116:root\"\n      }\n    },\n    {\n      \"Sid\": \"Allow use of the key for decryption only\",\n      \"Effect\": \"Allow\",\n      \"Action\": \"kms:Decrypt\",\n      \"Resource\": \"*\",\n      \"Principal\": {\n        \"AWS\": \"arn:aws:iam::198698840116:root\"\n      }\n    },\n    {\n      \"Effect\": \"Allow\",\n      \"Action\": [\n        \"kms:ReEncrypt\",\n        \"kms:GenerateDataKey*\",\n        \"kms:Encrypt\",\n        \"kms:DescribeKey\",\n        \"kms:Decrypt\",\n        \"kms:CreateGrant\"\n      ],\n      \"Resource\": \"*\",\n      \"Principal\": {\n        \"AWS\": \"*\"\n      },\n      \"Condition\": {\n        \"StringEquals\": {\n          \"kms:CallerAccount\": \"198698840116\",\n          \"kms:ViaService\": \"secretsmanager.eu-central-1.amazonaws.com\"\n        }\n      }\n    }\n  ]\n}",
            "override_policy_documents": null,
            "policy_id": null,
            "source_policy_documents": [
              "{\n  \"Version\": \"2012-10-17\",\n  \"Statement\": [\n    {\n      \"Sid\": \"Enable IAM Root User Permissions\",\n      \"Effect\": \"Allow\",\n      \"Action\": \"kms:*\",\n      \"Resource\": \"*\",\n      \"Principal\": {\n        \"AWS\": \"arn:aws:iam::198698840116:root\"\n      }\n    },\n    {\n      \"Sid\": \"Allow access for Key Administrators\",\n      \"Effect\": \"Allow\",\n      \"Action\": [\n        \"kms:Update*\",\n        \"kms:UntagResource\",\n        \"kms:TagResource\",\n        \"kms:ScheduleKeyDeletion\",\n        \"kms:Revoke*\",\n        \"kms:Put*\",\n        \"kms:List*\",\n        \"kms:Get*\",\n        \"kms:Enable*\",\n        \"kms:Disable*\",\n        \"kms:Describe*\",\n        \"kms:Delete*\",\n        \"kms:Create*\",\n        \"kms:CancelKeyDeletion\"\n      ],\n      \"Resource\": \"*\",\n      \"Principal\": {\n        \"AWS\": \"arn:aws:iam::198698840116:root\"\n      }\n    },\n    {\n      \"Sid\": \"Allow use of the key for decryption only\",\n      \"Effect\": \"Allow\",\n      \"Action\": \"kms:Decrypt\",\n      \"Resource\": \"*\",\n      \"Principal\": {\n        \"AWS\": \"arn:aws:iam::198698840116:root\"\n      }\n    }\n  ]\n}"
            ],
            "statement": [
              {
                "actions": [
                  "kms:CreateGrant",
                  "kms:Decrypt",
                  "kms:DescribeKey",
                  "kms:Encrypt",
                  "kms:GenerateDataKey*",
                  "kms:ReEncrypt"
                ],
                "condition": [
                  {
                    "test": "StringEquals",
                    "values": [
                      "198698840116"
                    ],
                    "variable": "kms:CallerAccount"
                  },
                  {
                    "test": "StringEquals",
                    "values": [
                      "secretsmanager.eu-central-1.amazonaws.com"
                    ],
                    "variable": "kms:ViaService"
                  }
                ],
                "effect": "Allow",
                "not_actions": [],
                "not_principals": [],
                "not_resources": [],
                "principals": [
                  {
                    "identifiers": [
                      "*"
                    ],
                    "type": "AWS"
                  }
                ],
                "resources": [
                  "*"
                ],
                "sid": ""
              }
            ],
            "version": "2012-10-17"
          },
          "sensitive_attributes": []
        }
      ]
    },
    {
      "module": "module.data_secret_prerequisites.module.kms_platform_secrets",
      "mode": "data",
      "type": "aws_iam_policy_document",
      "name": "general_policy",
      "provider": "module.data_secret_prerequisites.provider[\"registry.terraform.io/hashicorp/aws\"]",
      "instances": [
        {
          "schema_version": 0,
          "attributes": {
            "id": "3169203134",
            "json": "{\n  \"Version\": \"2012-10-17\",\n  \"Statement\": [\n    {\n      \"Sid\": \"Enable IAM Root User Permissions\",\n      \"Effect\": \"Allow\",\n      \"Action\": \"kms:*\",\n      \"Resource\": \"*\",\n      \"Principal\": {\n        \"AWS\": \"arn:aws:iam::198698840116:root\"\n      }\n    },\n    {\n      \"Sid\": \"Allow access for Key Administrators\",\n      \"Effect\": \"Allow\",\n      \"Action\": [\n        \"kms:Update*\",\n        \"kms:UntagResource\",\n        \"kms:TagResource\",\n        \"kms:ScheduleKeyDeletion\",\n        \"kms:Revoke*\",\n        \"kms:Put*\",\n        \"kms:List*\",\n        \"kms:Get*\",\n        \"kms:Enable*\",\n        \"kms:Disable*\",\n        \"kms:Describe*\",\n        \"kms:Delete*\",\n        \"kms:Create*\",\n        \"kms:CancelKeyDeletion\"\n      ],\n      \"Resource\": \"*\",\n      \"Principal\": {\n        \"AWS\": \"arn:aws:iam::198698840116:root\"\n      }\n    },\n    {\n      \"Sid\": \"Allow use of the key for decryption only\",\n      \"Effect\": \"Allow\",\n      \"Action\": \"kms:Decrypt\",\n      \"Resource\": \"*\",\n      \"Principal\": {\n        \"AWS\": \"arn:aws:iam::198698840116:root\"\n      }\n    }\n  ]\n}",
            "override_policy_documents": null,
            "policy_id": null,
            "source_policy_documents": null,
            "statement": [
              {
                "actions": [
                  "kms:*"
                ],
                "condition": [],
                "effect": "Allow",
                "not_actions": [],
                "not_principals": [],
                "not_resources": [],
                "principals": [
                  {
                    "identifiers": [
                      "arn:aws:iam::198698840116:root"
                    ],
                    "type": "AWS"
                  }
                ],
                "resources": [
                  "*"
                ],
                "sid": "Enable IAM Root User Permissions"
              },
              {
                "actions": [
                  "kms:CancelKeyDeletion",
                  "kms:Create*",
                  "kms:Delete*",
                  "kms:Describe*",
                  "kms:Disable*",
                  "kms:Enable*",
                  "kms:Get*",
                  "kms:List*",
                  "kms:Put*",
                  "kms:Revoke*",
                  "kms:ScheduleKeyDeletion",
                  "kms:TagResource",
                  "kms:UntagResource",
                  "kms:Update*"
                ],
                "condition": [],
                "effect": "Allow",
                "not_actions": [],
                "not_principals": [],
                "not_resources": [],
                "principals": [
                  {
                    "identifiers": [
                      "arn:aws:iam::198698840116:root"
                    ],
                    "type": "AWS"
                  }
                ],
                "resources": [
                  "*"
                ],
                "sid": "Allow access for Key Administrators"
              },
              {
                "actions": [
                  "kms:Decrypt"
                ],
                "condition": [],
                "effect": "Allow",
                "not_actions": [],
                "not_principals": [],
                "not_resources": [],
                "principals": [
                  {
                    "identifiers": [
                      "arn:aws:iam::198698840116:root"
                    ],
                    "type": "AWS"
                  }
                ],
                "resources": [
                  "*"
                ],
                "sid": "Allow use of the key for decryption only"
              }
            ],
            "version": "2012-10-17"
          },
          "sensitive_attributes": []
        }
      ]
    },
    {
      "module": "module.data_secret_prerequisites.module.kms_platform_secrets",
      "mode": "managed",
      "type": "aws_kms_alias",
      "name": "this",
      "provider": "provider[\"registry.terraform.io/hashicorp/aws\"]",
      "instances": [
        {
          "schema_version": 0,
          "attributes": {
            "arn": "arn:aws:kms:eu-central-1:198698840116:alias/sandbox-data-platform-secrets",
            "id": "alias/sandbox-data-platform-secrets",
            "name": "alias/sandbox-data-platform-secrets",
            "name_prefix": "",
            "target_key_arn": "arn:aws:kms:eu-central-1:198698840116:key/b1b7875f-f053-408a-8404-49e26b52908b",
            "target_key_id": "b1b7875f-f053-408a-8404-49e26b52908b"
          },
          "sensitive_attributes": [],
          "private": "bnVsbA==",
          "dependencies": [
            "module.data_secret_prerequisites.module.kms_platform_secrets.aws_kms_key.this",
            "module.data_secret_prerequisites.module.kms_platform_secrets.data.aws_iam_policy_document.combined_with_serviceprincipals_and_conditions",
            "module.data_secret_prerequisites.module.kms_platform_secrets.data.aws_iam_policy_document.combined_with_viaservice_condition",
            "module.data_secret_prerequisites.module.kms_platform_secrets.data.aws_iam_policy_document.general_policy"
          ]
        }
      ]
    },
    {
      "module": "module.data_secret_prerequisites.module.kms_platform_secrets",
      "mode": "managed",
      "type": "aws_kms_key",
      "name": "this",
      "provider": "module.data_secret_prerequisites.provider[\"registry.terraform.io/hashicorp/aws\"]",
      "instances": [
        {
          "schema_version": 0,
          "attributes": {
            "arn": "arn:aws:kms:eu-central-1:198698840116:key/b1b7875f-f053-408a-8404-49e26b52908b",
            "bypass_policy_lockout_safety_check": false,
            "custom_key_store_id": "",
            "customer_master_key_spec": "SYMMETRIC_DEFAULT",
            "deletion_window_in_days": null,
            "description": "KMS key to encrypt sandbox-data platform-secrets",
            "enable_key_rotation": true,
            "id": "b1b7875f-f053-408a-8404-49e26b52908b",
            "is_enabled": true,
            "key_id": "b1b7875f-f053-408a-8404-49e26b52908b",
            "key_usage": "ENCRYPT_DECRYPT",
            "multi_region": false,
            "policy": "{\"Statement\":[{\"Action\":\"kms:*\",\"Effect\":\"Allow\",\"Principal\":{\"AWS\":\"arn:aws:iam::198698840116:root\"},\"Resource\":\"*\",\"Sid\":\"Enable IAM Root User Permissions\"},{\"Action\":[\"kms:Update*\",\"kms:UntagResource\",\"kms:TagResource\",\"kms:ScheduleKeyDeletion\",\"kms:Revoke*\",\"kms:Put*\",\"kms:List*\",\"kms:Get*\",\"kms:Enable*\",\"kms:Disable*\",\"kms:Describe*\",\"kms:Delete*\",\"kms:Create*\",\"kms:CancelKeyDeletion\"],\"Effect\":\"Allow\",\"Principal\":{\"AWS\":\"arn:aws:iam::198698840116:root\"},\"Resource\":\"*\",\"Sid\":\"Allow access for Key Administrators\"},{\"Action\":\"kms:Decrypt\",\"Effect\":\"Allow\",\"Principal\":{\"AWS\":\"arn:aws:iam::198698840116:root\"},\"Resource\":\"*\",\"Sid\":\"Allow use of the key for decryption only\"},{\"Action\":[\"kms:ReEncrypt\",\"kms:GenerateDataKey*\",\"kms:Encrypt\",\"kms:DescribeKey\",\"kms:Decrypt\",\"kms:CreateGrant\"],\"Condition\":{\"StringEquals\":{\"kms:CallerAccount\":\"198698840116\",\"kms:ViaService\":\"secretsmanager.eu-central-1.amazonaws.com\"}},\"Effect\":\"Allow\",\"Principal\":{\"AWS\":\"*\"},\"Resource\":\"*\"}],\"Version\":\"2012-10-17\"}",
            "tags": {},
            "tags_all": {
              "blx:created-by": "terraform",
              "blx:environment": "sandbox",
              "blx:owner": "all",
              "blx:repository-name": "tf-spacelift-prerequisites",
              "blx:skeleton-name": "platform-secrets",
              "blx:tag-version": "1"
            }
          },
          "sensitive_attributes": [],
          "private": "bnVsbA==",
          "dependencies": [
            "module.data_secret_prerequisites.module.kms_platform_secrets.data.aws_iam_policy_document.combined_with_serviceprincipals_and_conditions",
            "module.data_secret_prerequisites.module.kms_platform_secrets.data.aws_iam_policy_document.combined_with_viaservice_condition",
            "module.data_secret_prerequisites.module.kms_platform_secrets.data.aws_iam_policy_document.general_policy"
          ]
        }
      ]
    },
    {
      "module": "module.platform_secret_prerequisites.module.apollo_server_api_key[0]",
      "mode": "managed",
      "type": "aws_secretsmanager_secret",
      "name": "this",
      "provider": "provider[\"registry.terraform.io/hashicorp/aws\"]",
      "instances": [
        {
          "index_key": "/sandbox/apps/digibank/apollo/api-key",
          "schema_version": 0,
          "attributes": {
            "arn": "arn:aws:secretsmanager:eu-central-1:198698840116:secret:/sandbox/apps/digibank/apollo/api-key-ZA4DBL",
            "description": "",
            "force_overwrite_replica_secret": false,
            "id": "arn:aws:secretsmanager:eu-central-1:198698840116:secret:/sandbox/apps/digibank/apollo/api-key-ZA4DBL",
            "kms_key_id": "arn:aws:kms:eu-central-1:198698840116:key/36c8d0b8-5641-4171-b44e-6b2c859c6aaa",
            "name": "/sandbox/apps/digibank/apollo/api-key",
            "name_prefix": "",
            "policy": "",
            "recovery_window_in_days": 0,
            "replica": [],
            "rotation_enabled": false,
            "rotation_lambda_arn": "",
            "rotation_rules": [],
            "tags": {},
            "tags_all": {
              "blx:created-by": "terraform",
              "blx:owner": "all",
              "blx:repository-name": "tf-spacelift-prerequisites",
              "blx:tag-version": "1"
            }
          },
          "sensitive_attributes": [],
          "private": "bnVsbA==",
          "dependencies": [
            "module.platform_secret_prerequisites.module.kms_platform_secrets.aws_kms_key.this",
            "module.platform_secret_prerequisites.module.kms_platform_secrets.data.aws_iam_policy_document.combined_with_serviceprincipals_and_conditions",
            "module.platform_secret_prerequisites.module.kms_platform_secrets.data.aws_iam_policy_document.combined_with_viaservice_condition",
            "module.platform_secret_prerequisites.module.kms_platform_secrets.data.aws_iam_policy_document.general_policy"
          ]
        }
      ]
    },
    {
      "module": "module.platform_secret_prerequisites.module.appmesh_certificate_secrets[0]",
      "mode": "managed",
      "type": "aws_secretsmanager_secret",
      "name": "this",
      "provider": "provider[\"registry.terraform.io/hashicorp/aws\"]",
      "instances": [
        {
          "index_key": "/sandbox/apps/platform/appmesh/ca",
          "schema_version": 0,
          "attributes": {
            "arn": "arn:aws:secretsmanager:eu-central-1:198698840116:secret:/sandbox/apps/platform/appmesh/ca-wFNDAx",
            "description": "",
            "force_overwrite_replica_secret": false,
            "id": "arn:aws:secretsmanager:eu-central-1:198698840116:secret:/sandbox/apps/platform/appmesh/ca-wFNDAx",
            "kms_key_id": "arn:aws:kms:eu-central-1:198698840116:key/36c8d0b8-5641-4171-b44e-6b2c859c6aaa",
            "name": "/sandbox/apps/platform/appmesh/ca",
            "name_prefix": "",
            "policy": "",
            "recovery_window_in_days": 0,
            "replica": [],
            "rotation_enabled": false,
            "rotation_lambda_arn": "",
            "rotation_rules": [],
            "tags": {},
            "tags_all": {
              "blx:created-by": "terraform",
              "blx:owner": "all",
              "blx:repository-name": "tf-spacelift-prerequisites",
              "blx:tag-version": "1"
            }
          },
          "sensitive_attributes": [],
          "private": "bnVsbA==",
          "dependencies": [
            "module.platform_secret_prerequisites.module.kms_platform_secrets.aws_kms_key.this",
            "module.platform_secret_prerequisites.module.kms_platform_secrets.data.aws_iam_policy_document.combined_with_serviceprincipals_and_conditions",
            "module.platform_secret_prerequisites.module.kms_platform_secrets.data.aws_iam_policy_document.combined_with_viaservice_condition",
            "module.platform_secret_prerequisites.module.kms_platform_secrets.data.aws_iam_policy_document.general_policy"
          ]
        },
        {
          "index_key": "/sandbox/apps/platform/appmesh/root-ca-bundle",
          "schema_version": 0,
          "attributes": {
            "arn": "arn:aws:secretsmanager:eu-central-1:198698840116:secret:/sandbox/apps/platform/appmesh/root-ca-bundle-ail14l",
            "description": "",
            "force_overwrite_replica_secret": false,
            "id": "arn:aws:secretsmanager:eu-central-1:198698840116:secret:/sandbox/apps/platform/appmesh/root-ca-bundle-ail14l",
            "kms_key_id": "arn:aws:kms:eu-central-1:198698840116:key/36c8d0b8-5641-4171-b44e-6b2c859c6aaa",
            "name": "/sandbox/apps/platform/appmesh/root-ca-bundle",
            "name_prefix": "",
            "policy": "",
            "recovery_window_in_days": 0,
            "replica": [],
            "rotation_enabled": false,
            "rotation_lambda_arn": "",
            "rotation_rules": [],
            "tags": {},
            "tags_all": {
              "blx:created-by": "terraform",
              "blx:owner": "all",
              "blx:repository-name": "tf-spacelift-prerequisites",
              "blx:tag-version": "1"
            }
          },
          "sensitive_attributes": [],
          "private": "bnVsbA==",
          "dependencies": [
            "module.platform_secret_prerequisites.module.kms_platform_secrets.aws_kms_key.this",
            "module.platform_secret_prerequisites.module.kms_platform_secrets.data.aws_iam_policy_document.combined_with_serviceprincipals_and_conditions",
            "module.platform_secret_prerequisites.module.kms_platform_secrets.data.aws_iam_policy_document.combined_with_viaservice_condition",
            "module.platform_secret_prerequisites.module.kms_platform_secrets.data.aws_iam_policy_document.general_policy"
          ]
        }
      ]
    },
    {
      "module": "module.platform_secret_prerequisites.module.argocd_github_app_secret[0]",
      "mode": "managed",
      "type": "aws_secretsmanager_secret",
      "name": "this",
      "provider": "provider[\"registry.terraform.io/hashicorp/aws\"]",
      "instances": [
        {
          "index_key": "/sandbox/apps/platform/argocd/github-app-secret",
          "schema_version": 0,
          "attributes": {
            "arn": "arn:aws:secretsmanager:eu-central-1:198698840116:secret:/sandbox/apps/platform/argocd/github-app-secret-Nmb1b8",
            "description": "",
            "force_overwrite_replica_secret": false,
            "id": "arn:aws:secretsmanager:eu-central-1:198698840116:secret:/sandbox/apps/platform/argocd/github-app-secret-Nmb1b8",
            "kms_key_id": "arn:aws:kms:eu-central-1:198698840116:key/36c8d0b8-5641-4171-b44e-6b2c859c6aaa",
            "name": "/sandbox/apps/platform/argocd/github-app-secret",
            "name_prefix": "",
            "policy": "",
            "recovery_window_in_days": 0,
            "replica": [],
            "rotation_enabled": false,
            "rotation_lambda_arn": "",
            "rotation_rules": [],
            "tags": {},
            "tags_all": {
              "blx:created-by": "terraform",
              "blx:owner": "all",
              "blx:repository-name": "tf-spacelift-prerequisites",
              "blx:tag-version": "1"
            }
          },
          "sensitive_attributes": [],
          "private": "bnVsbA==",
          "dependencies": [
            "module.platform_secret_prerequisites.module.kms_platform_secrets.aws_kms_key.this",
            "module.platform_secret_prerequisites.module.kms_platform_secrets.data.aws_iam_policy_document.combined_with_serviceprincipals_and_conditions",
            "module.platform_secret_prerequisites.module.kms_platform_secrets.data.aws_iam_policy_document.combined_with_viaservice_condition",
            "module.platform_secret_prerequisites.module.kms_platform_secrets.data.aws_iam_policy_document.general_policy"
          ]
        }
      ]
    },
    {
      "module": "module.platform_secret_prerequisites.module.argocd_github_token",
      "mode": "managed",
      "type": "aws_secretsmanager_secret",
      "name": "this",
      "provider": "provider[\"registry.terraform.io/hashicorp/aws\"]",
      "instances": [
        {
          "index_key": "/sandbox/apps/platform/argocd/github-token",
          "schema_version": 0,
          "attributes": {
            "arn": "arn:aws:secretsmanager:eu-central-1:198698840116:secret:/sandbox/apps/platform/argocd/github-token-4SjHcg",
            "description": "",
            "force_overwrite_replica_secret": false,
            "id": "arn:aws:secretsmanager:eu-central-1:198698840116:secret:/sandbox/apps/platform/argocd/github-token-4SjHcg",
            "kms_key_id": "arn:aws:kms:eu-central-1:198698840116:key/36c8d0b8-5641-4171-b44e-6b2c859c6aaa",
            "name": "/sandbox/apps/platform/argocd/github-token",
            "name_prefix": "",
            "policy": "",
            "recovery_window_in_days": 0,
            "replica": [],
            "rotation_enabled": false,
            "rotation_lambda_arn": "",
            "rotation_rules": [],
            "tags": {
              "blx:environment": "sandbox",
              "blx:skeleton-name": "platform-secrets"
            },
            "tags_all": {
              "blx:created-by": "terraform",
              "blx:environment": "sandbox",
              "blx:owner": "all",
              "blx:repository-name": "tf-spacelift-prerequisites",
              "blx:skeleton-name": "platform-secrets",
              "blx:tag-version": "1"
            }
          },
          "sensitive_attributes": [],
          "private": "bnVsbA==",
          "dependencies": [
            "module.platform_secret_prerequisites.module.kms_platform_secrets.aws_kms_key.this",
            "module.platform_secret_prerequisites.module.kms_platform_secrets.data.aws_iam_policy_document.combined_with_serviceprincipals_and_conditions",
            "module.platform_secret_prerequisites.module.kms_platform_secrets.data.aws_iam_policy_document.combined_with_viaservice_condition",
            "module.platform_secret_prerequisites.module.kms_platform_secrets.data.aws_iam_policy_document.general_policy"
          ]
        }
      ]
    },
    {
      "module": "module.platform_secret_prerequisites.module.kms_platform_secrets",
      "mode": "data",
      "type": "aws_caller_identity",
      "name": "current",
      "provider": "provider[\"registry.terraform.io/hashicorp/aws\"]",
      "instances": [
        {
          "schema_version": 0,
          "attributes": {
            "account_id": "198698840116",
            "arn": "arn:aws:sts::198698840116:assumed-role/AWSReservedSSO_AdministratorAccess_8fd15f4acf5d774e/e-uzsw@gft.com",
            "id": "198698840116",
            "user_id": "AROAS4Q27WA2HCRQERZVN:e-uzsw@gft.com"
          },
          "sensitive_attributes": []
        }
      ]
    },
    {
      "module": "module.platform_secret_prerequisites.module.kms_platform_secrets",
      "mode": "data",
      "type": "aws_iam_policy_document",
      "name": "combined_with_serviceprincipals_and_conditions",
      "provider": "provider[\"registry.terraform.io/hashicorp/aws\"]",
      "instances": [
        {
          "schema_version": 0,
          "attributes": {
            "id": "3169203134",
            "json": "{\n  \"Version\": \"2012-10-17\",\n  \"Statement\": [\n    {\n      \"Sid\": \"Enable IAM Root User Permissions\",\n      \"Effect\": \"Allow\",\n      \"Action\": \"kms:*\",\n      \"Resource\": \"*\",\n      \"Principal\": {\n        \"AWS\": \"arn:aws:iam::198698840116:root\"\n      }\n    },\n    {\n      \"Sid\": \"Allow access for Key Administrators\",\n      \"Effect\": \"Allow\",\n      \"Action\": [\n        \"kms:Update*\",\n        \"kms:UntagResource\",\n        \"kms:TagResource\",\n        \"kms:ScheduleKeyDeletion\",\n        \"kms:Revoke*\",\n        \"kms:Put*\",\n        \"kms:List*\",\n        \"kms:Get*\",\n        \"kms:Enable*\",\n        \"kms:Disable*\",\n        \"kms:Describe*\",\n        \"kms:Delete*\",\n        \"kms:Create*\",\n        \"kms:CancelKeyDeletion\"\n      ],\n      \"Resource\": \"*\",\n      \"Principal\": {\n        \"AWS\": \"arn:aws:iam::198698840116:root\"\n      }\n    },\n    {\n      \"Sid\": \"Allow use of the key for decryption only\",\n      \"Effect\": \"Allow\",\n      \"Action\": \"kms:Decrypt\",\n      \"Resource\": \"*\",\n      \"Principal\": {\n        \"AWS\": \"arn:aws:iam::198698840116:root\"\n      }\n    }\n  ]\n}",
            "override_json": null,
            "override_policy_documents": null,
            "policy_id": null,
            "source_json": null,
            "source_policy_documents": [
              "{\n  \"Version\": \"2012-10-17\",\n  \"Statement\": [\n    {\n      \"Sid\": \"Enable IAM Root User Permissions\",\n      \"Effect\": \"Allow\",\n      \"Action\": \"kms:*\",\n      \"Resource\": \"*\",\n      \"Principal\": {\n        \"AWS\": \"arn:aws:iam::198698840116:root\"\n      }\n    },\n    {\n      \"Sid\": \"Allow access for Key Administrators\",\n      \"Effect\": \"Allow\",\n      \"Action\": [\n        \"kms:Update*\",\n        \"kms:UntagResource\",\n        \"kms:TagResource\",\n        \"kms:ScheduleKeyDeletion\",\n        \"kms:Revoke*\",\n        \"kms:Put*\",\n        \"kms:List*\",\n        \"kms:Get*\",\n        \"kms:Enable*\",\n        \"kms:Disable*\",\n        \"kms:Describe*\",\n        \"kms:Delete*\",\n        \"kms:Create*\",\n        \"kms:CancelKeyDeletion\"\n      ],\n      \"Resource\": \"*\",\n      \"Principal\": {\n        \"AWS\": \"arn:aws:iam::198698840116:root\"\n      }\n    },\n    {\n      \"Sid\": \"Allow use of the key for decryption only\",\n      \"Effect\": \"Allow\",\n      \"Action\": \"kms:Decrypt\",\n      \"Resource\": \"*\",\n      \"Principal\": {\n        \"AWS\": \"arn:aws:iam::198698840116:root\"\n      }\n    }\n  ]\n}"
            ],
            "statement": null,
            "version": "2012-10-17"
          },
          "sensitive_attributes": []
        }
      ]
    },
    {
      "module": "module.platform_secret_prerequisites.module.kms_platform_secrets",
      "mode": "data",
      "type": "aws_iam_policy_document",
      "name": "combined_with_viaservice_condition",
      "provider": "provider[\"registry.terraform.io/hashicorp/aws\"]",
      "instances": [
        {
          "schema_version": 0,
          "attributes": {
            "id": "1449284796",
            "json": "{\n  \"Version\": \"2012-10-17\",\n  \"Statement\": [\n    {\n      \"Sid\": \"Enable IAM Root User Permissions\",\n      \"Effect\": \"Allow\",\n      \"Action\": \"kms:*\",\n      \"Resource\": \"*\",\n      \"Principal\": {\n        \"AWS\": \"arn:aws:iam::198698840116:root\"\n      }\n    },\n    {\n      \"Sid\": \"Allow access for Key Administrators\",\n      \"Effect\": \"Allow\",\n      \"Action\": [\n        \"kms:Update*\",\n        \"kms:UntagResource\",\n        \"kms:TagResource\",\n        \"kms:ScheduleKeyDeletion\",\n        \"kms:Revoke*\",\n        \"kms:Put*\",\n        \"kms:List*\",\n        \"kms:Get*\",\n        \"kms:Enable*\",\n        \"kms:Disable*\",\n        \"kms:Describe*\",\n        \"kms:Delete*\",\n        \"kms:Create*\",\n        \"kms:CancelKeyDeletion\"\n      ],\n      \"Resource\": \"*\",\n      \"Principal\": {\n        \"AWS\": \"arn:aws:iam::198698840116:root\"\n      }\n    },\n    {\n      \"Sid\": \"Allow use of the key for decryption only\",\n      \"Effect\": \"Allow\",\n      \"Action\": \"kms:Decrypt\",\n      \"Resource\": \"*\",\n      \"Principal\": {\n        \"AWS\": \"arn:aws:iam::198698840116:root\"\n      }\n    },\n    {\n      \"Sid\": \"\",\n      \"Effect\": \"Allow\",\n      \"Action\": [\n        \"kms:ReEncrypt\",\n        \"kms:GenerateDataKey*\",\n        \"kms:Encrypt\",\n        \"kms:DescribeKey\",\n        \"kms:Decrypt\",\n        \"kms:CreateGrant\"\n      ],\n      \"Resource\": \"*\",\n      \"Principal\": {\n        \"AWS\": \"*\"\n      },\n      \"Condition\": {\n        \"StringEquals\": {\n          \"kms:CallerAccount\": \"198698840116\",\n          \"kms:ViaService\": \"secretsmanager.eu-central-1.amazonaws.com\"\n        }\n      }\n    }\n  ]\n}",
            "override_json": null,
            "override_policy_documents": null,
            "policy_id": null,
            "source_json": null,
            "source_policy_documents": [
              "{\n  \"Version\": \"2012-10-17\",\n  \"Statement\": [\n    {\n      \"Sid\": \"Enable IAM Root User Permissions\",\n      \"Effect\": \"Allow\",\n      \"Action\": \"kms:*\",\n      \"Resource\": \"*\",\n      \"Principal\": {\n        \"AWS\": \"arn:aws:iam::198698840116:root\"\n      }\n    },\n    {\n      \"Sid\": \"Allow access for Key Administrators\",\n      \"Effect\": \"Allow\",\n      \"Action\": [\n        \"kms:Update*\",\n        \"kms:UntagResource\",\n        \"kms:TagResource\",\n        \"kms:ScheduleKeyDeletion\",\n        \"kms:Revoke*\",\n        \"kms:Put*\",\n        \"kms:List*\",\n        \"kms:Get*\",\n        \"kms:Enable*\",\n        \"kms:Disable*\",\n        \"kms:Describe*\",\n        \"kms:Delete*\",\n        \"kms:Create*\",\n        \"kms:CancelKeyDeletion\"\n      ],\n      \"Resource\": \"*\",\n      \"Principal\": {\n        \"AWS\": \"arn:aws:iam::198698840116:root\"\n      }\n    },\n    {\n      \"Sid\": \"Allow use of the key for decryption only\",\n      \"Effect\": \"Allow\",\n      \"Action\": \"kms:Decrypt\",\n      \"Resource\": \"*\",\n      \"Principal\": {\n        \"AWS\": \"arn:aws:iam::198698840116:root\"\n      }\n    }\n  ]\n}"
            ],
            "statement": [
              {
                "actions": [
                  "kms:CreateGrant",
                  "kms:Decrypt",
                  "kms:DescribeKey",
                  "kms:Encrypt",
                  "kms:GenerateDataKey*",
                  "kms:ReEncrypt"
                ],
                "condition": [
                  {
                    "test": "StringEquals",
                    "values": [
                      "198698840116"
                    ],
                    "variable": "kms:CallerAccount"
                  },
                  {
                    "test": "StringEquals",
                    "values": [
                      "secretsmanager.eu-central-1.amazonaws.com"
                    ],
                    "variable": "kms:ViaService"
                  }
                ],
                "effect": "Allow",
                "not_actions": [],
                "not_principals": [],
                "not_resources": [],
                "principals": [
                  {
                    "identifiers": [
                      "*"
                    ],
                    "type": "AWS"
                  }
                ],
                "resources": [
                  "*"
                ],
                "sid": ""
              }
            ],
            "version": "2012-10-17"
          },
          "sensitive_attributes": []
        }
      ]
    },
    {
      "module": "module.platform_secret_prerequisites.module.kms_platform_secrets",
      "mode": "data",
      "type": "aws_iam_policy_document",
      "name": "general_policy",
      "provider": "provider[\"registry.terraform.io/hashicorp/aws\"]",
      "instances": [
        {
          "schema_version": 0,
          "attributes": {
            "id": "3169203134",
            "json": "{\n  \"Version\": \"2012-10-17\",\n  \"Statement\": [\n    {\n      \"Sid\": \"Enable IAM Root User Permissions\",\n      \"Effect\": \"Allow\",\n      \"Action\": \"kms:*\",\n      \"Resource\": \"*\",\n      \"Principal\": {\n        \"AWS\": \"arn:aws:iam::198698840116:root\"\n      }\n    },\n    {\n      \"Sid\": \"Allow access for Key Administrators\",\n      \"Effect\": \"Allow\",\n      \"Action\": [\n        \"kms:Update*\",\n        \"kms:UntagResource\",\n        \"kms:TagResource\",\n        \"kms:ScheduleKeyDeletion\",\n        \"kms:Revoke*\",\n        \"kms:Put*\",\n        \"kms:List*\",\n        \"kms:Get*\",\n        \"kms:Enable*\",\n        \"kms:Disable*\",\n        \"kms:Describe*\",\n        \"kms:Delete*\",\n        \"kms:Create*\",\n        \"kms:CancelKeyDeletion\"\n      ],\n      \"Resource\": \"*\",\n      \"Principal\": {\n        \"AWS\": \"arn:aws:iam::198698840116:root\"\n      }\n    },\n    {\n      \"Sid\": \"Allow use of the key for decryption only\",\n      \"Effect\": \"Allow\",\n      \"Action\": \"kms:Decrypt\",\n      \"Resource\": \"*\",\n      \"Principal\": {\n        \"AWS\": \"arn:aws:iam::198698840116:root\"\n      }\n    }\n  ]\n}",
            "override_json": null,
            "override_policy_documents": null,
            "policy_id": null,
            "source_json": null,
            "source_policy_documents": null,
            "statement": [
              {
                "actions": [
                  "kms:*"
                ],
                "condition": [],
                "effect": "Allow",
                "not_actions": [],
                "not_principals": [],
                "not_resources": [],
                "principals": [
                  {
                    "identifiers": [
                      "arn:aws:iam::198698840116:root"
                    ],
                    "type": "AWS"
                  }
                ],
                "resources": [
                  "*"
                ],
                "sid": "Enable IAM Root User Permissions"
              },
              {
                "actions": [
                  "kms:CancelKeyDeletion",
                  "kms:Create*",
                  "kms:Delete*",
                  "kms:Describe*",
                  "kms:Disable*",
                  "kms:Enable*",
                  "kms:Get*",
                  "kms:List*",
                  "kms:Put*",
                  "kms:Revoke*",
                  "kms:ScheduleKeyDeletion",
                  "kms:TagResource",
                  "kms:UntagResource",
                  "kms:Update*"
                ],
                "condition": [],
                "effect": "Allow",
                "not_actions": [],
                "not_principals": [],
                "not_resources": [],
                "principals": [
                  {
                    "identifiers": [
                      "arn:aws:iam::198698840116:root"
                    ],
                    "type": "AWS"
                  }
                ],
                "resources": [
                  "*"
                ],
                "sid": "Allow access for Key Administrators"
              },
              {
                "actions": [
                  "kms:Decrypt"
                ],
                "condition": [],
                "effect": "Allow",
                "not_actions": [],
                "not_principals": [],
                "not_resources": [],
                "principals": [
                  {
                    "identifiers": [
                      "arn:aws:iam::198698840116:root"
                    ],
                    "type": "AWS"
                  }
                ],
                "resources": [
                  "*"
                ],
                "sid": "Allow use of the key for decryption only"
              }
            ],
            "version": "2012-10-17"
          },
          "sensitive_attributes": []
        }
      ]
    },
    {
      "module": "module.platform_secret_prerequisites.module.kms_platform_secrets",
      "mode": "managed",
      "type": "aws_kms_alias",
      "name": "this",
      "provider": "provider[\"registry.terraform.io/hashicorp/aws\"]",
      "instances": [
        {
          "schema_version": 0,
          "attributes": {
            "arn": "arn:aws:kms:eu-central-1:198698840116:alias/sandbox-apps-platform-secrets",
            "id": "alias/sandbox-apps-platform-secrets",
            "name": "alias/sandbox-apps-platform-secrets",
            "name_prefix": "",
            "target_key_arn": "arn:aws:kms:eu-central-1:198698840116:key/36c8d0b8-5641-4171-b44e-6b2c859c6aaa",
            "target_key_id": "36c8d0b8-5641-4171-b44e-6b2c859c6aaa"
          },
          "sensitive_attributes": [],
          "private": "bnVsbA==",
          "dependencies": [
            "module.platform_secret_prerequisites.module.kms_platform_secrets.aws_kms_key.this",
            "module.platform_secret_prerequisites.module.kms_platform_secrets.data.aws_iam_policy_document.combined_with_serviceprincipals_and_conditions",
            "module.platform_secret_prerequisites.module.kms_platform_secrets.data.aws_iam_policy_document.combined_with_viaservice_condition",
            "module.platform_secret_prerequisites.module.kms_platform_secrets.data.aws_iam_policy_document.general_policy"
          ]
        }
      ]
    },
    {
      "module": "module.platform_secret_prerequisites.module.kms_platform_secrets",
      "mode": "managed",
      "type": "aws_kms_key",
      "name": "this",
      "provider": "provider[\"registry.terraform.io/hashicorp/aws\"]",
      "instances": [
        {
          "schema_version": 0,
          "attributes": {
            "arn": "arn:aws:kms:eu-central-1:198698840116:key/36c8d0b8-5641-4171-b44e-6b2c859c6aaa",
            "bypass_policy_lockout_safety_check": false,
            "custom_key_store_id": "",
            "customer_master_key_spec": "SYMMETRIC_DEFAULT",
            "deletion_window_in_days": null,
            "description": "KMS key to encrypt sandbox-apps platform-secrets",
            "enable_key_rotation": true,
            "id": "36c8d0b8-5641-4171-b44e-6b2c859c6aaa",
            "is_enabled": true,
            "key_id": "36c8d0b8-5641-4171-b44e-6b2c859c6aaa",
            "key_usage": "ENCRYPT_DECRYPT",
            "multi_region": false,
            "policy": "{\n  \"Version\": \"2012-10-17\",\n  \"Statement\": [\n    {\n      \"Sid\": \"Enable IAM Root User Permissions\",\n      \"Effect\": \"Allow\",\n      \"Action\": \"kms:*\",\n      \"Resource\": \"*\",\n      \"Principal\": {\n        \"AWS\": \"arn:aws:iam::198698840116:root\"\n      }\n    },\n    {\n      \"Sid\": \"Allow access for Key Administrators\",\n      \"Effect\": \"Allow\",\n      \"Action\": [\n        \"kms:Update*\",\n        \"kms:UntagResource\",\n        \"kms:TagResource\",\n        \"kms:ScheduleKeyDeletion\",\n        \"kms:Revoke*\",\n        \"kms:Put*\",\n        \"kms:List*\",\n        \"kms:Get*\",\n        \"kms:Enable*\",\n        \"kms:Disable*\",\n        \"kms:Describe*\",\n        \"kms:Delete*\",\n        \"kms:Create*\",\n        \"kms:CancelKeyDeletion\"\n      ],\n      \"Resource\": \"*\",\n      \"Principal\": {\n        \"AWS\": \"arn:aws:iam::198698840116:root\"\n      }\n    },\n    {\n      \"Sid\": \"Allow use of the key for decryption only\",\n      \"Effect\": \"Allow\",\n      \"Action\": \"kms:Decrypt\",\n      \"Resource\": \"*\",\n      \"Principal\": {\n        \"AWS\": \"arn:aws:iam::198698840116:root\"\n      }\n    },\n    {\n      \"Sid\": \"\",\n      \"Effect\": \"Allow\",\n      \"Action\": [\n        \"kms:ReEncrypt\",\n        \"kms:GenerateDataKey*\",\n        \"kms:Encrypt\",\n        \"kms:DescribeKey\",\n        \"kms:Decrypt\",\n        \"kms:CreateGrant\"\n      ],\n      \"Resource\": \"*\",\n      \"Principal\": {\n        \"AWS\": \"*\"\n      },\n      \"Condition\": {\n        \"StringEquals\": {\n          \"kms:CallerAccount\": \"198698840116\",\n          \"kms:ViaService\": \"secretsmanager.eu-central-1.amazonaws.com\"\n        }\n      }\n    }\n  ]\n}",
            "tags": {},
            "tags_all": {
              "blx:created-by": "terraform",
              "blx:owner": "all",
              "blx:repository-name": "tf-spacelift-prerequisites",
              "blx:tag-version": "1"
            }
          },
          "sensitive_attributes": [],
          "private": "bnVsbA==",
          "dependencies": [
            "module.platform_secret_prerequisites.module.kms_platform_secrets.data.aws_iam_policy_document.combined_with_serviceprincipals_and_conditions",
            "module.platform_secret_prerequisites.module.kms_platform_secrets.data.aws_iam_policy_document.combined_with_viaservice_condition",
            "module.platform_secret_prerequisites.module.kms_platform_secrets.data.aws_iam_policy_document.general_policy"
          ]
        }
      ]
    },
    {
      "module": "module.platform_secret_prerequisites.module.microservices_api_key_secrets[0]",
      "mode": "managed",
      "type": "aws_secretsmanager_secret",
      "name": "this",
      "provider": "provider[\"registry.terraform.io/hashicorp/aws\"]",
      "instances": [
        {
          "index_key": "/sandbox/apps/digibank/microservices/api-key",
          "schema_version": 0,
          "attributes": {
            "arn": "arn:aws:secretsmanager:eu-central-1:198698840116:secret:/sandbox/apps/digibank/microservices/api-key-SwCWFK",
            "description": "",
            "force_overwrite_replica_secret": false,
            "id": "arn:aws:secretsmanager:eu-central-1:198698840116:secret:/sandbox/apps/digibank/microservices/api-key-SwCWFK",
            "kms_key_id": "arn:aws:kms:eu-central-1:198698840116:key/36c8d0b8-5641-4171-b44e-6b2c859c6aaa",
            "name": "/sandbox/apps/digibank/microservices/api-key",
            "name_prefix": "",
            "policy": "",
            "recovery_window_in_days": 0,
            "replica": [],
            "rotation_enabled": false,
            "rotation_lambda_arn": "",
            "rotation_rules": [],
            "tags": null,
            "tags_all": {
              "blx:created-by": "terraform",
              "blx:owner": "all",
              "blx:repository-name": "tf-spacelift-prerequisites",
              "blx:tag-version": "1"
            }
          },
          "sensitive_attributes": [],
          "private": "bnVsbA==",
          "dependencies": [
            "module.platform_secret_prerequisites.module.kms_platform_secrets.aws_kms_key.this",
            "module.platform_secret_prerequisites.module.kms_platform_secrets.data.aws_iam_policy_document.combined_with_serviceprincipals_and_conditions",
            "module.platform_secret_prerequisites.module.kms_platform_secrets.data.aws_iam_policy_document.combined_with_viaservice_condition",
            "module.platform_secret_prerequisites.module.kms_platform_secrets.data.aws_iam_policy_document.general_policy"
          ]
        }
      ]
    },
    {
      "module": "module.sandbox_skeleton_state_buckets.module.dynamodb_state_file_data_infrastructure",
      "mode": "managed",
      "type": "aws_dynamodb_table",
      "name": "this",
      "provider": "module.sandbox_skeleton_state_buckets.provider[\"registry.terraform.io/hashicorp/aws\"]",
      "instances": [
        {
          "schema_version": 1,
          "attributes": {
            "arn": "arn:aws:dynamodb:eu-central-1:198698840116:table/sandbox-data-infrastructure-lock-table",
            "attribute": [
              {
                "name": "LockID",
                "type": "S"
              }
            ],
            "billing_mode": "PAY_PER_REQUEST",
            "global_secondary_index": [],
            "hash_key": "LockID",
            "id": "sandbox-data-infrastructure-lock-table",
            "local_secondary_index": [],
            "name": "sandbox-data-infrastructure-lock-table",
            "point_in_time_recovery": [
              {
                "enabled": false
              }
            ],
            "range_key": null,
            "read_capacity": 0,
            "replica": [],
            "restore_date_time": null,
            "restore_source_name": null,
            "restore_to_latest_time": null,
            "server_side_encryption": [
              {
                "enabled": true,
                "kms_key_arn": "arn:aws:kms:eu-central-1:198698840116:key/e809af5d-8528-4bf1-a491-1d916e7b0446"
              }
            ],
            "stream_arn": "",
            "stream_enabled": false,
            "stream_label": "",
            "stream_view_type": "",
            "table_class": "",
            "tags": {},
            "tags_all": {
              "blx:created-by": "terraform",
              "blx:environment": "sandbox",
              "blx:owner": "all",
              "blx:repository-name": "tf-spacelift-prerequisites",
              "blx:skeleton-name": "skeleton-state-buckets",
              "blx:tag-version": "1"
            },
            "timeouts": null,
            "ttl": [
              {
                "attribute_name": "",
                "enabled": false
              }
            ],
            "write_capacity": 0
          },
          "sensitive_attributes": [],
          "private": "eyJlMmJmYjczMC1lY2FhLTExZTYtOGY4OC0zNDM2M2JjN2M0YzAiOnsiY3JlYXRlIjoxODAwMDAwMDAwMDAwLCJkZWxldGUiOjYwMDAwMDAwMDAwMCwidXBkYXRlIjozNjAwMDAwMDAwMDAwfSwic2NoZW1hX3ZlcnNpb24iOiIxIn0=",
          "dependencies": [
            "module.sandbox_skeleton_state_buckets.module.kms_db.aws_kms_key.this",
            "module.sandbox_skeleton_state_buckets.module.kms_db.data.aws_iam_policy_document.combined_with_serviceprincipals_and_conditions",
            "module.sandbox_skeleton_state_buckets.module.kms_db.data.aws_iam_policy_document.combined_with_viaservice_condition",
            "module.sandbox_skeleton_state_buckets.module.kms_db.data.aws_iam_policy_document.general_policy"
          ]
        }
      ]
    },
    {
      "module": "module.sandbox_skeleton_state_buckets.module.dynamodb_state_file_infrastructure",
      "mode": "managed",
      "type": "aws_dynamodb_table",
      "name": "this",
      "provider": "module.sandbox_skeleton_state_buckets.provider[\"registry.terraform.io/hashicorp/aws\"]",
      "instances": [
        {
          "schema_version": 1,
          "attributes": {
            "arn": "arn:aws:dynamodb:eu-central-1:198698840116:table/sandbox-apps-infrastructure-lock-table",
            "attribute": [
              {
                "name": "LockID",
                "type": "S"
              }
            ],
            "billing_mode": "PAY_PER_REQUEST",
            "global_secondary_index": [],
            "hash_key": "LockID",
            "id": "sandbox-apps-infrastructure-lock-table",
            "local_secondary_index": [],
            "name": "sandbox-apps-infrastructure-lock-table",
            "point_in_time_recovery": [
              {
                "enabled": false
              }
            ],
            "range_key": null,
            "read_capacity": 0,
            "replica": [],
            "restore_date_time": null,
            "restore_source_name": null,
            "restore_to_latest_time": null,
            "server_side_encryption": [
              {
                "enabled": true,
                "kms_key_arn": "arn:aws:kms:eu-central-1:198698840116:key/e809af5d-8528-4bf1-a491-1d916e7b0446"
              }
            ],
            "stream_arn": "",
            "stream_enabled": false,
            "stream_label": "",
            "stream_view_type": "",
            "table_class": "",
            "tags": {},
            "tags_all": {
              "blx:created-by": "terraform",
              "blx:environment": "sandbox",
              "blx:owner": "all",
              "blx:repository-name": "tf-spacelift-prerequisites",
              "blx:skeleton-name": "skeleton-state-buckets",
              "blx:tag-version": "1"
            },
            "timeouts": null,
            "ttl": [
              {
                "attribute_name": "",
                "enabled": false
              }
            ],
            "write_capacity": 0
          },
          "sensitive_attributes": [],
          "private": "eyJlMmJmYjczMC1lY2FhLTExZTYtOGY4OC0zNDM2M2JjN2M0YzAiOnsiY3JlYXRlIjoxODAwMDAwMDAwMDAwLCJkZWxldGUiOjYwMDAwMDAwMDAwMCwidXBkYXRlIjozNjAwMDAwMDAwMDAwfSwic2NoZW1hX3ZlcnNpb24iOiIxIn0=",
          "dependencies": [
            "module.sandbox_skeleton_state_buckets.module.kms_db.aws_kms_key.this",
            "module.sandbox_skeleton_state_buckets.module.kms_db.data.aws_iam_policy_document.combined_with_serviceprincipals_and_conditions",
            "module.sandbox_skeleton_state_buckets.module.kms_db.data.aws_iam_policy_document.combined_with_viaservice_condition",
            "module.sandbox_skeleton_state_buckets.module.kms_db.data.aws_iam_policy_document.general_policy"
          ]
        }
      ]
    },
    {
      "module": "module.sandbox_skeleton_state_buckets.module.dynamodb_state_file_networking",
      "mode": "managed",
      "type": "aws_dynamodb_table",
      "name": "this",
      "provider": "module.sandbox_skeleton_state_buckets.provider[\"registry.terraform.io/hashicorp/aws\"]",
      "instances": [
        {
          "schema_version": 1,
          "attributes": {
            "arn": "arn:aws:dynamodb:eu-central-1:198698840116:table/sandbox-apps-networking-lock-table",
            "attribute": [
              {
                "name": "LockID",
                "type": "S"
              }
            ],
            "billing_mode": "PAY_PER_REQUEST",
            "global_secondary_index": [],
            "hash_key": "LockID",
            "id": "sandbox-apps-networking-lock-table",
            "local_secondary_index": [],
            "name": "sandbox-apps-networking-lock-table",
            "point_in_time_recovery": [
              {
                "enabled": false
              }
            ],
            "range_key": null,
            "read_capacity": 0,
            "replica": [],
            "restore_date_time": null,
            "restore_source_name": null,
            "restore_to_latest_time": null,
            "server_side_encryption": [
              {
                "enabled": true,
                "kms_key_arn": "arn:aws:kms:eu-central-1:198698840116:key/e809af5d-8528-4bf1-a491-1d916e7b0446"
              }
            ],
            "stream_arn": "",
            "stream_enabled": false,
            "stream_label": "",
            "stream_view_type": "",
            "table_class": "",
            "tags": {},
            "tags_all": {
              "blx:created-by": "terraform",
              "blx:environment": "sandbox",
              "blx:owner": "all",
              "blx:repository-name": "tf-spacelift-prerequisites",
              "blx:skeleton-name": "skeleton-state-buckets",
              "blx:tag-version": "1"
            },
            "timeouts": null,
            "ttl": [
              {
                "attribute_name": "",
                "enabled": false
              }
            ],
            "write_capacity": 0
          },
          "sensitive_attributes": [],
          "private": "eyJlMmJmYjczMC1lY2FhLTExZTYtOGY4OC0zNDM2M2JjN2M0YzAiOnsiY3JlYXRlIjoxODAwMDAwMDAwMDAwLCJkZWxldGUiOjYwMDAwMDAwMDAwMCwidXBkYXRlIjozNjAwMDAwMDAwMDAwfSwic2NoZW1hX3ZlcnNpb24iOiIxIn0=",
          "dependencies": [
            "module.sandbox_skeleton_state_buckets.module.kms_db.aws_kms_key.this",
            "module.sandbox_skeleton_state_buckets.module.kms_db.data.aws_iam_policy_document.combined_with_serviceprincipals_and_conditions",
            "module.sandbox_skeleton_state_buckets.module.kms_db.data.aws_iam_policy_document.combined_with_viaservice_condition",
            "module.sandbox_skeleton_state_buckets.module.kms_db.data.aws_iam_policy_document.general_policy"
          ]
        }
      ]
    },
    {
      "module": "module.sandbox_skeleton_state_buckets.module.dynamodb_state_file_observability",
      "mode": "managed",
      "type": "aws_dynamodb_table",
      "name": "this",
      "provider": "module.sandbox_skeleton_state_buckets.provider[\"registry.terraform.io/hashicorp/aws\"]",
      "instances": [
        {
          "schema_version": 1,
          "attributes": {
            "arn": "arn:aws:dynamodb:eu-central-1:198698840116:table/sandbox-apps-observability-lock-table",
            "attribute": [
              {
                "name": "LockID",
                "type": "S"
              }
            ],
            "billing_mode": "PAY_PER_REQUEST",
            "global_secondary_index": [],
            "hash_key": "LockID",
            "id": "sandbox-apps-observability-lock-table",
            "local_secondary_index": [],
            "name": "sandbox-apps-observability-lock-table",
            "point_in_time_recovery": [
              {
                "enabled": false
              }
            ],
            "range_key": null,
            "read_capacity": 0,
            "replica": [],
            "restore_date_time": null,
            "restore_source_name": null,
            "restore_to_latest_time": null,
            "server_side_encryption": [
              {
                "enabled": true,
                "kms_key_arn": "arn:aws:kms:eu-central-1:198698840116:key/e809af5d-8528-4bf1-a491-1d916e7b0446"
              }
            ],
            "stream_arn": "",
            "stream_enabled": false,
            "stream_label": "",
            "stream_view_type": "",
            "table_class": "",
            "tags": null,
            "tags_all": {
              "blx:created-by": "terraform",
              "blx:environment": "sandbox",
              "blx:owner": "all",
              "blx:repository-name": "tf-spacelift-prerequisites",
              "blx:skeleton-name": "skeleton-state-buckets",
              "blx:tag-version": "1"
            },
            "timeouts": null,
            "ttl": [
              {
                "attribute_name": "",
                "enabled": false
              }
            ],
            "write_capacity": 0
          },
          "sensitive_attributes": [],
          "private": "eyJlMmJmYjczMC1lY2FhLTExZTYtOGY4OC0zNDM2M2JjN2M0YzAiOnsiY3JlYXRlIjoxODAwMDAwMDAwMDAwLCJkZWxldGUiOjYwMDAwMDAwMDAwMCwidXBkYXRlIjozNjAwMDAwMDAwMDAwfSwic2NoZW1hX3ZlcnNpb24iOiIxIn0=",
          "dependencies": [
            "module.sandbox_skeleton_state_buckets.module.kms_db.aws_kms_key.this",
            "module.sandbox_skeleton_state_buckets.module.kms_db.data.aws_iam_policy_document.combined_with_serviceprincipals_and_conditions",
            "module.sandbox_skeleton_state_buckets.module.kms_db.data.aws_iam_policy_document.combined_with_viaservice_condition",
            "module.sandbox_skeleton_state_buckets.module.kms_db.data.aws_iam_policy_document.general_policy"
          ]
        }
      ]
    },
    {
      "module": "module.sandbox_skeleton_state_buckets.module.kms_db",
      "mode": "data",
      "type": "aws_caller_identity",
      "name": "current",
      "provider": "module.sandbox_skeleton_state_buckets.provider[\"registry.terraform.io/hashicorp/aws\"]",
      "instances": [
        {
          "schema_version": 0,
          "attributes": {
            "account_id": "198698840116",
            "arn": "arn:aws:sts::198698840116:assumed-role/AWSReservedSSO_AdministratorAccess_8fd15f4acf5d774e/e-jbjc@gft.com",
            "id": "198698840116",
            "user_id": "AROAS4Q27WA2HCRQERZVN:e-jbjc@gft.com"
          },
          "sensitive_attributes": []
        }
      ]
    },
    {
      "module": "module.sandbox_skeleton_state_buckets.module.kms_db",
      "mode": "data",
      "type": "aws_iam_policy_document",
      "name": "combined_with_serviceprincipals_and_conditions",
      "provider": "module.sandbox_skeleton_state_buckets.provider[\"registry.terraform.io/hashicorp/aws\"]",
      "instances": [
        {
          "schema_version": 0,
          "attributes": {
            "id": "3169203134",
            "json": "{\n  \"Version\": \"2012-10-17\",\n  \"Statement\": [\n    {\n      \"Sid\": \"Enable IAM Root User Permissions\",\n      \"Effect\": \"Allow\",\n      \"Action\": \"kms:*\",\n      \"Resource\": \"*\",\n      \"Principal\": {\n        \"AWS\": \"arn:aws:iam::198698840116:root\"\n      }\n    },\n    {\n      \"Sid\": \"Allow access for Key Administrators\",\n      \"Effect\": \"Allow\",\n      \"Action\": [\n        \"kms:Update*\",\n        \"kms:UntagResource\",\n        \"kms:TagResource\",\n        \"kms:ScheduleKeyDeletion\",\n        \"kms:Revoke*\",\n        \"kms:Put*\",\n        \"kms:List*\",\n        \"kms:Get*\",\n        \"kms:Enable*\",\n        \"kms:Disable*\",\n        \"kms:Describe*\",\n        \"kms:Delete*\",\n        \"kms:Create*\",\n        \"kms:CancelKeyDeletion\"\n      ],\n      \"Resource\": \"*\",\n      \"Principal\": {\n        \"AWS\": \"arn:aws:iam::198698840116:root\"\n      }\n    },\n    {\n      \"Sid\": \"Allow use of the key for decryption only\",\n      \"Effect\": \"Allow\",\n      \"Action\": \"kms:Decrypt\",\n      \"Resource\": \"*\",\n      \"Principal\": {\n        \"AWS\": \"arn:aws:iam::198698840116:root\"\n      }\n    }\n  ]\n}",
            "override_json": null,
            "override_policy_documents": null,
            "policy_id": null,
            "source_json": null,
            "source_policy_documents": [
              "{\n  \"Version\": \"2012-10-17\",\n  \"Statement\": [\n    {\n      \"Sid\": \"Enable IAM Root User Permissions\",\n      \"Effect\": \"Allow\",\n      \"Action\": \"kms:*\",\n      \"Resource\": \"*\",\n      \"Principal\": {\n        \"AWS\": \"arn:aws:iam::198698840116:root\"\n      }\n    },\n    {\n      \"Sid\": \"Allow access for Key Administrators\",\n      \"Effect\": \"Allow\",\n      \"Action\": [\n        \"kms:Update*\",\n        \"kms:UntagResource\",\n        \"kms:TagResource\",\n        \"kms:ScheduleKeyDeletion\",\n        \"kms:Revoke*\",\n        \"kms:Put*\",\n        \"kms:List*\",\n        \"kms:Get*\",\n        \"kms:Enable*\",\n        \"kms:Disable*\",\n        \"kms:Describe*\",\n        \"kms:Delete*\",\n        \"kms:Create*\",\n        \"kms:CancelKeyDeletion\"\n      ],\n      \"Resource\": \"*\",\n      \"Principal\": {\n        \"AWS\": \"arn:aws:iam::198698840116:root\"\n      }\n    },\n    {\n      \"Sid\": \"Allow use of the key for decryption only\",\n      \"Effect\": \"Allow\",\n      \"Action\": \"kms:Decrypt\",\n      \"Resource\": \"*\",\n      \"Principal\": {\n        \"AWS\": \"arn:aws:iam::198698840116:root\"\n      }\n    }\n  ]\n}"
            ],
            "statement": null,
            "version": "2012-10-17"
          },
          "sensitive_attributes": []
        }
      ]
    },
    {
      "module": "module.sandbox_skeleton_state_buckets.module.kms_db",
      "mode": "data",
      "type": "aws_iam_policy_document",
      "name": "combined_with_viaservice_condition",
      "provider": "module.sandbox_skeleton_state_buckets.provider[\"registry.terraform.io/hashicorp/aws\"]",
      "instances": [
        {
          "schema_version": 0,
          "attributes": {
            "id": "2829172178",
            "json": "{\n  \"Version\": \"2012-10-17\",\n  \"Statement\": [\n    {\n      \"Sid\": \"Enable IAM Root User Permissions\",\n      \"Effect\": \"Allow\",\n      \"Action\": \"kms:*\",\n      \"Resource\": \"*\",\n      \"Principal\": {\n        \"AWS\": \"arn:aws:iam::198698840116:root\"\n      }\n    },\n    {\n      \"Sid\": \"Allow access for Key Administrators\",\n      \"Effect\": \"Allow\",\n      \"Action\": [\n        \"kms:Update*\",\n        \"kms:UntagResource\",\n        \"kms:TagResource\",\n        \"kms:ScheduleKeyDeletion\",\n        \"kms:Revoke*\",\n        \"kms:Put*\",\n        \"kms:List*\",\n        \"kms:Get*\",\n        \"kms:Enable*\",\n        \"kms:Disable*\",\n        \"kms:Describe*\",\n        \"kms:Delete*\",\n        \"kms:Create*\",\n        \"kms:CancelKeyDeletion\"\n      ],\n      \"Resource\": \"*\",\n      \"Principal\": {\n        \"AWS\": \"arn:aws:iam::198698840116:root\"\n      }\n    },\n    {\n      \"Sid\": \"Allow use of the key for decryption only\",\n      \"Effect\": \"Allow\",\n      \"Action\": \"kms:Decrypt\",\n      \"Resource\": \"*\",\n      \"Principal\": {\n        \"AWS\": \"arn:aws:iam::198698840116:root\"\n      }\n    },\n    {\n      \"Sid\": \"\",\n      \"Effect\": \"Allow\",\n      \"Action\": [\n        \"kms:ReEncrypt\",\n        \"kms:GenerateDataKey*\",\n        \"kms:Encrypt\",\n        \"kms:DescribeKey\",\n        \"kms:Decrypt\",\n        \"kms:CreateGrant\"\n      ],\n      \"Resource\": \"*\",\n      \"Principal\": {\n        \"AWS\": \"*\"\n      },\n      \"Condition\": {\n        \"StringEquals\": {\n          \"kms:CallerAccount\": \"198698840116\",\n          \"kms:ViaService\": \"dynamodb.eu-central-1.amazonaws.com\"\n        }\n      }\n    }\n  ]\n}",
            "override_json": null,
            "override_policy_documents": null,
            "policy_id": null,
            "source_json": null,
            "source_policy_documents": [
              "{\n  \"Version\": \"2012-10-17\",\n  \"Statement\": [\n    {\n      \"Sid\": \"Enable IAM Root User Permissions\",\n      \"Effect\": \"Allow\",\n      \"Action\": \"kms:*\",\n      \"Resource\": \"*\",\n      \"Principal\": {\n        \"AWS\": \"arn:aws:iam::198698840116:root\"\n      }\n    },\n    {\n      \"Sid\": \"Allow access for Key Administrators\",\n      \"Effect\": \"Allow\",\n      \"Action\": [\n        \"kms:Update*\",\n        \"kms:UntagResource\",\n        \"kms:TagResource\",\n        \"kms:ScheduleKeyDeletion\",\n        \"kms:Revoke*\",\n        \"kms:Put*\",\n        \"kms:List*\",\n        \"kms:Get*\",\n        \"kms:Enable*\",\n        \"kms:Disable*\",\n        \"kms:Describe*\",\n        \"kms:Delete*\",\n        \"kms:Create*\",\n        \"kms:CancelKeyDeletion\"\n      ],\n      \"Resource\": \"*\",\n      \"Principal\": {\n        \"AWS\": \"arn:aws:iam::198698840116:root\"\n      }\n    },\n    {\n      \"Sid\": \"Allow use of the key for decryption only\",\n      \"Effect\": \"Allow\",\n      \"Action\": \"kms:Decrypt\",\n      \"Resource\": \"*\",\n      \"Principal\": {\n        \"AWS\": \"arn:aws:iam::198698840116:root\"\n      }\n    }\n  ]\n}"
            ],
            "statement": [
              {
                "actions": [
                  "kms:CreateGrant",
                  "kms:Decrypt",
                  "kms:DescribeKey",
                  "kms:Encrypt",
                  "kms:GenerateDataKey*",
                  "kms:ReEncrypt"
                ],
                "condition": [
                  {
                    "test": "StringEquals",
                    "values": [
                      "198698840116"
                    ],
                    "variable": "kms:CallerAccount"
                  },
                  {
                    "test": "StringEquals",
                    "values": [
                      "dynamodb.eu-central-1.amazonaws.com"
                    ],
                    "variable": "kms:ViaService"
                  }
                ],
                "effect": "Allow",
                "not_actions": [],
                "not_principals": [],
                "not_resources": [],
                "principals": [
                  {
                    "identifiers": [
                      "*"
                    ],
                    "type": "AWS"
                  }
                ],
                "resources": [
                  "*"
                ],
                "sid": ""
              }
            ],
            "version": "2012-10-17"
          },
          "sensitive_attributes": []
        }
      ]
    },
    {
      "module": "module.sandbox_skeleton_state_buckets.module.kms_db",
      "mode": "data",
      "type": "aws_iam_policy_document",
      "name": "general_policy",
      "provider": "module.sandbox_skeleton_state_buckets.provider[\"registry.terraform.io/hashicorp/aws\"]",
      "instances": [
        {
          "schema_version": 0,
          "attributes": {
            "id": "3169203134",
            "json": "{\n  \"Version\": \"2012-10-17\",\n  \"Statement\": [\n    {\n      \"Sid\": \"Enable IAM Root User Permissions\",\n      \"Effect\": \"Allow\",\n      \"Action\": \"kms:*\",\n      \"Resource\": \"*\",\n      \"Principal\": {\n        \"AWS\": \"arn:aws:iam::198698840116:root\"\n      }\n    },\n    {\n      \"Sid\": \"Allow access for Key Administrators\",\n      \"Effect\": \"Allow\",\n      \"Action\": [\n        \"kms:Update*\",\n        \"kms:UntagResource\",\n        \"kms:TagResource\",\n        \"kms:ScheduleKeyDeletion\",\n        \"kms:Revoke*\",\n        \"kms:Put*\",\n        \"kms:List*\",\n        \"kms:Get*\",\n        \"kms:Enable*\",\n        \"kms:Disable*\",\n        \"kms:Describe*\",\n        \"kms:Delete*\",\n        \"kms:Create*\",\n        \"kms:CancelKeyDeletion\"\n      ],\n      \"Resource\": \"*\",\n      \"Principal\": {\n        \"AWS\": \"arn:aws:iam::198698840116:root\"\n      }\n    },\n    {\n      \"Sid\": \"Allow use of the key for decryption only\",\n      \"Effect\": \"Allow\",\n      \"Action\": \"kms:Decrypt\",\n      \"Resource\": \"*\",\n      \"Principal\": {\n        \"AWS\": \"arn:aws:iam::198698840116:root\"\n      }\n    }\n  ]\n}",
            "override_json": null,
            "override_policy_documents": null,
            "policy_id": null,
            "source_json": null,
            "source_policy_documents": null,
            "statement": [
              {
                "actions": [
                  "kms:*"
                ],
                "condition": [],
                "effect": "Allow",
                "not_actions": [],
                "not_principals": [],
                "not_resources": [],
                "principals": [
                  {
                    "identifiers": [
                      "arn:aws:iam::198698840116:root"
                    ],
                    "type": "AWS"
                  }
                ],
                "resources": [
                  "*"
                ],
                "sid": "Enable IAM Root User Permissions"
              },
              {
                "actions": [
                  "kms:CancelKeyDeletion",
                  "kms:Create*",
                  "kms:Delete*",
                  "kms:Describe*",
                  "kms:Disable*",
                  "kms:Enable*",
                  "kms:Get*",
                  "kms:List*",
                  "kms:Put*",
                  "kms:Revoke*",
                  "kms:ScheduleKeyDeletion",
                  "kms:TagResource",
                  "kms:UntagResource",
                  "kms:Update*"
                ],
                "condition": [],
                "effect": "Allow",
                "not_actions": [],
                "not_principals": [],
                "not_resources": [],
                "principals": [
                  {
                    "identifiers": [
                      "arn:aws:iam::198698840116:root"
                    ],
                    "type": "AWS"
                  }
                ],
                "resources": [
                  "*"
                ],
                "sid": "Allow access for Key Administrators"
              },
              {
                "actions": [
                  "kms:Decrypt"
                ],
                "condition": [],
                "effect": "Allow",
                "not_actions": [],
                "not_principals": [],
                "not_resources": [],
                "principals": [
                  {
                    "identifiers": [
                      "arn:aws:iam::198698840116:root"
                    ],
                    "type": "AWS"
                  }
                ],
                "resources": [
                  "*"
                ],
                "sid": "Allow use of the key for decryption only"
              }
            ],
            "version": "2012-10-17"
          },
          "sensitive_attributes": []
        }
      ]
    },
    {
      "module": "module.sandbox_skeleton_state_buckets.module.kms_db",
      "mode": "managed",
      "type": "aws_kms_alias",
      "name": "this",
      "provider": "module.sandbox_skeleton_state_buckets.provider[\"registry.terraform.io/hashicorp/aws\"]",
      "instances": [
        {
          "schema_version": 0,
          "attributes": {
            "arn": "arn:aws:kms:eu-central-1:198698840116:alias/sandbox-tf-state-dynamodb",
            "id": "alias/sandbox-tf-state-dynamodb",
            "name": "alias/sandbox-tf-state-dynamodb",
            "name_prefix": "",
            "target_key_arn": "arn:aws:kms:eu-central-1:198698840116:key/e809af5d-8528-4bf1-a491-1d916e7b0446",
            "target_key_id": "e809af5d-8528-4bf1-a491-1d916e7b0446"
          },
          "sensitive_attributes": [],
          "private": "bnVsbA==",
          "dependencies": [
            "module.sandbox_skeleton_state_buckets.module.kms_db.aws_kms_key.this",
            "module.sandbox_skeleton_state_buckets.module.kms_db.data.aws_iam_policy_document.combined_with_serviceprincipals_and_conditions",
            "module.sandbox_skeleton_state_buckets.module.kms_db.data.aws_iam_policy_document.combined_with_viaservice_condition",
            "module.sandbox_skeleton_state_buckets.module.kms_db.data.aws_iam_policy_document.general_policy"
          ]
        }
      ]
    },
    {
      "module": "module.sandbox_skeleton_state_buckets.module.kms_db",
      "mode": "managed",
      "type": "aws_kms_key",
      "name": "this",
      "provider": "module.sandbox_skeleton_state_buckets.provider[\"registry.terraform.io/hashicorp/aws\"]",
      "instances": [
        {
          "schema_version": 0,
          "attributes": {
            "arn": "arn:aws:kms:eu-central-1:198698840116:key/e809af5d-8528-4bf1-a491-1d916e7b0446",
            "bypass_policy_lockout_safety_check": false,
            "custom_key_store_id": "",
            "customer_master_key_spec": "SYMMETRIC_DEFAULT",
            "deletion_window_in_days": null,
            "description": "KMS key to encrypt sandbox-tf-state dynamodb",
            "enable_key_rotation": true,
            "id": "e809af5d-8528-4bf1-a491-1d916e7b0446",
            "is_enabled": true,
            "key_id": "e809af5d-8528-4bf1-a491-1d916e7b0446",
            "key_usage": "ENCRYPT_DECRYPT",
            "multi_region": false,
            "policy": "{\n  \"Version\": \"2012-10-17\",\n  \"Statement\": [\n    {\n      \"Sid\": \"Enable IAM Root User Permissions\",\n      \"Effect\": \"Allow\",\n      \"Action\": \"kms:*\",\n      \"Resource\": \"*\",\n      \"Principal\": {\n        \"AWS\": \"arn:aws:iam::198698840116:root\"\n      }\n    },\n    {\n      \"Sid\": \"Allow access for Key Administrators\",\n      \"Effect\": \"Allow\",\n      \"Action\": [\n        \"kms:Update*\",\n        \"kms:UntagResource\",\n        \"kms:TagResource\",\n        \"kms:ScheduleKeyDeletion\",\n        \"kms:Revoke*\",\n        \"kms:Put*\",\n        \"kms:List*\",\n        \"kms:Get*\",\n        \"kms:Enable*\",\n        \"kms:Disable*\",\n        \"kms:Describe*\",\n        \"kms:Delete*\",\n        \"kms:Create*\",\n        \"kms:CancelKeyDeletion\"\n      ],\n      \"Resource\": \"*\",\n      \"Principal\": {\n        \"AWS\": \"arn:aws:iam::198698840116:root\"\n      }\n    },\n    {\n      \"Sid\": \"Allow use of the key for decryption only\",\n      \"Effect\": \"Allow\",\n      \"Action\": \"kms:Decrypt\",\n      \"Resource\": \"*\",\n      \"Principal\": {\n        \"AWS\": \"arn:aws:iam::198698840116:root\"\n      }\n    },\n    {\n      \"Sid\": \"\",\n      \"Effect\": \"Allow\",\n      \"Action\": [\n        \"kms:ReEncrypt\",\n        \"kms:GenerateDataKey*\",\n        \"kms:Encrypt\",\n        \"kms:DescribeKey\",\n        \"kms:Decrypt\",\n        \"kms:CreateGrant\"\n      ],\n      \"Resource\": \"*\",\n      \"Principal\": {\n        \"AWS\": \"*\"\n      },\n      \"Condition\": {\n        \"StringEquals\": {\n          \"kms:CallerAccount\": \"198698840116\",\n          \"kms:ViaService\": \"dynamodb.eu-central-1.amazonaws.com\"\n        }\n      }\n    }\n  ]\n}",
            "tags": {},
            "tags_all": {
              "blx:created-by": "terraform",
              "blx:environment": "sandbox",
              "blx:owner": "all",
              "blx:repository-name": "tf-spacelift-prerequisites",
              "blx:skeleton-name": "skeleton-state-buckets",
              "blx:tag-version": "1"
            }
          },
          "sensitive_attributes": [],
          "private": "bnVsbA==",
          "dependencies": [
            "module.sandbox_skeleton_state_buckets.module.kms_db.data.aws_iam_policy_document.combined_with_serviceprincipals_and_conditions",
            "module.sandbox_skeleton_state_buckets.module.kms_db.data.aws_iam_policy_document.combined_with_viaservice_condition",
            "module.sandbox_skeleton_state_buckets.module.kms_db.data.aws_iam_policy_document.general_policy"
          ]
        }
      ]
    },
    {
      "module": "module.sandbox_skeleton_state_buckets.module.kms_s3",
      "mode": "data",
      "type": "aws_caller_identity",
      "name": "current",
      "provider": "module.sandbox_skeleton_state_buckets.provider[\"registry.terraform.io/hashicorp/aws\"]",
      "instances": [
        {
          "schema_version": 0,
          "attributes": {
            "account_id": "198698840116",
            "arn": "arn:aws:sts::198698840116:assumed-role/AWSReservedSSO_AdministratorAccess_8fd15f4acf5d774e/e-jbjc@gft.com",
            "id": "198698840116",
            "user_id": "AROAS4Q27WA2HCRQERZVN:e-jbjc@gft.com"
          },
          "sensitive_attributes": []
        }
      ]
    },
    {
      "module": "module.sandbox_skeleton_state_buckets.module.kms_s3",
      "mode": "data",
      "type": "aws_iam_policy_document",
      "name": "combined_with_serviceprincipals_and_conditions",
      "provider": "module.sandbox_skeleton_state_buckets.provider[\"registry.terraform.io/hashicorp/aws\"]",
      "instances": [
        {
          "schema_version": 0,
          "attributes": {
            "id": "3169203134",
            "json": "{\n  \"Version\": \"2012-10-17\",\n  \"Statement\": [\n    {\n      \"Sid\": \"Enable IAM Root User Permissions\",\n      \"Effect\": \"Allow\",\n      \"Action\": \"kms:*\",\n      \"Resource\": \"*\",\n      \"Principal\": {\n        \"AWS\": \"arn:aws:iam::198698840116:root\"\n      }\n    },\n    {\n      \"Sid\": \"Allow access for Key Administrators\",\n      \"Effect\": \"Allow\",\n      \"Action\": [\n        \"kms:Update*\",\n        \"kms:UntagResource\",\n        \"kms:TagResource\",\n        \"kms:ScheduleKeyDeletion\",\n        \"kms:Revoke*\",\n        \"kms:Put*\",\n        \"kms:List*\",\n        \"kms:Get*\",\n        \"kms:Enable*\",\n        \"kms:Disable*\",\n        \"kms:Describe*\",\n        \"kms:Delete*\",\n        \"kms:Create*\",\n        \"kms:CancelKeyDeletion\"\n      ],\n      \"Resource\": \"*\",\n      \"Principal\": {\n        \"AWS\": \"arn:aws:iam::198698840116:root\"\n      }\n    },\n    {\n      \"Sid\": \"Allow use of the key for decryption only\",\n      \"Effect\": \"Allow\",\n      \"Action\": \"kms:Decrypt\",\n      \"Resource\": \"*\",\n      \"Principal\": {\n        \"AWS\": \"arn:aws:iam::198698840116:root\"\n      }\n    }\n  ]\n}",
            "override_json": null,
            "override_policy_documents": null,
            "policy_id": null,
            "source_json": null,
            "source_policy_documents": [
              "{\n  \"Version\": \"2012-10-17\",\n  \"Statement\": [\n    {\n      \"Sid\": \"Enable IAM Root User Permissions\",\n      \"Effect\": \"Allow\",\n      \"Action\": \"kms:*\",\n      \"Resource\": \"*\",\n      \"Principal\": {\n        \"AWS\": \"arn:aws:iam::198698840116:root\"\n      }\n    },\n    {\n      \"Sid\": \"Allow access for Key Administrators\",\n      \"Effect\": \"Allow\",\n      \"Action\": [\n        \"kms:Update*\",\n        \"kms:UntagResource\",\n        \"kms:TagResource\",\n        \"kms:ScheduleKeyDeletion\",\n        \"kms:Revoke*\",\n        \"kms:Put*\",\n        \"kms:List*\",\n        \"kms:Get*\",\n        \"kms:Enable*\",\n        \"kms:Disable*\",\n        \"kms:Describe*\",\n        \"kms:Delete*\",\n        \"kms:Create*\",\n        \"kms:CancelKeyDeletion\"\n      ],\n      \"Resource\": \"*\",\n      \"Principal\": {\n        \"AWS\": \"arn:aws:iam::198698840116:root\"\n      }\n    },\n    {\n      \"Sid\": \"Allow use of the key for decryption only\",\n      \"Effect\": \"Allow\",\n      \"Action\": \"kms:Decrypt\",\n      \"Resource\": \"*\",\n      \"Principal\": {\n        \"AWS\": \"arn:aws:iam::198698840116:root\"\n      }\n    }\n  ]\n}"
            ],
            "statement": null,
            "version": "2012-10-17"
          },
          "sensitive_attributes": []
        }
      ]
    },
    {
      "module": "module.sandbox_skeleton_state_buckets.module.kms_s3",
      "mode": "data",
      "type": "aws_iam_policy_document",
      "name": "combined_with_viaservice_condition",
      "provider": "module.sandbox_skeleton_state_buckets.provider[\"registry.terraform.io/hashicorp/aws\"]",
      "instances": [
        {
          "schema_version": 0,
          "attributes": {
            "id": "3088985080",
            "json": "{\n  \"Version\": \"2012-10-17\",\n  \"Statement\": [\n    {\n      \"Sid\": \"Enable IAM Root User Permissions\",\n      \"Effect\": \"Allow\",\n      \"Action\": \"kms:*\",\n      \"Resource\": \"*\",\n      \"Principal\": {\n        \"AWS\": \"arn:aws:iam::198698840116:root\"\n      }\n    },\n    {\n      \"Sid\": \"Allow access for Key Administrators\",\n      \"Effect\": \"Allow\",\n      \"Action\": [\n        \"kms:Update*\",\n        \"kms:UntagResource\",\n        \"kms:TagResource\",\n        \"kms:ScheduleKeyDeletion\",\n        \"kms:Revoke*\",\n        \"kms:Put*\",\n        \"kms:List*\",\n        \"kms:Get*\",\n        \"kms:Enable*\",\n        \"kms:Disable*\",\n        \"kms:Describe*\",\n        \"kms:Delete*\",\n        \"kms:Create*\",\n        \"kms:CancelKeyDeletion\"\n      ],\n      \"Resource\": \"*\",\n      \"Principal\": {\n        \"AWS\": \"arn:aws:iam::198698840116:root\"\n      }\n    },\n    {\n      \"Sid\": \"Allow use of the key for decryption only\",\n      \"Effect\": \"Allow\",\n      \"Action\": \"kms:Decrypt\",\n      \"Resource\": \"*\",\n      \"Principal\": {\n        \"AWS\": \"arn:aws:iam::198698840116:root\"\n      }\n    },\n    {\n      \"Sid\": \"\",\n      \"Effect\": \"Allow\",\n      \"Action\": [\n        \"kms:ReEncrypt\",\n        \"kms:GenerateDataKey*\",\n        \"kms:Encrypt\",\n        \"kms:DescribeKey\",\n        \"kms:Decrypt\",\n        \"kms:CreateGrant\"\n      ],\n      \"Resource\": \"*\",\n      \"Principal\": {\n        \"AWS\": \"*\"\n      },\n      \"Condition\": {\n        \"StringEquals\": {\n          \"kms:CallerAccount\": \"198698840116\",\n          \"kms:ViaService\": \"s3.eu-central-1.amazonaws.com\"\n        }\n      }\n    }\n  ]\n}",
            "override_json": null,
            "override_policy_documents": null,
            "policy_id": null,
            "source_json": null,
            "source_policy_documents": [
              "{\n  \"Version\": \"2012-10-17\",\n  \"Statement\": [\n    {\n      \"Sid\": \"Enable IAM Root User Permissions\",\n      \"Effect\": \"Allow\",\n      \"Action\": \"kms:*\",\n      \"Resource\": \"*\",\n      \"Principal\": {\n        \"AWS\": \"arn:aws:iam::198698840116:root\"\n      }\n    },\n    {\n      \"Sid\": \"Allow access for Key Administrators\",\n      \"Effect\": \"Allow\",\n      \"Action\": [\n        \"kms:Update*\",\n        \"kms:UntagResource\",\n        \"kms:TagResource\",\n        \"kms:ScheduleKeyDeletion\",\n        \"kms:Revoke*\",\n        \"kms:Put*\",\n        \"kms:List*\",\n        \"kms:Get*\",\n        \"kms:Enable*\",\n        \"kms:Disable*\",\n        \"kms:Describe*\",\n        \"kms:Delete*\",\n        \"kms:Create*\",\n        \"kms:CancelKeyDeletion\"\n      ],\n      \"Resource\": \"*\",\n      \"Principal\": {\n        \"AWS\": \"arn:aws:iam::198698840116:root\"\n      }\n    },\n    {\n      \"Sid\": \"Allow use of the key for decryption only\",\n      \"Effect\": \"Allow\",\n      \"Action\": \"kms:Decrypt\",\n      \"Resource\": \"*\",\n      \"Principal\": {\n        \"AWS\": \"arn:aws:iam::198698840116:root\"\n      }\n    }\n  ]\n}"
            ],
            "statement": [
              {
                "actions": [
                  "kms:CreateGrant",
                  "kms:Decrypt",
                  "kms:DescribeKey",
                  "kms:Encrypt",
                  "kms:GenerateDataKey*",
                  "kms:ReEncrypt"
                ],
                "condition": [
                  {
                    "test": "StringEquals",
                    "values": [
                      "198698840116"
                    ],
                    "variable": "kms:CallerAccount"
                  },
                  {
                    "test": "StringEquals",
                    "values": [
                      "s3.eu-central-1.amazonaws.com"
                    ],
                    "variable": "kms:ViaService"
                  }
                ],
                "effect": "Allow",
                "not_actions": [],
                "not_principals": [],
                "not_resources": [],
                "principals": [
                  {
                    "identifiers": [
                      "*"
                    ],
                    "type": "AWS"
                  }
                ],
                "resources": [
                  "*"
                ],
                "sid": ""
              }
            ],
            "version": "2012-10-17"
          },
          "sensitive_attributes": []
        }
      ]
    },
    {
      "module": "module.sandbox_skeleton_state_buckets.module.kms_s3",
      "mode": "data",
      "type": "aws_iam_policy_document",
      "name": "general_policy",
      "provider": "module.sandbox_skeleton_state_buckets.provider[\"registry.terraform.io/hashicorp/aws\"]",
      "instances": [
        {
          "schema_version": 0,
          "attributes": {
            "id": "3169203134",
            "json": "{\n  \"Version\": \"2012-10-17\",\n  \"Statement\": [\n    {\n      \"Sid\": \"Enable IAM Root User Permissions\",\n      \"Effect\": \"Allow\",\n      \"Action\": \"kms:*\",\n      \"Resource\": \"*\",\n      \"Principal\": {\n        \"AWS\": \"arn:aws:iam::198698840116:root\"\n      }\n    },\n    {\n      \"Sid\": \"Allow access for Key Administrators\",\n      \"Effect\": \"Allow\",\n      \"Action\": [\n        \"kms:Update*\",\n        \"kms:UntagResource\",\n        \"kms:TagResource\",\n        \"kms:ScheduleKeyDeletion\",\n        \"kms:Revoke*\",\n        \"kms:Put*\",\n        \"kms:List*\",\n        \"kms:Get*\",\n        \"kms:Enable*\",\n        \"kms:Disable*\",\n        \"kms:Describe*\",\n        \"kms:Delete*\",\n        \"kms:Create*\",\n        \"kms:CancelKeyDeletion\"\n      ],\n      \"Resource\": \"*\",\n      \"Principal\": {\n        \"AWS\": \"arn:aws:iam::198698840116:root\"\n      }\n    },\n    {\n      \"Sid\": \"Allow use of the key for decryption only\",\n      \"Effect\": \"Allow\",\n      \"Action\": \"kms:Decrypt\",\n      \"Resource\": \"*\",\n      \"Principal\": {\n        \"AWS\": \"arn:aws:iam::198698840116:root\"\n      }\n    }\n  ]\n}",
            "override_json": null,
            "override_policy_documents": null,
            "policy_id": null,
            "source_json": null,
            "source_policy_documents": null,
            "statement": [
              {
                "actions": [
                  "kms:*"
                ],
                "condition": [],
                "effect": "Allow",
                "not_actions": [],
                "not_principals": [],
                "not_resources": [],
                "principals": [
                  {
                    "identifiers": [
                      "arn:aws:iam::198698840116:root"
                    ],
                    "type": "AWS"
                  }
                ],
                "resources": [
                  "*"
                ],
                "sid": "Enable IAM Root User Permissions"
              },
              {
                "actions": [
                  "kms:CancelKeyDeletion",
                  "kms:Create*",
                  "kms:Delete*",
                  "kms:Describe*",
                  "kms:Disable*",
                  "kms:Enable*",
                  "kms:Get*",
                  "kms:List*",
                  "kms:Put*",
                  "kms:Revoke*",
                  "kms:ScheduleKeyDeletion",
                  "kms:TagResource",
                  "kms:UntagResource",
                  "kms:Update*"
                ],
                "condition": [],
                "effect": "Allow",
                "not_actions": [],
                "not_principals": [],
                "not_resources": [],
                "principals": [
                  {
                    "identifiers": [
                      "arn:aws:iam::198698840116:root"
                    ],
                    "type": "AWS"
                  }
                ],
                "resources": [
                  "*"
                ],
                "sid": "Allow access for Key Administrators"
              },
              {
                "actions": [
                  "kms:Decrypt"
                ],
                "condition": [],
                "effect": "Allow",
                "not_actions": [],
                "not_principals": [],
                "not_resources": [],
                "principals": [
                  {
                    "identifiers": [
                      "arn:aws:iam::198698840116:root"
                    ],
                    "type": "AWS"
                  }
                ],
                "resources": [
                  "*"
                ],
                "sid": "Allow use of the key for decryption only"
              }
            ],
            "version": "2012-10-17"
          },
          "sensitive_attributes": []
        }
      ]
    },
    {
      "module": "module.sandbox_skeleton_state_buckets.module.kms_s3",
      "mode": "managed",
      "type": "aws_kms_alias",
      "name": "this",
      "provider": "module.sandbox_skeleton_state_buckets.provider[\"registry.terraform.io/hashicorp/aws\"]",
      "instances": [
        {
          "schema_version": 0,
          "attributes": {
            "arn": "arn:aws:kms:eu-central-1:198698840116:alias/sandbox-tf-state-s3",
            "id": "alias/sandbox-tf-state-s3",
            "name": "alias/sandbox-tf-state-s3",
            "name_prefix": "",
            "target_key_arn": "arn:aws:kms:eu-central-1:198698840116:key/ff75c115-055d-476c-a084-41be7776bcbd",
            "target_key_id": "ff75c115-055d-476c-a084-41be7776bcbd"
          },
          "sensitive_attributes": [],
          "private": "bnVsbA==",
          "dependencies": [
            "module.sandbox_skeleton_state_buckets.module.kms_s3.aws_kms_key.this",
            "module.sandbox_skeleton_state_buckets.module.kms_s3.data.aws_iam_policy_document.combined_with_serviceprincipals_and_conditions",
            "module.sandbox_skeleton_state_buckets.module.kms_s3.data.aws_iam_policy_document.combined_with_viaservice_condition",
            "module.sandbox_skeleton_state_buckets.module.kms_s3.data.aws_iam_policy_document.general_policy"
          ]
        }
      ]
    },
    {
      "module": "module.sandbox_skeleton_state_buckets.module.kms_s3",
      "mode": "managed",
      "type": "aws_kms_key",
      "name": "this",
      "provider": "module.sandbox_skeleton_state_buckets.provider[\"registry.terraform.io/hashicorp/aws\"]",
      "instances": [
        {
          "schema_version": 0,
          "attributes": {
            "arn": "arn:aws:kms:eu-central-1:198698840116:key/ff75c115-055d-476c-a084-41be7776bcbd",
            "bypass_policy_lockout_safety_check": false,
            "custom_key_store_id": "",
            "customer_master_key_spec": "SYMMETRIC_DEFAULT",
            "deletion_window_in_days": null,
            "description": "KMS key to encrypt sandbox-tf-state s3",
            "enable_key_rotation": true,
            "id": "ff75c115-055d-476c-a084-41be7776bcbd",
            "is_enabled": true,
            "key_id": "ff75c115-055d-476c-a084-41be7776bcbd",
            "key_usage": "ENCRYPT_DECRYPT",
            "multi_region": false,
            "policy": "{\n  \"Version\": \"2012-10-17\",\n  \"Statement\": [\n    {\n      \"Sid\": \"Enable IAM Root User Permissions\",\n      \"Effect\": \"Allow\",\n      \"Action\": \"kms:*\",\n      \"Resource\": \"*\",\n      \"Principal\": {\n        \"AWS\": \"arn:aws:iam::198698840116:root\"\n      }\n    },\n    {\n      \"Sid\": \"Allow access for Key Administrators\",\n      \"Effect\": \"Allow\",\n      \"Action\": [\n        \"kms:Update*\",\n        \"kms:UntagResource\",\n        \"kms:TagResource\",\n        \"kms:ScheduleKeyDeletion\",\n        \"kms:Revoke*\",\n        \"kms:Put*\",\n        \"kms:List*\",\n        \"kms:Get*\",\n        \"kms:Enable*\",\n        \"kms:Disable*\",\n        \"kms:Describe*\",\n        \"kms:Delete*\",\n        \"kms:Create*\",\n        \"kms:CancelKeyDeletion\"\n      ],\n      \"Resource\": \"*\",\n      \"Principal\": {\n        \"AWS\": \"arn:aws:iam::198698840116:root\"\n      }\n    },\n    {\n      \"Sid\": \"Allow use of the key for decryption only\",\n      \"Effect\": \"Allow\",\n      \"Action\": \"kms:Decrypt\",\n      \"Resource\": \"*\",\n      \"Principal\": {\n        \"AWS\": \"arn:aws:iam::198698840116:root\"\n      }\n    },\n    {\n      \"Sid\": \"\",\n      \"Effect\": \"Allow\",\n      \"Action\": [\n        \"kms:ReEncrypt\",\n        \"kms:GenerateDataKey*\",\n        \"kms:Encrypt\",\n        \"kms:DescribeKey\",\n        \"kms:Decrypt\",\n        \"kms:CreateGrant\"\n      ],\n      \"Resource\": \"*\",\n      \"Principal\": {\n        \"AWS\": \"*\"\n      },\n      \"Condition\": {\n        \"StringEquals\": {\n          \"kms:CallerAccount\": \"198698840116\",\n          \"kms:ViaService\": \"s3.eu-central-1.amazonaws.com\"\n        }\n      }\n    }\n  ]\n}",
            "tags": {},
            "tags_all": {
              "blx:created-by": "terraform",
              "blx:environment": "sandbox",
              "blx:owner": "all",
              "blx:repository-name": "tf-spacelift-prerequisites",
              "blx:skeleton-name": "skeleton-state-buckets",
              "blx:tag-version": "1"
            }
          },
          "sensitive_attributes": [],
          "private": "bnVsbA==",
          "dependencies": [
            "module.sandbox_skeleton_state_buckets.module.kms_s3.data.aws_iam_policy_document.combined_with_serviceprincipals_and_conditions",
            "module.sandbox_skeleton_state_buckets.module.kms_s3.data.aws_iam_policy_document.combined_with_viaservice_condition",
            "module.sandbox_skeleton_state_buckets.module.kms_s3.data.aws_iam_policy_document.general_policy"
          ]
        }
      ]
    },
    {
      "module": "module.sandbox_skeleton_state_buckets.module.s3_state_file_data_infrastructure",
      "mode": "data",
      "type": "aws_caller_identity",
      "name": "current",
      "provider": "module.sandbox_skeleton_state_buckets.provider[\"registry.terraform.io/hashicorp/aws\"]",
      "instances": [
        {
          "schema_version": 0,
          "attributes": {
            "account_id": "198698840116",
            "arn": "arn:aws:sts::198698840116:assumed-role/AWSReservedSSO_AdministratorAccess_8fd15f4acf5d774e/e-jbjc@gft.com",
            "id": "198698840116",
            "user_id": "AROAS4Q27WA2HCRQERZVN:e-jbjc@gft.com"
          },
          "sensitive_attributes": []
        }
      ]
    },
    {
      "module": "module.sandbox_skeleton_state_buckets.module.s3_state_file_data_infrastructure",
      "mode": "data",
      "type": "aws_iam_policy_document",
      "name": "deny_unencrypted_state_operations",
      "provider": "module.sandbox_skeleton_state_buckets.provider[\"registry.terraform.io/hashicorp/aws\"]",
      "instances": [
        {
          "schema_version": 0,
          "attributes": {
            "id": "1932403896",
            "json": "{\n  \"Version\": \"2012-10-17\",\n  \"Statement\": [\n    {\n      \"Sid\": \"\",\n      \"Effect\": \"Deny\",\n      \"Action\": [\n        \"s3:PutObject\",\n        \"s3:GetObject\"\n      ],\n      \"Resource\": \"arn:aws:s3:::sandbox-198698840116-data-infrastructure-state-s3/*\",\n      \"Principal\": \"*\",\n      \"Condition\": {\n        \"ForAnyValue:Bool\": {\n          \"aws:SecureTransport\": \"false\"\n        },\n        \"NumericLessThan\": {\n          \"s3:TlsVersion\": \"1.2\"\n        }\n      }\n    }\n  ]\n}",
            "override_json": null,
            "override_policy_documents": null,
            "policy_id": null,
            "source_json": null,
            "source_policy_documents": null,
            "statement": [
              {
                "actions": [
                  "s3:GetObject",
                  "s3:PutObject"
                ],
                "condition": [
                  {
                    "test": "ForAnyValue:Bool",
                    "values": [
                      "false"
                    ],
                    "variable": "aws:SecureTransport"
                  },
                  {
                    "test": "NumericLessThan",
                    "values": [
                      "1.2"
                    ],
                    "variable": "s3:TlsVersion"
                  }
                ],
                "effect": "Deny",
                "not_actions": [],
                "not_principals": [],
                "not_resources": [],
                "principals": [
                  {
                    "identifiers": [
                      "*"
                    ],
                    "type": "*"
                  }
                ],
                "resources": [
                  "arn:aws:s3:::sandbox-198698840116-data-infrastructure-state-s3/*"
                ],
                "sid": ""
              }
            ],
            "version": "2012-10-17"
          },
          "sensitive_attributes": []
        }
      ]
    },
    {
      "module": "module.sandbox_skeleton_state_buckets.module.s3_state_file_data_infrastructure",
      "mode": "managed",
      "type": "aws_s3_bucket",
      "name": "this",
      "provider": "module.sandbox_skeleton_state_buckets.provider[\"registry.terraform.io/hashicorp/aws\"]",
      "instances": [
        {
          "schema_version": 0,
          "attributes": {
            "acceleration_status": "",
            "acl": "private",
            "arn": "arn:aws:s3:::sandbox-198698840116-data-infrastructure-state-s3",
            "bucket": "sandbox-198698840116-data-infrastructure-state-s3",
            "bucket_domain_name": "sandbox-198698840116-data-infrastructure-state-s3.s3.amazonaws.com",
            "bucket_prefix": null,
            "bucket_regional_domain_name": "sandbox-198698840116-data-infrastructure-state-s3.s3.eu-central-1.amazonaws.com",
            "cors_rule": [],
            "force_destroy": false,
            "grant": [
              {
                "id": "e48517490255636e7834fd770d08ef99fe7f9c34968f424ab9d5791abb5f2603",
                "permissions": [
                  "FULL_CONTROL"
                ],
                "type": "CanonicalUser",
                "uri": ""
              }
            ],
            "hosted_zone_id": "Z21DNDUVLTQW6Q",
            "id": "sandbox-198698840116-data-infrastructure-state-s3",
            "lifecycle_rule": [],
            "logging": [],
            "object_lock_configuration": [
              {
                "object_lock_enabled": "Enabled",
                "rule": []
              }
            ],
            "object_lock_enabled": true,
            "policy": "{\"Version\":\"2012-10-17\",\"Statement\":[{\"Sid\":\"\",\"Effect\":\"Deny\",\"Principal\":\"*\",\"Action\":[\"s3:PutObject\",\"s3:GetObject\"],\"Resource\":\"arn:aws:s3:::sandbox-198698840116-data-infrastructure-state-s3/*\",\"Condition\":{\"NumericLessThan\":{\"s3:TlsVersion\":\"1.2\"},\"ForAnyValue:Bool\":{\"aws:SecureTransport\":\"false\"}}}]}",
            "region": "eu-central-1",
            "replication_configuration": [],
            "request_payer": "BucketOwner",
            "server_side_encryption_configuration": [
              {
                "rule": [
                  {
                    "apply_server_side_encryption_by_default": [
                      {
                        "kms_master_key_id": "arn:aws:kms:eu-central-1:198698840116:key/ff75c115-055d-476c-a084-41be7776bcbd",
                        "sse_algorithm": "aws:kms"
                      }
                    ],
                    "bucket_key_enabled": false
                  }
                ]
              }
            ],
            "tags": {},
            "tags_all": {
              "blx:created-by": "terraform",
              "blx:environment": "sandbox",
              "blx:owner": "all",
              "blx:repository-name": "tf-spacelift-prerequisites",
              "blx:skeleton-name": "skeleton-state-buckets",
              "blx:tag-version": "1"
            },
            "timeouts": null,
            "versioning": [
              {
                "enabled": true,
                "mfa_delete": false
              }
            ],
            "website": [],
            "website_domain": null,
            "website_endpoint": null
          },
          "sensitive_attributes": [],
          "private": "eyJlMmJmYjczMC1lY2FhLTExZTYtOGY4OC0zNDM2M2JjN2M0YzAiOnsiY3JlYXRlIjoxMjAwMDAwMDAwMDAwLCJkZWxldGUiOjM2MDAwMDAwMDAwMDAsInJlYWQiOjEyMDAwMDAwMDAwMDAsInVwZGF0ZSI6MTIwMDAwMDAwMDAwMH19",
          "dependencies": [
            "module.sandbox_skeleton_state_buckets.module.kms_s3.aws_kms_key.this",
            "module.sandbox_skeleton_state_buckets.module.kms_s3.data.aws_iam_policy_document.combined_with_serviceprincipals_and_conditions",
            "module.sandbox_skeleton_state_buckets.module.kms_s3.data.aws_iam_policy_document.combined_with_viaservice_condition",
            "module.sandbox_skeleton_state_buckets.module.kms_s3.data.aws_iam_policy_document.general_policy",
            "module.sandbox_skeleton_state_buckets.module.s3_state_file_data_infrastructure.data.aws_caller_identity.current"
          ]
        }
      ]
    },
    {
      "module": "module.sandbox_skeleton_state_buckets.module.s3_state_file_data_infrastructure",
      "mode": "managed",
      "type": "aws_s3_bucket_policy",
      "name": "deny_unencrypted_state_operations_attachment",
      "provider": "module.sandbox_skeleton_state_buckets.provider[\"registry.terraform.io/hashicorp/aws\"]",
      "instances": [
        {
          "schema_version": 0,
          "attributes": {
            "bucket": "sandbox-198698840116-data-infrastructure-state-s3",
            "id": "sandbox-198698840116-data-infrastructure-state-s3",
            "policy": "{\"Statement\":[{\"Action\":[\"s3:PutObject\",\"s3:GetObject\"],\"Condition\":{\"ForAnyValue:Bool\":{\"aws:SecureTransport\":\"false\"},\"NumericLessThan\":{\"s3:TlsVersion\":\"1.2\"}},\"Effect\":\"Deny\",\"Principal\":\"*\",\"Resource\":\"arn:aws:s3:::sandbox-198698840116-data-infrastructure-state-s3/*\",\"Sid\":\"\"}],\"Version\":\"2012-10-17\"}"
          },
          "sensitive_attributes": [],
          "private": "bnVsbA==",
          "dependencies": [
            "module.sandbox_skeleton_state_buckets.module.kms_s3.aws_kms_key.this",
            "module.sandbox_skeleton_state_buckets.module.kms_s3.data.aws_iam_policy_document.combined_with_serviceprincipals_and_conditions",
            "module.sandbox_skeleton_state_buckets.module.kms_s3.data.aws_iam_policy_document.combined_with_viaservice_condition",
            "module.sandbox_skeleton_state_buckets.module.kms_s3.data.aws_iam_policy_document.general_policy",
            "module.sandbox_skeleton_state_buckets.module.s3_state_file_data_infrastructure.aws_s3_bucket.this",
            "module.sandbox_skeleton_state_buckets.module.s3_state_file_data_infrastructure.data.aws_caller_identity.current",
            "module.sandbox_skeleton_state_buckets.module.s3_state_file_data_infrastructure.data.aws_iam_policy_document.deny_unencrypted_state_operations"
          ]
        }
      ]
    },
    {
      "module": "module.sandbox_skeleton_state_buckets.module.s3_state_file_data_infrastructure",
      "mode": "managed",
      "type": "aws_s3_bucket_public_access_block",
      "name": "deny_access_public",
      "provider": "module.sandbox_skeleton_state_buckets.provider[\"registry.terraform.io/hashicorp/aws\"]",
      "instances": [
        {
          "schema_version": 0,
          "attributes": {
            "block_public_acls": true,
            "block_public_policy": true,
            "bucket": "sandbox-198698840116-data-infrastructure-state-s3",
            "id": "sandbox-198698840116-data-infrastructure-state-s3",
            "ignore_public_acls": true,
            "restrict_public_buckets": true
          },
          "sensitive_attributes": [],
          "private": "bnVsbA==",
          "dependencies": [
            "module.sandbox_skeleton_state_buckets.module.kms_s3.aws_kms_key.this",
            "module.sandbox_skeleton_state_buckets.module.kms_s3.data.aws_iam_policy_document.combined_with_serviceprincipals_and_conditions",
            "module.sandbox_skeleton_state_buckets.module.kms_s3.data.aws_iam_policy_document.combined_with_viaservice_condition",
            "module.sandbox_skeleton_state_buckets.module.kms_s3.data.aws_iam_policy_document.general_policy",
            "module.sandbox_skeleton_state_buckets.module.s3_state_file_data_infrastructure.aws_s3_bucket.this",
            "module.sandbox_skeleton_state_buckets.module.s3_state_file_data_infrastructure.data.aws_caller_identity.current"
          ]
        }
      ]
    },
    {
      "module": "module.sandbox_skeleton_state_buckets.module.s3_state_file_infrastructure",
      "mode": "data",
      "type": "aws_caller_identity",
      "name": "current",
      "provider": "module.sandbox_skeleton_state_buckets.provider[\"registry.terraform.io/hashicorp/aws\"]",
      "instances": [
        {
          "schema_version": 0,
          "attributes": {
            "account_id": "198698840116",
            "arn": "arn:aws:sts::198698840116:assumed-role/AWSReservedSSO_AdministratorAccess_8fd15f4acf5d774e/e-jbjc@gft.com",
            "id": "198698840116",
            "user_id": "AROAS4Q27WA2HCRQERZVN:e-jbjc@gft.com"
          },
          "sensitive_attributes": []
        }
      ]
    },
    {
      "module": "module.sandbox_skeleton_state_buckets.module.s3_state_file_infrastructure",
      "mode": "data",
      "type": "aws_iam_policy_document",
      "name": "deny_unencrypted_state_operations",
      "provider": "module.sandbox_skeleton_state_buckets.provider[\"registry.terraform.io/hashicorp/aws\"]",
      "instances": [
        {
          "schema_version": 0,
          "attributes": {
            "id": "693850224",
            "json": "{\n  \"Version\": \"2012-10-17\",\n  \"Statement\": [\n    {\n      \"Sid\": \"\",\n      \"Effect\": \"Deny\",\n      \"Action\": [\n        \"s3:PutObject\",\n        \"s3:GetObject\"\n      ],\n      \"Resource\": \"arn:aws:s3:::sandbox-198698840116-apps-infrastructure-state-s3/*\",\n      \"Principal\": \"*\",\n      \"Condition\": {\n        \"ForAnyValue:Bool\": {\n          \"aws:SecureTransport\": \"false\"\n        },\n        \"NumericLessThan\": {\n          \"s3:TlsVersion\": \"1.2\"\n        }\n      }\n    }\n  ]\n}",
            "override_json": null,
            "override_policy_documents": null,
            "policy_id": null,
            "source_json": null,
            "source_policy_documents": null,
            "statement": [
              {
                "actions": [
                  "s3:GetObject",
                  "s3:PutObject"
                ],
                "condition": [
                  {
                    "test": "ForAnyValue:Bool",
                    "values": [
                      "false"
                    ],
                    "variable": "aws:SecureTransport"
                  },
                  {
                    "test": "NumericLessThan",
                    "values": [
                      "1.2"
                    ],
                    "variable": "s3:TlsVersion"
                  }
                ],
                "effect": "Deny",
                "not_actions": [],
                "not_principals": [],
                "not_resources": [],
                "principals": [
                  {
                    "identifiers": [
                      "*"
                    ],
                    "type": "*"
                  }
                ],
                "resources": [
                  "arn:aws:s3:::sandbox-198698840116-apps-infrastructure-state-s3/*"
                ],
                "sid": ""
              }
            ],
            "version": "2012-10-17"
          },
          "sensitive_attributes": []
        }
      ]
    },
    {
      "module": "module.sandbox_skeleton_state_buckets.module.s3_state_file_infrastructure",
      "mode": "managed",
      "type": "aws_s3_bucket",
      "name": "this",
      "provider": "module.sandbox_skeleton_state_buckets.provider[\"registry.terraform.io/hashicorp/aws\"]",
      "instances": [
        {
          "schema_version": 0,
          "attributes": {
            "acceleration_status": "",
            "acl": "private",
            "arn": "arn:aws:s3:::sandbox-198698840116-apps-infrastructure-state-s3",
            "bucket": "sandbox-198698840116-apps-infrastructure-state-s3",
            "bucket_domain_name": "sandbox-198698840116-apps-infrastructure-state-s3.s3.amazonaws.com",
            "bucket_prefix": null,
            "bucket_regional_domain_name": "sandbox-198698840116-apps-infrastructure-state-s3.s3.eu-central-1.amazonaws.com",
            "cors_rule": [],
            "force_destroy": false,
            "grant": [
              {
                "id": "e48517490255636e7834fd770d08ef99fe7f9c34968f424ab9d5791abb5f2603",
                "permissions": [
                  "FULL_CONTROL"
                ],
                "type": "CanonicalUser",
                "uri": ""
              }
            ],
            "hosted_zone_id": "Z21DNDUVLTQW6Q",
            "id": "sandbox-198698840116-apps-infrastructure-state-s3",
            "lifecycle_rule": [],
            "logging": [],
            "object_lock_configuration": [
              {
                "object_lock_enabled": "Enabled",
                "rule": []
              }
            ],
            "object_lock_enabled": true,
            "policy": "{\"Version\":\"2012-10-17\",\"Statement\":[{\"Sid\":\"\",\"Effect\":\"Deny\",\"Principal\":\"*\",\"Action\":[\"s3:PutObject\",\"s3:GetObject\"],\"Resource\":\"arn:aws:s3:::sandbox-198698840116-apps-infrastructure-state-s3/*\",\"Condition\":{\"NumericLessThan\":{\"s3:TlsVersion\":\"1.2\"},\"ForAnyValue:Bool\":{\"aws:SecureTransport\":\"false\"}}}]}",
            "region": "eu-central-1",
            "replication_configuration": [],
            "request_payer": "BucketOwner",
            "server_side_encryption_configuration": [
              {
                "rule": [
                  {
                    "apply_server_side_encryption_by_default": [
                      {
                        "kms_master_key_id": "arn:aws:kms:eu-central-1:198698840116:key/ff75c115-055d-476c-a084-41be7776bcbd",
                        "sse_algorithm": "aws:kms"
                      }
                    ],
                    "bucket_key_enabled": false
                  }
                ]
              }
            ],
            "tags": {},
            "tags_all": {
              "blx:created-by": "terraform",
              "blx:environment": "sandbox",
              "blx:owner": "all",
              "blx:repository-name": "tf-spacelift-prerequisites",
              "blx:skeleton-name": "skeleton-state-buckets",
              "blx:tag-version": "1"
            },
            "timeouts": null,
            "versioning": [
              {
                "enabled": true,
                "mfa_delete": false
              }
            ],
            "website": [],
            "website_domain": null,
            "website_endpoint": null
          },
          "sensitive_attributes": [],
          "private": "eyJlMmJmYjczMC1lY2FhLTExZTYtOGY4OC0zNDM2M2JjN2M0YzAiOnsiY3JlYXRlIjoxMjAwMDAwMDAwMDAwLCJkZWxldGUiOjM2MDAwMDAwMDAwMDAsInJlYWQiOjEyMDAwMDAwMDAwMDAsInVwZGF0ZSI6MTIwMDAwMDAwMDAwMH19",
          "dependencies": [
            "module.sandbox_skeleton_state_buckets.module.kms_s3.aws_kms_key.this",
            "module.sandbox_skeleton_state_buckets.module.kms_s3.data.aws_iam_policy_document.combined_with_serviceprincipals_and_conditions",
            "module.sandbox_skeleton_state_buckets.module.kms_s3.data.aws_iam_policy_document.combined_with_viaservice_condition",
            "module.sandbox_skeleton_state_buckets.module.kms_s3.data.aws_iam_policy_document.general_policy",
            "module.sandbox_skeleton_state_buckets.module.s3_state_file_infrastructure.data.aws_caller_identity.current"
          ]
        }
      ]
    },
    {
      "module": "module.sandbox_skeleton_state_buckets.module.s3_state_file_infrastructure",
      "mode": "managed",
      "type": "aws_s3_bucket_policy",
      "name": "deny_unencrypted_state_operations_attachment",
      "provider": "module.sandbox_skeleton_state_buckets.provider[\"registry.terraform.io/hashicorp/aws\"]",
      "instances": [
        {
          "schema_version": 0,
          "attributes": {
            "bucket": "sandbox-198698840116-apps-infrastructure-state-s3",
            "id": "sandbox-198698840116-apps-infrastructure-state-s3",
            "policy": "{\"Statement\":[{\"Action\":[\"s3:PutObject\",\"s3:GetObject\"],\"Condition\":{\"ForAnyValue:Bool\":{\"aws:SecureTransport\":\"false\"},\"NumericLessThan\":{\"s3:TlsVersion\":\"1.2\"}},\"Effect\":\"Deny\",\"Principal\":\"*\",\"Resource\":\"arn:aws:s3:::sandbox-198698840116-apps-infrastructure-state-s3/*\",\"Sid\":\"\"}],\"Version\":\"2012-10-17\"}"
          },
          "sensitive_attributes": [],
          "private": "bnVsbA==",
          "dependencies": [
            "module.sandbox_skeleton_state_buckets.module.kms_s3.aws_kms_key.this",
            "module.sandbox_skeleton_state_buckets.module.kms_s3.data.aws_iam_policy_document.combined_with_serviceprincipals_and_conditions",
            "module.sandbox_skeleton_state_buckets.module.kms_s3.data.aws_iam_policy_document.combined_with_viaservice_condition",
            "module.sandbox_skeleton_state_buckets.module.kms_s3.data.aws_iam_policy_document.general_policy",
            "module.sandbox_skeleton_state_buckets.module.s3_state_file_infrastructure.aws_s3_bucket.this",
            "module.sandbox_skeleton_state_buckets.module.s3_state_file_infrastructure.data.aws_caller_identity.current",
            "module.sandbox_skeleton_state_buckets.module.s3_state_file_infrastructure.data.aws_iam_policy_document.deny_unencrypted_state_operations"
          ]
        }
      ]
    },
    {
      "module": "module.sandbox_skeleton_state_buckets.module.s3_state_file_infrastructure",
      "mode": "managed",
      "type": "aws_s3_bucket_public_access_block",
      "name": "deny_access_public",
      "provider": "module.sandbox_skeleton_state_buckets.provider[\"registry.terraform.io/hashicorp/aws\"]",
      "instances": [
        {
          "schema_version": 0,
          "attributes": {
            "block_public_acls": true,
            "block_public_policy": true,
            "bucket": "sandbox-198698840116-apps-infrastructure-state-s3",
            "id": "sandbox-198698840116-apps-infrastructure-state-s3",
            "ignore_public_acls": true,
            "restrict_public_buckets": true
          },
          "sensitive_attributes": [],
          "private": "bnVsbA==",
          "dependencies": [
            "module.sandbox_skeleton_state_buckets.module.kms_s3.aws_kms_key.this",
            "module.sandbox_skeleton_state_buckets.module.kms_s3.data.aws_iam_policy_document.combined_with_serviceprincipals_and_conditions",
            "module.sandbox_skeleton_state_buckets.module.kms_s3.data.aws_iam_policy_document.combined_with_viaservice_condition",
            "module.sandbox_skeleton_state_buckets.module.kms_s3.data.aws_iam_policy_document.general_policy",
            "module.sandbox_skeleton_state_buckets.module.s3_state_file_infrastructure.aws_s3_bucket.this",
            "module.sandbox_skeleton_state_buckets.module.s3_state_file_infrastructure.data.aws_caller_identity.current"
          ]
        }
      ]
    },
    {
      "module": "module.sandbox_skeleton_state_buckets.module.s3_state_file_networking",
      "mode": "data",
      "type": "aws_caller_identity",
      "name": "current",
      "provider": "module.sandbox_skeleton_state_buckets.provider[\"registry.terraform.io/hashicorp/aws\"]",
      "instances": [
        {
          "schema_version": 0,
          "attributes": {
            "account_id": "198698840116",
            "arn": "arn:aws:sts::198698840116:assumed-role/AWSReservedSSO_AdministratorAccess_8fd15f4acf5d774e/e-jbjc@gft.com",
            "id": "198698840116",
            "user_id": "AROAS4Q27WA2HCRQERZVN:e-jbjc@gft.com"
          },
          "sensitive_attributes": []
        }
      ]
    },
    {
      "module": "module.sandbox_skeleton_state_buckets.module.s3_state_file_networking",
      "mode": "data",
      "type": "aws_iam_policy_document",
      "name": "deny_unencrypted_state_operations",
      "provider": "module.sandbox_skeleton_state_buckets.provider[\"registry.terraform.io/hashicorp/aws\"]",
      "instances": [
        {
          "schema_version": 0,
          "attributes": {
            "id": "299476703",
            "json": "{\n  \"Version\": \"2012-10-17\",\n  \"Statement\": [\n    {\n      \"Sid\": \"\",\n      \"Effect\": \"Deny\",\n      \"Action\": [\n        \"s3:PutObject\",\n        \"s3:GetObject\"\n      ],\n      \"Resource\": \"arn:aws:s3:::sandbox-198698840116-apps-networking-state-s3/*\",\n      \"Principal\": \"*\",\n      \"Condition\": {\n        \"ForAnyValue:Bool\": {\n          \"aws:SecureTransport\": \"false\"\n        },\n        \"NumericLessThan\": {\n          \"s3:TlsVersion\": \"1.2\"\n        }\n      }\n    }\n  ]\n}",
            "override_json": null,
            "override_policy_documents": null,
            "policy_id": null,
            "source_json": null,
            "source_policy_documents": null,
            "statement": [
              {
                "actions": [
                  "s3:GetObject",
                  "s3:PutObject"
                ],
                "condition": [
                  {
                    "test": "ForAnyValue:Bool",
                    "values": [
                      "false"
                    ],
                    "variable": "aws:SecureTransport"
                  },
                  {
                    "test": "NumericLessThan",
                    "values": [
                      "1.2"
                    ],
                    "variable": "s3:TlsVersion"
                  }
                ],
                "effect": "Deny",
                "not_actions": [],
                "not_principals": [],
                "not_resources": [],
                "principals": [
                  {
                    "identifiers": [
                      "*"
                    ],
                    "type": "*"
                  }
                ],
                "resources": [
                  "arn:aws:s3:::sandbox-198698840116-apps-networking-state-s3/*"
                ],
                "sid": ""
              }
            ],
            "version": "2012-10-17"
          },
          "sensitive_attributes": []
        }
      ]
    },
    {
      "module": "module.sandbox_skeleton_state_buckets.module.s3_state_file_networking",
      "mode": "managed",
      "type": "aws_s3_bucket",
      "name": "this",
      "provider": "module.sandbox_skeleton_state_buckets.provider[\"registry.terraform.io/hashicorp/aws\"]",
      "instances": [
        {
          "schema_version": 0,
          "attributes": {
            "acceleration_status": "",
            "acl": "private",
            "arn": "arn:aws:s3:::sandbox-198698840116-apps-networking-state-s3",
            "bucket": "sandbox-198698840116-apps-networking-state-s3",
            "bucket_domain_name": "sandbox-198698840116-apps-networking-state-s3.s3.amazonaws.com",
            "bucket_prefix": null,
            "bucket_regional_domain_name": "sandbox-198698840116-apps-networking-state-s3.s3.eu-central-1.amazonaws.com",
            "cors_rule": [],
            "force_destroy": false,
            "grant": [
              {
                "id": "e48517490255636e7834fd770d08ef99fe7f9c34968f424ab9d5791abb5f2603",
                "permissions": [
                  "FULL_CONTROL"
                ],
                "type": "CanonicalUser",
                "uri": ""
              }
            ],
            "hosted_zone_id": "Z21DNDUVLTQW6Q",
            "id": "sandbox-198698840116-apps-networking-state-s3",
            "lifecycle_rule": [],
            "logging": [],
            "object_lock_configuration": [
              {
                "object_lock_enabled": "Enabled",
                "rule": []
              }
            ],
            "object_lock_enabled": true,
            "policy": "{\"Version\":\"2012-10-17\",\"Statement\":[{\"Sid\":\"\",\"Effect\":\"Deny\",\"Principal\":\"*\",\"Action\":[\"s3:PutObject\",\"s3:GetObject\"],\"Resource\":\"arn:aws:s3:::sandbox-198698840116-apps-networking-state-s3/*\",\"Condition\":{\"NumericLessThan\":{\"s3:TlsVersion\":\"1.2\"},\"ForAnyValue:Bool\":{\"aws:SecureTransport\":\"false\"}}}]}",
            "region": "eu-central-1",
            "replication_configuration": [],
            "request_payer": "BucketOwner",
            "server_side_encryption_configuration": [
              {
                "rule": [
                  {
                    "apply_server_side_encryption_by_default": [
                      {
                        "kms_master_key_id": "arn:aws:kms:eu-central-1:198698840116:key/ff75c115-055d-476c-a084-41be7776bcbd",
                        "sse_algorithm": "aws:kms"
                      }
                    ],
                    "bucket_key_enabled": false
                  }
                ]
              }
            ],
            "tags": {},
            "tags_all": {
              "blx:created-by": "terraform",
              "blx:environment": "sandbox",
              "blx:owner": "all",
              "blx:repository-name": "tf-spacelift-prerequisites",
              "blx:skeleton-name": "skeleton-state-buckets",
              "blx:tag-version": "1"
            },
            "timeouts": null,
            "versioning": [
              {
                "enabled": true,
                "mfa_delete": false
              }
            ],
            "website": [],
            "website_domain": null,
            "website_endpoint": null
          },
          "sensitive_attributes": [],
          "private": "eyJlMmJmYjczMC1lY2FhLTExZTYtOGY4OC0zNDM2M2JjN2M0YzAiOnsiY3JlYXRlIjoxMjAwMDAwMDAwMDAwLCJkZWxldGUiOjM2MDAwMDAwMDAwMDAsInJlYWQiOjEyMDAwMDAwMDAwMDAsInVwZGF0ZSI6MTIwMDAwMDAwMDAwMH19",
          "dependencies": [
            "module.sandbox_skeleton_state_buckets.module.kms_s3.aws_kms_key.this",
            "module.sandbox_skeleton_state_buckets.module.kms_s3.data.aws_iam_policy_document.combined_with_serviceprincipals_and_conditions",
            "module.sandbox_skeleton_state_buckets.module.kms_s3.data.aws_iam_policy_document.combined_with_viaservice_condition",
            "module.sandbox_skeleton_state_buckets.module.kms_s3.data.aws_iam_policy_document.general_policy",
            "module.sandbox_skeleton_state_buckets.module.s3_state_file_networking.data.aws_caller_identity.current"
          ]
        }
      ]
    },
    {
      "module": "module.sandbox_skeleton_state_buckets.module.s3_state_file_networking",
      "mode": "managed",
      "type": "aws_s3_bucket_policy",
      "name": "deny_unencrypted_state_operations_attachment",
      "provider": "module.sandbox_skeleton_state_buckets.provider[\"registry.terraform.io/hashicorp/aws\"]",
      "instances": [
        {
          "schema_version": 0,
          "attributes": {
            "bucket": "sandbox-198698840116-apps-networking-state-s3",
            "id": "sandbox-198698840116-apps-networking-state-s3",
            "policy": "{\"Statement\":[{\"Action\":[\"s3:PutObject\",\"s3:GetObject\"],\"Condition\":{\"ForAnyValue:Bool\":{\"aws:SecureTransport\":\"false\"},\"NumericLessThan\":{\"s3:TlsVersion\":\"1.2\"}},\"Effect\":\"Deny\",\"Principal\":\"*\",\"Resource\":\"arn:aws:s3:::sandbox-198698840116-apps-networking-state-s3/*\",\"Sid\":\"\"}],\"Version\":\"2012-10-17\"}"
          },
          "sensitive_attributes": [],
          "private": "bnVsbA==",
          "dependencies": [
            "module.sandbox_skeleton_state_buckets.module.kms_s3.aws_kms_key.this",
            "module.sandbox_skeleton_state_buckets.module.kms_s3.data.aws_iam_policy_document.combined_with_serviceprincipals_and_conditions",
            "module.sandbox_skeleton_state_buckets.module.kms_s3.data.aws_iam_policy_document.combined_with_viaservice_condition",
            "module.sandbox_skeleton_state_buckets.module.kms_s3.data.aws_iam_policy_document.general_policy",
            "module.sandbox_skeleton_state_buckets.module.s3_state_file_networking.aws_s3_bucket.this",
            "module.sandbox_skeleton_state_buckets.module.s3_state_file_networking.data.aws_caller_identity.current",
            "module.sandbox_skeleton_state_buckets.module.s3_state_file_networking.data.aws_iam_policy_document.deny_unencrypted_state_operations"
          ]
        }
      ]
    },
    {
      "module": "module.sandbox_skeleton_state_buckets.module.s3_state_file_networking",
      "mode": "managed",
      "type": "aws_s3_bucket_public_access_block",
      "name": "deny_access_public",
      "provider": "module.sandbox_skeleton_state_buckets.provider[\"registry.terraform.io/hashicorp/aws\"]",
      "instances": [
        {
          "schema_version": 0,
          "attributes": {
            "block_public_acls": true,
            "block_public_policy": true,
            "bucket": "sandbox-198698840116-apps-networking-state-s3",
            "id": "sandbox-198698840116-apps-networking-state-s3",
            "ignore_public_acls": true,
            "restrict_public_buckets": true
          },
          "sensitive_attributes": [],
          "private": "bnVsbA==",
          "dependencies": [
            "module.sandbox_skeleton_state_buckets.module.kms_s3.aws_kms_key.this",
            "module.sandbox_skeleton_state_buckets.module.kms_s3.data.aws_iam_policy_document.combined_with_serviceprincipals_and_conditions",
            "module.sandbox_skeleton_state_buckets.module.kms_s3.data.aws_iam_policy_document.combined_with_viaservice_condition",
            "module.sandbox_skeleton_state_buckets.module.kms_s3.data.aws_iam_policy_document.general_policy",
            "module.sandbox_skeleton_state_buckets.module.s3_state_file_networking.aws_s3_bucket.this",
            "module.sandbox_skeleton_state_buckets.module.s3_state_file_networking.data.aws_caller_identity.current"
          ]
        }
      ]
    },
    {
      "module": "module.sandbox_skeleton_state_buckets.module.s3_state_file_observability",
      "mode": "data",
      "type": "aws_caller_identity",
      "name": "current",
      "provider": "module.sandbox_skeleton_state_buckets.provider[\"registry.terraform.io/hashicorp/aws\"]",
      "instances": [
        {
          "schema_version": 0,
          "attributes": {
            "account_id": "198698840116",
            "arn": "arn:aws:sts::198698840116:assumed-role/AWSReservedSSO_AdministratorAccess_8fd15f4acf5d774e/e-jbjc@gft.com",
            "id": "198698840116",
            "user_id": "AROAS4Q27WA2HCRQERZVN:e-jbjc@gft.com"
          },
          "sensitive_attributes": []
        }
      ]
    },
    {
      "module": "module.sandbox_skeleton_state_buckets.module.s3_state_file_observability",
      "mode": "data",
      "type": "aws_iam_policy_document",
      "name": "deny_unencrypted_state_operations",
      "provider": "module.sandbox_skeleton_state_buckets.provider[\"registry.terraform.io/hashicorp/aws\"]",
      "instances": [
        {
          "schema_version": 0,
          "attributes": {
            "id": "915896508",
            "json": "{\n  \"Version\": \"2012-10-17\",\n  \"Statement\": [\n    {\n      \"Sid\": \"\",\n      \"Effect\": \"Deny\",\n      \"Action\": [\n        \"s3:PutObject\",\n        \"s3:GetObject\"\n      ],\n      \"Resource\": \"arn:aws:s3:::sandbox-198698840116-apps-observability-state-s3/*\",\n      \"Principal\": \"*\",\n      \"Condition\": {\n        \"ForAnyValue:Bool\": {\n          \"aws:SecureTransport\": \"false\"\n        },\n        \"NumericLessThan\": {\n          \"s3:TlsVersion\": \"1.2\"\n        }\n      }\n    }\n  ]\n}",
            "override_json": null,
            "override_policy_documents": null,
            "policy_id": null,
            "source_json": null,
            "source_policy_documents": null,
            "statement": [
              {
                "actions": [
                  "s3:GetObject",
                  "s3:PutObject"
                ],
                "condition": [
                  {
                    "test": "ForAnyValue:Bool",
                    "values": [
                      "false"
                    ],
                    "variable": "aws:SecureTransport"
                  },
                  {
                    "test": "NumericLessThan",
                    "values": [
                      "1.2"
                    ],
                    "variable": "s3:TlsVersion"
                  }
                ],
                "effect": "Deny",
                "not_actions": [],
                "not_principals": [],
                "not_resources": [],
                "principals": [
                  {
                    "identifiers": [
                      "*"
                    ],
                    "type": "*"
                  }
                ],
                "resources": [
                  "arn:aws:s3:::sandbox-198698840116-apps-observability-state-s3/*"
                ],
                "sid": ""
              }
            ],
            "version": "2012-10-17"
          },
          "sensitive_attributes": []
        }
      ]
    },
    {
      "module": "module.sandbox_skeleton_state_buckets.module.s3_state_file_observability",
      "mode": "managed",
      "type": "aws_s3_bucket",
      "name": "this",
      "provider": "module.sandbox_skeleton_state_buckets.provider[\"registry.terraform.io/hashicorp/aws\"]",
      "instances": [
        {
          "schema_version": 0,
          "attributes": {
            "acceleration_status": "",
            "acl": "private",
            "arn": "arn:aws:s3:::sandbox-198698840116-apps-observability-state-s3",
            "bucket": "sandbox-198698840116-apps-observability-state-s3",
            "bucket_domain_name": "sandbox-198698840116-apps-observability-state-s3.s3.amazonaws.com",
            "bucket_prefix": null,
            "bucket_regional_domain_name": "sandbox-198698840116-apps-observability-state-s3.s3.eu-central-1.amazonaws.com",
            "cors_rule": [],
            "force_destroy": false,
            "grant": [
              {
                "id": "e48517490255636e7834fd770d08ef99fe7f9c34968f424ab9d5791abb5f2603",
                "permissions": [
                  "FULL_CONTROL"
                ],
                "type": "CanonicalUser",
                "uri": ""
              }
            ],
            "hosted_zone_id": "Z21DNDUVLTQW6Q",
            "id": "sandbox-198698840116-apps-observability-state-s3",
            "lifecycle_rule": [],
            "logging": [],
            "object_lock_configuration": [
              {
                "object_lock_enabled": "Enabled",
                "rule": []
              }
            ],
            "object_lock_enabled": true,
            "policy": "",
            "region": "eu-central-1",
            "replication_configuration": [],
            "request_payer": "BucketOwner",
            "server_side_encryption_configuration": [
              {
                "rule": [
                  {
                    "apply_server_side_encryption_by_default": [
                      {
                        "kms_master_key_id": "arn:aws:kms:eu-central-1:198698840116:key/ff75c115-055d-476c-a084-41be7776bcbd",
                        "sse_algorithm": "aws:kms"
                      }
                    ],
                    "bucket_key_enabled": false
                  }
                ]
              }
            ],
            "tags": null,
            "tags_all": {
              "blx:created-by": "terraform",
              "blx:environment": "sandbox",
              "blx:owner": "all",
              "blx:repository-name": "tf-spacelift-prerequisites",
              "blx:skeleton-name": "skeleton-state-buckets",
              "blx:tag-version": "1"
            },
            "timeouts": null,
            "versioning": [
              {
                "enabled": true,
                "mfa_delete": false
              }
            ],
            "website": [],
            "website_domain": null,
            "website_endpoint": null
          },
          "sensitive_attributes": [],
          "private": "eyJlMmJmYjczMC1lY2FhLTExZTYtOGY4OC0zNDM2M2JjN2M0YzAiOnsiY3JlYXRlIjoxMjAwMDAwMDAwMDAwLCJkZWxldGUiOjM2MDAwMDAwMDAwMDAsInJlYWQiOjEyMDAwMDAwMDAwMDAsInVwZGF0ZSI6MTIwMDAwMDAwMDAwMH19",
          "dependencies": [
            "module.sandbox_skeleton_state_buckets.module.kms_s3.aws_kms_key.this",
            "module.sandbox_skeleton_state_buckets.module.kms_s3.data.aws_iam_policy_document.combined_with_serviceprincipals_and_conditions",
            "module.sandbox_skeleton_state_buckets.module.kms_s3.data.aws_iam_policy_document.combined_with_viaservice_condition",
            "module.sandbox_skeleton_state_buckets.module.kms_s3.data.aws_iam_policy_document.general_policy",
            "module.sandbox_skeleton_state_buckets.module.s3_state_file_observability.data.aws_caller_identity.current"
          ]
        }
      ]
    },
    {
      "module": "module.sandbox_skeleton_state_buckets.module.s3_state_file_observability",
      "mode": "managed",
      "type": "aws_s3_bucket_policy",
      "name": "deny_unencrypted_state_operations_attachment",
      "provider": "module.sandbox_skeleton_state_buckets.provider[\"registry.terraform.io/hashicorp/aws\"]",
      "instances": [
        {
          "schema_version": 0,
          "attributes": {
            "bucket": "sandbox-198698840116-apps-observability-state-s3",
            "id": "sandbox-198698840116-apps-observability-state-s3",
            "policy": "{\n  \"Version\": \"2012-10-17\",\n  \"Statement\": [\n    {\n      \"Sid\": \"\",\n      \"Effect\": \"Deny\",\n      \"Action\": [\n        \"s3:PutObject\",\n        \"s3:GetObject\"\n      ],\n      \"Resource\": \"arn:aws:s3:::sandbox-198698840116-apps-observability-state-s3/*\",\n      \"Principal\": \"*\",\n      \"Condition\": {\n        \"ForAnyValue:Bool\": {\n          \"aws:SecureTransport\": \"false\"\n        },\n        \"NumericLessThan\": {\n          \"s3:TlsVersion\": \"1.2\"\n        }\n      }\n    }\n  ]\n}"
          },
          "sensitive_attributes": [],
          "private": "bnVsbA==",
          "dependencies": [
            "module.sandbox_skeleton_state_buckets.module.kms_s3.aws_kms_key.this",
            "module.sandbox_skeleton_state_buckets.module.kms_s3.data.aws_iam_policy_document.combined_with_serviceprincipals_and_conditions",
            "module.sandbox_skeleton_state_buckets.module.kms_s3.data.aws_iam_policy_document.combined_with_viaservice_condition",
            "module.sandbox_skeleton_state_buckets.module.kms_s3.data.aws_iam_policy_document.general_policy",
            "module.sandbox_skeleton_state_buckets.module.s3_state_file_observability.aws_s3_bucket.this",
            "module.sandbox_skeleton_state_buckets.module.s3_state_file_observability.data.aws_caller_identity.current",
            "module.sandbox_skeleton_state_buckets.module.s3_state_file_observability.data.aws_iam_policy_document.deny_unencrypted_state_operations"
          ]
        }
      ]
    },
    {
      "module": "module.sandbox_skeleton_state_buckets.module.s3_state_file_observability",
      "mode": "managed",
      "type": "aws_s3_bucket_public_access_block",
      "name": "deny_access_public",
      "provider": "module.sandbox_skeleton_state_buckets.provider[\"registry.terraform.io/hashicorp/aws\"]",
      "instances": [
        {
          "schema_version": 0,
          "attributes": {
            "block_public_acls": true,
            "block_public_policy": true,
            "bucket": "sandbox-198698840116-apps-observability-state-s3",
            "id": "sandbox-198698840116-apps-observability-state-s3",
            "ignore_public_acls": true,
            "restrict_public_buckets": true
          },
          "sensitive_attributes": [],
          "private": "bnVsbA==",
          "dependencies": [
            "module.sandbox_skeleton_state_buckets.module.kms_s3.aws_kms_key.this",
            "module.sandbox_skeleton_state_buckets.module.kms_s3.data.aws_iam_policy_document.combined_with_serviceprincipals_and_conditions",
            "module.sandbox_skeleton_state_buckets.module.kms_s3.data.aws_iam_policy_document.combined_with_viaservice_condition",
            "module.sandbox_skeleton_state_buckets.module.kms_s3.data.aws_iam_policy_document.general_policy",
            "module.sandbox_skeleton_state_buckets.module.s3_state_file_observability.aws_s3_bucket.this",
            "module.sandbox_skeleton_state_buckets.module.s3_state_file_observability.data.aws_caller_identity.current"
          ]
        }
      ]
    },
    {
      "module": "module.shared-service-state-buckets.module.dynamodb_state_file_github_automations",
      "mode": "managed",
      "type": "aws_dynamodb_table",
      "name": "this",
      "provider": "module.shared-service-state-buckets.provider[\"registry.terraform.io/hashicorp/aws\"]",
      "instances": [
        {
          "schema_version": 1,
          "attributes": {
            "arn": "arn:aws:dynamodb:eu-central-1:336241431902:table/shared-service-github-automations-lock-table",
            "attribute": [
              {
                "name": "LockID",
                "type": "S"
              }
            ],
            "billing_mode": "PAY_PER_REQUEST",
            "global_secondary_index": [],
            "hash_key": "LockID",
            "id": "shared-service-github-automations-lock-table",
            "local_secondary_index": [],
            "name": "shared-service-github-automations-lock-table",
            "point_in_time_recovery": [
              {
                "enabled": false
              }
            ],
            "range_key": null,
            "read_capacity": 0,
            "replica": [],
            "restore_date_time": null,
            "restore_source_name": null,
            "restore_to_latest_time": null,
            "server_side_encryption": [
              {
                "enabled": true,
                "kms_key_arn": "arn:aws:kms:eu-central-1:336241431902:key/351dc4a5-304f-4375-afb7-4180e9e6793c"
              }
            ],
            "stream_arn": "",
            "stream_enabled": false,
            "stream_label": "",
            "stream_view_type": "",
            "table_class": "",
            "tags": {},
            "tags_all": {
              "blx:created-by": "terraform",
              "blx:environment": "shared-service",
              "blx:owner": "all",
              "blx:repository-name": "tf-spacelift-prerequisites",
              "blx:skeleton-name": "shared-service-state-buckets",
              "blx:tag-version": "1"
            },
            "timeouts": null,
            "ttl": [
              {
                "attribute_name": "",
                "enabled": false
              }
            ],
            "write_capacity": 0
          },
          "sensitive_attributes": [],
          "private": "eyJlMmJmYjczMC1lY2FhLTExZTYtOGY4OC0zNDM2M2JjN2M0YzAiOnsiY3JlYXRlIjoxODAwMDAwMDAwMDAwLCJkZWxldGUiOjYwMDAwMDAwMDAwMCwidXBkYXRlIjozNjAwMDAwMDAwMDAwfSwic2NoZW1hX3ZlcnNpb24iOiIxIn0=",
          "dependencies": [
            "module.shared-service-state-buckets.module.kms_db.aws_kms_key.this",
            "module.shared-service-state-buckets.module.kms_db.data.aws_iam_policy_document.combined_with_serviceprincipals_and_conditions",
            "module.shared-service-state-buckets.module.kms_db.data.aws_iam_policy_document.combined_with_viaservice_condition",
            "module.shared-service-state-buckets.module.kms_db.data.aws_iam_policy_document.general_policy"
          ]
        }
      ]
    },
    {
      "module": "module.shared-service-state-buckets.module.dynamodb_state_file_infrastructure",
      "mode": "managed",
      "type": "aws_dynamodb_table",
      "name": "this",
      "provider": "module.shared-service-state-buckets.provider[\"registry.terraform.io/hashicorp/aws\"]",
      "instances": [
        {
          "schema_version": 1,
          "attributes": {
            "arn": "arn:aws:dynamodb:eu-central-1:336241431902:table/shared-service-infrastructure-lock-table",
            "attribute": [
              {
                "name": "LockID",
                "type": "S"
              }
            ],
            "billing_mode": "PAY_PER_REQUEST",
            "global_secondary_index": [],
            "hash_key": "LockID",
            "id": "shared-service-infrastructure-lock-table",
            "local_secondary_index": [],
            "name": "shared-service-infrastructure-lock-table",
            "point_in_time_recovery": [
              {
                "enabled": false
              }
            ],
            "range_key": null,
            "read_capacity": 0,
            "replica": [],
            "restore_date_time": null,
            "restore_source_name": null,
            "restore_to_latest_time": null,
            "server_side_encryption": [
              {
                "enabled": true,
                "kms_key_arn": "arn:aws:kms:eu-central-1:336241431902:key/351dc4a5-304f-4375-afb7-4180e9e6793c"
              }
            ],
            "stream_arn": "",
            "stream_enabled": false,
            "stream_label": "",
            "stream_view_type": "",
            "table_class": "",
            "tags": {},
            "tags_all": {
              "blx:created-by": "terraform",
              "blx:environment": "shared-service",
              "blx:owner": "all",
              "blx:repository-name": "tf-spacelift-prerequisites",
              "blx:skeleton-name": "shared-service-state-buckets",
              "blx:tag-version": "1"
            },
            "timeouts": null,
            "ttl": [
              {
                "attribute_name": "",
                "enabled": false
              }
            ],
            "write_capacity": 0
          },
          "sensitive_attributes": [],
          "private": "eyJlMmJmYjczMC1lY2FhLTExZTYtOGY4OC0zNDM2M2JjN2M0YzAiOnsiY3JlYXRlIjoxODAwMDAwMDAwMDAwLCJkZWxldGUiOjYwMDAwMDAwMDAwMCwidXBkYXRlIjozNjAwMDAwMDAwMDAwfSwic2NoZW1hX3ZlcnNpb24iOiIxIn0=",
          "dependencies": [
            "module.shared-service-state-buckets.module.kms_db.aws_kms_key.this",
            "module.shared-service-state-buckets.module.kms_db.data.aws_iam_policy_document.combined_with_serviceprincipals_and_conditions",
            "module.shared-service-state-buckets.module.kms_db.data.aws_iam_policy_document.combined_with_viaservice_condition",
            "module.shared-service-state-buckets.module.kms_db.data.aws_iam_policy_document.general_policy"
          ]
        }
      ]
    },
    {
      "module": "module.shared-service-state-buckets.module.dynamodb_state_file_networking",
      "mode": "managed",
      "type": "aws_dynamodb_table",
      "name": "this",
      "provider": "module.shared-service-state-buckets.provider[\"registry.terraform.io/hashicorp/aws\"]",
      "instances": [
        {
          "schema_version": 1,
          "attributes": {
            "arn": "arn:aws:dynamodb:eu-central-1:336241431902:table/shared-service-networking-lock-table",
            "attribute": [
              {
                "name": "LockID",
                "type": "S"
              }
            ],
            "billing_mode": "PAY_PER_REQUEST",
            "global_secondary_index": [],
            "hash_key": "LockID",
            "id": "shared-service-networking-lock-table",
            "local_secondary_index": [],
            "name": "shared-service-networking-lock-table",
            "point_in_time_recovery": [
              {
                "enabled": false
              }
            ],
            "range_key": null,
            "read_capacity": 0,
            "replica": [],
            "restore_date_time": null,
            "restore_source_name": null,
            "restore_to_latest_time": null,
            "server_side_encryption": [
              {
                "enabled": true,
                "kms_key_arn": "arn:aws:kms:eu-central-1:336241431902:key/351dc4a5-304f-4375-afb7-4180e9e6793c"
              }
            ],
            "stream_arn": "",
            "stream_enabled": false,
            "stream_label": "",
            "stream_view_type": "",
            "table_class": "",
            "tags": {},
            "tags_all": {
              "blx:created-by": "terraform",
              "blx:environment": "shared-service",
              "blx:owner": "all",
              "blx:repository-name": "tf-spacelift-prerequisites",
              "blx:skeleton-name": "shared-service-state-buckets",
              "blx:tag-version": "1"
            },
            "timeouts": null,
            "ttl": [
              {
                "attribute_name": "",
                "enabled": false
              }
            ],
            "write_capacity": 0
          },
          "sensitive_attributes": [],
          "private": "eyJlMmJmYjczMC1lY2FhLTExZTYtOGY4OC0zNDM2M2JjN2M0YzAiOnsiY3JlYXRlIjoxODAwMDAwMDAwMDAwLCJkZWxldGUiOjYwMDAwMDAwMDAwMCwidXBkYXRlIjozNjAwMDAwMDAwMDAwfSwic2NoZW1hX3ZlcnNpb24iOiIxIn0=",
          "dependencies": [
            "module.shared-service-state-buckets.module.kms_db.aws_kms_key.this",
            "module.shared-service-state-buckets.module.kms_db.data.aws_iam_policy_document.combined_with_serviceprincipals_and_conditions",
            "module.shared-service-state-buckets.module.kms_db.data.aws_iam_policy_document.combined_with_viaservice_condition",
            "module.shared-service-state-buckets.module.kms_db.data.aws_iam_policy_document.general_policy"
          ]
        }
      ]
    },
    {
      "module": "module.shared-service-state-buckets.module.dynamodb_state_file_observability",
      "mode": "managed",
      "type": "aws_dynamodb_table",
      "name": "this",
      "provider": "module.shared-service-state-buckets.provider[\"registry.terraform.io/hashicorp/aws\"]",
      "instances": [
        {
          "schema_version": 1,
          "attributes": {
            "arn": "arn:aws:dynamodb:eu-central-1:336241431902:table/shared-service-observability-lock-table",
            "attribute": [
              {
                "name": "LockID",
                "type": "S"
              }
            ],
            "billing_mode": "PAY_PER_REQUEST",
            "global_secondary_index": [],
            "hash_key": "LockID",
            "id": "shared-service-observability-lock-table",
            "local_secondary_index": [],
            "name": "shared-service-observability-lock-table",
            "point_in_time_recovery": [
              {
                "enabled": false
              }
            ],
            "range_key": null,
            "read_capacity": 0,
            "replica": [],
            "restore_date_time": null,
            "restore_source_name": null,
            "restore_to_latest_time": null,
            "server_side_encryption": [
              {
                "enabled": true,
                "kms_key_arn": "arn:aws:kms:eu-central-1:336241431902:key/351dc4a5-304f-4375-afb7-4180e9e6793c"
              }
            ],
            "stream_arn": "",
            "stream_enabled": false,
            "stream_label": "",
            "stream_view_type": "",
            "table_class": "",
            "tags": null,
            "tags_all": {
              "blx:created-by": "terraform",
              "blx:environment": "shared-service",
              "blx:owner": "all",
              "blx:repository-name": "tf-spacelift-prerequisites",
              "blx:skeleton-name": "shared-service-state-buckets",
              "blx:tag-version": "1"
            },
            "timeouts": null,
            "ttl": [
              {
                "attribute_name": "",
                "enabled": false
              }
            ],
            "write_capacity": 0
          },
          "sensitive_attributes": [],
          "private": "eyJlMmJmYjczMC1lY2FhLTExZTYtOGY4OC0zNDM2M2JjN2M0YzAiOnsiY3JlYXRlIjoxODAwMDAwMDAwMDAwLCJkZWxldGUiOjYwMDAwMDAwMDAwMCwidXBkYXRlIjozNjAwMDAwMDAwMDAwfSwic2NoZW1hX3ZlcnNpb24iOiIxIn0=",
          "dependencies": [
            "module.shared-service-state-buckets.module.kms_db.aws_kms_key.this",
            "module.shared-service-state-buckets.module.kms_db.data.aws_iam_policy_document.combined_with_serviceprincipals_and_conditions",
            "module.shared-service-state-buckets.module.kms_db.data.aws_iam_policy_document.combined_with_viaservice_condition",
            "module.shared-service-state-buckets.module.kms_db.data.aws_iam_policy_document.general_policy"
          ]
        }
      ]
    },
    {
      "module": "module.shared-service-state-buckets.module.kms_db",
      "mode": "data",
      "type": "aws_caller_identity",
      "name": "current",
      "provider": "module.shared-service-state-buckets.provider[\"registry.terraform.io/hashicorp/aws\"]",
      "instances": [
        {
          "schema_version": 0,
          "attributes": {
            "account_id": "336241431902",
            "arn": "arn:aws:sts::336241431902:assumed-role/AWSReservedSSO_AdministratorAccess_824f48fbf5e79ff4/e-jbjc@gft.com",
            "id": "336241431902",
            "user_id": "AROAU4SMNCVPB7SQSQNI4:e-jbjc@gft.com"
          },
          "sensitive_attributes": []
        }
      ]
    },
    {
      "module": "module.shared-service-state-buckets.module.kms_db",
      "mode": "data",
      "type": "aws_iam_policy_document",
      "name": "combined_with_serviceprincipals_and_conditions",
      "provider": "module.shared-service-state-buckets.provider[\"registry.terraform.io/hashicorp/aws\"]",
      "instances": [
        {
          "schema_version": 0,
          "attributes": {
            "id": "1290408180",
            "json": "{\n  \"Version\": \"2012-10-17\",\n  \"Statement\": [\n    {\n      \"Sid\": \"Enable IAM Root User Permissions\",\n      \"Effect\": \"Allow\",\n      \"Action\": \"kms:*\",\n      \"Resource\": \"*\",\n      \"Principal\": {\n        \"AWS\": \"arn:aws:iam::336241431902:root\"\n      }\n    },\n    {\n      \"Sid\": \"Allow access for Key Administrators\",\n      \"Effect\": \"Allow\",\n      \"Action\": [\n        \"kms:Update*\",\n        \"kms:UntagResource\",\n        \"kms:TagResource\",\n        \"kms:ScheduleKeyDeletion\",\n        \"kms:Revoke*\",\n        \"kms:Put*\",\n        \"kms:List*\",\n        \"kms:Get*\",\n        \"kms:Enable*\",\n        \"kms:Disable*\",\n        \"kms:Describe*\",\n        \"kms:Delete*\",\n        \"kms:Create*\",\n        \"kms:CancelKeyDeletion\"\n      ],\n      \"Resource\": \"*\",\n      \"Principal\": {\n        \"AWS\": \"arn:aws:iam::336241431902:root\"\n      }\n    },\n    {\n      \"Sid\": \"Allow use of the key for decryption only\",\n      \"Effect\": \"Allow\",\n      \"Action\": \"kms:Decrypt\",\n      \"Resource\": \"*\",\n      \"Principal\": {\n        \"AWS\": \"arn:aws:iam::336241431902:root\"\n      }\n    }\n  ]\n}",
            "override_json": null,
            "override_policy_documents": null,
            "policy_id": null,
            "source_json": null,
            "source_policy_documents": [
              "{\n  \"Version\": \"2012-10-17\",\n  \"Statement\": [\n    {\n      \"Sid\": \"Enable IAM Root User Permissions\",\n      \"Effect\": \"Allow\",\n      \"Action\": \"kms:*\",\n      \"Resource\": \"*\",\n      \"Principal\": {\n        \"AWS\": \"arn:aws:iam::336241431902:root\"\n      }\n    },\n    {\n      \"Sid\": \"Allow access for Key Administrators\",\n      \"Effect\": \"Allow\",\n      \"Action\": [\n        \"kms:Update*\",\n        \"kms:UntagResource\",\n        \"kms:TagResource\",\n        \"kms:ScheduleKeyDeletion\",\n        \"kms:Revoke*\",\n        \"kms:Put*\",\n        \"kms:List*\",\n        \"kms:Get*\",\n        \"kms:Enable*\",\n        \"kms:Disable*\",\n        \"kms:Describe*\",\n        \"kms:Delete*\",\n        \"kms:Create*\",\n        \"kms:CancelKeyDeletion\"\n      ],\n      \"Resource\": \"*\",\n      \"Principal\": {\n        \"AWS\": \"arn:aws:iam::336241431902:root\"\n      }\n    },\n    {\n      \"Sid\": \"Allow use of the key for decryption only\",\n      \"Effect\": \"Allow\",\n      \"Action\": \"kms:Decrypt\",\n      \"Resource\": \"*\",\n      \"Principal\": {\n        \"AWS\": \"arn:aws:iam::336241431902:root\"\n      }\n    }\n  ]\n}"
            ],
            "statement": null,
            "version": "2012-10-17"
          },
          "sensitive_attributes": []
        }
      ]
    },
    {
      "module": "module.shared-service-state-buckets.module.kms_db",
      "mode": "data",
      "type": "aws_iam_policy_document",
      "name": "combined_with_viaservice_condition",
      "provider": "module.shared-service-state-buckets.provider[\"registry.terraform.io/hashicorp/aws\"]",
      "instances": [
        {
          "schema_version": 0,
          "attributes": {
            "id": "3770841253",
            "json": "{\n  \"Version\": \"2012-10-17\",\n  \"Statement\": [\n    {\n      \"Sid\": \"Enable IAM Root User Permissions\",\n      \"Effect\": \"Allow\",\n      \"Action\": \"kms:*\",\n      \"Resource\": \"*\",\n      \"Principal\": {\n        \"AWS\": \"arn:aws:iam::336241431902:root\"\n      }\n    },\n    {\n      \"Sid\": \"Allow access for Key Administrators\",\n      \"Effect\": \"Allow\",\n      \"Action\": [\n        \"kms:Update*\",\n        \"kms:UntagResource\",\n        \"kms:TagResource\",\n        \"kms:ScheduleKeyDeletion\",\n        \"kms:Revoke*\",\n        \"kms:Put*\",\n        \"kms:List*\",\n        \"kms:Get*\",\n        \"kms:Enable*\",\n        \"kms:Disable*\",\n        \"kms:Describe*\",\n        \"kms:Delete*\",\n        \"kms:Create*\",\n        \"kms:CancelKeyDeletion\"\n      ],\n      \"Resource\": \"*\",\n      \"Principal\": {\n        \"AWS\": \"arn:aws:iam::336241431902:root\"\n      }\n    },\n    {\n      \"Sid\": \"Allow use of the key for decryption only\",\n      \"Effect\": \"Allow\",\n      \"Action\": \"kms:Decrypt\",\n      \"Resource\": \"*\",\n      \"Principal\": {\n        \"AWS\": \"arn:aws:iam::336241431902:root\"\n      }\n    },\n    {\n      \"Sid\": \"\",\n      \"Effect\": \"Allow\",\n      \"Action\": [\n        \"kms:ReEncrypt\",\n        \"kms:GenerateDataKey*\",\n        \"kms:Encrypt\",\n        \"kms:DescribeKey\",\n        \"kms:Decrypt\",\n        \"kms:CreateGrant\"\n      ],\n      \"Resource\": \"*\",\n      \"Principal\": {\n        \"AWS\": \"*\"\n      },\n      \"Condition\": {\n        \"StringEquals\": {\n          \"kms:CallerAccount\": \"336241431902\",\n          \"kms:ViaService\": \"dynamodb.eu-central-1.amazonaws.com\"\n        }\n      }\n    }\n  ]\n}",
            "override_json": null,
            "override_policy_documents": null,
            "policy_id": null,
            "source_json": null,
            "source_policy_documents": [
              "{\n  \"Version\": \"2012-10-17\",\n  \"Statement\": [\n    {\n      \"Sid\": \"Enable IAM Root User Permissions\",\n      \"Effect\": \"Allow\",\n      \"Action\": \"kms:*\",\n      \"Resource\": \"*\",\n      \"Principal\": {\n        \"AWS\": \"arn:aws:iam::336241431902:root\"\n      }\n    },\n    {\n      \"Sid\": \"Allow access for Key Administrators\",\n      \"Effect\": \"Allow\",\n      \"Action\": [\n        \"kms:Update*\",\n        \"kms:UntagResource\",\n        \"kms:TagResource\",\n        \"kms:ScheduleKeyDeletion\",\n        \"kms:Revoke*\",\n        \"kms:Put*\",\n        \"kms:List*\",\n        \"kms:Get*\",\n        \"kms:Enable*\",\n        \"kms:Disable*\",\n        \"kms:Describe*\",\n        \"kms:Delete*\",\n        \"kms:Create*\",\n        \"kms:CancelKeyDeletion\"\n      ],\n      \"Resource\": \"*\",\n      \"Principal\": {\n        \"AWS\": \"arn:aws:iam::336241431902:root\"\n      }\n    },\n    {\n      \"Sid\": \"Allow use of the key for decryption only\",\n      \"Effect\": \"Allow\",\n      \"Action\": \"kms:Decrypt\",\n      \"Resource\": \"*\",\n      \"Principal\": {\n        \"AWS\": \"arn:aws:iam::336241431902:root\"\n      }\n    }\n  ]\n}"
            ],
            "statement": [
              {
                "actions": [
                  "kms:CreateGrant",
                  "kms:Decrypt",
                  "kms:DescribeKey",
                  "kms:Encrypt",
                  "kms:GenerateDataKey*",
                  "kms:ReEncrypt"
                ],
                "condition": [
                  {
                    "test": "StringEquals",
                    "values": [
                      "336241431902"
                    ],
                    "variable": "kms:CallerAccount"
                  },
                  {
                    "test": "StringEquals",
                    "values": [
                      "dynamodb.eu-central-1.amazonaws.com"
                    ],
                    "variable": "kms:ViaService"
                  }
                ],
                "effect": "Allow",
                "not_actions": [],
                "not_principals": [],
                "not_resources": [],
                "principals": [
                  {
                    "identifiers": [
                      "*"
                    ],
                    "type": "AWS"
                  }
                ],
                "resources": [
                  "*"
                ],
                "sid": ""
              }
            ],
            "version": "2012-10-17"
          },
          "sensitive_attributes": []
        }
      ]
    },
    {
      "module": "module.shared-service-state-buckets.module.kms_db",
      "mode": "data",
      "type": "aws_iam_policy_document",
      "name": "general_policy",
      "provider": "module.shared-service-state-buckets.provider[\"registry.terraform.io/hashicorp/aws\"]",
      "instances": [
        {
          "schema_version": 0,
          "attributes": {
            "id": "1290408180",
            "json": "{\n  \"Version\": \"2012-10-17\",\n  \"Statement\": [\n    {\n      \"Sid\": \"Enable IAM Root User Permissions\",\n      \"Effect\": \"Allow\",\n      \"Action\": \"kms:*\",\n      \"Resource\": \"*\",\n      \"Principal\": {\n        \"AWS\": \"arn:aws:iam::336241431902:root\"\n      }\n    },\n    {\n      \"Sid\": \"Allow access for Key Administrators\",\n      \"Effect\": \"Allow\",\n      \"Action\": [\n        \"kms:Update*\",\n        \"kms:UntagResource\",\n        \"kms:TagResource\",\n        \"kms:ScheduleKeyDeletion\",\n        \"kms:Revoke*\",\n        \"kms:Put*\",\n        \"kms:List*\",\n        \"kms:Get*\",\n        \"kms:Enable*\",\n        \"kms:Disable*\",\n        \"kms:Describe*\",\n        \"kms:Delete*\",\n        \"kms:Create*\",\n        \"kms:CancelKeyDeletion\"\n      ],\n      \"Resource\": \"*\",\n      \"Principal\": {\n        \"AWS\": \"arn:aws:iam::336241431902:root\"\n      }\n    },\n    {\n      \"Sid\": \"Allow use of the key for decryption only\",\n      \"Effect\": \"Allow\",\n      \"Action\": \"kms:Decrypt\",\n      \"Resource\": \"*\",\n      \"Principal\": {\n        \"AWS\": \"arn:aws:iam::336241431902:root\"\n      }\n    }\n  ]\n}",
            "override_json": null,
            "override_policy_documents": null,
            "policy_id": null,
            "source_json": null,
            "source_policy_documents": null,
            "statement": [
              {
                "actions": [
                  "kms:*"
                ],
                "condition": [],
                "effect": "Allow",
                "not_actions": [],
                "not_principals": [],
                "not_resources": [],
                "principals": [
                  {
                    "identifiers": [
                      "arn:aws:iam::336241431902:root"
                    ],
                    "type": "AWS"
                  }
                ],
                "resources": [
                  "*"
                ],
                "sid": "Enable IAM Root User Permissions"
              },
              {
                "actions": [
                  "kms:CancelKeyDeletion",
                  "kms:Create*",
                  "kms:Delete*",
                  "kms:Describe*",
                  "kms:Disable*",
                  "kms:Enable*",
                  "kms:Get*",
                  "kms:List*",
                  "kms:Put*",
                  "kms:Revoke*",
                  "kms:ScheduleKeyDeletion",
                  "kms:TagResource",
                  "kms:UntagResource",
                  "kms:Update*"
                ],
                "condition": [],
                "effect": "Allow",
                "not_actions": [],
                "not_principals": [],
                "not_resources": [],
                "principals": [
                  {
                    "identifiers": [
                      "arn:aws:iam::336241431902:root"
                    ],
                    "type": "AWS"
                  }
                ],
                "resources": [
                  "*"
                ],
                "sid": "Allow access for Key Administrators"
              },
              {
                "actions": [
                  "kms:Decrypt"
                ],
                "condition": [],
                "effect": "Allow",
                "not_actions": [],
                "not_principals": [],
                "not_resources": [],
                "principals": [
                  {
                    "identifiers": [
                      "arn:aws:iam::336241431902:root"
                    ],
                    "type": "AWS"
                  }
                ],
                "resources": [
                  "*"
                ],
                "sid": "Allow use of the key for decryption only"
              }
            ],
            "version": "2012-10-17"
          },
          "sensitive_attributes": []
        }
      ]
    },
    {
      "module": "module.shared-service-state-buckets.module.kms_db",
      "mode": "managed",
      "type": "aws_kms_alias",
      "name": "this",
      "provider": "module.shared-service-state-buckets.provider[\"registry.terraform.io/hashicorp/aws\"]",
      "instances": [
        {
          "schema_version": 0,
          "attributes": {
            "arn": "arn:aws:kms:eu-central-1:336241431902:alias/shared-service-tf-state-dynamodb",
            "id": "alias/shared-service-tf-state-dynamodb",
            "name": "alias/shared-service-tf-state-dynamodb",
            "name_prefix": "",
            "target_key_arn": "arn:aws:kms:eu-central-1:336241431902:key/351dc4a5-304f-4375-afb7-4180e9e6793c",
            "target_key_id": "351dc4a5-304f-4375-afb7-4180e9e6793c"
          },
          "sensitive_attributes": [],
          "private": "bnVsbA==",
          "dependencies": [
            "module.shared-service-state-buckets.module.kms_db.aws_kms_key.this",
            "module.shared-service-state-buckets.module.kms_db.data.aws_iam_policy_document.combined_with_serviceprincipals_and_conditions",
            "module.shared-service-state-buckets.module.kms_db.data.aws_iam_policy_document.combined_with_viaservice_condition",
            "module.shared-service-state-buckets.module.kms_db.data.aws_iam_policy_document.general_policy"
          ]
        }
      ]
    },
    {
      "module": "module.shared-service-state-buckets.module.kms_db",
      "mode": "managed",
      "type": "aws_kms_key",
      "name": "this",
      "provider": "module.shared-service-state-buckets.provider[\"registry.terraform.io/hashicorp/aws\"]",
      "instances": [
        {
          "schema_version": 0,
          "attributes": {
            "arn": "arn:aws:kms:eu-central-1:336241431902:key/351dc4a5-304f-4375-afb7-4180e9e6793c",
            "bypass_policy_lockout_safety_check": false,
            "custom_key_store_id": "",
            "customer_master_key_spec": "SYMMETRIC_DEFAULT",
            "deletion_window_in_days": null,
            "description": "KMS key to encrypt shared-service-tf-state dynamodb",
            "enable_key_rotation": true,
            "id": "351dc4a5-304f-4375-afb7-4180e9e6793c",
            "is_enabled": true,
            "key_id": "351dc4a5-304f-4375-afb7-4180e9e6793c",
            "key_usage": "ENCRYPT_DECRYPT",
            "multi_region": false,
            "policy": "{\n  \"Version\": \"2012-10-17\",\n  \"Statement\": [\n    {\n      \"Sid\": \"Enable IAM Root User Permissions\",\n      \"Effect\": \"Allow\",\n      \"Action\": \"kms:*\",\n      \"Resource\": \"*\",\n      \"Principal\": {\n        \"AWS\": \"arn:aws:iam::336241431902:root\"\n      }\n    },\n    {\n      \"Sid\": \"Allow access for Key Administrators\",\n      \"Effect\": \"Allow\",\n      \"Action\": [\n        \"kms:Update*\",\n        \"kms:UntagResource\",\n        \"kms:TagResource\",\n        \"kms:ScheduleKeyDeletion\",\n        \"kms:Revoke*\",\n        \"kms:Put*\",\n        \"kms:List*\",\n        \"kms:Get*\",\n        \"kms:Enable*\",\n        \"kms:Disable*\",\n        \"kms:Describe*\",\n        \"kms:Delete*\",\n        \"kms:Create*\",\n        \"kms:CancelKeyDeletion\"\n      ],\n      \"Resource\": \"*\",\n      \"Principal\": {\n        \"AWS\": \"arn:aws:iam::336241431902:root\"\n      }\n    },\n    {\n      \"Sid\": \"Allow use of the key for decryption only\",\n      \"Effect\": \"Allow\",\n      \"Action\": \"kms:Decrypt\",\n      \"Resource\": \"*\",\n      \"Principal\": {\n        \"AWS\": \"arn:aws:iam::336241431902:root\"\n      }\n    },\n    {\n      \"Sid\": \"\",\n      \"Effect\": \"Allow\",\n      \"Action\": [\n        \"kms:ReEncrypt\",\n        \"kms:GenerateDataKey*\",\n        \"kms:Encrypt\",\n        \"kms:DescribeKey\",\n        \"kms:Decrypt\",\n        \"kms:CreateGrant\"\n      ],\n      \"Resource\": \"*\",\n      \"Principal\": {\n        \"AWS\": \"*\"\n      },\n      \"Condition\": {\n        \"StringEquals\": {\n          \"kms:CallerAccount\": \"336241431902\",\n          \"kms:ViaService\": \"dynamodb.eu-central-1.amazonaws.com\"\n        }\n      }\n    }\n  ]\n}",
            "tags": {},
            "tags_all": {
              "blx:created-by": "terraform",
              "blx:environment": "shared-service",
              "blx:owner": "all",
              "blx:repository-name": "tf-spacelift-prerequisites",
              "blx:skeleton-name": "shared-service-state-buckets",
              "blx:tag-version": "1"
            }
          },
          "sensitive_attributes": [],
          "private": "bnVsbA==",
          "dependencies": [
            "module.shared-service-state-buckets.module.kms_db.data.aws_iam_policy_document.combined_with_serviceprincipals_and_conditions",
            "module.shared-service-state-buckets.module.kms_db.data.aws_iam_policy_document.combined_with_viaservice_condition",
            "module.shared-service-state-buckets.module.kms_db.data.aws_iam_policy_document.general_policy"
          ]
        }
      ]
    },
    {
      "module": "module.shared-service-state-buckets.module.kms_s3",
      "mode": "data",
      "type": "aws_caller_identity",
      "name": "current",
      "provider": "module.shared-service-state-buckets.provider[\"registry.terraform.io/hashicorp/aws\"]",
      "instances": [
        {
          "schema_version": 0,
          "attributes": {
            "account_id": "336241431902",
            "arn": "arn:aws:sts::336241431902:assumed-role/AWSReservedSSO_AdministratorAccess_824f48fbf5e79ff4/e-jbjc@gft.com",
            "id": "336241431902",
            "user_id": "AROAU4SMNCVPB7SQSQNI4:e-jbjc@gft.com"
          },
          "sensitive_attributes": []
        }
      ]
    },
    {
      "module": "module.shared-service-state-buckets.module.kms_s3",
      "mode": "data",
      "type": "aws_iam_policy_document",
      "name": "combined_with_serviceprincipals_and_conditions",
      "provider": "module.shared-service-state-buckets.provider[\"registry.terraform.io/hashicorp/aws\"]",
      "instances": [
        {
          "schema_version": 0,
          "attributes": {
            "id": "1290408180",
            "json": "{\n  \"Version\": \"2012-10-17\",\n  \"Statement\": [\n    {\n      \"Sid\": \"Enable IAM Root User Permissions\",\n      \"Effect\": \"Allow\",\n      \"Action\": \"kms:*\",\n      \"Resource\": \"*\",\n      \"Principal\": {\n        \"AWS\": \"arn:aws:iam::336241431902:root\"\n      }\n    },\n    {\n      \"Sid\": \"Allow access for Key Administrators\",\n      \"Effect\": \"Allow\",\n      \"Action\": [\n        \"kms:Update*\",\n        \"kms:UntagResource\",\n        \"kms:TagResource\",\n        \"kms:ScheduleKeyDeletion\",\n        \"kms:Revoke*\",\n        \"kms:Put*\",\n        \"kms:List*\",\n        \"kms:Get*\",\n        \"kms:Enable*\",\n        \"kms:Disable*\",\n        \"kms:Describe*\",\n        \"kms:Delete*\",\n        \"kms:Create*\",\n        \"kms:CancelKeyDeletion\"\n      ],\n      \"Resource\": \"*\",\n      \"Principal\": {\n        \"AWS\": \"arn:aws:iam::336241431902:root\"\n      }\n    },\n    {\n      \"Sid\": \"Allow use of the key for decryption only\",\n      \"Effect\": \"Allow\",\n      \"Action\": \"kms:Decrypt\",\n      \"Resource\": \"*\",\n      \"Principal\": {\n        \"AWS\": \"arn:aws:iam::336241431902:root\"\n      }\n    }\n  ]\n}",
            "override_json": null,
            "override_policy_documents": null,
            "policy_id": null,
            "source_json": null,
            "source_policy_documents": [
              "{\n  \"Version\": \"2012-10-17\",\n  \"Statement\": [\n    {\n      \"Sid\": \"Enable IAM Root User Permissions\",\n      \"Effect\": \"Allow\",\n      \"Action\": \"kms:*\",\n      \"Resource\": \"*\",\n      \"Principal\": {\n        \"AWS\": \"arn:aws:iam::336241431902:root\"\n      }\n    },\n    {\n      \"Sid\": \"Allow access for Key Administrators\",\n      \"Effect\": \"Allow\",\n      \"Action\": [\n        \"kms:Update*\",\n        \"kms:UntagResource\",\n        \"kms:TagResource\",\n        \"kms:ScheduleKeyDeletion\",\n        \"kms:Revoke*\",\n        \"kms:Put*\",\n        \"kms:List*\",\n        \"kms:Get*\",\n        \"kms:Enable*\",\n        \"kms:Disable*\",\n        \"kms:Describe*\",\n        \"kms:Delete*\",\n        \"kms:Create*\",\n        \"kms:CancelKeyDeletion\"\n      ],\n      \"Resource\": \"*\",\n      \"Principal\": {\n        \"AWS\": \"arn:aws:iam::336241431902:root\"\n      }\n    },\n    {\n      \"Sid\": \"Allow use of the key for decryption only\",\n      \"Effect\": \"Allow\",\n      \"Action\": \"kms:Decrypt\",\n      \"Resource\": \"*\",\n      \"Principal\": {\n        \"AWS\": \"arn:aws:iam::336241431902:root\"\n      }\n    }\n  ]\n}"
            ],
            "statement": null,
            "version": "2012-10-17"
          },
          "sensitive_attributes": []
        }
      ]
    },
    {
      "module": "module.shared-service-state-buckets.module.kms_s3",
      "mode": "data",
      "type": "aws_iam_policy_document",
      "name": "combined_with_viaservice_condition",
      "provider": "module.shared-service-state-buckets.provider[\"registry.terraform.io/hashicorp/aws\"]",
      "instances": [
        {
          "schema_version": 0,
          "attributes": {
            "id": "1906103715",
            "json": "{\n  \"Version\": \"2012-10-17\",\n  \"Statement\": [\n    {\n      \"Sid\": \"Enable IAM Root User Permissions\",\n      \"Effect\": \"Allow\",\n      \"Action\": \"kms:*\",\n      \"Resource\": \"*\",\n      \"Principal\": {\n        \"AWS\": \"arn:aws:iam::336241431902:root\"\n      }\n    },\n    {\n      \"Sid\": \"Allow access for Key Administrators\",\n      \"Effect\": \"Allow\",\n      \"Action\": [\n        \"kms:Update*\",\n        \"kms:UntagResource\",\n        \"kms:TagResource\",\n        \"kms:ScheduleKeyDeletion\",\n        \"kms:Revoke*\",\n        \"kms:Put*\",\n        \"kms:List*\",\n        \"kms:Get*\",\n        \"kms:Enable*\",\n        \"kms:Disable*\",\n        \"kms:Describe*\",\n        \"kms:Delete*\",\n        \"kms:Create*\",\n        \"kms:CancelKeyDeletion\"\n      ],\n      \"Resource\": \"*\",\n      \"Principal\": {\n        \"AWS\": \"arn:aws:iam::336241431902:root\"\n      }\n    },\n    {\n      \"Sid\": \"Allow use of the key for decryption only\",\n      \"Effect\": \"Allow\",\n      \"Action\": \"kms:Decrypt\",\n      \"Resource\": \"*\",\n      \"Principal\": {\n        \"AWS\": \"arn:aws:iam::336241431902:root\"\n      }\n    },\n    {\n      \"Sid\": \"\",\n      \"Effect\": \"Allow\",\n      \"Action\": [\n        \"kms:ReEncrypt\",\n        \"kms:GenerateDataKey*\",\n        \"kms:Encrypt\",\n        \"kms:DescribeKey\",\n        \"kms:Decrypt\",\n        \"kms:CreateGrant\"\n      ],\n      \"Resource\": \"*\",\n      \"Principal\": {\n        \"AWS\": \"*\"\n      },\n      \"Condition\": {\n        \"StringEquals\": {\n          \"kms:CallerAccount\": \"336241431902\",\n          \"kms:ViaService\": \"s3.eu-central-1.amazonaws.com\"\n        }\n      }\n    }\n  ]\n}",
            "override_json": null,
            "override_policy_documents": null,
            "policy_id": null,
            "source_json": null,
            "source_policy_documents": [
              "{\n  \"Version\": \"2012-10-17\",\n  \"Statement\": [\n    {\n      \"Sid\": \"Enable IAM Root User Permissions\",\n      \"Effect\": \"Allow\",\n      \"Action\": \"kms:*\",\n      \"Resource\": \"*\",\n      \"Principal\": {\n        \"AWS\": \"arn:aws:iam::336241431902:root\"\n      }\n    },\n    {\n      \"Sid\": \"Allow access for Key Administrators\",\n      \"Effect\": \"Allow\",\n      \"Action\": [\n        \"kms:Update*\",\n        \"kms:UntagResource\",\n        \"kms:TagResource\",\n        \"kms:ScheduleKeyDeletion\",\n        \"kms:Revoke*\",\n        \"kms:Put*\",\n        \"kms:List*\",\n        \"kms:Get*\",\n        \"kms:Enable*\",\n        \"kms:Disable*\",\n        \"kms:Describe*\",\n        \"kms:Delete*\",\n        \"kms:Create*\",\n        \"kms:CancelKeyDeletion\"\n      ],\n      \"Resource\": \"*\",\n      \"Principal\": {\n        \"AWS\": \"arn:aws:iam::336241431902:root\"\n      }\n    },\n    {\n      \"Sid\": \"Allow use of the key for decryption only\",\n      \"Effect\": \"Allow\",\n      \"Action\": \"kms:Decrypt\",\n      \"Resource\": \"*\",\n      \"Principal\": {\n        \"AWS\": \"arn:aws:iam::336241431902:root\"\n      }\n    }\n  ]\n}"
            ],
            "statement": [
              {
                "actions": [
                  "kms:CreateGrant",
                  "kms:Decrypt",
                  "kms:DescribeKey",
                  "kms:Encrypt",
                  "kms:GenerateDataKey*",
                  "kms:ReEncrypt"
                ],
                "condition": [
                  {
                    "test": "StringEquals",
                    "values": [
                      "336241431902"
                    ],
                    "variable": "kms:CallerAccount"
                  },
                  {
                    "test": "StringEquals",
                    "values": [
                      "s3.eu-central-1.amazonaws.com"
                    ],
                    "variable": "kms:ViaService"
                  }
                ],
                "effect": "Allow",
                "not_actions": [],
                "not_principals": [],
                "not_resources": [],
                "principals": [
                  {
                    "identifiers": [
                      "*"
                    ],
                    "type": "AWS"
                  }
                ],
                "resources": [
                  "*"
                ],
                "sid": ""
              }
            ],
            "version": "2012-10-17"
          },
          "sensitive_attributes": []
        }
      ]
    },
    {
      "module": "module.shared-service-state-buckets.module.kms_s3",
      "mode": "data",
      "type": "aws_iam_policy_document",
      "name": "general_policy",
      "provider": "module.shared-service-state-buckets.provider[\"registry.terraform.io/hashicorp/aws\"]",
      "instances": [
        {
          "schema_version": 0,
          "attributes": {
            "id": "1290408180",
            "json": "{\n  \"Version\": \"2012-10-17\",\n  \"Statement\": [\n    {\n      \"Sid\": \"Enable IAM Root User Permissions\",\n      \"Effect\": \"Allow\",\n      \"Action\": \"kms:*\",\n      \"Resource\": \"*\",\n      \"Principal\": {\n        \"AWS\": \"arn:aws:iam::336241431902:root\"\n      }\n    },\n    {\n      \"Sid\": \"Allow access for Key Administrators\",\n      \"Effect\": \"Allow\",\n      \"Action\": [\n        \"kms:Update*\",\n        \"kms:UntagResource\",\n        \"kms:TagResource\",\n        \"kms:ScheduleKeyDeletion\",\n        \"kms:Revoke*\",\n        \"kms:Put*\",\n        \"kms:List*\",\n        \"kms:Get*\",\n        \"kms:Enable*\",\n        \"kms:Disable*\",\n        \"kms:Describe*\",\n        \"kms:Delete*\",\n        \"kms:Create*\",\n        \"kms:CancelKeyDeletion\"\n      ],\n      \"Resource\": \"*\",\n      \"Principal\": {\n        \"AWS\": \"arn:aws:iam::336241431902:root\"\n      }\n    },\n    {\n      \"Sid\": \"Allow use of the key for decryption only\",\n      \"Effect\": \"Allow\",\n      \"Action\": \"kms:Decrypt\",\n      \"Resource\": \"*\",\n      \"Principal\": {\n        \"AWS\": \"arn:aws:iam::336241431902:root\"\n      }\n    }\n  ]\n}",
            "override_json": null,
            "override_policy_documents": null,
            "policy_id": null,
            "source_json": null,
            "source_policy_documents": null,
            "statement": [
              {
                "actions": [
                  "kms:*"
                ],
                "condition": [],
                "effect": "Allow",
                "not_actions": [],
                "not_principals": [],
                "not_resources": [],
                "principals": [
                  {
                    "identifiers": [
                      "arn:aws:iam::336241431902:root"
                    ],
                    "type": "AWS"
                  }
                ],
                "resources": [
                  "*"
                ],
                "sid": "Enable IAM Root User Permissions"
              },
              {
                "actions": [
                  "kms:CancelKeyDeletion",
                  "kms:Create*",
                  "kms:Delete*",
                  "kms:Describe*",
                  "kms:Disable*",
                  "kms:Enable*",
                  "kms:Get*",
                  "kms:List*",
                  "kms:Put*",
                  "kms:Revoke*",
                  "kms:ScheduleKeyDeletion",
                  "kms:TagResource",
                  "kms:UntagResource",
                  "kms:Update*"
                ],
                "condition": [],
                "effect": "Allow",
                "not_actions": [],
                "not_principals": [],
                "not_resources": [],
                "principals": [
                  {
                    "identifiers": [
                      "arn:aws:iam::336241431902:root"
                    ],
                    "type": "AWS"
                  }
                ],
                "resources": [
                  "*"
                ],
                "sid": "Allow access for Key Administrators"
              },
              {
                "actions": [
                  "kms:Decrypt"
                ],
                "condition": [],
                "effect": "Allow",
                "not_actions": [],
                "not_principals": [],
                "not_resources": [],
                "principals": [
                  {
                    "identifiers": [
                      "arn:aws:iam::336241431902:root"
                    ],
                    "type": "AWS"
                  }
                ],
                "resources": [
                  "*"
                ],
                "sid": "Allow use of the key for decryption only"
              }
            ],
            "version": "2012-10-17"
          },
          "sensitive_attributes": []
        }
      ]
    },
    {
      "module": "module.shared-service-state-buckets.module.kms_s3",
      "mode": "managed",
      "type": "aws_kms_alias",
      "name": "this",
      "provider": "module.shared-service-state-buckets.provider[\"registry.terraform.io/hashicorp/aws\"]",
      "instances": [
        {
          "schema_version": 0,
          "attributes": {
            "arn": "arn:aws:kms:eu-central-1:336241431902:alias/shared-service-tf-state-s3",
            "id": "alias/shared-service-tf-state-s3",
            "name": "alias/shared-service-tf-state-s3",
            "name_prefix": "",
            "target_key_arn": "arn:aws:kms:eu-central-1:336241431902:key/c371a46e-b42c-459a-b77f-5489206d1803",
            "target_key_id": "c371a46e-b42c-459a-b77f-5489206d1803"
          },
          "sensitive_attributes": [],
          "private": "bnVsbA==",
          "dependencies": [
            "module.shared-service-state-buckets.module.kms_s3.aws_kms_key.this",
            "module.shared-service-state-buckets.module.kms_s3.data.aws_iam_policy_document.combined_with_serviceprincipals_and_conditions",
            "module.shared-service-state-buckets.module.kms_s3.data.aws_iam_policy_document.combined_with_viaservice_condition",
            "module.shared-service-state-buckets.module.kms_s3.data.aws_iam_policy_document.general_policy"
          ]
        }
      ]
    },
    {
      "module": "module.shared-service-state-buckets.module.kms_s3",
      "mode": "managed",
      "type": "aws_kms_key",
      "name": "this",
      "provider": "module.shared-service-state-buckets.provider[\"registry.terraform.io/hashicorp/aws\"]",
      "instances": [
        {
          "schema_version": 0,
          "attributes": {
            "arn": "arn:aws:kms:eu-central-1:336241431902:key/c371a46e-b42c-459a-b77f-5489206d1803",
            "bypass_policy_lockout_safety_check": false,
            "custom_key_store_id": "",
            "customer_master_key_spec": "SYMMETRIC_DEFAULT",
            "deletion_window_in_days": null,
            "description": "KMS key to encrypt shared-service-tf-state s3",
            "enable_key_rotation": true,
            "id": "c371a46e-b42c-459a-b77f-5489206d1803",
            "is_enabled": true,
            "key_id": "c371a46e-b42c-459a-b77f-5489206d1803",
            "key_usage": "ENCRYPT_DECRYPT",
            "multi_region": false,
            "policy": "{\n  \"Version\": \"2012-10-17\",\n  \"Statement\": [\n    {\n      \"Sid\": \"Enable IAM Root User Permissions\",\n      \"Effect\": \"Allow\",\n      \"Action\": \"kms:*\",\n      \"Resource\": \"*\",\n      \"Principal\": {\n        \"AWS\": \"arn:aws:iam::336241431902:root\"\n      }\n    },\n    {\n      \"Sid\": \"Allow access for Key Administrators\",\n      \"Effect\": \"Allow\",\n      \"Action\": [\n        \"kms:Update*\",\n        \"kms:UntagResource\",\n        \"kms:TagResource\",\n        \"kms:ScheduleKeyDeletion\",\n        \"kms:Revoke*\",\n        \"kms:Put*\",\n        \"kms:List*\",\n        \"kms:Get*\",\n        \"kms:Enable*\",\n        \"kms:Disable*\",\n        \"kms:Describe*\",\n        \"kms:Delete*\",\n        \"kms:Create*\",\n        \"kms:CancelKeyDeletion\"\n      ],\n      \"Resource\": \"*\",\n      \"Principal\": {\n        \"AWS\": \"arn:aws:iam::336241431902:root\"\n      }\n    },\n    {\n      \"Sid\": \"Allow use of the key for decryption only\",\n      \"Effect\": \"Allow\",\n      \"Action\": \"kms:Decrypt\",\n      \"Resource\": \"*\",\n      \"Principal\": {\n        \"AWS\": \"arn:aws:iam::336241431902:root\"\n      }\n    },\n    {\n      \"Sid\": \"\",\n      \"Effect\": \"Allow\",\n      \"Action\": [\n        \"kms:ReEncrypt\",\n        \"kms:GenerateDataKey*\",\n        \"kms:Encrypt\",\n        \"kms:DescribeKey\",\n        \"kms:Decrypt\",\n        \"kms:CreateGrant\"\n      ],\n      \"Resource\": \"*\",\n      \"Principal\": {\n        \"AWS\": \"*\"\n      },\n      \"Condition\": {\n        \"StringEquals\": {\n          \"kms:CallerAccount\": \"336241431902\",\n          \"kms:ViaService\": \"s3.eu-central-1.amazonaws.com\"\n        }\n      }\n    }\n  ]\n}",
            "tags": {},
            "tags_all": {
              "blx:created-by": "terraform",
              "blx:environment": "shared-service",
              "blx:owner": "all",
              "blx:repository-name": "tf-spacelift-prerequisites",
              "blx:skeleton-name": "shared-service-state-buckets",
              "blx:tag-version": "1"
            }
          },
          "sensitive_attributes": [],
          "private": "bnVsbA==",
          "dependencies": [
            "module.shared-service-state-buckets.module.kms_s3.data.aws_iam_policy_document.combined_with_serviceprincipals_and_conditions",
            "module.shared-service-state-buckets.module.kms_s3.data.aws_iam_policy_document.combined_with_viaservice_condition",
            "module.shared-service-state-buckets.module.kms_s3.data.aws_iam_policy_document.general_policy"
          ]
        }
      ]
    },
    {
      "module": "module.shared-service-state-buckets.module.s3_state_file_github_automations",
      "mode": "data",
      "type": "aws_caller_identity",
      "name": "current",
      "provider": "module.shared-service-state-buckets.provider[\"registry.terraform.io/hashicorp/aws\"]",
      "instances": [
        {
          "schema_version": 0,
          "attributes": {
            "account_id": "336241431902",
            "arn": "arn:aws:sts::336241431902:assumed-role/AWSReservedSSO_AdministratorAccess_824f48fbf5e79ff4/e-jbjc@gft.com",
            "id": "336241431902",
            "user_id": "AROAU4SMNCVPB7SQSQNI4:e-jbjc@gft.com"
          },
          "sensitive_attributes": []
        }
      ]
    },
    {
      "module": "module.shared-service-state-buckets.module.s3_state_file_github_automations",
      "mode": "data",
      "type": "aws_iam_policy_document",
      "name": "deny_unencrypted_state_operations",
      "provider": "module.shared-service-state-buckets.provider[\"registry.terraform.io/hashicorp/aws\"]",
      "instances": [
        {
          "schema_version": 0,
          "attributes": {
            "id": "293952364",
            "json": "{\n  \"Version\": \"2012-10-17\",\n  \"Statement\": [\n    {\n      \"Sid\": \"\",\n      \"Effect\": \"Deny\",\n      \"Action\": [\n        \"s3:PutObject\",\n        \"s3:GetObject\"\n      ],\n      \"Resource\": \"arn:aws:s3:::shared-service-336241431902-github-automations-state-s3/*\",\n      \"Principal\": \"*\",\n      \"Condition\": {\n        \"ForAnyValue:Bool\": {\n          \"aws:SecureTransport\": \"false\"\n        },\n        \"NumericLessThan\": {\n          \"s3:TlsVersion\": \"1.2\"\n        }\n      }\n    }\n  ]\n}",
            "override_json": null,
            "override_policy_documents": null,
            "policy_id": null,
            "source_json": null,
            "source_policy_documents": null,
            "statement": [
              {
                "actions": [
                  "s3:GetObject",
                  "s3:PutObject"
                ],
                "condition": [
                  {
                    "test": "ForAnyValue:Bool",
                    "values": [
                      "false"
                    ],
                    "variable": "aws:SecureTransport"
                  },
                  {
                    "test": "NumericLessThan",
                    "values": [
                      "1.2"
                    ],
                    "variable": "s3:TlsVersion"
                  }
                ],
                "effect": "Deny",
                "not_actions": [],
                "not_principals": [],
                "not_resources": [],
                "principals": [
                  {
                    "identifiers": [
                      "*"
                    ],
                    "type": "*"
                  }
                ],
                "resources": [
                  "arn:aws:s3:::shared-service-336241431902-github-automations-state-s3/*"
                ],
                "sid": ""
              }
            ],
            "version": "2012-10-17"
          },
          "sensitive_attributes": []
        }
      ]
    },
    {
      "module": "module.shared-service-state-buckets.module.s3_state_file_github_automations",
      "mode": "managed",
      "type": "aws_s3_bucket",
      "name": "this",
      "provider": "module.shared-service-state-buckets.provider[\"registry.terraform.io/hashicorp/aws\"]",
      "instances": [
        {
          "schema_version": 0,
          "attributes": {
            "acceleration_status": "",
            "acl": "private",
            "arn": "arn:aws:s3:::shared-service-336241431902-github-automations-state-s3",
            "bucket": "shared-service-336241431902-github-automations-state-s3",
            "bucket_domain_name": "shared-service-336241431902-github-automations-state-s3.s3.amazonaws.com",
            "bucket_prefix": null,
            "bucket_regional_domain_name": "shared-service-336241431902-github-automations-state-s3.s3.eu-central-1.amazonaws.com",
            "cors_rule": [],
            "force_destroy": false,
            "grant": [
              {
                "id": "fd55cd301085cbc90db83b3001a80a82f6e896bf9ef9279ce175d4b5b5ca7048",
                "permissions": [
                  "FULL_CONTROL"
                ],
                "type": "CanonicalUser",
                "uri": ""
              }
            ],
            "hosted_zone_id": "Z21DNDUVLTQW6Q",
            "id": "shared-service-336241431902-github-automations-state-s3",
            "lifecycle_rule": [],
            "logging": [],
            "object_lock_configuration": [
              {
                "object_lock_enabled": "Enabled",
                "rule": []
              }
            ],
            "object_lock_enabled": true,
            "policy": "{\"Version\":\"2012-10-17\",\"Statement\":[{\"Sid\":\"\",\"Effect\":\"Deny\",\"Principal\":\"*\",\"Action\":[\"s3:PutObject\",\"s3:GetObject\"],\"Resource\":\"arn:aws:s3:::shared-service-336241431902-github-automations-state-s3/*\",\"Condition\":{\"NumericLessThan\":{\"s3:TlsVersion\":\"1.2\"},\"ForAnyValue:Bool\":{\"aws:SecureTransport\":\"false\"}}}]}",
            "region": "eu-central-1",
            "replication_configuration": [],
            "request_payer": "BucketOwner",
            "server_side_encryption_configuration": [
              {
                "rule": [
                  {
                    "apply_server_side_encryption_by_default": [
                      {
                        "kms_master_key_id": "arn:aws:kms:eu-central-1:336241431902:key/c371a46e-b42c-459a-b77f-5489206d1803",
                        "sse_algorithm": "aws:kms"
                      }
                    ],
                    "bucket_key_enabled": false
                  }
                ]
              }
            ],
            "tags": {},
            "tags_all": {
              "blx:created-by": "terraform",
              "blx:environment": "shared-service",
              "blx:owner": "all",
              "blx:repository-name": "tf-spacelift-prerequisites",
              "blx:skeleton-name": "shared-service-state-buckets",
              "blx:tag-version": "1"
            },
            "timeouts": null,
            "versioning": [
              {
                "enabled": true,
                "mfa_delete": false
              }
            ],
            "website": [],
            "website_domain": null,
            "website_endpoint": null
          },
          "sensitive_attributes": [],
          "private": "eyJlMmJmYjczMC1lY2FhLTExZTYtOGY4OC0zNDM2M2JjN2M0YzAiOnsiY3JlYXRlIjoxMjAwMDAwMDAwMDAwLCJkZWxldGUiOjM2MDAwMDAwMDAwMDAsInJlYWQiOjEyMDAwMDAwMDAwMDAsInVwZGF0ZSI6MTIwMDAwMDAwMDAwMH19",
          "dependencies": [
            "module.shared-service-state-buckets.module.kms_s3.aws_kms_key.this",
            "module.shared-service-state-buckets.module.kms_s3.data.aws_iam_policy_document.combined_with_serviceprincipals_and_conditions",
            "module.shared-service-state-buckets.module.kms_s3.data.aws_iam_policy_document.combined_with_viaservice_condition",
            "module.shared-service-state-buckets.module.kms_s3.data.aws_iam_policy_document.general_policy",
            "module.shared-service-state-buckets.module.s3_state_file_github_automations.data.aws_caller_identity.current"
          ]
        }
      ]
    },
    {
      "module": "module.shared-service-state-buckets.module.s3_state_file_github_automations",
      "mode": "managed",
      "type": "aws_s3_bucket_policy",
      "name": "deny_unencrypted_state_operations_attachment",
      "provider": "module.shared-service-state-buckets.provider[\"registry.terraform.io/hashicorp/aws\"]",
      "instances": [
        {
          "schema_version": 0,
          "attributes": {
            "bucket": "shared-service-336241431902-github-automations-state-s3",
            "id": "shared-service-336241431902-github-automations-state-s3",
            "policy": "{\"Statement\":[{\"Action\":[\"s3:PutObject\",\"s3:GetObject\"],\"Condition\":{\"ForAnyValue:Bool\":{\"aws:SecureTransport\":\"false\"},\"NumericLessThan\":{\"s3:TlsVersion\":\"1.2\"}},\"Effect\":\"Deny\",\"Principal\":\"*\",\"Resource\":\"arn:aws:s3:::shared-service-336241431902-github-automations-state-s3/*\",\"Sid\":\"\"}],\"Version\":\"2012-10-17\"}"
          },
          "sensitive_attributes": [],
          "private": "bnVsbA==",
          "dependencies": [
            "module.shared-service-state-buckets.module.kms_s3.aws_kms_key.this",
            "module.shared-service-state-buckets.module.kms_s3.data.aws_iam_policy_document.combined_with_serviceprincipals_and_conditions",
            "module.shared-service-state-buckets.module.kms_s3.data.aws_iam_policy_document.combined_with_viaservice_condition",
            "module.shared-service-state-buckets.module.kms_s3.data.aws_iam_policy_document.general_policy",
            "module.shared-service-state-buckets.module.s3_state_file_github_automations.aws_s3_bucket.this",
            "module.shared-service-state-buckets.module.s3_state_file_github_automations.data.aws_caller_identity.current",
            "module.shared-service-state-buckets.module.s3_state_file_github_automations.data.aws_iam_policy_document.deny_unencrypted_state_operations"
          ]
        }
      ]
    },
    {
      "module": "module.shared-service-state-buckets.module.s3_state_file_github_automations",
      "mode": "managed",
      "type": "aws_s3_bucket_public_access_block",
      "name": "deny_access_public",
      "provider": "module.shared-service-state-buckets.provider[\"registry.terraform.io/hashicorp/aws\"]",
      "instances": [
        {
          "schema_version": 0,
          "attributes": {
            "block_public_acls": true,
            "block_public_policy": true,
            "bucket": "shared-service-336241431902-github-automations-state-s3",
            "id": "shared-service-336241431902-github-automations-state-s3",
            "ignore_public_acls": true,
            "restrict_public_buckets": true
          },
          "sensitive_attributes": [],
          "private": "bnVsbA==",
          "dependencies": [
            "module.shared-service-state-buckets.module.kms_s3.aws_kms_key.this",
            "module.shared-service-state-buckets.module.kms_s3.data.aws_iam_policy_document.combined_with_serviceprincipals_and_conditions",
            "module.shared-service-state-buckets.module.kms_s3.data.aws_iam_policy_document.combined_with_viaservice_condition",
            "module.shared-service-state-buckets.module.kms_s3.data.aws_iam_policy_document.general_policy",
            "module.shared-service-state-buckets.module.s3_state_file_github_automations.aws_s3_bucket.this",
            "module.shared-service-state-buckets.module.s3_state_file_github_automations.data.aws_caller_identity.current"
          ]
        }
      ]
    },
    {
      "module": "module.shared-service-state-buckets.module.s3_state_file_infrastructure",
      "mode": "data",
      "type": "aws_caller_identity",
      "name": "current",
      "provider": "module.shared-service-state-buckets.provider[\"registry.terraform.io/hashicorp/aws\"]",
      "instances": [
        {
          "schema_version": 0,
          "attributes": {
            "account_id": "336241431902",
            "arn": "arn:aws:sts::336241431902:assumed-role/AWSReservedSSO_AdministratorAccess_824f48fbf5e79ff4/e-jbjc@gft.com",
            "id": "336241431902",
            "user_id": "AROAU4SMNCVPB7SQSQNI4:e-jbjc@gft.com"
          },
          "sensitive_attributes": []
        }
      ]
    },
    {
      "module": "module.shared-service-state-buckets.module.s3_state_file_infrastructure",
      "mode": "data",
      "type": "aws_iam_policy_document",
      "name": "deny_unencrypted_state_operations",
      "provider": "module.shared-service-state-buckets.provider[\"registry.terraform.io/hashicorp/aws\"]",
      "instances": [
        {
          "schema_version": 0,
          "attributes": {
            "id": "54726125",
            "json": "{\n  \"Version\": \"2012-10-17\",\n  \"Statement\": [\n    {\n      \"Sid\": \"\",\n      \"Effect\": \"Deny\",\n      \"Action\": [\n        \"s3:PutObject\",\n        \"s3:GetObject\"\n      ],\n      \"Resource\": \"arn:aws:s3:::shared-service-336241431902-infrastructure-state-s3/*\",\n      \"Principal\": \"*\",\n      \"Condition\": {\n        \"ForAnyValue:Bool\": {\n          \"aws:SecureTransport\": \"false\"\n        },\n        \"NumericLessThan\": {\n          \"s3:TlsVersion\": \"1.2\"\n        }\n      }\n    }\n  ]\n}",
            "override_json": null,
            "override_policy_documents": null,
            "policy_id": null,
            "source_json": null,
            "source_policy_documents": null,
            "statement": [
              {
                "actions": [
                  "s3:GetObject",
                  "s3:PutObject"
                ],
                "condition": [
                  {
                    "test": "ForAnyValue:Bool",
                    "values": [
                      "false"
                    ],
                    "variable": "aws:SecureTransport"
                  },
                  {
                    "test": "NumericLessThan",
                    "values": [
                      "1.2"
                    ],
                    "variable": "s3:TlsVersion"
                  }
                ],
                "effect": "Deny",
                "not_actions": [],
                "not_principals": [],
                "not_resources": [],
                "principals": [
                  {
                    "identifiers": [
                      "*"
                    ],
                    "type": "*"
                  }
                ],
                "resources": [
                  "arn:aws:s3:::shared-service-336241431902-infrastructure-state-s3/*"
                ],
                "sid": ""
              }
            ],
            "version": "2012-10-17"
          },
          "sensitive_attributes": []
        }
      ]
    },
    {
      "module": "module.shared-service-state-buckets.module.s3_state_file_infrastructure",
      "mode": "managed",
      "type": "aws_s3_bucket",
      "name": "this",
      "provider": "module.shared-service-state-buckets.provider[\"registry.terraform.io/hashicorp/aws\"]",
      "instances": [
        {
          "schema_version": 0,
          "attributes": {
            "acceleration_status": "",
            "acl": "private",
            "arn": "arn:aws:s3:::shared-service-336241431902-infrastructure-state-s3",
            "bucket": "shared-service-336241431902-infrastructure-state-s3",
            "bucket_domain_name": "shared-service-336241431902-infrastructure-state-s3.s3.amazonaws.com",
            "bucket_prefix": null,
            "bucket_regional_domain_name": "shared-service-336241431902-infrastructure-state-s3.s3.eu-central-1.amazonaws.com",
            "cors_rule": [],
            "force_destroy": false,
            "grant": [
              {
                "id": "fd55cd301085cbc90db83b3001a80a82f6e896bf9ef9279ce175d4b5b5ca7048",
                "permissions": [
                  "FULL_CONTROL"
                ],
                "type": "CanonicalUser",
                "uri": ""
              }
            ],
            "hosted_zone_id": "Z21DNDUVLTQW6Q",
            "id": "shared-service-336241431902-infrastructure-state-s3",
            "lifecycle_rule": [],
            "logging": [],
            "object_lock_configuration": [
              {
                "object_lock_enabled": "Enabled",
                "rule": []
              }
            ],
            "object_lock_enabled": true,
            "policy": "{\"Version\":\"2012-10-17\",\"Statement\":[{\"Sid\":\"\",\"Effect\":\"Deny\",\"Principal\":\"*\",\"Action\":[\"s3:PutObject\",\"s3:GetObject\"],\"Resource\":\"arn:aws:s3:::shared-service-336241431902-infrastructure-state-s3/*\",\"Condition\":{\"NumericLessThan\":{\"s3:TlsVersion\":\"1.2\"},\"ForAnyValue:Bool\":{\"aws:SecureTransport\":\"false\"}}}]}",
            "region": "eu-central-1",
            "replication_configuration": [],
            "request_payer": "BucketOwner",
            "server_side_encryption_configuration": [
              {
                "rule": [
                  {
                    "apply_server_side_encryption_by_default": [
                      {
                        "kms_master_key_id": "arn:aws:kms:eu-central-1:336241431902:key/c371a46e-b42c-459a-b77f-5489206d1803",
                        "sse_algorithm": "aws:kms"
                      }
                    ],
                    "bucket_key_enabled": false
                  }
                ]
              }
            ],
            "tags": {},
            "tags_all": {
              "blx:created-by": "terraform",
              "blx:environment": "shared-service",
              "blx:owner": "all",
              "blx:repository-name": "tf-spacelift-prerequisites",
              "blx:skeleton-name": "shared-service-state-buckets",
              "blx:tag-version": "1"
            },
            "timeouts": null,
            "versioning": [
              {
                "enabled": true,
                "mfa_delete": false
              }
            ],
            "website": [],
            "website_domain": null,
            "website_endpoint": null
          },
          "sensitive_attributes": [],
          "private": "eyJlMmJmYjczMC1lY2FhLTExZTYtOGY4OC0zNDM2M2JjN2M0YzAiOnsiY3JlYXRlIjoxMjAwMDAwMDAwMDAwLCJkZWxldGUiOjM2MDAwMDAwMDAwMDAsInJlYWQiOjEyMDAwMDAwMDAwMDAsInVwZGF0ZSI6MTIwMDAwMDAwMDAwMH19",
          "dependencies": [
            "module.shared-service-state-buckets.module.kms_s3.aws_kms_key.this",
            "module.shared-service-state-buckets.module.kms_s3.data.aws_iam_policy_document.combined_with_serviceprincipals_and_conditions",
            "module.shared-service-state-buckets.module.kms_s3.data.aws_iam_policy_document.combined_with_viaservice_condition",
            "module.shared-service-state-buckets.module.kms_s3.data.aws_iam_policy_document.general_policy",
            "module.shared-service-state-buckets.module.s3_state_file_infrastructure.data.aws_caller_identity.current"
          ]
        }
      ]
    },
    {
      "module": "module.shared-service-state-buckets.module.s3_state_file_infrastructure",
      "mode": "managed",
      "type": "aws_s3_bucket_policy",
      "name": "deny_unencrypted_state_operations_attachment",
      "provider": "module.shared-service-state-buckets.provider[\"registry.terraform.io/hashicorp/aws\"]",
      "instances": [
        {
          "schema_version": 0,
          "attributes": {
            "bucket": "shared-service-336241431902-infrastructure-state-s3",
            "id": "shared-service-336241431902-infrastructure-state-s3",
            "policy": "{\"Statement\":[{\"Action\":[\"s3:PutObject\",\"s3:GetObject\"],\"Condition\":{\"ForAnyValue:Bool\":{\"aws:SecureTransport\":\"false\"},\"NumericLessThan\":{\"s3:TlsVersion\":\"1.2\"}},\"Effect\":\"Deny\",\"Principal\":\"*\",\"Resource\":\"arn:aws:s3:::shared-service-336241431902-infrastructure-state-s3/*\",\"Sid\":\"\"}],\"Version\":\"2012-10-17\"}"
          },
          "sensitive_attributes": [],
          "private": "bnVsbA==",
          "dependencies": [
            "module.shared-service-state-buckets.module.kms_s3.aws_kms_key.this",
            "module.shared-service-state-buckets.module.kms_s3.data.aws_iam_policy_document.combined_with_serviceprincipals_and_conditions",
            "module.shared-service-state-buckets.module.kms_s3.data.aws_iam_policy_document.combined_with_viaservice_condition",
            "module.shared-service-state-buckets.module.kms_s3.data.aws_iam_policy_document.general_policy",
            "module.shared-service-state-buckets.module.s3_state_file_infrastructure.aws_s3_bucket.this",
            "module.shared-service-state-buckets.module.s3_state_file_infrastructure.data.aws_caller_identity.current",
            "module.shared-service-state-buckets.module.s3_state_file_infrastructure.data.aws_iam_policy_document.deny_unencrypted_state_operations"
          ]
        }
      ]
    },
    {
      "module": "module.shared-service-state-buckets.module.s3_state_file_infrastructure",
      "mode": "managed",
      "type": "aws_s3_bucket_public_access_block",
      "name": "deny_access_public",
      "provider": "module.shared-service-state-buckets.provider[\"registry.terraform.io/hashicorp/aws\"]",
      "instances": [
        {
          "schema_version": 0,
          "attributes": {
            "block_public_acls": true,
            "block_public_policy": true,
            "bucket": "shared-service-336241431902-infrastructure-state-s3",
            "id": "shared-service-336241431902-infrastructure-state-s3",
            "ignore_public_acls": true,
            "restrict_public_buckets": true
          },
          "sensitive_attributes": [],
          "private": "bnVsbA==",
          "dependencies": [
            "module.shared-service-state-buckets.module.kms_s3.aws_kms_key.this",
            "module.shared-service-state-buckets.module.kms_s3.data.aws_iam_policy_document.combined_with_serviceprincipals_and_conditions",
            "module.shared-service-state-buckets.module.kms_s3.data.aws_iam_policy_document.combined_with_viaservice_condition",
            "module.shared-service-state-buckets.module.kms_s3.data.aws_iam_policy_document.general_policy",
            "module.shared-service-state-buckets.module.s3_state_file_infrastructure.aws_s3_bucket.this",
            "module.shared-service-state-buckets.module.s3_state_file_infrastructure.data.aws_caller_identity.current"
          ]
        }
      ]
    },
    {
      "module": "module.shared-service-state-buckets.module.s3_state_file_networking",
      "mode": "data",
      "type": "aws_caller_identity",
      "name": "current",
      "provider": "module.shared-service-state-buckets.provider[\"registry.terraform.io/hashicorp/aws\"]",
      "instances": [
        {
          "schema_version": 0,
          "attributes": {
            "account_id": "336241431902",
            "arn": "arn:aws:sts::336241431902:assumed-role/AWSReservedSSO_AdministratorAccess_824f48fbf5e79ff4/e-jbjc@gft.com",
            "id": "336241431902",
            "user_id": "AROAU4SMNCVPB7SQSQNI4:e-jbjc@gft.com"
          },
          "sensitive_attributes": []
        }
      ]
    },
    {
      "module": "module.shared-service-state-buckets.module.s3_state_file_networking",
      "mode": "data",
      "type": "aws_iam_policy_document",
      "name": "deny_unencrypted_state_operations",
      "provider": "module.shared-service-state-buckets.provider[\"registry.terraform.io/hashicorp/aws\"]",
      "instances": [
        {
          "schema_version": 0,
          "attributes": {
            "id": "4044030983",
            "json": "{\n  \"Version\": \"2012-10-17\",\n  \"Statement\": [\n    {\n      \"Sid\": \"\",\n      \"Effect\": \"Deny\",\n      \"Action\": [\n        \"s3:PutObject\",\n        \"s3:GetObject\"\n      ],\n      \"Resource\": \"arn:aws:s3:::shared-service-336241431902-networking-state-s3/*\",\n      \"Principal\": \"*\",\n      \"Condition\": {\n        \"ForAnyValue:Bool\": {\n          \"aws:SecureTransport\": \"false\"\n        },\n        \"NumericLessThan\": {\n          \"s3:TlsVersion\": \"1.2\"\n        }\n      }\n    }\n  ]\n}",
            "override_json": null,
            "override_policy_documents": null,
            "policy_id": null,
            "source_json": null,
            "source_policy_documents": null,
            "statement": [
              {
                "actions": [
                  "s3:GetObject",
                  "s3:PutObject"
                ],
                "condition": [
                  {
                    "test": "ForAnyValue:Bool",
                    "values": [
                      "false"
                    ],
                    "variable": "aws:SecureTransport"
                  },
                  {
                    "test": "NumericLessThan",
                    "values": [
                      "1.2"
                    ],
                    "variable": "s3:TlsVersion"
                  }
                ],
                "effect": "Deny",
                "not_actions": [],
                "not_principals": [],
                "not_resources": [],
                "principals": [
                  {
                    "identifiers": [
                      "*"
                    ],
                    "type": "*"
                  }
                ],
                "resources": [
                  "arn:aws:s3:::shared-service-336241431902-networking-state-s3/*"
                ],
                "sid": ""
              }
            ],
            "version": "2012-10-17"
          },
          "sensitive_attributes": []
        }
      ]
    },
    {
      "module": "module.shared-service-state-buckets.module.s3_state_file_networking",
      "mode": "managed",
      "type": "aws_s3_bucket",
      "name": "this",
      "provider": "module.shared-service-state-buckets.provider[\"registry.terraform.io/hashicorp/aws\"]",
      "instances": [
        {
          "schema_version": 0,
          "attributes": {
            "acceleration_status": "",
            "acl": "private",
            "arn": "arn:aws:s3:::shared-service-336241431902-networking-state-s3",
            "bucket": "shared-service-336241431902-networking-state-s3",
            "bucket_domain_name": "shared-service-336241431902-networking-state-s3.s3.amazonaws.com",
            "bucket_prefix": null,
            "bucket_regional_domain_name": "shared-service-336241431902-networking-state-s3.s3.eu-central-1.amazonaws.com",
            "cors_rule": [],
            "force_destroy": false,
            "grant": [
              {
                "id": "fd55cd301085cbc90db83b3001a80a82f6e896bf9ef9279ce175d4b5b5ca7048",
                "permissions": [
                  "FULL_CONTROL"
                ],
                "type": "CanonicalUser",
                "uri": ""
              }
            ],
            "hosted_zone_id": "Z21DNDUVLTQW6Q",
            "id": "shared-service-336241431902-networking-state-s3",
            "lifecycle_rule": [],
            "logging": [],
            "object_lock_configuration": [
              {
                "object_lock_enabled": "Enabled",
                "rule": []
              }
            ],
            "object_lock_enabled": true,
            "policy": "{\"Version\":\"2012-10-17\",\"Statement\":[{\"Sid\":\"\",\"Effect\":\"Deny\",\"Principal\":\"*\",\"Action\":[\"s3:PutObject\",\"s3:GetObject\"],\"Resource\":\"arn:aws:s3:::shared-service-336241431902-networking-state-s3/*\",\"Condition\":{\"NumericLessThan\":{\"s3:TlsVersion\":\"1.2\"},\"ForAnyValue:Bool\":{\"aws:SecureTransport\":\"false\"}}}]}",
            "region": "eu-central-1",
            "replication_configuration": [],
            "request_payer": "BucketOwner",
            "server_side_encryption_configuration": [
              {
                "rule": [
                  {
                    "apply_server_side_encryption_by_default": [
                      {
                        "kms_master_key_id": "arn:aws:kms:eu-central-1:336241431902:key/c371a46e-b42c-459a-b77f-5489206d1803",
                        "sse_algorithm": "aws:kms"
                      }
                    ],
                    "bucket_key_enabled": false
                  }
                ]
              }
            ],
            "tags": {},
            "tags_all": {
              "blx:created-by": "terraform",
              "blx:environment": "shared-service",
              "blx:owner": "all",
              "blx:repository-name": "tf-spacelift-prerequisites",
              "blx:skeleton-name": "shared-service-state-buckets",
              "blx:tag-version": "1"
            },
            "timeouts": null,
            "versioning": [
              {
                "enabled": true,
                "mfa_delete": false
              }
            ],
            "website": [],
            "website_domain": null,
            "website_endpoint": null
          },
          "sensitive_attributes": [],
          "private": "eyJlMmJmYjczMC1lY2FhLTExZTYtOGY4OC0zNDM2M2JjN2M0YzAiOnsiY3JlYXRlIjoxMjAwMDAwMDAwMDAwLCJkZWxldGUiOjM2MDAwMDAwMDAwMDAsInJlYWQiOjEyMDAwMDAwMDAwMDAsInVwZGF0ZSI6MTIwMDAwMDAwMDAwMH19",
          "dependencies": [
            "module.shared-service-state-buckets.module.kms_s3.aws_kms_key.this",
            "module.shared-service-state-buckets.module.kms_s3.data.aws_iam_policy_document.combined_with_serviceprincipals_and_conditions",
            "module.shared-service-state-buckets.module.kms_s3.data.aws_iam_policy_document.combined_with_viaservice_condition",
            "module.shared-service-state-buckets.module.kms_s3.data.aws_iam_policy_document.general_policy",
            "module.shared-service-state-buckets.module.s3_state_file_networking.data.aws_caller_identity.current"
          ]
        }
      ]
    },
    {
      "module": "module.shared-service-state-buckets.module.s3_state_file_networking",
      "mode": "managed",
      "type": "aws_s3_bucket_policy",
      "name": "deny_unencrypted_state_operations_attachment",
      "provider": "module.shared-service-state-buckets.provider[\"registry.terraform.io/hashicorp/aws\"]",
      "instances": [
        {
          "schema_version": 0,
          "attributes": {
            "bucket": "shared-service-336241431902-networking-state-s3",
            "id": "shared-service-336241431902-networking-state-s3",
            "policy": "{\"Statement\":[{\"Action\":[\"s3:PutObject\",\"s3:GetObject\"],\"Condition\":{\"ForAnyValue:Bool\":{\"aws:SecureTransport\":\"false\"},\"NumericLessThan\":{\"s3:TlsVersion\":\"1.2\"}},\"Effect\":\"Deny\",\"Principal\":\"*\",\"Resource\":\"arn:aws:s3:::shared-service-336241431902-networking-state-s3/*\",\"Sid\":\"\"}],\"Version\":\"2012-10-17\"}"
          },
          "sensitive_attributes": [],
          "private": "bnVsbA==",
          "dependencies": [
            "module.shared-service-state-buckets.module.kms_s3.aws_kms_key.this",
            "module.shared-service-state-buckets.module.kms_s3.data.aws_iam_policy_document.combined_with_serviceprincipals_and_conditions",
            "module.shared-service-state-buckets.module.kms_s3.data.aws_iam_policy_document.combined_with_viaservice_condition",
            "module.shared-service-state-buckets.module.kms_s3.data.aws_iam_policy_document.general_policy",
            "module.shared-service-state-buckets.module.s3_state_file_networking.aws_s3_bucket.this",
            "module.shared-service-state-buckets.module.s3_state_file_networking.data.aws_caller_identity.current",
            "module.shared-service-state-buckets.module.s3_state_file_networking.data.aws_iam_policy_document.deny_unencrypted_state_operations"
          ]
        }
      ]
    },
    {
      "module": "module.shared-service-state-buckets.module.s3_state_file_networking",
      "mode": "managed",
      "type": "aws_s3_bucket_public_access_block",
      "name": "deny_access_public",
      "provider": "module.shared-service-state-buckets.provider[\"registry.terraform.io/hashicorp/aws\"]",
      "instances": [
        {
          "schema_version": 0,
          "attributes": {
            "block_public_acls": true,
            "block_public_policy": true,
            "bucket": "shared-service-336241431902-networking-state-s3",
            "id": "shared-service-336241431902-networking-state-s3",
            "ignore_public_acls": true,
            "restrict_public_buckets": true
          },
          "sensitive_attributes": [],
          "private": "bnVsbA==",
          "dependencies": [
            "module.shared-service-state-buckets.module.kms_s3.aws_kms_key.this",
            "module.shared-service-state-buckets.module.kms_s3.data.aws_iam_policy_document.combined_with_serviceprincipals_and_conditions",
            "module.shared-service-state-buckets.module.kms_s3.data.aws_iam_policy_document.combined_with_viaservice_condition",
            "module.shared-service-state-buckets.module.kms_s3.data.aws_iam_policy_document.general_policy",
            "module.shared-service-state-buckets.module.s3_state_file_networking.aws_s3_bucket.this",
            "module.shared-service-state-buckets.module.s3_state_file_networking.data.aws_caller_identity.current"
          ]
        }
      ]
    },
    {
      "module": "module.shared-service-state-buckets.module.s3_state_file_observability",
      "mode": "data",
      "type": "aws_caller_identity",
      "name": "current",
      "provider": "module.shared-service-state-buckets.provider[\"registry.terraform.io/hashicorp/aws\"]",
      "instances": [
        {
          "schema_version": 0,
          "attributes": {
            "account_id": "336241431902",
            "arn": "arn:aws:sts::336241431902:assumed-role/AWSReservedSSO_AdministratorAccess_824f48fbf5e79ff4/e-jbjc@gft.com",
            "id": "336241431902",
            "user_id": "AROAU4SMNCVPB7SQSQNI4:e-jbjc@gft.com"
          },
          "sensitive_attributes": []
        }
      ]
    },
    {
      "module": "module.shared-service-state-buckets.module.s3_state_file_observability",
      "mode": "data",
      "type": "aws_iam_policy_document",
      "name": "deny_unencrypted_state_operations",
      "provider": "module.shared-service-state-buckets.provider[\"registry.terraform.io/hashicorp/aws\"]",
      "instances": [
        {
          "schema_version": 0,
          "attributes": {
            "id": "1105293639",
            "json": "{\n  \"Version\": \"2012-10-17\",\n  \"Statement\": [\n    {\n      \"Sid\": \"\",\n      \"Effect\": \"Deny\",\n      \"Action\": [\n        \"s3:PutObject\",\n        \"s3:GetObject\"\n      ],\n      \"Resource\": \"arn:aws:s3:::shared-service-336241431902-observability-state-s3/*\",\n      \"Principal\": \"*\",\n      \"Condition\": {\n        \"ForAnyValue:Bool\": {\n          \"aws:SecureTransport\": \"false\"\n        },\n        \"NumericLessThan\": {\n          \"s3:TlsVersion\": \"1.2\"\n        }\n      }\n    }\n  ]\n}",
            "override_json": null,
            "override_policy_documents": null,
            "policy_id": null,
            "source_json": null,
            "source_policy_documents": null,
            "statement": [
              {
                "actions": [
                  "s3:GetObject",
                  "s3:PutObject"
                ],
                "condition": [
                  {
                    "test": "ForAnyValue:Bool",
                    "values": [
                      "false"
                    ],
                    "variable": "aws:SecureTransport"
                  },
                  {
                    "test": "NumericLessThan",
                    "values": [
                      "1.2"
                    ],
                    "variable": "s3:TlsVersion"
                  }
                ],
                "effect": "Deny",
                "not_actions": [],
                "not_principals": [],
                "not_resources": [],
                "principals": [
                  {
                    "identifiers": [
                      "*"
                    ],
                    "type": "*"
                  }
                ],
                "resources": [
                  "arn:aws:s3:::shared-service-336241431902-observability-state-s3/*"
                ],
                "sid": ""
              }
            ],
            "version": "2012-10-17"
          },
          "sensitive_attributes": []
        }
      ]
    },
    {
      "module": "module.shared-service-state-buckets.module.s3_state_file_observability",
      "mode": "managed",
      "type": "aws_s3_bucket",
      "name": "this",
      "provider": "module.shared-service-state-buckets.provider[\"registry.terraform.io/hashicorp/aws\"]",
      "instances": [
        {
          "schema_version": 0,
          "attributes": {
            "acceleration_status": "",
            "acl": "private",
            "arn": "arn:aws:s3:::shared-service-336241431902-observability-state-s3",
            "bucket": "shared-service-336241431902-observability-state-s3",
            "bucket_domain_name": "shared-service-336241431902-observability-state-s3.s3.amazonaws.com",
            "bucket_prefix": null,
            "bucket_regional_domain_name": "shared-service-336241431902-observability-state-s3.s3.eu-central-1.amazonaws.com",
            "cors_rule": [],
            "force_destroy": false,
            "grant": [
              {
                "id": "fd55cd301085cbc90db83b3001a80a82f6e896bf9ef9279ce175d4b5b5ca7048",
                "permissions": [
                  "FULL_CONTROL"
                ],
                "type": "CanonicalUser",
                "uri": ""
              }
            ],
            "hosted_zone_id": "Z21DNDUVLTQW6Q",
            "id": "shared-service-336241431902-observability-state-s3",
            "lifecycle_rule": [],
            "logging": [],
            "object_lock_configuration": [
              {
                "object_lock_enabled": "Enabled",
                "rule": []
              }
            ],
            "object_lock_enabled": true,
            "policy": "",
            "region": "eu-central-1",
            "replication_configuration": [],
            "request_payer": "BucketOwner",
            "server_side_encryption_configuration": [
              {
                "rule": [
                  {
                    "apply_server_side_encryption_by_default": [
                      {
                        "kms_master_key_id": "arn:aws:kms:eu-central-1:336241431902:key/c371a46e-b42c-459a-b77f-5489206d1803",
                        "sse_algorithm": "aws:kms"
                      }
                    ],
                    "bucket_key_enabled": false
                  }
                ]
              }
            ],
            "tags": null,
            "tags_all": {
              "blx:created-by": "terraform",
              "blx:environment": "shared-service",
              "blx:owner": "all",
              "blx:repository-name": "tf-spacelift-prerequisites",
              "blx:skeleton-name": "shared-service-state-buckets",
              "blx:tag-version": "1"
            },
            "timeouts": null,
            "versioning": [
              {
                "enabled": true,
                "mfa_delete": false
              }
            ],
            "website": [],
            "website_domain": null,
            "website_endpoint": null
          },
          "sensitive_attributes": [],
          "private": "eyJlMmJmYjczMC1lY2FhLTExZTYtOGY4OC0zNDM2M2JjN2M0YzAiOnsiY3JlYXRlIjoxMjAwMDAwMDAwMDAwLCJkZWxldGUiOjM2MDAwMDAwMDAwMDAsInJlYWQiOjEyMDAwMDAwMDAwMDAsInVwZGF0ZSI6MTIwMDAwMDAwMDAwMH19",
          "dependencies": [
            "module.shared-service-state-buckets.module.kms_s3.aws_kms_key.this",
            "module.shared-service-state-buckets.module.kms_s3.data.aws_iam_policy_document.combined_with_serviceprincipals_and_conditions",
            "module.shared-service-state-buckets.module.kms_s3.data.aws_iam_policy_document.combined_with_viaservice_condition",
            "module.shared-service-state-buckets.module.kms_s3.data.aws_iam_policy_document.general_policy",
            "module.shared-service-state-buckets.module.s3_state_file_observability.data.aws_caller_identity.current"
          ]
        }
      ]
    },
    {
      "module": "module.shared-service-state-buckets.module.s3_state_file_observability",
      "mode": "managed",
      "type": "aws_s3_bucket_policy",
      "name": "deny_unencrypted_state_operations_attachment",
      "provider": "module.shared-service-state-buckets.provider[\"registry.terraform.io/hashicorp/aws\"]",
      "instances": [
        {
          "schema_version": 0,
          "attributes": {
            "bucket": "shared-service-336241431902-observability-state-s3",
            "id": "shared-service-336241431902-observability-state-s3",
            "policy": "{\n  \"Version\": \"2012-10-17\",\n  \"Statement\": [\n    {\n      \"Sid\": \"\",\n      \"Effect\": \"Deny\",\n      \"Action\": [\n        \"s3:PutObject\",\n        \"s3:GetObject\"\n      ],\n      \"Resource\": \"arn:aws:s3:::shared-service-336241431902-observability-state-s3/*\",\n      \"Principal\": \"*\",\n      \"Condition\": {\n        \"ForAnyValue:Bool\": {\n          \"aws:SecureTransport\": \"false\"\n        },\n        \"NumericLessThan\": {\n          \"s3:TlsVersion\": \"1.2\"\n        }\n      }\n    }\n  ]\n}"
          },
          "sensitive_attributes": [],
          "private": "bnVsbA==",
          "dependencies": [
            "module.shared-service-state-buckets.module.kms_s3.aws_kms_key.this",
            "module.shared-service-state-buckets.module.kms_s3.data.aws_iam_policy_document.combined_with_serviceprincipals_and_conditions",
            "module.shared-service-state-buckets.module.kms_s3.data.aws_iam_policy_document.combined_with_viaservice_condition",
            "module.shared-service-state-buckets.module.kms_s3.data.aws_iam_policy_document.general_policy",
            "module.shared-service-state-buckets.module.s3_state_file_observability.aws_s3_bucket.this",
            "module.shared-service-state-buckets.module.s3_state_file_observability.data.aws_caller_identity.current",
            "module.shared-service-state-buckets.module.s3_state_file_observability.data.aws_iam_policy_document.deny_unencrypted_state_operations"
          ]
        }
      ]
    },
    {
      "module": "module.shared-service-state-buckets.module.s3_state_file_observability",
      "mode": "managed",
      "type": "aws_s3_bucket_public_access_block",
      "name": "deny_access_public",
      "provider": "module.shared-service-state-buckets.provider[\"registry.terraform.io/hashicorp/aws\"]",
      "instances": [
        {
          "schema_version": 0,
          "attributes": {
            "block_public_acls": true,
            "block_public_policy": true,
            "bucket": "shared-service-336241431902-observability-state-s3",
            "id": "shared-service-336241431902-observability-state-s3",
            "ignore_public_acls": true,
            "restrict_public_buckets": true
          },
          "sensitive_attributes": [],
          "private": "bnVsbA==",
          "dependencies": [
            "module.shared-service-state-buckets.module.kms_s3.aws_kms_key.this",
            "module.shared-service-state-buckets.module.kms_s3.data.aws_iam_policy_document.combined_with_serviceprincipals_and_conditions",
            "module.shared-service-state-buckets.module.kms_s3.data.aws_iam_policy_document.combined_with_viaservice_condition",
            "module.shared-service-state-buckets.module.kms_s3.data.aws_iam_policy_document.general_policy",
            "module.shared-service-state-buckets.module.s3_state_file_observability.aws_s3_bucket.this",
            "module.shared-service-state-buckets.module.s3_state_file_observability.data.aws_caller_identity.current"
          ]
        }
      ]
    },
    {
      "module": "module.shared_service_spacelift_prequisites.module.kms_ecr",
      "mode": "data",
      "type": "aws_caller_identity",
      "name": "current",
      "provider": "provider[\"registry.terraform.io/hashicorp/aws\"]",
      "instances": [
        {
          "schema_version": 0,
          "attributes": {
            "account_id": "336241431902",
            "arn": "arn:aws:sts::336241431902:assumed-role/AWSReservedSSO_AdministratorAccess_824f48fbf5e79ff4/tinu@gft.com",
            "id": "336241431902",
            "user_id": "AROAU4SMNCVPB7SQSQNI4:tinu@gft.com"
          },
          "sensitive_attributes": []
        }
      ]
    },
    {
      "module": "module.shared_service_spacelift_prequisites.module.kms_ecr",
      "mode": "data",
      "type": "aws_iam_policy_document",
      "name": "combined_with_serviceprincipals_and_conditions",
      "provider": "provider[\"registry.terraform.io/hashicorp/aws\"]",
      "instances": [
        {
          "schema_version": 0,
          "attributes": {
            "id": "1290408180",
            "json": "{\n  \"Version\": \"2012-10-17\",\n  \"Statement\": [\n    {\n      \"Sid\": \"Enable IAM Root User Permissions\",\n      \"Effect\": \"Allow\",\n      \"Action\": \"kms:*\",\n      \"Resource\": \"*\",\n      \"Principal\": {\n        \"AWS\": \"arn:aws:iam::336241431902:root\"\n      }\n    },\n    {\n      \"Sid\": \"Allow access for Key Administrators\",\n      \"Effect\": \"Allow\",\n      \"Action\": [\n        \"kms:Update*\",\n        \"kms:UntagResource\",\n        \"kms:TagResource\",\n        \"kms:ScheduleKeyDeletion\",\n        \"kms:Revoke*\",\n        \"kms:Put*\",\n        \"kms:List*\",\n        \"kms:Get*\",\n        \"kms:Enable*\",\n        \"kms:Disable*\",\n        \"kms:Describe*\",\n        \"kms:Delete*\",\n        \"kms:Create*\",\n        \"kms:CancelKeyDeletion\"\n      ],\n      \"Resource\": \"*\",\n      \"Principal\": {\n        \"AWS\": \"arn:aws:iam::336241431902:root\"\n      }\n    },\n    {\n      \"Sid\": \"Allow use of the key for decryption only\",\n      \"Effect\": \"Allow\",\n      \"Action\": \"kms:Decrypt\",\n      \"Resource\": \"*\",\n      \"Principal\": {\n        \"AWS\": \"arn:aws:iam::336241431902:root\"\n      }\n    }\n  ]\n}",
            "override_policy_documents": null,
            "policy_id": null,
            "source_policy_documents": [
              "{\n  \"Version\": \"2012-10-17\",\n  \"Statement\": [\n    {\n      \"Sid\": \"Enable IAM Root User Permissions\",\n      \"Effect\": \"Allow\",\n      \"Action\": \"kms:*\",\n      \"Resource\": \"*\",\n      \"Principal\": {\n        \"AWS\": \"arn:aws:iam::336241431902:root\"\n      }\n    },\n    {\n      \"Sid\": \"Allow access for Key Administrators\",\n      \"Effect\": \"Allow\",\n      \"Action\": [\n        \"kms:Update*\",\n        \"kms:UntagResource\",\n        \"kms:TagResource\",\n        \"kms:ScheduleKeyDeletion\",\n        \"kms:Revoke*\",\n        \"kms:Put*\",\n        \"kms:List*\",\n        \"kms:Get*\",\n        \"kms:Enable*\",\n        \"kms:Disable*\",\n        \"kms:Describe*\",\n        \"kms:Delete*\",\n        \"kms:Create*\",\n        \"kms:CancelKeyDeletion\"\n      ],\n      \"Resource\": \"*\",\n      \"Principal\": {\n        \"AWS\": \"arn:aws:iam::336241431902:root\"\n      }\n    },\n    {\n      \"Sid\": \"Allow use of the key for decryption only\",\n      \"Effect\": \"Allow\",\n      \"Action\": \"kms:Decrypt\",\n      \"Resource\": \"*\",\n      \"Principal\": {\n        \"AWS\": \"arn:aws:iam::336241431902:root\"\n      }\n    }\n  ]\n}"
            ],
            "statement": null,
            "version": "2012-10-17"
          },
          "sensitive_attributes": []
        }
      ]
    },
    {
      "module": "module.shared_service_spacelift_prequisites.module.kms_ecr",
      "mode": "data",
      "type": "aws_iam_policy_document",
      "name": "combined_with_viaservice_condition",
      "provider": "provider[\"registry.terraform.io/hashicorp/aws\"]",
      "instances": [
        {
          "schema_version": 0,
          "attributes": {
            "id": "2378990411",
            "json": "{\n  \"Version\": \"2012-10-17\",\n  \"Statement\": [\n    {\n      \"Sid\": \"Enable IAM Root User Permissions\",\n      \"Effect\": \"Allow\",\n      \"Action\": \"kms:*\",\n      \"Resource\": \"*\",\n      \"Principal\": {\n        \"AWS\": \"arn:aws:iam::336241431902:root\"\n      }\n    },\n    {\n      \"Sid\": \"Allow access for Key Administrators\",\n      \"Effect\": \"Allow\",\n      \"Action\": [\n        \"kms:Update*\",\n        \"kms:UntagResource\",\n        \"kms:TagResource\",\n        \"kms:ScheduleKeyDeletion\",\n        \"kms:Revoke*\",\n        \"kms:Put*\",\n        \"kms:List*\",\n        \"kms:Get*\",\n        \"kms:Enable*\",\n        \"kms:Disable*\",\n        \"kms:Describe*\",\n        \"kms:Delete*\",\n        \"kms:Create*\",\n        \"kms:CancelKeyDeletion\"\n      ],\n      \"Resource\": \"*\",\n      \"Principal\": {\n        \"AWS\": \"arn:aws:iam::336241431902:root\"\n      }\n    },\n    {\n      \"Sid\": \"Allow use of the key for decryption only\",\n      \"Effect\": \"Allow\",\n      \"Action\": \"kms:Decrypt\",\n      \"Resource\": \"*\",\n      \"Principal\": {\n        \"AWS\": \"arn:aws:iam::336241431902:root\"\n      }\n    },\n    {\n      \"Effect\": \"Allow\",\n      \"Action\": [\n        \"kms:ReEncrypt\",\n        \"kms:GenerateDataKey*\",\n        \"kms:Encrypt\",\n        \"kms:DescribeKey\",\n        \"kms:Decrypt\",\n        \"kms:CreateGrant\"\n      ],\n      \"Resource\": \"*\",\n      \"Principal\": {\n        \"AWS\": \"*\"\n      },\n      \"Condition\": {\n        \"StringEquals\": {\n          \"kms:CallerAccount\": \"336241431902\",\n          \"kms:ViaService\": \"ecr.eu-central-1.amazonaws.com\"\n        }\n      }\n    }\n  ]\n}",
            "override_policy_documents": null,
            "policy_id": null,
            "source_policy_documents": [
              "{\n  \"Version\": \"2012-10-17\",\n  \"Statement\": [\n    {\n      \"Sid\": \"Enable IAM Root User Permissions\",\n      \"Effect\": \"Allow\",\n      \"Action\": \"kms:*\",\n      \"Resource\": \"*\",\n      \"Principal\": {\n        \"AWS\": \"arn:aws:iam::336241431902:root\"\n      }\n    },\n    {\n      \"Sid\": \"Allow access for Key Administrators\",\n      \"Effect\": \"Allow\",\n      \"Action\": [\n        \"kms:Update*\",\n        \"kms:UntagResource\",\n        \"kms:TagResource\",\n        \"kms:ScheduleKeyDeletion\",\n        \"kms:Revoke*\",\n        \"kms:Put*\",\n        \"kms:List*\",\n        \"kms:Get*\",\n        \"kms:Enable*\",\n        \"kms:Disable*\",\n        \"kms:Describe*\",\n        \"kms:Delete*\",\n        \"kms:Create*\",\n        \"kms:CancelKeyDeletion\"\n      ],\n      \"Resource\": \"*\",\n      \"Principal\": {\n        \"AWS\": \"arn:aws:iam::336241431902:root\"\n      }\n    },\n    {\n      \"Sid\": \"Allow use of the key for decryption only\",\n      \"Effect\": \"Allow\",\n      \"Action\": \"kms:Decrypt\",\n      \"Resource\": \"*\",\n      \"Principal\": {\n        \"AWS\": \"arn:aws:iam::336241431902:root\"\n      }\n    }\n  ]\n}"
            ],
            "statement": [
              {
                "actions": [
                  "kms:CreateGrant",
                  "kms:Decrypt",
                  "kms:DescribeKey",
                  "kms:Encrypt",
                  "kms:GenerateDataKey*",
                  "kms:ReEncrypt"
                ],
                "condition": [
                  {
                    "test": "StringEquals",
                    "values": [
                      "336241431902"
                    ],
                    "variable": "kms:CallerAccount"
                  },
                  {
                    "test": "StringEquals",
                    "values": [
                      "ecr.eu-central-1.amazonaws.com"
                    ],
                    "variable": "kms:ViaService"
                  }
                ],
                "effect": "Allow",
                "not_actions": [],
                "not_principals": [],
                "not_resources": [],
                "principals": [
                  {
                    "identifiers": [
                      "*"
                    ],
                    "type": "AWS"
                  }
                ],
                "resources": [
                  "*"
                ],
                "sid": ""
              }
            ],
            "version": "2012-10-17"
          },
          "sensitive_attributes": []
        }
      ]
    },
    {
      "module": "module.shared_service_spacelift_prequisites.module.kms_ecr",
      "mode": "data",
      "type": "aws_iam_policy_document",
      "name": "general_policy",
      "provider": "provider[\"registry.terraform.io/hashicorp/aws\"]",
      "instances": [
        {
          "schema_version": 0,
          "attributes": {
            "id": "1290408180",
            "json": "{\n  \"Version\": \"2012-10-17\",\n  \"Statement\": [\n    {\n      \"Sid\": \"Enable IAM Root User Permissions\",\n      \"Effect\": \"Allow\",\n      \"Action\": \"kms:*\",\n      \"Resource\": \"*\",\n      \"Principal\": {\n        \"AWS\": \"arn:aws:iam::336241431902:root\"\n      }\n    },\n    {\n      \"Sid\": \"Allow access for Key Administrators\",\n      \"Effect\": \"Allow\",\n      \"Action\": [\n        \"kms:Update*\",\n        \"kms:UntagResource\",\n        \"kms:TagResource\",\n        \"kms:ScheduleKeyDeletion\",\n        \"kms:Revoke*\",\n        \"kms:Put*\",\n        \"kms:List*\",\n        \"kms:Get*\",\n        \"kms:Enable*\",\n        \"kms:Disable*\",\n        \"kms:Describe*\",\n        \"kms:Delete*\",\n        \"kms:Create*\",\n        \"kms:CancelKeyDeletion\"\n      ],\n      \"Resource\": \"*\",\n      \"Principal\": {\n        \"AWS\": \"arn:aws:iam::336241431902:root\"\n      }\n    },\n    {\n      \"Sid\": \"Allow use of the key for decryption only\",\n      \"Effect\": \"Allow\",\n      \"Action\": \"kms:Decrypt\",\n      \"Resource\": \"*\",\n      \"Principal\": {\n        \"AWS\": \"arn:aws:iam::336241431902:root\"\n      }\n    }\n  ]\n}",
            "override_policy_documents": null,
            "policy_id": null,
            "source_policy_documents": null,
            "statement": [
              {
                "actions": [
                  "kms:*"
                ],
                "condition": [],
                "effect": "Allow",
                "not_actions": [],
                "not_principals": [],
                "not_resources": [],
                "principals": [
                  {
                    "identifiers": [
                      "arn:aws:iam::336241431902:root"
                    ],
                    "type": "AWS"
                  }
                ],
                "resources": [
                  "*"
                ],
                "sid": "Enable IAM Root User Permissions"
              },
              {
                "actions": [
                  "kms:CancelKeyDeletion",
                  "kms:Create*",
                  "kms:Delete*",
                  "kms:Describe*",
                  "kms:Disable*",
                  "kms:Enable*",
                  "kms:Get*",
                  "kms:List*",
                  "kms:Put*",
                  "kms:Revoke*",
                  "kms:ScheduleKeyDeletion",
                  "kms:TagResource",
                  "kms:UntagResource",
                  "kms:Update*"
                ],
                "condition": [],
                "effect": "Allow",
                "not_actions": [],
                "not_principals": [],
                "not_resources": [],
                "principals": [
                  {
                    "identifiers": [
                      "arn:aws:iam::336241431902:root"
                    ],
                    "type": "AWS"
                  }
                ],
                "resources": [
                  "*"
                ],
                "sid": "Allow access for Key Administrators"
              },
              {
                "actions": [
                  "kms:Decrypt"
                ],
                "condition": [],
                "effect": "Allow",
                "not_actions": [],
                "not_principals": [],
                "not_resources": [],
                "principals": [
                  {
                    "identifiers": [
                      "arn:aws:iam::336241431902:root"
                    ],
                    "type": "AWS"
                  }
                ],
                "resources": [
                  "*"
                ],
                "sid": "Allow use of the key for decryption only"
              }
            ],
            "version": "2012-10-17"
          },
          "sensitive_attributes": []
        }
      ]
    },
    {
      "module": "module.shared_service_spacelift_prequisites.module.kms_ecr",
      "mode": "managed",
      "type": "aws_kms_alias",
      "name": "this",
      "provider": "provider[\"registry.terraform.io/hashicorp/aws\"]",
      "instances": [
        {
          "schema_version": 0,
          "attributes": {
            "arn": "arn:aws:kms:eu-central-1:336241431902:alias/shared-service-spacelift-ecr",
            "id": "alias/shared-service-spacelift-ecr",
            "name": "alias/shared-service-spacelift-ecr",
            "name_prefix": "",
            "target_key_arn": "arn:aws:kms:eu-central-1:336241431902:key/bf1b2890-338b-4e2e-92d2-54a1a896340d",
            "target_key_id": "bf1b2890-338b-4e2e-92d2-54a1a896340d"
          },
          "sensitive_attributes": [],
          "private": "bnVsbA==",
          "dependencies": [
            "module.shared_service_spacelift_prequisites.module.kms_ecr.aws_kms_key.this",
            "module.shared_service_spacelift_prequisites.module.kms_ecr.data.aws_iam_policy_document.combined_with_serviceprincipals_and_conditions",
            "module.shared_service_spacelift_prequisites.module.kms_ecr.data.aws_iam_policy_document.combined_with_viaservice_condition",
            "module.shared_service_spacelift_prequisites.module.kms_ecr.data.aws_iam_policy_document.general_policy"
          ]
        }
      ]
    },
    {
      "module": "module.shared_service_spacelift_prequisites.module.kms_ecr",
      "mode": "managed",
      "type": "aws_kms_key",
      "name": "this",
      "provider": "provider[\"registry.terraform.io/hashicorp/aws\"]",
      "instances": [
        {
          "schema_version": 0,
          "attributes": {
            "arn": "arn:aws:kms:eu-central-1:336241431902:key/bf1b2890-338b-4e2e-92d2-54a1a896340d",
            "bypass_policy_lockout_safety_check": false,
            "custom_key_store_id": "",
            "customer_master_key_spec": "SYMMETRIC_DEFAULT",
            "deletion_window_in_days": null,
            "description": "KMS key to encrypt shared-service-spacelift ecr",
            "enable_key_rotation": true,
            "id": "bf1b2890-338b-4e2e-92d2-54a1a896340d",
            "is_enabled": true,
            "key_id": "bf1b2890-338b-4e2e-92d2-54a1a896340d",
            "key_usage": "ENCRYPT_DECRYPT",
            "multi_region": false,
            "policy": "{\n  \"Version\": \"2012-10-17\",\n  \"Statement\": [\n    {\n      \"Sid\": \"Enable IAM Root User Permissions\",\n      \"Effect\": \"Allow\",\n      \"Action\": \"kms:*\",\n      \"Resource\": \"*\",\n      \"Principal\": {\n        \"AWS\": \"arn:aws:iam::336241431902:root\"\n      }\n    },\n    {\n      \"Sid\": \"Allow access for Key Administrators\",\n      \"Effect\": \"Allow\",\n      \"Action\": [\n        \"kms:Update*\",\n        \"kms:UntagResource\",\n        \"kms:TagResource\",\n        \"kms:ScheduleKeyDeletion\",\n        \"kms:Revoke*\",\n        \"kms:Put*\",\n        \"kms:List*\",\n        \"kms:Get*\",\n        \"kms:Enable*\",\n        \"kms:Disable*\",\n        \"kms:Describe*\",\n        \"kms:Delete*\",\n        \"kms:Create*\",\n        \"kms:CancelKeyDeletion\"\n      ],\n      \"Resource\": \"*\",\n      \"Principal\": {\n        \"AWS\": \"arn:aws:iam::336241431902:root\"\n      }\n    },\n    {\n      \"Sid\": \"Allow use of the key for decryption only\",\n      \"Effect\": \"Allow\",\n      \"Action\": \"kms:Decrypt\",\n      \"Resource\": \"*\",\n      \"Principal\": {\n        \"AWS\": \"arn:aws:iam::336241431902:root\"\n      }\n    },\n    {\n      \"Sid\": \"\",\n      \"Effect\": \"Allow\",\n      \"Action\": [\n        \"kms:ReEncrypt\",\n        \"kms:GenerateDataKey*\",\n        \"kms:Encrypt\",\n        \"kms:DescribeKey\",\n        \"kms:Decrypt\",\n        \"kms:CreateGrant\"\n      ],\n      \"Resource\": \"*\",\n      \"Principal\": {\n        \"AWS\": \"*\"\n      },\n      \"Condition\": {\n        \"StringEquals\": {\n          \"kms:CallerAccount\": \"336241431902\",\n          \"kms:ViaService\": \"ecr.eu-central-1.amazonaws.com\"\n        }\n      }\n    }\n  ]\n}",
            "tags": {},
            "tags_all": {
              "blx:created-by": "terraform",
              "blx:owner": "all",
              "blx:repository-name": "tf-spacelift-prerequisites",
              "blx:tag-version": "1"
            }
          },
          "sensitive_attributes": [],
          "private": "bnVsbA==",
          "dependencies": [
            "module.shared_service_spacelift_prequisites.module.kms_ecr.data.aws_caller_identity.current",
            "module.shared_service_spacelift_prequisites.module.kms_ecr.data.aws_iam_policy_document.combined_with_serviceprincipals_and_conditions",
            "module.shared_service_spacelift_prequisites.module.kms_ecr.data.aws_iam_policy_document.combined_with_viaservice_condition",
            "module.shared_service_spacelift_prequisites.module.kms_ecr.data.aws_iam_policy_document.general_policy"
          ]
        }
      ]
    },
    {
      "module": "module.shared_service_spacelift_prequisites.module.platform_ecr",
      "mode": "data",
      "type": "aws_caller_identity",
      "name": "current",
      "provider": "provider[\"registry.terraform.io/hashicorp/aws\"]",
      "instances": [
        {
          "schema_version": 0,
          "attributes": {
            "account_id": "336241431902",
            "arn": "arn:aws:sts::336241431902:assumed-role/AWSReservedSSO_AdministratorAccess_824f48fbf5e79ff4/e-jbjc@gft.com",
            "id": "336241431902",
            "user_id": "AROAU4SMNCVPB7SQSQNI4:e-jbjc@gft.com"
          },
          "sensitive_attributes": []
        }
      ]
    },
    {
      "module": "module.shared_service_spacelift_prequisites.module.platform_ecr",
      "mode": "data",
      "type": "aws_iam_policy_document",
      "name": "pullpush_policy",
      "provider": "provider[\"registry.terraform.io/hashicorp/aws\"]",
      "instances": [
        {
          "schema_version": 0,
          "attributes": {
            "id": "3660903678",
            "json": "{\n  \"Version\": \"2012-10-17\",\n  \"Statement\": [\n    {\n      \"Sid\": \"AllowPullPush\",\n      \"Effect\": \"Allow\",\n      \"Action\": [\n        \"ecr:UploadLayerPart\",\n        \"ecr:PutImage\",\n        \"ecr:InitiateLayerUpload\",\n        \"ecr:GetDownloadUrlForLayer\",\n        \"ecr:CompleteLayerUpload\",\n        \"ecr:BatchGetImage\",\n        \"ecr:BatchCheckLayerAvailability\"\n      ],\n      \"Principal\": {\n        \"AWS\": \"arn:aws:iam::336241431902:role/aws-reserved/sso.amazonaws.com/eu-west-2/AWSReservedSSO_AdministratorAccess_824f48fbf5e79ff4\"\n      }\n    },\n    {\n      \"Sid\": \"EcrReadOnlyDevAccess\",\n      \"Effect\": \"Allow\",\n      \"Action\": [\n        \"ecr:ListTagsForResource\",\n        \"ecr:ListImages\",\n        \"ecr:GetRepositoryPolicy\",\n        \"ecr:GetLifecyclePolicyPreview\",\n        \"ecr:GetLifecyclePolicy\",\n        \"ecr:GetDownloadUrlForLayer\",\n        \"ecr:GetAuthorizationToken\",\n        \"ecr:DescribeRepositories\",\n        \"ecr:DescribeImages\",\n        \"ecr:DescribeImageScanFindings\",\n        \"ecr:BatchGetImage\",\n        \"ecr:BatchCheckLayerAvailability\"\n      ],\n      \"Principal\": {\n        \"AWS\": [\n          \"arn:aws:iam::336241431902:root\",\n          \"arn:aws:iam::198698840116:root\"\n        ]\n      }\n    }\n  ]\n}",
            "override_policy_documents": null,
            "policy_id": null,
            "source_policy_documents": null,
            "statement": [
              {
                "actions": [
                  "ecr:BatchCheckLayerAvailability",
                  "ecr:BatchGetImage",
                  "ecr:CompleteLayerUpload",
                  "ecr:GetDownloadUrlForLayer",
                  "ecr:InitiateLayerUpload",
                  "ecr:PutImage",
                  "ecr:UploadLayerPart"
                ],
                "condition": [],
                "effect": "Allow",
                "not_actions": [],
                "not_principals": [],
                "not_resources": [],
                "principals": [
                  {
                    "identifiers": [
                      "arn:aws:iam::336241431902:role/aws-reserved/sso.amazonaws.com/eu-west-2/AWSReservedSSO_AdministratorAccess_824f48fbf5e79ff4"
                    ],
                    "type": "AWS"
                  }
                ],
                "resources": [],
                "sid": "AllowPullPush"
              },
              {
                "actions": [
                  "ecr:BatchCheckLayerAvailability",
                  "ecr:BatchGetImage",
                  "ecr:DescribeImageScanFindings",
                  "ecr:DescribeImages",
                  "ecr:DescribeRepositories",
                  "ecr:GetAuthorizationToken",
                  "ecr:GetDownloadUrlForLayer",
                  "ecr:GetLifecyclePolicy",
                  "ecr:GetLifecyclePolicyPreview",
                  "ecr:GetRepositoryPolicy",
                  "ecr:ListImages",
                  "ecr:ListTagsForResource"
                ],
                "condition": [],
                "effect": "Allow",
                "not_actions": [],
                "not_principals": [],
                "not_resources": [],
                "principals": [
                  {
                    "identifiers": [
                      "arn:aws:iam::198698840116:root",
                      "arn:aws:iam::336241431902:root"
                    ],
                    "type": "AWS"
                  }
                ],
                "resources": [],
                "sid": "EcrReadOnlyDevAccess"
              }
            ],
            "version": "2012-10-17"
          },
          "sensitive_attributes": []
        }
      ]
    },
    {
      "module": "module.shared_service_spacelift_prequisites.module.platform_ecr",
      "mode": "data",
      "type": "aws_iam_policy_document",
      "name": "pullthroughcache_ecr_sharing",
      "provider": "provider[\"registry.terraform.io/hashicorp/aws\"]",
      "instances": [
        {
          "schema_version": 0,
          "attributes": {
            "id": "2860260956",
            "json": "{\n  \"Version\": \"2012-10-17\",\n  \"Statement\": [\n    {\n      \"Sid\": \"AllowPullThroughCacheCrossAccount\",\n      \"Effect\": \"Allow\",\n      \"Action\": [\n        \"ecr:UploadLayerPart\",\n        \"ecr:PutImage\",\n        \"ecr:InitiateLayerUpload\",\n        \"ecr:GetDownloadUrlForLayer\",\n        \"ecr:GetAuthorizationToken\",\n        \"ecr:CompleteLayerUpload\",\n        \"ecr:BatchGetImage\",\n        \"ecr:BatchCheckLayerAvailability\"\n      ],\n      \"Principal\": {\n        \"AWS\": [\n          \"arn:aws:iam::336241431902:root\",\n          \"arn:aws:iam::198698840116:root\"\n        ]\n      }\n    }\n  ]\n}",
            "override_json": null,
            "override_policy_documents": null,
            "policy_id": null,
            "source_json": null,
            "source_policy_documents": null,
            "statement": [
              {
                "actions": [
                  "ecr:BatchCheckLayerAvailability",
                  "ecr:BatchGetImage",
                  "ecr:CompleteLayerUpload",
                  "ecr:GetAuthorizationToken",
                  "ecr:GetDownloadUrlForLayer",
                  "ecr:InitiateLayerUpload",
                  "ecr:PutImage",
                  "ecr:UploadLayerPart"
                ],
                "condition": [],
                "effect": "Allow",
                "not_actions": [],
                "not_principals": [],
                "not_resources": [],
                "principals": [
                  {
                    "identifiers": [
                      "arn:aws:iam::198698840116:root",
                      "arn:aws:iam::336241431902:root"
                    ],
                    "type": "AWS"
                  }
                ],
                "resources": [],
                "sid": "AllowPullThroughCacheCrossAccount"
              }
            ],
            "version": "2012-10-17"
          },
          "sensitive_attributes": []
        }
      ]
    },
    {
      "module": "module.shared_service_spacelift_prequisites.module.platform_ecr",
      "mode": "data",
      "type": "aws_iam_policy_document",
      "name": "pullthroughcache_policy",
      "provider": "provider[\"registry.terraform.io/hashicorp/aws\"]",
      "instances": [
        {
          "schema_version": 0,
          "attributes": {
            "id": "3403718775",
            "json": "{\n  \"Version\": \"2012-10-17\",\n  \"Statement\": [\n    {\n      \"Sid\": \"AllowPullThroughCache\",\n      \"Effect\": \"Allow\",\n      \"Action\": [\n        \"ecr:CreateRepository\",\n        \"ecr:BatchImportUpstreamImage\"\n      ],\n      \"Principal\": {\n        \"AWS\": [\n          \"arn:aws:iam::336241431902:root\",\n          \"arn:aws:iam::198698840116:root\"\n        ]\n      }\n    }\n  ]\n}",
            "override_json": null,
            "override_policy_documents": null,
            "policy_id": null,
            "source_json": null,
            "source_policy_documents": null,
            "statement": [
              {
                "actions": [
                  "ecr:BatchImportUpstreamImage",
                  "ecr:CreateRepository"
                ],
                "condition": [],
                "effect": "Allow",
                "not_actions": [],
                "not_principals": [],
                "not_resources": [],
                "principals": [
                  {
                    "identifiers": [
                      "arn:aws:iam::198698840116:root",
                      "arn:aws:iam::336241431902:root"
                    ],
                    "type": "AWS"
                  }
                ],
                "resources": [],
                "sid": "AllowPullThroughCache"
              }
            ],
            "version": "2012-10-17"
          },
          "sensitive_attributes": []
        }
      ]
    },
    {
      "module": "module.shared_service_spacelift_prequisites.module.platform_ecr",
      "mode": "data",
      "type": "aws_partition",
      "name": "this",
      "provider": "provider[\"registry.terraform.io/hashicorp/aws\"]",
      "instances": [
        {
          "schema_version": 0,
          "attributes": {
            "dns_suffix": "amazonaws.com",
            "id": "aws",
            "partition": "aws",
            "reverse_dns_prefix": "com.amazonaws"
          },
          "sensitive_attributes": []
        }
      ]
    },
    {
      "module": "module.shared_service_spacelift_prequisites.module.platform_ecr",
      "mode": "managed",
      "type": "aws_ecr_lifecycle_policy",
      "name": "this",
      "provider": "provider[\"registry.terraform.io/hashicorp/aws\"]",
      "instances": [
        {
          "index_key": "aws-ebs-csi-driver",
          "schema_version": 0,
          "attributes": {
            "id": "aws-ebs-csi-driver",
            "policy": "{\"rules\":[{\"action\":{\"type\":\"expire\"},\"description\":\"Expire untagged images older than 2 days\",\"rulePriority\":1,\"selection\":{\"countNumber\":2,\"countType\":\"sinceImagePushed\",\"countUnit\":\"days\",\"tagStatus\":\"untagged\"}}]}",
            "registry_id": "336241431902",
            "repository": "aws-ebs-csi-driver"
          },
          "sensitive_attributes": [],
          "private": "bnVsbA==",
          "dependencies": [
            "module.shared_service_spacelift_prequisites.module.kms_ecr.aws_kms_key.this",
            "module.shared_service_spacelift_prequisites.module.platform_ecr.aws_ecr_repository.this"
          ]
        },
        {
          "index_key": "aws-load-balancer-controller",
          "schema_version": 0,
          "attributes": {
            "id": "aws-load-balancer-controller",
            "policy": "{\"rules\":[{\"action\":{\"type\":\"expire\"},\"description\":\"Expire untagged images older than 2 days\",\"rulePriority\":1,\"selection\":{\"countNumber\":2,\"countType\":\"sinceImagePushed\",\"countUnit\":\"days\",\"tagStatus\":\"untagged\"}}]}",
            "registry_id": "336241431902",
            "repository": "aws-load-balancer-controller"
          },
          "sensitive_attributes": [],
          "private": "bnVsbA==",
          "dependencies": [
            "module.shared_service_spacelift_prequisites.module.kms_ecr.aws_kms_key.this",
            "module.shared_service_spacelift_prequisites.module.platform_ecr.aws_ecr_repository.this"
          ]
        },
        {
          "index_key": "cert-manager",
          "schema_version": 0,
          "attributes": {
            "id": "cert-manager",
            "policy": "{\"rules\":[{\"action\":{\"type\":\"expire\"},\"description\":\"Expire untagged images older than 2 days\",\"rulePriority\":1,\"selection\":{\"countNumber\":2,\"countType\":\"sinceImagePushed\",\"countUnit\":\"days\",\"tagStatus\":\"untagged\"}}]}",
            "registry_id": "336241431902",
            "repository": "cert-manager"
          },
          "sensitive_attributes": [],
          "private": "bnVsbA==",
          "dependencies": [
            "module.shared_service_spacelift_prequisites.module.kms_ecr.aws_kms_key.this",
            "module.shared_service_spacelift_prequisites.module.platform_ecr.aws_ecr_repository.this"
          ]
        },
        {
          "index_key": "cloudwatch-container-insights",
          "schema_version": 0,
          "attributes": {
            "id": "cloudwatch-container-insights",
            "policy": "{\"rules\":[{\"action\":{\"type\":\"expire\"},\"description\":\"Expire untagged images older than 2 days\",\"rulePriority\":1,\"selection\":{\"countNumber\":2,\"countType\":\"sinceImagePushed\",\"countUnit\":\"days\",\"tagStatus\":\"untagged\"}}]}",
            "registry_id": "336241431902",
            "repository": "cloudwatch-container-insights"
          },
          "sensitive_attributes": [],
          "private": "bnVsbA==",
          "dependencies": [
            "module.shared_service_spacelift_prequisites.module.kms_ecr.aws_kms_key.this",
            "module.shared_service_spacelift_prequisites.module.platform_ecr.aws_ecr_repository.this"
          ]
        },
        {
          "index_key": "cluster-autoscaler",
          "schema_version": 0,
          "attributes": {
            "id": "cluster-autoscaler",
            "policy": "{\"rules\":[{\"action\":{\"type\":\"expire\"},\"description\":\"Expire untagged images older than 2 days\",\"rulePriority\":1,\"selection\":{\"countNumber\":2,\"countType\":\"sinceImagePushed\",\"countUnit\":\"days\",\"tagStatus\":\"untagged\"}}]}",
            "registry_id": "336241431902",
            "repository": "cluster-autoscaler"
          },
          "sensitive_attributes": [],
          "private": "bnVsbA==",
          "dependencies": [
            "module.shared_service_spacelift_prequisites.module.kms_ecr.aws_kms_key.this",
            "module.shared_service_spacelift_prequisites.module.platform_ecr.aws_ecr_repository.this"
          ]
        },
        {
          "index_key": "external-dns",
          "schema_version": 0,
          "attributes": {
            "id": "external-dns",
            "policy": "{\"rules\":[{\"action\":{\"type\":\"expire\"},\"description\":\"Expire untagged images older than 2 days\",\"rulePriority\":1,\"selection\":{\"countNumber\":2,\"countType\":\"sinceImagePushed\",\"countUnit\":\"days\",\"tagStatus\":\"untagged\"}}]}",
            "registry_id": "336241431902",
            "repository": "external-dns"
          },
          "sensitive_attributes": [],
          "private": "bnVsbA==",
          "dependencies": [
            "module.shared_service_spacelift_prequisites.module.kms_ecr.aws_kms_key.this",
            "module.shared_service_spacelift_prequisites.module.platform_ecr.aws_ecr_repository.this"
          ]
        },
        {
          "index_key": "metrics-server",
          "schema_version": 0,
          "attributes": {
            "id": "metrics-server",
            "policy": "{\"rules\":[{\"action\":{\"type\":\"expire\"},\"description\":\"Expire untagged images older than 2 days\",\"rulePriority\":1,\"selection\":{\"countNumber\":2,\"countType\":\"sinceImagePushed\",\"countUnit\":\"days\",\"tagStatus\":\"untagged\"}}]}",
            "registry_id": "336241431902",
            "repository": "metrics-server"
          },
          "sensitive_attributes": [],
          "private": "bnVsbA==",
          "dependencies": [
            "module.shared_service_spacelift_prequisites.module.kms_ecr.aws_kms_key.this",
            "module.shared_service_spacelift_prequisites.module.platform_ecr.aws_ecr_repository.this"
          ]
        },
        {
          "index_key": "platform/helm-charts/argo-cd",
          "schema_version": 0,
          "attributes": {
            "id": "platform/helm-charts/argo-cd",
            "policy": "{\"rules\":[{\"action\":{\"type\":\"expire\"},\"description\":\"Expire untagged images older than 2 days\",\"rulePriority\":1,\"selection\":{\"countNumber\":2,\"countType\":\"sinceImagePushed\",\"countUnit\":\"days\",\"tagStatus\":\"untagged\"}}]}",
            "registry_id": "336241431902",
            "repository": "platform/helm-charts/argo-cd"
          },
          "sensitive_attributes": [],
          "private": "bnVsbA==",
          "dependencies": [
            "module.shared_service_spacelift_prequisites.module.kms_ecr.aws_kms_key.this",
            "module.shared_service_spacelift_prequisites.module.kms_ecr.data.aws_iam_policy_document.combined_with_serviceprincipals_and_conditions",
            "module.shared_service_spacelift_prequisites.module.kms_ecr.data.aws_iam_policy_document.combined_with_viaservice_condition",
            "module.shared_service_spacelift_prequisites.module.kms_ecr.data.aws_iam_policy_document.general_policy",
            "module.shared_service_spacelift_prequisites.module.platform_ecr.aws_ecr_repository.this"
          ]
        },
        {
          "index_key": "platform/helm-charts/external-secrets",
          "schema_version": 0,
          "attributes": {
            "id": "platform/helm-charts/external-secrets",
            "policy": "{\"rules\":[{\"action\":{\"type\":\"expire\"},\"description\":\"Expire untagged images older than 2 days\",\"rulePriority\":1,\"selection\":{\"countNumber\":2,\"countType\":\"sinceImagePushed\",\"countUnit\":\"days\",\"tagStatus\":\"untagged\"}}]}",
            "registry_id": "336241431902",
            "repository": "platform/helm-charts/external-secrets"
          },
          "sensitive_attributes": [],
          "private": "bnVsbA==",
          "dependencies": [
            "module.shared_service_spacelift_prequisites.module.kms_ecr.aws_kms_key.this",
            "module.shared_service_spacelift_prequisites.module.kms_ecr.data.aws_iam_policy_document.combined_with_serviceprincipals_and_conditions",
            "module.shared_service_spacelift_prequisites.module.kms_ecr.data.aws_iam_policy_document.combined_with_viaservice_condition",
            "module.shared_service_spacelift_prequisites.module.kms_ecr.data.aws_iam_policy_document.general_policy",
            "module.shared_service_spacelift_prequisites.module.platform_ecr.aws_ecr_repository.this"
          ]
        },
        {
          "index_key": "platform/images/actions-runner-controller",
          "schema_version": 0,
          "attributes": {
            "id": "platform/images/actions-runner-controller",
            "policy": "{\"rules\":[{\"action\":{\"type\":\"expire\"},\"description\":\"Expire untagged images older than 2 days\",\"rulePriority\":1,\"selection\":{\"countNumber\":2,\"countType\":\"sinceImagePushed\",\"countUnit\":\"days\",\"tagStatus\":\"untagged\"}}]}",
            "registry_id": "336241431902",
            "repository": "platform/images/actions-runner-controller"
          },
          "sensitive_attributes": [],
          "private": "bnVsbA==",
          "dependencies": [
            "module.shared_service_spacelift_prequisites.module.kms_ecr.aws_kms_key.this",
            "module.shared_service_spacelift_prequisites.module.kms_ecr.data.aws_iam_policy_document.combined_with_serviceprincipals_and_conditions",
            "module.shared_service_spacelift_prequisites.module.kms_ecr.data.aws_iam_policy_document.combined_with_viaservice_condition",
            "module.shared_service_spacelift_prequisites.module.kms_ecr.data.aws_iam_policy_document.general_policy",
            "module.shared_service_spacelift_prequisites.module.platform_ecr.aws_ecr_repository.this"
          ]
        },
        {
          "index_key": "platform/images/argocd",
          "schema_version": 0,
          "attributes": {
            "id": "platform/images/argocd",
            "policy": "{\"rules\":[{\"action\":{\"type\":\"expire\"},\"description\":\"Expire untagged images older than 2 days\",\"rulePriority\":1,\"selection\":{\"countNumber\":2,\"countType\":\"sinceImagePushed\",\"countUnit\":\"days\",\"tagStatus\":\"untagged\"}}]}",
            "registry_id": "336241431902",
            "repository": "platform/images/argocd"
          },
          "sensitive_attributes": [],
          "private": "bnVsbA==",
          "dependencies": [
            "module.shared_service_spacelift_prequisites.module.kms_ecr.aws_kms_key.this",
            "module.shared_service_spacelift_prequisites.module.kms_ecr.data.aws_iam_policy_document.combined_with_serviceprincipals_and_conditions",
            "module.shared_service_spacelift_prequisites.module.kms_ecr.data.aws_iam_policy_document.combined_with_viaservice_condition",
            "module.shared_service_spacelift_prequisites.module.kms_ecr.data.aws_iam_policy_document.general_policy",
            "module.shared_service_spacelift_prequisites.module.platform_ecr.aws_ecr_repository.this"
          ]
        },
        {
          "index_key": "platform/images/aws-ebs-csi-driver",
          "schema_version": 0,
          "attributes": {
            "id": "platform/images/aws-ebs-csi-driver",
            "policy": "{\"rules\":[{\"action\":{\"type\":\"expire\"},\"description\":\"Expire untagged images older than 2 days\",\"rulePriority\":1,\"selection\":{\"countNumber\":2,\"countType\":\"sinceImagePushed\",\"countUnit\":\"days\",\"tagStatus\":\"untagged\"}}]}",
            "registry_id": "336241431902",
            "repository": "platform/images/aws-ebs-csi-driver"
          },
          "sensitive_attributes": [],
          "private": "bnVsbA==",
          "dependencies": [
            "module.shared_service_spacelift_prequisites.module.kms_ecr.aws_kms_key.this",
            "module.shared_service_spacelift_prequisites.module.platform_ecr.aws_ecr_repository.this"
          ]
        },
        {
          "index_key": "platform/images/aws-load-balancer-controller",
          "schema_version": 0,
          "attributes": {
            "id": "platform/images/aws-load-balancer-controller",
            "policy": "{\"rules\":[{\"action\":{\"type\":\"expire\"},\"description\":\"Expire untagged images older than 2 days\",\"rulePriority\":1,\"selection\":{\"countNumber\":2,\"countType\":\"sinceImagePushed\",\"countUnit\":\"days\",\"tagStatus\":\"untagged\"}}]}",
            "registry_id": "336241431902",
            "repository": "platform/images/aws-load-balancer-controller"
          },
          "sensitive_attributes": [],
          "private": "bnVsbA==",
          "dependencies": [
            "module.shared_service_spacelift_prequisites.module.kms_ecr.aws_kms_key.this",
            "module.shared_service_spacelift_prequisites.module.platform_ecr.aws_ecr_repository.this"
          ]
        },
        {
          "index_key": "platform/images/aws-xray-daemon",
          "schema_version": 0,
          "attributes": {
            "id": "platform/images/aws-xray-daemon",
            "policy": "{\"rules\":[{\"action\":{\"type\":\"expire\"},\"description\":\"Expire untagged images older than 2 days\",\"rulePriority\":1,\"selection\":{\"countNumber\":2,\"countType\":\"sinceImagePushed\",\"countUnit\":\"days\",\"tagStatus\":\"untagged\"}}]}",
            "registry_id": "336241431902",
            "repository": "platform/images/aws-xray-daemon"
          },
          "sensitive_attributes": [],
          "private": "bnVsbA==",
          "dependencies": [
            "module.shared_service_spacelift_prequisites.module.kms_ecr.aws_kms_key.this",
            "module.shared_service_spacelift_prequisites.module.kms_ecr.data.aws_iam_policy_document.combined_with_serviceprincipals_and_conditions",
            "module.shared_service_spacelift_prequisites.module.kms_ecr.data.aws_iam_policy_document.combined_with_viaservice_condition",
            "module.shared_service_spacelift_prequisites.module.kms_ecr.data.aws_iam_policy_document.general_policy",
            "module.shared_service_spacelift_prequisites.module.platform_ecr.aws_ecr_repository.this"
          ]
        },
        {
          "index_key": "platform/images/blackbox-exporter",
          "schema_version": 0,
          "attributes": {
            "id": "platform/images/blackbox-exporter",
            "policy": "{\"rules\":[{\"action\":{\"type\":\"expire\"},\"description\":\"Expire untagged images older than 2 days\",\"rulePriority\":1,\"selection\":{\"countNumber\":2,\"countType\":\"sinceImagePushed\",\"countUnit\":\"days\",\"tagStatus\":\"untagged\"}}]}",
            "registry_id": "336241431902",
            "repository": "platform/images/blackbox-exporter"
          },
          "sensitive_attributes": [],
          "private": "bnVsbA==",
          "dependencies": [
            "module.shared_service_spacelift_prequisites.module.kms_ecr.aws_kms_key.this",
            "module.shared_service_spacelift_prequisites.module.kms_ecr.data.aws_iam_policy_document.combined_with_serviceprincipals_and_conditions",
            "module.shared_service_spacelift_prequisites.module.kms_ecr.data.aws_iam_policy_document.combined_with_viaservice_condition",
            "module.shared_service_spacelift_prequisites.module.kms_ecr.data.aws_iam_policy_document.general_policy",
            "module.shared_service_spacelift_prequisites.module.platform_ecr.aws_ecr_repository.this"
          ]
        },
        {
          "index_key": "platform/images/cert-manager-acmesolver",
          "schema_version": 0,
          "attributes": {
            "id": "platform/images/cert-manager-acmesolver",
            "policy": "{\"rules\":[{\"action\":{\"type\":\"expire\"},\"description\":\"Expire untagged images older than 2 days\",\"rulePriority\":1,\"selection\":{\"countNumber\":2,\"countType\":\"sinceImagePushed\",\"countUnit\":\"days\",\"tagStatus\":\"untagged\"}}]}",
            "registry_id": "336241431902",
            "repository": "platform/images/cert-manager-acmesolver"
          },
          "sensitive_attributes": [],
          "private": "bnVsbA==",
          "dependencies": [
            "module.shared_service_spacelift_prequisites.module.kms_ecr.aws_kms_key.this",
            "module.shared_service_spacelift_prequisites.module.platform_ecr.aws_ecr_repository.this"
          ]
        },
        {
          "index_key": "platform/images/cert-manager-cainjector",
          "schema_version": 0,
          "attributes": {
            "id": "platform/images/cert-manager-cainjector",
            "policy": "{\"rules\":[{\"action\":{\"type\":\"expire\"},\"description\":\"Expire untagged images older than 2 days\",\"rulePriority\":1,\"selection\":{\"countNumber\":2,\"countType\":\"sinceImagePushed\",\"countUnit\":\"days\",\"tagStatus\":\"untagged\"}}]}",
            "registry_id": "336241431902",
            "repository": "platform/images/cert-manager-cainjector"
          },
          "sensitive_attributes": [],
          "private": "bnVsbA==",
          "dependencies": [
            "module.shared_service_spacelift_prequisites.module.kms_ecr.aws_kms_key.this",
            "module.shared_service_spacelift_prequisites.module.kms_ecr.data.aws_iam_policy_document.combined_with_serviceprincipals_and_conditions",
            "module.shared_service_spacelift_prequisites.module.kms_ecr.data.aws_iam_policy_document.combined_with_viaservice_condition",
            "module.shared_service_spacelift_prequisites.module.kms_ecr.data.aws_iam_policy_document.general_policy",
            "module.shared_service_spacelift_prequisites.module.platform_ecr.aws_ecr_repository.this"
          ]
        },
        {
          "index_key": "platform/images/cert-manager-controller",
          "schema_version": 0,
          "attributes": {
            "id": "platform/images/cert-manager-controller",
            "policy": "{\"rules\":[{\"action\":{\"type\":\"expire\"},\"description\":\"Expire untagged images older than 2 days\",\"rulePriority\":1,\"selection\":{\"countNumber\":2,\"countType\":\"sinceImagePushed\",\"countUnit\":\"days\",\"tagStatus\":\"untagged\"}}]}",
            "registry_id": "336241431902",
            "repository": "platform/images/cert-manager-controller"
          },
          "sensitive_attributes": [],
          "private": "bnVsbA==",
          "dependencies": [
            "module.shared_service_spacelift_prequisites.module.kms_ecr.aws_kms_key.this",
            "module.shared_service_spacelift_prequisites.module.kms_ecr.data.aws_iam_policy_document.combined_with_serviceprincipals_and_conditions",
            "module.shared_service_spacelift_prequisites.module.kms_ecr.data.aws_iam_policy_document.combined_with_viaservice_condition",
            "module.shared_service_spacelift_prequisites.module.kms_ecr.data.aws_iam_policy_document.general_policy",
            "module.shared_service_spacelift_prequisites.module.platform_ecr.aws_ecr_repository.this"
          ]
        },
        {
          "index_key": "platform/images/cert-manager-ctl",
          "schema_version": 0,
          "attributes": {
            "id": "platform/images/cert-manager-ctl",
            "policy": "{\"rules\":[{\"action\":{\"type\":\"expire\"},\"description\":\"Expire untagged images older than 2 days\",\"rulePriority\":1,\"selection\":{\"countNumber\":2,\"countType\":\"sinceImagePushed\",\"countUnit\":\"days\",\"tagStatus\":\"untagged\"}}]}",
            "registry_id": "336241431902",
            "repository": "platform/images/cert-manager-ctl"
          },
          "sensitive_attributes": [],
          "private": "bnVsbA==",
          "dependencies": [
            "module.shared_service_spacelift_prequisites.module.kms_ecr.aws_kms_key.this",
            "module.shared_service_spacelift_prequisites.module.kms_ecr.data.aws_iam_policy_document.combined_with_serviceprincipals_and_conditions",
            "module.shared_service_spacelift_prequisites.module.kms_ecr.data.aws_iam_policy_document.combined_with_viaservice_condition",
            "module.shared_service_spacelift_prequisites.module.kms_ecr.data.aws_iam_policy_document.general_policy",
            "module.shared_service_spacelift_prequisites.module.platform_ecr.aws_ecr_repository.this"
          ]
        },
        {
          "index_key": "platform/images/cert-manager-webhook",
          "schema_version": 0,
          "attributes": {
            "id": "platform/images/cert-manager-webhook",
            "policy": "{\"rules\":[{\"action\":{\"type\":\"expire\"},\"description\":\"Expire untagged images older than 2 days\",\"rulePriority\":1,\"selection\":{\"countNumber\":2,\"countType\":\"sinceImagePushed\",\"countUnit\":\"days\",\"tagStatus\":\"untagged\"}}]}",
            "registry_id": "336241431902",
            "repository": "platform/images/cert-manager-webhook"
          },
          "sensitive_attributes": [],
          "private": "bnVsbA==",
          "dependencies": [
            "module.shared_service_spacelift_prequisites.module.kms_ecr.aws_kms_key.this",
            "module.shared_service_spacelift_prequisites.module.kms_ecr.data.aws_iam_policy_document.combined_with_serviceprincipals_and_conditions",
            "module.shared_service_spacelift_prequisites.module.kms_ecr.data.aws_iam_policy_document.combined_with_viaservice_condition",
            "module.shared_service_spacelift_prequisites.module.kms_ecr.data.aws_iam_policy_document.general_policy",
            "module.shared_service_spacelift_prequisites.module.platform_ecr.aws_ecr_repository.this"
          ]
        },
        {
          "index_key": "platform/images/cloudwatch-agent",
          "schema_version": 0,
          "attributes": {
            "id": "platform/images/cloudwatch-agent",
            "policy": "{\"rules\":[{\"action\":{\"type\":\"expire\"},\"description\":\"Expire untagged images older than 2 days\",\"rulePriority\":1,\"selection\":{\"countNumber\":2,\"countType\":\"sinceImagePushed\",\"countUnit\":\"days\",\"tagStatus\":\"untagged\"}}]}",
            "registry_id": "336241431902",
            "repository": "platform/images/cloudwatch-agent"
          },
          "sensitive_attributes": [],
          "private": "bnVsbA==",
          "dependencies": [
            "module.shared_service_spacelift_prequisites.module.kms_ecr.aws_kms_key.this",
            "module.shared_service_spacelift_prequisites.module.kms_ecr.data.aws_iam_policy_document.combined_with_serviceprincipals_and_conditions",
            "module.shared_service_spacelift_prequisites.module.kms_ecr.data.aws_iam_policy_document.combined_with_viaservice_condition",
            "module.shared_service_spacelift_prequisites.module.kms_ecr.data.aws_iam_policy_document.general_policy",
            "module.shared_service_spacelift_prequisites.module.platform_ecr.aws_ecr_repository.this"
          ]
        },
        {
          "index_key": "platform/images/cluster-autoscaler",
          "schema_version": 0,
          "attributes": {
            "id": "platform/images/cluster-autoscaler",
            "policy": "{\"rules\":[{\"action\":{\"type\":\"expire\"},\"description\":\"Expire untagged images older than 2 days\",\"rulePriority\":1,\"selection\":{\"countNumber\":2,\"countType\":\"sinceImagePushed\",\"countUnit\":\"days\",\"tagStatus\":\"untagged\"}}]}",
            "registry_id": "336241431902",
            "repository": "platform/images/cluster-autoscaler"
          },
          "sensitive_attributes": [],
          "private": "bnVsbA==",
          "dependencies": [
            "module.shared_service_spacelift_prequisites.module.kms_ecr.aws_kms_key.this",
            "module.shared_service_spacelift_prequisites.module.kms_ecr.data.aws_iam_policy_document.combined_with_serviceprincipals_and_conditions",
            "module.shared_service_spacelift_prequisites.module.kms_ecr.data.aws_iam_policy_document.combined_with_viaservice_condition",
            "module.shared_service_spacelift_prequisites.module.kms_ecr.data.aws_iam_policy_document.general_policy",
            "module.shared_service_spacelift_prequisites.module.platform_ecr.aws_ecr_repository.this"
          ]
        },
        {
          "index_key": "platform/images/docker-in-docker",
          "schema_version": 0,
          "attributes": {
            "id": "platform/images/docker-in-docker",
            "policy": "{\"rules\":[{\"action\":{\"type\":\"expire\"},\"description\":\"Expire untagged images older than 2 days\",\"rulePriority\":1,\"selection\":{\"countNumber\":2,\"countType\":\"sinceImagePushed\",\"countUnit\":\"days\",\"tagStatus\":\"untagged\"}}]}",
            "registry_id": "336241431902",
            "repository": "platform/images/docker-in-docker"
          },
          "sensitive_attributes": [],
          "private": "bnVsbA==",
          "dependencies": [
            "module.shared_service_spacelift_prequisites.module.kms_ecr.aws_kms_key.this",
            "module.shared_service_spacelift_prequisites.module.kms_ecr.data.aws_iam_policy_document.combined_with_serviceprincipals_and_conditions",
            "module.shared_service_spacelift_prequisites.module.kms_ecr.data.aws_iam_policy_document.combined_with_viaservice_condition",
            "module.shared_service_spacelift_prequisites.module.kms_ecr.data.aws_iam_policy_document.general_policy",
            "module.shared_service_spacelift_prequisites.module.platform_ecr.aws_ecr_repository.this"
          ]
        },
        {
          "index_key": "platform/images/external-dns",
          "schema_version": 0,
          "attributes": {
            "id": "platform/images/external-dns",
            "policy": "{\"rules\":[{\"action\":{\"type\":\"expire\"},\"description\":\"Expire untagged images older than 2 days\",\"rulePriority\":1,\"selection\":{\"countNumber\":2,\"countType\":\"sinceImagePushed\",\"countUnit\":\"days\",\"tagStatus\":\"untagged\"}}]}",
            "registry_id": "336241431902",
            "repository": "platform/images/external-dns"
          },
          "sensitive_attributes": [],
          "private": "bnVsbA==",
          "dependencies": [
            "module.shared_service_spacelift_prequisites.module.kms_ecr.aws_kms_key.this",
            "module.shared_service_spacelift_prequisites.module.kms_ecr.data.aws_iam_policy_document.combined_with_serviceprincipals_and_conditions",
            "module.shared_service_spacelift_prequisites.module.kms_ecr.data.aws_iam_policy_document.combined_with_viaservice_condition",
            "module.shared_service_spacelift_prequisites.module.kms_ecr.data.aws_iam_policy_document.general_policy",
            "module.shared_service_spacelift_prequisites.module.platform_ecr.aws_ecr_repository.this"
          ]
        },
        {
          "index_key": "platform/images/external-secrets",
          "schema_version": 0,
          "attributes": {
            "id": "platform/images/external-secrets",
            "policy": "{\"rules\":[{\"action\":{\"type\":\"expire\"},\"description\":\"Expire untagged images older than 2 days\",\"rulePriority\":1,\"selection\":{\"countNumber\":2,\"countType\":\"sinceImagePushed\",\"countUnit\":\"days\",\"tagStatus\":\"untagged\"}}]}",
            "registry_id": "336241431902",
            "repository": "platform/images/external-secrets"
          },
          "sensitive_attributes": [],
          "private": "bnVsbA==",
          "dependencies": [
            "module.shared_service_spacelift_prequisites.module.kms_ecr.aws_kms_key.this",
            "module.shared_service_spacelift_prequisites.module.kms_ecr.data.aws_iam_policy_document.combined_with_serviceprincipals_and_conditions",
            "module.shared_service_spacelift_prequisites.module.kms_ecr.data.aws_iam_policy_document.combined_with_viaservice_condition",
            "module.shared_service_spacelift_prequisites.module.kms_ecr.data.aws_iam_policy_document.general_policy",
            "module.shared_service_spacelift_prequisites.module.platform_ecr.aws_ecr_repository.this"
          ]
        },
        {
          "index_key": "platform/images/fluent-bit",
          "schema_version": 0,
          "attributes": {
            "id": "platform/images/fluent-bit",
            "policy": "{\"rules\":[{\"action\":{\"type\":\"expire\"},\"description\":\"Expire untagged images older than 2 days\",\"rulePriority\":1,\"selection\":{\"countNumber\":2,\"countType\":\"sinceImagePushed\",\"countUnit\":\"days\",\"tagStatus\":\"untagged\"}}]}",
            "registry_id": "336241431902",
            "repository": "platform/images/fluent-bit"
          },
          "sensitive_attributes": [],
          "private": "bnVsbA==",
          "dependencies": [
            "module.shared_service_spacelift_prequisites.module.kms_ecr.aws_kms_key.this",
            "module.shared_service_spacelift_prequisites.module.kms_ecr.data.aws_iam_policy_document.combined_with_serviceprincipals_and_conditions",
            "module.shared_service_spacelift_prequisites.module.kms_ecr.data.aws_iam_policy_document.combined_with_viaservice_condition",
            "module.shared_service_spacelift_prequisites.module.kms_ecr.data.aws_iam_policy_document.general_policy",
            "module.shared_service_spacelift_prequisites.module.platform_ecr.aws_ecr_repository.this"
          ]
        },
        {
          "index_key": "platform/images/github-actions-runner",
          "schema_version": 0,
          "attributes": {
            "id": "platform/images/github-actions-runner",
            "policy": "{\"rules\":[{\"action\":{\"type\":\"expire\"},\"description\":\"Expire untagged images older than 2 days\",\"rulePriority\":1,\"selection\":{\"countNumber\":2,\"countType\":\"sinceImagePushed\",\"countUnit\":\"days\",\"tagStatus\":\"untagged\"}}]}",
            "registry_id": "336241431902",
            "repository": "platform/images/github-actions-runner"
          },
          "sensitive_attributes": [],
          "private": "bnVsbA==",
          "dependencies": [
            "module.shared_service_spacelift_prequisites.module.kms_ecr.aws_kms_key.this",
            "module.shared_service_spacelift_prequisites.module.kms_ecr.data.aws_iam_policy_document.combined_with_serviceprincipals_and_conditions",
            "module.shared_service_spacelift_prequisites.module.kms_ecr.data.aws_iam_policy_document.combined_with_viaservice_condition",
            "module.shared_service_spacelift_prequisites.module.kms_ecr.data.aws_iam_policy_document.general_policy",
            "module.shared_service_spacelift_prequisites.module.platform_ecr.aws_ecr_repository.this"
          ]
        },
        {
          "index_key": "platform/images/kube-rbac-proxy",
          "schema_version": 0,
          "attributes": {
            "id": "platform/images/kube-rbac-proxy",
            "policy": "{\"rules\":[{\"action\":{\"type\":\"expire\"},\"description\":\"Expire untagged images older than 2 days\",\"rulePriority\":1,\"selection\":{\"countNumber\":2,\"countType\":\"sinceImagePushed\",\"countUnit\":\"days\",\"tagStatus\":\"untagged\"}}]}",
            "registry_id": "336241431902",
            "repository": "platform/images/kube-rbac-proxy"
          },
          "sensitive_attributes": [],
          "private": "bnVsbA==",
          "dependencies": [
            "module.shared_service_spacelift_prequisites.module.kms_ecr.aws_kms_key.this",
            "module.shared_service_spacelift_prequisites.module.kms_ecr.data.aws_iam_policy_document.combined_with_serviceprincipals_and_conditions",
            "module.shared_service_spacelift_prequisites.module.kms_ecr.data.aws_iam_policy_document.combined_with_viaservice_condition",
            "module.shared_service_spacelift_prequisites.module.kms_ecr.data.aws_iam_policy_document.general_policy",
            "module.shared_service_spacelift_prequisites.module.platform_ecr.aws_ecr_repository.this"
          ]
        },
        {
          "index_key": "platform/images/kubectl",
          "schema_version": 0,
          "attributes": {
            "id": "platform/images/kubectl",
            "policy": "{\"rules\":[{\"action\":{\"type\":\"expire\"},\"description\":\"Expire untagged images older than 2 days\",\"rulePriority\":1,\"selection\":{\"countNumber\":2,\"countType\":\"sinceImagePushed\",\"countUnit\":\"days\",\"tagStatus\":\"untagged\"}}]}",
            "registry_id": "336241431902",
            "repository": "platform/images/kubectl"
          },
          "sensitive_attributes": [],
          "private": "bnVsbA==",
          "dependencies": [
            "module.shared_service_spacelift_prequisites.module.kms_ecr.aws_kms_key.this",
            "module.shared_service_spacelift_prequisites.module.kms_ecr.data.aws_iam_policy_document.combined_with_serviceprincipals_and_conditions",
            "module.shared_service_spacelift_prequisites.module.kms_ecr.data.aws_iam_policy_document.combined_with_viaservice_condition",
            "module.shared_service_spacelift_prequisites.module.kms_ecr.data.aws_iam_policy_document.general_policy",
            "module.shared_service_spacelift_prequisites.module.platform_ecr.aws_ecr_repository.this"
          ]
        },
        {
          "index_key": "platform/images/metrics-server",
          "schema_version": 0,
          "attributes": {
            "id": "platform/images/metrics-server",
            "policy": "{\"rules\":[{\"action\":{\"type\":\"expire\"},\"description\":\"Expire untagged images older than 2 days\",\"rulePriority\":1,\"selection\":{\"countNumber\":2,\"countType\":\"sinceImagePushed\",\"countUnit\":\"days\",\"tagStatus\":\"untagged\"}}]}",
            "registry_id": "336241431902",
            "repository": "platform/images/metrics-server"
          },
          "sensitive_attributes": [],
          "private": "bnVsbA==",
          "dependencies": [
            "module.shared_service_spacelift_prequisites.module.kms_ecr.aws_kms_key.this",
            "module.shared_service_spacelift_prequisites.module.kms_ecr.data.aws_iam_policy_document.combined_with_serviceprincipals_and_conditions",
            "module.shared_service_spacelift_prequisites.module.kms_ecr.data.aws_iam_policy_document.combined_with_viaservice_condition",
            "module.shared_service_spacelift_prequisites.module.kms_ecr.data.aws_iam_policy_document.general_policy",
            "module.shared_service_spacelift_prequisites.module.platform_ecr.aws_ecr_repository.this"
          ]
        },
        {
          "index_key": "platform/images/redis",
          "schema_version": 0,
          "attributes": {
            "id": "platform/images/redis",
            "policy": "{\"rules\":[{\"action\":{\"type\":\"expire\"},\"description\":\"Expire untagged images older than 2 days\",\"rulePriority\":1,\"selection\":{\"countNumber\":2,\"countType\":\"sinceImagePushed\",\"countUnit\":\"days\",\"tagStatus\":\"untagged\"}}]}",
            "registry_id": "336241431902",
            "repository": "platform/images/redis"
          },
          "sensitive_attributes": [],
          "private": "bnVsbA==",
          "dependencies": [
            "module.shared_service_spacelift_prequisites.module.kms_ecr.aws_kms_key.this",
            "module.shared_service_spacelift_prequisites.module.kms_ecr.data.aws_iam_policy_document.combined_with_serviceprincipals_and_conditions",
            "module.shared_service_spacelift_prequisites.module.kms_ecr.data.aws_iam_policy_document.combined_with_viaservice_condition",
            "module.shared_service_spacelift_prequisites.module.kms_ecr.data.aws_iam_policy_document.general_policy",
            "module.shared_service_spacelift_prequisites.module.platform_ecr.aws_ecr_repository.this"
          ]
        },
        {
          "index_key": "platform/images/reloader",
          "schema_version": 0,
          "attributes": {
            "id": "platform/images/reloader",
            "policy": "{\"rules\":[{\"action\":{\"type\":\"expire\"},\"description\":\"Expire untagged images older than 2 days\",\"rulePriority\":1,\"selection\":{\"countNumber\":2,\"countType\":\"sinceImagePushed\",\"countUnit\":\"days\",\"tagStatus\":\"untagged\"}}]}",
            "registry_id": "336241431902",
            "repository": "platform/images/reloader"
          },
          "sensitive_attributes": [],
          "private": "bnVsbA==",
          "dependencies": [
            "module.shared_service_spacelift_prequisites.module.kms_ecr.aws_kms_key.this",
            "module.shared_service_spacelift_prequisites.module.kms_ecr.data.aws_iam_policy_document.combined_with_serviceprincipals_and_conditions",
            "module.shared_service_spacelift_prequisites.module.kms_ecr.data.aws_iam_policy_document.combined_with_viaservice_condition",
            "module.shared_service_spacelift_prequisites.module.kms_ecr.data.aws_iam_policy_document.general_policy",
            "module.shared_service_spacelift_prequisites.module.platform_ecr.aws_ecr_repository.this"
          ]
        },
        {
          "index_key": "prometheus-blackbox-exporter",
          "schema_version": 0,
          "attributes": {
            "id": "prometheus-blackbox-exporter",
            "policy": "{\"rules\":[{\"action\":{\"type\":\"expire\"},\"description\":\"Expire untagged images older than 2 days\",\"rulePriority\":1,\"selection\":{\"countNumber\":2,\"countType\":\"sinceImagePushed\",\"countUnit\":\"days\",\"tagStatus\":\"untagged\"}}]}",
            "registry_id": "336241431902",
            "repository": "prometheus-blackbox-exporter"
          },
          "sensitive_attributes": [],
          "private": "bnVsbA==",
          "dependencies": [
            "module.shared_service_spacelift_prequisites.module.kms_ecr.aws_kms_key.this",
            "module.shared_service_spacelift_prequisites.module.platform_ecr.aws_ecr_repository.this"
          ]
        },
        {
          "index_key": "reloader",
          "schema_version": 0,
          "attributes": {
            "id": "reloader",
            "policy": "{\"rules\":[{\"action\":{\"type\":\"expire\"},\"description\":\"Expire untagged images older than 2 days\",\"rulePriority\":1,\"selection\":{\"countNumber\":2,\"countType\":\"sinceImagePushed\",\"countUnit\":\"days\",\"tagStatus\":\"untagged\"}}]}",
            "registry_id": "336241431902",
            "repository": "reloader"
          },
          "sensitive_attributes": [],
          "private": "bnVsbA==",
          "dependencies": [
            "module.shared_service_spacelift_prequisites.module.kms_ecr.aws_kms_key.this",
            "module.shared_service_spacelift_prequisites.module.platform_ecr.aws_ecr_repository.this"
          ]
        },
        {
          "index_key": "system-customizations",
          "schema_version": 0,
          "attributes": {
            "id": "system-customizations",
            "policy": "{\"rules\":[{\"action\":{\"type\":\"expire\"},\"description\":\"Expire untagged images older than 2 days\",\"rulePriority\":1,\"selection\":{\"countNumber\":2,\"countType\":\"sinceImagePushed\",\"countUnit\":\"days\",\"tagStatus\":\"untagged\"}}]}",
            "registry_id": "336241431902",
            "repository": "system-customizations"
          },
          "sensitive_attributes": [],
          "private": "bnVsbA==",
          "dependencies": [
            "module.shared_service_spacelift_prequisites.module.kms_ecr.aws_kms_key.this",
            "module.shared_service_spacelift_prequisites.module.platform_ecr.aws_ecr_repository.this"
          ]
        }
      ]
    },
    {
      "module": "module.shared_service_spacelift_prequisites.module.platform_ecr",
      "mode": "managed",
      "type": "aws_ecr_repository",
      "name": "this",
      "provider": "provider[\"registry.terraform.io/hashicorp/aws\"]",
      "instances": [
        {
          "index_key": "aws-ebs-csi-driver",
          "schema_version": 0,
          "attributes": {
            "arn": "arn:aws:ecr:eu-central-1:336241431902:repository/aws-ebs-csi-driver",
            "encryption_configuration": [
              {
                "encryption_type": "KMS",
                "kms_key": "arn:aws:kms:eu-central-1:336241431902:key/bf1b2890-338b-4e2e-92d2-54a1a896340d"
              }
            ],
            "force_delete": null,
            "id": "aws-ebs-csi-driver",
            "image_scanning_configuration": [
              {
                "scan_on_push": true
              }
            ],
            "image_tag_mutability": "IMMUTABLE",
            "name": "aws-ebs-csi-driver",
            "registry_id": "336241431902",
            "repository_url": "336241431902.dkr.ecr.eu-central-1.amazonaws.com/aws-ebs-csi-driver",
            "tags": null,
            "tags_all": {
              "blx:created-by": "terraform",
              "blx:owner": "all",
              "blx:repository-name": "tf-spacelift-prerequisites",
              "blx:tag-version": "1"
            },
            "timeouts": null
          },
          "sensitive_attributes": [],
          "private": "eyJlMmJmYjczMC1lY2FhLTExZTYtOGY4OC0zNDM2M2JjN2M0YzAiOnsiZGVsZXRlIjoxMjAwMDAwMDAwMDAwfX0=",
          "dependencies": [
            "module.shared_service_spacelift_prequisites.module.kms_ecr.aws_kms_key.this"
          ]
        },
        {
          "index_key": "aws-load-balancer-controller",
          "schema_version": 0,
          "attributes": {
            "arn": "arn:aws:ecr:eu-central-1:336241431902:repository/aws-load-balancer-controller",
            "encryption_configuration": [
              {
                "encryption_type": "KMS",
                "kms_key": "arn:aws:kms:eu-central-1:336241431902:key/bf1b2890-338b-4e2e-92d2-54a1a896340d"
              }
            ],
            "force_delete": null,
            "id": "aws-load-balancer-controller",
            "image_scanning_configuration": [
              {
                "scan_on_push": true
              }
            ],
            "image_tag_mutability": "IMMUTABLE",
            "name": "aws-load-balancer-controller",
            "registry_id": "336241431902",
            "repository_url": "336241431902.dkr.ecr.eu-central-1.amazonaws.com/aws-load-balancer-controller",
            "tags": null,
            "tags_all": {
              "blx:created-by": "terraform",
              "blx:owner": "all",
              "blx:repository-name": "tf-spacelift-prerequisites",
              "blx:tag-version": "1"
            },
            "timeouts": null
          },
          "sensitive_attributes": [],
          "private": "eyJlMmJmYjczMC1lY2FhLTExZTYtOGY4OC0zNDM2M2JjN2M0YzAiOnsiZGVsZXRlIjoxMjAwMDAwMDAwMDAwfX0=",
          "dependencies": [
            "module.shared_service_spacelift_prequisites.module.kms_ecr.aws_kms_key.this"
          ]
        },
        {
          "index_key": "cert-manager",
          "schema_version": 0,
          "attributes": {
            "arn": "arn:aws:ecr:eu-central-1:336241431902:repository/cert-manager",
            "encryption_configuration": [
              {
                "encryption_type": "KMS",
                "kms_key": "arn:aws:kms:eu-central-1:336241431902:key/bf1b2890-338b-4e2e-92d2-54a1a896340d"
              }
            ],
            "force_delete": null,
            "id": "cert-manager",
            "image_scanning_configuration": [
              {
                "scan_on_push": true
              }
            ],
            "image_tag_mutability": "IMMUTABLE",
            "name": "cert-manager",
            "registry_id": "336241431902",
            "repository_url": "336241431902.dkr.ecr.eu-central-1.amazonaws.com/cert-manager",
            "tags": null,
            "tags_all": {
              "blx:created-by": "terraform",
              "blx:owner": "all",
              "blx:repository-name": "tf-spacelift-prerequisites",
              "blx:tag-version": "1"
            },
            "timeouts": null
          },
          "sensitive_attributes": [],
          "private": "eyJlMmJmYjczMC1lY2FhLTExZTYtOGY4OC0zNDM2M2JjN2M0YzAiOnsiZGVsZXRlIjoxMjAwMDAwMDAwMDAwfX0=",
          "dependencies": [
            "module.shared_service_spacelift_prequisites.module.kms_ecr.aws_kms_key.this"
          ]
        },
        {
          "index_key": "cloudwatch-container-insights",
          "schema_version": 0,
          "attributes": {
            "arn": "arn:aws:ecr:eu-central-1:336241431902:repository/cloudwatch-container-insights",
            "encryption_configuration": [
              {
                "encryption_type": "KMS",
                "kms_key": "arn:aws:kms:eu-central-1:336241431902:key/bf1b2890-338b-4e2e-92d2-54a1a896340d"
              }
            ],
            "force_delete": null,
            "id": "cloudwatch-container-insights",
            "image_scanning_configuration": [
              {
                "scan_on_push": true
              }
            ],
            "image_tag_mutability": "IMMUTABLE",
            "name": "cloudwatch-container-insights",
            "registry_id": "336241431902",
            "repository_url": "336241431902.dkr.ecr.eu-central-1.amazonaws.com/cloudwatch-container-insights",
            "tags": null,
            "tags_all": {
              "blx:created-by": "terraform",
              "blx:owner": "all",
              "blx:repository-name": "tf-spacelift-prerequisites",
              "blx:tag-version": "1"
            },
            "timeouts": null
          },
          "sensitive_attributes": [],
          "private": "eyJlMmJmYjczMC1lY2FhLTExZTYtOGY4OC0zNDM2M2JjN2M0YzAiOnsiZGVsZXRlIjoxMjAwMDAwMDAwMDAwfX0=",
          "dependencies": [
            "module.shared_service_spacelift_prequisites.module.kms_ecr.aws_kms_key.this"
          ]
        },
        {
          "index_key": "cluster-autoscaler",
          "schema_version": 0,
          "attributes": {
            "arn": "arn:aws:ecr:eu-central-1:336241431902:repository/cluster-autoscaler",
            "encryption_configuration": [
              {
                "encryption_type": "KMS",
                "kms_key": "arn:aws:kms:eu-central-1:336241431902:key/bf1b2890-338b-4e2e-92d2-54a1a896340d"
              }
            ],
            "force_delete": null,
            "id": "cluster-autoscaler",
            "image_scanning_configuration": [
              {
                "scan_on_push": true
              }
            ],
            "image_tag_mutability": "IMMUTABLE",
            "name": "cluster-autoscaler",
            "registry_id": "336241431902",
            "repository_url": "336241431902.dkr.ecr.eu-central-1.amazonaws.com/cluster-autoscaler",
            "tags": null,
            "tags_all": {
              "blx:created-by": "terraform",
              "blx:owner": "all",
              "blx:repository-name": "tf-spacelift-prerequisites",
              "blx:tag-version": "1"
            },
            "timeouts": null
          },
          "sensitive_attributes": [],
          "private": "eyJlMmJmYjczMC1lY2FhLTExZTYtOGY4OC0zNDM2M2JjN2M0YzAiOnsiZGVsZXRlIjoxMjAwMDAwMDAwMDAwfX0=",
          "dependencies": [
            "module.shared_service_spacelift_prequisites.module.kms_ecr.aws_kms_key.this"
          ]
        },
        {
          "index_key": "external-dns",
          "schema_version": 0,
          "attributes": {
            "arn": "arn:aws:ecr:eu-central-1:336241431902:repository/external-dns",
            "encryption_configuration": [
              {
                "encryption_type": "KMS",
                "kms_key": "arn:aws:kms:eu-central-1:336241431902:key/bf1b2890-338b-4e2e-92d2-54a1a896340d"
              }
            ],
            "force_delete": null,
            "id": "external-dns",
            "image_scanning_configuration": [
              {
                "scan_on_push": true
              }
            ],
            "image_tag_mutability": "IMMUTABLE",
            "name": "external-dns",
            "registry_id": "336241431902",
            "repository_url": "336241431902.dkr.ecr.eu-central-1.amazonaws.com/external-dns",
            "tags": null,
            "tags_all": {
              "blx:created-by": "terraform",
              "blx:owner": "all",
              "blx:repository-name": "tf-spacelift-prerequisites",
              "blx:tag-version": "1"
            },
            "timeouts": null
          },
          "sensitive_attributes": [],
          "private": "eyJlMmJmYjczMC1lY2FhLTExZTYtOGY4OC0zNDM2M2JjN2M0YzAiOnsiZGVsZXRlIjoxMjAwMDAwMDAwMDAwfX0=",
          "dependencies": [
            "module.shared_service_spacelift_prequisites.module.kms_ecr.aws_kms_key.this"
          ]
        },
        {
          "index_key": "metrics-server",
          "schema_version": 0,
          "attributes": {
            "arn": "arn:aws:ecr:eu-central-1:336241431902:repository/metrics-server",
            "encryption_configuration": [
              {
                "encryption_type": "KMS",
                "kms_key": "arn:aws:kms:eu-central-1:336241431902:key/bf1b2890-338b-4e2e-92d2-54a1a896340d"
              }
            ],
            "force_delete": null,
            "id": "metrics-server",
            "image_scanning_configuration": [
              {
                "scan_on_push": true
              }
            ],
            "image_tag_mutability": "IMMUTABLE",
            "name": "metrics-server",
            "registry_id": "336241431902",
            "repository_url": "336241431902.dkr.ecr.eu-central-1.amazonaws.com/metrics-server",
            "tags": null,
            "tags_all": {
              "blx:created-by": "terraform",
              "blx:owner": "all",
              "blx:repository-name": "tf-spacelift-prerequisites",
              "blx:tag-version": "1"
            },
            "timeouts": null
          },
          "sensitive_attributes": [],
          "private": "eyJlMmJmYjczMC1lY2FhLTExZTYtOGY4OC0zNDM2M2JjN2M0YzAiOnsiZGVsZXRlIjoxMjAwMDAwMDAwMDAwfX0=",
          "dependencies": [
            "module.shared_service_spacelift_prequisites.module.kms_ecr.aws_kms_key.this"
          ]
        },
        {
          "index_key": "platform/helm-charts/argo-cd",
          "schema_version": 0,
          "attributes": {
            "arn": "arn:aws:ecr:eu-central-1:336241431902:repository/platform/helm-charts/argo-cd",
            "encryption_configuration": [
              {
                "encryption_type": "KMS",
                "kms_key": "arn:aws:kms:eu-central-1:336241431902:key/bf1b2890-338b-4e2e-92d2-54a1a896340d"
              }
            ],
            "force_delete": null,
            "id": "platform/helm-charts/argo-cd",
            "image_scanning_configuration": [
              {
                "scan_on_push": true
              }
            ],
            "image_tag_mutability": "IMMUTABLE",
            "name": "platform/helm-charts/argo-cd",
            "registry_id": "336241431902",
            "repository_url": "336241431902.dkr.ecr.eu-central-1.amazonaws.com/platform/helm-charts/argo-cd",
            "tags": {},
            "tags_all": {
              "blx:created-by": "terraform",
              "blx:owner": "all",
              "blx:repository-name": "tf-spacelift-prerequisites",
              "blx:tag-version": "1"
            },
            "timeouts": null
          },
          "sensitive_attributes": [],
          "private": "eyJlMmJmYjczMC1lY2FhLTExZTYtOGY4OC0zNDM2M2JjN2M0YzAiOnsiZGVsZXRlIjoxMjAwMDAwMDAwMDAwfX0=",
          "dependencies": [
            "module.shared_service_spacelift_prequisites.module.kms_ecr.aws_kms_key.this",
            "module.shared_service_spacelift_prequisites.module.kms_ecr.data.aws_iam_policy_document.combined_with_serviceprincipals_and_conditions",
            "module.shared_service_spacelift_prequisites.module.kms_ecr.data.aws_iam_policy_document.combined_with_viaservice_condition",
            "module.shared_service_spacelift_prequisites.module.kms_ecr.data.aws_iam_policy_document.general_policy"
          ]
        },
        {
          "index_key": "platform/helm-charts/external-secrets",
          "schema_version": 0,
          "attributes": {
            "arn": "arn:aws:ecr:eu-central-1:336241431902:repository/platform/helm-charts/external-secrets",
            "encryption_configuration": [
              {
                "encryption_type": "KMS",
                "kms_key": "arn:aws:kms:eu-central-1:336241431902:key/bf1b2890-338b-4e2e-92d2-54a1a896340d"
              }
            ],
            "force_delete": null,
            "id": "platform/helm-charts/external-secrets",
            "image_scanning_configuration": [
              {
                "scan_on_push": true
              }
            ],
            "image_tag_mutability": "IMMUTABLE",
            "name": "platform/helm-charts/external-secrets",
            "registry_id": "336241431902",
            "repository_url": "336241431902.dkr.ecr.eu-central-1.amazonaws.com/platform/helm-charts/external-secrets",
            "tags": {},
            "tags_all": {
              "blx:created-by": "terraform",
              "blx:owner": "all",
              "blx:repository-name": "tf-spacelift-prerequisites",
              "blx:tag-version": "1"
            },
            "timeouts": null
          },
          "sensitive_attributes": [],
          "private": "eyJlMmJmYjczMC1lY2FhLTExZTYtOGY4OC0zNDM2M2JjN2M0YzAiOnsiZGVsZXRlIjoxMjAwMDAwMDAwMDAwfX0=",
          "dependencies": [
            "module.shared_service_spacelift_prequisites.module.kms_ecr.aws_kms_key.this",
            "module.shared_service_spacelift_prequisites.module.kms_ecr.data.aws_iam_policy_document.combined_with_serviceprincipals_and_conditions",
            "module.shared_service_spacelift_prequisites.module.kms_ecr.data.aws_iam_policy_document.combined_with_viaservice_condition",
            "module.shared_service_spacelift_prequisites.module.kms_ecr.data.aws_iam_policy_document.general_policy"
          ]
        },
        {
          "index_key": "platform/images/actions-runner-controller",
          "schema_version": 0,
          "attributes": {
            "arn": "arn:aws:ecr:eu-central-1:336241431902:repository/platform/images/actions-runner-controller",
            "encryption_configuration": [
              {
                "encryption_type": "KMS",
                "kms_key": "arn:aws:kms:eu-central-1:336241431902:key/bf1b2890-338b-4e2e-92d2-54a1a896340d"
              }
            ],
            "force_delete": null,
            "id": "platform/images/actions-runner-controller",
            "image_scanning_configuration": [
              {
                "scan_on_push": true
              }
            ],
            "image_tag_mutability": "IMMUTABLE",
            "name": "platform/images/actions-runner-controller",
            "registry_id": "336241431902",
            "repository_url": "336241431902.dkr.ecr.eu-central-1.amazonaws.com/platform/images/actions-runner-controller",
            "tags": {},
            "tags_all": {
              "blx:created-by": "terraform",
              "blx:owner": "all",
              "blx:repository-name": "tf-spacelift-prerequisites",
              "blx:tag-version": "1"
            },
            "timeouts": null
          },
          "sensitive_attributes": [],
          "private": "eyJlMmJmYjczMC1lY2FhLTExZTYtOGY4OC0zNDM2M2JjN2M0YzAiOnsiZGVsZXRlIjoxMjAwMDAwMDAwMDAwfX0=",
          "dependencies": [
            "module.shared_service_spacelift_prequisites.module.kms_ecr.aws_kms_key.this",
            "module.shared_service_spacelift_prequisites.module.kms_ecr.data.aws_iam_policy_document.combined_with_serviceprincipals_and_conditions",
            "module.shared_service_spacelift_prequisites.module.kms_ecr.data.aws_iam_policy_document.combined_with_viaservice_condition",
            "module.shared_service_spacelift_prequisites.module.kms_ecr.data.aws_iam_policy_document.general_policy"
          ]
        },
        {
          "index_key": "platform/images/argocd",
          "schema_version": 0,
          "attributes": {
            "arn": "arn:aws:ecr:eu-central-1:336241431902:repository/platform/images/argocd",
            "encryption_configuration": [
              {
                "encryption_type": "KMS",
                "kms_key": "arn:aws:kms:eu-central-1:336241431902:key/bf1b2890-338b-4e2e-92d2-54a1a896340d"
              }
            ],
            "force_delete": null,
            "id": "platform/images/argocd",
            "image_scanning_configuration": [
              {
                "scan_on_push": true
              }
            ],
            "image_tag_mutability": "IMMUTABLE",
            "name": "platform/images/argocd",
            "registry_id": "336241431902",
            "repository_url": "336241431902.dkr.ecr.eu-central-1.amazonaws.com/platform/images/argocd",
            "tags": {},
            "tags_all": {
              "blx:created-by": "terraform",
              "blx:owner": "all",
              "blx:repository-name": "tf-spacelift-prerequisites",
              "blx:tag-version": "1"
            },
            "timeouts": null
          },
          "sensitive_attributes": [],
          "private": "eyJlMmJmYjczMC1lY2FhLTExZTYtOGY4OC0zNDM2M2JjN2M0YzAiOnsiZGVsZXRlIjoxMjAwMDAwMDAwMDAwfX0=",
          "dependencies": [
            "module.shared_service_spacelift_prequisites.module.kms_ecr.aws_kms_key.this",
            "module.shared_service_spacelift_prequisites.module.kms_ecr.data.aws_iam_policy_document.combined_with_serviceprincipals_and_conditions",
            "module.shared_service_spacelift_prequisites.module.kms_ecr.data.aws_iam_policy_document.combined_with_viaservice_condition",
            "module.shared_service_spacelift_prequisites.module.kms_ecr.data.aws_iam_policy_document.general_policy"
          ]
        },
        {
          "index_key": "platform/images/aws-ebs-csi-driver",
          "schema_version": 0,
          "attributes": {
            "arn": "arn:aws:ecr:eu-central-1:336241431902:repository/platform/images/aws-ebs-csi-driver",
            "encryption_configuration": [
              {
                "encryption_type": "KMS",
                "kms_key": "arn:aws:kms:eu-central-1:336241431902:key/bf1b2890-338b-4e2e-92d2-54a1a896340d"
              }
            ],
            "force_delete": null,
            "id": "platform/images/aws-ebs-csi-driver",
            "image_scanning_configuration": [
              {
                "scan_on_push": true
              }
            ],
            "image_tag_mutability": "IMMUTABLE",
            "name": "platform/images/aws-ebs-csi-driver",
            "registry_id": "336241431902",
            "repository_url": "336241431902.dkr.ecr.eu-central-1.amazonaws.com/platform/images/aws-ebs-csi-driver",
            "tags": null,
            "tags_all": {
              "blx:created-by": "terraform",
              "blx:owner": "all",
              "blx:repository-name": "tf-spacelift-prerequisites",
              "blx:tag-version": "1"
            },
            "timeouts": null
          },
          "sensitive_attributes": [],
          "private": "eyJlMmJmYjczMC1lY2FhLTExZTYtOGY4OC0zNDM2M2JjN2M0YzAiOnsiZGVsZXRlIjoxMjAwMDAwMDAwMDAwfX0=",
          "dependencies": [
            "module.shared_service_spacelift_prequisites.module.kms_ecr.aws_kms_key.this"
          ]
        },
        {
          "index_key": "platform/images/aws-load-balancer-controller",
          "schema_version": 0,
          "attributes": {
            "arn": "arn:aws:ecr:eu-central-1:336241431902:repository/platform/images/aws-load-balancer-controller",
            "encryption_configuration": [
              {
                "encryption_type": "KMS",
                "kms_key": "arn:aws:kms:eu-central-1:336241431902:key/bf1b2890-338b-4e2e-92d2-54a1a896340d"
              }
            ],
            "force_delete": null,
            "id": "platform/images/aws-load-balancer-controller",
            "image_scanning_configuration": [
              {
                "scan_on_push": true
              }
            ],
            "image_tag_mutability": "IMMUTABLE",
            "name": "platform/images/aws-load-balancer-controller",
            "registry_id": "336241431902",
            "repository_url": "336241431902.dkr.ecr.eu-central-1.amazonaws.com/platform/images/aws-load-balancer-controller",
            "tags": null,
            "tags_all": {
              "blx:created-by": "terraform",
              "blx:owner": "all",
              "blx:repository-name": "tf-spacelift-prerequisites",
              "blx:tag-version": "1"
            },
            "timeouts": null
          },
          "sensitive_attributes": [],
          "private": "eyJlMmJmYjczMC1lY2FhLTExZTYtOGY4OC0zNDM2M2JjN2M0YzAiOnsiZGVsZXRlIjoxMjAwMDAwMDAwMDAwfX0=",
          "dependencies": [
            "module.shared_service_spacelift_prequisites.module.kms_ecr.aws_kms_key.this"
          ]
        },
        {
          "index_key": "platform/images/aws-xray-daemon",
          "schema_version": 0,
          "attributes": {
            "arn": "arn:aws:ecr:eu-central-1:336241431902:repository/platform/images/aws-xray-daemon",
            "encryption_configuration": [
              {
                "encryption_type": "KMS",
                "kms_key": "arn:aws:kms:eu-central-1:336241431902:key/bf1b2890-338b-4e2e-92d2-54a1a896340d"
              }
            ],
            "force_delete": null,
            "id": "platform/images/aws-xray-daemon",
            "image_scanning_configuration": [
              {
                "scan_on_push": true
              }
            ],
            "image_tag_mutability": "IMMUTABLE",
            "name": "platform/images/aws-xray-daemon",
            "registry_id": "336241431902",
            "repository_url": "336241431902.dkr.ecr.eu-central-1.amazonaws.com/platform/images/aws-xray-daemon",
            "tags": {},
            "tags_all": {
              "blx:created-by": "terraform",
              "blx:owner": "all",
              "blx:repository-name": "tf-spacelift-prerequisites",
              "blx:tag-version": "1"
            },
            "timeouts": null
          },
          "sensitive_attributes": [],
          "private": "eyJlMmJmYjczMC1lY2FhLTExZTYtOGY4OC0zNDM2M2JjN2M0YzAiOnsiZGVsZXRlIjoxMjAwMDAwMDAwMDAwfX0=",
          "dependencies": [
            "module.shared_service_spacelift_prequisites.module.kms_ecr.aws_kms_key.this",
            "module.shared_service_spacelift_prequisites.module.kms_ecr.data.aws_iam_policy_document.combined_with_serviceprincipals_and_conditions",
            "module.shared_service_spacelift_prequisites.module.kms_ecr.data.aws_iam_policy_document.combined_with_viaservice_condition",
            "module.shared_service_spacelift_prequisites.module.kms_ecr.data.aws_iam_policy_document.general_policy"
          ]
        },
        {
          "index_key": "platform/images/blackbox-exporter",
          "schema_version": 0,
          "attributes": {
            "arn": "arn:aws:ecr:eu-central-1:336241431902:repository/platform/images/blackbox-exporter",
            "encryption_configuration": [
              {
                "encryption_type": "KMS",
                "kms_key": "arn:aws:kms:eu-central-1:336241431902:key/bf1b2890-338b-4e2e-92d2-54a1a896340d"
              }
            ],
            "force_delete": null,
            "id": "platform/images/blackbox-exporter",
            "image_scanning_configuration": [
              {
                "scan_on_push": true
              }
            ],
            "image_tag_mutability": "IMMUTABLE",
            "name": "platform/images/blackbox-exporter",
            "registry_id": "336241431902",
            "repository_url": "336241431902.dkr.ecr.eu-central-1.amazonaws.com/platform/images/blackbox-exporter",
            "tags": null,
            "tags_all": {
              "blx:created-by": "terraform",
              "blx:owner": "all",
              "blx:repository-name": "tf-spacelift-prerequisites",
              "blx:tag-version": "1"
            },
            "timeouts": null
          },
          "sensitive_attributes": [],
          "private": "eyJlMmJmYjczMC1lY2FhLTExZTYtOGY4OC0zNDM2M2JjN2M0YzAiOnsiZGVsZXRlIjoxMjAwMDAwMDAwMDAwfX0=",
          "dependencies": [
            "module.shared_service_spacelift_prequisites.module.kms_ecr.aws_kms_key.this",
            "module.shared_service_spacelift_prequisites.module.kms_ecr.data.aws_iam_policy_document.combined_with_serviceprincipals_and_conditions",
            "module.shared_service_spacelift_prequisites.module.kms_ecr.data.aws_iam_policy_document.combined_with_viaservice_condition",
            "module.shared_service_spacelift_prequisites.module.kms_ecr.data.aws_iam_policy_document.general_policy"
          ]
        },
        {
          "index_key": "platform/images/cert-manager-acmesolver",
          "schema_version": 0,
          "attributes": {
            "arn": "arn:aws:ecr:eu-central-1:336241431902:repository/platform/images/cert-manager-acmesolver",
            "encryption_configuration": [
              {
                "encryption_type": "KMS",
                "kms_key": "arn:aws:kms:eu-central-1:336241431902:key/bf1b2890-338b-4e2e-92d2-54a1a896340d"
              }
            ],
            "force_delete": null,
            "id": "platform/images/cert-manager-acmesolver",
            "image_scanning_configuration": [
              {
                "scan_on_push": true
              }
            ],
            "image_tag_mutability": "IMMUTABLE",
            "name": "platform/images/cert-manager-acmesolver",
            "registry_id": "336241431902",
            "repository_url": "336241431902.dkr.ecr.eu-central-1.amazonaws.com/platform/images/cert-manager-acmesolver",
            "tags": null,
            "tags_all": {
              "blx:created-by": "terraform",
              "blx:owner": "all",
              "blx:repository-name": "tf-spacelift-prerequisites",
              "blx:tag-version": "1"
            },
            "timeouts": null
          },
          "sensitive_attributes": [],
          "private": "eyJlMmJmYjczMC1lY2FhLTExZTYtOGY4OC0zNDM2M2JjN2M0YzAiOnsiZGVsZXRlIjoxMjAwMDAwMDAwMDAwfX0=",
          "dependencies": [
            "module.shared_service_spacelift_prequisites.module.kms_ecr.aws_kms_key.this"
          ]
        },
        {
          "index_key": "platform/images/cert-manager-cainjector",
          "schema_version": 0,
          "attributes": {
            "arn": "arn:aws:ecr:eu-central-1:336241431902:repository/platform/images/cert-manager-cainjector",
            "encryption_configuration": [
              {
                "encryption_type": "KMS",
                "kms_key": "arn:aws:kms:eu-central-1:336241431902:key/bf1b2890-338b-4e2e-92d2-54a1a896340d"
              }
            ],
            "force_delete": null,
            "id": "platform/images/cert-manager-cainjector",
            "image_scanning_configuration": [
              {
                "scan_on_push": true
              }
            ],
            "image_tag_mutability": "IMMUTABLE",
            "name": "platform/images/cert-manager-cainjector",
            "registry_id": "336241431902",
            "repository_url": "336241431902.dkr.ecr.eu-central-1.amazonaws.com/platform/images/cert-manager-cainjector",
            "tags": {},
            "tags_all": {
              "blx:created-by": "terraform",
              "blx:owner": "all",
              "blx:repository-name": "tf-spacelift-prerequisites",
              "blx:tag-version": "1"
            },
            "timeouts": null
          },
          "sensitive_attributes": [],
          "private": "eyJlMmJmYjczMC1lY2FhLTExZTYtOGY4OC0zNDM2M2JjN2M0YzAiOnsiZGVsZXRlIjoxMjAwMDAwMDAwMDAwfX0=",
          "dependencies": [
            "module.shared_service_spacelift_prequisites.module.kms_ecr.aws_kms_key.this",
            "module.shared_service_spacelift_prequisites.module.kms_ecr.data.aws_iam_policy_document.combined_with_serviceprincipals_and_conditions",
            "module.shared_service_spacelift_prequisites.module.kms_ecr.data.aws_iam_policy_document.combined_with_viaservice_condition",
            "module.shared_service_spacelift_prequisites.module.kms_ecr.data.aws_iam_policy_document.general_policy"
          ]
        },
        {
          "index_key": "platform/images/cert-manager-controller",
          "schema_version": 0,
          "attributes": {
            "arn": "arn:aws:ecr:eu-central-1:336241431902:repository/platform/images/cert-manager-controller",
            "encryption_configuration": [
              {
                "encryption_type": "KMS",
                "kms_key": "arn:aws:kms:eu-central-1:336241431902:key/bf1b2890-338b-4e2e-92d2-54a1a896340d"
              }
            ],
            "force_delete": null,
            "id": "platform/images/cert-manager-controller",
            "image_scanning_configuration": [
              {
                "scan_on_push": true
              }
            ],
            "image_tag_mutability": "IMMUTABLE",
            "name": "platform/images/cert-manager-controller",
            "registry_id": "336241431902",
            "repository_url": "336241431902.dkr.ecr.eu-central-1.amazonaws.com/platform/images/cert-manager-controller",
            "tags": {},
            "tags_all": {
              "blx:created-by": "terraform",
              "blx:owner": "all",
              "blx:repository-name": "tf-spacelift-prerequisites",
              "blx:tag-version": "1"
            },
            "timeouts": null
          },
          "sensitive_attributes": [],
          "private": "eyJlMmJmYjczMC1lY2FhLTExZTYtOGY4OC0zNDM2M2JjN2M0YzAiOnsiZGVsZXRlIjoxMjAwMDAwMDAwMDAwfX0=",
          "dependencies": [
            "module.shared_service_spacelift_prequisites.module.kms_ecr.aws_kms_key.this",
            "module.shared_service_spacelift_prequisites.module.kms_ecr.data.aws_iam_policy_document.combined_with_serviceprincipals_and_conditions",
            "module.shared_service_spacelift_prequisites.module.kms_ecr.data.aws_iam_policy_document.combined_with_viaservice_condition",
            "module.shared_service_spacelift_prequisites.module.kms_ecr.data.aws_iam_policy_document.general_policy"
          ]
        },
        {
          "index_key": "platform/images/cert-manager-ctl",
          "schema_version": 0,
          "attributes": {
            "arn": "arn:aws:ecr:eu-central-1:336241431902:repository/platform/images/cert-manager-ctl",
            "encryption_configuration": [
              {
                "encryption_type": "KMS",
                "kms_key": "arn:aws:kms:eu-central-1:336241431902:key/bf1b2890-338b-4e2e-92d2-54a1a896340d"
              }
            ],
            "force_delete": null,
            "id": "platform/images/cert-manager-ctl",
            "image_scanning_configuration": [
              {
                "scan_on_push": true
              }
            ],
            "image_tag_mutability": "IMMUTABLE",
            "name": "platform/images/cert-manager-ctl",
            "registry_id": "336241431902",
            "repository_url": "336241431902.dkr.ecr.eu-central-1.amazonaws.com/platform/images/cert-manager-ctl",
            "tags": {},
            "tags_all": {
              "blx:created-by": "terraform",
              "blx:owner": "all",
              "blx:repository-name": "tf-spacelift-prerequisites",
              "blx:tag-version": "1"
            },
            "timeouts": null
          },
          "sensitive_attributes": [],
          "private": "eyJlMmJmYjczMC1lY2FhLTExZTYtOGY4OC0zNDM2M2JjN2M0YzAiOnsiZGVsZXRlIjoxMjAwMDAwMDAwMDAwfX0=",
          "dependencies": [
            "module.shared_service_spacelift_prequisites.module.kms_ecr.aws_kms_key.this",
            "module.shared_service_spacelift_prequisites.module.kms_ecr.data.aws_iam_policy_document.combined_with_serviceprincipals_and_conditions",
            "module.shared_service_spacelift_prequisites.module.kms_ecr.data.aws_iam_policy_document.combined_with_viaservice_condition",
            "module.shared_service_spacelift_prequisites.module.kms_ecr.data.aws_iam_policy_document.general_policy"
          ]
        },
        {
          "index_key": "platform/images/cert-manager-webhook",
          "schema_version": 0,
          "attributes": {
            "arn": "arn:aws:ecr:eu-central-1:336241431902:repository/platform/images/cert-manager-webhook",
            "encryption_configuration": [
              {
                "encryption_type": "KMS",
                "kms_key": "arn:aws:kms:eu-central-1:336241431902:key/bf1b2890-338b-4e2e-92d2-54a1a896340d"
              }
            ],
            "force_delete": null,
            "id": "platform/images/cert-manager-webhook",
            "image_scanning_configuration": [
              {
                "scan_on_push": true
              }
            ],
            "image_tag_mutability": "IMMUTABLE",
            "name": "platform/images/cert-manager-webhook",
            "registry_id": "336241431902",
            "repository_url": "336241431902.dkr.ecr.eu-central-1.amazonaws.com/platform/images/cert-manager-webhook",
            "tags": {},
            "tags_all": {
              "blx:created-by": "terraform",
              "blx:owner": "all",
              "blx:repository-name": "tf-spacelift-prerequisites",
              "blx:tag-version": "1"
            },
            "timeouts": null
          },
          "sensitive_attributes": [],
          "private": "eyJlMmJmYjczMC1lY2FhLTExZTYtOGY4OC0zNDM2M2JjN2M0YzAiOnsiZGVsZXRlIjoxMjAwMDAwMDAwMDAwfX0=",
          "dependencies": [
            "module.shared_service_spacelift_prequisites.module.kms_ecr.aws_kms_key.this",
            "module.shared_service_spacelift_prequisites.module.kms_ecr.data.aws_iam_policy_document.combined_with_serviceprincipals_and_conditions",
            "module.shared_service_spacelift_prequisites.module.kms_ecr.data.aws_iam_policy_document.combined_with_viaservice_condition",
            "module.shared_service_spacelift_prequisites.module.kms_ecr.data.aws_iam_policy_document.general_policy"
          ]
        },
        {
          "index_key": "platform/images/cloudwatch-agent",
          "schema_version": 0,
          "attributes": {
            "arn": "arn:aws:ecr:eu-central-1:336241431902:repository/platform/images/cloudwatch-agent",
            "encryption_configuration": [
              {
                "encryption_type": "KMS",
                "kms_key": "arn:aws:kms:eu-central-1:336241431902:key/bf1b2890-338b-4e2e-92d2-54a1a896340d"
              }
            ],
            "force_delete": null,
            "id": "platform/images/cloudwatch-agent",
            "image_scanning_configuration": [
              {
                "scan_on_push": true
              }
            ],
            "image_tag_mutability": "IMMUTABLE",
            "name": "platform/images/cloudwatch-agent",
            "registry_id": "336241431902",
            "repository_url": "336241431902.dkr.ecr.eu-central-1.amazonaws.com/platform/images/cloudwatch-agent",
            "tags": null,
            "tags_all": {
              "blx:created-by": "terraform",
              "blx:owner": "all",
              "blx:repository-name": "tf-spacelift-prerequisites",
              "blx:tag-version": "1"
            },
            "timeouts": null
          },
          "sensitive_attributes": [],
          "private": "eyJlMmJmYjczMC1lY2FhLTExZTYtOGY4OC0zNDM2M2JjN2M0YzAiOnsiZGVsZXRlIjoxMjAwMDAwMDAwMDAwfX0=",
          "dependencies": [
            "module.shared_service_spacelift_prequisites.module.kms_ecr.aws_kms_key.this",
            "module.shared_service_spacelift_prequisites.module.kms_ecr.data.aws_iam_policy_document.combined_with_serviceprincipals_and_conditions",
            "module.shared_service_spacelift_prequisites.module.kms_ecr.data.aws_iam_policy_document.combined_with_viaservice_condition",
            "module.shared_service_spacelift_prequisites.module.kms_ecr.data.aws_iam_policy_document.general_policy"
          ]
        },
        {
          "index_key": "platform/images/cluster-autoscaler",
          "schema_version": 0,
          "attributes": {
            "arn": "arn:aws:ecr:eu-central-1:336241431902:repository/platform/images/cluster-autoscaler",
            "encryption_configuration": [
              {
                "encryption_type": "KMS",
                "kms_key": "arn:aws:kms:eu-central-1:336241431902:key/bf1b2890-338b-4e2e-92d2-54a1a896340d"
              }
            ],
            "force_delete": null,
            "id": "platform/images/cluster-autoscaler",
            "image_scanning_configuration": [
              {
                "scan_on_push": true
              }
            ],
            "image_tag_mutability": "IMMUTABLE",
            "name": "platform/images/cluster-autoscaler",
            "registry_id": "336241431902",
            "repository_url": "336241431902.dkr.ecr.eu-central-1.amazonaws.com/platform/images/cluster-autoscaler",
            "tags": {},
            "tags_all": {
              "blx:created-by": "terraform",
              "blx:owner": "all",
              "blx:repository-name": "tf-spacelift-prerequisites",
              "blx:tag-version": "1"
            },
            "timeouts": null
          },
          "sensitive_attributes": [],
          "private": "eyJlMmJmYjczMC1lY2FhLTExZTYtOGY4OC0zNDM2M2JjN2M0YzAiOnsiZGVsZXRlIjoxMjAwMDAwMDAwMDAwfX0=",
          "dependencies": [
            "module.shared_service_spacelift_prequisites.module.kms_ecr.aws_kms_key.this",
            "module.shared_service_spacelift_prequisites.module.kms_ecr.data.aws_iam_policy_document.combined_with_serviceprincipals_and_conditions",
            "module.shared_service_spacelift_prequisites.module.kms_ecr.data.aws_iam_policy_document.combined_with_viaservice_condition",
            "module.shared_service_spacelift_prequisites.module.kms_ecr.data.aws_iam_policy_document.general_policy"
          ]
        },
        {
          "index_key": "platform/images/docker-in-docker",
          "schema_version": 0,
          "attributes": {
            "arn": "arn:aws:ecr:eu-central-1:336241431902:repository/platform/images/docker-in-docker",
            "encryption_configuration": [
              {
                "encryption_type": "KMS",
                "kms_key": "arn:aws:kms:eu-central-1:336241431902:key/bf1b2890-338b-4e2e-92d2-54a1a896340d"
              }
            ],
            "force_delete": null,
            "id": "platform/images/docker-in-docker",
            "image_scanning_configuration": [
              {
                "scan_on_push": true
              }
            ],
            "image_tag_mutability": "IMMUTABLE",
            "name": "platform/images/docker-in-docker",
            "registry_id": "336241431902",
            "repository_url": "336241431902.dkr.ecr.eu-central-1.amazonaws.com/platform/images/docker-in-docker",
            "tags": {},
            "tags_all": {
              "blx:created-by": "terraform",
              "blx:owner": "all",
              "blx:repository-name": "tf-spacelift-prerequisites",
              "blx:tag-version": "1"
            },
            "timeouts": null
          },
          "sensitive_attributes": [],
          "private": "eyJlMmJmYjczMC1lY2FhLTExZTYtOGY4OC0zNDM2M2JjN2M0YzAiOnsiZGVsZXRlIjoxMjAwMDAwMDAwMDAwfX0=",
          "dependencies": [
            "module.shared_service_spacelift_prequisites.module.kms_ecr.aws_kms_key.this",
            "module.shared_service_spacelift_prequisites.module.kms_ecr.data.aws_iam_policy_document.combined_with_serviceprincipals_and_conditions",
            "module.shared_service_spacelift_prequisites.module.kms_ecr.data.aws_iam_policy_document.combined_with_viaservice_condition",
            "module.shared_service_spacelift_prequisites.module.kms_ecr.data.aws_iam_policy_document.general_policy"
          ]
        },
        {
          "index_key": "platform/images/external-dns",
          "schema_version": 0,
          "attributes": {
            "arn": "arn:aws:ecr:eu-central-1:336241431902:repository/platform/images/external-dns",
            "encryption_configuration": [
              {
                "encryption_type": "KMS",
                "kms_key": "arn:aws:kms:eu-central-1:336241431902:key/bf1b2890-338b-4e2e-92d2-54a1a896340d"
              }
            ],
            "force_delete": null,
            "id": "platform/images/external-dns",
            "image_scanning_configuration": [
              {
                "scan_on_push": true
              }
            ],
            "image_tag_mutability": "IMMUTABLE",
            "name": "platform/images/external-dns",
            "registry_id": "336241431902",
            "repository_url": "336241431902.dkr.ecr.eu-central-1.amazonaws.com/platform/images/external-dns",
            "tags": {},
            "tags_all": {
              "blx:created-by": "terraform",
              "blx:owner": "all",
              "blx:repository-name": "tf-spacelift-prerequisites",
              "blx:tag-version": "1"
            },
            "timeouts": null
          },
          "sensitive_attributes": [],
          "private": "eyJlMmJmYjczMC1lY2FhLTExZTYtOGY4OC0zNDM2M2JjN2M0YzAiOnsiZGVsZXRlIjoxMjAwMDAwMDAwMDAwfX0=",
          "dependencies": [
            "module.shared_service_spacelift_prequisites.module.kms_ecr.aws_kms_key.this",
            "module.shared_service_spacelift_prequisites.module.kms_ecr.data.aws_iam_policy_document.combined_with_serviceprincipals_and_conditions",
            "module.shared_service_spacelift_prequisites.module.kms_ecr.data.aws_iam_policy_document.combined_with_viaservice_condition",
            "module.shared_service_spacelift_prequisites.module.kms_ecr.data.aws_iam_policy_document.general_policy"
          ]
        },
        {
          "index_key": "platform/images/external-secrets",
          "schema_version": 0,
          "attributes": {
            "arn": "arn:aws:ecr:eu-central-1:336241431902:repository/platform/images/external-secrets",
            "encryption_configuration": [
              {
                "encryption_type": "KMS",
                "kms_key": "arn:aws:kms:eu-central-1:336241431902:key/bf1b2890-338b-4e2e-92d2-54a1a896340d"
              }
            ],
            "force_delete": null,
            "id": "platform/images/external-secrets",
            "image_scanning_configuration": [
              {
                "scan_on_push": true
              }
            ],
            "image_tag_mutability": "IMMUTABLE",
            "name": "platform/images/external-secrets",
            "registry_id": "336241431902",
            "repository_url": "336241431902.dkr.ecr.eu-central-1.amazonaws.com/platform/images/external-secrets",
            "tags": {},
            "tags_all": {
              "blx:created-by": "terraform",
              "blx:owner": "all",
              "blx:repository-name": "tf-spacelift-prerequisites",
              "blx:tag-version": "1"
            },
            "timeouts": null
          },
          "sensitive_attributes": [],
          "private": "eyJlMmJmYjczMC1lY2FhLTExZTYtOGY4OC0zNDM2M2JjN2M0YzAiOnsiZGVsZXRlIjoxMjAwMDAwMDAwMDAwfX0=",
          "dependencies": [
            "module.shared_service_spacelift_prequisites.module.kms_ecr.aws_kms_key.this",
            "module.shared_service_spacelift_prequisites.module.kms_ecr.data.aws_iam_policy_document.combined_with_serviceprincipals_and_conditions",
            "module.shared_service_spacelift_prequisites.module.kms_ecr.data.aws_iam_policy_document.combined_with_viaservice_condition",
            "module.shared_service_spacelift_prequisites.module.kms_ecr.data.aws_iam_policy_document.general_policy"
          ]
        },
        {
          "index_key": "platform/images/fluent-bit",
          "schema_version": 0,
          "attributes": {
            "arn": "arn:aws:ecr:eu-central-1:336241431902:repository/platform/images/fluent-bit",
            "encryption_configuration": [
              {
                "encryption_type": "KMS",
                "kms_key": "arn:aws:kms:eu-central-1:336241431902:key/bf1b2890-338b-4e2e-92d2-54a1a896340d"
              }
            ],
            "force_delete": null,
            "id": "platform/images/fluent-bit",
            "image_scanning_configuration": [
              {
                "scan_on_push": true
              }
            ],
            "image_tag_mutability": "IMMUTABLE",
            "name": "platform/images/fluent-bit",
            "registry_id": "336241431902",
            "repository_url": "336241431902.dkr.ecr.eu-central-1.amazonaws.com/platform/images/fluent-bit",
            "tags": null,
            "tags_all": {
              "blx:created-by": "terraform",
              "blx:owner": "all",
              "blx:repository-name": "tf-spacelift-prerequisites",
              "blx:tag-version": "1"
            },
            "timeouts": null
          },
          "sensitive_attributes": [],
          "private": "eyJlMmJmYjczMC1lY2FhLTExZTYtOGY4OC0zNDM2M2JjN2M0YzAiOnsiZGVsZXRlIjoxMjAwMDAwMDAwMDAwfX0=",
          "dependencies": [
            "module.shared_service_spacelift_prequisites.module.kms_ecr.aws_kms_key.this",
            "module.shared_service_spacelift_prequisites.module.kms_ecr.data.aws_iam_policy_document.combined_with_serviceprincipals_and_conditions",
            "module.shared_service_spacelift_prequisites.module.kms_ecr.data.aws_iam_policy_document.combined_with_viaservice_condition",
            "module.shared_service_spacelift_prequisites.module.kms_ecr.data.aws_iam_policy_document.general_policy"
          ]
        },
        {
          "index_key": "platform/images/github-actions-runner",
          "schema_version": 0,
          "attributes": {
            "arn": "arn:aws:ecr:eu-central-1:336241431902:repository/platform/images/github-actions-runner",
            "encryption_configuration": [
              {
                "encryption_type": "KMS",
                "kms_key": "arn:aws:kms:eu-central-1:336241431902:key/bf1b2890-338b-4e2e-92d2-54a1a896340d"
              }
            ],
            "force_delete": null,
            "id": "platform/images/github-actions-runner",
            "image_scanning_configuration": [
              {
                "scan_on_push": true
              }
            ],
            "image_tag_mutability": "IMMUTABLE",
            "name": "platform/images/github-actions-runner",
            "registry_id": "336241431902",
            "repository_url": "336241431902.dkr.ecr.eu-central-1.amazonaws.com/platform/images/github-actions-runner",
            "tags": {},
            "tags_all": {
              "blx:created-by": "terraform",
              "blx:owner": "all",
              "blx:repository-name": "tf-spacelift-prerequisites",
              "blx:tag-version": "1"
            },
            "timeouts": null
          },
          "sensitive_attributes": [],
          "private": "eyJlMmJmYjczMC1lY2FhLTExZTYtOGY4OC0zNDM2M2JjN2M0YzAiOnsiZGVsZXRlIjoxMjAwMDAwMDAwMDAwfX0=",
          "dependencies": [
            "module.shared_service_spacelift_prequisites.module.kms_ecr.aws_kms_key.this",
            "module.shared_service_spacelift_prequisites.module.kms_ecr.data.aws_iam_policy_document.combined_with_serviceprincipals_and_conditions",
            "module.shared_service_spacelift_prequisites.module.kms_ecr.data.aws_iam_policy_document.combined_with_viaservice_condition",
            "module.shared_service_spacelift_prequisites.module.kms_ecr.data.aws_iam_policy_document.general_policy"
          ]
        },
        {
          "index_key": "platform/images/kube-rbac-proxy",
          "schema_version": 0,
          "attributes": {
            "arn": "arn:aws:ecr:eu-central-1:336241431902:repository/platform/images/kube-rbac-proxy",
            "encryption_configuration": [
              {
                "encryption_type": "KMS",
                "kms_key": "arn:aws:kms:eu-central-1:336241431902:key/bf1b2890-338b-4e2e-92d2-54a1a896340d"
              }
            ],
            "force_delete": null,
            "id": "platform/images/kube-rbac-proxy",
            "image_scanning_configuration": [
              {
                "scan_on_push": true
              }
            ],
            "image_tag_mutability": "IMMUTABLE",
            "name": "platform/images/kube-rbac-proxy",
            "registry_id": "336241431902",
            "repository_url": "336241431902.dkr.ecr.eu-central-1.amazonaws.com/platform/images/kube-rbac-proxy",
            "tags": {},
            "tags_all": {
              "blx:created-by": "terraform",
              "blx:owner": "all",
              "blx:repository-name": "tf-spacelift-prerequisites",
              "blx:tag-version": "1"
            },
            "timeouts": null
          },
          "sensitive_attributes": [],
          "private": "eyJlMmJmYjczMC1lY2FhLTExZTYtOGY4OC0zNDM2M2JjN2M0YzAiOnsiZGVsZXRlIjoxMjAwMDAwMDAwMDAwfX0=",
          "dependencies": [
            "module.shared_service_spacelift_prequisites.module.kms_ecr.aws_kms_key.this",
            "module.shared_service_spacelift_prequisites.module.kms_ecr.data.aws_iam_policy_document.combined_with_serviceprincipals_and_conditions",
            "module.shared_service_spacelift_prequisites.module.kms_ecr.data.aws_iam_policy_document.combined_with_viaservice_condition",
            "module.shared_service_spacelift_prequisites.module.kms_ecr.data.aws_iam_policy_document.general_policy"
          ]
        },
        {
          "index_key": "platform/images/kubectl",
          "schema_version": 0,
          "attributes": {
            "arn": "arn:aws:ecr:eu-central-1:336241431902:repository/platform/images/kubectl",
            "encryption_configuration": [
              {
                "encryption_type": "KMS",
                "kms_key": "arn:aws:kms:eu-central-1:336241431902:key/bf1b2890-338b-4e2e-92d2-54a1a896340d"
              }
            ],
            "force_delete": null,
            "id": "platform/images/kubectl",
            "image_scanning_configuration": [
              {
                "scan_on_push": true
              }
            ],
            "image_tag_mutability": "IMMUTABLE",
            "name": "platform/images/kubectl",
            "registry_id": "336241431902",
            "repository_url": "336241431902.dkr.ecr.eu-central-1.amazonaws.com/platform/images/kubectl",
            "tags": {},
            "tags_all": {
              "blx:created-by": "terraform",
              "blx:owner": "all",
              "blx:repository-name": "tf-spacelift-prerequisites",
              "blx:tag-version": "1"
            },
            "timeouts": null
          },
          "sensitive_attributes": [],
          "private": "eyJlMmJmYjczMC1lY2FhLTExZTYtOGY4OC0zNDM2M2JjN2M0YzAiOnsiZGVsZXRlIjoxMjAwMDAwMDAwMDAwfX0=",
          "dependencies": [
            "module.shared_service_spacelift_prequisites.module.kms_ecr.aws_kms_key.this",
            "module.shared_service_spacelift_prequisites.module.kms_ecr.data.aws_iam_policy_document.combined_with_serviceprincipals_and_conditions",
            "module.shared_service_spacelift_prequisites.module.kms_ecr.data.aws_iam_policy_document.combined_with_viaservice_condition",
            "module.shared_service_spacelift_prequisites.module.kms_ecr.data.aws_iam_policy_document.general_policy"
          ]
        },
        {
          "index_key": "platform/images/metrics-server",
          "schema_version": 0,
          "attributes": {
            "arn": "arn:aws:ecr:eu-central-1:336241431902:repository/platform/images/metrics-server",
            "encryption_configuration": [
              {
                "encryption_type": "KMS",
                "kms_key": "arn:aws:kms:eu-central-1:336241431902:key/bf1b2890-338b-4e2e-92d2-54a1a896340d"
              }
            ],
            "force_delete": null,
            "id": "platform/images/metrics-server",
            "image_scanning_configuration": [
              {
                "scan_on_push": true
              }
            ],
            "image_tag_mutability": "IMMUTABLE",
            "name": "platform/images/metrics-server",
            "registry_id": "336241431902",
            "repository_url": "336241431902.dkr.ecr.eu-central-1.amazonaws.com/platform/images/metrics-server",
            "tags": {},
            "tags_all": {
              "blx:created-by": "terraform",
              "blx:owner": "all",
              "blx:repository-name": "tf-spacelift-prerequisites",
              "blx:tag-version": "1"
            },
            "timeouts": null
          },
          "sensitive_attributes": [],
          "private": "eyJlMmJmYjczMC1lY2FhLTExZTYtOGY4OC0zNDM2M2JjN2M0YzAiOnsiZGVsZXRlIjoxMjAwMDAwMDAwMDAwfX0=",
          "dependencies": [
            "module.shared_service_spacelift_prequisites.module.kms_ecr.aws_kms_key.this",
            "module.shared_service_spacelift_prequisites.module.kms_ecr.data.aws_iam_policy_document.combined_with_serviceprincipals_and_conditions",
            "module.shared_service_spacelift_prequisites.module.kms_ecr.data.aws_iam_policy_document.combined_with_viaservice_condition",
            "module.shared_service_spacelift_prequisites.module.kms_ecr.data.aws_iam_policy_document.general_policy"
          ]
        },
        {
          "index_key": "platform/images/postgresql",
          "schema_version": 0,
          "attributes": {
            "arn": "arn:aws:ecr:eu-central-1:336241431902:repository/platform/images/postgresql",
            "encryption_configuration": [
              {
                "encryption_type": "KMS",
                "kms_key": "arn:aws:kms:eu-central-1:336241431902:key/bf1b2890-338b-4e2e-92d2-54a1a896340d"
              }
            ],
            "force_delete": null,
            "id": "platform/images/postgresql",
            "image_scanning_configuration": [
              {
                "scan_on_push": true
              }
            ],
            "image_tag_mutability": "IMMUTABLE",
            "name": "platform/images/postgresql",
            "registry_id": "336241431902",
            "repository_url": "336241431902.dkr.ecr.eu-central-1.amazonaws.com/platform/images/postgresql",
            "tags": null,
            "tags_all": {
              "blx:created-by": "terraform",
              "blx:owner": "all",
              "blx:repository-name": "tf-spacelift-prerequisites",
              "blx:tag-version": "1"
            },
            "timeouts": null
          },
          "sensitive_attributes": [],
          "private": "eyJlMmJmYjczMC1lY2FhLTExZTYtOGY4OC0zNDM2M2JjN2M0YzAiOnsiZGVsZXRlIjoxMjAwMDAwMDAwMDAwfX0=",
          "dependencies": [
            "module.shared_service_spacelift_prequisites.module.kms_ecr.aws_kms_key.this"
          ]
        },
        {
          "index_key": "platform/images/redis",
          "schema_version": 0,
          "attributes": {
            "arn": "arn:aws:ecr:eu-central-1:336241431902:repository/platform/images/redis",
            "encryption_configuration": [
              {
                "encryption_type": "KMS",
                "kms_key": "arn:aws:kms:eu-central-1:336241431902:key/bf1b2890-338b-4e2e-92d2-54a1a896340d"
              }
            ],
            "force_delete": null,
            "id": "platform/images/redis",
            "image_scanning_configuration": [
              {
                "scan_on_push": true
              }
            ],
            "image_tag_mutability": "IMMUTABLE",
            "name": "platform/images/redis",
            "registry_id": "336241431902",
            "repository_url": "336241431902.dkr.ecr.eu-central-1.amazonaws.com/platform/images/redis",
            "tags": {},
            "tags_all": {
              "blx:created-by": "terraform",
              "blx:owner": "all",
              "blx:repository-name": "tf-spacelift-prerequisites",
              "blx:tag-version": "1"
            },
            "timeouts": null
          },
          "sensitive_attributes": [],
          "private": "eyJlMmJmYjczMC1lY2FhLTExZTYtOGY4OC0zNDM2M2JjN2M0YzAiOnsiZGVsZXRlIjoxMjAwMDAwMDAwMDAwfX0=",
          "dependencies": [
            "module.shared_service_spacelift_prequisites.module.kms_ecr.aws_kms_key.this",
            "module.shared_service_spacelift_prequisites.module.kms_ecr.data.aws_iam_policy_document.combined_with_serviceprincipals_and_conditions",
            "module.shared_service_spacelift_prequisites.module.kms_ecr.data.aws_iam_policy_document.combined_with_viaservice_condition",
            "module.shared_service_spacelift_prequisites.module.kms_ecr.data.aws_iam_policy_document.general_policy"
          ]
        },
        {
          "index_key": "platform/images/reloader",
          "schema_version": 0,
          "attributes": {
            "arn": "arn:aws:ecr:eu-central-1:336241431902:repository/platform/images/reloader",
            "encryption_configuration": [
              {
                "encryption_type": "KMS",
                "kms_key": "arn:aws:kms:eu-central-1:336241431902:key/bf1b2890-338b-4e2e-92d2-54a1a896340d"
              }
            ],
            "force_delete": null,
            "id": "platform/images/reloader",
            "image_scanning_configuration": [
              {
                "scan_on_push": true
              }
            ],
            "image_tag_mutability": "IMMUTABLE",
            "name": "platform/images/reloader",
            "registry_id": "336241431902",
            "repository_url": "336241431902.dkr.ecr.eu-central-1.amazonaws.com/platform/images/reloader",
            "tags": {},
            "tags_all": {
              "blx:created-by": "terraform",
              "blx:owner": "all",
              "blx:repository-name": "tf-spacelift-prerequisites",
              "blx:tag-version": "1"
            },
            "timeouts": null
          },
          "sensitive_attributes": [],
          "private": "eyJlMmJmYjczMC1lY2FhLTExZTYtOGY4OC0zNDM2M2JjN2M0YzAiOnsiZGVsZXRlIjoxMjAwMDAwMDAwMDAwfX0=",
          "dependencies": [
            "module.shared_service_spacelift_prequisites.module.kms_ecr.aws_kms_key.this",
            "module.shared_service_spacelift_prequisites.module.kms_ecr.data.aws_iam_policy_document.combined_with_serviceprincipals_and_conditions",
            "module.shared_service_spacelift_prequisites.module.kms_ecr.data.aws_iam_policy_document.combined_with_viaservice_condition",
            "module.shared_service_spacelift_prequisites.module.kms_ecr.data.aws_iam_policy_document.general_policy"
          ]
        },
        {
          "index_key": "prometheus-blackbox-exporter",
          "schema_version": 0,
          "attributes": {
            "arn": "arn:aws:ecr:eu-central-1:336241431902:repository/prometheus-blackbox-exporter",
            "encryption_configuration": [
              {
                "encryption_type": "KMS",
                "kms_key": "arn:aws:kms:eu-central-1:336241431902:key/bf1b2890-338b-4e2e-92d2-54a1a896340d"
              }
            ],
            "force_delete": null,
            "id": "prometheus-blackbox-exporter",
            "image_scanning_configuration": [
              {
                "scan_on_push": true
              }
            ],
            "image_tag_mutability": "IMMUTABLE",
            "name": "prometheus-blackbox-exporter",
            "registry_id": "336241431902",
            "repository_url": "336241431902.dkr.ecr.eu-central-1.amazonaws.com/prometheus-blackbox-exporter",
            "tags": null,
            "tags_all": {
              "blx:created-by": "terraform",
              "blx:owner": "all",
              "blx:repository-name": "tf-spacelift-prerequisites",
              "blx:tag-version": "1"
            },
            "timeouts": null
          },
          "sensitive_attributes": [],
          "private": "eyJlMmJmYjczMC1lY2FhLTExZTYtOGY4OC0zNDM2M2JjN2M0YzAiOnsiZGVsZXRlIjoxMjAwMDAwMDAwMDAwfX0=",
          "dependencies": [
            "module.shared_service_spacelift_prequisites.module.kms_ecr.aws_kms_key.this"
          ]
        },
        {
          "index_key": "reloader",
          "schema_version": 0,
          "attributes": {
            "arn": "arn:aws:ecr:eu-central-1:336241431902:repository/reloader",
            "encryption_configuration": [
              {
                "encryption_type": "KMS",
                "kms_key": "arn:aws:kms:eu-central-1:336241431902:key/bf1b2890-338b-4e2e-92d2-54a1a896340d"
              }
            ],
            "force_delete": null,
            "id": "reloader",
            "image_scanning_configuration": [
              {
                "scan_on_push": true
              }
            ],
            "image_tag_mutability": "IMMUTABLE",
            "name": "reloader",
            "registry_id": "336241431902",
            "repository_url": "336241431902.dkr.ecr.eu-central-1.amazonaws.com/reloader",
            "tags": null,
            "tags_all": {
              "blx:created-by": "terraform",
              "blx:owner": "all",
              "blx:repository-name": "tf-spacelift-prerequisites",
              "blx:tag-version": "1"
            },
            "timeouts": null
          },
          "sensitive_attributes": [],
          "private": "eyJlMmJmYjczMC1lY2FhLTExZTYtOGY4OC0zNDM2M2JjN2M0YzAiOnsiZGVsZXRlIjoxMjAwMDAwMDAwMDAwfX0=",
          "dependencies": [
            "module.shared_service_spacelift_prequisites.module.kms_ecr.aws_kms_key.this"
          ]
        },
        {
          "index_key": "system-customizations",
          "schema_version": 0,
          "attributes": {
            "arn": "arn:aws:ecr:eu-central-1:336241431902:repository/system-customizations",
            "encryption_configuration": [
              {
                "encryption_type": "KMS",
                "kms_key": "arn:aws:kms:eu-central-1:336241431902:key/bf1b2890-338b-4e2e-92d2-54a1a896340d"
              }
            ],
            "force_delete": null,
            "id": "system-customizations",
            "image_scanning_configuration": [
              {
                "scan_on_push": true
              }
            ],
            "image_tag_mutability": "IMMUTABLE",
            "name": "system-customizations",
            "registry_id": "336241431902",
            "repository_url": "336241431902.dkr.ecr.eu-central-1.amazonaws.com/system-customizations",
            "tags": null,
            "tags_all": {
              "blx:created-by": "terraform",
              "blx:owner": "all",
              "blx:repository-name": "tf-spacelift-prerequisites",
              "blx:tag-version": "1"
            },
            "timeouts": null
          },
          "sensitive_attributes": [],
          "private": "eyJlMmJmYjczMC1lY2FhLTExZTYtOGY4OC0zNDM2M2JjN2M0YzAiOnsiZGVsZXRlIjoxMjAwMDAwMDAwMDAwfX0=",
          "dependencies": [
            "module.shared_service_spacelift_prequisites.module.kms_ecr.aws_kms_key.this"
          ]
        }
      ]
    },
    {
      "module": "module.shared_service_spacelift_prequisites.module.platform_ecr",
      "mode": "managed",
      "type": "aws_ecr_repository_policy",
      "name": "pullpush",
      "provider": "provider[\"registry.terraform.io/hashicorp/aws\"]",
      "instances": [
        {
          "index_key": "aws-ebs-csi-driver",
          "schema_version": 0,
          "attributes": {
            "id": "aws-ebs-csi-driver",
            "policy": "{\"Statement\":[{\"Action\":[\"ecr:UploadLayerPart\",\"ecr:PutImage\",\"ecr:InitiateLayerUpload\",\"ecr:GetDownloadUrlForLayer\",\"ecr:CompleteLayerUpload\",\"ecr:BatchGetImage\",\"ecr:BatchCheckLayerAvailability\"],\"Effect\":\"Allow\",\"Principal\":{\"AWS\":\"arn:aws:iam::336241431902:role/aws-reserved/sso.amazonaws.com/eu-west-2/AWSReservedSSO_AdministratorAccess_824f48fbf5e79ff4\"},\"Sid\":\"AllowPullPush\"},{\"Action\":[\"ecr:ListTagsForResource\",\"ecr:ListImages\",\"ecr:GetRepositoryPolicy\",\"ecr:GetLifecyclePolicyPreview\",\"ecr:GetLifecyclePolicy\",\"ecr:GetDownloadUrlForLayer\",\"ecr:GetAuthorizationToken\",\"ecr:DescribeRepositories\",\"ecr:DescribeImages\",\"ecr:DescribeImageScanFindings\",\"ecr:BatchGetImage\",\"ecr:BatchCheckLayerAvailability\"],\"Effect\":\"Allow\",\"Principal\":{\"AWS\":[\"arn:aws:iam::336241431902:root\",\"arn:aws:iam::198698840116:root\"]},\"Sid\":\"EcrReadOnlyDevAccess\"}],\"Version\":\"2012-10-17\"}",
            "registry_id": "336241431902",
            "repository": "aws-ebs-csi-driver"
          },
          "sensitive_attributes": [],
          "private": "bnVsbA==",
          "dependencies": [
            "module.shared_service_spacelift_prequisites.module.kms_ecr.aws_kms_key.this",
            "module.shared_service_spacelift_prequisites.module.platform_ecr.aws_ecr_repository.this",
            "module.shared_service_spacelift_prequisites.module.platform_ecr.data.aws_iam_policy_document.pullpush_policy"
          ]
        },
        {
          "index_key": "aws-load-balancer-controller",
          "schema_version": 0,
          "attributes": {
            "id": "aws-load-balancer-controller",
            "policy": "{\"Statement\":[{\"Action\":[\"ecr:UploadLayerPart\",\"ecr:PutImage\",\"ecr:InitiateLayerUpload\",\"ecr:GetDownloadUrlForLayer\",\"ecr:CompleteLayerUpload\",\"ecr:BatchGetImage\",\"ecr:BatchCheckLayerAvailability\"],\"Effect\":\"Allow\",\"Principal\":{\"AWS\":\"arn:aws:iam::336241431902:role/aws-reserved/sso.amazonaws.com/eu-west-2/AWSReservedSSO_AdministratorAccess_824f48fbf5e79ff4\"},\"Sid\":\"AllowPullPush\"},{\"Action\":[\"ecr:ListTagsForResource\",\"ecr:ListImages\",\"ecr:GetRepositoryPolicy\",\"ecr:GetLifecyclePolicyPreview\",\"ecr:GetLifecyclePolicy\",\"ecr:GetDownloadUrlForLayer\",\"ecr:GetAuthorizationToken\",\"ecr:DescribeRepositories\",\"ecr:DescribeImages\",\"ecr:DescribeImageScanFindings\",\"ecr:BatchGetImage\",\"ecr:BatchCheckLayerAvailability\"],\"Effect\":\"Allow\",\"Principal\":{\"AWS\":[\"arn:aws:iam::336241431902:root\",\"arn:aws:iam::198698840116:root\"]},\"Sid\":\"EcrReadOnlyDevAccess\"}],\"Version\":\"2012-10-17\"}",
            "registry_id": "336241431902",
            "repository": "aws-load-balancer-controller"
          },
          "sensitive_attributes": [],
          "private": "bnVsbA==",
          "dependencies": [
            "module.shared_service_spacelift_prequisites.module.kms_ecr.aws_kms_key.this",
            "module.shared_service_spacelift_prequisites.module.platform_ecr.aws_ecr_repository.this",
            "module.shared_service_spacelift_prequisites.module.platform_ecr.data.aws_iam_policy_document.pullpush_policy"
          ]
        },
        {
          "index_key": "cert-manager",
          "schema_version": 0,
          "attributes": {
            "id": "cert-manager",
            "policy": "{\"Statement\":[{\"Action\":[\"ecr:UploadLayerPart\",\"ecr:PutImage\",\"ecr:InitiateLayerUpload\",\"ecr:GetDownloadUrlForLayer\",\"ecr:CompleteLayerUpload\",\"ecr:BatchGetImage\",\"ecr:BatchCheckLayerAvailability\"],\"Effect\":\"Allow\",\"Principal\":{\"AWS\":\"arn:aws:iam::336241431902:role/aws-reserved/sso.amazonaws.com/eu-west-2/AWSReservedSSO_AdministratorAccess_824f48fbf5e79ff4\"},\"Sid\":\"AllowPullPush\"},{\"Action\":[\"ecr:ListTagsForResource\",\"ecr:ListImages\",\"ecr:GetRepositoryPolicy\",\"ecr:GetLifecyclePolicyPreview\",\"ecr:GetLifecyclePolicy\",\"ecr:GetDownloadUrlForLayer\",\"ecr:GetAuthorizationToken\",\"ecr:DescribeRepositories\",\"ecr:DescribeImages\",\"ecr:DescribeImageScanFindings\",\"ecr:BatchGetImage\",\"ecr:BatchCheckLayerAvailability\"],\"Effect\":\"Allow\",\"Principal\":{\"AWS\":[\"arn:aws:iam::336241431902:root\",\"arn:aws:iam::198698840116:root\"]},\"Sid\":\"EcrReadOnlyDevAccess\"}],\"Version\":\"2012-10-17\"}",
            "registry_id": "336241431902",
            "repository": "cert-manager"
          },
          "sensitive_attributes": [],
          "private": "bnVsbA==",
          "dependencies": [
            "module.shared_service_spacelift_prequisites.module.kms_ecr.aws_kms_key.this",
            "module.shared_service_spacelift_prequisites.module.platform_ecr.aws_ecr_repository.this",
            "module.shared_service_spacelift_prequisites.module.platform_ecr.data.aws_iam_policy_document.pullpush_policy"
          ]
        },
        {
          "index_key": "cloudwatch-container-insights",
          "schema_version": 0,
          "attributes": {
            "id": "cloudwatch-container-insights",
            "policy": "{\"Statement\":[{\"Action\":[\"ecr:UploadLayerPart\",\"ecr:PutImage\",\"ecr:InitiateLayerUpload\",\"ecr:GetDownloadUrlForLayer\",\"ecr:CompleteLayerUpload\",\"ecr:BatchGetImage\",\"ecr:BatchCheckLayerAvailability\"],\"Effect\":\"Allow\",\"Principal\":{\"AWS\":\"arn:aws:iam::336241431902:role/aws-reserved/sso.amazonaws.com/eu-west-2/AWSReservedSSO_AdministratorAccess_824f48fbf5e79ff4\"},\"Sid\":\"AllowPullPush\"},{\"Action\":[\"ecr:ListTagsForResource\",\"ecr:ListImages\",\"ecr:GetRepositoryPolicy\",\"ecr:GetLifecyclePolicyPreview\",\"ecr:GetLifecyclePolicy\",\"ecr:GetDownloadUrlForLayer\",\"ecr:GetAuthorizationToken\",\"ecr:DescribeRepositories\",\"ecr:DescribeImages\",\"ecr:DescribeImageScanFindings\",\"ecr:BatchGetImage\",\"ecr:BatchCheckLayerAvailability\"],\"Effect\":\"Allow\",\"Principal\":{\"AWS\":[\"arn:aws:iam::336241431902:root\",\"arn:aws:iam::198698840116:root\"]},\"Sid\":\"EcrReadOnlyDevAccess\"}],\"Version\":\"2012-10-17\"}",
            "registry_id": "336241431902",
            "repository": "cloudwatch-container-insights"
          },
          "sensitive_attributes": [],
          "private": "bnVsbA==",
          "dependencies": [
            "module.shared_service_spacelift_prequisites.module.kms_ecr.aws_kms_key.this",
            "module.shared_service_spacelift_prequisites.module.platform_ecr.aws_ecr_repository.this",
            "module.shared_service_spacelift_prequisites.module.platform_ecr.data.aws_iam_policy_document.pullpush_policy"
          ]
        },
        {
          "index_key": "cluster-autoscaler",
          "schema_version": 0,
          "attributes": {
            "id": "cluster-autoscaler",
            "policy": "{\"Statement\":[{\"Action\":[\"ecr:UploadLayerPart\",\"ecr:PutImage\",\"ecr:InitiateLayerUpload\",\"ecr:GetDownloadUrlForLayer\",\"ecr:CompleteLayerUpload\",\"ecr:BatchGetImage\",\"ecr:BatchCheckLayerAvailability\"],\"Effect\":\"Allow\",\"Principal\":{\"AWS\":\"arn:aws:iam::336241431902:role/aws-reserved/sso.amazonaws.com/eu-west-2/AWSReservedSSO_AdministratorAccess_824f48fbf5e79ff4\"},\"Sid\":\"AllowPullPush\"},{\"Action\":[\"ecr:ListTagsForResource\",\"ecr:ListImages\",\"ecr:GetRepositoryPolicy\",\"ecr:GetLifecyclePolicyPreview\",\"ecr:GetLifecyclePolicy\",\"ecr:GetDownloadUrlForLayer\",\"ecr:GetAuthorizationToken\",\"ecr:DescribeRepositories\",\"ecr:DescribeImages\",\"ecr:DescribeImageScanFindings\",\"ecr:BatchGetImage\",\"ecr:BatchCheckLayerAvailability\"],\"Effect\":\"Allow\",\"Principal\":{\"AWS\":[\"arn:aws:iam::336241431902:root\",\"arn:aws:iam::198698840116:root\"]},\"Sid\":\"EcrReadOnlyDevAccess\"}],\"Version\":\"2012-10-17\"}",
            "registry_id": "336241431902",
            "repository": "cluster-autoscaler"
          },
          "sensitive_attributes": [],
          "private": "bnVsbA==",
          "dependencies": [
            "module.shared_service_spacelift_prequisites.module.kms_ecr.aws_kms_key.this",
            "module.shared_service_spacelift_prequisites.module.platform_ecr.aws_ecr_repository.this",
            "module.shared_service_spacelift_prequisites.module.platform_ecr.data.aws_iam_policy_document.pullpush_policy"
          ]
        },
        {
          "index_key": "external-dns",
          "schema_version": 0,
          "attributes": {
            "id": "external-dns",
            "policy": "{\"Statement\":[{\"Action\":[\"ecr:UploadLayerPart\",\"ecr:PutImage\",\"ecr:InitiateLayerUpload\",\"ecr:GetDownloadUrlForLayer\",\"ecr:CompleteLayerUpload\",\"ecr:BatchGetImage\",\"ecr:BatchCheckLayerAvailability\"],\"Effect\":\"Allow\",\"Principal\":{\"AWS\":\"arn:aws:iam::336241431902:role/aws-reserved/sso.amazonaws.com/eu-west-2/AWSReservedSSO_AdministratorAccess_824f48fbf5e79ff4\"},\"Sid\":\"AllowPullPush\"},{\"Action\":[\"ecr:ListTagsForResource\",\"ecr:ListImages\",\"ecr:GetRepositoryPolicy\",\"ecr:GetLifecyclePolicyPreview\",\"ecr:GetLifecyclePolicy\",\"ecr:GetDownloadUrlForLayer\",\"ecr:GetAuthorizationToken\",\"ecr:DescribeRepositories\",\"ecr:DescribeImages\",\"ecr:DescribeImageScanFindings\",\"ecr:BatchGetImage\",\"ecr:BatchCheckLayerAvailability\"],\"Effect\":\"Allow\",\"Principal\":{\"AWS\":[\"arn:aws:iam::336241431902:root\",\"arn:aws:iam::198698840116:root\"]},\"Sid\":\"EcrReadOnlyDevAccess\"}],\"Version\":\"2012-10-17\"}",
            "registry_id": "336241431902",
            "repository": "external-dns"
          },
          "sensitive_attributes": [],
          "private": "bnVsbA==",
          "dependencies": [
            "module.shared_service_spacelift_prequisites.module.kms_ecr.aws_kms_key.this",
            "module.shared_service_spacelift_prequisites.module.platform_ecr.aws_ecr_repository.this",
            "module.shared_service_spacelift_prequisites.module.platform_ecr.data.aws_iam_policy_document.pullpush_policy"
          ]
        },
        {
          "index_key": "metrics-server",
          "schema_version": 0,
          "attributes": {
            "id": "metrics-server",
            "policy": "{\"Statement\":[{\"Action\":[\"ecr:UploadLayerPart\",\"ecr:PutImage\",\"ecr:InitiateLayerUpload\",\"ecr:GetDownloadUrlForLayer\",\"ecr:CompleteLayerUpload\",\"ecr:BatchGetImage\",\"ecr:BatchCheckLayerAvailability\"],\"Effect\":\"Allow\",\"Principal\":{\"AWS\":\"arn:aws:iam::336241431902:role/aws-reserved/sso.amazonaws.com/eu-west-2/AWSReservedSSO_AdministratorAccess_824f48fbf5e79ff4\"},\"Sid\":\"AllowPullPush\"},{\"Action\":[\"ecr:ListTagsForResource\",\"ecr:ListImages\",\"ecr:GetRepositoryPolicy\",\"ecr:GetLifecyclePolicyPreview\",\"ecr:GetLifecyclePolicy\",\"ecr:GetDownloadUrlForLayer\",\"ecr:GetAuthorizationToken\",\"ecr:DescribeRepositories\",\"ecr:DescribeImages\",\"ecr:DescribeImageScanFindings\",\"ecr:BatchGetImage\",\"ecr:BatchCheckLayerAvailability\"],\"Effect\":\"Allow\",\"Principal\":{\"AWS\":[\"arn:aws:iam::336241431902:root\",\"arn:aws:iam::198698840116:root\"]},\"Sid\":\"EcrReadOnlyDevAccess\"}],\"Version\":\"2012-10-17\"}",
            "registry_id": "336241431902",
            "repository": "metrics-server"
          },
          "sensitive_attributes": [],
          "private": "bnVsbA==",
          "dependencies": [
            "module.shared_service_spacelift_prequisites.module.kms_ecr.aws_kms_key.this",
            "module.shared_service_spacelift_prequisites.module.platform_ecr.aws_ecr_repository.this",
            "module.shared_service_spacelift_prequisites.module.platform_ecr.data.aws_iam_policy_document.pullpush_policy"
          ]
        },
        {
          "index_key": "platform/helm-charts/argo-cd",
          "schema_version": 0,
          "attributes": {
            "id": "platform/helm-charts/argo-cd",
            "policy": "{\"Statement\":[{\"Action\":[\"ecr:UploadLayerPart\",\"ecr:PutImage\",\"ecr:InitiateLayerUpload\",\"ecr:GetDownloadUrlForLayer\",\"ecr:CompleteLayerUpload\",\"ecr:BatchGetImage\",\"ecr:BatchCheckLayerAvailability\"],\"Effect\":\"Allow\",\"Principal\":{\"AWS\":\"arn:aws:iam::336241431902:role/aws-reserved/sso.amazonaws.com/eu-west-2/AWSReservedSSO_AdministratorAccess_824f48fbf5e79ff4\"},\"Sid\":\"AllowPullPush\"},{\"Action\":[\"ecr:ListTagsForResource\",\"ecr:ListImages\",\"ecr:GetRepositoryPolicy\",\"ecr:GetLifecyclePolicyPreview\",\"ecr:GetLifecyclePolicy\",\"ecr:GetDownloadUrlForLayer\",\"ecr:GetAuthorizationToken\",\"ecr:DescribeRepositories\",\"ecr:DescribeImages\",\"ecr:DescribeImageScanFindings\",\"ecr:BatchGetImage\",\"ecr:BatchCheckLayerAvailability\"],\"Effect\":\"Allow\",\"Principal\":{\"AWS\":[\"arn:aws:iam::336241431902:root\",\"arn:aws:iam::198698840116:root\"]},\"Sid\":\"EcrReadOnlyDevAccess\"}],\"Version\":\"2012-10-17\"}",
            "registry_id": "336241431902",
            "repository": "platform/helm-charts/argo-cd"
          },
          "sensitive_attributes": [],
          "private": "bnVsbA==",
          "dependencies": [
            "module.shared_service_spacelift_prequisites.module.kms_ecr.aws_kms_key.this",
            "module.shared_service_spacelift_prequisites.module.kms_ecr.data.aws_iam_policy_document.combined_with_serviceprincipals_and_conditions",
            "module.shared_service_spacelift_prequisites.module.kms_ecr.data.aws_iam_policy_document.combined_with_viaservice_condition",
            "module.shared_service_spacelift_prequisites.module.kms_ecr.data.aws_iam_policy_document.general_policy",
            "module.shared_service_spacelift_prequisites.module.platform_ecr.aws_ecr_repository.this",
            "module.shared_service_spacelift_prequisites.module.platform_ecr.data.aws_iam_policy_document.pullpush_policy"
          ]
        },
        {
          "index_key": "platform/helm-charts/external-secrets",
          "schema_version": 0,
          "attributes": {
            "id": "platform/helm-charts/external-secrets",
            "policy": "{\"Statement\":[{\"Action\":[\"ecr:UploadLayerPart\",\"ecr:PutImage\",\"ecr:InitiateLayerUpload\",\"ecr:GetDownloadUrlForLayer\",\"ecr:CompleteLayerUpload\",\"ecr:BatchGetImage\",\"ecr:BatchCheckLayerAvailability\"],\"Effect\":\"Allow\",\"Principal\":{\"AWS\":\"arn:aws:iam::336241431902:role/aws-reserved/sso.amazonaws.com/eu-west-2/AWSReservedSSO_AdministratorAccess_824f48fbf5e79ff4\"},\"Sid\":\"AllowPullPush\"},{\"Action\":[\"ecr:ListTagsForResource\",\"ecr:ListImages\",\"ecr:GetRepositoryPolicy\",\"ecr:GetLifecyclePolicyPreview\",\"ecr:GetLifecyclePolicy\",\"ecr:GetDownloadUrlForLayer\",\"ecr:GetAuthorizationToken\",\"ecr:DescribeRepositories\",\"ecr:DescribeImages\",\"ecr:DescribeImageScanFindings\",\"ecr:BatchGetImage\",\"ecr:BatchCheckLayerAvailability\"],\"Effect\":\"Allow\",\"Principal\":{\"AWS\":[\"arn:aws:iam::336241431902:root\",\"arn:aws:iam::198698840116:root\"]},\"Sid\":\"EcrReadOnlyDevAccess\"}],\"Version\":\"2012-10-17\"}",
            "registry_id": "336241431902",
            "repository": "platform/helm-charts/external-secrets"
          },
          "sensitive_attributes": [],
          "private": "bnVsbA==",
          "dependencies": [
            "module.shared_service_spacelift_prequisites.module.kms_ecr.aws_kms_key.this",
            "module.shared_service_spacelift_prequisites.module.kms_ecr.data.aws_iam_policy_document.combined_with_serviceprincipals_and_conditions",
            "module.shared_service_spacelift_prequisites.module.kms_ecr.data.aws_iam_policy_document.combined_with_viaservice_condition",
            "module.shared_service_spacelift_prequisites.module.kms_ecr.data.aws_iam_policy_document.general_policy",
            "module.shared_service_spacelift_prequisites.module.platform_ecr.aws_ecr_repository.this",
            "module.shared_service_spacelift_prequisites.module.platform_ecr.data.aws_iam_policy_document.pullpush_policy"
          ]
        },
        {
          "index_key": "platform/images/actions-runner-controller",
          "schema_version": 0,
          "attributes": {
            "id": "platform/images/actions-runner-controller",
            "policy": "{\"Statement\":[{\"Action\":[\"ecr:UploadLayerPart\",\"ecr:PutImage\",\"ecr:InitiateLayerUpload\",\"ecr:GetDownloadUrlForLayer\",\"ecr:CompleteLayerUpload\",\"ecr:BatchGetImage\",\"ecr:BatchCheckLayerAvailability\"],\"Effect\":\"Allow\",\"Principal\":{\"AWS\":\"arn:aws:iam::336241431902:role/aws-reserved/sso.amazonaws.com/eu-west-2/AWSReservedSSO_AdministratorAccess_824f48fbf5e79ff4\"},\"Sid\":\"AllowPullPush\"},{\"Action\":[\"ecr:ListTagsForResource\",\"ecr:ListImages\",\"ecr:GetRepositoryPolicy\",\"ecr:GetLifecyclePolicyPreview\",\"ecr:GetLifecyclePolicy\",\"ecr:GetDownloadUrlForLayer\",\"ecr:GetAuthorizationToken\",\"ecr:DescribeRepositories\",\"ecr:DescribeImages\",\"ecr:DescribeImageScanFindings\",\"ecr:BatchGetImage\",\"ecr:BatchCheckLayerAvailability\"],\"Effect\":\"Allow\",\"Principal\":{\"AWS\":[\"arn:aws:iam::336241431902:root\",\"arn:aws:iam::198698840116:root\"]},\"Sid\":\"EcrReadOnlyDevAccess\"}],\"Version\":\"2012-10-17\"}",
            "registry_id": "336241431902",
            "repository": "platform/images/actions-runner-controller"
          },
          "sensitive_attributes": [],
          "private": "bnVsbA==",
          "dependencies": [
            "module.shared_service_spacelift_prequisites.module.kms_ecr.aws_kms_key.this",
            "module.shared_service_spacelift_prequisites.module.kms_ecr.data.aws_iam_policy_document.combined_with_serviceprincipals_and_conditions",
            "module.shared_service_spacelift_prequisites.module.kms_ecr.data.aws_iam_policy_document.combined_with_viaservice_condition",
            "module.shared_service_spacelift_prequisites.module.kms_ecr.data.aws_iam_policy_document.general_policy",
            "module.shared_service_spacelift_prequisites.module.platform_ecr.aws_ecr_repository.this",
            "module.shared_service_spacelift_prequisites.module.platform_ecr.data.aws_iam_policy_document.pullpush_policy"
          ]
        },
        {
          "index_key": "platform/images/argocd",
          "schema_version": 0,
          "attributes": {
            "id": "platform/images/argocd",
            "policy": "{\"Statement\":[{\"Action\":[\"ecr:UploadLayerPart\",\"ecr:PutImage\",\"ecr:InitiateLayerUpload\",\"ecr:GetDownloadUrlForLayer\",\"ecr:CompleteLayerUpload\",\"ecr:BatchGetImage\",\"ecr:BatchCheckLayerAvailability\"],\"Effect\":\"Allow\",\"Principal\":{\"AWS\":\"arn:aws:iam::336241431902:role/aws-reserved/sso.amazonaws.com/eu-west-2/AWSReservedSSO_AdministratorAccess_824f48fbf5e79ff4\"},\"Sid\":\"AllowPullPush\"},{\"Action\":[\"ecr:ListTagsForResource\",\"ecr:ListImages\",\"ecr:GetRepositoryPolicy\",\"ecr:GetLifecyclePolicyPreview\",\"ecr:GetLifecyclePolicy\",\"ecr:GetDownloadUrlForLayer\",\"ecr:GetAuthorizationToken\",\"ecr:DescribeRepositories\",\"ecr:DescribeImages\",\"ecr:DescribeImageScanFindings\",\"ecr:BatchGetImage\",\"ecr:BatchCheckLayerAvailability\"],\"Effect\":\"Allow\",\"Principal\":{\"AWS\":[\"arn:aws:iam::336241431902:root\",\"arn:aws:iam::198698840116:root\"]},\"Sid\":\"EcrReadOnlyDevAccess\"}],\"Version\":\"2012-10-17\"}",
            "registry_id": "336241431902",
            "repository": "platform/images/argocd"
          },
          "sensitive_attributes": [],
          "private": "bnVsbA==",
          "dependencies": [
            "module.shared_service_spacelift_prequisites.module.kms_ecr.aws_kms_key.this",
            "module.shared_service_spacelift_prequisites.module.kms_ecr.data.aws_iam_policy_document.combined_with_serviceprincipals_and_conditions",
            "module.shared_service_spacelift_prequisites.module.kms_ecr.data.aws_iam_policy_document.combined_with_viaservice_condition",
            "module.shared_service_spacelift_prequisites.module.kms_ecr.data.aws_iam_policy_document.general_policy",
            "module.shared_service_spacelift_prequisites.module.platform_ecr.aws_ecr_repository.this",
            "module.shared_service_spacelift_prequisites.module.platform_ecr.data.aws_iam_policy_document.pullpush_policy"
          ]
        },
        {
          "index_key": "platform/images/aws-ebs-csi-driver",
          "schema_version": 0,
          "attributes": {
            "id": "platform/images/aws-ebs-csi-driver",
            "policy": "{\"Statement\":[{\"Action\":[\"ecr:UploadLayerPart\",\"ecr:PutImage\",\"ecr:InitiateLayerUpload\",\"ecr:GetDownloadUrlForLayer\",\"ecr:CompleteLayerUpload\",\"ecr:BatchGetImage\",\"ecr:BatchCheckLayerAvailability\"],\"Effect\":\"Allow\",\"Principal\":{\"AWS\":\"arn:aws:iam::336241431902:role/aws-reserved/sso.amazonaws.com/eu-west-2/AWSReservedSSO_AdministratorAccess_824f48fbf5e79ff4\"},\"Sid\":\"AllowPullPush\"},{\"Action\":[\"ecr:ListTagsForResource\",\"ecr:ListImages\",\"ecr:GetRepositoryPolicy\",\"ecr:GetLifecyclePolicyPreview\",\"ecr:GetLifecyclePolicy\",\"ecr:GetDownloadUrlForLayer\",\"ecr:GetAuthorizationToken\",\"ecr:DescribeRepositories\",\"ecr:DescribeImages\",\"ecr:DescribeImageScanFindings\",\"ecr:BatchGetImage\",\"ecr:BatchCheckLayerAvailability\"],\"Effect\":\"Allow\",\"Principal\":{\"AWS\":[\"arn:aws:iam::336241431902:root\",\"arn:aws:iam::198698840116:root\"]},\"Sid\":\"EcrReadOnlyDevAccess\"}],\"Version\":\"2012-10-17\"}",
            "registry_id": "336241431902",
            "repository": "platform/images/aws-ebs-csi-driver"
          },
          "sensitive_attributes": [],
          "private": "bnVsbA==",
          "dependencies": [
            "module.shared_service_spacelift_prequisites.module.kms_ecr.aws_kms_key.this",
            "module.shared_service_spacelift_prequisites.module.platform_ecr.aws_ecr_repository.this",
            "module.shared_service_spacelift_prequisites.module.platform_ecr.data.aws_iam_policy_document.pullpush_policy"
          ]
        },
        {
          "index_key": "platform/images/aws-load-balancer-controller",
          "schema_version": 0,
          "attributes": {
            "id": "platform/images/aws-load-balancer-controller",
            "policy": "{\"Statement\":[{\"Action\":[\"ecr:UploadLayerPart\",\"ecr:PutImage\",\"ecr:InitiateLayerUpload\",\"ecr:GetDownloadUrlForLayer\",\"ecr:CompleteLayerUpload\",\"ecr:BatchGetImage\",\"ecr:BatchCheckLayerAvailability\"],\"Effect\":\"Allow\",\"Principal\":{\"AWS\":\"arn:aws:iam::336241431902:role/aws-reserved/sso.amazonaws.com/eu-west-2/AWSReservedSSO_AdministratorAccess_824f48fbf5e79ff4\"},\"Sid\":\"AllowPullPush\"},{\"Action\":[\"ecr:ListTagsForResource\",\"ecr:ListImages\",\"ecr:GetRepositoryPolicy\",\"ecr:GetLifecyclePolicyPreview\",\"ecr:GetLifecyclePolicy\",\"ecr:GetDownloadUrlForLayer\",\"ecr:GetAuthorizationToken\",\"ecr:DescribeRepositories\",\"ecr:DescribeImages\",\"ecr:DescribeImageScanFindings\",\"ecr:BatchGetImage\",\"ecr:BatchCheckLayerAvailability\"],\"Effect\":\"Allow\",\"Principal\":{\"AWS\":[\"arn:aws:iam::336241431902:root\",\"arn:aws:iam::198698840116:root\"]},\"Sid\":\"EcrReadOnlyDevAccess\"}],\"Version\":\"2012-10-17\"}",
            "registry_id": "336241431902",
            "repository": "platform/images/aws-load-balancer-controller"
          },
          "sensitive_attributes": [],
          "private": "bnVsbA==",
          "dependencies": [
            "module.shared_service_spacelift_prequisites.module.kms_ecr.aws_kms_key.this",
            "module.shared_service_spacelift_prequisites.module.platform_ecr.aws_ecr_repository.this",
            "module.shared_service_spacelift_prequisites.module.platform_ecr.data.aws_iam_policy_document.pullpush_policy"
          ]
        },
        {
          "index_key": "platform/images/aws-xray-daemon",
          "schema_version": 0,
          "attributes": {
            "id": "platform/images/aws-xray-daemon",
            "policy": "{\"Statement\":[{\"Action\":[\"ecr:UploadLayerPart\",\"ecr:PutImage\",\"ecr:InitiateLayerUpload\",\"ecr:GetDownloadUrlForLayer\",\"ecr:CompleteLayerUpload\",\"ecr:BatchGetImage\",\"ecr:BatchCheckLayerAvailability\"],\"Effect\":\"Allow\",\"Principal\":{\"AWS\":\"arn:aws:iam::336241431902:role/aws-reserved/sso.amazonaws.com/eu-west-2/AWSReservedSSO_AdministratorAccess_824f48fbf5e79ff4\"},\"Sid\":\"AllowPullPush\"},{\"Action\":[\"ecr:ListTagsForResource\",\"ecr:ListImages\",\"ecr:GetRepositoryPolicy\",\"ecr:GetLifecyclePolicyPreview\",\"ecr:GetLifecyclePolicy\",\"ecr:GetDownloadUrlForLayer\",\"ecr:GetAuthorizationToken\",\"ecr:DescribeRepositories\",\"ecr:DescribeImages\",\"ecr:DescribeImageScanFindings\",\"ecr:BatchGetImage\",\"ecr:BatchCheckLayerAvailability\"],\"Effect\":\"Allow\",\"Principal\":{\"AWS\":[\"arn:aws:iam::336241431902:root\",\"arn:aws:iam::198698840116:root\"]},\"Sid\":\"EcrReadOnlyDevAccess\"}],\"Version\":\"2012-10-17\"}",
            "registry_id": "336241431902",
            "repository": "platform/images/aws-xray-daemon"
          },
          "sensitive_attributes": [],
          "private": "bnVsbA==",
          "dependencies": [
            "module.shared_service_spacelift_prequisites.module.kms_ecr.aws_kms_key.this",
            "module.shared_service_spacelift_prequisites.module.kms_ecr.data.aws_iam_policy_document.combined_with_serviceprincipals_and_conditions",
            "module.shared_service_spacelift_prequisites.module.kms_ecr.data.aws_iam_policy_document.combined_with_viaservice_condition",
            "module.shared_service_spacelift_prequisites.module.kms_ecr.data.aws_iam_policy_document.general_policy",
            "module.shared_service_spacelift_prequisites.module.platform_ecr.aws_ecr_repository.this",
            "module.shared_service_spacelift_prequisites.module.platform_ecr.data.aws_iam_policy_document.pullpush_policy"
          ]
        },
        {
          "index_key": "platform/images/blackbox-exporter",
          "schema_version": 0,
          "attributes": {
            "id": "platform/images/blackbox-exporter",
            "policy": "{\"Statement\":[{\"Action\":[\"ecr:UploadLayerPart\",\"ecr:PutImage\",\"ecr:InitiateLayerUpload\",\"ecr:GetDownloadUrlForLayer\",\"ecr:CompleteLayerUpload\",\"ecr:BatchGetImage\",\"ecr:BatchCheckLayerAvailability\"],\"Effect\":\"Allow\",\"Principal\":{\"AWS\":\"arn:aws:iam::336241431902:role/aws-reserved/sso.amazonaws.com/eu-west-2/AWSReservedSSO_AdministratorAccess_824f48fbf5e79ff4\"},\"Sid\":\"AllowPullPush\"},{\"Action\":[\"ecr:ListTagsForResource\",\"ecr:ListImages\",\"ecr:GetRepositoryPolicy\",\"ecr:GetLifecyclePolicyPreview\",\"ecr:GetLifecyclePolicy\",\"ecr:GetDownloadUrlForLayer\",\"ecr:GetAuthorizationToken\",\"ecr:DescribeRepositories\",\"ecr:DescribeImages\",\"ecr:DescribeImageScanFindings\",\"ecr:BatchGetImage\",\"ecr:BatchCheckLayerAvailability\"],\"Effect\":\"Allow\",\"Principal\":{\"AWS\":[\"arn:aws:iam::336241431902:root\",\"arn:aws:iam::198698840116:root\"]},\"Sid\":\"EcrReadOnlyDevAccess\"}],\"Version\":\"2012-10-17\"}",
            "registry_id": "336241431902",
            "repository": "platform/images/blackbox-exporter"
          },
          "sensitive_attributes": [],
          "private": "bnVsbA==",
          "dependencies": [
            "module.shared_service_spacelift_prequisites.module.kms_ecr.aws_kms_key.this",
            "module.shared_service_spacelift_prequisites.module.kms_ecr.data.aws_iam_policy_document.combined_with_serviceprincipals_and_conditions",
            "module.shared_service_spacelift_prequisites.module.kms_ecr.data.aws_iam_policy_document.combined_with_viaservice_condition",
            "module.shared_service_spacelift_prequisites.module.kms_ecr.data.aws_iam_policy_document.general_policy",
            "module.shared_service_spacelift_prequisites.module.platform_ecr.aws_ecr_repository.this",
            "module.shared_service_spacelift_prequisites.module.platform_ecr.data.aws_iam_policy_document.pullpush_policy"
          ]
        },
        {
          "index_key": "platform/images/cert-manager-acmesolver",
          "schema_version": 0,
          "attributes": {
            "id": "platform/images/cert-manager-acmesolver",
            "policy": "{\"Statement\":[{\"Action\":[\"ecr:UploadLayerPart\",\"ecr:PutImage\",\"ecr:InitiateLayerUpload\",\"ecr:GetDownloadUrlForLayer\",\"ecr:CompleteLayerUpload\",\"ecr:BatchGetImage\",\"ecr:BatchCheckLayerAvailability\"],\"Effect\":\"Allow\",\"Principal\":{\"AWS\":\"arn:aws:iam::336241431902:role/aws-reserved/sso.amazonaws.com/eu-west-2/AWSReservedSSO_AdministratorAccess_824f48fbf5e79ff4\"},\"Sid\":\"AllowPullPush\"},{\"Action\":[\"ecr:ListTagsForResource\",\"ecr:ListImages\",\"ecr:GetRepositoryPolicy\",\"ecr:GetLifecyclePolicyPreview\",\"ecr:GetLifecyclePolicy\",\"ecr:GetDownloadUrlForLayer\",\"ecr:GetAuthorizationToken\",\"ecr:DescribeRepositories\",\"ecr:DescribeImages\",\"ecr:DescribeImageScanFindings\",\"ecr:BatchGetImage\",\"ecr:BatchCheckLayerAvailability\"],\"Effect\":\"Allow\",\"Principal\":{\"AWS\":[\"arn:aws:iam::336241431902:root\",\"arn:aws:iam::198698840116:root\"]},\"Sid\":\"EcrReadOnlyDevAccess\"}],\"Version\":\"2012-10-17\"}",
            "registry_id": "336241431902",
            "repository": "platform/images/cert-manager-acmesolver"
          },
          "sensitive_attributes": [],
          "private": "bnVsbA==",
          "dependencies": [
            "module.shared_service_spacelift_prequisites.module.kms_ecr.aws_kms_key.this",
            "module.shared_service_spacelift_prequisites.module.platform_ecr.aws_ecr_repository.this",
            "module.shared_service_spacelift_prequisites.module.platform_ecr.data.aws_iam_policy_document.pullpush_policy"
          ]
        },
        {
          "index_key": "platform/images/cert-manager-cainjector",
          "schema_version": 0,
          "attributes": {
            "id": "platform/images/cert-manager-cainjector",
            "policy": "{\"Statement\":[{\"Action\":[\"ecr:UploadLayerPart\",\"ecr:PutImage\",\"ecr:InitiateLayerUpload\",\"ecr:GetDownloadUrlForLayer\",\"ecr:CompleteLayerUpload\",\"ecr:BatchGetImage\",\"ecr:BatchCheckLayerAvailability\"],\"Effect\":\"Allow\",\"Principal\":{\"AWS\":\"arn:aws:iam::336241431902:role/aws-reserved/sso.amazonaws.com/eu-west-2/AWSReservedSSO_AdministratorAccess_824f48fbf5e79ff4\"},\"Sid\":\"AllowPullPush\"},{\"Action\":[\"ecr:ListTagsForResource\",\"ecr:ListImages\",\"ecr:GetRepositoryPolicy\",\"ecr:GetLifecyclePolicyPreview\",\"ecr:GetLifecyclePolicy\",\"ecr:GetDownloadUrlForLayer\",\"ecr:GetAuthorizationToken\",\"ecr:DescribeRepositories\",\"ecr:DescribeImages\",\"ecr:DescribeImageScanFindings\",\"ecr:BatchGetImage\",\"ecr:BatchCheckLayerAvailability\"],\"Effect\":\"Allow\",\"Principal\":{\"AWS\":[\"arn:aws:iam::336241431902:root\",\"arn:aws:iam::198698840116:root\"]},\"Sid\":\"EcrReadOnlyDevAccess\"}],\"Version\":\"2012-10-17\"}",
            "registry_id": "336241431902",
            "repository": "platform/images/cert-manager-cainjector"
          },
          "sensitive_attributes": [],
          "private": "bnVsbA==",
          "dependencies": [
            "module.shared_service_spacelift_prequisites.module.kms_ecr.aws_kms_key.this",
            "module.shared_service_spacelift_prequisites.module.kms_ecr.data.aws_iam_policy_document.combined_with_serviceprincipals_and_conditions",
            "module.shared_service_spacelift_prequisites.module.kms_ecr.data.aws_iam_policy_document.combined_with_viaservice_condition",
            "module.shared_service_spacelift_prequisites.module.kms_ecr.data.aws_iam_policy_document.general_policy",
            "module.shared_service_spacelift_prequisites.module.platform_ecr.aws_ecr_repository.this",
            "module.shared_service_spacelift_prequisites.module.platform_ecr.data.aws_iam_policy_document.pullpush_policy"
          ]
        },
        {
          "index_key": "platform/images/cert-manager-controller",
          "schema_version": 0,
          "attributes": {
            "id": "platform/images/cert-manager-controller",
            "policy": "{\"Statement\":[{\"Action\":[\"ecr:UploadLayerPart\",\"ecr:PutImage\",\"ecr:InitiateLayerUpload\",\"ecr:GetDownloadUrlForLayer\",\"ecr:CompleteLayerUpload\",\"ecr:BatchGetImage\",\"ecr:BatchCheckLayerAvailability\"],\"Effect\":\"Allow\",\"Principal\":{\"AWS\":\"arn:aws:iam::336241431902:role/aws-reserved/sso.amazonaws.com/eu-west-2/AWSReservedSSO_AdministratorAccess_824f48fbf5e79ff4\"},\"Sid\":\"AllowPullPush\"},{\"Action\":[\"ecr:ListTagsForResource\",\"ecr:ListImages\",\"ecr:GetRepositoryPolicy\",\"ecr:GetLifecyclePolicyPreview\",\"ecr:GetLifecyclePolicy\",\"ecr:GetDownloadUrlForLayer\",\"ecr:GetAuthorizationToken\",\"ecr:DescribeRepositories\",\"ecr:DescribeImages\",\"ecr:DescribeImageScanFindings\",\"ecr:BatchGetImage\",\"ecr:BatchCheckLayerAvailability\"],\"Effect\":\"Allow\",\"Principal\":{\"AWS\":[\"arn:aws:iam::336241431902:root\",\"arn:aws:iam::198698840116:root\"]},\"Sid\":\"EcrReadOnlyDevAccess\"}],\"Version\":\"2012-10-17\"}",
            "registry_id": "336241431902",
            "repository": "platform/images/cert-manager-controller"
          },
          "sensitive_attributes": [],
          "private": "bnVsbA==",
          "dependencies": [
            "module.shared_service_spacelift_prequisites.module.kms_ecr.aws_kms_key.this",
            "module.shared_service_spacelift_prequisites.module.kms_ecr.data.aws_iam_policy_document.combined_with_serviceprincipals_and_conditions",
            "module.shared_service_spacelift_prequisites.module.kms_ecr.data.aws_iam_policy_document.combined_with_viaservice_condition",
            "module.shared_service_spacelift_prequisites.module.kms_ecr.data.aws_iam_policy_document.general_policy",
            "module.shared_service_spacelift_prequisites.module.platform_ecr.aws_ecr_repository.this",
            "module.shared_service_spacelift_prequisites.module.platform_ecr.data.aws_iam_policy_document.pullpush_policy"
          ]
        },
        {
          "index_key": "platform/images/cert-manager-ctl",
          "schema_version": 0,
          "attributes": {
            "id": "platform/images/cert-manager-ctl",
            "policy": "{\"Statement\":[{\"Action\":[\"ecr:UploadLayerPart\",\"ecr:PutImage\",\"ecr:InitiateLayerUpload\",\"ecr:GetDownloadUrlForLayer\",\"ecr:CompleteLayerUpload\",\"ecr:BatchGetImage\",\"ecr:BatchCheckLayerAvailability\"],\"Effect\":\"Allow\",\"Principal\":{\"AWS\":\"arn:aws:iam::336241431902:role/aws-reserved/sso.amazonaws.com/eu-west-2/AWSReservedSSO_AdministratorAccess_824f48fbf5e79ff4\"},\"Sid\":\"AllowPullPush\"},{\"Action\":[\"ecr:ListTagsForResource\",\"ecr:ListImages\",\"ecr:GetRepositoryPolicy\",\"ecr:GetLifecyclePolicyPreview\",\"ecr:GetLifecyclePolicy\",\"ecr:GetDownloadUrlForLayer\",\"ecr:GetAuthorizationToken\",\"ecr:DescribeRepositories\",\"ecr:DescribeImages\",\"ecr:DescribeImageScanFindings\",\"ecr:BatchGetImage\",\"ecr:BatchCheckLayerAvailability\"],\"Effect\":\"Allow\",\"Principal\":{\"AWS\":[\"arn:aws:iam::336241431902:root\",\"arn:aws:iam::198698840116:root\"]},\"Sid\":\"EcrReadOnlyDevAccess\"}],\"Version\":\"2012-10-17\"}",
            "registry_id": "336241431902",
            "repository": "platform/images/cert-manager-ctl"
          },
          "sensitive_attributes": [],
          "private": "bnVsbA==",
          "dependencies": [
            "module.shared_service_spacelift_prequisites.module.kms_ecr.aws_kms_key.this",
            "module.shared_service_spacelift_prequisites.module.kms_ecr.data.aws_iam_policy_document.combined_with_serviceprincipals_and_conditions",
            "module.shared_service_spacelift_prequisites.module.kms_ecr.data.aws_iam_policy_document.combined_with_viaservice_condition",
            "module.shared_service_spacelift_prequisites.module.kms_ecr.data.aws_iam_policy_document.general_policy",
            "module.shared_service_spacelift_prequisites.module.platform_ecr.aws_ecr_repository.this",
            "module.shared_service_spacelift_prequisites.module.platform_ecr.data.aws_iam_policy_document.pullpush_policy"
          ]
        },
        {
          "index_key": "platform/images/cert-manager-webhook",
          "schema_version": 0,
          "attributes": {
            "id": "platform/images/cert-manager-webhook",
            "policy": "{\"Statement\":[{\"Action\":[\"ecr:UploadLayerPart\",\"ecr:PutImage\",\"ecr:InitiateLayerUpload\",\"ecr:GetDownloadUrlForLayer\",\"ecr:CompleteLayerUpload\",\"ecr:BatchGetImage\",\"ecr:BatchCheckLayerAvailability\"],\"Effect\":\"Allow\",\"Principal\":{\"AWS\":\"arn:aws:iam::336241431902:role/aws-reserved/sso.amazonaws.com/eu-west-2/AWSReservedSSO_AdministratorAccess_824f48fbf5e79ff4\"},\"Sid\":\"AllowPullPush\"},{\"Action\":[\"ecr:ListTagsForResource\",\"ecr:ListImages\",\"ecr:GetRepositoryPolicy\",\"ecr:GetLifecyclePolicyPreview\",\"ecr:GetLifecyclePolicy\",\"ecr:GetDownloadUrlForLayer\",\"ecr:GetAuthorizationToken\",\"ecr:DescribeRepositories\",\"ecr:DescribeImages\",\"ecr:DescribeImageScanFindings\",\"ecr:BatchGetImage\",\"ecr:BatchCheckLayerAvailability\"],\"Effect\":\"Allow\",\"Principal\":{\"AWS\":[\"arn:aws:iam::336241431902:root\",\"arn:aws:iam::198698840116:root\"]},\"Sid\":\"EcrReadOnlyDevAccess\"}],\"Version\":\"2012-10-17\"}",
            "registry_id": "336241431902",
            "repository": "platform/images/cert-manager-webhook"
          },
          "sensitive_attributes": [],
          "private": "bnVsbA==",
          "dependencies": [
            "module.shared_service_spacelift_prequisites.module.kms_ecr.aws_kms_key.this",
            "module.shared_service_spacelift_prequisites.module.kms_ecr.data.aws_iam_policy_document.combined_with_serviceprincipals_and_conditions",
            "module.shared_service_spacelift_prequisites.module.kms_ecr.data.aws_iam_policy_document.combined_with_viaservice_condition",
            "module.shared_service_spacelift_prequisites.module.kms_ecr.data.aws_iam_policy_document.general_policy",
            "module.shared_service_spacelift_prequisites.module.platform_ecr.aws_ecr_repository.this",
            "module.shared_service_spacelift_prequisites.module.platform_ecr.data.aws_iam_policy_document.pullpush_policy"
          ]
        },
        {
          "index_key": "platform/images/cloudwatch-agent",
          "schema_version": 0,
          "attributes": {
            "id": "platform/images/cloudwatch-agent",
            "policy": "{\"Statement\":[{\"Action\":[\"ecr:UploadLayerPart\",\"ecr:PutImage\",\"ecr:InitiateLayerUpload\",\"ecr:GetDownloadUrlForLayer\",\"ecr:CompleteLayerUpload\",\"ecr:BatchGetImage\",\"ecr:BatchCheckLayerAvailability\"],\"Effect\":\"Allow\",\"Principal\":{\"AWS\":\"arn:aws:iam::336241431902:role/aws-reserved/sso.amazonaws.com/eu-west-2/AWSReservedSSO_AdministratorAccess_824f48fbf5e79ff4\"},\"Sid\":\"AllowPullPush\"},{\"Action\":[\"ecr:ListTagsForResource\",\"ecr:ListImages\",\"ecr:GetRepositoryPolicy\",\"ecr:GetLifecyclePolicyPreview\",\"ecr:GetLifecyclePolicy\",\"ecr:GetDownloadUrlForLayer\",\"ecr:GetAuthorizationToken\",\"ecr:DescribeRepositories\",\"ecr:DescribeImages\",\"ecr:DescribeImageScanFindings\",\"ecr:BatchGetImage\",\"ecr:BatchCheckLayerAvailability\"],\"Effect\":\"Allow\",\"Principal\":{\"AWS\":[\"arn:aws:iam::336241431902:root\",\"arn:aws:iam::198698840116:root\"]},\"Sid\":\"EcrReadOnlyDevAccess\"}],\"Version\":\"2012-10-17\"}",
            "registry_id": "336241431902",
            "repository": "platform/images/cloudwatch-agent"
          },
          "sensitive_attributes": [],
          "private": "bnVsbA==",
          "dependencies": [
            "module.shared_service_spacelift_prequisites.module.kms_ecr.aws_kms_key.this",
            "module.shared_service_spacelift_prequisites.module.kms_ecr.data.aws_iam_policy_document.combined_with_serviceprincipals_and_conditions",
            "module.shared_service_spacelift_prequisites.module.kms_ecr.data.aws_iam_policy_document.combined_with_viaservice_condition",
            "module.shared_service_spacelift_prequisites.module.kms_ecr.data.aws_iam_policy_document.general_policy",
            "module.shared_service_spacelift_prequisites.module.platform_ecr.aws_ecr_repository.this",
            "module.shared_service_spacelift_prequisites.module.platform_ecr.data.aws_iam_policy_document.pullpush_policy"
          ]
        },
        {
          "index_key": "platform/images/cluster-autoscaler",
          "schema_version": 0,
          "attributes": {
            "id": "platform/images/cluster-autoscaler",
            "policy": "{\"Statement\":[{\"Action\":[\"ecr:UploadLayerPart\",\"ecr:PutImage\",\"ecr:InitiateLayerUpload\",\"ecr:GetDownloadUrlForLayer\",\"ecr:CompleteLayerUpload\",\"ecr:BatchGetImage\",\"ecr:BatchCheckLayerAvailability\"],\"Effect\":\"Allow\",\"Principal\":{\"AWS\":\"arn:aws:iam::336241431902:role/aws-reserved/sso.amazonaws.com/eu-west-2/AWSReservedSSO_AdministratorAccess_824f48fbf5e79ff4\"},\"Sid\":\"AllowPullPush\"},{\"Action\":[\"ecr:ListTagsForResource\",\"ecr:ListImages\",\"ecr:GetRepositoryPolicy\",\"ecr:GetLifecyclePolicyPreview\",\"ecr:GetLifecyclePolicy\",\"ecr:GetDownloadUrlForLayer\",\"ecr:GetAuthorizationToken\",\"ecr:DescribeRepositories\",\"ecr:DescribeImages\",\"ecr:DescribeImageScanFindings\",\"ecr:BatchGetImage\",\"ecr:BatchCheckLayerAvailability\"],\"Effect\":\"Allow\",\"Principal\":{\"AWS\":[\"arn:aws:iam::336241431902:root\",\"arn:aws:iam::198698840116:root\"]},\"Sid\":\"EcrReadOnlyDevAccess\"}],\"Version\":\"2012-10-17\"}",
            "registry_id": "336241431902",
            "repository": "platform/images/cluster-autoscaler"
          },
          "sensitive_attributes": [],
          "private": "bnVsbA==",
          "dependencies": [
            "module.shared_service_spacelift_prequisites.module.kms_ecr.aws_kms_key.this",
            "module.shared_service_spacelift_prequisites.module.kms_ecr.data.aws_iam_policy_document.combined_with_serviceprincipals_and_conditions",
            "module.shared_service_spacelift_prequisites.module.kms_ecr.data.aws_iam_policy_document.combined_with_viaservice_condition",
            "module.shared_service_spacelift_prequisites.module.kms_ecr.data.aws_iam_policy_document.general_policy",
            "module.shared_service_spacelift_prequisites.module.platform_ecr.aws_ecr_repository.this",
            "module.shared_service_spacelift_prequisites.module.platform_ecr.data.aws_iam_policy_document.pullpush_policy"
          ]
        },
        {
          "index_key": "platform/images/docker-in-docker",
          "schema_version": 0,
          "attributes": {
            "id": "platform/images/docker-in-docker",
            "policy": "{\"Statement\":[{\"Action\":[\"ecr:UploadLayerPart\",\"ecr:PutImage\",\"ecr:InitiateLayerUpload\",\"ecr:GetDownloadUrlForLayer\",\"ecr:CompleteLayerUpload\",\"ecr:BatchGetImage\",\"ecr:BatchCheckLayerAvailability\"],\"Effect\":\"Allow\",\"Principal\":{\"AWS\":\"arn:aws:iam::336241431902:role/aws-reserved/sso.amazonaws.com/eu-west-2/AWSReservedSSO_AdministratorAccess_824f48fbf5e79ff4\"},\"Sid\":\"AllowPullPush\"},{\"Action\":[\"ecr:ListTagsForResource\",\"ecr:ListImages\",\"ecr:GetRepositoryPolicy\",\"ecr:GetLifecyclePolicyPreview\",\"ecr:GetLifecyclePolicy\",\"ecr:GetDownloadUrlForLayer\",\"ecr:GetAuthorizationToken\",\"ecr:DescribeRepositories\",\"ecr:DescribeImages\",\"ecr:DescribeImageScanFindings\",\"ecr:BatchGetImage\",\"ecr:BatchCheckLayerAvailability\"],\"Effect\":\"Allow\",\"Principal\":{\"AWS\":[\"arn:aws:iam::336241431902:root\",\"arn:aws:iam::198698840116:root\"]},\"Sid\":\"EcrReadOnlyDevAccess\"}],\"Version\":\"2012-10-17\"}",
            "registry_id": "336241431902",
            "repository": "platform/images/docker-in-docker"
          },
          "sensitive_attributes": [],
          "private": "bnVsbA==",
          "dependencies": [
            "module.shared_service_spacelift_prequisites.module.kms_ecr.aws_kms_key.this",
            "module.shared_service_spacelift_prequisites.module.kms_ecr.data.aws_iam_policy_document.combined_with_serviceprincipals_and_conditions",
            "module.shared_service_spacelift_prequisites.module.kms_ecr.data.aws_iam_policy_document.combined_with_viaservice_condition",
            "module.shared_service_spacelift_prequisites.module.kms_ecr.data.aws_iam_policy_document.general_policy",
            "module.shared_service_spacelift_prequisites.module.platform_ecr.aws_ecr_repository.this",
            "module.shared_service_spacelift_prequisites.module.platform_ecr.data.aws_iam_policy_document.pullpush_policy"
          ]
        },
        {
          "index_key": "platform/images/external-dns",
          "schema_version": 0,
          "attributes": {
            "id": "platform/images/external-dns",
            "policy": "{\"Statement\":[{\"Action\":[\"ecr:UploadLayerPart\",\"ecr:PutImage\",\"ecr:InitiateLayerUpload\",\"ecr:GetDownloadUrlForLayer\",\"ecr:CompleteLayerUpload\",\"ecr:BatchGetImage\",\"ecr:BatchCheckLayerAvailability\"],\"Effect\":\"Allow\",\"Principal\":{\"AWS\":\"arn:aws:iam::336241431902:role/aws-reserved/sso.amazonaws.com/eu-west-2/AWSReservedSSO_AdministratorAccess_824f48fbf5e79ff4\"},\"Sid\":\"AllowPullPush\"},{\"Action\":[\"ecr:ListTagsForResource\",\"ecr:ListImages\",\"ecr:GetRepositoryPolicy\",\"ecr:GetLifecyclePolicyPreview\",\"ecr:GetLifecyclePolicy\",\"ecr:GetDownloadUrlForLayer\",\"ecr:GetAuthorizationToken\",\"ecr:DescribeRepositories\",\"ecr:DescribeImages\",\"ecr:DescribeImageScanFindings\",\"ecr:BatchGetImage\",\"ecr:BatchCheckLayerAvailability\"],\"Effect\":\"Allow\",\"Principal\":{\"AWS\":[\"arn:aws:iam::336241431902:root\",\"arn:aws:iam::198698840116:root\"]},\"Sid\":\"EcrReadOnlyDevAccess\"}],\"Version\":\"2012-10-17\"}",
            "registry_id": "336241431902",
            "repository": "platform/images/external-dns"
          },
          "sensitive_attributes": [],
          "private": "bnVsbA==",
          "dependencies": [
            "module.shared_service_spacelift_prequisites.module.kms_ecr.aws_kms_key.this",
            "module.shared_service_spacelift_prequisites.module.kms_ecr.data.aws_iam_policy_document.combined_with_serviceprincipals_and_conditions",
            "module.shared_service_spacelift_prequisites.module.kms_ecr.data.aws_iam_policy_document.combined_with_viaservice_condition",
            "module.shared_service_spacelift_prequisites.module.kms_ecr.data.aws_iam_policy_document.general_policy",
            "module.shared_service_spacelift_prequisites.module.platform_ecr.aws_ecr_repository.this",
            "module.shared_service_spacelift_prequisites.module.platform_ecr.data.aws_iam_policy_document.pullpush_policy"
          ]
        },
        {
          "index_key": "platform/images/external-secrets",
          "schema_version": 0,
          "attributes": {
            "id": "platform/images/external-secrets",
            "policy": "{\"Statement\":[{\"Action\":[\"ecr:UploadLayerPart\",\"ecr:PutImage\",\"ecr:InitiateLayerUpload\",\"ecr:GetDownloadUrlForLayer\",\"ecr:CompleteLayerUpload\",\"ecr:BatchGetImage\",\"ecr:BatchCheckLayerAvailability\"],\"Effect\":\"Allow\",\"Principal\":{\"AWS\":\"arn:aws:iam::336241431902:role/aws-reserved/sso.amazonaws.com/eu-west-2/AWSReservedSSO_AdministratorAccess_824f48fbf5e79ff4\"},\"Sid\":\"AllowPullPush\"},{\"Action\":[\"ecr:ListTagsForResource\",\"ecr:ListImages\",\"ecr:GetRepositoryPolicy\",\"ecr:GetLifecyclePolicyPreview\",\"ecr:GetLifecyclePolicy\",\"ecr:GetDownloadUrlForLayer\",\"ecr:GetAuthorizationToken\",\"ecr:DescribeRepositories\",\"ecr:DescribeImages\",\"ecr:DescribeImageScanFindings\",\"ecr:BatchGetImage\",\"ecr:BatchCheckLayerAvailability\"],\"Effect\":\"Allow\",\"Principal\":{\"AWS\":[\"arn:aws:iam::336241431902:root\",\"arn:aws:iam::198698840116:root\"]},\"Sid\":\"EcrReadOnlyDevAccess\"}],\"Version\":\"2012-10-17\"}",
            "registry_id": "336241431902",
            "repository": "platform/images/external-secrets"
          },
          "sensitive_attributes": [],
          "private": "bnVsbA==",
          "dependencies": [
            "module.shared_service_spacelift_prequisites.module.kms_ecr.aws_kms_key.this",
            "module.shared_service_spacelift_prequisites.module.kms_ecr.data.aws_iam_policy_document.combined_with_serviceprincipals_and_conditions",
            "module.shared_service_spacelift_prequisites.module.kms_ecr.data.aws_iam_policy_document.combined_with_viaservice_condition",
            "module.shared_service_spacelift_prequisites.module.kms_ecr.data.aws_iam_policy_document.general_policy",
            "module.shared_service_spacelift_prequisites.module.platform_ecr.aws_ecr_repository.this",
            "module.shared_service_spacelift_prequisites.module.platform_ecr.data.aws_iam_policy_document.pullpush_policy"
          ]
        },
        {
          "index_key": "platform/images/fluent-bit",
          "schema_version": 0,
          "attributes": {
            "id": "platform/images/fluent-bit",
            "policy": "{\"Statement\":[{\"Action\":[\"ecr:UploadLayerPart\",\"ecr:PutImage\",\"ecr:InitiateLayerUpload\",\"ecr:GetDownloadUrlForLayer\",\"ecr:CompleteLayerUpload\",\"ecr:BatchGetImage\",\"ecr:BatchCheckLayerAvailability\"],\"Effect\":\"Allow\",\"Principal\":{\"AWS\":\"arn:aws:iam::336241431902:role/aws-reserved/sso.amazonaws.com/eu-west-2/AWSReservedSSO_AdministratorAccess_824f48fbf5e79ff4\"},\"Sid\":\"AllowPullPush\"},{\"Action\":[\"ecr:ListTagsForResource\",\"ecr:ListImages\",\"ecr:GetRepositoryPolicy\",\"ecr:GetLifecyclePolicyPreview\",\"ecr:GetLifecyclePolicy\",\"ecr:GetDownloadUrlForLayer\",\"ecr:GetAuthorizationToken\",\"ecr:DescribeRepositories\",\"ecr:DescribeImages\",\"ecr:DescribeImageScanFindings\",\"ecr:BatchGetImage\",\"ecr:BatchCheckLayerAvailability\"],\"Effect\":\"Allow\",\"Principal\":{\"AWS\":[\"arn:aws:iam::336241431902:root\",\"arn:aws:iam::198698840116:root\"]},\"Sid\":\"EcrReadOnlyDevAccess\"}],\"Version\":\"2012-10-17\"}",
            "registry_id": "336241431902",
            "repository": "platform/images/fluent-bit"
          },
          "sensitive_attributes": [],
          "private": "bnVsbA==",
          "dependencies": [
            "module.shared_service_spacelift_prequisites.module.kms_ecr.aws_kms_key.this",
            "module.shared_service_spacelift_prequisites.module.kms_ecr.data.aws_iam_policy_document.combined_with_serviceprincipals_and_conditions",
            "module.shared_service_spacelift_prequisites.module.kms_ecr.data.aws_iam_policy_document.combined_with_viaservice_condition",
            "module.shared_service_spacelift_prequisites.module.kms_ecr.data.aws_iam_policy_document.general_policy",
            "module.shared_service_spacelift_prequisites.module.platform_ecr.aws_ecr_repository.this",
            "module.shared_service_spacelift_prequisites.module.platform_ecr.data.aws_iam_policy_document.pullpush_policy"
          ]
        },
        {
          "index_key": "platform/images/github-actions-runner",
          "schema_version": 0,
          "attributes": {
            "id": "platform/images/github-actions-runner",
            "policy": "{\"Statement\":[{\"Action\":[\"ecr:UploadLayerPart\",\"ecr:PutImage\",\"ecr:InitiateLayerUpload\",\"ecr:GetDownloadUrlForLayer\",\"ecr:CompleteLayerUpload\",\"ecr:BatchGetImage\",\"ecr:BatchCheckLayerAvailability\"],\"Effect\":\"Allow\",\"Principal\":{\"AWS\":\"arn:aws:iam::336241431902:role/aws-reserved/sso.amazonaws.com/eu-west-2/AWSReservedSSO_AdministratorAccess_824f48fbf5e79ff4\"},\"Sid\":\"AllowPullPush\"},{\"Action\":[\"ecr:ListTagsForResource\",\"ecr:ListImages\",\"ecr:GetRepositoryPolicy\",\"ecr:GetLifecyclePolicyPreview\",\"ecr:GetLifecyclePolicy\",\"ecr:GetDownloadUrlForLayer\",\"ecr:GetAuthorizationToken\",\"ecr:DescribeRepositories\",\"ecr:DescribeImages\",\"ecr:DescribeImageScanFindings\",\"ecr:BatchGetImage\",\"ecr:BatchCheckLayerAvailability\"],\"Effect\":\"Allow\",\"Principal\":{\"AWS\":[\"arn:aws:iam::336241431902:root\",\"arn:aws:iam::198698840116:root\"]},\"Sid\":\"EcrReadOnlyDevAccess\"}],\"Version\":\"2012-10-17\"}",
            "registry_id": "336241431902",
            "repository": "platform/images/github-actions-runner"
          },
          "sensitive_attributes": [],
          "private": "bnVsbA==",
          "dependencies": [
            "module.shared_service_spacelift_prequisites.module.kms_ecr.aws_kms_key.this",
            "module.shared_service_spacelift_prequisites.module.kms_ecr.data.aws_iam_policy_document.combined_with_serviceprincipals_and_conditions",
            "module.shared_service_spacelift_prequisites.module.kms_ecr.data.aws_iam_policy_document.combined_with_viaservice_condition",
            "module.shared_service_spacelift_prequisites.module.kms_ecr.data.aws_iam_policy_document.general_policy",
            "module.shared_service_spacelift_prequisites.module.platform_ecr.aws_ecr_repository.this",
            "module.shared_service_spacelift_prequisites.module.platform_ecr.data.aws_iam_policy_document.pullpush_policy"
          ]
        },
        {
          "index_key": "platform/images/kube-rbac-proxy",
          "schema_version": 0,
          "attributes": {
            "id": "platform/images/kube-rbac-proxy",
            "policy": "{\"Statement\":[{\"Action\":[\"ecr:UploadLayerPart\",\"ecr:PutImage\",\"ecr:InitiateLayerUpload\",\"ecr:GetDownloadUrlForLayer\",\"ecr:CompleteLayerUpload\",\"ecr:BatchGetImage\",\"ecr:BatchCheckLayerAvailability\"],\"Effect\":\"Allow\",\"Principal\":{\"AWS\":\"arn:aws:iam::336241431902:role/aws-reserved/sso.amazonaws.com/eu-west-2/AWSReservedSSO_AdministratorAccess_824f48fbf5e79ff4\"},\"Sid\":\"AllowPullPush\"},{\"Action\":[\"ecr:ListTagsForResource\",\"ecr:ListImages\",\"ecr:GetRepositoryPolicy\",\"ecr:GetLifecyclePolicyPreview\",\"ecr:GetLifecyclePolicy\",\"ecr:GetDownloadUrlForLayer\",\"ecr:GetAuthorizationToken\",\"ecr:DescribeRepositories\",\"ecr:DescribeImages\",\"ecr:DescribeImageScanFindings\",\"ecr:BatchGetImage\",\"ecr:BatchCheckLayerAvailability\"],\"Effect\":\"Allow\",\"Principal\":{\"AWS\":[\"arn:aws:iam::336241431902:root\",\"arn:aws:iam::198698840116:root\"]},\"Sid\":\"EcrReadOnlyDevAccess\"}],\"Version\":\"2012-10-17\"}",
            "registry_id": "336241431902",
            "repository": "platform/images/kube-rbac-proxy"
          },
          "sensitive_attributes": [],
          "private": "bnVsbA==",
          "dependencies": [
            "module.shared_service_spacelift_prequisites.module.kms_ecr.aws_kms_key.this",
            "module.shared_service_spacelift_prequisites.module.kms_ecr.data.aws_iam_policy_document.combined_with_serviceprincipals_and_conditions",
            "module.shared_service_spacelift_prequisites.module.kms_ecr.data.aws_iam_policy_document.combined_with_viaservice_condition",
            "module.shared_service_spacelift_prequisites.module.kms_ecr.data.aws_iam_policy_document.general_policy",
            "module.shared_service_spacelift_prequisites.module.platform_ecr.aws_ecr_repository.this",
            "module.shared_service_spacelift_prequisites.module.platform_ecr.data.aws_iam_policy_document.pullpush_policy"
          ]
        },
        {
          "index_key": "platform/images/kubectl",
          "schema_version": 0,
          "attributes": {
            "id": "platform/images/kubectl",
            "policy": "{\"Statement\":[{\"Action\":[\"ecr:UploadLayerPart\",\"ecr:PutImage\",\"ecr:InitiateLayerUpload\",\"ecr:GetDownloadUrlForLayer\",\"ecr:CompleteLayerUpload\",\"ecr:BatchGetImage\",\"ecr:BatchCheckLayerAvailability\"],\"Effect\":\"Allow\",\"Principal\":{\"AWS\":\"arn:aws:iam::336241431902:role/aws-reserved/sso.amazonaws.com/eu-west-2/AWSReservedSSO_AdministratorAccess_824f48fbf5e79ff4\"},\"Sid\":\"AllowPullPush\"},{\"Action\":[\"ecr:ListTagsForResource\",\"ecr:ListImages\",\"ecr:GetRepositoryPolicy\",\"ecr:GetLifecyclePolicyPreview\",\"ecr:GetLifecyclePolicy\",\"ecr:GetDownloadUrlForLayer\",\"ecr:GetAuthorizationToken\",\"ecr:DescribeRepositories\",\"ecr:DescribeImages\",\"ecr:DescribeImageScanFindings\",\"ecr:BatchGetImage\",\"ecr:BatchCheckLayerAvailability\"],\"Effect\":\"Allow\",\"Principal\":{\"AWS\":[\"arn:aws:iam::336241431902:root\",\"arn:aws:iam::198698840116:root\"]},\"Sid\":\"EcrReadOnlyDevAccess\"}],\"Version\":\"2012-10-17\"}",
            "registry_id": "336241431902",
            "repository": "platform/images/kubectl"
          },
          "sensitive_attributes": [],
          "private": "bnVsbA==",
          "dependencies": [
            "module.shared_service_spacelift_prequisites.module.kms_ecr.aws_kms_key.this",
            "module.shared_service_spacelift_prequisites.module.kms_ecr.data.aws_iam_policy_document.combined_with_serviceprincipals_and_conditions",
            "module.shared_service_spacelift_prequisites.module.kms_ecr.data.aws_iam_policy_document.combined_with_viaservice_condition",
            "module.shared_service_spacelift_prequisites.module.kms_ecr.data.aws_iam_policy_document.general_policy",
            "module.shared_service_spacelift_prequisites.module.platform_ecr.aws_ecr_repository.this",
            "module.shared_service_spacelift_prequisites.module.platform_ecr.data.aws_iam_policy_document.pullpush_policy"
          ]
        },
        {
          "index_key": "platform/images/metrics-server",
          "schema_version": 0,
          "attributes": {
            "id": "platform/images/metrics-server",
            "policy": "{\"Statement\":[{\"Action\":[\"ecr:UploadLayerPart\",\"ecr:PutImage\",\"ecr:InitiateLayerUpload\",\"ecr:GetDownloadUrlForLayer\",\"ecr:CompleteLayerUpload\",\"ecr:BatchGetImage\",\"ecr:BatchCheckLayerAvailability\"],\"Effect\":\"Allow\",\"Principal\":{\"AWS\":\"arn:aws:iam::336241431902:role/aws-reserved/sso.amazonaws.com/eu-west-2/AWSReservedSSO_AdministratorAccess_824f48fbf5e79ff4\"},\"Sid\":\"AllowPullPush\"},{\"Action\":[\"ecr:ListTagsForResource\",\"ecr:ListImages\",\"ecr:GetRepositoryPolicy\",\"ecr:GetLifecyclePolicyPreview\",\"ecr:GetLifecyclePolicy\",\"ecr:GetDownloadUrlForLayer\",\"ecr:GetAuthorizationToken\",\"ecr:DescribeRepositories\",\"ecr:DescribeImages\",\"ecr:DescribeImageScanFindings\",\"ecr:BatchGetImage\",\"ecr:BatchCheckLayerAvailability\"],\"Effect\":\"Allow\",\"Principal\":{\"AWS\":[\"arn:aws:iam::336241431902:root\",\"arn:aws:iam::198698840116:root\"]},\"Sid\":\"EcrReadOnlyDevAccess\"}],\"Version\":\"2012-10-17\"}",
            "registry_id": "336241431902",
            "repository": "platform/images/metrics-server"
          },
          "sensitive_attributes": [],
          "private": "bnVsbA==",
          "dependencies": [
            "module.shared_service_spacelift_prequisites.module.kms_ecr.aws_kms_key.this",
            "module.shared_service_spacelift_prequisites.module.kms_ecr.data.aws_iam_policy_document.combined_with_serviceprincipals_and_conditions",
            "module.shared_service_spacelift_prequisites.module.kms_ecr.data.aws_iam_policy_document.combined_with_viaservice_condition",
            "module.shared_service_spacelift_prequisites.module.kms_ecr.data.aws_iam_policy_document.general_policy",
            "module.shared_service_spacelift_prequisites.module.platform_ecr.aws_ecr_repository.this",
            "module.shared_service_spacelift_prequisites.module.platform_ecr.data.aws_iam_policy_document.pullpush_policy"
          ]
        },
        {
          "index_key": "platform/images/postgresql",
          "schema_version": 0,
          "attributes": {
            "id": "platform/images/postgresql",
            "policy": "{\"Statement\":[{\"Action\":[\"ecr:UploadLayerPart\",\"ecr:PutImage\",\"ecr:InitiateLayerUpload\",\"ecr:GetDownloadUrlForLayer\",\"ecr:CompleteLayerUpload\",\"ecr:BatchGetImage\",\"ecr:BatchCheckLayerAvailability\"],\"Effect\":\"Allow\",\"Principal\":{\"AWS\":\"arn:aws:iam::336241431902:role/aws-reserved/sso.amazonaws.com/eu-west-2/AWSReservedSSO_AdministratorAccess_824f48fbf5e79ff4\"},\"Sid\":\"AllowPullPush\"},{\"Action\":[\"ecr:ListTagsForResource\",\"ecr:ListImages\",\"ecr:GetRepositoryPolicy\",\"ecr:GetLifecyclePolicyPreview\",\"ecr:GetLifecyclePolicy\",\"ecr:GetDownloadUrlForLayer\",\"ecr:GetAuthorizationToken\",\"ecr:DescribeRepositories\",\"ecr:DescribeImages\",\"ecr:DescribeImageScanFindings\",\"ecr:BatchGetImage\",\"ecr:BatchCheckLayerAvailability\"],\"Effect\":\"Allow\",\"Principal\":{\"AWS\":[\"arn:aws:iam::336241431902:root\",\"arn:aws:iam::198698840116:root\"]},\"Sid\":\"EcrReadOnlyDevAccess\"}],\"Version\":\"2012-10-17\"}",
            "registry_id": "336241431902",
            "repository": "platform/images/postgresql"
          },
          "sensitive_attributes": [],
          "private": "bnVsbA==",
          "dependencies": [
            "module.shared_service_spacelift_prequisites.module.kms_ecr.aws_kms_key.this",
            "module.shared_service_spacelift_prequisites.module.platform_ecr.aws_ecr_repository.this",
            "module.shared_service_spacelift_prequisites.module.platform_ecr.data.aws_iam_policy_document.pullpush_policy"
          ]
        },
        {
          "index_key": "platform/images/redis",
          "schema_version": 0,
          "attributes": {
            "id": "platform/images/redis",
            "policy": "{\"Statement\":[{\"Action\":[\"ecr:UploadLayerPart\",\"ecr:PutImage\",\"ecr:InitiateLayerUpload\",\"ecr:GetDownloadUrlForLayer\",\"ecr:CompleteLayerUpload\",\"ecr:BatchGetImage\",\"ecr:BatchCheckLayerAvailability\"],\"Effect\":\"Allow\",\"Principal\":{\"AWS\":\"arn:aws:iam::336241431902:role/aws-reserved/sso.amazonaws.com/eu-west-2/AWSReservedSSO_AdministratorAccess_824f48fbf5e79ff4\"},\"Sid\":\"AllowPullPush\"},{\"Action\":[\"ecr:ListTagsForResource\",\"ecr:ListImages\",\"ecr:GetRepositoryPolicy\",\"ecr:GetLifecyclePolicyPreview\",\"ecr:GetLifecyclePolicy\",\"ecr:GetDownloadUrlForLayer\",\"ecr:GetAuthorizationToken\",\"ecr:DescribeRepositories\",\"ecr:DescribeImages\",\"ecr:DescribeImageScanFindings\",\"ecr:BatchGetImage\",\"ecr:BatchCheckLayerAvailability\"],\"Effect\":\"Allow\",\"Principal\":{\"AWS\":[\"arn:aws:iam::336241431902:root\",\"arn:aws:iam::198698840116:root\"]},\"Sid\":\"EcrReadOnlyDevAccess\"}],\"Version\":\"2012-10-17\"}",
            "registry_id": "336241431902",
            "repository": "platform/images/redis"
          },
          "sensitive_attributes": [],
          "private": "bnVsbA==",
          "dependencies": [
            "module.shared_service_spacelift_prequisites.module.kms_ecr.aws_kms_key.this",
            "module.shared_service_spacelift_prequisites.module.kms_ecr.data.aws_iam_policy_document.combined_with_serviceprincipals_and_conditions",
            "module.shared_service_spacelift_prequisites.module.kms_ecr.data.aws_iam_policy_document.combined_with_viaservice_condition",
            "module.shared_service_spacelift_prequisites.module.kms_ecr.data.aws_iam_policy_document.general_policy",
            "module.shared_service_spacelift_prequisites.module.platform_ecr.aws_ecr_repository.this",
            "module.shared_service_spacelift_prequisites.module.platform_ecr.data.aws_iam_policy_document.pullpush_policy"
          ]
        },
        {
          "index_key": "platform/images/reloader",
          "schema_version": 0,
          "attributes": {
            "id": "platform/images/reloader",
            "policy": "{\"Statement\":[{\"Action\":[\"ecr:UploadLayerPart\",\"ecr:PutImage\",\"ecr:InitiateLayerUpload\",\"ecr:GetDownloadUrlForLayer\",\"ecr:CompleteLayerUpload\",\"ecr:BatchGetImage\",\"ecr:BatchCheckLayerAvailability\"],\"Effect\":\"Allow\",\"Principal\":{\"AWS\":\"arn:aws:iam::336241431902:role/aws-reserved/sso.amazonaws.com/eu-west-2/AWSReservedSSO_AdministratorAccess_824f48fbf5e79ff4\"},\"Sid\":\"AllowPullPush\"},{\"Action\":[\"ecr:ListTagsForResource\",\"ecr:ListImages\",\"ecr:GetRepositoryPolicy\",\"ecr:GetLifecyclePolicyPreview\",\"ecr:GetLifecyclePolicy\",\"ecr:GetDownloadUrlForLayer\",\"ecr:GetAuthorizationToken\",\"ecr:DescribeRepositories\",\"ecr:DescribeImages\",\"ecr:DescribeImageScanFindings\",\"ecr:BatchGetImage\",\"ecr:BatchCheckLayerAvailability\"],\"Effect\":\"Allow\",\"Principal\":{\"AWS\":[\"arn:aws:iam::336241431902:root\",\"arn:aws:iam::198698840116:root\"]},\"Sid\":\"EcrReadOnlyDevAccess\"}],\"Version\":\"2012-10-17\"}",
            "registry_id": "336241431902",
            "repository": "platform/images/reloader"
          },
          "sensitive_attributes": [],
          "private": "bnVsbA==",
          "dependencies": [
            "module.shared_service_spacelift_prequisites.module.kms_ecr.aws_kms_key.this",
            "module.shared_service_spacelift_prequisites.module.kms_ecr.data.aws_iam_policy_document.combined_with_serviceprincipals_and_conditions",
            "module.shared_service_spacelift_prequisites.module.kms_ecr.data.aws_iam_policy_document.combined_with_viaservice_condition",
            "module.shared_service_spacelift_prequisites.module.kms_ecr.data.aws_iam_policy_document.general_policy",
            "module.shared_service_spacelift_prequisites.module.platform_ecr.aws_ecr_repository.this",
            "module.shared_service_spacelift_prequisites.module.platform_ecr.data.aws_iam_policy_document.pullpush_policy"
          ]
        },
        {
          "index_key": "prometheus-blackbox-exporter",
          "schema_version": 0,
          "attributes": {
            "id": "prometheus-blackbox-exporter",
            "policy": "{\"Statement\":[{\"Action\":[\"ecr:UploadLayerPart\",\"ecr:PutImage\",\"ecr:InitiateLayerUpload\",\"ecr:GetDownloadUrlForLayer\",\"ecr:CompleteLayerUpload\",\"ecr:BatchGetImage\",\"ecr:BatchCheckLayerAvailability\"],\"Effect\":\"Allow\",\"Principal\":{\"AWS\":\"arn:aws:iam::336241431902:role/aws-reserved/sso.amazonaws.com/eu-west-2/AWSReservedSSO_AdministratorAccess_824f48fbf5e79ff4\"},\"Sid\":\"AllowPullPush\"},{\"Action\":[\"ecr:ListTagsForResource\",\"ecr:ListImages\",\"ecr:GetRepositoryPolicy\",\"ecr:GetLifecyclePolicyPreview\",\"ecr:GetLifecyclePolicy\",\"ecr:GetDownloadUrlForLayer\",\"ecr:GetAuthorizationToken\",\"ecr:DescribeRepositories\",\"ecr:DescribeImages\",\"ecr:DescribeImageScanFindings\",\"ecr:BatchGetImage\",\"ecr:BatchCheckLayerAvailability\"],\"Effect\":\"Allow\",\"Principal\":{\"AWS\":[\"arn:aws:iam::336241431902:root\",\"arn:aws:iam::198698840116:root\"]},\"Sid\":\"EcrReadOnlyDevAccess\"}],\"Version\":\"2012-10-17\"}",
            "registry_id": "336241431902",
            "repository": "prometheus-blackbox-exporter"
          },
          "sensitive_attributes": [],
          "private": "bnVsbA==",
          "dependencies": [
            "module.shared_service_spacelift_prequisites.module.kms_ecr.aws_kms_key.this",
            "module.shared_service_spacelift_prequisites.module.platform_ecr.aws_ecr_repository.this",
            "module.shared_service_spacelift_prequisites.module.platform_ecr.data.aws_iam_policy_document.pullpush_policy"
          ]
        },
        {
          "index_key": "reloader",
          "schema_version": 0,
          "attributes": {
            "id": "reloader",
            "policy": "{\"Statement\":[{\"Action\":[\"ecr:UploadLayerPart\",\"ecr:PutImage\",\"ecr:InitiateLayerUpload\",\"ecr:GetDownloadUrlForLayer\",\"ecr:CompleteLayerUpload\",\"ecr:BatchGetImage\",\"ecr:BatchCheckLayerAvailability\"],\"Effect\":\"Allow\",\"Principal\":{\"AWS\":\"arn:aws:iam::336241431902:role/aws-reserved/sso.amazonaws.com/eu-west-2/AWSReservedSSO_AdministratorAccess_824f48fbf5e79ff4\"},\"Sid\":\"AllowPullPush\"},{\"Action\":[\"ecr:ListTagsForResource\",\"ecr:ListImages\",\"ecr:GetRepositoryPolicy\",\"ecr:GetLifecyclePolicyPreview\",\"ecr:GetLifecyclePolicy\",\"ecr:GetDownloadUrlForLayer\",\"ecr:GetAuthorizationToken\",\"ecr:DescribeRepositories\",\"ecr:DescribeImages\",\"ecr:DescribeImageScanFindings\",\"ecr:BatchGetImage\",\"ecr:BatchCheckLayerAvailability\"],\"Effect\":\"Allow\",\"Principal\":{\"AWS\":[\"arn:aws:iam::336241431902:root\",\"arn:aws:iam::198698840116:root\"]},\"Sid\":\"EcrReadOnlyDevAccess\"}],\"Version\":\"2012-10-17\"}",
            "registry_id": "336241431902",
            "repository": "reloader"
          },
          "sensitive_attributes": [],
          "private": "bnVsbA==",
          "dependencies": [
            "module.shared_service_spacelift_prequisites.module.kms_ecr.aws_kms_key.this",
            "module.shared_service_spacelift_prequisites.module.platform_ecr.aws_ecr_repository.this",
            "module.shared_service_spacelift_prequisites.module.platform_ecr.data.aws_iam_policy_document.pullpush_policy"
          ]
        },
        {
          "index_key": "system-customizations",
          "schema_version": 0,
          "attributes": {
            "id": "system-customizations",
            "policy": "{\"Statement\":[{\"Action\":[\"ecr:UploadLayerPart\",\"ecr:PutImage\",\"ecr:InitiateLayerUpload\",\"ecr:GetDownloadUrlForLayer\",\"ecr:CompleteLayerUpload\",\"ecr:BatchGetImage\",\"ecr:BatchCheckLayerAvailability\"],\"Effect\":\"Allow\",\"Principal\":{\"AWS\":\"arn:aws:iam::336241431902:role/aws-reserved/sso.amazonaws.com/eu-west-2/AWSReservedSSO_AdministratorAccess_824f48fbf5e79ff4\"},\"Sid\":\"AllowPullPush\"},{\"Action\":[\"ecr:ListTagsForResource\",\"ecr:ListImages\",\"ecr:GetRepositoryPolicy\",\"ecr:GetLifecyclePolicyPreview\",\"ecr:GetLifecyclePolicy\",\"ecr:GetDownloadUrlForLayer\",\"ecr:GetAuthorizationToken\",\"ecr:DescribeRepositories\",\"ecr:DescribeImages\",\"ecr:DescribeImageScanFindings\",\"ecr:BatchGetImage\",\"ecr:BatchCheckLayerAvailability\"],\"Effect\":\"Allow\",\"Principal\":{\"AWS\":[\"arn:aws:iam::336241431902:root\",\"arn:aws:iam::198698840116:root\"]},\"Sid\":\"EcrReadOnlyDevAccess\"}],\"Version\":\"2012-10-17\"}",
            "registry_id": "336241431902",
            "repository": "system-customizations"
          },
          "sensitive_attributes": [],
          "private": "bnVsbA==",
          "dependencies": [
            "module.shared_service_spacelift_prequisites.module.kms_ecr.aws_kms_key.this",
            "module.shared_service_spacelift_prequisites.module.platform_ecr.aws_ecr_repository.this",
            "module.shared_service_spacelift_prequisites.module.platform_ecr.data.aws_iam_policy_document.pullpush_policy"
          ]
        }
      ]
    },
    {
      "module": "module.shared_service_spacelift_prequisites.module.spacelift_ecr",
      "mode": "data",
      "type": "aws_caller_identity",
      "name": "current",
      "provider": "provider[\"registry.terraform.io/hashicorp/aws\"]",
      "instances": [
        {
          "schema_version": 0,
          "attributes": {
            "account_id": "336241431902",
            "arn": "arn:aws:sts::336241431902:assumed-role/AWSReservedSSO_AdministratorAccess_824f48fbf5e79ff4/e-jbjc@gft.com",
            "id": "336241431902",
            "user_id": "AROAU4SMNCVPB7SQSQNI4:e-jbjc@gft.com"
          },
          "sensitive_attributes": []
        }
      ]
    },
    {
      "module": "module.shared_service_spacelift_prequisites.module.spacelift_ecr",
      "mode": "data",
      "type": "aws_iam_policy_document",
      "name": "pullpush_policy",
      "provider": "provider[\"registry.terraform.io/hashicorp/aws\"]",
      "instances": [
        {
          "schema_version": 0,
          "attributes": {
            "id": "3660903678",
            "json": "{\n  \"Version\": \"2012-10-17\",\n  \"Statement\": [\n    {\n      \"Sid\": \"AllowPullPush\",\n      \"Effect\": \"Allow\",\n      \"Action\": [\n        \"ecr:UploadLayerPart\",\n        \"ecr:PutImage\",\n        \"ecr:InitiateLayerUpload\",\n        \"ecr:GetDownloadUrlForLayer\",\n        \"ecr:CompleteLayerUpload\",\n        \"ecr:BatchGetImage\",\n        \"ecr:BatchCheckLayerAvailability\"\n      ],\n      \"Principal\": {\n        \"AWS\": \"arn:aws:iam::336241431902:role/aws-reserved/sso.amazonaws.com/eu-west-2/AWSReservedSSO_AdministratorAccess_824f48fbf5e79ff4\"\n      }\n    },\n    {\n      \"Sid\": \"EcrReadOnlyDevAccess\",\n      \"Effect\": \"Allow\",\n      \"Action\": [\n        \"ecr:ListTagsForResource\",\n        \"ecr:ListImages\",\n        \"ecr:GetRepositoryPolicy\",\n        \"ecr:GetLifecyclePolicyPreview\",\n        \"ecr:GetLifecyclePolicy\",\n        \"ecr:GetDownloadUrlForLayer\",\n        \"ecr:GetAuthorizationToken\",\n        \"ecr:DescribeRepositories\",\n        \"ecr:DescribeImages\",\n        \"ecr:DescribeImageScanFindings\",\n        \"ecr:BatchGetImage\",\n        \"ecr:BatchCheckLayerAvailability\"\n      ],\n      \"Principal\": {\n        \"AWS\": [\n          \"arn:aws:iam::336241431902:root\",\n          \"arn:aws:iam::198698840116:root\"\n        ]\n      }\n    }\n  ]\n}",
            "override_json": null,
            "override_policy_documents": null,
            "policy_id": null,
            "source_json": null,
            "source_policy_documents": null,
            "statement": [
              {
                "actions": [
                  "ecr:BatchCheckLayerAvailability",
                  "ecr:BatchGetImage",
                  "ecr:CompleteLayerUpload",
                  "ecr:GetDownloadUrlForLayer",
                  "ecr:InitiateLayerUpload",
                  "ecr:PutImage",
                  "ecr:UploadLayerPart"
                ],
                "condition": [],
                "effect": "Allow",
                "not_actions": [],
                "not_principals": [],
                "not_resources": [],
                "principals": [
                  {
                    "identifiers": [
                      "arn:aws:iam::336241431902:role/aws-reserved/sso.amazonaws.com/eu-west-2/AWSReservedSSO_AdministratorAccess_824f48fbf5e79ff4"
                    ],
                    "type": "AWS"
                  }
                ],
                "resources": [],
                "sid": "AllowPullPush"
              },
              {
                "actions": [
                  "ecr:BatchCheckLayerAvailability",
                  "ecr:BatchGetImage",
                  "ecr:DescribeImageScanFindings",
                  "ecr:DescribeImages",
                  "ecr:DescribeRepositories",
                  "ecr:GetAuthorizationToken",
                  "ecr:GetDownloadUrlForLayer",
                  "ecr:GetLifecyclePolicy",
                  "ecr:GetLifecyclePolicyPreview",
                  "ecr:GetRepositoryPolicy",
                  "ecr:ListImages",
                  "ecr:ListTagsForResource"
                ],
                "condition": [],
                "effect": "Allow",
                "not_actions": [],
                "not_principals": [],
                "not_resources": [],
                "principals": [
                  {
                    "identifiers": [
                      "arn:aws:iam::198698840116:root",
                      "arn:aws:iam::336241431902:root"
                    ],
                    "type": "AWS"
                  }
                ],
                "resources": [],
                "sid": "EcrReadOnlyDevAccess"
              }
            ],
            "version": "2012-10-17"
          },
          "sensitive_attributes": []
        }
      ]
    },
    {
      "module": "module.shared_service_spacelift_prequisites.module.spacelift_ecr",
      "mode": "data",
      "type": "aws_iam_policy_document",
      "name": "pullthroughcache_ecr_sharing",
      "provider": "provider[\"registry.terraform.io/hashicorp/aws\"]",
      "instances": [
        {
          "schema_version": 0,
          "attributes": {
            "id": "2860260956",
            "json": "{\n  \"Version\": \"2012-10-17\",\n  \"Statement\": [\n    {\n      \"Sid\": \"AllowPullThroughCacheCrossAccount\",\n      \"Effect\": \"Allow\",\n      \"Action\": [\n        \"ecr:UploadLayerPart\",\n        \"ecr:PutImage\",\n        \"ecr:InitiateLayerUpload\",\n        \"ecr:GetDownloadUrlForLayer\",\n        \"ecr:GetAuthorizationToken\",\n        \"ecr:CompleteLayerUpload\",\n        \"ecr:BatchGetImage\",\n        \"ecr:BatchCheckLayerAvailability\"\n      ],\n      \"Principal\": {\n        \"AWS\": [\n          \"arn:aws:iam::336241431902:root\",\n          \"arn:aws:iam::198698840116:root\"\n        ]\n      }\n    }\n  ]\n}",
            "override_json": null,
            "override_policy_documents": null,
            "policy_id": null,
            "source_json": null,
            "source_policy_documents": null,
            "statement": [
              {
                "actions": [
                  "ecr:BatchCheckLayerAvailability",
                  "ecr:BatchGetImage",
                  "ecr:CompleteLayerUpload",
                  "ecr:GetAuthorizationToken",
                  "ecr:GetDownloadUrlForLayer",
                  "ecr:InitiateLayerUpload",
                  "ecr:PutImage",
                  "ecr:UploadLayerPart"
                ],
                "condition": [],
                "effect": "Allow",
                "not_actions": [],
                "not_principals": [],
                "not_resources": [],
                "principals": [
                  {
                    "identifiers": [
                      "arn:aws:iam::198698840116:root",
                      "arn:aws:iam::336241431902:root"
                    ],
                    "type": "AWS"
                  }
                ],
                "resources": [],
                "sid": "AllowPullThroughCacheCrossAccount"
              }
            ],
            "version": "2012-10-17"
          },
          "sensitive_attributes": []
        }
      ]
    },
    {
      "module": "module.shared_service_spacelift_prequisites.module.spacelift_ecr",
      "mode": "data",
      "type": "aws_iam_policy_document",
      "name": "pullthroughcache_policy",
      "provider": "provider[\"registry.terraform.io/hashicorp/aws\"]",
      "instances": [
        {
          "schema_version": 0,
          "attributes": {
            "id": "3403718775",
            "json": "{\n  \"Version\": \"2012-10-17\",\n  \"Statement\": [\n    {\n      \"Sid\": \"AllowPullThroughCache\",\n      \"Effect\": \"Allow\",\n      \"Action\": [\n        \"ecr:CreateRepository\",\n        \"ecr:BatchImportUpstreamImage\"\n      ],\n      \"Principal\": {\n        \"AWS\": [\n          \"arn:aws:iam::336241431902:root\",\n          \"arn:aws:iam::198698840116:root\"\n        ]\n      }\n    }\n  ]\n}",
            "override_json": null,
            "override_policy_documents": null,
            "policy_id": null,
            "source_json": null,
            "source_policy_documents": null,
            "statement": [
              {
                "actions": [
                  "ecr:BatchImportUpstreamImage",
                  "ecr:CreateRepository"
                ],
                "condition": [],
                "effect": "Allow",
                "not_actions": [],
                "not_principals": [],
                "not_resources": [],
                "principals": [
                  {
                    "identifiers": [
                      "arn:aws:iam::198698840116:root",
                      "arn:aws:iam::336241431902:root"
                    ],
                    "type": "AWS"
                  }
                ],
                "resources": [],
                "sid": "AllowPullThroughCache"
              }
            ],
            "version": "2012-10-17"
          },
          "sensitive_attributes": []
        }
      ]
    },
    {
      "module": "module.shared_service_spacelift_prequisites.module.spacelift_ecr",
      "mode": "data",
      "type": "aws_partition",
      "name": "this",
      "provider": "provider[\"registry.terraform.io/hashicorp/aws\"]",
      "instances": [
        {
          "schema_version": 0,
          "attributes": {
            "dns_suffix": "amazonaws.com",
            "id": "aws",
            "partition": "aws",
            "reverse_dns_prefix": "com.amazonaws"
          },
          "sensitive_attributes": []
        }
      ]
    },
    {
      "module": "module.shared_service_spacelift_prequisites.module.spacelift_ecr",
      "mode": "managed",
      "type": "aws_ecr_lifecycle_policy",
      "name": "this",
      "provider": "provider[\"registry.terraform.io/hashicorp/aws\"]",
      "instances": [
        {
          "index_key": "spacelift/terraform-runner",
          "schema_version": 0,
          "attributes": {
            "id": "spacelift/terraform-runner",
            "policy": "{\"rules\":[{\"action\":{\"type\":\"expire\"},\"description\":\"Expire untagged images older than 2 days\",\"rulePriority\":1,\"selection\":{\"countNumber\":2,\"countType\":\"sinceImagePushed\",\"countUnit\":\"days\",\"tagStatus\":\"untagged\"}}]}",
            "registry_id": "336241431902",
            "repository": "spacelift/terraform-runner"
          },
          "sensitive_attributes": [],
          "private": "bnVsbA==",
          "dependencies": [
            "module.shared_service_spacelift_prequisites.module.kms_ecr.aws_kms_key.this",
            "module.shared_service_spacelift_prequisites.module.kms_ecr.data.aws_iam_policy_document.combined_with_serviceprincipals_and_conditions",
            "module.shared_service_spacelift_prequisites.module.kms_ecr.data.aws_iam_policy_document.combined_with_viaservice_condition",
            "module.shared_service_spacelift_prequisites.module.kms_ecr.data.aws_iam_policy_document.general_policy",
            "module.shared_service_spacelift_prequisites.module.spacelift_ecr.aws_ecr_repository.this"
          ]
        }
      ]
    },
    {
      "module": "module.shared_service_spacelift_prequisites.module.spacelift_ecr",
      "mode": "managed",
      "type": "aws_ecr_repository",
      "name": "this",
      "provider": "provider[\"registry.terraform.io/hashicorp/aws\"]",
      "instances": [
        {
          "index_key": "spacelift/terraform-runner",
          "schema_version": 0,
          "attributes": {
            "arn": "arn:aws:ecr:eu-central-1:336241431902:repository/spacelift/terraform-runner",
            "encryption_configuration": [
              {
                "encryption_type": "KMS",
                "kms_key": "arn:aws:kms:eu-central-1:336241431902:key/bf1b2890-338b-4e2e-92d2-54a1a896340d"
              }
            ],
            "force_delete": null,
            "id": "spacelift/terraform-runner",
            "image_scanning_configuration": [
              {
                "scan_on_push": true
              }
            ],
            "image_tag_mutability": "IMMUTABLE",
            "name": "spacelift/terraform-runner",
            "registry_id": "336241431902",
            "repository_url": "336241431902.dkr.ecr.eu-central-1.amazonaws.com/spacelift/terraform-runner",
            "tags": {},
            "tags_all": {
              "blx:created-by": "terraform",
              "blx:owner": "all",
              "blx:repository-name": "tf-spacelift-prerequisites",
              "blx:tag-version": "1"
            },
            "timeouts": null
          },
          "sensitive_attributes": [],
          "private": "eyJlMmJmYjczMC1lY2FhLTExZTYtOGY4OC0zNDM2M2JjN2M0YzAiOnsiZGVsZXRlIjoxMjAwMDAwMDAwMDAwfX0=",
          "dependencies": [
            "module.shared_service_spacelift_prequisites.module.kms_ecr.aws_kms_key.this",
            "module.shared_service_spacelift_prequisites.module.kms_ecr.data.aws_iam_policy_document.combined_with_serviceprincipals_and_conditions",
            "module.shared_service_spacelift_prequisites.module.kms_ecr.data.aws_iam_policy_document.combined_with_viaservice_condition",
            "module.shared_service_spacelift_prequisites.module.kms_ecr.data.aws_iam_policy_document.general_policy"
          ]
        }
      ]
    },
    {
      "module": "module.shared_service_spacelift_prequisites.module.spacelift_ecr",
      "mode": "managed",
      "type": "aws_ecr_repository_policy",
      "name": "pullpush",
      "provider": "provider[\"registry.terraform.io/hashicorp/aws\"]",
      "instances": [
        {
          "index_key": "spacelift/terraform-runner",
          "schema_version": 0,
          "attributes": {
            "id": "spacelift/terraform-runner",
            "policy": "{\"Statement\":[{\"Action\":[\"ecr:UploadLayerPart\",\"ecr:PutImage\",\"ecr:InitiateLayerUpload\",\"ecr:GetDownloadUrlForLayer\",\"ecr:CompleteLayerUpload\",\"ecr:BatchGetImage\",\"ecr:BatchCheckLayerAvailability\"],\"Effect\":\"Allow\",\"Principal\":{\"AWS\":\"arn:aws:iam::336241431902:role/aws-reserved/sso.amazonaws.com/eu-west-2/AWSReservedSSO_AdministratorAccess_824f48fbf5e79ff4\"},\"Sid\":\"AllowPullPush\"},{\"Action\":[\"ecr:ListTagsForResource\",\"ecr:ListImages\",\"ecr:GetRepositoryPolicy\",\"ecr:GetLifecyclePolicyPreview\",\"ecr:GetLifecyclePolicy\",\"ecr:GetDownloadUrlForLayer\",\"ecr:GetAuthorizationToken\",\"ecr:DescribeRepositories\",\"ecr:DescribeImages\",\"ecr:DescribeImageScanFindings\",\"ecr:BatchGetImage\",\"ecr:BatchCheckLayerAvailability\"],\"Effect\":\"Allow\",\"Principal\":{\"AWS\":[\"arn:aws:iam::336241431902:root\",\"arn:aws:iam::198698840116:root\"]},\"Sid\":\"EcrReadOnlyDevAccess\"}],\"Version\":\"2012-10-17\"}",
            "registry_id": "336241431902",
            "repository": "spacelift/terraform-runner"
          },
          "sensitive_attributes": [],
          "private": "bnVsbA==",
          "dependencies": [
            "module.shared_service_spacelift_prequisites.module.kms_ecr.aws_kms_key.this",
            "module.shared_service_spacelift_prequisites.module.kms_ecr.data.aws_iam_policy_document.combined_with_serviceprincipals_and_conditions",
            "module.shared_service_spacelift_prequisites.module.kms_ecr.data.aws_iam_policy_document.combined_with_viaservice_condition",
            "module.shared_service_spacelift_prequisites.module.kms_ecr.data.aws_iam_policy_document.general_policy",
            "module.shared_service_spacelift_prequisites.module.spacelift_ecr.aws_ecr_repository.this",
            "module.shared_service_spacelift_prequisites.module.spacelift_ecr.data.aws_iam_policy_document.pullpush_policy"
          ]
        }
      ]
    },
    {
      "module": "module.shared_services_secret_prerequisites.module.argocd_github_app_secret",
      "mode": "managed",
      "type": "aws_secretsmanager_secret",
      "name": "this",
      "provider": "module.shared_services_secret_prerequisites.provider[\"registry.terraform.io/hashicorp/aws\"]",
      "instances": [
        {
          "index_key": "/shared-services/ci/platform/argocd/github-app-private-key",
          "schema_version": 0,
          "attributes": {
            "arn": "arn:aws:secretsmanager:eu-central-1:336241431902:secret:/shared-services/ci/platform/argocd/github-app-private-key-pqwrwi",
            "description": "",
            "force_overwrite_replica_secret": false,
            "id": "arn:aws:secretsmanager:eu-central-1:336241431902:secret:/shared-services/ci/platform/argocd/github-app-private-key-pqwrwi",
            "kms_key_id": "arn:aws:kms:eu-central-1:336241431902:key/8a447db8-0342-4e01-8685-00989ca50c8e",
            "name": "/shared-services/ci/platform/argocd/github-app-private-key",
            "name_prefix": "",
            "policy": "",
            "recovery_window_in_days": 0,
            "replica": [],
            "tags": null,
            "tags_all": {
              "blx:created-by": "terraform",
              "blx:environment": "shared-services",
              "blx:owner": "all",
              "blx:repository-name": "tf-spacelift-prerequisites",
              "blx:skeleton-name": "platform-secrets",
              "blx:tag-version": "1"
            }
          },
          "sensitive_attributes": [],
          "private": "bnVsbA==",
          "dependencies": [
            "module.shared_services_secret_prerequisites.module.kms_platform_secrets.aws_kms_key.this"
          ]
        }
      ]
    },
    {
      "module": "module.shared_services_secret_prerequisites.module.argocd_github_token",
      "mode": "managed",
      "type": "aws_secretsmanager_secret",
      "name": "this",
      "provider": "module.shared_services_secret_prerequisites.provider[\"registry.terraform.io/hashicorp/aws\"]",
      "instances": [
        {
          "index_key": "/shared-services/ci/platform/argocd/github-token",
          "schema_version": 0,
          "attributes": {
            "arn": "arn:aws:secretsmanager:eu-central-1:336241431902:secret:/shared-services/ci/platform/argocd/github-token-mzmywN",
            "description": "",
            "force_overwrite_replica_secret": false,
            "id": "arn:aws:secretsmanager:eu-central-1:336241431902:secret:/shared-services/ci/platform/argocd/github-token-mzmywN",
            "kms_key_id": "arn:aws:kms:eu-central-1:336241431902:key/8a447db8-0342-4e01-8685-00989ca50c8e",
            "name": "/shared-services/ci/platform/argocd/github-token",
            "name_prefix": "",
            "policy": "",
            "recovery_window_in_days": 0,
            "replica": [],
            "rotation_enabled": false,
            "rotation_lambda_arn": "",
            "rotation_rules": [],
            "tags": null,
            "tags_all": {
              "blx:created-by": "terraform",
              "blx:environment": "shared-services",
              "blx:owner": "all",
              "blx:repository-name": "tf-spacelift-prerequisites",
              "blx:skeleton-name": "platform-secrets",
              "blx:tag-version": "1"
            }
          },
          "sensitive_attributes": [],
          "private": "bnVsbA==",
          "dependencies": [
            "module.shared_services_secret_prerequisites.module.kms_platform_secrets.aws_kms_key.this",
            "module.shared_services_secret_prerequisites.module.kms_platform_secrets.data.aws_iam_policy_document.combined_with_serviceprincipals_and_conditions",
            "module.shared_services_secret_prerequisites.module.kms_platform_secrets.data.aws_iam_policy_document.combined_with_viaservice_condition",
            "module.shared_services_secret_prerequisites.module.kms_platform_secrets.data.aws_iam_policy_document.general_policy"
          ]
        }
      ]
    },
    {
      "module": "module.shared_services_secret_prerequisites.module.github_action_github_app_secret",
      "mode": "managed",
      "type": "aws_secretsmanager_secret",
      "name": "this",
      "provider": "module.shared_services_secret_prerequisites.provider[\"registry.terraform.io/hashicorp/aws\"]",
      "instances": [
        {
          "index_key": "/shared-services/ci/platform/github-action/github-app-private-key",
          "schema_version": 0,
          "attributes": {
            "arn": "arn:aws:secretsmanager:eu-central-1:336241431902:secret:/shared-services/ci/platform/github-action/github-app-private-key-Xom89h",
            "description": "",
            "force_overwrite_replica_secret": false,
            "id": "arn:aws:secretsmanager:eu-central-1:336241431902:secret:/shared-services/ci/platform/github-action/github-app-private-key-Xom89h",
            "kms_key_id": "arn:aws:kms:eu-central-1:336241431902:key/8a447db8-0342-4e01-8685-00989ca50c8e",
            "name": "/shared-services/ci/platform/github-action/github-app-private-key",
            "name_prefix": "",
            "policy": "",
            "recovery_window_in_days": 0,
            "replica": [],
            "tags": null,
            "tags_all": {
              "blx:created-by": "terraform",
              "blx:environment": "shared-services",
              "blx:owner": "all",
              "blx:repository-name": "tf-spacelift-prerequisites",
              "blx:skeleton-name": "platform-secrets",
              "blx:tag-version": "1"
            }
          },
          "sensitive_attributes": [],
          "private": "bnVsbA==",
          "dependencies": [
            "module.shared_services_secret_prerequisites.module.kms_platform_secrets.aws_kms_key.this"
          ]
        }
      ]
    },
    {
      "module": "module.shared_services_secret_prerequisites.module.kms_platform_secrets",
      "mode": "data",
      "type": "aws_caller_identity",
      "name": "current",
      "provider": "module.shared_services_secret_prerequisites.provider[\"registry.terraform.io/hashicorp/aws\"]",
      "instances": [
        {
          "schema_version": 0,
          "attributes": {
            "account_id": "336241431902",
            "arn": "arn:aws:sts::336241431902:assumed-role/AWSReservedSSO_AdministratorAccess_824f48fbf5e79ff4/tinu@gft.com",
            "id": "336241431902",
            "user_id": "AROAU4SMNCVPB7SQSQNI4:tinu@gft.com"
          },
          "sensitive_attributes": []
        }
      ]
    },
    {
      "module": "module.shared_services_secret_prerequisites.module.kms_platform_secrets",
      "mode": "data",
      "type": "aws_iam_policy_document",
      "name": "combined_with_serviceprincipals_and_conditions",
      "provider": "module.shared_services_secret_prerequisites.provider[\"registry.terraform.io/hashicorp/aws\"]",
      "instances": [
        {
          "schema_version": 0,
          "attributes": {
            "id": "1290408180",
            "json": "{\n  \"Version\": \"2012-10-17\",\n  \"Statement\": [\n    {\n      \"Sid\": \"Enable IAM Root User Permissions\",\n      \"Effect\": \"Allow\",\n      \"Action\": \"kms:*\",\n      \"Resource\": \"*\",\n      \"Principal\": {\n        \"AWS\": \"arn:aws:iam::336241431902:root\"\n      }\n    },\n    {\n      \"Sid\": \"Allow access for Key Administrators\",\n      \"Effect\": \"Allow\",\n      \"Action\": [\n        \"kms:Update*\",\n        \"kms:UntagResource\",\n        \"kms:TagResource\",\n        \"kms:ScheduleKeyDeletion\",\n        \"kms:Revoke*\",\n        \"kms:Put*\",\n        \"kms:List*\",\n        \"kms:Get*\",\n        \"kms:Enable*\",\n        \"kms:Disable*\",\n        \"kms:Describe*\",\n        \"kms:Delete*\",\n        \"kms:Create*\",\n        \"kms:CancelKeyDeletion\"\n      ],\n      \"Resource\": \"*\",\n      \"Principal\": {\n        \"AWS\": \"arn:aws:iam::336241431902:root\"\n      }\n    },\n    {\n      \"Sid\": \"Allow use of the key for decryption only\",\n      \"Effect\": \"Allow\",\n      \"Action\": \"kms:Decrypt\",\n      \"Resource\": \"*\",\n      \"Principal\": {\n        \"AWS\": \"arn:aws:iam::336241431902:root\"\n      }\n    }\n  ]\n}",
            "override_policy_documents": null,
            "policy_id": null,
            "source_policy_documents": [
              "{\n  \"Version\": \"2012-10-17\",\n  \"Statement\": [\n    {\n      \"Sid\": \"Enable IAM Root User Permissions\",\n      \"Effect\": \"Allow\",\n      \"Action\": \"kms:*\",\n      \"Resource\": \"*\",\n      \"Principal\": {\n        \"AWS\": \"arn:aws:iam::336241431902:root\"\n      }\n    },\n    {\n      \"Sid\": \"Allow access for Key Administrators\",\n      \"Effect\": \"Allow\",\n      \"Action\": [\n        \"kms:Update*\",\n        \"kms:UntagResource\",\n        \"kms:TagResource\",\n        \"kms:ScheduleKeyDeletion\",\n        \"kms:Revoke*\",\n        \"kms:Put*\",\n        \"kms:List*\",\n        \"kms:Get*\",\n        \"kms:Enable*\",\n        \"kms:Disable*\",\n        \"kms:Describe*\",\n        \"kms:Delete*\",\n        \"kms:Create*\",\n        \"kms:CancelKeyDeletion\"\n      ],\n      \"Resource\": \"*\",\n      \"Principal\": {\n        \"AWS\": \"arn:aws:iam::336241431902:root\"\n      }\n    },\n    {\n      \"Sid\": \"Allow use of the key for decryption only\",\n      \"Effect\": \"Allow\",\n      \"Action\": \"kms:Decrypt\",\n      \"Resource\": \"*\",\n      \"Principal\": {\n        \"AWS\": \"arn:aws:iam::336241431902:root\"\n      }\n    }\n  ]\n}"
            ],
            "statement": null,
            "version": "2012-10-17"
          },
          "sensitive_attributes": []
        }
      ]
    },
    {
      "module": "module.shared_services_secret_prerequisites.module.kms_platform_secrets",
      "mode": "data",
      "type": "aws_iam_policy_document",
      "name": "combined_with_viaservice_condition",
      "provider": "module.shared_services_secret_prerequisites.provider[\"registry.terraform.io/hashicorp/aws\"]",
      "instances": [
        {
          "schema_version": 0,
          "attributes": {
            "id": "403076529",
            "json": "{\n  \"Version\": \"2012-10-17\",\n  \"Statement\": [\n    {\n      \"Sid\": \"Enable IAM Root User Permissions\",\n      \"Effect\": \"Allow\",\n      \"Action\": \"kms:*\",\n      \"Resource\": \"*\",\n      \"Principal\": {\n        \"AWS\": \"arn:aws:iam::336241431902:root\"\n      }\n    },\n    {\n      \"Sid\": \"Allow access for Key Administrators\",\n      \"Effect\": \"Allow\",\n      \"Action\": [\n        \"kms:Update*\",\n        \"kms:UntagResource\",\n        \"kms:TagResource\",\n        \"kms:ScheduleKeyDeletion\",\n        \"kms:Revoke*\",\n        \"kms:Put*\",\n        \"kms:List*\",\n        \"kms:Get*\",\n        \"kms:Enable*\",\n        \"kms:Disable*\",\n        \"kms:Describe*\",\n        \"kms:Delete*\",\n        \"kms:Create*\",\n        \"kms:CancelKeyDeletion\"\n      ],\n      \"Resource\": \"*\",\n      \"Principal\": {\n        \"AWS\": \"arn:aws:iam::336241431902:root\"\n      }\n    },\n    {\n      \"Sid\": \"Allow use of the key for decryption only\",\n      \"Effect\": \"Allow\",\n      \"Action\": \"kms:Decrypt\",\n      \"Resource\": \"*\",\n      \"Principal\": {\n        \"AWS\": \"arn:aws:iam::336241431902:root\"\n      }\n    },\n    {\n      \"Effect\": \"Allow\",\n      \"Action\": [\n        \"kms:ReEncrypt\",\n        \"kms:GenerateDataKey*\",\n        \"kms:Encrypt\",\n        \"kms:DescribeKey\",\n        \"kms:Decrypt\",\n        \"kms:CreateGrant\"\n      ],\n      \"Resource\": \"*\",\n      \"Principal\": {\n        \"AWS\": \"*\"\n      },\n      \"Condition\": {\n        \"StringEquals\": {\n          \"kms:CallerAccount\": \"336241431902\",\n          \"kms:ViaService\": \"secretsmanager.eu-central-1.amazonaws.com\"\n        }\n      }\n    }\n  ]\n}",
            "override_policy_documents": null,
            "policy_id": null,
            "source_policy_documents": [
              "{\n  \"Version\": \"2012-10-17\",\n  \"Statement\": [\n    {\n      \"Sid\": \"Enable IAM Root User Permissions\",\n      \"Effect\": \"Allow\",\n      \"Action\": \"kms:*\",\n      \"Resource\": \"*\",\n      \"Principal\": {\n        \"AWS\": \"arn:aws:iam::336241431902:root\"\n      }\n    },\n    {\n      \"Sid\": \"Allow access for Key Administrators\",\n      \"Effect\": \"Allow\",\n      \"Action\": [\n        \"kms:Update*\",\n        \"kms:UntagResource\",\n        \"kms:TagResource\",\n        \"kms:ScheduleKeyDeletion\",\n        \"kms:Revoke*\",\n        \"kms:Put*\",\n        \"kms:List*\",\n        \"kms:Get*\",\n        \"kms:Enable*\",\n        \"kms:Disable*\",\n        \"kms:Describe*\",\n        \"kms:Delete*\",\n        \"kms:Create*\",\n        \"kms:CancelKeyDeletion\"\n      ],\n      \"Resource\": \"*\",\n      \"Principal\": {\n        \"AWS\": \"arn:aws:iam::336241431902:root\"\n      }\n    },\n    {\n      \"Sid\": \"Allow use of the key for decryption only\",\n      \"Effect\": \"Allow\",\n      \"Action\": \"kms:Decrypt\",\n      \"Resource\": \"*\",\n      \"Principal\": {\n        \"AWS\": \"arn:aws:iam::336241431902:root\"\n      }\n    }\n  ]\n}"
            ],
            "statement": [
              {
                "actions": [
                  "kms:CreateGrant",
                  "kms:Decrypt",
                  "kms:DescribeKey",
                  "kms:Encrypt",
                  "kms:GenerateDataKey*",
                  "kms:ReEncrypt"
                ],
                "condition": [
                  {
                    "test": "StringEquals",
                    "values": [
                      "336241431902"
                    ],
                    "variable": "kms:CallerAccount"
                  },
                  {
                    "test": "StringEquals",
                    "values": [
                      "secretsmanager.eu-central-1.amazonaws.com"
                    ],
                    "variable": "kms:ViaService"
                  }
                ],
                "effect": "Allow",
                "not_actions": [],
                "not_principals": [],
                "not_resources": [],
                "principals": [
                  {
                    "identifiers": [
                      "*"
                    ],
                    "type": "AWS"
                  }
                ],
                "resources": [
                  "*"
                ],
                "sid": ""
              }
            ],
            "version": "2012-10-17"
          },
          "sensitive_attributes": []
        }
      ]
    },
    {
      "module": "module.shared_services_secret_prerequisites.module.kms_platform_secrets",
      "mode": "data",
      "type": "aws_iam_policy_document",
      "name": "general_policy",
      "provider": "module.shared_services_secret_prerequisites.provider[\"registry.terraform.io/hashicorp/aws\"]",
      "instances": [
        {
          "schema_version": 0,
          "attributes": {
            "id": "1290408180",
            "json": "{\n  \"Version\": \"2012-10-17\",\n  \"Statement\": [\n    {\n      \"Sid\": \"Enable IAM Root User Permissions\",\n      \"Effect\": \"Allow\",\n      \"Action\": \"kms:*\",\n      \"Resource\": \"*\",\n      \"Principal\": {\n        \"AWS\": \"arn:aws:iam::336241431902:root\"\n      }\n    },\n    {\n      \"Sid\": \"Allow access for Key Administrators\",\n      \"Effect\": \"Allow\",\n      \"Action\": [\n        \"kms:Update*\",\n        \"kms:UntagResource\",\n        \"kms:TagResource\",\n        \"kms:ScheduleKeyDeletion\",\n        \"kms:Revoke*\",\n        \"kms:Put*\",\n        \"kms:List*\",\n        \"kms:Get*\",\n        \"kms:Enable*\",\n        \"kms:Disable*\",\n        \"kms:Describe*\",\n        \"kms:Delete*\",\n        \"kms:Create*\",\n        \"kms:CancelKeyDeletion\"\n      ],\n      \"Resource\": \"*\",\n      \"Principal\": {\n        \"AWS\": \"arn:aws:iam::336241431902:root\"\n      }\n    },\n    {\n      \"Sid\": \"Allow use of the key for decryption only\",\n      \"Effect\": \"Allow\",\n      \"Action\": \"kms:Decrypt\",\n      \"Resource\": \"*\",\n      \"Principal\": {\n        \"AWS\": \"arn:aws:iam::336241431902:root\"\n      }\n    }\n  ]\n}",
            "override_policy_documents": null,
            "policy_id": null,
            "source_policy_documents": null,
            "statement": [
              {
                "actions": [
                  "kms:*"
                ],
                "condition": [],
                "effect": "Allow",
                "not_actions": [],
                "not_principals": [],
                "not_resources": [],
                "principals": [
                  {
                    "identifiers": [
                      "arn:aws:iam::336241431902:root"
                    ],
                    "type": "AWS"
                  }
                ],
                "resources": [
                  "*"
                ],
                "sid": "Enable IAM Root User Permissions"
              },
              {
                "actions": [
                  "kms:CancelKeyDeletion",
                  "kms:Create*",
                  "kms:Delete*",
                  "kms:Describe*",
                  "kms:Disable*",
                  "kms:Enable*",
                  "kms:Get*",
                  "kms:List*",
                  "kms:Put*",
                  "kms:Revoke*",
                  "kms:ScheduleKeyDeletion",
                  "kms:TagResource",
                  "kms:UntagResource",
                  "kms:Update*"
                ],
                "condition": [],
                "effect": "Allow",
                "not_actions": [],
                "not_principals": [],
                "not_resources": [],
                "principals": [
                  {
                    "identifiers": [
                      "arn:aws:iam::336241431902:root"
                    ],
                    "type": "AWS"
                  }
                ],
                "resources": [
                  "*"
                ],
                "sid": "Allow access for Key Administrators"
              },
              {
                "actions": [
                  "kms:Decrypt"
                ],
                "condition": [],
                "effect": "Allow",
                "not_actions": [],
                "not_principals": [],
                "not_resources": [],
                "principals": [
                  {
                    "identifiers": [
                      "arn:aws:iam::336241431902:root"
                    ],
                    "type": "AWS"
                  }
                ],
                "resources": [
                  "*"
                ],
                "sid": "Allow use of the key for decryption only"
              }
            ],
            "version": "2012-10-17"
          },
          "sensitive_attributes": []
        }
      ]
    },
    {
      "module": "module.shared_services_secret_prerequisites.module.kms_platform_secrets",
      "mode": "managed",
      "type": "aws_kms_alias",
      "name": "this",
      "provider": "module.shared_services_secret_prerequisites.provider[\"registry.terraform.io/hashicorp/aws\"]",
      "instances": [
        {
          "schema_version": 0,
          "attributes": {
            "arn": "arn:aws:kms:eu-central-1:336241431902:alias/shared-services-ci-platform-secrets",
            "id": "alias/shared-services-ci-platform-secrets",
            "name": "alias/shared-services-ci-platform-secrets",
            "name_prefix": "",
            "target_key_arn": "arn:aws:kms:eu-central-1:336241431902:key/8a447db8-0342-4e01-8685-00989ca50c8e",
            "target_key_id": "8a447db8-0342-4e01-8685-00989ca50c8e"
          },
          "sensitive_attributes": [],
          "private": "bnVsbA==",
          "dependencies": [
            "module.shared_services_secret_prerequisites.module.kms_platform_secrets.aws_kms_key.this",
            "module.shared_services_secret_prerequisites.module.kms_platform_secrets.data.aws_iam_policy_document.combined_with_serviceprincipals_and_conditions",
            "module.shared_services_secret_prerequisites.module.kms_platform_secrets.data.aws_iam_policy_document.combined_with_viaservice_condition",
            "module.shared_services_secret_prerequisites.module.kms_platform_secrets.data.aws_iam_policy_document.general_policy"
          ]
        }
      ]
    },
    {
      "module": "module.shared_services_secret_prerequisites.module.kms_platform_secrets",
      "mode": "managed",
      "type": "aws_kms_key",
      "name": "this",
      "provider": "module.shared_services_secret_prerequisites.provider[\"registry.terraform.io/hashicorp/aws\"]",
      "instances": [
        {
          "schema_version": 0,
          "attributes": {
            "arn": "arn:aws:kms:eu-central-1:336241431902:key/8a447db8-0342-4e01-8685-00989ca50c8e",
            "bypass_policy_lockout_safety_check": false,
            "custom_key_store_id": "",
            "customer_master_key_spec": "SYMMETRIC_DEFAULT",
            "deletion_window_in_days": null,
            "description": "KMS key to encrypt shared-services-ci platform-secrets",
            "enable_key_rotation": true,
            "id": "8a447db8-0342-4e01-8685-00989ca50c8e",
            "is_enabled": true,
            "key_id": "8a447db8-0342-4e01-8685-00989ca50c8e",
            "key_usage": "ENCRYPT_DECRYPT",
            "multi_region": false,
            "policy": "{\n  \"Version\": \"2012-10-17\",\n  \"Statement\": [\n    {\n      \"Sid\": \"Enable IAM Root User Permissions\",\n      \"Effect\": \"Allow\",\n      \"Action\": \"kms:*\",\n      \"Resource\": \"*\",\n      \"Principal\": {\n        \"AWS\": \"arn:aws:iam::336241431902:root\"\n      }\n    },\n    {\n      \"Sid\": \"Allow access for Key Administrators\",\n      \"Effect\": \"Allow\",\n      \"Action\": [\n        \"kms:Update*\",\n        \"kms:UntagResource\",\n        \"kms:TagResource\",\n        \"kms:ScheduleKeyDeletion\",\n        \"kms:Revoke*\",\n        \"kms:Put*\",\n        \"kms:List*\",\n        \"kms:Get*\",\n        \"kms:Enable*\",\n        \"kms:Disable*\",\n        \"kms:Describe*\",\n        \"kms:Delete*\",\n        \"kms:Create*\",\n        \"kms:CancelKeyDeletion\"\n      ],\n      \"Resource\": \"*\",\n      \"Principal\": {\n        \"AWS\": \"arn:aws:iam::336241431902:root\"\n      }\n    },\n    {\n      \"Sid\": \"Allow use of the key for decryption only\",\n      \"Effect\": \"Allow\",\n      \"Action\": \"kms:Decrypt\",\n      \"Resource\": \"*\",\n      \"Principal\": {\n        \"AWS\": \"arn:aws:iam::336241431902:root\"\n      }\n    },\n    {\n      \"Sid\": \"\",\n      \"Effect\": \"Allow\",\n      \"Action\": [\n        \"kms:ReEncrypt\",\n        \"kms:GenerateDataKey*\",\n        \"kms:Encrypt\",\n        \"kms:DescribeKey\",\n        \"kms:Decrypt\",\n        \"kms:CreateGrant\"\n      ],\n      \"Resource\": \"*\",\n      \"Principal\": {\n        \"AWS\": \"*\"\n      },\n      \"Condition\": {\n        \"StringEquals\": {\n          \"kms:CallerAccount\": \"336241431902\",\n          \"kms:ViaService\": \"secretsmanager.eu-central-1.amazonaws.com\"\n        }\n      }\n    }\n  ]\n}",
            "tags": {},
            "tags_all": {
              "blx:created-by": "terraform",
              "blx:environment": "shared-services",
              "blx:owner": "all",
              "blx:repository-name": "tf-spacelift-prerequisites",
              "blx:skeleton-name": "platform-secrets",
              "blx:tag-version": "1"
            }
          },
          "sensitive_attributes": [],
          "private": "bnVsbA==",
          "dependencies": [
            "module.shared_services_secret_prerequisites.module.kms_platform_secrets.data.aws_caller_identity.current",
            "module.shared_services_secret_prerequisites.module.kms_platform_secrets.data.aws_iam_policy_document.combined_with_serviceprincipals_and_conditions",
            "module.shared_services_secret_prerequisites.module.kms_platform_secrets.data.aws_iam_policy_document.combined_with_viaservice_condition",
            "module.shared_services_secret_prerequisites.module.kms_platform_secrets.data.aws_iam_policy_document.general_policy"
          ]
        }
      ]
    }
  ],
  "check_results": null
}
